{
  "version": 4,
  "terraform_version": "1.3.7",
  "serial": 72,
  "lineage": "6168f281-b116-b1fe-4d4a-d46a4fdee206",
  "outputs": {},
  "resources": [
    {
      "mode": "managed",
      "type": "aws_cloudfront_origin_access_identity",
      "name": "oai",
      "provider": "provider[\"registry.terraform.io/hashicorp/aws\"]",
      "instances": [
        {
          "schema_version": 0,
          "attributes": {
            "caller_reference": "terraform-20230608001135066300000001",
            "cloudfront_access_identity_path": "origin-access-identity/cloudfront/E11EO9NEFP0QM9",
            "comment": "OAI for redes.aleph51.com.ar",
            "etag": "E1QG6SBTNWVBFV",
            "iam_arn": "arn:aws:iam::cloudfront:user/CloudFront Origin Access Identity E11EO9NEFP0QM9",
            "id": "E11EO9NEFP0QM9",
            "s3_canonical_user_id": "37d0cb6c62a4a6b415967d669b9ab20fee92a79858c414c8f88c402aebec7e4567a6981dc80d60f118b06d2eb1882e99"
          },
          "sensitive_attributes": [],
          "private": "bnVsbA=="
        }
      ]
    },
    {
      "module": "module.active-network",
      "mode": "data",
      "type": "aws_availability_zones",
      "name": "available",
      "provider": "module.active-network.provider[\"registry.terraform.io/hashicorp/aws\"]",
      "instances": [
        {
          "schema_version": 0,
          "attributes": {
            "all_availability_zones": null,
            "exclude_names": null,
            "exclude_zone_ids": null,
            "filter": null,
            "group_names": [
              "us-east-1"
            ],
            "id": "us-east-1",
            "names": [
              "us-east-1a",
              "us-east-1b",
              "us-east-1c",
              "us-east-1d",
              "us-east-1e",
              "us-east-1f"
            ],
            "state": "available",
            "timeouts": null,
            "zone_ids": [
              "use1-az6",
              "use1-az1",
              "use1-az2",
              "use1-az4",
              "use1-az3",
              "use1-az5"
            ]
          },
          "sensitive_attributes": []
        }
      ]
    },
    {
      "module": "module.active-network",
      "mode": "managed",
      "type": "aws_security_group",
      "name": "alb",
      "provider": "module.active-network.provider[\"registry.terraform.io/hashicorp/aws\"]",
      "instances": [
        {
          "schema_version": 1,
          "attributes": {
            "arn": "arn:aws:ec2:us-east-1:501268445310:security-group/sg-03571c1ced6474f06",
            "description": "Allow inbound traffic",
            "egress": [
              {
                "cidr_blocks": [
                  "0.0.0.0/0"
                ],
                "description": "",
                "from_port": 0,
                "ipv6_cidr_blocks": [],
                "prefix_list_ids": [],
                "protocol": "-1",
                "security_groups": [],
                "self": false,
                "to_port": 0
              }
            ],
            "id": "sg-03571c1ced6474f06",
            "ingress": [
              {
                "cidr_blocks": [
                  "0.0.0.0/0"
                ],
                "description": "",
                "from_port": 443,
                "ipv6_cidr_blocks": [],
                "prefix_list_ids": [],
                "protocol": "tcp",
                "security_groups": [],
                "self": false,
                "to_port": 443
              },
              {
                "cidr_blocks": [
                  "0.0.0.0/0"
                ],
                "description": "",
                "from_port": 80,
                "ipv6_cidr_blocks": [],
                "prefix_list_ids": [],
                "protocol": "tcp",
                "security_groups": [],
                "self": false,
                "to_port": 80
              }
            ],
            "name": "alb",
            "name_prefix": "",
            "owner_id": "501268445310",
            "revoke_rules_on_delete": false,
            "tags": {
              "Name": "alb-sg"
            },
            "tags_all": {
              "Name": "alb-sg"
            },
            "timeouts": null,
            "vpc_id": "vpc-0a73be88dd7ce7526"
          },
          "sensitive_attributes": [],
          "private": "eyJlMmJmYjczMC1lY2FhLTExZTYtOGY4OC0zNDM2M2JjN2M0YzAiOnsiY3JlYXRlIjo2MDAwMDAwMDAwMDAsImRlbGV0ZSI6OTAwMDAwMDAwMDAwfSwic2NoZW1hX3ZlcnNpb24iOiIxIn0=",
          "dependencies": [
            "module.active-network.module.vpc.aws_vpc.this"
          ]
        }
      ]
    },
    {
      "module": "module.active-network",
      "mode": "managed",
      "type": "aws_security_group",
      "name": "ec2",
      "provider": "module.active-network.provider[\"registry.terraform.io/hashicorp/aws\"]",
      "instances": [
        {
          "schema_version": 1,
          "attributes": {
            "arn": "arn:aws:ec2:us-east-1:501268445310:security-group/sg-06f7e0d5ee7552c01",
            "description": "Allow inbound traffic",
            "egress": [
              {
                "cidr_blocks": [
                  "0.0.0.0/0"
                ],
                "description": "",
                "from_port": 0,
                "ipv6_cidr_blocks": [],
                "prefix_list_ids": [],
                "protocol": "-1",
                "security_groups": [],
                "self": false,
                "to_port": 0
              }
            ],
            "id": "sg-06f7e0d5ee7552c01",
            "ingress": [
              {
                "cidr_blocks": [
                  "0.0.0.0/0"
                ],
                "description": "",
                "from_port": 22,
                "ipv6_cidr_blocks": [],
                "prefix_list_ids": [],
                "protocol": "tcp",
                "security_groups": [],
                "self": false,
                "to_port": 22
              },
              {
                "cidr_blocks": [
                  "0.0.0.0/0"
                ],
                "description": "",
                "from_port": 443,
                "ipv6_cidr_blocks": [],
                "prefix_list_ids": [],
                "protocol": "tcp",
                "security_groups": [],
                "self": false,
                "to_port": 443
              },
              {
                "cidr_blocks": [
                  "0.0.0.0/0"
                ],
                "description": "",
                "from_port": 5000,
                "ipv6_cidr_blocks": [],
                "prefix_list_ids": [],
                "protocol": "tcp",
                "security_groups": [],
                "self": false,
                "to_port": 5000
              },
              {
                "cidr_blocks": [
                  "0.0.0.0/0"
                ],
                "description": "",
                "from_port": 80,
                "ipv6_cidr_blocks": [],
                "prefix_list_ids": [],
                "protocol": "tcp",
                "security_groups": [],
                "self": false,
                "to_port": 80
              }
            ],
            "name": "ec2",
            "name_prefix": "",
            "owner_id": "501268445310",
            "revoke_rules_on_delete": false,
            "tags": {
              "Name": "ec2"
            },
            "tags_all": {
              "Name": "ec2"
            },
            "timeouts": null,
            "vpc_id": "vpc-0a73be88dd7ce7526"
          },
          "sensitive_attributes": [],
          "private": "eyJlMmJmYjczMC1lY2FhLTExZTYtOGY4OC0zNDM2M2JjN2M0YzAiOnsiY3JlYXRlIjo2MDAwMDAwMDAwMDAsImRlbGV0ZSI6OTAwMDAwMDAwMDAwfSwic2NoZW1hX3ZlcnNpb24iOiIxIn0=",
          "dependencies": [
            "module.active-network.module.vpc.aws_vpc.this"
          ],
          "create_before_destroy": true
        }
      ]
    },
    {
      "module": "module.active-network.module.alb",
      "mode": "managed",
      "type": "aws_lb",
      "name": "this",
      "provider": "module.active-network.provider[\"registry.terraform.io/hashicorp/aws\"]",
      "instances": [
        {
          "index_key": 0,
          "schema_version": 0,
          "attributes": {
            "access_logs": [
              {
                "bucket": "",
                "enabled": false,
                "prefix": ""
              }
            ],
            "arn": "arn:aws:elasticloadbalancing:us-east-1:501268445310:loadbalancer/app/redes-alb/67cfb655767b6aef",
            "arn_suffix": "app/redes-alb/67cfb655767b6aef",
            "customer_owned_ipv4_pool": "",
            "desync_mitigation_mode": "defensive",
            "dns_name": "redes-alb-23436598.us-east-1.elb.amazonaws.com",
            "drop_invalid_header_fields": false,
            "enable_cross_zone_load_balancing": true,
            "enable_deletion_protection": false,
            "enable_http2": true,
            "enable_tls_version_and_cipher_suite_headers": false,
            "enable_waf_fail_open": false,
            "enable_xff_client_port": true,
            "id": "arn:aws:elasticloadbalancing:us-east-1:501268445310:loadbalancer/app/redes-alb/67cfb655767b6aef",
            "idle_timeout": 60,
            "internal": false,
            "ip_address_type": "ipv4",
            "load_balancer_type": "application",
            "name": "redes-alb",
            "name_prefix": null,
            "preserve_host_header": false,
            "security_groups": [
              "sg-03571c1ced6474f06",
              "sg-0c8e5c7b1b14dc37a"
            ],
            "subnet_mapping": [
              {
                "allocation_id": "",
                "ipv6_address": "",
                "outpost_id": "",
                "private_ipv4_address": "",
                "subnet_id": "subnet-0cd183e85bb376bd2"
              },
              {
                "allocation_id": "",
                "ipv6_address": "",
                "outpost_id": "",
                "private_ipv4_address": "",
                "subnet_id": "subnet-0df1bafb42136a890"
              }
            ],
            "subnets": [
              "subnet-0cd183e85bb376bd2",
              "subnet-0df1bafb42136a890"
            ],
            "tags": {
              "Name": "redes-alb"
            },
            "tags_all": {
              "Name": "redes-alb"
            },
            "timeouts": {
              "create": "10m",
              "delete": "10m",
              "update": "10m"
            },
            "vpc_id": "vpc-0a73be88dd7ce7526",
            "xff_header_processing_mode": "append",
            "zone_id": "Z35SXDOTRQ7X7K"
          },
          "sensitive_attributes": [],
          "private": "eyJlMmJmYjczMC1lY2FhLTExZTYtOGY4OC0zNDM2M2JjN2M0YzAiOnsiY3JlYXRlIjo2MDAwMDAwMDAwMDAsImRlbGV0ZSI6NjAwMDAwMDAwMDAwLCJ1cGRhdGUiOjYwMDAwMDAwMDAwMH19",
          "dependencies": [
            "module.active-network.aws_security_group.alb",
            "module.active-network.data.aws_availability_zones.available",
            "module.active-network.module.alb.aws_security_group.this",
            "module.active-network.module.ig.aws_internet_gateway.this",
            "module.active-network.module.public-subnets.aws_route.default",
            "module.active-network.module.public-subnets.aws_route_table.this",
            "module.active-network.module.public-subnets.aws_route_table_association.this",
            "module.active-network.module.public-subnets.aws_subnet.this",
            "module.active-network.module.vpc.aws_vpc.this"
          ]
        }
      ]
    },
    {
      "module": "module.active-network.module.alb",
      "mode": "managed",
      "type": "aws_lb_listener",
      "name": "frontend_http_tcp",
      "provider": "module.active-network.provider[\"registry.terraform.io/hashicorp/aws\"]",
      "instances": [
        {
          "index_key": 0,
          "schema_version": 0,
          "attributes": {
            "alpn_policy": null,
            "arn": "arn:aws:elasticloadbalancing:us-east-1:501268445310:listener/app/redes-alb/67cfb655767b6aef/b6cf3c6c6b7c3140",
            "certificate_arn": null,
            "default_action": [
              {
                "authenticate_cognito": [],
                "authenticate_oidc": [],
                "fixed_response": [],
                "forward": [],
                "order": 1,
                "redirect": [],
                "target_group_arn": "arn:aws:elasticloadbalancing:us-east-1:501268445310:targetgroup/api-20230607235909617700000006/ebb79ae85a572347",
                "type": "forward"
              }
            ],
            "id": "arn:aws:elasticloadbalancing:us-east-1:501268445310:listener/app/redes-alb/67cfb655767b6aef/b6cf3c6c6b7c3140",
            "load_balancer_arn": "arn:aws:elasticloadbalancing:us-east-1:501268445310:loadbalancer/app/redes-alb/67cfb655767b6aef",
            "port": 80,
            "protocol": "HTTP",
            "ssl_policy": "",
            "tags": {
              "Name": "redes-alb"
            },
            "tags_all": {
              "Name": "redes-alb"
            },
            "timeouts": null
          },
          "sensitive_attributes": [],
          "private": "eyJlMmJmYjczMC1lY2FhLTExZTYtOGY4OC0zNDM2M2JjN2M0YzAiOnsicmVhZCI6NjAwMDAwMDAwMDAwfX0=",
          "dependencies": [
            "module.active-network.aws_security_group.alb",
            "module.active-network.aws_security_group.ec2",
            "module.active-network.data.aws_availability_zones.available",
            "module.active-network.module.alb.aws_lb.this",
            "module.active-network.module.alb.aws_lb_target_group.main",
            "module.active-network.module.alb.aws_security_group.this",
            "module.active-network.module.ec2-api.aws_instance.this",
            "module.active-network.module.ec2-api.aws_key_pair.key_pair",
            "module.active-network.module.ec2-api.data.aws_ami.amazon-linux-2",
            "module.active-network.module.ec2-api.local_file.ssh_key",
            "module.active-network.module.ec2-api.tls_private_key.key_pair",
            "module.active-network.module.ig.aws_internet_gateway.this",
            "module.active-network.module.nat_gw.aws_eip.nat",
            "module.active-network.module.nat_gw.aws_nat_gateway.this",
            "module.active-network.module.private-subnets.aws_route.default",
            "module.active-network.module.private-subnets.aws_route_table.this",
            "module.active-network.module.private-subnets.aws_route_table_association.this",
            "module.active-network.module.private-subnets.aws_subnet.this",
            "module.active-network.module.public-subnets.aws_route.default",
            "module.active-network.module.public-subnets.aws_route_table.this",
            "module.active-network.module.public-subnets.aws_route_table_association.this",
            "module.active-network.module.public-subnets.aws_subnet.this",
            "module.active-network.module.vpc.aws_vpc.this"
          ]
        }
      ]
    },
    {
      "module": "module.active-network.module.alb",
      "mode": "managed",
      "type": "aws_lb_target_group",
      "name": "main",
      "provider": "module.active-network.provider[\"registry.terraform.io/hashicorp/aws\"]",
      "instances": [
        {
          "index_key": 0,
          "schema_version": 0,
          "attributes": {
            "arn": "arn:aws:elasticloadbalancing:us-east-1:501268445310:targetgroup/api-20230607235909617700000006/ebb79ae85a572347",
            "arn_suffix": "targetgroup/api-20230607235909617700000006/ebb79ae85a572347",
            "connection_termination": false,
            "deregistration_delay": "300",
            "health_check": [
              {
                "enabled": true,
                "healthy_threshold": 5,
                "interval": 30,
                "matcher": "200",
                "path": "/",
                "port": "traffic-port",
                "protocol": "HTTP",
                "timeout": 5,
                "unhealthy_threshold": 2
              }
            ],
            "id": "arn:aws:elasticloadbalancing:us-east-1:501268445310:targetgroup/api-20230607235909617700000006/ebb79ae85a572347",
            "ip_address_type": "ipv4",
            "lambda_multi_value_headers_enabled": false,
            "load_balancing_algorithm_type": "round_robin",
            "load_balancing_cross_zone_enabled": "use_load_balancer_configuration",
            "name": "api-20230607235909617700000006",
            "name_prefix": "api-",
            "port": 80,
            "preserve_client_ip": null,
            "protocol": "HTTP",
            "protocol_version": "HTTP1",
            "proxy_protocol_v2": false,
            "slow_start": 0,
            "stickiness": [
              {
                "cookie_duration": 86400,
                "cookie_name": "",
                "enabled": false,
                "type": "lb_cookie"
              }
            ],
            "tags": {
              "Name": "api-"
            },
            "tags_all": {
              "Name": "api-"
            },
            "target_failover": [
              {
                "on_deregistration": null,
                "on_unhealthy": null
              }
            ],
            "target_type": "instance",
            "vpc_id": "vpc-0a73be88dd7ce7526"
          },
          "sensitive_attributes": [],
          "private": "bnVsbA==",
          "dependencies": [
            "module.active-network.aws_security_group.ec2",
            "module.active-network.data.aws_availability_zones.available",
            "module.active-network.module.ec2-api.aws_instance.this",
            "module.active-network.module.ec2-api.aws_key_pair.key_pair",
            "module.active-network.module.ec2-api.data.aws_ami.amazon-linux-2",
            "module.active-network.module.ec2-api.local_file.ssh_key",
            "module.active-network.module.ec2-api.tls_private_key.key_pair",
            "module.active-network.module.ig.aws_internet_gateway.this",
            "module.active-network.module.nat_gw.aws_eip.nat",
            "module.active-network.module.nat_gw.aws_nat_gateway.this",
            "module.active-network.module.private-subnets.aws_route.default",
            "module.active-network.module.private-subnets.aws_route_table.this",
            "module.active-network.module.private-subnets.aws_route_table_association.this",
            "module.active-network.module.private-subnets.aws_subnet.this",
            "module.active-network.module.public-subnets.aws_route.default",
            "module.active-network.module.public-subnets.aws_route_table.this",
            "module.active-network.module.public-subnets.aws_route_table_association.this",
            "module.active-network.module.public-subnets.aws_subnet.this",
            "module.active-network.module.vpc.aws_vpc.this"
          ],
          "create_before_destroy": true
        }
      ]
    },
    {
      "module": "module.active-network.module.alb",
      "mode": "managed",
      "type": "aws_lb_target_group_attachment",
      "name": "this",
      "provider": "module.active-network.provider[\"registry.terraform.io/hashicorp/aws\"]",
      "instances": [
        {
          "index_key": "0.instance_1",
          "schema_version": 0,
          "attributes": {
            "availability_zone": null,
            "id": "arn:aws:elasticloadbalancing:us-east-1:501268445310:targetgroup/api-20230607235909617700000006/ebb79ae85a572347-20230607235913337000000007",
            "port": 5000,
            "target_group_arn": "arn:aws:elasticloadbalancing:us-east-1:501268445310:targetgroup/api-20230607235909617700000006/ebb79ae85a572347",
            "target_id": "i-04efd8dfd06978df6"
          },
          "sensitive_attributes": [],
          "private": "bnVsbA==",
          "dependencies": [
            "module.active-network.aws_security_group.ec2",
            "module.active-network.data.aws_availability_zones.available",
            "module.active-network.module.alb.aws_lambda_permission.lb",
            "module.active-network.module.alb.aws_lb_target_group.main",
            "module.active-network.module.ec2-api.aws_instance.this",
            "module.active-network.module.ec2-api.aws_key_pair.key_pair",
            "module.active-network.module.ec2-api.data.aws_ami.amazon-linux-2",
            "module.active-network.module.ec2-api.local_file.ssh_key",
            "module.active-network.module.ec2-api.tls_private_key.key_pair",
            "module.active-network.module.ig.aws_internet_gateway.this",
            "module.active-network.module.nat_gw.aws_eip.nat",
            "module.active-network.module.nat_gw.aws_nat_gateway.this",
            "module.active-network.module.private-subnets.aws_route.default",
            "module.active-network.module.private-subnets.aws_route_table.this",
            "module.active-network.module.private-subnets.aws_route_table_association.this",
            "module.active-network.module.private-subnets.aws_subnet.this",
            "module.active-network.module.public-subnets.aws_route.default",
            "module.active-network.module.public-subnets.aws_route_table.this",
            "module.active-network.module.public-subnets.aws_route_table_association.this",
            "module.active-network.module.public-subnets.aws_subnet.this",
            "module.active-network.module.vpc.aws_vpc.this"
          ]
        },
        {
          "index_key": "0.instance_2",
          "schema_version": 0,
          "attributes": {
            "availability_zone": null,
            "id": "arn:aws:elasticloadbalancing:us-east-1:501268445310:targetgroup/api-20230607235909617700000006/ebb79ae85a572347-20230607235913733300000008",
            "port": 5000,
            "target_group_arn": "arn:aws:elasticloadbalancing:us-east-1:501268445310:targetgroup/api-20230607235909617700000006/ebb79ae85a572347",
            "target_id": "i-025c553704210662e"
          },
          "sensitive_attributes": [],
          "private": "bnVsbA==",
          "dependencies": [
            "module.active-network.aws_security_group.ec2",
            "module.active-network.data.aws_availability_zones.available",
            "module.active-network.module.alb.aws_lambda_permission.lb",
            "module.active-network.module.alb.aws_lb_target_group.main",
            "module.active-network.module.ec2-api.aws_instance.this",
            "module.active-network.module.ec2-api.aws_key_pair.key_pair",
            "module.active-network.module.ec2-api.data.aws_ami.amazon-linux-2",
            "module.active-network.module.ec2-api.local_file.ssh_key",
            "module.active-network.module.ec2-api.tls_private_key.key_pair",
            "module.active-network.module.ig.aws_internet_gateway.this",
            "module.active-network.module.nat_gw.aws_eip.nat",
            "module.active-network.module.nat_gw.aws_nat_gateway.this",
            "module.active-network.module.private-subnets.aws_route.default",
            "module.active-network.module.private-subnets.aws_route_table.this",
            "module.active-network.module.private-subnets.aws_route_table_association.this",
            "module.active-network.module.private-subnets.aws_subnet.this",
            "module.active-network.module.public-subnets.aws_route.default",
            "module.active-network.module.public-subnets.aws_route_table.this",
            "module.active-network.module.public-subnets.aws_route_table_association.this",
            "module.active-network.module.public-subnets.aws_subnet.this",
            "module.active-network.module.vpc.aws_vpc.this"
          ]
        }
      ]
    },
    {
      "module": "module.active-network.module.alb",
      "mode": "managed",
      "type": "aws_security_group",
      "name": "this",
      "provider": "module.active-network.provider[\"registry.terraform.io/hashicorp/aws\"]",
      "instances": [
        {
          "index_key": 0,
          "schema_version": 1,
          "attributes": {
            "arn": "arn:aws:ec2:us-east-1:501268445310:security-group/sg-0c8e5c7b1b14dc37a",
            "description": "Managed by Terraform",
            "egress": [],
            "id": "sg-0c8e5c7b1b14dc37a",
            "ingress": [],
            "name": "redes-alb-20230607235600049700000001",
            "name_prefix": "redes-alb-",
            "owner_id": "501268445310",
            "revoke_rules_on_delete": false,
            "tags": {
              "Name": "redes-alb"
            },
            "tags_all": {
              "Name": "redes-alb"
            },
            "timeouts": null,
            "vpc_id": "vpc-0a73be88dd7ce7526"
          },
          "sensitive_attributes": [],
          "private": "eyJlMmJmYjczMC1lY2FhLTExZTYtOGY4OC0zNDM2M2JjN2M0YzAiOnsiY3JlYXRlIjo2MDAwMDAwMDAwMDAsImRlbGV0ZSI6OTAwMDAwMDAwMDAwfSwic2NoZW1hX3ZlcnNpb24iOiIxIn0=",
          "dependencies": [
            "module.active-network.module.vpc.aws_vpc.this"
          ],
          "create_before_destroy": true
        }
      ]
    },
    {
      "module": "module.active-network.module.ec2-api[0]",
      "mode": "data",
      "type": "aws_ami",
      "name": "amazon-linux-2",
      "provider": "module.active-network.provider[\"registry.terraform.io/hashicorp/aws\"]",
      "instances": [
        {
          "schema_version": 0,
          "attributes": {
            "architecture": "x86_64",
            "arn": "arn:aws:ec2:us-east-1::image/ami-0c503d55a14d7a5f0",
            "block_device_mappings": [
              {
                "device_name": "/dev/xvda",
                "ebs": {
                  "delete_on_termination": "true",
                  "encrypted": "false",
                  "iops": "0",
                  "snapshot_id": "snap-0fc021f5e7363fdfc",
                  "throughput": "0",
                  "volume_size": "8",
                  "volume_type": "gp2"
                },
                "no_device": "",
                "virtual_name": ""
              }
            ],
            "boot_mode": "",
            "creation_date": "2023-06-02T19:40:41.000Z",
            "deprecation_time": "2025-06-02T19:40:41.000Z",
            "description": "Amazon Linux 2 AMI 2.0.20230530.0 x86_64 HVM gp2",
            "ena_support": true,
            "executable_users": null,
            "filter": [
              {
                "name": "name",
                "values": [
                  "amzn2-ami-hvm*"
                ]
              }
            ],
            "hypervisor": "xen",
            "id": "ami-0c503d55a14d7a5f0",
            "image_id": "ami-0c503d55a14d7a5f0",
            "image_location": "amazon/amzn2-ami-hvm-2.0.20230530.0-x86_64-gp2",
            "image_owner_alias": "amazon",
            "image_type": "machine",
            "imds_support": "",
            "include_deprecated": false,
            "kernel_id": "",
            "most_recent": true,
            "name": "amzn2-ami-hvm-2.0.20230530.0-x86_64-gp2",
            "name_regex": null,
            "owner_id": "137112412989",
            "owners": [
              "amazon"
            ],
            "platform": "",
            "platform_details": "Linux/UNIX",
            "product_codes": [],
            "public": true,
            "ramdisk_id": "",
            "root_device_name": "/dev/xvda",
            "root_device_type": "ebs",
            "root_snapshot_id": "snap-0fc021f5e7363fdfc",
            "sriov_net_support": "simple",
            "state": "available",
            "state_reason": {
              "code": "UNSET",
              "message": "UNSET"
            },
            "tags": {},
            "timeouts": null,
            "tpm_support": "",
            "usage_operation": "RunInstances",
            "virtualization_type": "hvm"
          },
          "sensitive_attributes": []
        }
      ]
    },
    {
      "module": "module.active-network.module.ec2-api[0]",
      "mode": "managed",
      "type": "aws_instance",
      "name": "this",
      "provider": "module.active-network.provider[\"registry.terraform.io/hashicorp/aws\"]",
      "instances": [
        {
          "schema_version": 1,
          "attributes": {
            "ami": "ami-0c503d55a14d7a5f0",
            "arn": "arn:aws:ec2:us-east-1:501268445310:instance/i-04efd8dfd06978df6",
            "associate_public_ip_address": true,
            "availability_zone": "us-east-1a",
            "capacity_reservation_specification": [
              {
                "capacity_reservation_preference": "open",
                "capacity_reservation_target": []
              }
            ],
            "cpu_core_count": 1,
            "cpu_options": [
              {
                "amd_sev_snp": "",
                "core_count": 1,
                "threads_per_core": 1
              }
            ],
            "cpu_threads_per_core": 1,
            "credit_specification": [
              {
                "cpu_credits": "standard"
              }
            ],
            "disable_api_stop": false,
            "disable_api_termination": false,
            "ebs_block_device": [],
            "ebs_optimized": false,
            "enclave_options": [
              {
                "enabled": false
              }
            ],
            "ephemeral_block_device": [],
            "get_password_data": false,
            "hibernation": false,
            "host_id": "",
            "host_resource_group_arn": null,
            "iam_instance_profile": "",
            "id": "i-04efd8dfd06978df6",
            "instance_initiated_shutdown_behavior": "stop",
            "instance_state": "running",
            "instance_type": "t2.micro",
            "ipv6_address_count": 0,
            "ipv6_addresses": [],
            "key_name": "express-api-0_key_pair",
            "launch_template": [],
            "maintenance_options": [
              {
                "auto_recovery": "default"
              }
            ],
            "metadata_options": [
              {
                "http_endpoint": "enabled",
                "http_put_response_hop_limit": 1,
                "http_tokens": "optional",
                "instance_metadata_tags": "disabled"
              }
            ],
            "monitoring": false,
            "network_interface": [],
            "outpost_arn": "",
            "password_data": "",
            "placement_group": "",
            "placement_partition_number": 0,
            "primary_network_interface_id": "eni-0d8fd0b7460601c6a",
            "private_dns": "ip-10-0-0-164.ec2.internal",
            "private_dns_name_options": [
              {
                "enable_resource_name_dns_a_record": false,
                "enable_resource_name_dns_aaaa_record": false,
                "hostname_type": "ip-name"
              }
            ],
            "private_ip": "10.0.0.164",
            "public_dns": "",
            "public_ip": "54.91.16.212",
            "root_block_device": [
              {
                "delete_on_termination": true,
                "device_name": "/dev/xvda",
                "encrypted": true,
                "iops": 100,
                "kms_key_id": "arn:aws:kms:us-east-1:501268445310:key/46edbfa5-2d75-427a-bd61-ed6342567ad5",
                "tags": {},
                "throughput": 0,
                "volume_id": "vol-0d82a41d8ffba1de0",
                "volume_size": 30,
                "volume_type": "gp2"
              }
            ],
            "secondary_private_ips": [],
            "security_groups": [],
            "source_dest_check": false,
            "subnet_id": "subnet-0f88152df1f116a59",
            "tags": {
              "CreatedBy": "terraform",
              "Name": "express-api-0"
            },
            "tags_all": {
              "CreatedBy": "terraform",
              "Name": "express-api-0"
            },
            "tenancy": "default",
            "timeouts": null,
            "user_data": "8c17ad24e77273d71365fbd8b8d124d2188bee42",
            "user_data_base64": null,
            "user_data_replace_on_change": false,
            "volume_tags": null,
            "vpc_security_group_ids": [
              "sg-06f7e0d5ee7552c01"
            ]
          },
          "sensitive_attributes": [],
          "private": "eyJlMmJmYjczMC1lY2FhLTExZTYtOGY4OC0zNDM2M2JjN2M0YzAiOnsiY3JlYXRlIjo2MDAwMDAwMDAwMDAsImRlbGV0ZSI6MTIwMDAwMDAwMDAwMCwidXBkYXRlIjo2MDAwMDAwMDAwMDB9LCJzY2hlbWFfdmVyc2lvbiI6IjEifQ==",
          "dependencies": [
            "module.active-network.aws_security_group.ec2",
            "module.active-network.data.aws_availability_zones.available",
            "module.active-network.module.ec2-api.aws_key_pair.key_pair",
            "module.active-network.module.ec2-api.data.aws_ami.amazon-linux-2",
            "module.active-network.module.ec2-api.tls_private_key.key_pair",
            "module.active-network.module.ig.aws_internet_gateway.this",
            "module.active-network.module.nat_gw.aws_eip.nat",
            "module.active-network.module.nat_gw.aws_nat_gateway.this",
            "module.active-network.module.private-subnets.aws_route.default",
            "module.active-network.module.private-subnets.aws_route_table.this",
            "module.active-network.module.private-subnets.aws_route_table_association.this",
            "module.active-network.module.private-subnets.aws_subnet.this",
            "module.active-network.module.public-subnets.aws_route.default",
            "module.active-network.module.public-subnets.aws_route_table.this",
            "module.active-network.module.public-subnets.aws_route_table_association.this",
            "module.active-network.module.public-subnets.aws_subnet.this",
            "module.active-network.module.vpc.aws_vpc.this"
          ],
          "create_before_destroy": true
        }
      ]
    },
    {
      "module": "module.active-network.module.ec2-api[0]",
      "mode": "managed",
      "type": "aws_key_pair",
      "name": "key_pair",
      "provider": "module.active-network.provider[\"registry.terraform.io/hashicorp/aws\"]",
      "instances": [
        {
          "schema_version": 1,
          "attributes": {
            "arn": "arn:aws:ec2:us-east-1:501268445310:key-pair/express-api-0_key_pair",
            "fingerprint": "40:3d:7c:69:8b:52:02:ee:f1:6d:e9:37:48:79:7b:77",
            "id": "express-api-0_key_pair",
            "key_name": "express-api-0_key_pair",
            "key_name_prefix": "",
            "key_pair_id": "key-06cc74d11aa38011a",
            "key_type": "rsa",
            "public_key": "ssh-rsa AAAAB3NzaC1yc2EAAAADAQABAAACAQC6iquayN4vU4daDpN9CjDgOKsxy+duP+KV55uISEGIfnNvrVQnjy4oBOo9Ryrdvr0TjLJDG0pOGQow3O0vVQ8bvsppRstQmsjwNYDy5Z+Ve/OQ+q4/ziI8p+aIqq9iIco50E6QLOGfYn4Db38peddXaPs+d1/ncTdprSdSOquTLbhBvRkNcA94DsQlC1ID5gaJNJBLXfBAnmGCRPWkvgnEqlPYhIN2MMQWInbEWWfOf3HgV8DAz+xsrRPn4X6wrbB4G63HJmI8rsJ7rivcNIVpAMtdxVNYKK6MqyALx4jFzTzTtcif5iKUUKNf5hUnW/jGNv7iK6BtgoN1E7cD7B+TDYf60UmrTkAA1G/XLctC1KusQHD0S5rtaOUsG7k8Ug/0/66OhQonQM10i98BDoeWJ1yZPbORcFYA7E82wGxg3CaavDeUFtuSs7VFuWuj1fozCAz5hCaTuenhV8XA7+LDyRwmcQRqOFOKpQx1kdxRLzNAlg6hmAWp5zQoLY2asyuJfYFfm9jy+GxUpAAam5Cbf1ZKbwhWi+rGpHyQ9GJNONI6o9/hkKDtzhLziPXUB820/9vV3OxxBp33JE3bh6uUMBX9XA4V2ZAaBBJTja+xV5PdpsosNXBKCpZQL/pVCmdDB5/+l0ph2FyfCHdLMDCrlrAfvQ4EJPKDMfjYBzYp1Q==",
            "tags": {},
            "tags_all": {}
          },
          "sensitive_attributes": [],
          "private": "eyJzY2hlbWFfdmVyc2lvbiI6IjEifQ==",
          "dependencies": [
            "module.active-network.data.aws_availability_zones.available",
            "module.active-network.module.ec2-api.tls_private_key.key_pair"
          ],
          "create_before_destroy": true
        }
      ]
    },
    {
      "module": "module.active-network.module.ec2-api[0]",
      "mode": "managed",
      "type": "local_file",
      "name": "ssh_key",
      "provider": "provider[\"registry.terraform.io/hashicorp/local\"]",
      "instances": [
        {
          "schema_version": 0,
          "attributes": {
            "content": "-----BEGIN RSA PRIVATE KEY-----\nMIIJJwIBAAKCAgEAuoqrmsjeL1OHWg6TfQow4DirMcvnbj/ileebiEhBiH5zb61U\nJ48uKATqPUcq3b69E4yyQxtKThkKMNztL1UPG77KaUbLUJrI8DWA8uWflXvzkPqu\nP84iPKfmiKqvYiHKOdBOkCzhn2J+A29/KXnXV2j7Pndf53E3aa0nUjqrky24Qb0Z\nDXAPeA7EJQtSA+YGiTSQS13wQJ5hgkT1pL4JxKpT2ISDdjDEFiJ2xFlnzn9x4FfA\nwM/sbK0T5+F+sK2weButxyZiPK7Ce64r3DSFaQDLXcVTWCiujKsgC8eIxc0807XI\nn+YilFCjX+YVJ1v4xjb+4iugbYKDdRO3A+wfkw2H+tFJq05AANRv1y3LQtSrrEBw\n9Eua7WjlLBu5PFIP9P+ujoUKJ0DNdIvfAQ6HlidcmT2zkXBWAOxPNsBsYNwmmrw3\nlBbbkrO1Rblro9X6MwgM+YQmk7np4VfFwO/iw8kcJnEEajhTiqUMdZHcUS8zQJYO\noZgFqec0KC2NmrMriX2BX5vY8vhsVKQAGpuQm39WSm8IVovqxqR8kPRiTTjSOqPf\n4ZCg7c4S84j11AfNtP/b1dzscQad9yRN24erlDAV/VwOFdmQGgQSU42vsVeT3abK\nLDVwSgqWUC/6VQpnQwef/pdKYdhcnwh3SzAwq5awH70OBCTygzH42Ac2KdUCAwEA\nAQKCAgBkirdBXwB6K6ApRu/xlhuPzpte5JLhVmeO+l1XD/LaWaVoTNit1bs/8J47\n1u7gw5xvPAccqknbXB2lBn6EY2kYQDYilfihgjvJVF0jDeZ8kGlP+/0NANJtNOXJ\nRY3v61xu2rptdPNKj7Bxs5erSDNrtnasTXUQbnI6cAxggqTVV/AW5o/pMTv1LqhD\nex2CYmmlbAJVzNTgTz0pFHf9ijwDlvZIHewpONGHSJ4Q6EtN/lznWQTYJ3k7ffHb\nqis5mPQjWG/KhgKuyFakiNS1BE3fsYDrEp8ARjUGNnm4P5yVWDBvv2vZ2xVKMUhN\nONqv8x9b3mp0hqUaQR0PbkfXQl4lXbEYTsXWwpY1mLbGU6Ui1Z+fjF0NPgHurJ2r\nFPPCldvi3BVQvFfpFkz3XYTpfy9us4fUlEOOJNDo7wytsbsq71ooaHFeUAsRjs2u\nevDdSxBuPJUllo9H2gBwsI+GBXPig3pQllgMHUSxwWVcZhArw3xVmWk7p+mmcnxl\nrKEh1j1Wp0p1dI9ntHxc0Fm2M9y8nwqbw6HT3uZ6t6ESlDQBWgTfTe90nTsxasNU\nrB2pr1CIVNnpaQt85lxKZ0PNVk4P2zF1OYdgiNRUeakNx2NYRZ2e6MKTdFFvn7iJ\n6qzVbeusK+gz1GMUS27ho9LoEQ2oN2K3bpABHyHJ2Q8kz0DLRQKCAQEA3SThKNM7\nlGQrmsmd+p0XhBsswskb0VyWvwbcKu+L7vGQSQudY3XiNmNwaj/abODAoXrozFqI\nOf4pRGJYMPDTRzfQvcH9qhWBog1i9PCX00K8p/rYsnP1SSqEXCQZqYJFTtr0+yPJ\ndP7yrWg6YULrkqHU0pqV5Rtk4mrdbFT8Z1SVpS/g+jkmpXH+MXouq8K/3+oGNvW4\nCCTIrRrZudlnyg0Z61bwS98GdGc3mjx8D1O/Hl3El9FoHll15gfAqMIiILWJIChk\nwjJ3M86RA/K1S2rRineVhgXiGO8EWdt4SCDgBkbvekbfAQFxuhZhcJKdWjDLB7QG\nNP4I8A7dTmr1AwKCAQEA1/GXZsVoUsWakpCj78axznaHga5MdQ9zPG/5BnVvHq2W\n8gU7hV8IzlUwhKXvMgNiXK0ffnjMY664BXaK+v+0YW6bIL+XtGd9r8y1MtWYIeWg\nTSjY+k5N/CYxDJa96nzgCD88ZjYSUCJl32XrZm3E0OLnI0tOvH50YwDvuE7qTAxu\nj4oDAUif3LMk72gUfwyq6iCiTZYCzmeVOeDN/3xlzkZRUsTF5SiJZwtLkqLVq3MO\nZzv4IQddoWplX3recsj2Jj10C67i7h8s+IjgDbKyGkAEjIBrbR4BHANthy0pJBtd\nkMVyIzfYzmPNBPGk/iDVQcYjq6MIlwtk3T9kFsYSRwKCAQB7Jl587aTwLhhaSoy/\nU1wVJUz37CahoH4SQy+4eU3j8oH3K5CqIqumvhmMEaMBnuenBVs+8euK4A77Fgkm\nt/XwYxTLl4w7e16FcA77eEAUVcXZhcfHGOwvoo2zAieIThNqpmRmtrcpgBCEoNZh\n83JcZeKupYdz3p1/uSM1gN5ObLwpEVCoB8uNtr1nsDLtU7amaxyq3ottfY6DV8CH\nzpoN2t3kQLXwinJ9wD0mlyg/INP9hRpFsUfaHteZEhgn4nQ+4tlKHzR9ML1RDGeV\nW0O6i/HEunN5/yy51eEGaUHCaQxYcohJ/82QMc2zY2M/3WXjI+jskUQjnpQ7mwuC\n7+0hAoIBACmfT2dntWv+2oRVjMOysKLzBbthNSt7BuMnUgCEsh5fpzCPAaH7Z18d\n3HQ0553kORlT5TYjYoH0M1QaPT+T+dit0QjG5R7Is9kmw+ZAdUpTUEqPDQNyBGYN\nlnaut3xzBVuRlLq+wVjgyHH+2xirH7yDf7m10j9SwGw0yf/kdhSicM0J9PpSXT3U\n6dGbZhf3ARqPn7kEqRXPsVuukQYlnBneQ96IPvyki5do/fANotGhI62SSYlUOh/a\nuh9lN2s4gPlt7ugxlVwAdlKRT15Uiy+0FyxdtFcb6WrU3k+nzL5A6A/3fsB7Czb8\n1Y+WZA73lSNQZZ+3lPhIIfDjPw+ErhECggEAXVTHWdsPlA2SyTO+EnRwRmGfU8oE\n7W9B8p3+ZI4IZCLHvSPpiz+vK8MEe0+TrJ97iAoliGdLB5G0nSXfDY4IjFyFQFaq\neYKI4m5X1yVDkDLXGU7J+hA2TSkIqImEYU1hJzhwdXAreyU1Qdi1Itm38Hs70oif\naKbaThijAixQWv88Ps+5HZATpnlx5uzX8+vG8yRjVkMA2swWiO5xcngBggH5e14N\nkpHdidmetX/ducpWf1Cy7dbT74Ubw3wCxJiDUY3rj2/lMBMwZJlokz1wprsjKwFS\nIrI3EIqi3WimVuiL6K/PTPFGLbb1FSkPcVVIXay/1JmCdtGS55Zv8V1VpQ==\n-----END RSA PRIVATE KEY-----\n",
            "content_base64": null,
            "content_base64sha256": "/Vfktow4/PKrFGfBX28oSTPdDDU4I7QqhCdm6iqRh5s=",
            "content_base64sha512": "X4KokAw3PFThFUUh6R3W9w8+OTLglfU6TU1DLW3eW8hK4K2IutTH9oPn1WGw+HpkqQgitJthQUQliXWuAQx3mg==",
            "content_md5": "be03a4c46a0cf95229bfeb8d9071f0a5",
            "content_sha1": "1284722d795e3ecb4aad693f45a995b5a6647403",
            "content_sha256": "fd57e4b68c38fcf2ab1467c15f6f284933dd0c353823b42a842766ea2a91879b",
            "content_sha512": "5f82a8900c373c54e1154521e91dd6f70f3e3932e095f53a4d4d432d6dde5bc84ae0ad88bad4c7f683e7d561b0f87a64a90822b49b614144258975ae010c779a",
            "directory_permission": "0777",
            "file_permission": "0777",
            "filename": "express-api-0_key_pair.pem",
            "id": "1284722d795e3ecb4aad693f45a995b5a6647403",
            "sensitive_content": null,
            "source": null
          },
          "sensitive_attributes": [
            [
              {
                "type": "get_attr",
                "value": "content"
              }
            ]
          ],
          "dependencies": [
            "module.active-network.data.aws_availability_zones.available",
            "module.active-network.module.ec2-api.aws_key_pair.key_pair",
            "module.active-network.module.ec2-api.tls_private_key.key_pair"
          ],
          "create_before_destroy": true
        }
      ]
    },
    {
      "module": "module.active-network.module.ec2-api[0]",
      "mode": "managed",
      "type": "tls_private_key",
      "name": "key_pair",
      "provider": "provider[\"registry.terraform.io/hashicorp/tls\"]",
      "instances": [
        {
          "schema_version": 1,
          "attributes": {
            "algorithm": "RSA",
            "ecdsa_curve": "P224",
            "id": "a5a3e694d2c200ef9891a768f24d7476e09ebe02",
            "private_key_openssh": "-----BEGIN OPENSSH PRIVATE KEY-----\nb3BlbnNzaC1rZXktdjEAAAAABG5vbmUAAAAEbm9uZQAAAAAAAAABAAACFwAAAAdz\nc2gtcnNhAAAAAwEAAQAAAgEAuoqrmsjeL1OHWg6TfQow4DirMcvnbj/ileebiEhB\niH5zb61UJ48uKATqPUcq3b69E4yyQxtKThkKMNztL1UPG77KaUbLUJrI8DWA8uWf\nlXvzkPquP84iPKfmiKqvYiHKOdBOkCzhn2J+A29/KXnXV2j7Pndf53E3aa0nUjqr\nky24Qb0ZDXAPeA7EJQtSA+YGiTSQS13wQJ5hgkT1pL4JxKpT2ISDdjDEFiJ2xFln\nzn9x4FfAwM/sbK0T5+F+sK2weButxyZiPK7Ce64r3DSFaQDLXcVTWCiujKsgC8eI\nxc0807XIn+YilFCjX+YVJ1v4xjb+4iugbYKDdRO3A+wfkw2H+tFJq05AANRv1y3L\nQtSrrEBw9Eua7WjlLBu5PFIP9P+ujoUKJ0DNdIvfAQ6HlidcmT2zkXBWAOxPNsBs\nYNwmmrw3lBbbkrO1Rblro9X6MwgM+YQmk7np4VfFwO/iw8kcJnEEajhTiqUMdZHc\nUS8zQJYOoZgFqec0KC2NmrMriX2BX5vY8vhsVKQAGpuQm39WSm8IVovqxqR8kPRi\nTTjSOqPf4ZCg7c4S84j11AfNtP/b1dzscQad9yRN24erlDAV/VwOFdmQGgQSU42v\nsVeT3abKLDVwSgqWUC/6VQpnQwef/pdKYdhcnwh3SzAwq5awH70OBCTygzH42Ac2\nKdUAAAc44vq69+L6uvcAAAAHc3NoLXJzYQAAAgEAuoqrmsjeL1OHWg6TfQow4Dir\nMcvnbj/ileebiEhBiH5zb61UJ48uKATqPUcq3b69E4yyQxtKThkKMNztL1UPG77K\naUbLUJrI8DWA8uWflXvzkPquP84iPKfmiKqvYiHKOdBOkCzhn2J+A29/KXnXV2j7\nPndf53E3aa0nUjqrky24Qb0ZDXAPeA7EJQtSA+YGiTSQS13wQJ5hgkT1pL4JxKpT\n2ISDdjDEFiJ2xFlnzn9x4FfAwM/sbK0T5+F+sK2weButxyZiPK7Ce64r3DSFaQDL\nXcVTWCiujKsgC8eIxc0807XIn+YilFCjX+YVJ1v4xjb+4iugbYKDdRO3A+wfkw2H\n+tFJq05AANRv1y3LQtSrrEBw9Eua7WjlLBu5PFIP9P+ujoUKJ0DNdIvfAQ6Hlidc\nmT2zkXBWAOxPNsBsYNwmmrw3lBbbkrO1Rblro9X6MwgM+YQmk7np4VfFwO/iw8kc\nJnEEajhTiqUMdZHcUS8zQJYOoZgFqec0KC2NmrMriX2BX5vY8vhsVKQAGpuQm39W\nSm8IVovqxqR8kPRiTTjSOqPf4ZCg7c4S84j11AfNtP/b1dzscQad9yRN24erlDAV\n/VwOFdmQGgQSU42vsVeT3abKLDVwSgqWUC/6VQpnQwef/pdKYdhcnwh3SzAwq5aw\nH70OBCTygzH42Ac2KdUAAAADAQABAAACAGSKt0FfAHoroClG7/GWG4/Om17kkuFW\nZ476XVcP8tpZpWhM2K3Vuz/wnjvW7uDDnG88BxyqSdtcHaUGfoRjaRhANiKV+KGC\nO8lUXSMN5nyQaU/7/Q0A0m005clFje/rXG7aum1080qPsHGzl6tIM2u2dqxNdRBu\ncjpwDGCCpNVX8Bbmj+kxO/UuqEN7HYJiaaVsAlXM1OBPPSkUd/2KPAOW9kgd7Ck4\n0YdInhDoS03+XOdZBNgneTt98duqKzmY9CNYb8qGAq7IVqSI1LUETd+xgOsSnwBG\nNQY2ebg/nJVYMG+/a9nbFUoxSE042q/zH1veanSGpRpBHQ9uR9dCXiVdsRhOxdbC\nljWYtsZTpSLVn5+MXQ0+Ae6snasU88KV2+LcFVC8V+kWTPddhOl/L26zh9SUQ44k\n0OjvDK2xuyrvWihocV5QCxGOza568N1LEG48lSWWj0faAHCwj4YFc+KDelCWWAwd\nRLHBZVxmECvDfFWZaTun6aZyfGWsoSHWPVanSnV0j2e0fFzQWbYz3LyfCpvDodPe\n5nq3oRKUNAFaBN9N73SdOzFqw1SsHamvUIhU2elpC3zmXEpnQ81WTg/bMXU5h2CI\n1FR5qQ3HY1hFnZ7owpN0UW+fuInqrNVt66wr6DPUYxRLbuGj0ugRDag3YrdukAEf\nIcnZDyTPQMtFAAABAF1Ux1nbD5QNkskzvhJ0cEZhn1PKBO1vQfKd/mSOCGQix70j\n6Ys/ryvDBHtPk6yfe4gKJYhnSweRtJ0l3w2OCIxchUBWqnmCiOJuV9clQ5Ay1xlO\nyfoQNk0pCKiJhGFNYSc4cHVwK3slNUHYtSLZt/B7O9KIn2im2k4YowIsUFr/PD7P\nuR2QE6Z5cebs1/PrxvMkY1ZDANrMFojucXJ4AYIB+XteDZKR3YnZnrV/3bnKVn9Q\nsu3W0++FG8N8AsSYg1GN649v5TATMGSZaJM9cKa7IysBUiKyNxCKot1oplboi+iv\nz0zxRi229RUpD3FVSF2sv9SZgnbRkueWb/FdVaUAAAEBAN0k4SjTO5RkK5rJnfqd\nF4QbLMLJG9Fclr8G3Crvi+7xkEkLnWN14jZjcGo/2mzgwKF66MxaiDn+KURiWDDw\n00c30L3B/aoVgaINYvTwl9NCvKf62LJz9UkqhFwkGamCRU7a9PsjyXT+8q1oOmFC\n65Kh1NKaleUbZOJq3WxU/GdUlaUv4Po5JqVx/jF6LqvCv9/qBjb1uAgkyK0a2bnZ\nZ8oNGetW8EvfBnRnN5o8fA9Tvx5dxJfRaB5ZdeYHwKjCIiC1iSAoZMIydzPOkQPy\ntUtq0Yp3lYYF4hjvBFnbeEgg4AZG73pG3wEBcboWYXCSnVowywe0BjT+CPAO3U5q\n9QMAAAEBANfxl2bFaFLFmpKQo+/Gsc52h4GuTHUPczxv+QZ1bx6tlvIFO4VfCM5V\nMISl7zIDYlytH354zGOuuAV2ivr/tGFumyC/l7Rnfa/MtTLVmCHloE0o2PpOTfwm\nMQyWvep84Ag/PGY2ElAiZd9l62ZtxNDi5yNLTrx+dGMA77hO6kwMbo+KAwFIn9yz\nJO9oFH8Mquogok2WAs5nlTngzf98Zc5GUVLExeUoiWcLS5Ki1atzDmc7+CEHXaFq\nZV963nLI9iY9dAuu4u4fLPiI4A2yshpABIyAa20eARwDbYctKSQbXZDFciM32M5j\nzQTxpP4g1UHGI6ujCJcLZN0/ZBbGEkcAAAAAAQID\n-----END OPENSSH PRIVATE KEY-----\n",
            "private_key_pem": "-----BEGIN RSA PRIVATE KEY-----\nMIIJJwIBAAKCAgEAuoqrmsjeL1OHWg6TfQow4DirMcvnbj/ileebiEhBiH5zb61U\nJ48uKATqPUcq3b69E4yyQxtKThkKMNztL1UPG77KaUbLUJrI8DWA8uWflXvzkPqu\nP84iPKfmiKqvYiHKOdBOkCzhn2J+A29/KXnXV2j7Pndf53E3aa0nUjqrky24Qb0Z\nDXAPeA7EJQtSA+YGiTSQS13wQJ5hgkT1pL4JxKpT2ISDdjDEFiJ2xFlnzn9x4FfA\nwM/sbK0T5+F+sK2weButxyZiPK7Ce64r3DSFaQDLXcVTWCiujKsgC8eIxc0807XI\nn+YilFCjX+YVJ1v4xjb+4iugbYKDdRO3A+wfkw2H+tFJq05AANRv1y3LQtSrrEBw\n9Eua7WjlLBu5PFIP9P+ujoUKJ0DNdIvfAQ6HlidcmT2zkXBWAOxPNsBsYNwmmrw3\nlBbbkrO1Rblro9X6MwgM+YQmk7np4VfFwO/iw8kcJnEEajhTiqUMdZHcUS8zQJYO\noZgFqec0KC2NmrMriX2BX5vY8vhsVKQAGpuQm39WSm8IVovqxqR8kPRiTTjSOqPf\n4ZCg7c4S84j11AfNtP/b1dzscQad9yRN24erlDAV/VwOFdmQGgQSU42vsVeT3abK\nLDVwSgqWUC/6VQpnQwef/pdKYdhcnwh3SzAwq5awH70OBCTygzH42Ac2KdUCAwEA\nAQKCAgBkirdBXwB6K6ApRu/xlhuPzpte5JLhVmeO+l1XD/LaWaVoTNit1bs/8J47\n1u7gw5xvPAccqknbXB2lBn6EY2kYQDYilfihgjvJVF0jDeZ8kGlP+/0NANJtNOXJ\nRY3v61xu2rptdPNKj7Bxs5erSDNrtnasTXUQbnI6cAxggqTVV/AW5o/pMTv1LqhD\nex2CYmmlbAJVzNTgTz0pFHf9ijwDlvZIHewpONGHSJ4Q6EtN/lznWQTYJ3k7ffHb\nqis5mPQjWG/KhgKuyFakiNS1BE3fsYDrEp8ARjUGNnm4P5yVWDBvv2vZ2xVKMUhN\nONqv8x9b3mp0hqUaQR0PbkfXQl4lXbEYTsXWwpY1mLbGU6Ui1Z+fjF0NPgHurJ2r\nFPPCldvi3BVQvFfpFkz3XYTpfy9us4fUlEOOJNDo7wytsbsq71ooaHFeUAsRjs2u\nevDdSxBuPJUllo9H2gBwsI+GBXPig3pQllgMHUSxwWVcZhArw3xVmWk7p+mmcnxl\nrKEh1j1Wp0p1dI9ntHxc0Fm2M9y8nwqbw6HT3uZ6t6ESlDQBWgTfTe90nTsxasNU\nrB2pr1CIVNnpaQt85lxKZ0PNVk4P2zF1OYdgiNRUeakNx2NYRZ2e6MKTdFFvn7iJ\n6qzVbeusK+gz1GMUS27ho9LoEQ2oN2K3bpABHyHJ2Q8kz0DLRQKCAQEA3SThKNM7\nlGQrmsmd+p0XhBsswskb0VyWvwbcKu+L7vGQSQudY3XiNmNwaj/abODAoXrozFqI\nOf4pRGJYMPDTRzfQvcH9qhWBog1i9PCX00K8p/rYsnP1SSqEXCQZqYJFTtr0+yPJ\ndP7yrWg6YULrkqHU0pqV5Rtk4mrdbFT8Z1SVpS/g+jkmpXH+MXouq8K/3+oGNvW4\nCCTIrRrZudlnyg0Z61bwS98GdGc3mjx8D1O/Hl3El9FoHll15gfAqMIiILWJIChk\nwjJ3M86RA/K1S2rRineVhgXiGO8EWdt4SCDgBkbvekbfAQFxuhZhcJKdWjDLB7QG\nNP4I8A7dTmr1AwKCAQEA1/GXZsVoUsWakpCj78axznaHga5MdQ9zPG/5BnVvHq2W\n8gU7hV8IzlUwhKXvMgNiXK0ffnjMY664BXaK+v+0YW6bIL+XtGd9r8y1MtWYIeWg\nTSjY+k5N/CYxDJa96nzgCD88ZjYSUCJl32XrZm3E0OLnI0tOvH50YwDvuE7qTAxu\nj4oDAUif3LMk72gUfwyq6iCiTZYCzmeVOeDN/3xlzkZRUsTF5SiJZwtLkqLVq3MO\nZzv4IQddoWplX3recsj2Jj10C67i7h8s+IjgDbKyGkAEjIBrbR4BHANthy0pJBtd\nkMVyIzfYzmPNBPGk/iDVQcYjq6MIlwtk3T9kFsYSRwKCAQB7Jl587aTwLhhaSoy/\nU1wVJUz37CahoH4SQy+4eU3j8oH3K5CqIqumvhmMEaMBnuenBVs+8euK4A77Fgkm\nt/XwYxTLl4w7e16FcA77eEAUVcXZhcfHGOwvoo2zAieIThNqpmRmtrcpgBCEoNZh\n83JcZeKupYdz3p1/uSM1gN5ObLwpEVCoB8uNtr1nsDLtU7amaxyq3ottfY6DV8CH\nzpoN2t3kQLXwinJ9wD0mlyg/INP9hRpFsUfaHteZEhgn4nQ+4tlKHzR9ML1RDGeV\nW0O6i/HEunN5/yy51eEGaUHCaQxYcohJ/82QMc2zY2M/3WXjI+jskUQjnpQ7mwuC\n7+0hAoIBACmfT2dntWv+2oRVjMOysKLzBbthNSt7BuMnUgCEsh5fpzCPAaH7Z18d\n3HQ0553kORlT5TYjYoH0M1QaPT+T+dit0QjG5R7Is9kmw+ZAdUpTUEqPDQNyBGYN\nlnaut3xzBVuRlLq+wVjgyHH+2xirH7yDf7m10j9SwGw0yf/kdhSicM0J9PpSXT3U\n6dGbZhf3ARqPn7kEqRXPsVuukQYlnBneQ96IPvyki5do/fANotGhI62SSYlUOh/a\nuh9lN2s4gPlt7ugxlVwAdlKRT15Uiy+0FyxdtFcb6WrU3k+nzL5A6A/3fsB7Czb8\n1Y+WZA73lSNQZZ+3lPhIIfDjPw+ErhECggEAXVTHWdsPlA2SyTO+EnRwRmGfU8oE\n7W9B8p3+ZI4IZCLHvSPpiz+vK8MEe0+TrJ97iAoliGdLB5G0nSXfDY4IjFyFQFaq\neYKI4m5X1yVDkDLXGU7J+hA2TSkIqImEYU1hJzhwdXAreyU1Qdi1Itm38Hs70oif\naKbaThijAixQWv88Ps+5HZATpnlx5uzX8+vG8yRjVkMA2swWiO5xcngBggH5e14N\nkpHdidmetX/ducpWf1Cy7dbT74Ubw3wCxJiDUY3rj2/lMBMwZJlokz1wprsjKwFS\nIrI3EIqi3WimVuiL6K/PTPFGLbb1FSkPcVVIXay/1JmCdtGS55Zv8V1VpQ==\n-----END RSA PRIVATE KEY-----\n",
            "private_key_pem_pkcs8": "-----BEGIN PRIVATE KEY-----\nMIIJQQIBADANBgkqhkiG9w0BAQEFAASCCSswggknAgEAAoICAQC6iquayN4vU4da\nDpN9CjDgOKsxy+duP+KV55uISEGIfnNvrVQnjy4oBOo9Ryrdvr0TjLJDG0pOGQow\n3O0vVQ8bvsppRstQmsjwNYDy5Z+Ve/OQ+q4/ziI8p+aIqq9iIco50E6QLOGfYn4D\nb38peddXaPs+d1/ncTdprSdSOquTLbhBvRkNcA94DsQlC1ID5gaJNJBLXfBAnmGC\nRPWkvgnEqlPYhIN2MMQWInbEWWfOf3HgV8DAz+xsrRPn4X6wrbB4G63HJmI8rsJ7\nrivcNIVpAMtdxVNYKK6MqyALx4jFzTzTtcif5iKUUKNf5hUnW/jGNv7iK6BtgoN1\nE7cD7B+TDYf60UmrTkAA1G/XLctC1KusQHD0S5rtaOUsG7k8Ug/0/66OhQonQM10\ni98BDoeWJ1yZPbORcFYA7E82wGxg3CaavDeUFtuSs7VFuWuj1fozCAz5hCaTuenh\nV8XA7+LDyRwmcQRqOFOKpQx1kdxRLzNAlg6hmAWp5zQoLY2asyuJfYFfm9jy+GxU\npAAam5Cbf1ZKbwhWi+rGpHyQ9GJNONI6o9/hkKDtzhLziPXUB820/9vV3OxxBp33\nJE3bh6uUMBX9XA4V2ZAaBBJTja+xV5PdpsosNXBKCpZQL/pVCmdDB5/+l0ph2Fyf\nCHdLMDCrlrAfvQ4EJPKDMfjYBzYp1QIDAQABAoICAGSKt0FfAHoroClG7/GWG4/O\nm17kkuFWZ476XVcP8tpZpWhM2K3Vuz/wnjvW7uDDnG88BxyqSdtcHaUGfoRjaRhA\nNiKV+KGCO8lUXSMN5nyQaU/7/Q0A0m005clFje/rXG7aum1080qPsHGzl6tIM2u2\ndqxNdRBucjpwDGCCpNVX8Bbmj+kxO/UuqEN7HYJiaaVsAlXM1OBPPSkUd/2KPAOW\n9kgd7Ck40YdInhDoS03+XOdZBNgneTt98duqKzmY9CNYb8qGAq7IVqSI1LUETd+x\ngOsSnwBGNQY2ebg/nJVYMG+/a9nbFUoxSE042q/zH1veanSGpRpBHQ9uR9dCXiVd\nsRhOxdbCljWYtsZTpSLVn5+MXQ0+Ae6snasU88KV2+LcFVC8V+kWTPddhOl/L26z\nh9SUQ44k0OjvDK2xuyrvWihocV5QCxGOza568N1LEG48lSWWj0faAHCwj4YFc+KD\nelCWWAwdRLHBZVxmECvDfFWZaTun6aZyfGWsoSHWPVanSnV0j2e0fFzQWbYz3Lyf\nCpvDodPe5nq3oRKUNAFaBN9N73SdOzFqw1SsHamvUIhU2elpC3zmXEpnQ81WTg/b\nMXU5h2CI1FR5qQ3HY1hFnZ7owpN0UW+fuInqrNVt66wr6DPUYxRLbuGj0ugRDag3\nYrdukAEfIcnZDyTPQMtFAoIBAQDdJOEo0zuUZCuayZ36nReEGyzCyRvRXJa/Btwq\n74vu8ZBJC51jdeI2Y3BqP9ps4MCheujMWog5/ilEYlgw8NNHN9C9wf2qFYGiDWL0\n8JfTQryn+tiyc/VJKoRcJBmpgkVO2vT7I8l0/vKtaDphQuuSodTSmpXlG2Tiat1s\nVPxnVJWlL+D6OSalcf4xei6rwr/f6gY29bgIJMitGtm52WfKDRnrVvBL3wZ0Zzea\nPHwPU78eXcSX0WgeWXXmB8CowiIgtYkgKGTCMnczzpED8rVLatGKd5WGBeIY7wRZ\n23hIIOAGRu96Rt8BAXG6FmFwkp1aMMsHtAY0/gjwDt1OavUDAoIBAQDX8ZdmxWhS\nxZqSkKPvxrHOdoeBrkx1D3M8b/kGdW8erZbyBTuFXwjOVTCEpe8yA2JcrR9+eMxj\nrrgFdor6/7Rhbpsgv5e0Z32vzLUy1Zgh5aBNKNj6Tk38JjEMlr3qfOAIPzxmNhJQ\nImXfZetmbcTQ4ucjS068fnRjAO+4TupMDG6PigMBSJ/csyTvaBR/DKrqIKJNlgLO\nZ5U54M3/fGXORlFSxMXlKIlnC0uSotWrcw5nO/ghB12hamVfet5yyPYmPXQLruLu\nHyz4iOANsrIaQASMgGttHgEcA22HLSkkG12QxXIjN9jOY80E8aT+INVBxiOrowiX\nC2TdP2QWxhJHAoIBAHsmXnztpPAuGFpKjL9TXBUlTPfsJqGgfhJDL7h5TePygfcr\nkKoiq6a+GYwRowGe56cFWz7x64rgDvsWCSa39fBjFMuXjDt7XoVwDvt4QBRVxdmF\nx8cY7C+ijbMCJ4hOE2qmZGa2tymAEISg1mHzclxl4q6lh3PenX+5IzWA3k5svCkR\nUKgHy422vWewMu1TtqZrHKrei219joNXwIfOmg3a3eRAtfCKcn3APSaXKD8g0/2F\nGkWxR9oe15kSGCfidD7i2UofNH0wvVEMZ5VbQ7qL8cS6c3n/LLnV4QZpQcJpDFhy\niEn/zZAxzbNjYz/dZeMj6OyRRCOelDubC4Lv7SECggEAKZ9PZ2e1a/7ahFWMw7Kw\novMFu2E1K3sG4ydSAISyHl+nMI8BoftnXx3cdDTnneQ5GVPlNiNigfQzVBo9P5P5\n2K3RCMblHsiz2SbD5kB1SlNQSo8NA3IEZg2Wdq63fHMFW5GUur7BWODIcf7bGKsf\nvIN/ubXSP1LAbDTJ/+R2FKJwzQn0+lJdPdTp0ZtmF/cBGo+fuQSpFc+xW66RBiWc\nGd5D3og+/KSLl2j98A2i0aEjrZJJiVQ6H9q6H2U3aziA+W3u6DGVXAB2UpFPXlSL\nL7QXLF20VxvpatTeT6fMvkDoD/d+wHsLNvzVj5ZkDveVI1Bln7eU+Egh8OM/D4Su\nEQKCAQBdVMdZ2w+UDZLJM74SdHBGYZ9TygTtb0Hynf5kjghkIse9I+mLP68rwwR7\nT5Osn3uICiWIZ0sHkbSdJd8NjgiMXIVAVqp5gojiblfXJUOQMtcZTsn6EDZNKQio\niYRhTWEnOHB1cCt7JTVB2LUi2bfwezvSiJ9optpOGKMCLFBa/zw+z7kdkBOmeXHm\n7Nfz68bzJGNWQwDazBaI7nFyeAGCAfl7Xg2Skd2J2Z61f925ylZ/ULLt1tPvhRvD\nfALEmINRjeuPb+UwEzBkmWiTPXCmuyMrAVIisjcQiqLdaKZW6Ivor89M8UYttvUV\nKQ9xVUhdrL/UmYJ20ZLnlm/xXVWl\n-----END PRIVATE KEY-----\n",
            "public_key_fingerprint_md5": "dd:79:8f:89:23:d0:2e:ec:5d:94:2d:6c:c2:bb:c6:12",
            "public_key_fingerprint_sha256": "SHA256:/wKIQTvTe1p8169Msvln5jAYoQ+ctHAZtZ4DTDD2/go",
            "public_key_openssh": "ssh-rsa AAAAB3NzaC1yc2EAAAADAQABAAACAQC6iquayN4vU4daDpN9CjDgOKsxy+duP+KV55uISEGIfnNvrVQnjy4oBOo9Ryrdvr0TjLJDG0pOGQow3O0vVQ8bvsppRstQmsjwNYDy5Z+Ve/OQ+q4/ziI8p+aIqq9iIco50E6QLOGfYn4Db38peddXaPs+d1/ncTdprSdSOquTLbhBvRkNcA94DsQlC1ID5gaJNJBLXfBAnmGCRPWkvgnEqlPYhIN2MMQWInbEWWfOf3HgV8DAz+xsrRPn4X6wrbB4G63HJmI8rsJ7rivcNIVpAMtdxVNYKK6MqyALx4jFzTzTtcif5iKUUKNf5hUnW/jGNv7iK6BtgoN1E7cD7B+TDYf60UmrTkAA1G/XLctC1KusQHD0S5rtaOUsG7k8Ug/0/66OhQonQM10i98BDoeWJ1yZPbORcFYA7E82wGxg3CaavDeUFtuSs7VFuWuj1fozCAz5hCaTuenhV8XA7+LDyRwmcQRqOFOKpQx1kdxRLzNAlg6hmAWp5zQoLY2asyuJfYFfm9jy+GxUpAAam5Cbf1ZKbwhWi+rGpHyQ9GJNONI6o9/hkKDtzhLziPXUB820/9vV3OxxBp33JE3bh6uUMBX9XA4V2ZAaBBJTja+xV5PdpsosNXBKCpZQL/pVCmdDB5/+l0ph2FyfCHdLMDCrlrAfvQ4EJPKDMfjYBzYp1Q==\n",
            "public_key_pem": "-----BEGIN PUBLIC KEY-----\nMIICIjANBgkqhkiG9w0BAQEFAAOCAg8AMIICCgKCAgEAuoqrmsjeL1OHWg6TfQow\n4DirMcvnbj/ileebiEhBiH5zb61UJ48uKATqPUcq3b69E4yyQxtKThkKMNztL1UP\nG77KaUbLUJrI8DWA8uWflXvzkPquP84iPKfmiKqvYiHKOdBOkCzhn2J+A29/KXnX\nV2j7Pndf53E3aa0nUjqrky24Qb0ZDXAPeA7EJQtSA+YGiTSQS13wQJ5hgkT1pL4J\nxKpT2ISDdjDEFiJ2xFlnzn9x4FfAwM/sbK0T5+F+sK2weButxyZiPK7Ce64r3DSF\naQDLXcVTWCiujKsgC8eIxc0807XIn+YilFCjX+YVJ1v4xjb+4iugbYKDdRO3A+wf\nkw2H+tFJq05AANRv1y3LQtSrrEBw9Eua7WjlLBu5PFIP9P+ujoUKJ0DNdIvfAQ6H\nlidcmT2zkXBWAOxPNsBsYNwmmrw3lBbbkrO1Rblro9X6MwgM+YQmk7np4VfFwO/i\nw8kcJnEEajhTiqUMdZHcUS8zQJYOoZgFqec0KC2NmrMriX2BX5vY8vhsVKQAGpuQ\nm39WSm8IVovqxqR8kPRiTTjSOqPf4ZCg7c4S84j11AfNtP/b1dzscQad9yRN24er\nlDAV/VwOFdmQGgQSU42vsVeT3abKLDVwSgqWUC/6VQpnQwef/pdKYdhcnwh3SzAw\nq5awH70OBCTygzH42Ac2KdUCAwEAAQ==\n-----END PUBLIC KEY-----\n",
            "rsa_bits": 4096
          },
          "sensitive_attributes": [],
          "dependencies": [
            "module.active-network.data.aws_availability_zones.available"
          ],
          "create_before_destroy": true
        }
      ]
    },
    {
      "module": "module.active-network.module.ec2-api[1]",
      "mode": "data",
      "type": "aws_ami",
      "name": "amazon-linux-2",
      "provider": "module.active-network.provider[\"registry.terraform.io/hashicorp/aws\"]",
      "instances": [
        {
          "schema_version": 0,
          "attributes": {
            "architecture": "x86_64",
            "arn": "arn:aws:ec2:us-east-1::image/ami-0c503d55a14d7a5f0",
            "block_device_mappings": [
              {
                "device_name": "/dev/xvda",
                "ebs": {
                  "delete_on_termination": "true",
                  "encrypted": "false",
                  "iops": "0",
                  "snapshot_id": "snap-0fc021f5e7363fdfc",
                  "throughput": "0",
                  "volume_size": "8",
                  "volume_type": "gp2"
                },
                "no_device": "",
                "virtual_name": ""
              }
            ],
            "boot_mode": "",
            "creation_date": "2023-06-02T19:40:41.000Z",
            "deprecation_time": "2025-06-02T19:40:41.000Z",
            "description": "Amazon Linux 2 AMI 2.0.20230530.0 x86_64 HVM gp2",
            "ena_support": true,
            "executable_users": null,
            "filter": [
              {
                "name": "name",
                "values": [
                  "amzn2-ami-hvm*"
                ]
              }
            ],
            "hypervisor": "xen",
            "id": "ami-0c503d55a14d7a5f0",
            "image_id": "ami-0c503d55a14d7a5f0",
            "image_location": "amazon/amzn2-ami-hvm-2.0.20230530.0-x86_64-gp2",
            "image_owner_alias": "amazon",
            "image_type": "machine",
            "imds_support": "",
            "include_deprecated": false,
            "kernel_id": "",
            "most_recent": true,
            "name": "amzn2-ami-hvm-2.0.20230530.0-x86_64-gp2",
            "name_regex": null,
            "owner_id": "137112412989",
            "owners": [
              "amazon"
            ],
            "platform": "",
            "platform_details": "Linux/UNIX",
            "product_codes": [],
            "public": true,
            "ramdisk_id": "",
            "root_device_name": "/dev/xvda",
            "root_device_type": "ebs",
            "root_snapshot_id": "snap-0fc021f5e7363fdfc",
            "sriov_net_support": "simple",
            "state": "available",
            "state_reason": {
              "code": "UNSET",
              "message": "UNSET"
            },
            "tags": {},
            "timeouts": null,
            "tpm_support": "",
            "usage_operation": "RunInstances",
            "virtualization_type": "hvm"
          },
          "sensitive_attributes": []
        }
      ]
    },
    {
      "module": "module.active-network.module.ec2-api[1]",
      "mode": "managed",
      "type": "aws_instance",
      "name": "this",
      "provider": "module.active-network.provider[\"registry.terraform.io/hashicorp/aws\"]",
      "instances": [
        {
          "schema_version": 1,
          "attributes": {
            "ami": "ami-0c503d55a14d7a5f0",
            "arn": "arn:aws:ec2:us-east-1:501268445310:instance/i-025c553704210662e",
            "associate_public_ip_address": true,
            "availability_zone": "us-east-1b",
            "capacity_reservation_specification": [
              {
                "capacity_reservation_preference": "open",
                "capacity_reservation_target": []
              }
            ],
            "cpu_core_count": 1,
            "cpu_options": [
              {
                "amd_sev_snp": "",
                "core_count": 1,
                "threads_per_core": 1
              }
            ],
            "cpu_threads_per_core": 1,
            "credit_specification": [
              {
                "cpu_credits": "standard"
              }
            ],
            "disable_api_stop": false,
            "disable_api_termination": false,
            "ebs_block_device": [],
            "ebs_optimized": false,
            "enclave_options": [
              {
                "enabled": false
              }
            ],
            "ephemeral_block_device": [],
            "get_password_data": false,
            "hibernation": false,
            "host_id": "",
            "host_resource_group_arn": null,
            "iam_instance_profile": "",
            "id": "i-025c553704210662e",
            "instance_initiated_shutdown_behavior": "stop",
            "instance_state": "running",
            "instance_type": "t2.micro",
            "ipv6_address_count": 0,
            "ipv6_addresses": [],
            "key_name": "express-api-1_key_pair",
            "launch_template": [],
            "maintenance_options": [
              {
                "auto_recovery": "default"
              }
            ],
            "metadata_options": [
              {
                "http_endpoint": "enabled",
                "http_put_response_hop_limit": 1,
                "http_tokens": "optional",
                "instance_metadata_tags": "disabled"
              }
            ],
            "monitoring": false,
            "network_interface": [],
            "outpost_arn": "",
            "password_data": "",
            "placement_group": "",
            "placement_partition_number": 0,
            "primary_network_interface_id": "eni-0691dabf121e40629",
            "private_dns": "ip-10-0-1-111.ec2.internal",
            "private_dns_name_options": [
              {
                "enable_resource_name_dns_a_record": false,
                "enable_resource_name_dns_aaaa_record": false,
                "hostname_type": "ip-name"
              }
            ],
            "private_ip": "10.0.1.111",
            "public_dns": "",
            "public_ip": "44.195.49.228",
            "root_block_device": [
              {
                "delete_on_termination": true,
                "device_name": "/dev/xvda",
                "encrypted": true,
                "iops": 100,
                "kms_key_id": "arn:aws:kms:us-east-1:501268445310:key/46edbfa5-2d75-427a-bd61-ed6342567ad5",
                "tags": {},
                "throughput": 0,
                "volume_id": "vol-0ecfd054c2000d204",
                "volume_size": 30,
                "volume_type": "gp2"
              }
            ],
            "secondary_private_ips": [],
            "security_groups": [],
            "source_dest_check": false,
            "subnet_id": "subnet-01d6b36acd0e0927d",
            "tags": {
              "CreatedBy": "terraform",
              "Name": "express-api-1"
            },
            "tags_all": {
              "CreatedBy": "terraform",
              "Name": "express-api-1"
            },
            "tenancy": "default",
            "timeouts": null,
            "user_data": "8c17ad24e77273d71365fbd8b8d124d2188bee42",
            "user_data_base64": null,
            "user_data_replace_on_change": false,
            "volume_tags": null,
            "vpc_security_group_ids": [
              "sg-06f7e0d5ee7552c01"
            ]
          },
          "sensitive_attributes": [],
          "private": "eyJlMmJmYjczMC1lY2FhLTExZTYtOGY4OC0zNDM2M2JjN2M0YzAiOnsiY3JlYXRlIjo2MDAwMDAwMDAwMDAsImRlbGV0ZSI6MTIwMDAwMDAwMDAwMCwidXBkYXRlIjo2MDAwMDAwMDAwMDB9LCJzY2hlbWFfdmVyc2lvbiI6IjEifQ==",
          "dependencies": [
            "module.active-network.aws_security_group.ec2",
            "module.active-network.data.aws_availability_zones.available",
            "module.active-network.module.ec2-api.aws_key_pair.key_pair",
            "module.active-network.module.ec2-api.data.aws_ami.amazon-linux-2",
            "module.active-network.module.ec2-api.tls_private_key.key_pair",
            "module.active-network.module.ig.aws_internet_gateway.this",
            "module.active-network.module.nat_gw.aws_eip.nat",
            "module.active-network.module.nat_gw.aws_nat_gateway.this",
            "module.active-network.module.private-subnets.aws_route.default",
            "module.active-network.module.private-subnets.aws_route_table.this",
            "module.active-network.module.private-subnets.aws_route_table_association.this",
            "module.active-network.module.private-subnets.aws_subnet.this",
            "module.active-network.module.public-subnets.aws_route.default",
            "module.active-network.module.public-subnets.aws_route_table.this",
            "module.active-network.module.public-subnets.aws_route_table_association.this",
            "module.active-network.module.public-subnets.aws_subnet.this",
            "module.active-network.module.vpc.aws_vpc.this"
          ],
          "create_before_destroy": true
        }
      ]
    },
    {
      "module": "module.active-network.module.ec2-api[1]",
      "mode": "managed",
      "type": "aws_key_pair",
      "name": "key_pair",
      "provider": "module.active-network.provider[\"registry.terraform.io/hashicorp/aws\"]",
      "instances": [
        {
          "schema_version": 1,
          "attributes": {
            "arn": "arn:aws:ec2:us-east-1:501268445310:key-pair/express-api-1_key_pair",
            "fingerprint": "b9:35:e3:48:76:e4:ea:7a:03:dd:98:fb:43:f0:d6:d6",
            "id": "express-api-1_key_pair",
            "key_name": "express-api-1_key_pair",
            "key_name_prefix": "",
            "key_pair_id": "key-01d565a91b9e36fd9",
            "key_type": "rsa",
            "public_key": "ssh-rsa AAAAB3NzaC1yc2EAAAADAQABAAACAQCgYvTKY1YFSA3f5rP8lRmZuqGLTlCx2YM9KINHW93MReeoGrTvzERJy1nTLEuqMkeVEbp09qfgyvma4TW5E7/QhzPnjs/2DsauY6DkKt+OpxulCUcS/3CuJtHvbxgC+P7XvSDD8M44onMEJLl32f0hvBT34A3Xs/YJyy0tUYdqN994KvSREkq6zPHyorIsU8t89+KYY1bqe4uqCpqd/lMUgGMX7P3DRklSGxnDiSzasMXs1yaZxCcPoXWz1OrLRevJTlqdZX4xIm0P8B+AlCLVkNoonkAUQh7IURKPKWUwCnMdwIvlTYu3PyNnCKX2kiQOgB4lA4XzU4bNbcLfSleAMeqBozWZmd2sj+6RYdtg5inDMKzQ3+agIR6Qdh8BgI/1GCULFLDxUTP/r4ZXVhBkjCx0FlpQxJU5XxIj1WJP9RDrS8XbPb3mSL7bvFQeSj2Yy1T8Rfk6/boaQfloyYpw+V8s1nnuQd2KVrZ5wuFbFj/kXa66MNZKxN5RmHIwFC+rcG1bRyAeXxTFwJ3PXZqpsSCkXnAoPWLixCvLZaNVIOvaM4rTAZ0ruD9OFlqcaRqaNech2AkSlEE4wENPOYlNcuvfTX/rjODFvPvq3Uwad9AINXmlr9433o3P7zpW7GjF0LqnE+KS6Aa7GKSVwC5QrgvjVvODukoAZN6RdgIcJQ==",
            "tags": {},
            "tags_all": {}
          },
          "sensitive_attributes": [],
          "private": "eyJzY2hlbWFfdmVyc2lvbiI6IjEifQ==",
          "dependencies": [
            "module.active-network.data.aws_availability_zones.available",
            "module.active-network.module.ec2-api.tls_private_key.key_pair"
          ],
          "create_before_destroy": true
        }
      ]
    },
    {
      "module": "module.active-network.module.ec2-api[1]",
      "mode": "managed",
      "type": "local_file",
      "name": "ssh_key",
      "provider": "provider[\"registry.terraform.io/hashicorp/local\"]",
      "instances": [
        {
          "schema_version": 0,
          "attributes": {
            "content": "-----BEGIN RSA PRIVATE KEY-----\nMIIJKQIBAAKCAgEAoGL0ymNWBUgN3+az/JUZmbqhi05QsdmDPSiDR1vdzEXnqBq0\n78xESctZ0yxLqjJHlRG6dPan4Mr5muE1uRO/0Icz547P9g7GrmOg5CrfjqcbpQlH\nEv9wribR728YAvj+170gw/DOOKJzBCS5d9n9IbwU9+AN17P2CcstLVGHajffeCr0\nkRJKuszx8qKyLFPLfPfimGNW6nuLqgqanf5TFIBjF+z9w0ZJUhsZw4ks2rDF7Ncm\nmcQnD6F1s9Tqy0XryU5anWV+MSJtD/AfgJQi1ZDaKJ5AFEIeyFESjyllMApzHcCL\n5U2Ltz8jZwil9pIkDoAeJQOF81OGzW3C30pXgDHqgaM1mZndrI/ukWHbYOYpwzCs\n0N/moCEekHYfAYCP9RglCxSw8VEz/6+GV1YQZIwsdBZaUMSVOV8SI9ViT/UQ60vF\n2z295ki+27xUHko9mMtU/EX5Ov26GkH5aMmKcPlfLNZ57kHdila2ecLhWxY/5F2u\nujDWSsTeUZhyMBQvq3BtW0cgHl8UxcCdz12aqbEgpF5wKD1i4sQry2WjVSDr2jOK\n0wGdK7g/ThZanGkamjXnIdgJEpRBOMBDTzmJTXLr301/64zgxbz76t1MGnfQCDV5\npa/eN96Nz+86VuxoxdC6pxPikugGuxiklcAuUK4L41bzg7pKAGTekXYCHCUCAwEA\nAQKCAgEAnZ5iX3ucD/it2fqJq5KD5DYriBHg78eJWFM2IKzBnnycmvIUGw2tlrAH\niKahfZOIEZGookW82gffoTvuZgJooXAdrFUHPxNqYft7JICVz0Wev2QMuzjZ7ews\nqJePC2zUVgSB7M38fF/5lHra4lQSllKWcLt6Hx+2jg1kSoMzB0n9jcT5MJC/bDD5\nHbCSVUnMUvXxdD08L5hWuzdMmDRWRXGe8OZwxLWQXOZRPX7T29+Zw5X1U2wXzx6n\n46E9VaNTgzRDjScvCu6ALAeZje0HBsch/oT3CHGqesZh7NuLm9jJJNYTJbg9tEqS\najFvmJAqay2xckKyI11UvxI9Tt9qePz48afbrGduqJi7v2zIPRysGMnUEo2M9/gO\nn6JWGnUHPCEOZUbqjKtZ5nOhm7grzSwj+rIy0rBHdP+t5A0xR2VTDApiznuXIplW\nag9WnalvlrUNi2iVSFxfnsGLb7Q3vjtDFgVwvpiLSmp3x2w0XzFbKTmxzvAW9RPS\nWQAE5YRFBPXXppc3pPmKZ8ScTccABgs29pqN2Udd/ZjHcUku3iSEY6IHX8NwvD1M\nY1758Z7ZxyrFBVhJYPDe+cjKjndISKZ3r9KpdYjdzAkxzzYhLihM7+I8L+JIYjja\ni6w83Q6EI28psu0EcuHMiwDD1POV3nP0UR1vIwayxkg23zNz7QECggEBAMJ0YYdw\nLqkhu9VVXW0dx5SRl1jmx1UOmw/mA+AsJ3JFq7msMSzl87/AHGoozz8VOEpPleGA\nf4v0kpLgf5UTJXPDBPv6jWg6cxhP1+/fcpPHtGbgFjsxzH1jJq6oNJmx4uxaMAcN\n/b9ZB3TqJjVtBzWPVv8b/YvJiJqiQEuCa0WjhssaHgLnatXsAcaFU64ZAyEqvQxS\nzNT9Vm9Bht3t3KkkYUmOPlxIxVdwO1HknWNPBhWMpJMQtlV95Dzc2wAofiQDEpxb\n5Oy9YRGQnL1aZzPv15JIOm8Bg5zsIik8U2/eG6N2o3bWp9wBCMQ3nMvoG1usxuct\ndOFVT9ZaRmBJhcUCggEBANMmOMffwvYo01Nra7ZSak8uTxl5Lee6fztwTwU8V6eP\nIhrd6aoKlrWGi9PabANEozDm2W2UtUgzPpcUTQIhX8nl49d1SUcAyDlPLeBwMvl2\nZHUaHuGKt48qado8C4rIgshGOXy6J7jw2iU5wrYiF3xjdoLRsenIQJuU9t/sr6oO\niPlRYJ1iB8XND+Iipiu8M/jqK7Z78RPVAVinvMvyhqT4as9P1FGSL2wyt/Arnh09\nq7fxbWeiprEgN981XEPH+sYENWLreMvEpYzQXc89EakPvFKZmwU9QfHQmFaXwM7W\nvACl78KyvYLGdF+jooVVsaNJggJe5QR7AnkcqDZ4AuECggEAPM4BlUVaAd8fihT4\nct9mAioIhm8bk5hOmokVWyrTZuMsUJHsipqZPrOG7xc1vwcWo/4A4xO4Tn46uxzi\nKC5lfq5Tx6tQPnBQfyCwaDyZ6mX/HlAiA36N8ANqHCFS2WCLkdadwAb6+rOPJlr1\nea1PHMtmq70H6ocpZRkpO7Nbcdoxkx7mlYfhm2UCJR6ZzQ3bMarYlJrrnApf1chK\nsOjpICbVGRgWnerPcokQs4nmQSB7yY9CAw6txUvpa7Kv9Hu0/fPMBQKjMfgB+2kZ\n6gfzz4THBuH5C68Qhag9AmHvwUJVqCa39Lgoox3brOeq6wP4UhFT3QQU0UVJAsEV\n0pQK9QKCAQA8nZZjWstfW2z/X7E2UAaQ4Jx4lZ8mDRYFfEJTIHWRdre1ussfs5Z8\nWjm+AdBMR+IJYdw9Zxl7tqpbOMq6t9YF4ec8rUDyDzlrql1jNxKLJv/D1lHTMb1s\nbiKhMeemWdWhpPdP5SkOIKafVSuemb7gSLV27LgEgyZ5A5SzyADN8wpDeKchx0iv\n8iSDKKtHluncpW0TIBWfOeD/EHhUnDUnGuGezi4HlM3kY9MGMZ9ciZ3IWpirzbfI\n1ZT0kR8BnmFRg1fIJA0zgip8eDzWB5QQUqIfnFUyddl+kAGLqlkBiAfEr95aqHFb\nH5m88v7vBCDQ3YNjJtbcKGwXVLC9okpBAoIBAQCs8jcoBFYfgaPqHaPoC+Er+m3O\nXO/UAz8mFA1QfHaZNrsDP0cm9+wFPLNDxZLj/2XvmhPeTcw7jManfsvGTnphflNW\nBjUiveiD7WGTjBSkDl4q/1EHHLtetuxu6+Stk4GbJpAZTJJPWXwjWwgGUXA49uWB\niV13N4k5rZgjRCBMGk0tdIWoxuQC2nr5ZzAWPeFfJ/eGVQ56dK7M2x+3x5N3h2fZ\n6DTU8ENJnT9GXv4IRlFNeNsvHZQQEh6qn/sw3mozrr1+MuKvlnQ1zN7yFbgnYOpG\nuGuocT0M0BZdgF3D/8TZMTOuUTuY8oLUHZAKn/1dVR2/DyKkMR2HdskPB/2F\n-----END RSA PRIVATE KEY-----\n",
            "content_base64": null,
            "content_base64sha256": "UmdTXcUG+ljDaRj0kCcxuPQKsOl8tX+2MO0q/viSPoI=",
            "content_base64sha512": "unkwljDiOuZctF3jjBY655ieUscGMWFOTBGuzJqjDrHVJ3UwGtGWmHUw11xEZdEr59pMA2kakOfSrhanz1+sbw==",
            "content_md5": "bb01ca50f6a331bcf77a602e22bafa6f",
            "content_sha1": "cbe43edb250d938e6e00f6d3a0d80f24a82316a3",
            "content_sha256": "5267535dc506fa58c36918f4902731b8f40ab0e97cb57fb630ed2afef8923e82",
            "content_sha512": "ba79309630e23ae65cb45de38c163ae7989e52c70631614e4c11aecc9aa30eb1d52775301ad196987530d75c4465d12be7da4c03691a90e7d2ae16a7cf5fac6f",
            "directory_permission": "0777",
            "file_permission": "0777",
            "filename": "express-api-1_key_pair.pem",
            "id": "cbe43edb250d938e6e00f6d3a0d80f24a82316a3",
            "sensitive_content": null,
            "source": null
          },
          "sensitive_attributes": [
            [
              {
                "type": "get_attr",
                "value": "content"
              }
            ]
          ],
          "dependencies": [
            "module.active-network.data.aws_availability_zones.available",
            "module.active-network.module.ec2-api.aws_key_pair.key_pair",
            "module.active-network.module.ec2-api.tls_private_key.key_pair"
          ],
          "create_before_destroy": true
        }
      ]
    },
    {
      "module": "module.active-network.module.ec2-api[1]",
      "mode": "managed",
      "type": "tls_private_key",
      "name": "key_pair",
      "provider": "provider[\"registry.terraform.io/hashicorp/tls\"]",
      "instances": [
        {
          "schema_version": 1,
          "attributes": {
            "algorithm": "RSA",
            "ecdsa_curve": "P224",
            "id": "2396bc909b547ce52f0105f77c2491396e9ef0a8",
            "private_key_openssh": "-----BEGIN OPENSSH PRIVATE KEY-----\nb3BlbnNzaC1rZXktdjEAAAAABG5vbmUAAAAEbm9uZQAAAAAAAAABAAACFwAAAAdz\nc2gtcnNhAAAAAwEAAQAAAgEAoGL0ymNWBUgN3+az/JUZmbqhi05QsdmDPSiDR1vd\nzEXnqBq078xESctZ0yxLqjJHlRG6dPan4Mr5muE1uRO/0Icz547P9g7GrmOg5Crf\njqcbpQlHEv9wribR728YAvj+170gw/DOOKJzBCS5d9n9IbwU9+AN17P2CcstLVGH\najffeCr0kRJKuszx8qKyLFPLfPfimGNW6nuLqgqanf5TFIBjF+z9w0ZJUhsZw4ks\n2rDF7NcmmcQnD6F1s9Tqy0XryU5anWV+MSJtD/AfgJQi1ZDaKJ5AFEIeyFESjyll\nMApzHcCL5U2Ltz8jZwil9pIkDoAeJQOF81OGzW3C30pXgDHqgaM1mZndrI/ukWHb\nYOYpwzCs0N/moCEekHYfAYCP9RglCxSw8VEz/6+GV1YQZIwsdBZaUMSVOV8SI9Vi\nT/UQ60vF2z295ki+27xUHko9mMtU/EX5Ov26GkH5aMmKcPlfLNZ57kHdila2ecLh\nWxY/5F2uujDWSsTeUZhyMBQvq3BtW0cgHl8UxcCdz12aqbEgpF5wKD1i4sQry2Wj\nVSDr2jOK0wGdK7g/ThZanGkamjXnIdgJEpRBOMBDTzmJTXLr301/64zgxbz76t1M\nGnfQCDV5pa/eN96Nz+86VuxoxdC6pxPikugGuxiklcAuUK4L41bzg7pKAGTekXYC\nHCUAAAc4rXANla1wDZUAAAAHc3NoLXJzYQAAAgEAoGL0ymNWBUgN3+az/JUZmbqh\ni05QsdmDPSiDR1vdzEXnqBq078xESctZ0yxLqjJHlRG6dPan4Mr5muE1uRO/0Icz\n547P9g7GrmOg5CrfjqcbpQlHEv9wribR728YAvj+170gw/DOOKJzBCS5d9n9IbwU\n9+AN17P2CcstLVGHajffeCr0kRJKuszx8qKyLFPLfPfimGNW6nuLqgqanf5TFIBj\nF+z9w0ZJUhsZw4ks2rDF7NcmmcQnD6F1s9Tqy0XryU5anWV+MSJtD/AfgJQi1ZDa\nKJ5AFEIeyFESjyllMApzHcCL5U2Ltz8jZwil9pIkDoAeJQOF81OGzW3C30pXgDHq\ngaM1mZndrI/ukWHbYOYpwzCs0N/moCEekHYfAYCP9RglCxSw8VEz/6+GV1YQZIws\ndBZaUMSVOV8SI9ViT/UQ60vF2z295ki+27xUHko9mMtU/EX5Ov26GkH5aMmKcPlf\nLNZ57kHdila2ecLhWxY/5F2uujDWSsTeUZhyMBQvq3BtW0cgHl8UxcCdz12aqbEg\npF5wKD1i4sQry2WjVSDr2jOK0wGdK7g/ThZanGkamjXnIdgJEpRBOMBDTzmJTXLr\n301/64zgxbz76t1MGnfQCDV5pa/eN96Nz+86VuxoxdC6pxPikugGuxiklcAuUK4L\n41bzg7pKAGTekXYCHCUAAAADAQABAAACAQCdnmJfe5wP+K3Z+omrkoPkNiuIEeDv\nx4lYUzYgrMGefJya8hQbDa2WsAeIpqF9k4gRkaiiRbzaB9+hO+5mAmihcB2sVQc/\nE2ph+3skgJXPRZ6/ZAy7ONnt7Cyol48LbNRWBIHszfx8X/mUetriVBKWUpZwu3of\nH7aODWRKgzMHSf2NxPkwkL9sMPkdsJJVScxS9fF0PTwvmFa7N0yYNFZFcZ7w5nDE\ntZBc5lE9ftPb35nDlfVTbBfPHqfjoT1Vo1ODNEONJy8K7oAsB5mN7QcGxyH+hPcI\ncap6xmHs24ub2Mkk1hMluD20SpJqMW+YkCprLbFyQrIjXVS/Ej1O32p4/Pjxp9us\nZ26omLu/bMg9HKwYydQSjYz3+A6folYadQc8IQ5lRuqMq1nmc6GbuCvNLCP6sjLS\nsEd0/63kDTFHZVMMCmLOe5cimVZqD1adqW+WtQ2LaJVIXF+ewYtvtDe+O0MWBXC+\nmItKanfHbDRfMVspObHO8Bb1E9JZAATlhEUE9demlzek+YpnxJxNxwAGCzb2mo3Z\nR139mMdxSS7eJIRjogdfw3C8PUxjXvnxntnHKsUFWElg8N75yMqOd0hIpnev0ql1\niN3MCTHPNiEuKEzv4jwv4khiONqLrDzdDoQjbymy7QRy4cyLAMPU85Xec/RRHW8j\nBrLGSDbfM3PtAQAAAQEArPI3KARWH4Gj6h2j6AvhK/ptzlzv1AM/JhQNUHx2mTa7\nAz9HJvfsBTyzQ8WS4/9l75oT3k3MO4zGp37Lxk56YX5TVgY1Ir3og+1hk4wUpA5e\nKv9RBxy7XrbsbuvkrZOBmyaQGUyST1l8I1sIBlFwOPblgYlddzeJOa2YI0QgTBpN\nLXSFqMbkAtp6+WcwFj3hXyf3hlUOenSuzNsft8eTd4dn2eg01PBDSZ0/Rl7+CEZR\nTXjbLx2UEBIeqp/7MN5qM669fjLir5Z0Ncze8hW4J2DqRrhrqHE9DNAWXYBdw//E\n2TEzrlE7mPKC1B2QCp/9XVUdvw8ipDEdh3bJDwf9hQAAAQEAwnRhh3AuqSG71VVd\nbR3HlJGXWObHVQ6bD+YD4CwnckWruawxLOXzv8AcaijPPxU4Sk+V4YB/i/SSkuB/\nlRMlc8ME+/qNaDpzGE/X799yk8e0ZuAWOzHMfWMmrqg0mbHi7FowBw39v1kHdOom\nNW0HNY9W/xv9i8mImqJAS4JrRaOGyxoeAudq1ewBxoVTrhkDISq9DFLM1P1Wb0GG\n3e3cqSRhSY4+XEjFV3A7UeSdY08GFYykkxC2VX3kPNzbACh+JAMSnFvk7L1hEZCc\nvVpnM+/Xkkg6bwGDnOwiKTxTb94bo3ajdtan3AEIxDecy+gbW6zG5y104VVP1lpG\nYEmFxQAAAQEA0yY4x9/C9ijTU2trtlJqTy5PGXkt57p/O3BPBTxXp48iGt3pqgqW\ntYaL09psA0SjMObZbZS1SDM+lxRNAiFfyeXj13VJRwDIOU8t4HAy+XZkdRoe4Yq3\njypp2jwLisiCyEY5fLonuPDaJTnCtiIXfGN2gtGx6chAm5T23+yvqg6I+VFgnWIH\nxc0P4iKmK7wz+OortnvxE9UBWKe8y/KGpPhqz0/UUZIvbDK38CueHT2rt/FtZ6Km\nsSA33zVcQ8f6xgQ1Yut4y8SljNBdzz0RqQ+8UpmbBT1B8dCYVpfAzta8AKXvwrK9\ngsZ0X6OihVWxo0mCAl7lBHsCeRyoNngC4QAAAAAB\n-----END OPENSSH PRIVATE KEY-----\n",
            "private_key_pem": "-----BEGIN RSA PRIVATE KEY-----\nMIIJKQIBAAKCAgEAoGL0ymNWBUgN3+az/JUZmbqhi05QsdmDPSiDR1vdzEXnqBq0\n78xESctZ0yxLqjJHlRG6dPan4Mr5muE1uRO/0Icz547P9g7GrmOg5CrfjqcbpQlH\nEv9wribR728YAvj+170gw/DOOKJzBCS5d9n9IbwU9+AN17P2CcstLVGHajffeCr0\nkRJKuszx8qKyLFPLfPfimGNW6nuLqgqanf5TFIBjF+z9w0ZJUhsZw4ks2rDF7Ncm\nmcQnD6F1s9Tqy0XryU5anWV+MSJtD/AfgJQi1ZDaKJ5AFEIeyFESjyllMApzHcCL\n5U2Ltz8jZwil9pIkDoAeJQOF81OGzW3C30pXgDHqgaM1mZndrI/ukWHbYOYpwzCs\n0N/moCEekHYfAYCP9RglCxSw8VEz/6+GV1YQZIwsdBZaUMSVOV8SI9ViT/UQ60vF\n2z295ki+27xUHko9mMtU/EX5Ov26GkH5aMmKcPlfLNZ57kHdila2ecLhWxY/5F2u\nujDWSsTeUZhyMBQvq3BtW0cgHl8UxcCdz12aqbEgpF5wKD1i4sQry2WjVSDr2jOK\n0wGdK7g/ThZanGkamjXnIdgJEpRBOMBDTzmJTXLr301/64zgxbz76t1MGnfQCDV5\npa/eN96Nz+86VuxoxdC6pxPikugGuxiklcAuUK4L41bzg7pKAGTekXYCHCUCAwEA\nAQKCAgEAnZ5iX3ucD/it2fqJq5KD5DYriBHg78eJWFM2IKzBnnycmvIUGw2tlrAH\niKahfZOIEZGookW82gffoTvuZgJooXAdrFUHPxNqYft7JICVz0Wev2QMuzjZ7ews\nqJePC2zUVgSB7M38fF/5lHra4lQSllKWcLt6Hx+2jg1kSoMzB0n9jcT5MJC/bDD5\nHbCSVUnMUvXxdD08L5hWuzdMmDRWRXGe8OZwxLWQXOZRPX7T29+Zw5X1U2wXzx6n\n46E9VaNTgzRDjScvCu6ALAeZje0HBsch/oT3CHGqesZh7NuLm9jJJNYTJbg9tEqS\najFvmJAqay2xckKyI11UvxI9Tt9qePz48afbrGduqJi7v2zIPRysGMnUEo2M9/gO\nn6JWGnUHPCEOZUbqjKtZ5nOhm7grzSwj+rIy0rBHdP+t5A0xR2VTDApiznuXIplW\nag9WnalvlrUNi2iVSFxfnsGLb7Q3vjtDFgVwvpiLSmp3x2w0XzFbKTmxzvAW9RPS\nWQAE5YRFBPXXppc3pPmKZ8ScTccABgs29pqN2Udd/ZjHcUku3iSEY6IHX8NwvD1M\nY1758Z7ZxyrFBVhJYPDe+cjKjndISKZ3r9KpdYjdzAkxzzYhLihM7+I8L+JIYjja\ni6w83Q6EI28psu0EcuHMiwDD1POV3nP0UR1vIwayxkg23zNz7QECggEBAMJ0YYdw\nLqkhu9VVXW0dx5SRl1jmx1UOmw/mA+AsJ3JFq7msMSzl87/AHGoozz8VOEpPleGA\nf4v0kpLgf5UTJXPDBPv6jWg6cxhP1+/fcpPHtGbgFjsxzH1jJq6oNJmx4uxaMAcN\n/b9ZB3TqJjVtBzWPVv8b/YvJiJqiQEuCa0WjhssaHgLnatXsAcaFU64ZAyEqvQxS\nzNT9Vm9Bht3t3KkkYUmOPlxIxVdwO1HknWNPBhWMpJMQtlV95Dzc2wAofiQDEpxb\n5Oy9YRGQnL1aZzPv15JIOm8Bg5zsIik8U2/eG6N2o3bWp9wBCMQ3nMvoG1usxuct\ndOFVT9ZaRmBJhcUCggEBANMmOMffwvYo01Nra7ZSak8uTxl5Lee6fztwTwU8V6eP\nIhrd6aoKlrWGi9PabANEozDm2W2UtUgzPpcUTQIhX8nl49d1SUcAyDlPLeBwMvl2\nZHUaHuGKt48qado8C4rIgshGOXy6J7jw2iU5wrYiF3xjdoLRsenIQJuU9t/sr6oO\niPlRYJ1iB8XND+Iipiu8M/jqK7Z78RPVAVinvMvyhqT4as9P1FGSL2wyt/Arnh09\nq7fxbWeiprEgN981XEPH+sYENWLreMvEpYzQXc89EakPvFKZmwU9QfHQmFaXwM7W\nvACl78KyvYLGdF+jooVVsaNJggJe5QR7AnkcqDZ4AuECggEAPM4BlUVaAd8fihT4\nct9mAioIhm8bk5hOmokVWyrTZuMsUJHsipqZPrOG7xc1vwcWo/4A4xO4Tn46uxzi\nKC5lfq5Tx6tQPnBQfyCwaDyZ6mX/HlAiA36N8ANqHCFS2WCLkdadwAb6+rOPJlr1\nea1PHMtmq70H6ocpZRkpO7Nbcdoxkx7mlYfhm2UCJR6ZzQ3bMarYlJrrnApf1chK\nsOjpICbVGRgWnerPcokQs4nmQSB7yY9CAw6txUvpa7Kv9Hu0/fPMBQKjMfgB+2kZ\n6gfzz4THBuH5C68Qhag9AmHvwUJVqCa39Lgoox3brOeq6wP4UhFT3QQU0UVJAsEV\n0pQK9QKCAQA8nZZjWstfW2z/X7E2UAaQ4Jx4lZ8mDRYFfEJTIHWRdre1ussfs5Z8\nWjm+AdBMR+IJYdw9Zxl7tqpbOMq6t9YF4ec8rUDyDzlrql1jNxKLJv/D1lHTMb1s\nbiKhMeemWdWhpPdP5SkOIKafVSuemb7gSLV27LgEgyZ5A5SzyADN8wpDeKchx0iv\n8iSDKKtHluncpW0TIBWfOeD/EHhUnDUnGuGezi4HlM3kY9MGMZ9ciZ3IWpirzbfI\n1ZT0kR8BnmFRg1fIJA0zgip8eDzWB5QQUqIfnFUyddl+kAGLqlkBiAfEr95aqHFb\nH5m88v7vBCDQ3YNjJtbcKGwXVLC9okpBAoIBAQCs8jcoBFYfgaPqHaPoC+Er+m3O\nXO/UAz8mFA1QfHaZNrsDP0cm9+wFPLNDxZLj/2XvmhPeTcw7jManfsvGTnphflNW\nBjUiveiD7WGTjBSkDl4q/1EHHLtetuxu6+Stk4GbJpAZTJJPWXwjWwgGUXA49uWB\niV13N4k5rZgjRCBMGk0tdIWoxuQC2nr5ZzAWPeFfJ/eGVQ56dK7M2x+3x5N3h2fZ\n6DTU8ENJnT9GXv4IRlFNeNsvHZQQEh6qn/sw3mozrr1+MuKvlnQ1zN7yFbgnYOpG\nuGuocT0M0BZdgF3D/8TZMTOuUTuY8oLUHZAKn/1dVR2/DyKkMR2HdskPB/2F\n-----END RSA PRIVATE KEY-----\n",
            "private_key_pem_pkcs8": "-----BEGIN PRIVATE KEY-----\nMIIJQwIBADANBgkqhkiG9w0BAQEFAASCCS0wggkpAgEAAoICAQCgYvTKY1YFSA3f\n5rP8lRmZuqGLTlCx2YM9KINHW93MReeoGrTvzERJy1nTLEuqMkeVEbp09qfgyvma\n4TW5E7/QhzPnjs/2DsauY6DkKt+OpxulCUcS/3CuJtHvbxgC+P7XvSDD8M44onME\nJLl32f0hvBT34A3Xs/YJyy0tUYdqN994KvSREkq6zPHyorIsU8t89+KYY1bqe4uq\nCpqd/lMUgGMX7P3DRklSGxnDiSzasMXs1yaZxCcPoXWz1OrLRevJTlqdZX4xIm0P\n8B+AlCLVkNoonkAUQh7IURKPKWUwCnMdwIvlTYu3PyNnCKX2kiQOgB4lA4XzU4bN\nbcLfSleAMeqBozWZmd2sj+6RYdtg5inDMKzQ3+agIR6Qdh8BgI/1GCULFLDxUTP/\nr4ZXVhBkjCx0FlpQxJU5XxIj1WJP9RDrS8XbPb3mSL7bvFQeSj2Yy1T8Rfk6/boa\nQfloyYpw+V8s1nnuQd2KVrZ5wuFbFj/kXa66MNZKxN5RmHIwFC+rcG1bRyAeXxTF\nwJ3PXZqpsSCkXnAoPWLixCvLZaNVIOvaM4rTAZ0ruD9OFlqcaRqaNech2AkSlEE4\nwENPOYlNcuvfTX/rjODFvPvq3Uwad9AINXmlr9433o3P7zpW7GjF0LqnE+KS6Aa7\nGKSVwC5QrgvjVvODukoAZN6RdgIcJQIDAQABAoICAQCdnmJfe5wP+K3Z+omrkoPk\nNiuIEeDvx4lYUzYgrMGefJya8hQbDa2WsAeIpqF9k4gRkaiiRbzaB9+hO+5mAmih\ncB2sVQc/E2ph+3skgJXPRZ6/ZAy7ONnt7Cyol48LbNRWBIHszfx8X/mUetriVBKW\nUpZwu3ofH7aODWRKgzMHSf2NxPkwkL9sMPkdsJJVScxS9fF0PTwvmFa7N0yYNFZF\ncZ7w5nDEtZBc5lE9ftPb35nDlfVTbBfPHqfjoT1Vo1ODNEONJy8K7oAsB5mN7QcG\nxyH+hPcIcap6xmHs24ub2Mkk1hMluD20SpJqMW+YkCprLbFyQrIjXVS/Ej1O32p4\n/Pjxp9usZ26omLu/bMg9HKwYydQSjYz3+A6folYadQc8IQ5lRuqMq1nmc6GbuCvN\nLCP6sjLSsEd0/63kDTFHZVMMCmLOe5cimVZqD1adqW+WtQ2LaJVIXF+ewYtvtDe+\nO0MWBXC+mItKanfHbDRfMVspObHO8Bb1E9JZAATlhEUE9demlzek+YpnxJxNxwAG\nCzb2mo3ZR139mMdxSS7eJIRjogdfw3C8PUxjXvnxntnHKsUFWElg8N75yMqOd0hI\npnev0ql1iN3MCTHPNiEuKEzv4jwv4khiONqLrDzdDoQjbymy7QRy4cyLAMPU85Xe\nc/RRHW8jBrLGSDbfM3PtAQKCAQEAwnRhh3AuqSG71VVdbR3HlJGXWObHVQ6bD+YD\n4CwnckWruawxLOXzv8AcaijPPxU4Sk+V4YB/i/SSkuB/lRMlc8ME+/qNaDpzGE/X\n799yk8e0ZuAWOzHMfWMmrqg0mbHi7FowBw39v1kHdOomNW0HNY9W/xv9i8mImqJA\nS4JrRaOGyxoeAudq1ewBxoVTrhkDISq9DFLM1P1Wb0GG3e3cqSRhSY4+XEjFV3A7\nUeSdY08GFYykkxC2VX3kPNzbACh+JAMSnFvk7L1hEZCcvVpnM+/Xkkg6bwGDnOwi\nKTxTb94bo3ajdtan3AEIxDecy+gbW6zG5y104VVP1lpGYEmFxQKCAQEA0yY4x9/C\n9ijTU2trtlJqTy5PGXkt57p/O3BPBTxXp48iGt3pqgqWtYaL09psA0SjMObZbZS1\nSDM+lxRNAiFfyeXj13VJRwDIOU8t4HAy+XZkdRoe4Yq3jypp2jwLisiCyEY5fLon\nuPDaJTnCtiIXfGN2gtGx6chAm5T23+yvqg6I+VFgnWIHxc0P4iKmK7wz+Oortnvx\nE9UBWKe8y/KGpPhqz0/UUZIvbDK38CueHT2rt/FtZ6KmsSA33zVcQ8f6xgQ1Yut4\ny8SljNBdzz0RqQ+8UpmbBT1B8dCYVpfAzta8AKXvwrK9gsZ0X6OihVWxo0mCAl7l\nBHsCeRyoNngC4QKCAQA8zgGVRVoB3x+KFPhy32YCKgiGbxuTmE6aiRVbKtNm4yxQ\nkeyKmpk+s4bvFzW/Bxaj/gDjE7hOfjq7HOIoLmV+rlPHq1A+cFB/ILBoPJnqZf8e\nUCIDfo3wA2ocIVLZYIuR1p3ABvr6s48mWvV5rU8cy2arvQfqhyllGSk7s1tx2jGT\nHuaVh+GbZQIlHpnNDdsxqtiUmuucCl/VyEqw6OkgJtUZGBad6s9yiRCzieZBIHvJ\nj0IDDq3FS+lrsq/0e7T988wFAqMx+AH7aRnqB/PPhMcG4fkLrxCFqD0CYe/BQlWo\nJrf0uCijHdus56rrA/hSEVPdBBTRRUkCwRXSlAr1AoIBADydlmNay19bbP9fsTZQ\nBpDgnHiVnyYNFgV8QlMgdZF2t7W6yx+zlnxaOb4B0ExH4glh3D1nGXu2qls4yrq3\n1gXh5zytQPIPOWuqXWM3Eosm/8PWUdMxvWxuIqEx56ZZ1aGk90/lKQ4gpp9VK56Z\nvuBItXbsuASDJnkDlLPIAM3zCkN4pyHHSK/yJIMoq0eW6dylbRMgFZ854P8QeFSc\nNSca4Z7OLgeUzeRj0wYxn1yJnchamKvNt8jVlPSRHwGeYVGDV8gkDTOCKnx4PNYH\nlBBSoh+cVTJ12X6QAYuqWQGIB8Sv3lqocVsfmbzy/u8EINDdg2Mm1twobBdUsL2i\nSkECggEBAKzyNygEVh+Bo+odo+gL4Sv6bc5c79QDPyYUDVB8dpk2uwM/Ryb37AU8\ns0PFkuP/Ze+aE95NzDuMxqd+y8ZOemF+U1YGNSK96IPtYZOMFKQOXir/UQccu162\n7G7r5K2TgZsmkBlMkk9ZfCNbCAZRcDj25YGJXXc3iTmtmCNEIEwaTS10hajG5ALa\nevlnMBY94V8n94ZVDnp0rszbH7fHk3eHZ9noNNTwQ0mdP0Ze/ghGUU142y8dlBAS\nHqqf+zDeajOuvX4y4q+WdDXM3vIVuCdg6ka4a6hxPQzQFl2AXcP/xNkxM65RO5jy\ngtQdkAqf/V1VHb8PIqQxHYd2yQ8H/YU=\n-----END PRIVATE KEY-----\n",
            "public_key_fingerprint_md5": "b8:cf:8e:57:f9:be:81:f8:6c:c6:ee:7e:9c:1b:84:43",
            "public_key_fingerprint_sha256": "SHA256:kjaQa38m0HGOURnXyvroO+YOi3srofr0nWmFe9qv4gY",
            "public_key_openssh": "ssh-rsa AAAAB3NzaC1yc2EAAAADAQABAAACAQCgYvTKY1YFSA3f5rP8lRmZuqGLTlCx2YM9KINHW93MReeoGrTvzERJy1nTLEuqMkeVEbp09qfgyvma4TW5E7/QhzPnjs/2DsauY6DkKt+OpxulCUcS/3CuJtHvbxgC+P7XvSDD8M44onMEJLl32f0hvBT34A3Xs/YJyy0tUYdqN994KvSREkq6zPHyorIsU8t89+KYY1bqe4uqCpqd/lMUgGMX7P3DRklSGxnDiSzasMXs1yaZxCcPoXWz1OrLRevJTlqdZX4xIm0P8B+AlCLVkNoonkAUQh7IURKPKWUwCnMdwIvlTYu3PyNnCKX2kiQOgB4lA4XzU4bNbcLfSleAMeqBozWZmd2sj+6RYdtg5inDMKzQ3+agIR6Qdh8BgI/1GCULFLDxUTP/r4ZXVhBkjCx0FlpQxJU5XxIj1WJP9RDrS8XbPb3mSL7bvFQeSj2Yy1T8Rfk6/boaQfloyYpw+V8s1nnuQd2KVrZ5wuFbFj/kXa66MNZKxN5RmHIwFC+rcG1bRyAeXxTFwJ3PXZqpsSCkXnAoPWLixCvLZaNVIOvaM4rTAZ0ruD9OFlqcaRqaNech2AkSlEE4wENPOYlNcuvfTX/rjODFvPvq3Uwad9AINXmlr9433o3P7zpW7GjF0LqnE+KS6Aa7GKSVwC5QrgvjVvODukoAZN6RdgIcJQ==\n",
            "public_key_pem": "-----BEGIN PUBLIC KEY-----\nMIICIjANBgkqhkiG9w0BAQEFAAOCAg8AMIICCgKCAgEAoGL0ymNWBUgN3+az/JUZ\nmbqhi05QsdmDPSiDR1vdzEXnqBq078xESctZ0yxLqjJHlRG6dPan4Mr5muE1uRO/\n0Icz547P9g7GrmOg5CrfjqcbpQlHEv9wribR728YAvj+170gw/DOOKJzBCS5d9n9\nIbwU9+AN17P2CcstLVGHajffeCr0kRJKuszx8qKyLFPLfPfimGNW6nuLqgqanf5T\nFIBjF+z9w0ZJUhsZw4ks2rDF7NcmmcQnD6F1s9Tqy0XryU5anWV+MSJtD/AfgJQi\n1ZDaKJ5AFEIeyFESjyllMApzHcCL5U2Ltz8jZwil9pIkDoAeJQOF81OGzW3C30pX\ngDHqgaM1mZndrI/ukWHbYOYpwzCs0N/moCEekHYfAYCP9RglCxSw8VEz/6+GV1YQ\nZIwsdBZaUMSVOV8SI9ViT/UQ60vF2z295ki+27xUHko9mMtU/EX5Ov26GkH5aMmK\ncPlfLNZ57kHdila2ecLhWxY/5F2uujDWSsTeUZhyMBQvq3BtW0cgHl8UxcCdz12a\nqbEgpF5wKD1i4sQry2WjVSDr2jOK0wGdK7g/ThZanGkamjXnIdgJEpRBOMBDTzmJ\nTXLr301/64zgxbz76t1MGnfQCDV5pa/eN96Nz+86VuxoxdC6pxPikugGuxiklcAu\nUK4L41bzg7pKAGTekXYCHCUCAwEAAQ==\n-----END PUBLIC KEY-----\n",
            "rsa_bits": 4096
          },
          "sensitive_attributes": [],
          "dependencies": [
            "module.active-network.data.aws_availability_zones.available"
          ],
          "create_before_destroy": true
        }
      ]
    },
    {
      "module": "module.active-network.module.ig",
      "mode": "managed",
      "type": "aws_internet_gateway",
      "name": "this",
      "provider": "module.active-network.provider[\"registry.terraform.io/hashicorp/aws\"]",
      "instances": [
        {
          "schema_version": 0,
          "attributes": {
            "arn": "arn:aws:ec2:us-east-1:501268445310:internet-gateway/igw-09d9e196a3a1ad8f9",
            "id": "igw-09d9e196a3a1ad8f9",
            "owner_id": "501268445310",
            "tags": {
              "Name": "ig-redes"
            },
            "tags_all": {
              "Name": "ig-redes"
            },
            "timeouts": null,
            "vpc_id": "vpc-0a73be88dd7ce7526"
          },
          "sensitive_attributes": [],
          "private": "eyJlMmJmYjczMC1lY2FhLTExZTYtOGY4OC0zNDM2M2JjN2M0YzAiOnsiY3JlYXRlIjoxMjAwMDAwMDAwMDAwLCJkZWxldGUiOjEyMDAwMDAwMDAwMDAsInVwZGF0ZSI6MTIwMDAwMDAwMDAwMH19",
          "dependencies": [
            "module.active-network.module.vpc.aws_vpc.this"
          ],
          "create_before_destroy": true
        }
      ]
    },
    {
      "module": "module.active-network.module.nat_gw[0]",
      "mode": "managed",
      "type": "aws_eip",
      "name": "nat",
      "provider": "module.active-network.provider[\"registry.terraform.io/hashicorp/aws\"]",
      "instances": [
        {
          "schema_version": 0,
          "attributes": {
            "address": null,
            "allocation_id": "eipalloc-078939970cd0871cb",
            "associate_with_private_ip": null,
            "association_id": "eipassoc-08423d1e3340a68a6",
            "carrier_ip": "",
            "customer_owned_ip": "",
            "customer_owned_ipv4_pool": "",
            "domain": "vpc",
            "id": "eipalloc-078939970cd0871cb",
            "instance": "",
            "network_border_group": "us-east-1",
            "network_interface": "eni-0e1a2d0e9a24663db",
            "private_dns": "ip-10-0-2-40.ec2.internal",
            "private_ip": "10.0.2.40",
            "public_dns": "ec2-52-200-98-199.compute-1.amazonaws.com",
            "public_ip": "52.200.98.199",
            "public_ipv4_pool": "amazon",
            "tags": {
              "Name": "nat-nat-gw-0"
            },
            "tags_all": {
              "Name": "nat-nat-gw-0"
            },
            "timeouts": null,
            "vpc": true
          },
          "sensitive_attributes": [],
          "private": "eyJlMmJmYjczMC1lY2FhLTExZTYtOGY4OC0zNDM2M2JjN2M0YzAiOnsiZGVsZXRlIjoxODAwMDAwMDAwMDAsInJlYWQiOjkwMDAwMDAwMDAwMCwidXBkYXRlIjozMDAwMDAwMDAwMDB9fQ==",
          "dependencies": [
            "module.active-network.data.aws_availability_zones.available"
          ],
          "create_before_destroy": true
        }
      ]
    },
    {
      "module": "module.active-network.module.nat_gw[0]",
      "mode": "managed",
      "type": "aws_nat_gateway",
      "name": "this",
      "provider": "module.active-network.provider[\"registry.terraform.io/hashicorp/aws\"]",
      "instances": [
        {
          "schema_version": 0,
          "attributes": {
            "allocation_id": "eipalloc-078939970cd0871cb",
            "association_id": "eipassoc-08423d1e3340a68a6",
            "connectivity_type": "public",
            "id": "nat-004a7a460e6d3f38f",
            "network_interface_id": "eni-0e1a2d0e9a24663db",
            "private_ip": "10.0.2.40",
            "public_ip": "52.200.98.199",
            "subnet_id": "subnet-0cd183e85bb376bd2",
            "tags": {
              "Name": "nat-gw-0"
            },
            "tags_all": {
              "Name": "nat-gw-0"
            }
          },
          "sensitive_attributes": [],
          "private": "bnVsbA==",
          "dependencies": [
            "module.active-network.data.aws_availability_zones.available",
            "module.active-network.module.ig.aws_internet_gateway.this",
            "module.active-network.module.nat_gw.aws_eip.nat",
            "module.active-network.module.public-subnets.aws_route.default",
            "module.active-network.module.public-subnets.aws_route_table.this",
            "module.active-network.module.public-subnets.aws_route_table_association.this",
            "module.active-network.module.public-subnets.aws_subnet.this",
            "module.active-network.module.vpc.aws_vpc.this"
          ],
          "create_before_destroy": true
        }
      ]
    },
    {
      "module": "module.active-network.module.nat_gw[1]",
      "mode": "managed",
      "type": "aws_eip",
      "name": "nat",
      "provider": "module.active-network.provider[\"registry.terraform.io/hashicorp/aws\"]",
      "instances": [
        {
          "schema_version": 0,
          "attributes": {
            "address": null,
            "allocation_id": "eipalloc-030ce802c05196ed9",
            "associate_with_private_ip": null,
            "association_id": "eipassoc-0d6dde5f028e114f6",
            "carrier_ip": "",
            "customer_owned_ip": "",
            "customer_owned_ipv4_pool": "",
            "domain": "vpc",
            "id": "eipalloc-030ce802c05196ed9",
            "instance": "",
            "network_border_group": "us-east-1",
            "network_interface": "eni-04929e4ef684af02c",
            "private_dns": "ip-10-0-3-126.ec2.internal",
            "private_ip": "10.0.3.126",
            "public_dns": "ec2-52-204-81-35.compute-1.amazonaws.com",
            "public_ip": "52.204.81.35",
            "public_ipv4_pool": "amazon",
            "tags": {
              "Name": "nat-nat-gw-1"
            },
            "tags_all": {
              "Name": "nat-nat-gw-1"
            },
            "timeouts": null,
            "vpc": true
          },
          "sensitive_attributes": [],
          "private": "eyJlMmJmYjczMC1lY2FhLTExZTYtOGY4OC0zNDM2M2JjN2M0YzAiOnsiZGVsZXRlIjoxODAwMDAwMDAwMDAsInJlYWQiOjkwMDAwMDAwMDAwMCwidXBkYXRlIjozMDAwMDAwMDAwMDB9fQ==",
          "dependencies": [
            "module.active-network.data.aws_availability_zones.available"
          ],
          "create_before_destroy": true
        }
      ]
    },
    {
      "module": "module.active-network.module.nat_gw[1]",
      "mode": "managed",
      "type": "aws_nat_gateway",
      "name": "this",
      "provider": "module.active-network.provider[\"registry.terraform.io/hashicorp/aws\"]",
      "instances": [
        {
          "schema_version": 0,
          "attributes": {
            "allocation_id": "eipalloc-030ce802c05196ed9",
            "association_id": "eipassoc-0d6dde5f028e114f6",
            "connectivity_type": "public",
            "id": "nat-0c10cfa7b485002f0",
            "network_interface_id": "eni-04929e4ef684af02c",
            "private_ip": "10.0.3.126",
            "public_ip": "52.204.81.35",
            "subnet_id": "subnet-0df1bafb42136a890",
            "tags": {
              "Name": "nat-gw-1"
            },
            "tags_all": {
              "Name": "nat-gw-1"
            }
          },
          "sensitive_attributes": [],
          "private": "bnVsbA==",
          "dependencies": [
            "module.active-network.data.aws_availability_zones.available",
            "module.active-network.module.ig.aws_internet_gateway.this",
            "module.active-network.module.nat_gw.aws_eip.nat",
            "module.active-network.module.public-subnets.aws_route.default",
            "module.active-network.module.public-subnets.aws_route_table.this",
            "module.active-network.module.public-subnets.aws_route_table_association.this",
            "module.active-network.module.public-subnets.aws_subnet.this",
            "module.active-network.module.vpc.aws_vpc.this"
          ],
          "create_before_destroy": true
        }
      ]
    },
    {
      "module": "module.active-network.module.private-subnets[0]",
      "mode": "managed",
      "type": "aws_route",
      "name": "default",
      "provider": "module.active-network.provider[\"registry.terraform.io/hashicorp/aws\"]",
      "instances": [
        {
          "schema_version": 0,
          "attributes": {
            "carrier_gateway_id": "",
            "core_network_arn": "",
            "destination_cidr_block": "0.0.0.0/0",
            "destination_ipv6_cidr_block": "",
            "destination_prefix_list_id": "",
            "egress_only_gateway_id": "",
            "gateway_id": "",
            "id": "r-rtb-0528fabd3d336c7de1080289494",
            "instance_id": "",
            "instance_owner_id": "",
            "local_gateway_id": "",
            "nat_gateway_id": "nat-004a7a460e6d3f38f",
            "network_interface_id": "",
            "origin": "CreateRoute",
            "route_table_id": "rtb-0528fabd3d336c7de",
            "state": "active",
            "timeouts": null,
            "transit_gateway_id": "",
            "vpc_endpoint_id": "",
            "vpc_peering_connection_id": ""
          },
          "sensitive_attributes": [],
          "private": "eyJlMmJmYjczMC1lY2FhLTExZTYtOGY4OC0zNDM2M2JjN2M0YzAiOnsiY3JlYXRlIjozMDAwMDAwMDAwMDAsImRlbGV0ZSI6MzAwMDAwMDAwMDAwLCJ1cGRhdGUiOjEyMDAwMDAwMDAwMH19",
          "dependencies": [
            "module.active-network.data.aws_availability_zones.available",
            "module.active-network.module.ig.aws_internet_gateway.this",
            "module.active-network.module.nat_gw.aws_eip.nat",
            "module.active-network.module.nat_gw.aws_nat_gateway.this",
            "module.active-network.module.private-subnets.aws_route_table.this",
            "module.active-network.module.public-subnets.aws_route.default",
            "module.active-network.module.public-subnets.aws_route_table.this",
            "module.active-network.module.public-subnets.aws_route_table_association.this",
            "module.active-network.module.public-subnets.aws_subnet.this",
            "module.active-network.module.vpc.aws_vpc.this"
          ],
          "create_before_destroy": true
        }
      ]
    },
    {
      "module": "module.active-network.module.private-subnets[0]",
      "mode": "managed",
      "type": "aws_route_table",
      "name": "this",
      "provider": "module.active-network.provider[\"registry.terraform.io/hashicorp/aws\"]",
      "instances": [
        {
          "schema_version": 0,
          "attributes": {
            "arn": "arn:aws:ec2:us-east-1:501268445310:route-table/rtb-0528fabd3d336c7de",
            "id": "rtb-0528fabd3d336c7de",
            "owner_id": "501268445310",
            "propagating_vgws": [],
            "route": [
              {
                "carrier_gateway_id": "",
                "cidr_block": "0.0.0.0/0",
                "core_network_arn": "",
                "destination_prefix_list_id": "",
                "egress_only_gateway_id": "",
                "gateway_id": "",
                "ipv6_cidr_block": "",
                "local_gateway_id": "",
                "nat_gateway_id": "nat-004a7a460e6d3f38f",
                "network_interface_id": "",
                "transit_gateway_id": "",
                "vpc_endpoint_id": "",
                "vpc_peering_connection_id": ""
              }
            ],
            "tags": {},
            "tags_all": {},
            "timeouts": null,
            "vpc_id": "vpc-0a73be88dd7ce7526"
          },
          "sensitive_attributes": [],
          "private": "eyJlMmJmYjczMC1lY2FhLTExZTYtOGY4OC0zNDM2M2JjN2M0YzAiOnsiY3JlYXRlIjozMDAwMDAwMDAwMDAsImRlbGV0ZSI6MzAwMDAwMDAwMDAwLCJ1cGRhdGUiOjEyMDAwMDAwMDAwMH19",
          "dependencies": [
            "module.active-network.data.aws_availability_zones.available",
            "module.active-network.module.vpc.aws_vpc.this"
          ],
          "create_before_destroy": true
        }
      ]
    },
    {
      "module": "module.active-network.module.private-subnets[0]",
      "mode": "managed",
      "type": "aws_route_table_association",
      "name": "this",
      "provider": "module.active-network.provider[\"registry.terraform.io/hashicorp/aws\"]",
      "instances": [
        {
          "schema_version": 0,
          "attributes": {
            "gateway_id": "",
            "id": "rtbassoc-0b5c05834a29798f5",
            "route_table_id": "rtb-0528fabd3d336c7de",
            "subnet_id": "subnet-0f88152df1f116a59",
            "timeouts": null
          },
          "sensitive_attributes": [],
          "private": "eyJlMmJmYjczMC1lY2FhLTExZTYtOGY4OC0zNDM2M2JjN2M0YzAiOnsiY3JlYXRlIjozMDAwMDAwMDAwMDAsImRlbGV0ZSI6MzAwMDAwMDAwMDAwLCJ1cGRhdGUiOjEyMDAwMDAwMDAwMH19",
          "dependencies": [
            "module.active-network.data.aws_availability_zones.available",
            "module.active-network.module.private-subnets.aws_route_table.this",
            "module.active-network.module.private-subnets.aws_subnet.this",
            "module.active-network.module.vpc.aws_vpc.this"
          ],
          "create_before_destroy": true
        }
      ]
    },
    {
      "module": "module.active-network.module.private-subnets[0]",
      "mode": "managed",
      "type": "aws_subnet",
      "name": "this",
      "provider": "module.active-network.provider[\"registry.terraform.io/hashicorp/aws\"]",
      "instances": [
        {
          "schema_version": 1,
          "attributes": {
            "arn": "arn:aws:ec2:us-east-1:501268445310:subnet/subnet-0f88152df1f116a59",
            "assign_ipv6_address_on_creation": false,
            "availability_zone": "us-east-1a",
            "availability_zone_id": "use1-az6",
            "cidr_block": "10.0.0.0/24",
            "customer_owned_ipv4_pool": "",
            "enable_dns64": false,
            "enable_lni_at_device_index": 0,
            "enable_resource_name_dns_a_record_on_launch": false,
            "enable_resource_name_dns_aaaa_record_on_launch": false,
            "id": "subnet-0f88152df1f116a59",
            "ipv6_cidr_block": "",
            "ipv6_cidr_block_association_id": "",
            "ipv6_native": false,
            "map_customer_owned_ip_on_launch": false,
            "map_public_ip_on_launch": false,
            "outpost_arn": "",
            "owner_id": "501268445310",
            "private_dns_hostname_type_on_launch": "ip-name",
            "tags": {
              "Name": "private-subnet-0"
            },
            "tags_all": {
              "Name": "private-subnet-0"
            },
            "timeouts": null,
            "vpc_id": "vpc-0a73be88dd7ce7526"
          },
          "sensitive_attributes": [],
          "private": "eyJlMmJmYjczMC1lY2FhLTExZTYtOGY4OC0zNDM2M2JjN2M0YzAiOnsiY3JlYXRlIjo2MDAwMDAwMDAwMDAsImRlbGV0ZSI6MTIwMDAwMDAwMDAwMH0sInNjaGVtYV92ZXJzaW9uIjoiMSJ9",
          "dependencies": [
            "module.active-network.data.aws_availability_zones.available",
            "module.active-network.module.vpc.aws_vpc.this"
          ],
          "create_before_destroy": true
        }
      ]
    },
    {
      "module": "module.active-network.module.private-subnets[1]",
      "mode": "managed",
      "type": "aws_route",
      "name": "default",
      "provider": "module.active-network.provider[\"registry.terraform.io/hashicorp/aws\"]",
      "instances": [
        {
          "schema_version": 0,
          "attributes": {
            "carrier_gateway_id": "",
            "core_network_arn": "",
            "destination_cidr_block": "0.0.0.0/0",
            "destination_ipv6_cidr_block": "",
            "destination_prefix_list_id": "",
            "egress_only_gateway_id": "",
            "gateway_id": "",
            "id": "r-rtb-0b8ed95e2ddf737a01080289494",
            "instance_id": "",
            "instance_owner_id": "",
            "local_gateway_id": "",
            "nat_gateway_id": "nat-0c10cfa7b485002f0",
            "network_interface_id": "",
            "origin": "CreateRoute",
            "route_table_id": "rtb-0b8ed95e2ddf737a0",
            "state": "active",
            "timeouts": null,
            "transit_gateway_id": "",
            "vpc_endpoint_id": "",
            "vpc_peering_connection_id": ""
          },
          "sensitive_attributes": [],
          "private": "eyJlMmJmYjczMC1lY2FhLTExZTYtOGY4OC0zNDM2M2JjN2M0YzAiOnsiY3JlYXRlIjozMDAwMDAwMDAwMDAsImRlbGV0ZSI6MzAwMDAwMDAwMDAwLCJ1cGRhdGUiOjEyMDAwMDAwMDAwMH19",
          "dependencies": [
            "module.active-network.data.aws_availability_zones.available",
            "module.active-network.module.ig.aws_internet_gateway.this",
            "module.active-network.module.nat_gw.aws_eip.nat",
            "module.active-network.module.nat_gw.aws_nat_gateway.this",
            "module.active-network.module.private-subnets.aws_route_table.this",
            "module.active-network.module.public-subnets.aws_route.default",
            "module.active-network.module.public-subnets.aws_route_table.this",
            "module.active-network.module.public-subnets.aws_route_table_association.this",
            "module.active-network.module.public-subnets.aws_subnet.this",
            "module.active-network.module.vpc.aws_vpc.this"
          ],
          "create_before_destroy": true
        }
      ]
    },
    {
      "module": "module.active-network.module.private-subnets[1]",
      "mode": "managed",
      "type": "aws_route_table",
      "name": "this",
      "provider": "module.active-network.provider[\"registry.terraform.io/hashicorp/aws\"]",
      "instances": [
        {
          "schema_version": 0,
          "attributes": {
            "arn": "arn:aws:ec2:us-east-1:501268445310:route-table/rtb-0b8ed95e2ddf737a0",
            "id": "rtb-0b8ed95e2ddf737a0",
            "owner_id": "501268445310",
            "propagating_vgws": [],
            "route": [
              {
                "carrier_gateway_id": "",
                "cidr_block": "0.0.0.0/0",
                "core_network_arn": "",
                "destination_prefix_list_id": "",
                "egress_only_gateway_id": "",
                "gateway_id": "",
                "ipv6_cidr_block": "",
                "local_gateway_id": "",
                "nat_gateway_id": "nat-0c10cfa7b485002f0",
                "network_interface_id": "",
                "transit_gateway_id": "",
                "vpc_endpoint_id": "",
                "vpc_peering_connection_id": ""
              }
            ],
            "tags": {},
            "tags_all": {},
            "timeouts": null,
            "vpc_id": "vpc-0a73be88dd7ce7526"
          },
          "sensitive_attributes": [],
          "private": "eyJlMmJmYjczMC1lY2FhLTExZTYtOGY4OC0zNDM2M2JjN2M0YzAiOnsiY3JlYXRlIjozMDAwMDAwMDAwMDAsImRlbGV0ZSI6MzAwMDAwMDAwMDAwLCJ1cGRhdGUiOjEyMDAwMDAwMDAwMH19",
          "dependencies": [
            "module.active-network.data.aws_availability_zones.available",
            "module.active-network.module.vpc.aws_vpc.this"
          ],
          "create_before_destroy": true
        }
      ]
    },
    {
      "module": "module.active-network.module.private-subnets[1]",
      "mode": "managed",
      "type": "aws_route_table_association",
      "name": "this",
      "provider": "module.active-network.provider[\"registry.terraform.io/hashicorp/aws\"]",
      "instances": [
        {
          "schema_version": 0,
          "attributes": {
            "gateway_id": "",
            "id": "rtbassoc-030d0ce7be4b06462",
            "route_table_id": "rtb-0b8ed95e2ddf737a0",
            "subnet_id": "subnet-01d6b36acd0e0927d",
            "timeouts": null
          },
          "sensitive_attributes": [],
          "private": "eyJlMmJmYjczMC1lY2FhLTExZTYtOGY4OC0zNDM2M2JjN2M0YzAiOnsiY3JlYXRlIjozMDAwMDAwMDAwMDAsImRlbGV0ZSI6MzAwMDAwMDAwMDAwLCJ1cGRhdGUiOjEyMDAwMDAwMDAwMH19",
          "dependencies": [
            "module.active-network.data.aws_availability_zones.available",
            "module.active-network.module.private-subnets.aws_route_table.this",
            "module.active-network.module.private-subnets.aws_subnet.this",
            "module.active-network.module.vpc.aws_vpc.this"
          ],
          "create_before_destroy": true
        }
      ]
    },
    {
      "module": "module.active-network.module.private-subnets[1]",
      "mode": "managed",
      "type": "aws_subnet",
      "name": "this",
      "provider": "module.active-network.provider[\"registry.terraform.io/hashicorp/aws\"]",
      "instances": [
        {
          "schema_version": 1,
          "attributes": {
            "arn": "arn:aws:ec2:us-east-1:501268445310:subnet/subnet-01d6b36acd0e0927d",
            "assign_ipv6_address_on_creation": false,
            "availability_zone": "us-east-1b",
            "availability_zone_id": "use1-az1",
            "cidr_block": "10.0.1.0/24",
            "customer_owned_ipv4_pool": "",
            "enable_dns64": false,
            "enable_lni_at_device_index": 0,
            "enable_resource_name_dns_a_record_on_launch": false,
            "enable_resource_name_dns_aaaa_record_on_launch": false,
            "id": "subnet-01d6b36acd0e0927d",
            "ipv6_cidr_block": "",
            "ipv6_cidr_block_association_id": "",
            "ipv6_native": false,
            "map_customer_owned_ip_on_launch": false,
            "map_public_ip_on_launch": false,
            "outpost_arn": "",
            "owner_id": "501268445310",
            "private_dns_hostname_type_on_launch": "ip-name",
            "tags": {
              "Name": "private-subnet-1"
            },
            "tags_all": {
              "Name": "private-subnet-1"
            },
            "timeouts": null,
            "vpc_id": "vpc-0a73be88dd7ce7526"
          },
          "sensitive_attributes": [],
          "private": "eyJlMmJmYjczMC1lY2FhLTExZTYtOGY4OC0zNDM2M2JjN2M0YzAiOnsiY3JlYXRlIjo2MDAwMDAwMDAwMDAsImRlbGV0ZSI6MTIwMDAwMDAwMDAwMH0sInNjaGVtYV92ZXJzaW9uIjoiMSJ9",
          "dependencies": [
            "module.active-network.data.aws_availability_zones.available",
            "module.active-network.module.vpc.aws_vpc.this"
          ],
          "create_before_destroy": true
        }
      ]
    },
    {
      "module": "module.active-network.module.public-subnets[0]",
      "mode": "managed",
      "type": "aws_route",
      "name": "default",
      "provider": "module.active-network.provider[\"registry.terraform.io/hashicorp/aws\"]",
      "instances": [
        {
          "schema_version": 0,
          "attributes": {
            "carrier_gateway_id": "",
            "core_network_arn": "",
            "destination_cidr_block": "0.0.0.0/0",
            "destination_ipv6_cidr_block": "",
            "destination_prefix_list_id": "",
            "egress_only_gateway_id": "",
            "gateway_id": "igw-09d9e196a3a1ad8f9",
            "id": "r-rtb-0065dfcd5a4e474191080289494",
            "instance_id": "",
            "instance_owner_id": "",
            "local_gateway_id": "",
            "nat_gateway_id": "",
            "network_interface_id": "",
            "origin": "CreateRoute",
            "route_table_id": "rtb-0065dfcd5a4e47419",
            "state": "active",
            "timeouts": null,
            "transit_gateway_id": "",
            "vpc_endpoint_id": "",
            "vpc_peering_connection_id": ""
          },
          "sensitive_attributes": [],
          "private": "eyJlMmJmYjczMC1lY2FhLTExZTYtOGY4OC0zNDM2M2JjN2M0YzAiOnsiY3JlYXRlIjozMDAwMDAwMDAwMDAsImRlbGV0ZSI6MzAwMDAwMDAwMDAwLCJ1cGRhdGUiOjEyMDAwMDAwMDAwMH19",
          "dependencies": [
            "module.active-network.data.aws_availability_zones.available",
            "module.active-network.module.ig.aws_internet_gateway.this",
            "module.active-network.module.public-subnets.aws_route_table.this",
            "module.active-network.module.vpc.aws_vpc.this"
          ],
          "create_before_destroy": true
        }
      ]
    },
    {
      "module": "module.active-network.module.public-subnets[0]",
      "mode": "managed",
      "type": "aws_route_table",
      "name": "this",
      "provider": "module.active-network.provider[\"registry.terraform.io/hashicorp/aws\"]",
      "instances": [
        {
          "schema_version": 0,
          "attributes": {
            "arn": "arn:aws:ec2:us-east-1:501268445310:route-table/rtb-0065dfcd5a4e47419",
            "id": "rtb-0065dfcd5a4e47419",
            "owner_id": "501268445310",
            "propagating_vgws": [],
            "route": [
              {
                "carrier_gateway_id": "",
                "cidr_block": "0.0.0.0/0",
                "core_network_arn": "",
                "destination_prefix_list_id": "",
                "egress_only_gateway_id": "",
                "gateway_id": "igw-09d9e196a3a1ad8f9",
                "ipv6_cidr_block": "",
                "local_gateway_id": "",
                "nat_gateway_id": "",
                "network_interface_id": "",
                "transit_gateway_id": "",
                "vpc_endpoint_id": "",
                "vpc_peering_connection_id": ""
              }
            ],
            "tags": {},
            "tags_all": {},
            "timeouts": null,
            "vpc_id": "vpc-0a73be88dd7ce7526"
          },
          "sensitive_attributes": [],
          "private": "eyJlMmJmYjczMC1lY2FhLTExZTYtOGY4OC0zNDM2M2JjN2M0YzAiOnsiY3JlYXRlIjozMDAwMDAwMDAwMDAsImRlbGV0ZSI6MzAwMDAwMDAwMDAwLCJ1cGRhdGUiOjEyMDAwMDAwMDAwMH19",
          "dependencies": [
            "module.active-network.data.aws_availability_zones.available",
            "module.active-network.module.vpc.aws_vpc.this"
          ],
          "create_before_destroy": true
        }
      ]
    },
    {
      "module": "module.active-network.module.public-subnets[0]",
      "mode": "managed",
      "type": "aws_route_table_association",
      "name": "this",
      "provider": "module.active-network.provider[\"registry.terraform.io/hashicorp/aws\"]",
      "instances": [
        {
          "schema_version": 0,
          "attributes": {
            "gateway_id": "",
            "id": "rtbassoc-0f1a3aa09441e744c",
            "route_table_id": "rtb-0065dfcd5a4e47419",
            "subnet_id": "subnet-0cd183e85bb376bd2",
            "timeouts": null
          },
          "sensitive_attributes": [],
          "private": "eyJlMmJmYjczMC1lY2FhLTExZTYtOGY4OC0zNDM2M2JjN2M0YzAiOnsiY3JlYXRlIjozMDAwMDAwMDAwMDAsImRlbGV0ZSI6MzAwMDAwMDAwMDAwLCJ1cGRhdGUiOjEyMDAwMDAwMDAwMH19",
          "dependencies": [
            "module.active-network.data.aws_availability_zones.available",
            "module.active-network.module.public-subnets.aws_route_table.this",
            "module.active-network.module.public-subnets.aws_subnet.this",
            "module.active-network.module.vpc.aws_vpc.this"
          ],
          "create_before_destroy": true
        }
      ]
    },
    {
      "module": "module.active-network.module.public-subnets[0]",
      "mode": "managed",
      "type": "aws_subnet",
      "name": "this",
      "provider": "module.active-network.provider[\"registry.terraform.io/hashicorp/aws\"]",
      "instances": [
        {
          "schema_version": 1,
          "attributes": {
            "arn": "arn:aws:ec2:us-east-1:501268445310:subnet/subnet-0cd183e85bb376bd2",
            "assign_ipv6_address_on_creation": false,
            "availability_zone": "us-east-1a",
            "availability_zone_id": "use1-az6",
            "cidr_block": "10.0.2.0/24",
            "customer_owned_ipv4_pool": "",
            "enable_dns64": false,
            "enable_lni_at_device_index": 0,
            "enable_resource_name_dns_a_record_on_launch": false,
            "enable_resource_name_dns_aaaa_record_on_launch": false,
            "id": "subnet-0cd183e85bb376bd2",
            "ipv6_cidr_block": "",
            "ipv6_cidr_block_association_id": "",
            "ipv6_native": false,
            "map_customer_owned_ip_on_launch": false,
            "map_public_ip_on_launch": false,
            "outpost_arn": "",
            "owner_id": "501268445310",
            "private_dns_hostname_type_on_launch": "ip-name",
            "tags": {
              "Name": "public-subnet-0"
            },
            "tags_all": {
              "Name": "public-subnet-0"
            },
            "timeouts": null,
            "vpc_id": "vpc-0a73be88dd7ce7526"
          },
          "sensitive_attributes": [],
          "private": "eyJlMmJmYjczMC1lY2FhLTExZTYtOGY4OC0zNDM2M2JjN2M0YzAiOnsiY3JlYXRlIjo2MDAwMDAwMDAwMDAsImRlbGV0ZSI6MTIwMDAwMDAwMDAwMH0sInNjaGVtYV92ZXJzaW9uIjoiMSJ9",
          "dependencies": [
            "module.active-network.data.aws_availability_zones.available",
            "module.active-network.module.vpc.aws_vpc.this"
          ],
          "create_before_destroy": true
        }
      ]
    },
    {
      "module": "module.active-network.module.public-subnets[1]",
      "mode": "managed",
      "type": "aws_route",
      "name": "default",
      "provider": "module.active-network.provider[\"registry.terraform.io/hashicorp/aws\"]",
      "instances": [
        {
          "schema_version": 0,
          "attributes": {
            "carrier_gateway_id": "",
            "core_network_arn": "",
            "destination_cidr_block": "0.0.0.0/0",
            "destination_ipv6_cidr_block": "",
            "destination_prefix_list_id": "",
            "egress_only_gateway_id": "",
            "gateway_id": "igw-09d9e196a3a1ad8f9",
            "id": "r-rtb-07f9d0c34d017d4781080289494",
            "instance_id": "",
            "instance_owner_id": "",
            "local_gateway_id": "",
            "nat_gateway_id": "",
            "network_interface_id": "",
            "origin": "CreateRoute",
            "route_table_id": "rtb-07f9d0c34d017d478",
            "state": "active",
            "timeouts": null,
            "transit_gateway_id": "",
            "vpc_endpoint_id": "",
            "vpc_peering_connection_id": ""
          },
          "sensitive_attributes": [],
          "private": "eyJlMmJmYjczMC1lY2FhLTExZTYtOGY4OC0zNDM2M2JjN2M0YzAiOnsiY3JlYXRlIjozMDAwMDAwMDAwMDAsImRlbGV0ZSI6MzAwMDAwMDAwMDAwLCJ1cGRhdGUiOjEyMDAwMDAwMDAwMH19",
          "dependencies": [
            "module.active-network.data.aws_availability_zones.available",
            "module.active-network.module.ig.aws_internet_gateway.this",
            "module.active-network.module.public-subnets.aws_route_table.this",
            "module.active-network.module.vpc.aws_vpc.this"
          ],
          "create_before_destroy": true
        }
      ]
    },
    {
      "module": "module.active-network.module.public-subnets[1]",
      "mode": "managed",
      "type": "aws_route_table",
      "name": "this",
      "provider": "module.active-network.provider[\"registry.terraform.io/hashicorp/aws\"]",
      "instances": [
        {
          "schema_version": 0,
          "attributes": {
            "arn": "arn:aws:ec2:us-east-1:501268445310:route-table/rtb-07f9d0c34d017d478",
            "id": "rtb-07f9d0c34d017d478",
            "owner_id": "501268445310",
            "propagating_vgws": [],
            "route": [
              {
                "carrier_gateway_id": "",
                "cidr_block": "0.0.0.0/0",
                "core_network_arn": "",
                "destination_prefix_list_id": "",
                "egress_only_gateway_id": "",
                "gateway_id": "igw-09d9e196a3a1ad8f9",
                "ipv6_cidr_block": "",
                "local_gateway_id": "",
                "nat_gateway_id": "",
                "network_interface_id": "",
                "transit_gateway_id": "",
                "vpc_endpoint_id": "",
                "vpc_peering_connection_id": ""
              }
            ],
            "tags": {},
            "tags_all": {},
            "timeouts": null,
            "vpc_id": "vpc-0a73be88dd7ce7526"
          },
          "sensitive_attributes": [],
          "private": "eyJlMmJmYjczMC1lY2FhLTExZTYtOGY4OC0zNDM2M2JjN2M0YzAiOnsiY3JlYXRlIjozMDAwMDAwMDAwMDAsImRlbGV0ZSI6MzAwMDAwMDAwMDAwLCJ1cGRhdGUiOjEyMDAwMDAwMDAwMH19",
          "dependencies": [
            "module.active-network.data.aws_availability_zones.available",
            "module.active-network.module.vpc.aws_vpc.this"
          ],
          "create_before_destroy": true
        }
      ]
    },
    {
      "module": "module.active-network.module.public-subnets[1]",
      "mode": "managed",
      "type": "aws_route_table_association",
      "name": "this",
      "provider": "module.active-network.provider[\"registry.terraform.io/hashicorp/aws\"]",
      "instances": [
        {
          "schema_version": 0,
          "attributes": {
            "gateway_id": "",
            "id": "rtbassoc-0d6285a06228228b5",
            "route_table_id": "rtb-07f9d0c34d017d478",
            "subnet_id": "subnet-0df1bafb42136a890",
            "timeouts": null
          },
          "sensitive_attributes": [],
          "private": "eyJlMmJmYjczMC1lY2FhLTExZTYtOGY4OC0zNDM2M2JjN2M0YzAiOnsiY3JlYXRlIjozMDAwMDAwMDAwMDAsImRlbGV0ZSI6MzAwMDAwMDAwMDAwLCJ1cGRhdGUiOjEyMDAwMDAwMDAwMH19",
          "dependencies": [
            "module.active-network.data.aws_availability_zones.available",
            "module.active-network.module.public-subnets.aws_route_table.this",
            "module.active-network.module.public-subnets.aws_subnet.this",
            "module.active-network.module.vpc.aws_vpc.this"
          ],
          "create_before_destroy": true
        }
      ]
    },
    {
      "module": "module.active-network.module.public-subnets[1]",
      "mode": "managed",
      "type": "aws_subnet",
      "name": "this",
      "provider": "module.active-network.provider[\"registry.terraform.io/hashicorp/aws\"]",
      "instances": [
        {
          "schema_version": 1,
          "attributes": {
            "arn": "arn:aws:ec2:us-east-1:501268445310:subnet/subnet-0df1bafb42136a890",
            "assign_ipv6_address_on_creation": false,
            "availability_zone": "us-east-1b",
            "availability_zone_id": "use1-az1",
            "cidr_block": "10.0.3.0/24",
            "customer_owned_ipv4_pool": "",
            "enable_dns64": false,
            "enable_lni_at_device_index": 0,
            "enable_resource_name_dns_a_record_on_launch": false,
            "enable_resource_name_dns_aaaa_record_on_launch": false,
            "id": "subnet-0df1bafb42136a890",
            "ipv6_cidr_block": "",
            "ipv6_cidr_block_association_id": "",
            "ipv6_native": false,
            "map_customer_owned_ip_on_launch": false,
            "map_public_ip_on_launch": false,
            "outpost_arn": "",
            "owner_id": "501268445310",
            "private_dns_hostname_type_on_launch": "ip-name",
            "tags": {
              "Name": "public-subnet-1"
            },
            "tags_all": {
              "Name": "public-subnet-1"
            },
            "timeouts": null,
            "vpc_id": "vpc-0a73be88dd7ce7526"
          },
          "sensitive_attributes": [],
          "private": "eyJlMmJmYjczMC1lY2FhLTExZTYtOGY4OC0zNDM2M2JjN2M0YzAiOnsiY3JlYXRlIjo2MDAwMDAwMDAwMDAsImRlbGV0ZSI6MTIwMDAwMDAwMDAwMH0sInNjaGVtYV92ZXJzaW9uIjoiMSJ9",
          "dependencies": [
            "module.active-network.data.aws_availability_zones.available",
            "module.active-network.module.vpc.aws_vpc.this"
          ],
          "create_before_destroy": true
        }
      ]
    },
    {
      "module": "module.active-network.module.vpc",
      "mode": "managed",
      "type": "aws_vpc",
      "name": "this",
      "provider": "module.active-network.provider[\"registry.terraform.io/hashicorp/aws\"]",
      "instances": [
        {
          "schema_version": 1,
          "attributes": {
            "arn": "arn:aws:ec2:us-east-1:501268445310:vpc/vpc-0a73be88dd7ce7526",
            "assign_generated_ipv6_cidr_block": false,
            "cidr_block": "10.0.0.0/16",
            "default_network_acl_id": "acl-05816943481518208",
            "default_route_table_id": "rtb-0bc9feacffe1be54f",
            "default_security_group_id": "sg-011d51320bbe72775",
            "dhcp_options_id": "dopt-0469a9fd567806c8d",
            "enable_dns_hostnames": false,
            "enable_dns_support": true,
            "enable_network_address_usage_metrics": false,
            "id": "vpc-0a73be88dd7ce7526",
            "instance_tenancy": "default",
            "ipv4_ipam_pool_id": null,
            "ipv4_netmask_length": null,
            "ipv6_association_id": "",
            "ipv6_cidr_block": "",
            "ipv6_cidr_block_network_border_group": "",
            "ipv6_ipam_pool_id": "",
            "ipv6_netmask_length": 0,
            "main_route_table_id": "rtb-0bc9feacffe1be54f",
            "owner_id": "501268445310",
            "tags": {
              "Name": "redes-vpc"
            },
            "tags_all": {
              "Name": "redes-vpc"
            }
          },
          "sensitive_attributes": [],
          "private": "eyJzY2hlbWFfdmVyc2lvbiI6IjEifQ==",
          "create_before_destroy": true
        }
      ]
    },
    {
      "module": "module.cdn",
      "mode": "data",
      "type": "aws_cloudfront_cache_policy",
      "name": "optimized",
      "provider": "provider[\"registry.terraform.io/hashicorp/aws\"]",
      "instances": [
        {
          "schema_version": 0,
          "attributes": {
            "comment": "Policy with caching enabled. Supports Gzip and Brotli compression.",
            "default_ttl": 86400,
            "etag": "E23ZP02F085DFQ",
            "id": "658327ea-f89d-4fab-a63d-7e88639e58f6",
            "max_ttl": 31536000,
            "min_ttl": 1,
            "name": "Managed-CachingOptimized",
            "parameters_in_cache_key_and_forwarded_to_origin": [
              {
                "cookies_config": [
                  {
                    "cookie_behavior": "none",
                    "cookies": []
                  }
                ],
                "enable_accept_encoding_brotli": true,
                "enable_accept_encoding_gzip": true,
                "headers_config": [
                  {
                    "header_behavior": "none",
                    "headers": []
                  }
                ],
                "query_strings_config": [
                  {
                    "query_string_behavior": "none",
                    "query_strings": []
                  }
                ]
              }
            ]
          },
          "sensitive_attributes": []
        }
      ]
    },
    {
      "module": "module.cdn",
      "mode": "managed",
      "type": "aws_cloudfront_distribution",
      "name": "this",
      "provider": "provider[\"registry.terraform.io/hashicorp/aws\"]",
      "instances": [
        {
          "schema_version": 1,
          "attributes": {
            "aliases": [
              "redes.aleph51.com.ar",
              "www.redes.aleph51.com.ar"
            ],
            "arn": "arn:aws:cloudfront::501268445310:distribution/E30BUGOOV4PAYH",
            "caller_reference": "terraform-20230608002018856500000001",
            "comment": "cdn",
            "custom_error_response": [],
            "default_cache_behavior": [
              {
                "allowed_methods": [
                  "DELETE",
                  "GET",
                  "HEAD",
                  "OPTIONS",
                  "PATCH",
                  "POST",
                  "PUT"
                ],
                "cache_policy_id": "658327ea-f89d-4fab-a63d-7e88639e58f6",
                "cached_methods": [
                  "GET",
                  "HEAD"
                ],
                "compress": false,
                "default_ttl": 0,
                "field_level_encryption_id": "",
                "forwarded_values": [],
                "function_association": [],
                "lambda_function_association": [],
                "max_ttl": 0,
                "min_ttl": 0,
                "origin_request_policy_id": "",
                "realtime_log_config_arn": "",
                "response_headers_policy_id": "",
                "smooth_streaming": false,
                "target_origin_id": "redes-aleph51-iac",
                "trusted_key_groups": [],
                "trusted_signers": [],
                "viewer_protocol_policy": "allow-all"
              }
            ],
            "default_root_object": "index.html",
            "domain_name": "dob74fzliq9ds.cloudfront.net",
            "enabled": true,
            "etag": "E3ELHQH44SL0F6",
            "hosted_zone_id": "Z2FDTNDATAQYW2",
            "http_version": "http2",
            "id": "E30BUGOOV4PAYH",
            "in_progress_validation_batches": 0,
            "is_ipv6_enabled": false,
            "last_modified_time": "2023-06-08 00:58:54.28 +0000 UTC",
            "logging_config": [],
            "ordered_cache_behavior": [],
            "origin": [
              {
                "connection_attempts": 3,
                "connection_timeout": 10,
                "custom_header": [],
                "custom_origin_config": [],
                "domain_name": "redes-aleph51-iac.s3.us-east-1.amazonaws.com",
                "origin_access_control_id": "",
                "origin_id": "redes-aleph51-iac",
                "origin_path": "",
                "origin_shield": [],
                "s3_origin_config": [
                  {
                    "origin_access_identity": "origin-access-identity/cloudfront/E11EO9NEFP0QM9"
                  }
                ]
              }
            ],
            "origin_group": [],
            "price_class": "PriceClass_100",
            "restrictions": [
              {
                "geo_restriction": [
                  {
                    "locations": [],
                    "restriction_type": "none"
                  }
                ]
              }
            ],
            "retain_on_delete": false,
            "status": "Deployed",
            "tags": {},
            "tags_all": {},
            "trusted_key_groups": [
              {
                "enabled": false,
                "items": []
              }
            ],
            "trusted_signers": [
              {
                "enabled": false,
                "items": []
              }
            ],
            "viewer_certificate": [
              {
                "acm_certificate_arn": "",
                "cloudfront_default_certificate": true,
                "iam_certificate_id": "",
                "minimum_protocol_version": "TLSv1",
                "ssl_support_method": ""
              }
            ],
            "wait_for_deployment": true,
            "web_acl_id": ""
          },
          "sensitive_attributes": [],
          "private": "eyJzY2hlbWFfdmVyc2lvbiI6IjEifQ==",
          "dependencies": [
            "aws_cloudfront_origin_access_identity.oai",
            "module.cdn.data.aws_cloudfront_cache_policy.optimized",
            "module.web-site.module.site_bucket.aws_s3_bucket.this",
            "module.web-site.module.site_bucket.aws_s3_bucket_policy.this"
          ]
        }
      ]
    },
    {
      "module": "module.dns",
      "mode": "data",
      "type": "aws_route53_zone",
      "name": "this",
      "provider": "provider[\"registry.terraform.io/hashicorp/aws\"]",
      "instances": [
        {
          "schema_version": 0,
          "attributes": {
            "arn": "arn:aws:route53:::hostedzone/Z082353862NUZXC4870O",
            "caller_reference": "5f067a12-63d9-48b2-8d03-b8f6893b8bf0",
            "comment": "",
            "id": "Z082353862NUZXC4870O",
            "linked_service_description": null,
            "linked_service_principal": null,
            "name": "redes.aleph51.com.ar",
            "name_servers": [
              "ns-703.awsdns-23.net",
              "ns-1626.awsdns-11.co.uk",
              "ns-1032.awsdns-01.org",
              "ns-446.awsdns-55.com"
            ],
            "primary_name_server": "ns-703.awsdns-23.net",
            "private_zone": false,
            "resource_record_set_count": 5,
            "tags": {},
            "vpc_id": null,
            "zone_id": "Z082353862NUZXC4870O"
          },
          "sensitive_attributes": []
        }
      ]
    },
    {
      "module": "module.dns",
      "mode": "managed",
      "type": "aws_route53_record",
      "name": "base",
      "provider": "provider[\"registry.terraform.io/hashicorp/aws\"]",
      "instances": [
        {
          "schema_version": 2,
          "attributes": {
            "alias": [
              {
                "evaluate_target_health": false,
                "name": "dob74fzliq9ds.cloudfront.net",
                "zone_id": "Z2FDTNDATAQYW2"
              }
            ],
            "allow_overwrite": null,
            "cidr_routing_policy": [],
            "failover_routing_policy": [],
            "fqdn": "redes.aleph51.com.ar",
            "geolocation_routing_policy": [],
            "health_check_id": "",
            "id": "Z082353862NUZXC4870O_redes.aleph51.com.ar_A",
            "latency_routing_policy": [],
            "multivalue_answer_routing_policy": false,
            "name": "redes.aleph51.com.ar",
            "records": [],
            "set_identifier": "",
            "ttl": 0,
            "type": "A",
            "weighted_routing_policy": [],
            "zone_id": "Z082353862NUZXC4870O"
          },
          "sensitive_attributes": [],
          "private": "eyJzY2hlbWFfdmVyc2lvbiI6IjIifQ==",
          "dependencies": [
            "aws_cloudfront_origin_access_identity.oai",
            "module.cdn.aws_cloudfront_distribution.this",
            "module.cdn.data.aws_cloudfront_cache_policy.optimized",
            "module.dns.data.aws_route53_zone.this",
            "module.web-site.data.aws_iam_policy_document.bucket_policy_document",
            "module.web-site.module.site_bucket.aws_s3_bucket.this",
            "module.web-site.module.site_bucket.aws_s3_bucket_policy.this",
            "module.web-site.module.site_bucket.aws_s3_bucket_public_access_block.this",
            "module.web-site.module.site_bucket.data.aws_caller_identity.current",
            "module.web-site.module.site_bucket.data.aws_iam_policy_document.access_log_delivery",
            "module.web-site.module.site_bucket.data.aws_iam_policy_document.combined",
            "module.web-site.module.site_bucket.data.aws_iam_policy_document.deny_insecure_transport",
            "module.web-site.module.site_bucket.data.aws_iam_policy_document.elb_log_delivery",
            "module.web-site.module.site_bucket.data.aws_iam_policy_document.inventory_and_analytics_destination_policy",
            "module.web-site.module.site_bucket.data.aws_iam_policy_document.lb_log_delivery",
            "module.web-site.module.site_bucket.data.aws_iam_policy_document.require_latest_tls",
            "module.web-site.module.site_bucket.data.aws_partition.current",
            "module.web-site.module.site_bucket.data.aws_region.current"
          ]
        }
      ]
    },
    {
      "module": "module.dns",
      "mode": "managed",
      "type": "aws_route53_record",
      "name": "www",
      "provider": "provider[\"registry.terraform.io/hashicorp/aws\"]",
      "instances": [
        {
          "schema_version": 2,
          "attributes": {
            "alias": [],
            "allow_overwrite": null,
            "cidr_routing_policy": [],
            "failover_routing_policy": [],
            "fqdn": "www.redes.aleph51.com.ar",
            "geolocation_routing_policy": [],
            "health_check_id": "",
            "id": "Z082353862NUZXC4870O_www.redes.aleph51.com.ar_CNAME",
            "latency_routing_policy": [],
            "multivalue_answer_routing_policy": false,
            "name": "www.redes.aleph51.com.ar",
            "records": [
              "redes.aleph51.com.ar"
            ],
            "set_identifier": "",
            "ttl": 900,
            "type": "CNAME",
            "weighted_routing_policy": [],
            "zone_id": "Z082353862NUZXC4870O"
          },
          "sensitive_attributes": [],
          "private": "eyJzY2hlbWFfdmVyc2lvbiI6IjIifQ==",
          "dependencies": [
            "aws_cloudfront_origin_access_identity.oai",
            "module.cdn.aws_cloudfront_distribution.this",
            "module.cdn.data.aws_cloudfront_cache_policy.optimized",
            "module.dns.aws_route53_record.base",
            "module.dns.data.aws_route53_zone.this",
            "module.web-site.data.aws_iam_policy_document.bucket_policy_document",
            "module.web-site.module.site_bucket.aws_s3_bucket.this",
            "module.web-site.module.site_bucket.aws_s3_bucket_policy.this",
            "module.web-site.module.site_bucket.aws_s3_bucket_public_access_block.this",
            "module.web-site.module.site_bucket.data.aws_caller_identity.current",
            "module.web-site.module.site_bucket.data.aws_iam_policy_document.access_log_delivery",
            "module.web-site.module.site_bucket.data.aws_iam_policy_document.combined",
            "module.web-site.module.site_bucket.data.aws_iam_policy_document.deny_insecure_transport",
            "module.web-site.module.site_bucket.data.aws_iam_policy_document.elb_log_delivery",
            "module.web-site.module.site_bucket.data.aws_iam_policy_document.inventory_and_analytics_destination_policy",
            "module.web-site.module.site_bucket.data.aws_iam_policy_document.lb_log_delivery",
            "module.web-site.module.site_bucket.data.aws_iam_policy_document.require_latest_tls",
            "module.web-site.module.site_bucket.data.aws_partition.current",
            "module.web-site.module.site_bucket.data.aws_region.current"
          ]
        }
      ]
    },
    {
      "module": "module.web-site",
      "mode": "data",
      "type": "aws_iam_policy_document",
      "name": "bucket_policy_document",
      "provider": "provider[\"registry.terraform.io/hashicorp/aws\"]",
      "instances": [
        {
          "schema_version": 0,
          "attributes": {
            "id": "3889846758",
            "json": "{\n  \"Version\": \"2012-10-17\",\n  \"Statement\": [\n    {\n      \"Effect\": \"Allow\",\n      \"Action\": \"s3:GetObject\",\n      \"Resource\": [\n        \"arn:aws:s3:::redes-aleph51-iac/*\",\n        \"arn:aws:s3:::redes-aleph51-iac\"\n      ],\n      \"Principal\": {\n        \"AWS\": \"arn:aws:iam::cloudfront:user/CloudFront Origin Access Identity E11EO9NEFP0QM9\"\n      }\n    }\n  ]\n}",
            "override_policy_documents": null,
            "policy_id": null,
            "source_policy_documents": null,
            "statement": [
              {
                "actions": [
                  "s3:GetObject"
                ],
                "condition": [],
                "effect": "Allow",
                "not_actions": [],
                "not_principals": [],
                "not_resources": [],
                "principals": [
                  {
                    "identifiers": [
                      "arn:aws:iam::cloudfront:user/CloudFront Origin Access Identity E11EO9NEFP0QM9"
                    ],
                    "type": "AWS"
                  }
                ],
                "resources": [
                  "arn:aws:s3:::redes-aleph51-iac",
                  "arn:aws:s3:::redes-aleph51-iac/*"
                ],
                "sid": ""
              }
            ],
            "version": "2012-10-17"
          },
          "sensitive_attributes": []
        }
      ]
    },
    {
      "module": "module.web-site",
      "mode": "data",
      "type": "aws_iam_policy_document",
      "name": "this",
      "provider": "provider[\"registry.terraform.io/hashicorp/aws\"]",
      "instances": [
        {
          "schema_version": 0,
          "attributes": {
            "id": "2945933570",
            "json": "{\n  \"Version\": \"2012-10-17\",\n  \"Statement\": [\n    {\n      \"Sid\": \"PublicReadGetObject\",\n      \"Effect\": \"Allow\",\n      \"Action\": \"s3:GetObject\",\n      \"Resource\": \"arn:aws:s3:::redes-aleph51-iac/*\",\n      \"Principal\": {\n        \"AWS\": \"*\"\n      }\n    }\n  ]\n}",
            "override_policy_documents": null,
            "policy_id": null,
            "source_policy_documents": null,
            "statement": [
              {
                "actions": [
                  "s3:GetObject"
                ],
                "condition": [],
                "effect": "Allow",
                "not_actions": [],
                "not_principals": [],
                "not_resources": [],
                "principals": [
                  {
                    "identifiers": [
                      "*"
                    ],
                    "type": "AWS"
                  }
                ],
                "resources": [
                  "arn:aws:s3:::redes-aleph51-iac/*"
                ],
                "sid": "PublicReadGetObject"
              }
            ],
            "version": "2012-10-17"
          },
          "sensitive_attributes": []
        }
      ]
    },
    {
      "module": "module.web-site.module.site_bucket",
      "mode": "data",
      "type": "aws_caller_identity",
      "name": "current",
      "provider": "provider[\"registry.terraform.io/hashicorp/aws\"]",
      "instances": [
        {
          "schema_version": 0,
          "attributes": {
            "account_id": "501268445310",
            "arn": "arn:aws:iam::501268445310:root",
            "id": "501268445310",
            "user_id": "501268445310"
          },
          "sensitive_attributes": []
        }
      ]
    },
    {
      "module": "module.web-site.module.site_bucket",
      "mode": "data",
      "type": "aws_canonical_user_id",
      "name": "this",
      "provider": "provider[\"registry.terraform.io/hashicorp/aws\"]",
      "instances": [
        {
          "schema_version": 0,
          "attributes": {
            "display_name": "franqredes",
            "id": "bebda4331b10ecfe40726622e0e31aeeeb08c7893167e394187223b5605344c6"
          },
          "sensitive_attributes": []
        }
      ]
    },
    {
      "module": "module.web-site.module.site_bucket",
      "mode": "data",
      "type": "aws_iam_policy_document",
      "name": "combined",
      "provider": "provider[\"registry.terraform.io/hashicorp/aws\"]",
      "instances": [
        {
          "index_key": 0,
          "schema_version": 0,
          "attributes": {
            "id": "3889846758",
            "json": "{\n  \"Version\": \"2012-10-17\",\n  \"Statement\": [\n    {\n      \"Effect\": \"Allow\",\n      \"Action\": \"s3:GetObject\",\n      \"Resource\": [\n        \"arn:aws:s3:::redes-aleph51-iac/*\",\n        \"arn:aws:s3:::redes-aleph51-iac\"\n      ],\n      \"Principal\": {\n        \"AWS\": \"arn:aws:iam::cloudfront:user/CloudFront Origin Access Identity E11EO9NEFP0QM9\"\n      }\n    }\n  ]\n}",
            "override_policy_documents": null,
            "policy_id": null,
            "source_policy_documents": [
              "{\n  \"Version\": \"2012-10-17\",\n  \"Statement\": [\n    {\n      \"Effect\": \"Allow\",\n      \"Action\": \"s3:GetObject\",\n      \"Resource\": [\n        \"arn:aws:s3:::redes-aleph51-iac/*\",\n        \"arn:aws:s3:::redes-aleph51-iac\"\n      ],\n      \"Principal\": {\n        \"AWS\": \"arn:aws:iam::cloudfront:user/CloudFront Origin Access Identity E11EO9NEFP0QM9\"\n      }\n    }\n  ]\n}"
            ],
            "statement": null,
            "version": "2012-10-17"
          },
          "sensitive_attributes": []
        }
      ]
    },
    {
      "module": "module.web-site.module.site_bucket",
      "mode": "data",
      "type": "aws_partition",
      "name": "current",
      "provider": "provider[\"registry.terraform.io/hashicorp/aws\"]",
      "instances": [
        {
          "schema_version": 0,
          "attributes": {
            "dns_suffix": "amazonaws.com",
            "id": "aws",
            "partition": "aws",
            "reverse_dns_prefix": "com.amazonaws"
          },
          "sensitive_attributes": []
        }
      ]
    },
    {
      "module": "module.web-site.module.site_bucket",
      "mode": "data",
      "type": "aws_region",
      "name": "current",
      "provider": "provider[\"registry.terraform.io/hashicorp/aws\"]",
      "instances": [
        {
          "schema_version": 0,
          "attributes": {
            "description": "US East (N. Virginia)",
            "endpoint": "ec2.us-east-1.amazonaws.com",
            "id": "us-east-1",
            "name": "us-east-1"
          },
          "sensitive_attributes": []
        }
      ]
    },
    {
      "module": "module.web-site.module.site_bucket",
      "mode": "managed",
      "type": "aws_s3_bucket",
      "name": "this",
      "provider": "provider[\"registry.terraform.io/hashicorp/aws\"]",
      "instances": [
        {
          "index_key": 0,
          "schema_version": 0,
          "attributes": {
            "acceleration_status": "",
            "acl": null,
            "arn": "arn:aws:s3:::redes-aleph51-iac",
            "bucket": "redes-aleph51-iac",
            "bucket_domain_name": "redes-aleph51-iac.s3.amazonaws.com",
            "bucket_prefix": "",
            "bucket_regional_domain_name": "redes-aleph51-iac.s3.us-east-1.amazonaws.com",
            "cors_rule": [],
            "force_destroy": true,
            "grant": [
              {
                "id": "bebda4331b10ecfe40726622e0e31aeeeb08c7893167e394187223b5605344c6",
                "permissions": [
                  "FULL_CONTROL"
                ],
                "type": "CanonicalUser",
                "uri": ""
              }
            ],
            "hosted_zone_id": "Z3AQBSTGFYJSTF",
            "id": "redes-aleph51-iac",
            "lifecycle_rule": [],
            "logging": [],
            "object_lock_configuration": [],
            "object_lock_enabled": false,
            "policy": "{\"Statement\":[{\"Action\":\"s3:GetObject\",\"Effect\":\"Allow\",\"Principal\":{\"AWS\":\"arn:aws:iam::cloudfront:user/CloudFront Origin Access Identity E11EO9NEFP0QM9\"},\"Resource\":[\"arn:aws:s3:::redes-aleph51-iac/*\",\"arn:aws:s3:::redes-aleph51-iac\"]}],\"Version\":\"2012-10-17\"}",
            "region": "us-east-1",
            "replication_configuration": [],
            "request_payer": "BucketOwner",
            "server_side_encryption_configuration": [
              {
                "rule": [
                  {
                    "apply_server_side_encryption_by_default": [
                      {
                        "kms_master_key_id": "",
                        "sse_algorithm": "AES256"
                      }
                    ],
                    "bucket_key_enabled": false
                  }
                ]
              }
            ],
            "tags": {},
            "tags_all": {},
            "timeouts": null,
            "versioning": [
              {
                "enabled": true,
                "mfa_delete": false
              }
            ],
            "website": [
              {
                "error_document": "error.html",
                "index_document": "index.html",
                "redirect_all_requests_to": "",
                "routing_rules": ""
              }
            ],
            "website_domain": "s3-website-us-east-1.amazonaws.com",
            "website_endpoint": "redes-aleph51-iac.s3-website-us-east-1.amazonaws.com"
          },
          "sensitive_attributes": [],
          "private": "eyJlMmJmYjczMC1lY2FhLTExZTYtOGY4OC0zNDM2M2JjN2M0YzAiOnsiY3JlYXRlIjoxMjAwMDAwMDAwMDAwLCJkZWxldGUiOjM2MDAwMDAwMDAwMDAsInJlYWQiOjEyMDAwMDAwMDAwMDAsInVwZGF0ZSI6MTIwMDAwMDAwMDAwMH19"
        }
      ]
    },
    {
      "module": "module.web-site.module.site_bucket",
      "mode": "managed",
      "type": "aws_s3_bucket_policy",
      "name": "this",
      "provider": "provider[\"registry.terraform.io/hashicorp/aws\"]",
      "instances": [
        {
          "index_key": 0,
          "schema_version": 0,
          "attributes": {
            "bucket": "redes-aleph51-iac",
            "id": "redes-aleph51-iac",
            "policy": "{\"Statement\":[{\"Action\":\"s3:GetObject\",\"Effect\":\"Allow\",\"Principal\":{\"AWS\":\"arn:aws:iam::cloudfront:user/CloudFront Origin Access Identity E11EO9NEFP0QM9\"},\"Resource\":[\"arn:aws:s3:::redes-aleph51-iac/*\",\"arn:aws:s3:::redes-aleph51-iac\"]}],\"Version\":\"2012-10-17\"}"
          },
          "sensitive_attributes": [],
          "private": "bnVsbA==",
          "dependencies": [
            "aws_cloudfront_origin_access_identity.oai",
            "module.web-site.data.aws_iam_policy_document.bucket_policy_document",
            "module.web-site.module.site_bucket.aws_s3_bucket.this",
            "module.web-site.module.site_bucket.aws_s3_bucket_public_access_block.this",
            "module.web-site.module.site_bucket.data.aws_caller_identity.current",
            "module.web-site.module.site_bucket.data.aws_iam_policy_document.access_log_delivery",
            "module.web-site.module.site_bucket.data.aws_iam_policy_document.combined",
            "module.web-site.module.site_bucket.data.aws_iam_policy_document.deny_insecure_transport",
            "module.web-site.module.site_bucket.data.aws_iam_policy_document.elb_log_delivery",
            "module.web-site.module.site_bucket.data.aws_iam_policy_document.inventory_and_analytics_destination_policy",
            "module.web-site.module.site_bucket.data.aws_iam_policy_document.lb_log_delivery",
            "module.web-site.module.site_bucket.data.aws_iam_policy_document.require_latest_tls",
            "module.web-site.module.site_bucket.data.aws_partition.current",
            "module.web-site.module.site_bucket.data.aws_region.current"
          ]
        }
      ]
    },
    {
      "module": "module.web-site.module.site_bucket",
      "mode": "managed",
      "type": "aws_s3_bucket_public_access_block",
      "name": "this",
      "provider": "provider[\"registry.terraform.io/hashicorp/aws\"]",
      "instances": [
        {
          "index_key": 0,
          "schema_version": 0,
          "attributes": {
            "block_public_acls": true,
            "block_public_policy": true,
            "bucket": "redes-aleph51-iac",
            "id": "redes-aleph51-iac",
            "ignore_public_acls": true,
            "restrict_public_buckets": true
          },
          "sensitive_attributes": [],
          "private": "bnVsbA==",
          "dependencies": [
            "module.web-site.module.site_bucket.aws_s3_bucket.this"
          ]
        }
      ]
    },
    {
      "module": "module.web-site.module.site_bucket",
      "mode": "managed",
      "type": "aws_s3_bucket_versioning",
      "name": "this",
      "provider": "provider[\"registry.terraform.io/hashicorp/aws\"]",
      "instances": [
        {
          "index_key": 0,
          "schema_version": 0,
          "attributes": {
            "bucket": "redes-aleph51-iac",
            "expected_bucket_owner": "",
            "id": "redes-aleph51-iac",
            "mfa": null,
            "versioning_configuration": [
              {
                "mfa_delete": "Disabled",
                "status": "Enabled"
              }
            ]
          },
          "sensitive_attributes": [],
          "private": "bnVsbA==",
          "dependencies": [
            "module.web-site.module.site_bucket.aws_s3_bucket.this"
          ]
        }
      ]
    },
    {
      "module": "module.web-site.module.site_bucket",
      "mode": "managed",
      "type": "aws_s3_bucket_website_configuration",
      "name": "this",
      "provider": "provider[\"registry.terraform.io/hashicorp/aws\"]",
      "instances": [
        {
          "index_key": 0,
          "schema_version": 0,
          "attributes": {
            "bucket": "redes-aleph51-iac",
            "error_document": [
              {
                "key": "error.html"
              }
            ],
            "expected_bucket_owner": "",
            "id": "redes-aleph51-iac",
            "index_document": [
              {
                "suffix": "index.html"
              }
            ],
            "redirect_all_requests_to": [],
            "routing_rule": [],
            "routing_rules": "",
            "website_domain": "s3-website-us-east-1.amazonaws.com",
            "website_endpoint": "redes-aleph51-iac.s3-website-us-east-1.amazonaws.com"
          },
          "sensitive_attributes": [],
          "private": "bnVsbA==",
          "dependencies": [
            "module.web-site.module.site_bucket.aws_s3_bucket.this"
          ]
        }
      ]
    }
  ],
  "check_results": null
}
