{
  "version": 4,
  "terraform_version": "1.3.7",
  "serial": 137,
  "lineage": "798baea6-42ce-e108-6514-4836789ebf40",
  "outputs": {},
  "resources": [
    {
      "mode": "data",
      "type": "aws_availability_zones",
      "name": "available",
      "provider": "provider[\"registry.terraform.io/hashicorp/aws\"]",
      "instances": [
        {
          "schema_version": 0,
          "attributes": {
            "all_availability_zones": null,
            "exclude_names": null,
            "exclude_zone_ids": null,
            "filter": null,
            "group_names": [
              "us-east-1"
            ],
            "id": "us-east-1",
            "names": [
              "us-east-1a",
              "us-east-1b",
              "us-east-1c",
              "us-east-1d",
              "us-east-1e",
              "us-east-1f"
            ],
            "state": "available",
            "timeouts": null,
            "zone_ids": [
              "use1-az4",
              "use1-az6",
              "use1-az1",
              "use1-az2",
              "use1-az3",
              "use1-az5"
            ]
          },
          "sensitive_attributes": []
        }
      ]
    },
    {
      "mode": "managed",
      "type": "aws_security_group",
      "name": "alb",
      "provider": "provider[\"registry.terraform.io/hashicorp/aws\"]",
      "instances": [
        {
          "schema_version": 1,
          "attributes": {
            "arn": "arn:aws:ec2:us-east-1:849363701316:security-group/sg-0e407c1b613bf2f3f",
            "description": "Allow inbound traffic",
            "egress": [
              {
                "cidr_blocks": [
                  "0.0.0.0/0"
                ],
                "description": "",
                "from_port": 0,
                "ipv6_cidr_blocks": [],
                "prefix_list_ids": [],
                "protocol": "-1",
                "security_groups": [],
                "self": false,
                "to_port": 0
              }
            ],
            "id": "sg-0e407c1b613bf2f3f",
            "ingress": [
              {
                "cidr_blocks": [
                  "0.0.0.0/0"
                ],
                "description": "",
                "from_port": 443,
                "ipv6_cidr_blocks": [],
                "prefix_list_ids": [],
                "protocol": "tcp",
                "security_groups": [],
                "self": false,
                "to_port": 443
              },
              {
                "cidr_blocks": [
                  "0.0.0.0/0"
                ],
                "description": "",
                "from_port": 80,
                "ipv6_cidr_blocks": [],
                "prefix_list_ids": [],
                "protocol": "tcp",
                "security_groups": [],
                "self": false,
                "to_port": 80
              }
            ],
            "name": "alb",
            "name_prefix": "",
            "owner_id": "849363701316",
            "revoke_rules_on_delete": false,
            "tags": {
              "Name": "alb-sg"
            },
            "tags_all": {
              "Name": "alb-sg"
            },
            "timeouts": null,
            "vpc_id": "vpc-008e29dd674863f39"
          },
          "sensitive_attributes": [],
          "private": "eyJlMmJmYjczMC1lY2FhLTExZTYtOGY4OC0zNDM2M2JjN2M0YzAiOnsiY3JlYXRlIjo2MDAwMDAwMDAwMDAsImRlbGV0ZSI6OTAwMDAwMDAwMDAwfSwic2NoZW1hX3ZlcnNpb24iOiIxIn0=",
          "dependencies": [
            "module.vpc.aws_vpc.this"
          ]
        }
      ]
    },
    {
      "mode": "managed",
      "type": "aws_security_group",
      "name": "ec2",
      "provider": "provider[\"registry.terraform.io/hashicorp/aws\"]",
      "instances": [
        {
          "schema_version": 1,
          "attributes": {
            "arn": "arn:aws:ec2:us-east-1:849363701316:security-group/sg-0a9839ae17a90ed26",
            "description": "Allow inbound traffic",
            "egress": [
              {
                "cidr_blocks": [
                  "0.0.0.0/0"
                ],
                "description": "",
                "from_port": 0,
                "ipv6_cidr_blocks": [],
                "prefix_list_ids": [],
                "protocol": "-1",
                "security_groups": [],
                "self": false,
                "to_port": 0
              }
            ],
            "id": "sg-0a9839ae17a90ed26",
            "ingress": [
              {
                "cidr_blocks": [
                  "0.0.0.0/0"
                ],
                "description": "",
                "from_port": 22,
                "ipv6_cidr_blocks": [],
                "prefix_list_ids": [],
                "protocol": "tcp",
                "security_groups": [],
                "self": false,
                "to_port": 22
              },
              {
                "cidr_blocks": [
                  "0.0.0.0/0"
                ],
                "description": "",
                "from_port": 443,
                "ipv6_cidr_blocks": [],
                "prefix_list_ids": [],
                "protocol": "tcp",
                "security_groups": [],
                "self": false,
                "to_port": 443
              },
              {
                "cidr_blocks": [
                  "0.0.0.0/0"
                ],
                "description": "",
                "from_port": 5000,
                "ipv6_cidr_blocks": [],
                "prefix_list_ids": [],
                "protocol": "tcp",
                "security_groups": [],
                "self": false,
                "to_port": 5000
              },
              {
                "cidr_blocks": [
                  "0.0.0.0/0"
                ],
                "description": "",
                "from_port": 80,
                "ipv6_cidr_blocks": [],
                "prefix_list_ids": [],
                "protocol": "tcp",
                "security_groups": [],
                "self": false,
                "to_port": 80
              }
            ],
            "name": "ec2",
            "name_prefix": "",
            "owner_id": "849363701316",
            "revoke_rules_on_delete": false,
            "tags": {
              "Name": "ec2"
            },
            "tags_all": {
              "Name": "ec2"
            },
            "timeouts": null,
            "vpc_id": "vpc-008e29dd674863f39"
          },
          "sensitive_attributes": [],
          "private": "eyJlMmJmYjczMC1lY2FhLTExZTYtOGY4OC0zNDM2M2JjN2M0YzAiOnsiY3JlYXRlIjo2MDAwMDAwMDAwMDAsImRlbGV0ZSI6OTAwMDAwMDAwMDAwfSwic2NoZW1hX3ZlcnNpb24iOiIxIn0=",
          "dependencies": [
            "module.vpc.aws_vpc.this"
          ],
          "create_before_destroy": true
        }
      ]
    },
    {
      "module": "module.alb",
      "mode": "managed",
      "type": "aws_lb",
      "name": "this",
      "provider": "provider[\"registry.terraform.io/hashicorp/aws\"]",
      "instances": [
        {
          "index_key": 0,
          "schema_version": 0,
          "attributes": {
            "access_logs": [
              {
                "bucket": "",
                "enabled": false,
                "prefix": ""
              }
            ],
            "arn": "arn:aws:elasticloadbalancing:us-east-1:849363701316:loadbalancer/app/redes-alb/fc93afc7c13370b4",
            "arn_suffix": "app/redes-alb/fc93afc7c13370b4",
            "customer_owned_ipv4_pool": "",
            "desync_mitigation_mode": "defensive",
            "dns_name": "redes-alb-1083227071.us-east-1.elb.amazonaws.com",
            "drop_invalid_header_fields": false,
            "enable_cross_zone_load_balancing": true,
            "enable_deletion_protection": false,
            "enable_http2": true,
            "enable_tls_version_and_cipher_suite_headers": false,
            "enable_waf_fail_open": false,
            "enable_xff_client_port": true,
            "id": "arn:aws:elasticloadbalancing:us-east-1:849363701316:loadbalancer/app/redes-alb/fc93afc7c13370b4",
            "idle_timeout": 60,
            "internal": false,
            "ip_address_type": "ipv4",
            "load_balancer_type": "application",
            "name": "redes-alb",
            "name_prefix": null,
            "preserve_host_header": false,
            "security_groups": [
              "sg-000062c9d7ec9903c",
              "sg-0e407c1b613bf2f3f"
            ],
            "subnet_mapping": [
              {
                "allocation_id": "",
                "ipv6_address": "",
                "outpost_id": "",
                "private_ipv4_address": "",
                "subnet_id": "subnet-039ffb14a0eb478c7"
              },
              {
                "allocation_id": "",
                "ipv6_address": "",
                "outpost_id": "",
                "private_ipv4_address": "",
                "subnet_id": "subnet-0857e585f5296d18d"
              }
            ],
            "subnets": [
              "subnet-039ffb14a0eb478c7",
              "subnet-0857e585f5296d18d"
            ],
            "tags": {
              "Name": "redes-alb"
            },
            "tags_all": {
              "Name": "redes-alb"
            },
            "timeouts": {
              "create": "10m",
              "delete": "10m",
              "update": "10m"
            },
            "vpc_id": "vpc-008e29dd674863f39",
            "xff_header_processing_mode": "append",
            "zone_id": "Z35SXDOTRQ7X7K"
          },
          "sensitive_attributes": [],
          "private": "eyJlMmJmYjczMC1lY2FhLTExZTYtOGY4OC0zNDM2M2JjN2M0YzAiOnsiY3JlYXRlIjo2MDAwMDAwMDAwMDAsImRlbGV0ZSI6NjAwMDAwMDAwMDAwLCJ1cGRhdGUiOjYwMDAwMDAwMDAwMH19",
          "dependencies": [
            "aws_security_group.alb",
            "data.aws_availability_zones.available",
            "module.alb.aws_security_group.this",
            "module.ig.aws_internet_gateway.this",
            "module.public-subnets.aws_route.default",
            "module.public-subnets.aws_route_table.this",
            "module.public-subnets.aws_route_table_association.this",
            "module.public-subnets.aws_subnet.this",
            "module.vpc.aws_vpc.this"
          ]
        }
      ]
    },
    {
      "module": "module.alb",
      "mode": "managed",
      "type": "aws_lb_listener",
      "name": "frontend_http_tcp",
      "provider": "provider[\"registry.terraform.io/hashicorp/aws\"]",
      "instances": [
        {
          "index_key": 0,
          "schema_version": 0,
          "attributes": {
            "alpn_policy": null,
            "arn": "arn:aws:elasticloadbalancing:us-east-1:849363701316:listener/app/redes-alb/fc93afc7c13370b4/00ce26ecba373305",
            "certificate_arn": null,
            "default_action": [
              {
                "authenticate_cognito": [],
                "authenticate_oidc": [],
                "fixed_response": [],
                "forward": [],
                "order": 1,
                "redirect": [],
                "target_group_arn": "arn:aws:elasticloadbalancing:us-east-1:849363701316:targetgroup/api-20230607191821881400000004/718ff80d0bee07ed",
                "type": "forward"
              }
            ],
            "id": "arn:aws:elasticloadbalancing:us-east-1:849363701316:listener/app/redes-alb/fc93afc7c13370b4/00ce26ecba373305",
            "load_balancer_arn": "arn:aws:elasticloadbalancing:us-east-1:849363701316:loadbalancer/app/redes-alb/fc93afc7c13370b4",
            "port": 80,
            "protocol": "HTTP",
            "ssl_policy": "",
            "tags": {
              "Name": "redes-alb"
            },
            "tags_all": {
              "Name": "redes-alb"
            },
            "timeouts": null
          },
          "sensitive_attributes": [],
          "private": "eyJlMmJmYjczMC1lY2FhLTExZTYtOGY4OC0zNDM2M2JjN2M0YzAiOnsicmVhZCI6NjAwMDAwMDAwMDAwfX0=",
          "dependencies": [
            "aws_security_group.alb",
            "aws_security_group.ec2",
            "data.aws_availability_zones.available",
            "module.alb.aws_lb.this",
            "module.alb.aws_lb_target_group.main",
            "module.alb.aws_security_group.this",
            "module.ec2-api.aws_instance.this",
            "module.ec2-api.aws_key_pair.key_pair",
            "module.ec2-api.data.aws_ami.amazon-linux-2",
            "module.ec2-api.local_file.ssh_key",
            "module.ec2-api.tls_private_key.key_pair",
            "module.ig.aws_internet_gateway.this",
            "module.nat_gw.aws_eip.nat",
            "module.nat_gw.aws_nat_gateway.this",
            "module.private-subnets.aws_route.default",
            "module.private-subnets.aws_route_table.this",
            "module.private-subnets.aws_route_table_association.this",
            "module.private-subnets.aws_subnet.this",
            "module.public-subnets.aws_route.default",
            "module.public-subnets.aws_route_table.this",
            "module.public-subnets.aws_route_table_association.this",
            "module.public-subnets.aws_subnet.this",
            "module.vpc.aws_vpc.this"
          ]
        }
      ]
    },
    {
      "module": "module.alb",
      "mode": "managed",
      "type": "aws_lb_target_group",
      "name": "main",
      "provider": "provider[\"registry.terraform.io/hashicorp/aws\"]",
      "instances": [
        {
          "index_key": 0,
          "schema_version": 0,
          "attributes": {
            "arn": "arn:aws:elasticloadbalancing:us-east-1:849363701316:targetgroup/api-20230607191821881400000004/718ff80d0bee07ed",
            "arn_suffix": "targetgroup/api-20230607191821881400000004/718ff80d0bee07ed",
            "connection_termination": false,
            "deregistration_delay": "300",
            "health_check": [
              {
                "enabled": true,
                "healthy_threshold": 5,
                "interval": 30,
                "matcher": "200",
                "path": "/",
                "port": "traffic-port",
                "protocol": "HTTP",
                "timeout": 5,
                "unhealthy_threshold": 2
              }
            ],
            "id": "arn:aws:elasticloadbalancing:us-east-1:849363701316:targetgroup/api-20230607191821881400000004/718ff80d0bee07ed",
            "ip_address_type": "ipv4",
            "lambda_multi_value_headers_enabled": false,
            "load_balancing_algorithm_type": "round_robin",
            "load_balancing_cross_zone_enabled": "use_load_balancer_configuration",
            "name": "api-20230607191821881400000004",
            "name_prefix": "api-",
            "port": 80,
            "preserve_client_ip": null,
            "protocol": "HTTP",
            "protocol_version": "HTTP1",
            "proxy_protocol_v2": false,
            "slow_start": 0,
            "stickiness": [
              {
                "cookie_duration": 86400,
                "cookie_name": "",
                "enabled": false,
                "type": "lb_cookie"
              }
            ],
            "tags": {
              "Name": "api-"
            },
            "tags_all": {
              "Name": "api-"
            },
            "target_failover": [
              {
                "on_deregistration": null,
                "on_unhealthy": null
              }
            ],
            "target_type": "instance",
            "vpc_id": "vpc-008e29dd674863f39"
          },
          "sensitive_attributes": [],
          "private": "bnVsbA==",
          "dependencies": [
            "aws_security_group.ec2",
            "data.aws_availability_zones.available",
            "module.ec2-api.aws_instance.this",
            "module.ec2-api.aws_key_pair.key_pair",
            "module.ec2-api.data.aws_ami.amazon-linux-2",
            "module.ec2-api.local_file.ssh_key",
            "module.ec2-api.tls_private_key.key_pair",
            "module.ig.aws_internet_gateway.this",
            "module.nat_gw.aws_eip.nat",
            "module.nat_gw.aws_nat_gateway.this",
            "module.private-subnets.aws_route.default",
            "module.private-subnets.aws_route_table.this",
            "module.private-subnets.aws_route_table_association.this",
            "module.private-subnets.aws_subnet.this",
            "module.public-subnets.aws_route.default",
            "module.public-subnets.aws_route_table.this",
            "module.public-subnets.aws_route_table_association.this",
            "module.public-subnets.aws_subnet.this",
            "module.vpc.aws_vpc.this"
          ],
          "create_before_destroy": true
        }
      ]
    },
    {
      "module": "module.alb",
      "mode": "managed",
      "type": "aws_lb_target_group_attachment",
      "name": "this",
      "provider": "provider[\"registry.terraform.io/hashicorp/aws\"]",
      "instances": [
        {
          "index_key": "0.instance_1",
          "schema_version": 0,
          "attributes": {
            "availability_zone": null,
            "id": "arn:aws:elasticloadbalancing:us-east-1:849363701316:targetgroup/api-20230607191821881400000004/718ff80d0bee07ed-20230607191825164000000005",
            "port": 5000,
            "target_group_arn": "arn:aws:elasticloadbalancing:us-east-1:849363701316:targetgroup/api-20230607191821881400000004/718ff80d0bee07ed",
            "target_id": "i-0614cb06c31520fed"
          },
          "sensitive_attributes": [],
          "private": "bnVsbA==",
          "dependencies": [
            "aws_security_group.ec2",
            "data.aws_availability_zones.available",
            "module.alb.aws_lambda_permission.lb",
            "module.alb.aws_lb_target_group.main",
            "module.ec2-api.aws_instance.this",
            "module.ec2-api.aws_key_pair.key_pair",
            "module.ec2-api.data.aws_ami.amazon-linux-2",
            "module.ec2-api.local_file.ssh_key",
            "module.ec2-api.tls_private_key.key_pair",
            "module.ig.aws_internet_gateway.this",
            "module.nat_gw.aws_eip.nat",
            "module.nat_gw.aws_nat_gateway.this",
            "module.private-subnets.aws_route.default",
            "module.private-subnets.aws_route_table.this",
            "module.private-subnets.aws_route_table_association.this",
            "module.private-subnets.aws_subnet.this",
            "module.public-subnets.aws_route.default",
            "module.public-subnets.aws_route_table.this",
            "module.public-subnets.aws_route_table_association.this",
            "module.public-subnets.aws_subnet.this",
            "module.vpc.aws_vpc.this"
          ]
        },
        {
          "index_key": "0.instance_2",
          "schema_version": 0,
          "attributes": {
            "availability_zone": null,
            "id": "arn:aws:elasticloadbalancing:us-east-1:849363701316:targetgroup/api-20230607191821881400000004/718ff80d0bee07ed-20230607191825453000000006",
            "port": 5000,
            "target_group_arn": "arn:aws:elasticloadbalancing:us-east-1:849363701316:targetgroup/api-20230607191821881400000004/718ff80d0bee07ed",
            "target_id": "i-0150d4cf53be3e049"
          },
          "sensitive_attributes": [],
          "private": "bnVsbA==",
          "dependencies": [
            "aws_security_group.ec2",
            "data.aws_availability_zones.available",
            "module.alb.aws_lambda_permission.lb",
            "module.alb.aws_lb_target_group.main",
            "module.ec2-api.aws_instance.this",
            "module.ec2-api.aws_key_pair.key_pair",
            "module.ec2-api.data.aws_ami.amazon-linux-2",
            "module.ec2-api.local_file.ssh_key",
            "module.ec2-api.tls_private_key.key_pair",
            "module.ig.aws_internet_gateway.this",
            "module.nat_gw.aws_eip.nat",
            "module.nat_gw.aws_nat_gateway.this",
            "module.private-subnets.aws_route.default",
            "module.private-subnets.aws_route_table.this",
            "module.private-subnets.aws_route_table_association.this",
            "module.private-subnets.aws_subnet.this",
            "module.public-subnets.aws_route.default",
            "module.public-subnets.aws_route_table.this",
            "module.public-subnets.aws_route_table_association.this",
            "module.public-subnets.aws_subnet.this",
            "module.vpc.aws_vpc.this"
          ]
        }
      ]
    },
    {
      "module": "module.alb",
      "mode": "managed",
      "type": "aws_security_group",
      "name": "this",
      "provider": "provider[\"registry.terraform.io/hashicorp/aws\"]",
      "instances": [
        {
          "index_key": 0,
          "schema_version": 1,
          "attributes": {
            "arn": "arn:aws:ec2:us-east-1:849363701316:security-group/sg-000062c9d7ec9903c",
            "description": "Managed by Terraform",
            "egress": [],
            "id": "sg-000062c9d7ec9903c",
            "ingress": [],
            "name": "redes-alb-20230607191511776100000001",
            "name_prefix": "redes-alb-",
            "owner_id": "849363701316",
            "revoke_rules_on_delete": false,
            "tags": {
              "Name": "redes-alb"
            },
            "tags_all": {
              "Name": "redes-alb"
            },
            "timeouts": null,
            "vpc_id": "vpc-008e29dd674863f39"
          },
          "sensitive_attributes": [],
          "private": "eyJlMmJmYjczMC1lY2FhLTExZTYtOGY4OC0zNDM2M2JjN2M0YzAiOnsiY3JlYXRlIjo2MDAwMDAwMDAwMDAsImRlbGV0ZSI6OTAwMDAwMDAwMDAwfSwic2NoZW1hX3ZlcnNpb24iOiIxIn0=",
          "dependencies": [
            "module.vpc.aws_vpc.this"
          ],
          "create_before_destroy": true
        }
      ]
    },
    {
      "module": "module.ec2-api[0]",
      "mode": "data",
      "type": "aws_ami",
      "name": "amazon-linux-2",
      "provider": "provider[\"registry.terraform.io/hashicorp/aws\"].aws",
      "instances": [
        {
          "schema_version": 0,
          "attributes": {
            "architecture": "x86_64",
            "arn": "arn:aws:ec2:us-east-1::image/ami-0c503d55a14d7a5f0",
            "block_device_mappings": [
              {
                "device_name": "/dev/xvda",
                "ebs": {
                  "delete_on_termination": "true",
                  "encrypted": "false",
                  "iops": "0",
                  "snapshot_id": "snap-0fc021f5e7363fdfc",
                  "throughput": "0",
                  "volume_size": "8",
                  "volume_type": "gp2"
                },
                "no_device": "",
                "virtual_name": ""
              }
            ],
            "boot_mode": "",
            "creation_date": "2023-06-02T19:40:41.000Z",
            "deprecation_time": "2025-06-02T19:40:41.000Z",
            "description": "Amazon Linux 2 AMI 2.0.20230530.0 x86_64 HVM gp2",
            "ena_support": true,
            "executable_users": null,
            "filter": [
              {
                "name": "name",
                "values": [
                  "amzn2-ami-hvm*"
                ]
              }
            ],
            "hypervisor": "xen",
            "id": "ami-0c503d55a14d7a5f0",
            "image_id": "ami-0c503d55a14d7a5f0",
            "image_location": "amazon/amzn2-ami-hvm-2.0.20230530.0-x86_64-gp2",
            "image_owner_alias": "amazon",
            "image_type": "machine",
            "imds_support": "",
            "include_deprecated": false,
            "kernel_id": "",
            "most_recent": true,
            "name": "amzn2-ami-hvm-2.0.20230530.0-x86_64-gp2",
            "name_regex": null,
            "owner_id": "137112412989",
            "owners": [
              "amazon"
            ],
            "platform": "",
            "platform_details": "Linux/UNIX",
            "product_codes": [],
            "public": true,
            "ramdisk_id": "",
            "root_device_name": "/dev/xvda",
            "root_device_type": "ebs",
            "root_snapshot_id": "snap-0fc021f5e7363fdfc",
            "sriov_net_support": "simple",
            "state": "available",
            "state_reason": {
              "code": "UNSET",
              "message": "UNSET"
            },
            "tags": {},
            "timeouts": null,
            "tpm_support": "",
            "usage_operation": "RunInstances",
            "virtualization_type": "hvm"
          },
          "sensitive_attributes": []
        }
      ]
    },
    {
      "module": "module.ec2-api[0]",
      "mode": "managed",
      "type": "aws_instance",
      "name": "this",
      "provider": "provider[\"registry.terraform.io/hashicorp/aws\"].aws",
      "instances": [
        {
          "schema_version": 1,
          "attributes": {
            "ami": "ami-0c503d55a14d7a5f0",
            "arn": "arn:aws:ec2:us-east-1:849363701316:instance/i-0614cb06c31520fed",
            "associate_public_ip_address": true,
            "availability_zone": "us-east-1a",
            "capacity_reservation_specification": [
              {
                "capacity_reservation_preference": "open",
                "capacity_reservation_target": []
              }
            ],
            "cpu_core_count": 1,
            "cpu_options": [
              {
                "amd_sev_snp": "",
                "core_count": 1,
                "threads_per_core": 1
              }
            ],
            "cpu_threads_per_core": 1,
            "credit_specification": [
              {
                "cpu_credits": "standard"
              }
            ],
            "disable_api_stop": false,
            "disable_api_termination": false,
            "ebs_block_device": [],
            "ebs_optimized": false,
            "enclave_options": [
              {
                "enabled": false
              }
            ],
            "ephemeral_block_device": [],
            "get_password_data": false,
            "hibernation": false,
            "host_id": "",
            "host_resource_group_arn": null,
            "iam_instance_profile": "",
            "id": "i-0614cb06c31520fed",
            "instance_initiated_shutdown_behavior": "stop",
            "instance_state": "running",
            "instance_type": "t2.micro",
            "ipv6_address_count": 0,
            "ipv6_addresses": [],
            "key_name": "express-api-0_key_pair",
            "launch_template": [],
            "maintenance_options": [
              {
                "auto_recovery": "default"
              }
            ],
            "metadata_options": [
              {
                "http_endpoint": "enabled",
                "http_put_response_hop_limit": 1,
                "http_tokens": "optional",
                "instance_metadata_tags": "disabled"
              }
            ],
            "monitoring": false,
            "network_interface": [],
            "outpost_arn": "",
            "password_data": "",
            "placement_group": "",
            "placement_partition_number": 0,
            "primary_network_interface_id": "eni-0a24e12d0bf2631c3",
            "private_dns": "ip-10-0-0-141.ec2.internal",
            "private_dns_name_options": [
              {
                "enable_resource_name_dns_a_record": false,
                "enable_resource_name_dns_aaaa_record": false,
                "hostname_type": "ip-name"
              }
            ],
            "private_ip": "10.0.0.141",
            "public_dns": "",
            "public_ip": "3.85.81.139",
            "root_block_device": [
              {
                "delete_on_termination": true,
                "device_name": "/dev/xvda",
                "encrypted": true,
                "iops": 100,
                "kms_key_id": "arn:aws:kms:us-east-1:849363701316:key/025c8054-9063-442d-872d-669b7e83f110",
                "tags": null,
                "throughput": 0,
                "volume_id": "vol-00647fdcf4979b7e3",
                "volume_size": 30,
                "volume_type": "gp2"
              }
            ],
            "secondary_private_ips": [],
            "security_groups": [],
            "source_dest_check": false,
            "subnet_id": "subnet-082b354312aab457e",
            "tags": {
              "CreatedBy": "terraform",
              "Name": "express-api-0"
            },
            "tags_all": {
              "CreatedBy": "terraform",
              "Name": "express-api-0",
              "author": "Grupo13",
              "created-by": "terraform",
              "subject": "Redes",
              "university": "ITBA",
              "version": "1"
            },
            "tenancy": "default",
            "timeouts": null,
            "user_data": "33dd1f955c7e48faaae738e80fc92343dd8d7c0e",
            "user_data_base64": null,
            "user_data_replace_on_change": false,
            "volume_tags": null,
            "vpc_security_group_ids": [
              "sg-0a9839ae17a90ed26"
            ]
          },
          "sensitive_attributes": [],
          "private": "eyJlMmJmYjczMC1lY2FhLTExZTYtOGY4OC0zNDM2M2JjN2M0YzAiOnsiY3JlYXRlIjo2MDAwMDAwMDAwMDAsImRlbGV0ZSI6MTIwMDAwMDAwMDAwMCwidXBkYXRlIjo2MDAwMDAwMDAwMDB9LCJzY2hlbWFfdmVyc2lvbiI6IjEifQ==",
          "dependencies": [
            "aws_security_group.ec2",
            "data.aws_availability_zones.available",
            "module.ec2-api.aws_key_pair.key_pair",
            "module.ec2-api.data.aws_ami.amazon-linux-2",
            "module.ec2-api.tls_private_key.key_pair",
            "module.ig.aws_internet_gateway.this",
            "module.nat_gw.aws_eip.nat",
            "module.nat_gw.aws_nat_gateway.this",
            "module.private-subnets.aws_route.default",
            "module.private-subnets.aws_route_table.this",
            "module.private-subnets.aws_route_table_association.this",
            "module.private-subnets.aws_subnet.this",
            "module.public-subnets.aws_route.default",
            "module.public-subnets.aws_route_table.this",
            "module.public-subnets.aws_route_table_association.this",
            "module.public-subnets.aws_subnet.this",
            "module.vpc.aws_vpc.this"
          ],
          "create_before_destroy": true
        }
      ]
    },
    {
      "module": "module.ec2-api[0]",
      "mode": "managed",
      "type": "aws_key_pair",
      "name": "key_pair",
      "provider": "provider[\"registry.terraform.io/hashicorp/aws\"].aws",
      "instances": [
        {
          "schema_version": 1,
          "attributes": {
            "arn": "arn:aws:ec2:us-east-1:849363701316:key-pair/express-api-0_key_pair",
            "fingerprint": "b5:2c:0a:07:48:fc:2e:6f:20:25:a0:23:2a:e4:21:ab",
            "id": "express-api-0_key_pair",
            "key_name": "express-api-0_key_pair",
            "key_name_prefix": "",
            "key_pair_id": "key-098e323819bf52cbf",
            "key_type": "rsa",
            "public_key": "ssh-rsa AAAAB3NzaC1yc2EAAAADAQABAAACAQDDlEMdB0Unbd8M61hm/IxTDKuwe94L4qxRhIU5ifCcL2LKFvedaZ3bOApo5m0XygdvRt4LB0XDSx4AUIKdOcieOzL1oDPm0uIpbcS4puPGxODKOezGv0HPw8MJagV9aX9V0jtZ4rtSUY//XiQCHSHLZYJWnWO2Ny7qpw8yRUFHZnfh8JHYloD64Ov/UIZ1HrOtx4NjDYz3iIS0iDn8P/4j6391ed0KJqAMPq2AXKBVgC4Yut6r+lAxcHpHacWt1REmOkkjatkjed1IzIpdi/eQfMpBEhWAcBFHZs7O5/QSuXlNoZuTyDJCA7xCM9LSLmcLv1XMWyV30hnOhn1z1JZNLZOk/+c2h9BjYoyHLEDujBWo2PefPkx6I6up3KR9DE2NpL7yIKdBo06fmknia/WGIWczlCyno+x5eVkvmOTux73n7Gu1blcJxCThFGny2OpSZF5iPwjDsdOmwODV2lLRuWNCvDDXcz8JgffXMmUtiLUNKA6jnfkKs2XbbEz2YRqQ0vtM6yMfe2VjiAOGQg/2nOZweRkquSzbqgF2taLJOEbK03GIXbX3HeAtwcqp+VKzGPT6JWQ7wsb1E0jP/auI8Sp6DJaajC1+BQ8ACp2223ppajk+29wAq9DF+IQYhdgP0oHvOjTZMyTYylzQ15BOmTfg8wlf+AABCJ/Xx2bKew==",
            "tags": null,
            "tags_all": {
              "author": "Grupo13",
              "created-by": "terraform",
              "subject": "Redes",
              "university": "ITBA",
              "version": "1"
            }
          },
          "sensitive_attributes": [],
          "private": "eyJzY2hlbWFfdmVyc2lvbiI6IjEifQ==",
          "dependencies": [
            "data.aws_availability_zones.available",
            "module.ec2-api.tls_private_key.key_pair"
          ],
          "create_before_destroy": true
        }
      ]
    },
    {
      "module": "module.ec2-api[0]",
      "mode": "managed",
      "type": "local_file",
      "name": "ssh_key",
      "provider": "provider[\"registry.terraform.io/hashicorp/local\"]",
      "instances": [
        {
          "schema_version": 0,
          "attributes": {
            "content": "-----BEGIN RSA PRIVATE KEY-----\nMIIJJwIBAAKCAgEAw5RDHQdFJ23fDOtYZvyMUwyrsHveC+KsUYSFOYnwnC9iyhb3\nnWmd2zgKaOZtF8oHb0beCwdFw0seAFCCnTnInjsy9aAz5tLiKW3EuKbjxsTgyjns\nxr9Bz8PDCWoFfWl/VdI7WeK7UlGP/14kAh0hy2WCVp1jtjcu6qcPMkVBR2Z34fCR\n2JaA+uDr/1CGdR6zrceDYw2M94iEtIg5/D/+I+t/dXndCiagDD6tgFygVYAuGLre\nq/pQMXB6R2nFrdURJjpJI2rZI3ndSMyKXYv3kHzKQRIVgHARR2bOzuf0Erl5TaGb\nk8gyQgO8QjPS0i5nC79VzFsld9IZzoZ9c9SWTS2TpP/nNofQY2KMhyxA7owVqNj3\nnz5MeiOrqdykfQxNjaS+8iCnQaNOn5pJ4mv1hiFnM5Qsp6PseXlZL5jk7se95+xr\ntW5XCcQk4RRp8tjqUmReYj8Iw7HTpsDg1dpS0bljQrww13M/CYH31zJlLYi1DSgO\no535CrNl22xM9mEakNL7TOsjH3tlY4gDhkIP9pzmcHkZKrks26oBdrWiyThGytNx\niF219x3gLcHKqflSsxj0+iVkO8LG9RNIz/2riPEqegyWmowtfgUPAAqdttt6aWo5\nPtvcAKvQxfiEGIXYD9KB7zo02TMk2Mpc0NeQTpk34PMJX/gAAQif18dmynsCAwEA\nAQKCAgBr7nsnHub7/ndUguBzXTX3cwugxorglkQwbGi1OzmMh94F1qzpsuqJmyCr\niVZ1BWoa78oD3gyS3PZ+h++84rGjGNpjkPhzjrd+03P3zynufKHtGBBiEhQ4mzkc\nDeVfs4OxEebtEOH9aMOF0ycd/4Ox4qAOOqdXXJbIqk8JmAyRYawRBRkHpO8jBFNY\nv9Cj+8B+y5bnaAf+ZtmNY4xUd+BBZGofo5PnUS+L8l7/cp6M8ML/pMjTsbzlu8PP\ne0C7UNU4+nt4TzPrjwoebbqCK4cAts1LIba5/Z6bf9HrfzhDyRV3URMxeA68PaF8\nC2tx0GfPpNSthTNlL45MWg4LiSs0D02E4znYaca3uSlY6fr4UqH5ZuRYfnZ/iKO8\nZ/Nrbq5dUWJWxUhlzMnP5axTY1jIlS/j5Flnfxql72L/+R1/TiOn9OoRs330aXZ1\nYNzU2PT3Ce5HKczabm9fe8xQwdCMnAB8s6y4eldl7A2XpnT/36xcZmk02I1SfiFt\n30duH4SQmDHKIucGguTVkEpH48HnEjNrozxaWtc9bwozamqAopDNzEYGdPNTZ+mv\n3W777PVIzviK//EsZwtUwP20trTBMAcxN5A5bMxv348Wm4cFYQ7/hfh5tLEsUHjz\nN+sGELv6CeU7uOW7OeF4ypzOXSfoUanWL/QW90JpsWB2fzSmcQKCAQEA41/CzyQa\n82SpD/QtDy7O3J/EpzTrFrN/SHhxDKfO1I260+lhUHoS0dZoptT2wQ03cD49C2IK\nsh2nCeGgMGbwYVaYk43CCE6DKJh0KT3GPlC5Y3122ethhb23YQw45j/ijB+Csip4\nOslKdP7dJVgalG6Q2kdhtBPAkYQ8Dw/sIe9alGL4ntHuyYBqllJMaGB5/7bxYlT8\nypUkOMKDuFF6SW3/hwxX0JViVteoQuxOGBb6DIw7SLyzB6WKK4mMjCIs1nuRonQg\nTSgSxniKO7COFP/Y7pwHo5/ce7rVxPRm0ikfhJcFIjzOT0wsOGTMnvqyLufA6+P8\nPIj8J2lRkPEjiQKCAQEA3DPBOo9z+dgxGNJdcfJ9IrbHFuZ5f5SiRUmRVejEQkFB\nwV7iFOCGSk46gghpAUSt7GFu1cP+988rJ37el48ytDce0H8rFiLbkLD+Mq7R7PUB\nrX6H41WgNhTjVw4Mo/7JWLtN6Gvb9Bd9d54HtGJNHJPO4W8YgehTanSYh1Z/a7//\nF6BcXMmCyhB1R7ymJ55oeb+KXfd+JENT0huMKLcQtReTbAWy073fQN75O0sZk/jw\n4x580XSTPZ0FFszc55lQocMqBlz+Y+2jY69skRms2vmLZqCGBytPJf19+u7yVdiq\nrvAI4+l9HWqICBKcF8DiW9gJQGLX/2DX2WeQPrgI4wKB/0xh3w+3EVayehjh7kEr\neFKlWWrSXCdEJX4y98dImDLPafPGcuqWF7xmSsHAySQRTI5oWhl41h7/1x16rlWU\nPyxz6s2m0Yf42BbLIDq6hd5pP94sR8DtUdWb5f60HGk9DN4Ft+IiYkFdXaXv+FqT\nPlqeygqJ8EiOWiKISaTFtI2x2rv+g4bW/2Cxwxy8iO6HenRtAKoH4uQrNf/bWGSS\n+oGwcibr/pQTmvWRfPT+bT2qelW8xi2pNntbIQ9/JbftwyJKYKIyYKeKzsPdupJS\nvWhQio+d2vMcwPTPzwBbGi9/oRbppM/bnXMGI9TOB+9gSHt5X1XfQN0VJ6AVwVDv\nsQKCAQEAmsbiDfhhK38zW2AaAIrSPEE/BTCwu+VMfeks97appGxb/MBlpwj+O2Jr\nK5UfwZ11po4Bqs2d/K8ohRVe/ibQG+4WgbSxI1kS/cv6kMNimOzJ5hnnB/rapsjd\n1wXwCqF/Axh8tV6C9zo/nYF9puPlka2vH7PIBR+46j3ULGS3IZSNiBzWbv3RKZiR\n5v+JxpVImDLy3gOlLXYJh8iHJuMuIivVGnuS69QtBVr00iGCdAjpwKpgT5ViHU+u\nEQ2kREH2dA1LD7fzs2eIjfvzErZ6UlxPCK7SJl3hvzFDiMrFmWO27UmY5iHrKG8F\n+K6j+uo/8RCTyCbx7fYzIgPyVrNiwwKCAQEAkkrzM8ffEUPfy9tDzq32V4V6tFK5\nnA8P3SYeojVsf0rAsDIMz1p4nLVjHGQuAVYNafL7c2MxJc0KWxGp/O/M/VCESGJE\nfSlkGanOBYXcKVy4V1iC24hLHn0+kZK/G02oMesQVBLurUb6Qced+qQ+83ga3EE+\nu1N8FrHlvQEq1MSi9GAI07GMwmhOi6nUsfre+SEgLBTUv6/64Gb1gUmpanNkreSk\nB9tQ4Stao6FvaEXscXnbQQsIdSwYfZTs3ZvOdbPnia9EmQdu0xfX3FleLSC1pCef\n05ufqTN1a97EgYh0w6JBS+i/mBiJUrlHZ6t6I5dYKmAIjBNhQ3mvV6L0Lw==\n-----END RSA PRIVATE KEY-----\n",
            "content_base64": null,
            "content_base64sha256": "trP9PcWhIuRFsyy7Igh+DoI+di5UuR3YUBfnXDJAkwk=",
            "content_base64sha512": "kn60Es2XdNbcMOtG9xRxb47/Av+9bPnwwGvO2UnCAikDOAqbR+Va+lI5kOK/+LLoRtji/PRJ7WytLAxqKTVtVA==",
            "content_md5": "d0758c9510bce2548828e1b3b11acff6",
            "content_sha1": "ad17c72db2e1e20dbc8d9b864c6e4f3247937b3f",
            "content_sha256": "b6b3fd3dc5a122e445b32cbb22087e0e823e762e54b91dd85017e75c32409309",
            "content_sha512": "927eb412cd9774d6dc30eb46f714716f8eff02ffbd6cf9f0c06bced949c2022903380a9b47e55afa523990e2bff8b2e846d8e2fcf449ed6cad2c0c6a29356d54",
            "directory_permission": "0777",
            "file_permission": "0777",
            "filename": "express-api-0_key_pair.pem",
            "id": "ad17c72db2e1e20dbc8d9b864c6e4f3247937b3f",
            "sensitive_content": null,
            "source": null
          },
          "sensitive_attributes": [
            [
              {
                "type": "get_attr",
                "value": "content"
              }
            ]
          ],
          "dependencies": [
            "data.aws_availability_zones.available",
            "module.ec2-api.aws_key_pair.key_pair",
            "module.ec2-api.tls_private_key.key_pair"
          ],
          "create_before_destroy": true
        }
      ]
    },
    {
      "module": "module.ec2-api[0]",
      "mode": "managed",
      "type": "tls_private_key",
      "name": "key_pair",
      "provider": "provider[\"registry.terraform.io/hashicorp/tls\"]",
      "instances": [
        {
          "schema_version": 1,
          "attributes": {
            "algorithm": "RSA",
            "ecdsa_curve": "P224",
            "id": "ad4c160a001dfd990dc641e5f5b0a69309448a85",
            "private_key_openssh": "-----BEGIN OPENSSH PRIVATE KEY-----\nb3BlbnNzaC1rZXktdjEAAAAABG5vbmUAAAAEbm9uZQAAAAAAAAABAAACFwAAAAdz\nc2gtcnNhAAAAAwEAAQAAAgEAw5RDHQdFJ23fDOtYZvyMUwyrsHveC+KsUYSFOYnw\nnC9iyhb3nWmd2zgKaOZtF8oHb0beCwdFw0seAFCCnTnInjsy9aAz5tLiKW3EuKbj\nxsTgyjnsxr9Bz8PDCWoFfWl/VdI7WeK7UlGP/14kAh0hy2WCVp1jtjcu6qcPMkVB\nR2Z34fCR2JaA+uDr/1CGdR6zrceDYw2M94iEtIg5/D/+I+t/dXndCiagDD6tgFyg\nVYAuGLreq/pQMXB6R2nFrdURJjpJI2rZI3ndSMyKXYv3kHzKQRIVgHARR2bOzuf0\nErl5TaGbk8gyQgO8QjPS0i5nC79VzFsld9IZzoZ9c9SWTS2TpP/nNofQY2KMhyxA\n7owVqNj3nz5MeiOrqdykfQxNjaS+8iCnQaNOn5pJ4mv1hiFnM5Qsp6PseXlZL5jk\n7se95+xrtW5XCcQk4RRp8tjqUmReYj8Iw7HTpsDg1dpS0bljQrww13M/CYH31zJl\nLYi1DSgOo535CrNl22xM9mEakNL7TOsjH3tlY4gDhkIP9pzmcHkZKrks26oBdrWi\nyThGytNxiF219x3gLcHKqflSsxj0+iVkO8LG9RNIz/2riPEqegyWmowtfgUPAAqd\nttt6aWo5PtvcAKvQxfiEGIXYD9KB7zo02TMk2Mpc0NeQTpk34PMJX/gAAQif18dm\nynsAAAc4fub7wn7m+8IAAAAHc3NoLXJzYQAAAgEAw5RDHQdFJ23fDOtYZvyMUwyr\nsHveC+KsUYSFOYnwnC9iyhb3nWmd2zgKaOZtF8oHb0beCwdFw0seAFCCnTnInjsy\n9aAz5tLiKW3EuKbjxsTgyjnsxr9Bz8PDCWoFfWl/VdI7WeK7UlGP/14kAh0hy2WC\nVp1jtjcu6qcPMkVBR2Z34fCR2JaA+uDr/1CGdR6zrceDYw2M94iEtIg5/D/+I+t/\ndXndCiagDD6tgFygVYAuGLreq/pQMXB6R2nFrdURJjpJI2rZI3ndSMyKXYv3kHzK\nQRIVgHARR2bOzuf0Erl5TaGbk8gyQgO8QjPS0i5nC79VzFsld9IZzoZ9c9SWTS2T\npP/nNofQY2KMhyxA7owVqNj3nz5MeiOrqdykfQxNjaS+8iCnQaNOn5pJ4mv1hiFn\nM5Qsp6PseXlZL5jk7se95+xrtW5XCcQk4RRp8tjqUmReYj8Iw7HTpsDg1dpS0blj\nQrww13M/CYH31zJlLYi1DSgOo535CrNl22xM9mEakNL7TOsjH3tlY4gDhkIP9pzm\ncHkZKrks26oBdrWiyThGytNxiF219x3gLcHKqflSsxj0+iVkO8LG9RNIz/2riPEq\negyWmowtfgUPAAqdttt6aWo5PtvcAKvQxfiEGIXYD9KB7zo02TMk2Mpc0NeQTpk3\n4PMJX/gAAQif18dmynsAAAADAQABAAACAGvueyce5vv+d1SC4HNdNfdzC6DGiuCW\nRDBsaLU7OYyH3gXWrOmy6ombIKuJVnUFahrvygPeDJLc9n6H77zisaMY2mOQ+HOO\nt37Tc/fPKe58oe0YEGISFDibORwN5V+zg7ER5u0Q4f1ow4XTJx3/g7HioA46p1dc\nlsiqTwmYDJFhrBEFGQek7yMEU1i/0KP7wH7LludoB/5m2Y1jjFR34EFkah+jk+dR\nL4vyXv9ynozwwv+kyNOxvOW7w897QLtQ1Tj6e3hPM+uPCh5tuoIrhwC2zUshtrn9\nnpt/0et/OEPJFXdREzF4Drw9oXwLa3HQZ8+k1K2FM2UvjkxaDguJKzQPTYTjOdhp\nxre5KVjp+vhSoflm5Fh+dn+Io7xn82turl1RYlbFSGXMyc/lrFNjWMiVL+PkWWd/\nGqXvYv/5HX9OI6f06hGzffRpdnVg3NTY9PcJ7kcpzNpub197zFDB0IycAHyzrLh6\nV2XsDZemdP/frFxmaTTYjVJ+IW3fR24fhJCYMcoi5waC5NWQSkfjwecSM2ujPFpa\n1z1vCjNqaoCikM3MRgZ081Nn6a/dbvvs9UjO+Ir/8SxnC1TA/bS2tMEwBzE3kDls\nzG/fjxabhwVhDv+F+Hm0sSxQePM36wYQu/oJ5Tu45bs54XjKnM5dJ+hRqdYv9Bb3\nQmmxYHZ/NKZxAAABAQCSSvMzx98RQ9/L20POrfZXhXq0UrmcDw/dJh6iNWx/SsCw\nMgzPWnictWMcZC4BVg1p8vtzYzElzQpbEan878z9UIRIYkR9KWQZqc4FhdwpXLhX\nWILbiEsefT6Rkr8bTagx6xBUEu6tRvpBx536pD7zeBrcQT67U3wWseW9ASrUxKL0\nYAjTsYzCaE6LqdSx+t75ISAsFNS/r/rgZvWBSalqc2St5KQH21DhK1qjoW9oRexx\nedtBCwh1LBh9lOzdm851s+eJr0SZB27TF9fcWV4tILWkJ5/Tm5+pM3Vr3sSBiHTD\nokFL6L+YGIlSuUdnq3ojl1gqYAiME2FDea9XovQvAAABAQDjX8LPJBrzZKkP9C0P\nLs7cn8SnNOsWs39IeHEMp87UjbrT6WFQehLR1mim1PbBDTdwPj0LYgqyHacJ4aAw\nZvBhVpiTjcIIToMomHQpPcY+ULljfXbZ62GFvbdhDDjmP+KMH4KyKng6yUp0/t0l\nWBqUbpDaR2G0E8CRhDwPD+wh71qUYvie0e7JgGqWUkxoYHn/tvFiVPzKlSQ4woO4\nUXpJbf+HDFfQlWJW16hC7E4YFvoMjDtIvLMHpYoriYyMIizWe5GidCBNKBLGeIo7\nsI4U/9junAejn9x7utXE9GbSKR+ElwUiPM5PTCw4ZMye+rIu58Dr4/w8iPwnaVGQ\n8SOJAAABAQDcM8E6j3P52DEY0l1x8n0itscW5nl/lKJFSZFV6MRCQUHBXuIU4IZK\nTjqCCGkBRK3sYW7Vw/73zysnft6XjzK0Nx7QfysWItuQsP4yrtHs9QGtfofjVaA2\nFONXDgyj/slYu03oa9v0F313nge0Yk0ck87hbxiB6FNqdJiHVn9rv/8XoFxcyYLK\nEHVHvKYnnmh5v4pd934kQ1PSG4wotxC1F5NsBbLTvd9A3vk7SxmT+PDjHnzRdJM9\nnQUWzNznmVChwyoGXP5j7aNjr2yRGaza+YtmoIYHK08l/X367vJV2Kqu8Ajj6X0d\naogIEpwXwOJb2AlAYtf/YNfZZ5A+uAjjAAAAAAEC\n-----END OPENSSH PRIVATE KEY-----\n",
            "private_key_pem": "-----BEGIN RSA PRIVATE KEY-----\nMIIJJwIBAAKCAgEAw5RDHQdFJ23fDOtYZvyMUwyrsHveC+KsUYSFOYnwnC9iyhb3\nnWmd2zgKaOZtF8oHb0beCwdFw0seAFCCnTnInjsy9aAz5tLiKW3EuKbjxsTgyjns\nxr9Bz8PDCWoFfWl/VdI7WeK7UlGP/14kAh0hy2WCVp1jtjcu6qcPMkVBR2Z34fCR\n2JaA+uDr/1CGdR6zrceDYw2M94iEtIg5/D/+I+t/dXndCiagDD6tgFygVYAuGLre\nq/pQMXB6R2nFrdURJjpJI2rZI3ndSMyKXYv3kHzKQRIVgHARR2bOzuf0Erl5TaGb\nk8gyQgO8QjPS0i5nC79VzFsld9IZzoZ9c9SWTS2TpP/nNofQY2KMhyxA7owVqNj3\nnz5MeiOrqdykfQxNjaS+8iCnQaNOn5pJ4mv1hiFnM5Qsp6PseXlZL5jk7se95+xr\ntW5XCcQk4RRp8tjqUmReYj8Iw7HTpsDg1dpS0bljQrww13M/CYH31zJlLYi1DSgO\no535CrNl22xM9mEakNL7TOsjH3tlY4gDhkIP9pzmcHkZKrks26oBdrWiyThGytNx\niF219x3gLcHKqflSsxj0+iVkO8LG9RNIz/2riPEqegyWmowtfgUPAAqdttt6aWo5\nPtvcAKvQxfiEGIXYD9KB7zo02TMk2Mpc0NeQTpk34PMJX/gAAQif18dmynsCAwEA\nAQKCAgBr7nsnHub7/ndUguBzXTX3cwugxorglkQwbGi1OzmMh94F1qzpsuqJmyCr\niVZ1BWoa78oD3gyS3PZ+h++84rGjGNpjkPhzjrd+03P3zynufKHtGBBiEhQ4mzkc\nDeVfs4OxEebtEOH9aMOF0ycd/4Ox4qAOOqdXXJbIqk8JmAyRYawRBRkHpO8jBFNY\nv9Cj+8B+y5bnaAf+ZtmNY4xUd+BBZGofo5PnUS+L8l7/cp6M8ML/pMjTsbzlu8PP\ne0C7UNU4+nt4TzPrjwoebbqCK4cAts1LIba5/Z6bf9HrfzhDyRV3URMxeA68PaF8\nC2tx0GfPpNSthTNlL45MWg4LiSs0D02E4znYaca3uSlY6fr4UqH5ZuRYfnZ/iKO8\nZ/Nrbq5dUWJWxUhlzMnP5axTY1jIlS/j5Flnfxql72L/+R1/TiOn9OoRs330aXZ1\nYNzU2PT3Ce5HKczabm9fe8xQwdCMnAB8s6y4eldl7A2XpnT/36xcZmk02I1SfiFt\n30duH4SQmDHKIucGguTVkEpH48HnEjNrozxaWtc9bwozamqAopDNzEYGdPNTZ+mv\n3W777PVIzviK//EsZwtUwP20trTBMAcxN5A5bMxv348Wm4cFYQ7/hfh5tLEsUHjz\nN+sGELv6CeU7uOW7OeF4ypzOXSfoUanWL/QW90JpsWB2fzSmcQKCAQEA41/CzyQa\n82SpD/QtDy7O3J/EpzTrFrN/SHhxDKfO1I260+lhUHoS0dZoptT2wQ03cD49C2IK\nsh2nCeGgMGbwYVaYk43CCE6DKJh0KT3GPlC5Y3122ethhb23YQw45j/ijB+Csip4\nOslKdP7dJVgalG6Q2kdhtBPAkYQ8Dw/sIe9alGL4ntHuyYBqllJMaGB5/7bxYlT8\nypUkOMKDuFF6SW3/hwxX0JViVteoQuxOGBb6DIw7SLyzB6WKK4mMjCIs1nuRonQg\nTSgSxniKO7COFP/Y7pwHo5/ce7rVxPRm0ikfhJcFIjzOT0wsOGTMnvqyLufA6+P8\nPIj8J2lRkPEjiQKCAQEA3DPBOo9z+dgxGNJdcfJ9IrbHFuZ5f5SiRUmRVejEQkFB\nwV7iFOCGSk46gghpAUSt7GFu1cP+988rJ37el48ytDce0H8rFiLbkLD+Mq7R7PUB\nrX6H41WgNhTjVw4Mo/7JWLtN6Gvb9Bd9d54HtGJNHJPO4W8YgehTanSYh1Z/a7//\nF6BcXMmCyhB1R7ymJ55oeb+KXfd+JENT0huMKLcQtReTbAWy073fQN75O0sZk/jw\n4x580XSTPZ0FFszc55lQocMqBlz+Y+2jY69skRms2vmLZqCGBytPJf19+u7yVdiq\nrvAI4+l9HWqICBKcF8DiW9gJQGLX/2DX2WeQPrgI4wKB/0xh3w+3EVayehjh7kEr\neFKlWWrSXCdEJX4y98dImDLPafPGcuqWF7xmSsHAySQRTI5oWhl41h7/1x16rlWU\nPyxz6s2m0Yf42BbLIDq6hd5pP94sR8DtUdWb5f60HGk9DN4Ft+IiYkFdXaXv+FqT\nPlqeygqJ8EiOWiKISaTFtI2x2rv+g4bW/2Cxwxy8iO6HenRtAKoH4uQrNf/bWGSS\n+oGwcibr/pQTmvWRfPT+bT2qelW8xi2pNntbIQ9/JbftwyJKYKIyYKeKzsPdupJS\nvWhQio+d2vMcwPTPzwBbGi9/oRbppM/bnXMGI9TOB+9gSHt5X1XfQN0VJ6AVwVDv\nsQKCAQEAmsbiDfhhK38zW2AaAIrSPEE/BTCwu+VMfeks97appGxb/MBlpwj+O2Jr\nK5UfwZ11po4Bqs2d/K8ohRVe/ibQG+4WgbSxI1kS/cv6kMNimOzJ5hnnB/rapsjd\n1wXwCqF/Axh8tV6C9zo/nYF9puPlka2vH7PIBR+46j3ULGS3IZSNiBzWbv3RKZiR\n5v+JxpVImDLy3gOlLXYJh8iHJuMuIivVGnuS69QtBVr00iGCdAjpwKpgT5ViHU+u\nEQ2kREH2dA1LD7fzs2eIjfvzErZ6UlxPCK7SJl3hvzFDiMrFmWO27UmY5iHrKG8F\n+K6j+uo/8RCTyCbx7fYzIgPyVrNiwwKCAQEAkkrzM8ffEUPfy9tDzq32V4V6tFK5\nnA8P3SYeojVsf0rAsDIMz1p4nLVjHGQuAVYNafL7c2MxJc0KWxGp/O/M/VCESGJE\nfSlkGanOBYXcKVy4V1iC24hLHn0+kZK/G02oMesQVBLurUb6Qced+qQ+83ga3EE+\nu1N8FrHlvQEq1MSi9GAI07GMwmhOi6nUsfre+SEgLBTUv6/64Gb1gUmpanNkreSk\nB9tQ4Stao6FvaEXscXnbQQsIdSwYfZTs3ZvOdbPnia9EmQdu0xfX3FleLSC1pCef\n05ufqTN1a97EgYh0w6JBS+i/mBiJUrlHZ6t6I5dYKmAIjBNhQ3mvV6L0Lw==\n-----END RSA PRIVATE KEY-----\n",
            "private_key_pem_pkcs8": "-----BEGIN PRIVATE KEY-----\nMIIJQQIBADANBgkqhkiG9w0BAQEFAASCCSswggknAgEAAoICAQDDlEMdB0Unbd8M\n61hm/IxTDKuwe94L4qxRhIU5ifCcL2LKFvedaZ3bOApo5m0XygdvRt4LB0XDSx4A\nUIKdOcieOzL1oDPm0uIpbcS4puPGxODKOezGv0HPw8MJagV9aX9V0jtZ4rtSUY//\nXiQCHSHLZYJWnWO2Ny7qpw8yRUFHZnfh8JHYloD64Ov/UIZ1HrOtx4NjDYz3iIS0\niDn8P/4j6391ed0KJqAMPq2AXKBVgC4Yut6r+lAxcHpHacWt1REmOkkjatkjed1I\nzIpdi/eQfMpBEhWAcBFHZs7O5/QSuXlNoZuTyDJCA7xCM9LSLmcLv1XMWyV30hnO\nhn1z1JZNLZOk/+c2h9BjYoyHLEDujBWo2PefPkx6I6up3KR9DE2NpL7yIKdBo06f\nmknia/WGIWczlCyno+x5eVkvmOTux73n7Gu1blcJxCThFGny2OpSZF5iPwjDsdOm\nwODV2lLRuWNCvDDXcz8JgffXMmUtiLUNKA6jnfkKs2XbbEz2YRqQ0vtM6yMfe2Vj\niAOGQg/2nOZweRkquSzbqgF2taLJOEbK03GIXbX3HeAtwcqp+VKzGPT6JWQ7wsb1\nE0jP/auI8Sp6DJaajC1+BQ8ACp2223ppajk+29wAq9DF+IQYhdgP0oHvOjTZMyTY\nylzQ15BOmTfg8wlf+AABCJ/Xx2bKewIDAQABAoICAGvueyce5vv+d1SC4HNdNfdz\nC6DGiuCWRDBsaLU7OYyH3gXWrOmy6ombIKuJVnUFahrvygPeDJLc9n6H77zisaMY\n2mOQ+HOOt37Tc/fPKe58oe0YEGISFDibORwN5V+zg7ER5u0Q4f1ow4XTJx3/g7Hi\noA46p1dclsiqTwmYDJFhrBEFGQek7yMEU1i/0KP7wH7LludoB/5m2Y1jjFR34EFk\nah+jk+dRL4vyXv9ynozwwv+kyNOxvOW7w897QLtQ1Tj6e3hPM+uPCh5tuoIrhwC2\nzUshtrn9npt/0et/OEPJFXdREzF4Drw9oXwLa3HQZ8+k1K2FM2UvjkxaDguJKzQP\nTYTjOdhpxre5KVjp+vhSoflm5Fh+dn+Io7xn82turl1RYlbFSGXMyc/lrFNjWMiV\nL+PkWWd/GqXvYv/5HX9OI6f06hGzffRpdnVg3NTY9PcJ7kcpzNpub197zFDB0Iyc\nAHyzrLh6V2XsDZemdP/frFxmaTTYjVJ+IW3fR24fhJCYMcoi5waC5NWQSkfjwecS\nM2ujPFpa1z1vCjNqaoCikM3MRgZ081Nn6a/dbvvs9UjO+Ir/8SxnC1TA/bS2tMEw\nBzE3kDlszG/fjxabhwVhDv+F+Hm0sSxQePM36wYQu/oJ5Tu45bs54XjKnM5dJ+hR\nqdYv9Bb3QmmxYHZ/NKZxAoIBAQDjX8LPJBrzZKkP9C0PLs7cn8SnNOsWs39IeHEM\np87UjbrT6WFQehLR1mim1PbBDTdwPj0LYgqyHacJ4aAwZvBhVpiTjcIIToMomHQp\nPcY+ULljfXbZ62GFvbdhDDjmP+KMH4KyKng6yUp0/t0lWBqUbpDaR2G0E8CRhDwP\nD+wh71qUYvie0e7JgGqWUkxoYHn/tvFiVPzKlSQ4woO4UXpJbf+HDFfQlWJW16hC\n7E4YFvoMjDtIvLMHpYoriYyMIizWe5GidCBNKBLGeIo7sI4U/9junAejn9x7utXE\n9GbSKR+ElwUiPM5PTCw4ZMye+rIu58Dr4/w8iPwnaVGQ8SOJAoIBAQDcM8E6j3P5\n2DEY0l1x8n0itscW5nl/lKJFSZFV6MRCQUHBXuIU4IZKTjqCCGkBRK3sYW7Vw/73\nzysnft6XjzK0Nx7QfysWItuQsP4yrtHs9QGtfofjVaA2FONXDgyj/slYu03oa9v0\nF313nge0Yk0ck87hbxiB6FNqdJiHVn9rv/8XoFxcyYLKEHVHvKYnnmh5v4pd934k\nQ1PSG4wotxC1F5NsBbLTvd9A3vk7SxmT+PDjHnzRdJM9nQUWzNznmVChwyoGXP5j\n7aNjr2yRGaza+YtmoIYHK08l/X367vJV2Kqu8Ajj6X0daogIEpwXwOJb2AlAYtf/\nYNfZZ5A+uAjjAoH/TGHfD7cRVrJ6GOHuQSt4UqVZatJcJ0QlfjL3x0iYMs9p88Zy\n6pYXvGZKwcDJJBFMjmhaGXjWHv/XHXquVZQ/LHPqzabRh/jYFssgOrqF3mk/3ixH\nwO1R1Zvl/rQcaT0M3gW34iJiQV1dpe/4WpM+Wp7KConwSI5aIohJpMW0jbHau/6D\nhtb/YLHDHLyI7od6dG0Aqgfi5Cs1/9tYZJL6gbByJuv+lBOa9ZF89P5tPap6VbzG\nLak2e1shD38lt+3DIkpgojJgp4rOw926klK9aFCKj53a8xzA9M/PAFsaL3+hFumk\nz9udcwYj1M4H72BIe3lfVd9A3RUnoBXBUO+xAoIBAQCaxuIN+GErfzNbYBoAitI8\nQT8FMLC75Ux96Sz3tqmkbFv8wGWnCP47YmsrlR/BnXWmjgGqzZ38ryiFFV7+JtAb\n7haBtLEjWRL9y/qQw2KY7MnmGecH+tqmyN3XBfAKoX8DGHy1XoL3Oj+dgX2m4+WR\nra8fs8gFH7jqPdQsZLchlI2IHNZu/dEpmJHm/4nGlUiYMvLeA6UtdgmHyIcm4y4i\nK9Uae5Lr1C0FWvTSIYJ0COnAqmBPlWIdT64RDaREQfZ0DUsPt/OzZ4iN+/MStnpS\nXE8IrtImXeG/MUOIysWZY7btSZjmIesobwX4rqP66j/xEJPIJvHt9jMiA/JWs2LD\nAoIBAQCSSvMzx98RQ9/L20POrfZXhXq0UrmcDw/dJh6iNWx/SsCwMgzPWnictWMc\nZC4BVg1p8vtzYzElzQpbEan878z9UIRIYkR9KWQZqc4FhdwpXLhXWILbiEsefT6R\nkr8bTagx6xBUEu6tRvpBx536pD7zeBrcQT67U3wWseW9ASrUxKL0YAjTsYzCaE6L\nqdSx+t75ISAsFNS/r/rgZvWBSalqc2St5KQH21DhK1qjoW9oRexxedtBCwh1LBh9\nlOzdm851s+eJr0SZB27TF9fcWV4tILWkJ5/Tm5+pM3Vr3sSBiHTDokFL6L+YGIlS\nuUdnq3ojl1gqYAiME2FDea9XovQv\n-----END PRIVATE KEY-----\n",
            "public_key_fingerprint_md5": "ea:15:29:3a:0e:e6:ab:97:3b:75:53:8b:6c:35:14:bb",
            "public_key_fingerprint_sha256": "SHA256:ZLB/IERPIRSuOpW7TMl7x3JwOf7lURMWilBRCyalsJM",
            "public_key_openssh": "ssh-rsa AAAAB3NzaC1yc2EAAAADAQABAAACAQDDlEMdB0Unbd8M61hm/IxTDKuwe94L4qxRhIU5ifCcL2LKFvedaZ3bOApo5m0XygdvRt4LB0XDSx4AUIKdOcieOzL1oDPm0uIpbcS4puPGxODKOezGv0HPw8MJagV9aX9V0jtZ4rtSUY//XiQCHSHLZYJWnWO2Ny7qpw8yRUFHZnfh8JHYloD64Ov/UIZ1HrOtx4NjDYz3iIS0iDn8P/4j6391ed0KJqAMPq2AXKBVgC4Yut6r+lAxcHpHacWt1REmOkkjatkjed1IzIpdi/eQfMpBEhWAcBFHZs7O5/QSuXlNoZuTyDJCA7xCM9LSLmcLv1XMWyV30hnOhn1z1JZNLZOk/+c2h9BjYoyHLEDujBWo2PefPkx6I6up3KR9DE2NpL7yIKdBo06fmknia/WGIWczlCyno+x5eVkvmOTux73n7Gu1blcJxCThFGny2OpSZF5iPwjDsdOmwODV2lLRuWNCvDDXcz8JgffXMmUtiLUNKA6jnfkKs2XbbEz2YRqQ0vtM6yMfe2VjiAOGQg/2nOZweRkquSzbqgF2taLJOEbK03GIXbX3HeAtwcqp+VKzGPT6JWQ7wsb1E0jP/auI8Sp6DJaajC1+BQ8ACp2223ppajk+29wAq9DF+IQYhdgP0oHvOjTZMyTYylzQ15BOmTfg8wlf+AABCJ/Xx2bKew==\n",
            "public_key_pem": "-----BEGIN PUBLIC KEY-----\nMIICIjANBgkqhkiG9w0BAQEFAAOCAg8AMIICCgKCAgEAw5RDHQdFJ23fDOtYZvyM\nUwyrsHveC+KsUYSFOYnwnC9iyhb3nWmd2zgKaOZtF8oHb0beCwdFw0seAFCCnTnI\nnjsy9aAz5tLiKW3EuKbjxsTgyjnsxr9Bz8PDCWoFfWl/VdI7WeK7UlGP/14kAh0h\ny2WCVp1jtjcu6qcPMkVBR2Z34fCR2JaA+uDr/1CGdR6zrceDYw2M94iEtIg5/D/+\nI+t/dXndCiagDD6tgFygVYAuGLreq/pQMXB6R2nFrdURJjpJI2rZI3ndSMyKXYv3\nkHzKQRIVgHARR2bOzuf0Erl5TaGbk8gyQgO8QjPS0i5nC79VzFsld9IZzoZ9c9SW\nTS2TpP/nNofQY2KMhyxA7owVqNj3nz5MeiOrqdykfQxNjaS+8iCnQaNOn5pJ4mv1\nhiFnM5Qsp6PseXlZL5jk7se95+xrtW5XCcQk4RRp8tjqUmReYj8Iw7HTpsDg1dpS\n0bljQrww13M/CYH31zJlLYi1DSgOo535CrNl22xM9mEakNL7TOsjH3tlY4gDhkIP\n9pzmcHkZKrks26oBdrWiyThGytNxiF219x3gLcHKqflSsxj0+iVkO8LG9RNIz/2r\niPEqegyWmowtfgUPAAqdttt6aWo5PtvcAKvQxfiEGIXYD9KB7zo02TMk2Mpc0NeQ\nTpk34PMJX/gAAQif18dmynsCAwEAAQ==\n-----END PUBLIC KEY-----\n",
            "rsa_bits": 4096
          },
          "sensitive_attributes": [],
          "dependencies": [
            "data.aws_availability_zones.available"
          ],
          "create_before_destroy": true
        }
      ]
    },
    {
      "module": "module.ec2-api[1]",
      "mode": "data",
      "type": "aws_ami",
      "name": "amazon-linux-2",
      "provider": "provider[\"registry.terraform.io/hashicorp/aws\"].aws",
      "instances": [
        {
          "schema_version": 0,
          "attributes": {
            "architecture": "x86_64",
            "arn": "arn:aws:ec2:us-east-1::image/ami-0c503d55a14d7a5f0",
            "block_device_mappings": [
              {
                "device_name": "/dev/xvda",
                "ebs": {
                  "delete_on_termination": "true",
                  "encrypted": "false",
                  "iops": "0",
                  "snapshot_id": "snap-0fc021f5e7363fdfc",
                  "throughput": "0",
                  "volume_size": "8",
                  "volume_type": "gp2"
                },
                "no_device": "",
                "virtual_name": ""
              }
            ],
            "boot_mode": "",
            "creation_date": "2023-06-02T19:40:41.000Z",
            "deprecation_time": "2025-06-02T19:40:41.000Z",
            "description": "Amazon Linux 2 AMI 2.0.20230530.0 x86_64 HVM gp2",
            "ena_support": true,
            "executable_users": null,
            "filter": [
              {
                "name": "name",
                "values": [
                  "amzn2-ami-hvm*"
                ]
              }
            ],
            "hypervisor": "xen",
            "id": "ami-0c503d55a14d7a5f0",
            "image_id": "ami-0c503d55a14d7a5f0",
            "image_location": "amazon/amzn2-ami-hvm-2.0.20230530.0-x86_64-gp2",
            "image_owner_alias": "amazon",
            "image_type": "machine",
            "imds_support": "",
            "include_deprecated": false,
            "kernel_id": "",
            "most_recent": true,
            "name": "amzn2-ami-hvm-2.0.20230530.0-x86_64-gp2",
            "name_regex": null,
            "owner_id": "137112412989",
            "owners": [
              "amazon"
            ],
            "platform": "",
            "platform_details": "Linux/UNIX",
            "product_codes": [],
            "public": true,
            "ramdisk_id": "",
            "root_device_name": "/dev/xvda",
            "root_device_type": "ebs",
            "root_snapshot_id": "snap-0fc021f5e7363fdfc",
            "sriov_net_support": "simple",
            "state": "available",
            "state_reason": {
              "code": "UNSET",
              "message": "UNSET"
            },
            "tags": {},
            "timeouts": null,
            "tpm_support": "",
            "usage_operation": "RunInstances",
            "virtualization_type": "hvm"
          },
          "sensitive_attributes": []
        }
      ]
    },
    {
      "module": "module.ec2-api[1]",
      "mode": "managed",
      "type": "aws_instance",
      "name": "this",
      "provider": "provider[\"registry.terraform.io/hashicorp/aws\"].aws",
      "instances": [
        {
          "schema_version": 1,
          "attributes": {
            "ami": "ami-0c503d55a14d7a5f0",
            "arn": "arn:aws:ec2:us-east-1:849363701316:instance/i-0150d4cf53be3e049",
            "associate_public_ip_address": true,
            "availability_zone": "us-east-1b",
            "capacity_reservation_specification": [
              {
                "capacity_reservation_preference": "open",
                "capacity_reservation_target": []
              }
            ],
            "cpu_core_count": 1,
            "cpu_options": [
              {
                "amd_sev_snp": "",
                "core_count": 1,
                "threads_per_core": 1
              }
            ],
            "cpu_threads_per_core": 1,
            "credit_specification": [
              {
                "cpu_credits": "standard"
              }
            ],
            "disable_api_stop": false,
            "disable_api_termination": false,
            "ebs_block_device": [],
            "ebs_optimized": false,
            "enclave_options": [
              {
                "enabled": false
              }
            ],
            "ephemeral_block_device": [],
            "get_password_data": false,
            "hibernation": false,
            "host_id": "",
            "host_resource_group_arn": null,
            "iam_instance_profile": "",
            "id": "i-0150d4cf53be3e049",
            "instance_initiated_shutdown_behavior": "stop",
            "instance_state": "running",
            "instance_type": "t2.micro",
            "ipv6_address_count": 0,
            "ipv6_addresses": [],
            "key_name": "express-api-1_key_pair",
            "launch_template": [],
            "maintenance_options": [
              {
                "auto_recovery": "default"
              }
            ],
            "metadata_options": [
              {
                "http_endpoint": "enabled",
                "http_put_response_hop_limit": 1,
                "http_tokens": "optional",
                "instance_metadata_tags": "disabled"
              }
            ],
            "monitoring": false,
            "network_interface": [],
            "outpost_arn": "",
            "password_data": "",
            "placement_group": "",
            "placement_partition_number": 0,
            "primary_network_interface_id": "eni-05e4a3d9b581afefa",
            "private_dns": "ip-10-0-1-139.ec2.internal",
            "private_dns_name_options": [
              {
                "enable_resource_name_dns_a_record": false,
                "enable_resource_name_dns_aaaa_record": false,
                "hostname_type": "ip-name"
              }
            ],
            "private_ip": "10.0.1.139",
            "public_dns": "",
            "public_ip": "18.215.229.12",
            "root_block_device": [
              {
                "delete_on_termination": true,
                "device_name": "/dev/xvda",
                "encrypted": true,
                "iops": 100,
                "kms_key_id": "arn:aws:kms:us-east-1:849363701316:key/025c8054-9063-442d-872d-669b7e83f110",
                "tags": null,
                "throughput": 0,
                "volume_id": "vol-0b95e0d2cc675d1b3",
                "volume_size": 30,
                "volume_type": "gp2"
              }
            ],
            "secondary_private_ips": [],
            "security_groups": [],
            "source_dest_check": false,
            "subnet_id": "subnet-0e7a9e5e936766cb7",
            "tags": {
              "CreatedBy": "terraform",
              "Name": "express-api-1"
            },
            "tags_all": {
              "CreatedBy": "terraform",
              "Name": "express-api-1",
              "author": "Grupo13",
              "created-by": "terraform",
              "subject": "Redes",
              "university": "ITBA",
              "version": "1"
            },
            "tenancy": "default",
            "timeouts": null,
            "user_data": "33dd1f955c7e48faaae738e80fc92343dd8d7c0e",
            "user_data_base64": null,
            "user_data_replace_on_change": false,
            "volume_tags": null,
            "vpc_security_group_ids": [
              "sg-0a9839ae17a90ed26"
            ]
          },
          "sensitive_attributes": [],
          "private": "eyJlMmJmYjczMC1lY2FhLTExZTYtOGY4OC0zNDM2M2JjN2M0YzAiOnsiY3JlYXRlIjo2MDAwMDAwMDAwMDAsImRlbGV0ZSI6MTIwMDAwMDAwMDAwMCwidXBkYXRlIjo2MDAwMDAwMDAwMDB9LCJzY2hlbWFfdmVyc2lvbiI6IjEifQ==",
          "dependencies": [
            "aws_security_group.ec2",
            "data.aws_availability_zones.available",
            "module.ec2-api.aws_key_pair.key_pair",
            "module.ec2-api.data.aws_ami.amazon-linux-2",
            "module.ec2-api.tls_private_key.key_pair",
            "module.ig.aws_internet_gateway.this",
            "module.nat_gw.aws_eip.nat",
            "module.nat_gw.aws_nat_gateway.this",
            "module.private-subnets.aws_route.default",
            "module.private-subnets.aws_route_table.this",
            "module.private-subnets.aws_route_table_association.this",
            "module.private-subnets.aws_subnet.this",
            "module.public-subnets.aws_route.default",
            "module.public-subnets.aws_route_table.this",
            "module.public-subnets.aws_route_table_association.this",
            "module.public-subnets.aws_subnet.this",
            "module.vpc.aws_vpc.this"
          ],
          "create_before_destroy": true
        }
      ]
    },
    {
      "module": "module.ec2-api[1]",
      "mode": "managed",
      "type": "aws_key_pair",
      "name": "key_pair",
      "provider": "provider[\"registry.terraform.io/hashicorp/aws\"].aws",
      "instances": [
        {
          "schema_version": 1,
          "attributes": {
            "arn": "arn:aws:ec2:us-east-1:849363701316:key-pair/express-api-1_key_pair",
            "fingerprint": "d5:29:98:9e:59:c6:92:a9:ee:ca:9e:af:3a:9f:f9:e0",
            "id": "express-api-1_key_pair",
            "key_name": "express-api-1_key_pair",
            "key_name_prefix": "",
            "key_pair_id": "key-041faf031540b4ad7",
            "key_type": "rsa",
            "public_key": "ssh-rsa AAAAB3NzaC1yc2EAAAADAQABAAACAQDONCH3S4cONanAgY08Wl0OSyUum8g/JQXOnswy37MRl9L74ExxrGKwbXP/oYYPTMGfXMxx5MUcimX3zYnntTjodghyY08P0B0Rjn703aFSvYHVGBqPBx4kqx3PTh1oE0nvB46y65vVEKhZmiPvqpu7LhoTGGWsJ7uVYziZ9oYGlg2XHQ511iQM6gy9XbIOyskxsN4S9Z3VmIIHsyA7wx8rxTXXVRw3roXr3VzKlaR65BSlsri8TApKd4zYlJto/GfonrBtMDniraC1GLpm5J9vO8Pvj4tU4ypvX9O90pPxODNOiOv8Qs0mXT4xRb8VcdaUGlt5YvJJzsfLOdVSnhqqwM+k4J9gudH67DF2IjPIEEa22FUV5tOJmYOJAL9vKJp68/IePIDW7DF7X5mwfNpWJ4QMGx/qSyG9GjTViQUT0a2q00A4kgNA/H0kBknUXa5lwoRFnNW5oB8i29I2duY+9qGDqDVUvj7brozdikr0BHQ6DFj0YAbGkdRN22GAcIGgU+fCJ1cnMly/vxihTmkAjwVGAORtOOGQwPA/rucKZXlgdBJlvS144+0OJevhlYf0ZvC4QL5li/hpg0l64gI/xtKjSHAVZa/0mUPsoTcQREB/j83owjh5gw8nL65iiRoM3SYCUorhbUJF5nmPjI5x3Zir0PXPcqnw2iS6cx+bLQ==",
            "tags": null,
            "tags_all": {
              "author": "Grupo13",
              "created-by": "terraform",
              "subject": "Redes",
              "university": "ITBA",
              "version": "1"
            }
          },
          "sensitive_attributes": [],
          "private": "eyJzY2hlbWFfdmVyc2lvbiI6IjEifQ==",
          "dependencies": [
            "data.aws_availability_zones.available",
            "module.ec2-api.tls_private_key.key_pair"
          ],
          "create_before_destroy": true
        }
      ]
    },
    {
      "module": "module.ec2-api[1]",
      "mode": "managed",
      "type": "local_file",
      "name": "ssh_key",
      "provider": "provider[\"registry.terraform.io/hashicorp/local\"]",
      "instances": [
        {
          "schema_version": 0,
          "attributes": {
            "content": "-----BEGIN RSA PRIVATE KEY-----\nMIIJJwIBAAKCAgEAzjQh90uHDjWpwIGNPFpdDkslLpvIPyUFzp7MMt+zEZfS++BM\ncaxisG1z/6GGD0zBn1zMceTFHIpl982J57U46HYIcmNPD9AdEY5+9N2hUr2B1Rga\njwceJKsdz04daBNJ7weOsuub1RCoWZoj76qbuy4aExhlrCe7lWM4mfaGBpYNlx0O\nddYkDOoMvV2yDsrJMbDeEvWd1ZiCB7MgO8MfK8U111UcN66F691cypWkeuQUpbK4\nvEwKSneM2JSbaPxn6J6wbTA54q2gtRi6ZuSfbzvD74+LVOMqb1/TvdKT8TgzTojr\n/ELNJl0+MUW/FXHWlBpbeWLySc7HyznVUp4aqsDPpOCfYLnR+uwxdiIzyBBGtthV\nFebTiZmDiQC/byiaevPyHjyA1uwxe1+ZsHzaVieEDBsf6kshvRo01YkFE9GtqtNA\nOJIDQPx9JAZJ1F2uZcKERZzVuaAfItvSNnbmPvahg6g1VL4+266M3YpK9AR0OgxY\n9GAGxpHUTdthgHCBoFPnwidXJzJcv78YoU5pAI8FRgDkbTjhkMDwP67nCmV5YHQS\nZb0teOPtDiXr4ZWH9GbwuEC+ZYv4aYNJeuICP8bSo0hwFWWv9JlD7KE3EERAf4/N\n6MI4eYMPJy+uYokaDN0mAlKK4W1CReZ5j4yOcd2Yq9D1z3Kp8NokunMfmy0CAwEA\nAQKCAgB9zfCrH7lWQgc/G8s/dyIvBkm5FfImFEBmvxt2LmTh5u8iHMaG09WiLiUH\nYVSZIQtAXy2cjyZzMzzi4tOwOjBuIxUkNNKXozEY9Qcf/dfe0x/TEtGhUYZieMPH\nJrFqPdptqv60ympYo8ESaahjIIPCv23JGKlvTw5zJgXyaSV7/zBrcZ7Q5cU429LJ\n9dAcljwJxQ64IoIZPuKWMAMKcxEhc0BWD+cXUbMDJBrovkOLdnviXBe5Ses9Y5La\n0E/Azb3XfnnFJBcs5SGXW27eN73N73irP7iSIcZSDPTyavc3xEIJOCBB17+yGFFJ\nXnQmcT2pPitw850+ypm6s54iubMqQf4mHJHojZzwZXHZp5fNTQ+pGUkPx5fJzXYT\n1bBZ7s3OkqvteV8vjDjm99kDy4ei8CkJPYokxaPW3gsC/JspfrASe6Brfi2qx4Yr\nsTkOWBm+ePVfocsEsSO6WyUL+VuUJd4klczmeCcpZpCeCBJ6tS5UHHYhE8MkBS4s\nF2aSY2ld9OIbHqZ+Z/f60lJvMZzHrCiNuBTHSgjcSTPN24LidDbGbFj8C8T4xXP0\nKKndc3VnEqxCbJ7RL8c2MFEWma04iQ9OSCzmWeD7uCoQ/0oS38weT2dce1NCd2Ui\nS4Sz4RQ8vZhb8JmijBYdkWYMcT0RU6159sU4eLC5Pu/tIJCbQQKCAQEA5fvysk8U\nUOdz27S1CJFjefv19ILQz4Z+Ki1NkcT9eEuZCfyI5d5p/Dy62jM/cQq7cI6/khmU\nzXI632TN8Tn8a0I9uQN9SCuNZFGGOyv6dhiMtyvQkzPU8jvmskRJoszPTtjxvUSp\nTX/vjtutKSO/WDPA45KkJj8VkW1wVcHR6yMmg1LyyjqJ/AtlBSGtnSHpe1djZmHC\nN6E80X+9p3CtAj0IogxzW6uSmql/gmfQrVOacE8R92lgnt4q31A0VPuhun7tRm7J\nFbbZfsy9yau9u9p9poE/QWw92oZNNShIw0lcnS6JI/CrfCW4f5TBUVlwEqewcms/\nFJ5AAE3OirtXdwKCAQEA5YeHzd2IIs+zZ/Ug0m20+NwT6YtSm+nfdEE5NPhLlgif\n8FiKV+KZUtwlUXZzRU9BcEy5LtriWUOO650cIoKgZy2LWaEuPHdzvY4k3aDGBg+b\nqjT1JTkoNmM2bs7t9zAxq1qvs+t4FcsaVtf8FDd537jILLRMrevNobt5MlJ7IlX2\n6Ao1FTAYxA4ioBCNbjRi7awUlzdgvibHk/WIlvo4J/c6z0LYbtF3lUvLGb7T+Mgb\nN8M3sh8MAOwbqPJeJVTEA3eEr5IouNNfKwYhxaYLrtH+DBfUNCxwcx059i0vjj1+\nqB3T4yuN5uoW7prbZkYZJP6fJS32Tzw8Rnh/AodTewKCAQBRF1knzgJX1IRhf4Il\nlz4AEPtUT5vY0I9Dx92F/HNzKxS3FLggdR/htHgd39wKu8IDmhGqLiLtnc1sX1rO\nJ6f9Gcoxpi1SeSjNqoEt8//IDDfxjh1pCemXz880JCfio1ylbJEwLzmS/f013fdc\nfiJFs1nb5CTE55FvSatGUaT2x9oYi/LXo3Rrzoi8Gnfg48gzmUiPHQEiJFQRen0g\nwPX/yA13NfSm6gQzTHiNPpWxx7y4xOiM2DcdTTDItLr/DAqme4KmRwHYCjT+JKr2\npPutdQjA4Omw472bg6dNivq9AO0K7xGj/oQ4rgQz1/uh92sw6LeqYG5JktL2SHj/\nKbdZAoIBAFN4Uxm5e111fP/MNBByVwK9PfyLbxJGHb3wTjaGKS65mjhUapMFU86/\nQk76rXbCGMEXFa0FapUdrWbfrrCaIm0DMg75P5A7vHptq9hxNDJWELz4H0JXI9mL\ngOsRE5b2DsoK46Shd/0s7Doyt3g+qHKEhz9CnjQNca1kOPHk7uSQsIa315AJ+qep\noEvnWRd/s45NKvvG5saf4apb+z00Z6GZFejznTPHtx4y/vww2nM5ijRgKOv8wGfB\ndVmeMkCPL+021KjolSiJra0+wJ9ZABymPyX0sHX8xzQFp+NvkUC/+kR2/Gw7lZIp\nBQfmhu0Nhu1eL0/dBBrSg/T4su+feOsCggEAJSpRheCXtUZqyd6BCZrnVo3aemvm\nwiQNs/2MxpytKmY2ENreO2mVEHJuCxP4ELvHqwj/4CgkqHYK1sKZDyHsxEBgKoVt\ntUE7YDGWpSeFhHd/lQDip6vdEC9IHKBPZMwBXSCpm94lqvYsJxo9/sjXqRhlg1Vy\nDS4LWGUHEwTcsJBLw2QwTxyImlXy1aQrwNXXAsFxlcZNb5T37JSwCbn5bMmz7af6\nVrIfzKaUACqNePhwNrNYPluOdgSUXdruKgfd2yoXlUCqwfC+e4aQl0l2piLmHgwu\nR24cGbyb66kwUdgeebPznJE/k3A0F0L3U/On5rBARQRSIAR6HQgmKX13DA==\n-----END RSA PRIVATE KEY-----\n",
            "content_base64": null,
            "content_base64sha256": "vGkVW5aAnYj23WdjAAl3UEjxiM0veHeUU9W/9j1semM=",
            "content_base64sha512": "EmGEMYxoWMCyO2LdflE4r6bEf4QseDM+QqU46Wsn7VlzML1zngHVQs1se10G5aEXH0LzurDhilTWwjmGQB1+BA==",
            "content_md5": "f1beca34ec0196dd563594a0ca59ce4f",
            "content_sha1": "f45940a28c65a9c36af72be92013edf22d1d19a9",
            "content_sha256": "bc69155b96809d88f6dd67630009775048f188cd2f78779453d5bff63d6c7a63",
            "content_sha512": "126184318c6858c0b23b62dd7e5138afa6c47f842c78333e42a538e96b27ed597330bd739e01d542cd6c7b5d06e5a1171f42f3bab0e18a54d6c23986401d7e04",
            "directory_permission": "0777",
            "file_permission": "0777",
            "filename": "express-api-1_key_pair.pem",
            "id": "f45940a28c65a9c36af72be92013edf22d1d19a9",
            "sensitive_content": null,
            "source": null
          },
          "sensitive_attributes": [
            [
              {
                "type": "get_attr",
                "value": "content"
              }
            ]
          ],
          "dependencies": [
            "data.aws_availability_zones.available",
            "module.ec2-api.aws_key_pair.key_pair",
            "module.ec2-api.tls_private_key.key_pair"
          ],
          "create_before_destroy": true
        }
      ]
    },
    {
      "module": "module.ec2-api[1]",
      "mode": "managed",
      "type": "tls_private_key",
      "name": "key_pair",
      "provider": "provider[\"registry.terraform.io/hashicorp/tls\"]",
      "instances": [
        {
          "schema_version": 1,
          "attributes": {
            "algorithm": "RSA",
            "ecdsa_curve": "P224",
            "id": "3cb162f977c32b40da7dbb499a518279677166b2",
            "private_key_openssh": "-----BEGIN OPENSSH PRIVATE KEY-----\nb3BlbnNzaC1rZXktdjEAAAAABG5vbmUAAAAEbm9uZQAAAAAAAAABAAACFwAAAAdz\nc2gtcnNhAAAAAwEAAQAAAgEAzjQh90uHDjWpwIGNPFpdDkslLpvIPyUFzp7MMt+z\nEZfS++BMcaxisG1z/6GGD0zBn1zMceTFHIpl982J57U46HYIcmNPD9AdEY5+9N2h\nUr2B1RgajwceJKsdz04daBNJ7weOsuub1RCoWZoj76qbuy4aExhlrCe7lWM4mfaG\nBpYNlx0OddYkDOoMvV2yDsrJMbDeEvWd1ZiCB7MgO8MfK8U111UcN66F691cypWk\neuQUpbK4vEwKSneM2JSbaPxn6J6wbTA54q2gtRi6ZuSfbzvD74+LVOMqb1/TvdKT\n8TgzTojr/ELNJl0+MUW/FXHWlBpbeWLySc7HyznVUp4aqsDPpOCfYLnR+uwxdiIz\nyBBGtthVFebTiZmDiQC/byiaevPyHjyA1uwxe1+ZsHzaVieEDBsf6kshvRo01YkF\nE9GtqtNAOJIDQPx9JAZJ1F2uZcKERZzVuaAfItvSNnbmPvahg6g1VL4+266M3YpK\n9AR0OgxY9GAGxpHUTdthgHCBoFPnwidXJzJcv78YoU5pAI8FRgDkbTjhkMDwP67n\nCmV5YHQSZb0teOPtDiXr4ZWH9GbwuEC+ZYv4aYNJeuICP8bSo0hwFWWv9JlD7KE3\nEERAf4/N6MI4eYMPJy+uYokaDN0mAlKK4W1CReZ5j4yOcd2Yq9D1z3Kp8NokunMf\nmy0AAAc4rT+vwK0/r8AAAAAHc3NoLXJzYQAAAgEAzjQh90uHDjWpwIGNPFpdDksl\nLpvIPyUFzp7MMt+zEZfS++BMcaxisG1z/6GGD0zBn1zMceTFHIpl982J57U46HYI\ncmNPD9AdEY5+9N2hUr2B1RgajwceJKsdz04daBNJ7weOsuub1RCoWZoj76qbuy4a\nExhlrCe7lWM4mfaGBpYNlx0OddYkDOoMvV2yDsrJMbDeEvWd1ZiCB7MgO8MfK8U1\n11UcN66F691cypWkeuQUpbK4vEwKSneM2JSbaPxn6J6wbTA54q2gtRi6ZuSfbzvD\n74+LVOMqb1/TvdKT8TgzTojr/ELNJl0+MUW/FXHWlBpbeWLySc7HyznVUp4aqsDP\npOCfYLnR+uwxdiIzyBBGtthVFebTiZmDiQC/byiaevPyHjyA1uwxe1+ZsHzaVieE\nDBsf6kshvRo01YkFE9GtqtNAOJIDQPx9JAZJ1F2uZcKERZzVuaAfItvSNnbmPvah\ng6g1VL4+266M3YpK9AR0OgxY9GAGxpHUTdthgHCBoFPnwidXJzJcv78YoU5pAI8F\nRgDkbTjhkMDwP67nCmV5YHQSZb0teOPtDiXr4ZWH9GbwuEC+ZYv4aYNJeuICP8bS\no0hwFWWv9JlD7KE3EERAf4/N6MI4eYMPJy+uYokaDN0mAlKK4W1CReZ5j4yOcd2Y\nq9D1z3Kp8NokunMfmy0AAAADAQABAAACAH3N8KsfuVZCBz8byz93Ii8GSbkV8iYU\nQGa/G3YuZOHm7yIcxobT1aIuJQdhVJkhC0BfLZyPJnMzPOLi07A6MG4jFSQ00pej\nMRj1Bx/9197TH9MS0aFRhmJ4w8cmsWo92m2q/rTKalijwRJpqGMgg8K/bckYqW9P\nDnMmBfJpJXv/MGtxntDlxTjb0sn10ByWPAnFDrgighk+4pYwAwpzESFzQFYP5xdR\nswMkGui+Q4t2e+JcF7lJ6z1jktrQT8DNvdd+ecUkFyzlIZdbbt43vc3veKs/uJIh\nxlIM9PJq9zfEQgk4IEHXv7IYUUledCZxPak+K3DznT7KmbqzniK5sypB/iYckeiN\nnPBlcdmnl81ND6kZSQ/Hl8nNdhPVsFnuzc6Sq+15Xy+MOOb32QPLh6LwKQk9iiTF\no9beCwL8myl+sBJ7oGt+LarHhiuxOQ5YGb549V+hywSxI7pbJQv5W5Ql3iSVzOZ4\nJylmkJ4IEnq1LlQcdiETwyQFLiwXZpJjaV304hsepn5n9/rSUm8xnMesKI24FMdK\nCNxJM83bguJ0NsZsWPwLxPjFc/Qoqd1zdWcSrEJsntEvxzYwURaZrTiJD05ILOZZ\n4Pu4KhD/ShLfzB5PZ1x7U0J3ZSJLhLPhFDy9mFvwmaKMFh2RZgxxPRFTrXn2xTh4\nsLk+7+0gkJtBAAABACUqUYXgl7VGasnegQma51aN2npr5sIkDbP9jMacrSpmNhDa\n3jtplRBybgsT+BC7x6sI/+AoJKh2CtbCmQ8h7MRAYCqFbbVBO2AxlqUnhYR3f5UA\n4qer3RAvSBygT2TMAV0gqZveJar2LCcaPf7I16kYZYNVcg0uC1hlBxME3LCQS8Nk\nME8ciJpV8tWkK8DV1wLBcZXGTW+U9+yUsAm5+WzJs+2n+layH8ymlAAqjXj4cDaz\nWD5bjnYElF3a7ioH3dsqF5VAqsHwvnuGkJdJdqYi5h4MLkduHBm8m+upMFHYHnmz\n85yRP5NwNBdC91Pzp+awQEUEUiAEeh0IJil9dwwAAAEBAOX78rJPFFDnc9u0tQiR\nY3n79fSC0M+GfiotTZHE/XhLmQn8iOXeafw8utozP3EKu3COv5IZlM1yOt9kzfE5\n/GtCPbkDfUgrjWRRhjsr+nYYjLcr0JMz1PI75rJESaLMz07Y8b1EqU1/747brSkj\nv1gzwOOSpCY/FZFtcFXB0esjJoNS8so6ifwLZQUhrZ0h6XtXY2ZhwjehPNF/vadw\nrQI9CKIMc1urkpqpf4Jn0K1TmnBPEfdpYJ7eKt9QNFT7obp+7UZuyRW22X7Mvcmr\nvbvafaaBP0FsPdqGTTUoSMNJXJ0uiSPwq3wluH+UwVFZcBKnsHJrPxSeQABNzoq7\nV3cAAAEBAOWHh83diCLPs2f1INJttPjcE+mLUpvp33RBOTT4S5YIn/BYilfimVLc\nJVF2c0VPQXBMuS7a4llDjuudHCKCoGcti1mhLjx3c72OJN2gxgYPm6o09SU5KDZj\nNm7O7fcwMatar7PreBXLGlbX/BQ3ed+4yCy0TK3rzaG7eTJSeyJV9ugKNRUwGMQO\nIqAQjW40Yu2sFJc3YL4mx5P1iJb6OCf3Os9C2G7Rd5VLyxm+0/jIGzfDN7IfDADs\nG6jyXiVUxAN3hK+SKLjTXysGIcWmC67R/gwX1DQscHMdOfYtL449fqgd0+Mrjebq\nFu6a22ZGGST+nyUt9k88PEZ4fwKHU3sAAAAAAQID\n-----END OPENSSH PRIVATE KEY-----\n",
            "private_key_pem": "-----BEGIN RSA PRIVATE KEY-----\nMIIJJwIBAAKCAgEAzjQh90uHDjWpwIGNPFpdDkslLpvIPyUFzp7MMt+zEZfS++BM\ncaxisG1z/6GGD0zBn1zMceTFHIpl982J57U46HYIcmNPD9AdEY5+9N2hUr2B1Rga\njwceJKsdz04daBNJ7weOsuub1RCoWZoj76qbuy4aExhlrCe7lWM4mfaGBpYNlx0O\nddYkDOoMvV2yDsrJMbDeEvWd1ZiCB7MgO8MfK8U111UcN66F691cypWkeuQUpbK4\nvEwKSneM2JSbaPxn6J6wbTA54q2gtRi6ZuSfbzvD74+LVOMqb1/TvdKT8TgzTojr\n/ELNJl0+MUW/FXHWlBpbeWLySc7HyznVUp4aqsDPpOCfYLnR+uwxdiIzyBBGtthV\nFebTiZmDiQC/byiaevPyHjyA1uwxe1+ZsHzaVieEDBsf6kshvRo01YkFE9GtqtNA\nOJIDQPx9JAZJ1F2uZcKERZzVuaAfItvSNnbmPvahg6g1VL4+266M3YpK9AR0OgxY\n9GAGxpHUTdthgHCBoFPnwidXJzJcv78YoU5pAI8FRgDkbTjhkMDwP67nCmV5YHQS\nZb0teOPtDiXr4ZWH9GbwuEC+ZYv4aYNJeuICP8bSo0hwFWWv9JlD7KE3EERAf4/N\n6MI4eYMPJy+uYokaDN0mAlKK4W1CReZ5j4yOcd2Yq9D1z3Kp8NokunMfmy0CAwEA\nAQKCAgB9zfCrH7lWQgc/G8s/dyIvBkm5FfImFEBmvxt2LmTh5u8iHMaG09WiLiUH\nYVSZIQtAXy2cjyZzMzzi4tOwOjBuIxUkNNKXozEY9Qcf/dfe0x/TEtGhUYZieMPH\nJrFqPdptqv60ympYo8ESaahjIIPCv23JGKlvTw5zJgXyaSV7/zBrcZ7Q5cU429LJ\n9dAcljwJxQ64IoIZPuKWMAMKcxEhc0BWD+cXUbMDJBrovkOLdnviXBe5Ses9Y5La\n0E/Azb3XfnnFJBcs5SGXW27eN73N73irP7iSIcZSDPTyavc3xEIJOCBB17+yGFFJ\nXnQmcT2pPitw850+ypm6s54iubMqQf4mHJHojZzwZXHZp5fNTQ+pGUkPx5fJzXYT\n1bBZ7s3OkqvteV8vjDjm99kDy4ei8CkJPYokxaPW3gsC/JspfrASe6Brfi2qx4Yr\nsTkOWBm+ePVfocsEsSO6WyUL+VuUJd4klczmeCcpZpCeCBJ6tS5UHHYhE8MkBS4s\nF2aSY2ld9OIbHqZ+Z/f60lJvMZzHrCiNuBTHSgjcSTPN24LidDbGbFj8C8T4xXP0\nKKndc3VnEqxCbJ7RL8c2MFEWma04iQ9OSCzmWeD7uCoQ/0oS38weT2dce1NCd2Ui\nS4Sz4RQ8vZhb8JmijBYdkWYMcT0RU6159sU4eLC5Pu/tIJCbQQKCAQEA5fvysk8U\nUOdz27S1CJFjefv19ILQz4Z+Ki1NkcT9eEuZCfyI5d5p/Dy62jM/cQq7cI6/khmU\nzXI632TN8Tn8a0I9uQN9SCuNZFGGOyv6dhiMtyvQkzPU8jvmskRJoszPTtjxvUSp\nTX/vjtutKSO/WDPA45KkJj8VkW1wVcHR6yMmg1LyyjqJ/AtlBSGtnSHpe1djZmHC\nN6E80X+9p3CtAj0IogxzW6uSmql/gmfQrVOacE8R92lgnt4q31A0VPuhun7tRm7J\nFbbZfsy9yau9u9p9poE/QWw92oZNNShIw0lcnS6JI/CrfCW4f5TBUVlwEqewcms/\nFJ5AAE3OirtXdwKCAQEA5YeHzd2IIs+zZ/Ug0m20+NwT6YtSm+nfdEE5NPhLlgif\n8FiKV+KZUtwlUXZzRU9BcEy5LtriWUOO650cIoKgZy2LWaEuPHdzvY4k3aDGBg+b\nqjT1JTkoNmM2bs7t9zAxq1qvs+t4FcsaVtf8FDd537jILLRMrevNobt5MlJ7IlX2\n6Ao1FTAYxA4ioBCNbjRi7awUlzdgvibHk/WIlvo4J/c6z0LYbtF3lUvLGb7T+Mgb\nN8M3sh8MAOwbqPJeJVTEA3eEr5IouNNfKwYhxaYLrtH+DBfUNCxwcx059i0vjj1+\nqB3T4yuN5uoW7prbZkYZJP6fJS32Tzw8Rnh/AodTewKCAQBRF1knzgJX1IRhf4Il\nlz4AEPtUT5vY0I9Dx92F/HNzKxS3FLggdR/htHgd39wKu8IDmhGqLiLtnc1sX1rO\nJ6f9Gcoxpi1SeSjNqoEt8//IDDfxjh1pCemXz880JCfio1ylbJEwLzmS/f013fdc\nfiJFs1nb5CTE55FvSatGUaT2x9oYi/LXo3Rrzoi8Gnfg48gzmUiPHQEiJFQRen0g\nwPX/yA13NfSm6gQzTHiNPpWxx7y4xOiM2DcdTTDItLr/DAqme4KmRwHYCjT+JKr2\npPutdQjA4Omw472bg6dNivq9AO0K7xGj/oQ4rgQz1/uh92sw6LeqYG5JktL2SHj/\nKbdZAoIBAFN4Uxm5e111fP/MNBByVwK9PfyLbxJGHb3wTjaGKS65mjhUapMFU86/\nQk76rXbCGMEXFa0FapUdrWbfrrCaIm0DMg75P5A7vHptq9hxNDJWELz4H0JXI9mL\ngOsRE5b2DsoK46Shd/0s7Doyt3g+qHKEhz9CnjQNca1kOPHk7uSQsIa315AJ+qep\noEvnWRd/s45NKvvG5saf4apb+z00Z6GZFejznTPHtx4y/vww2nM5ijRgKOv8wGfB\ndVmeMkCPL+021KjolSiJra0+wJ9ZABymPyX0sHX8xzQFp+NvkUC/+kR2/Gw7lZIp\nBQfmhu0Nhu1eL0/dBBrSg/T4su+feOsCggEAJSpRheCXtUZqyd6BCZrnVo3aemvm\nwiQNs/2MxpytKmY2ENreO2mVEHJuCxP4ELvHqwj/4CgkqHYK1sKZDyHsxEBgKoVt\ntUE7YDGWpSeFhHd/lQDip6vdEC9IHKBPZMwBXSCpm94lqvYsJxo9/sjXqRhlg1Vy\nDS4LWGUHEwTcsJBLw2QwTxyImlXy1aQrwNXXAsFxlcZNb5T37JSwCbn5bMmz7af6\nVrIfzKaUACqNePhwNrNYPluOdgSUXdruKgfd2yoXlUCqwfC+e4aQl0l2piLmHgwu\nR24cGbyb66kwUdgeebPznJE/k3A0F0L3U/On5rBARQRSIAR6HQgmKX13DA==\n-----END RSA PRIVATE KEY-----\n",
            "private_key_pem_pkcs8": "-----BEGIN PRIVATE KEY-----\nMIIJQQIBADANBgkqhkiG9w0BAQEFAASCCSswggknAgEAAoICAQDONCH3S4cONanA\ngY08Wl0OSyUum8g/JQXOnswy37MRl9L74ExxrGKwbXP/oYYPTMGfXMxx5MUcimX3\nzYnntTjodghyY08P0B0Rjn703aFSvYHVGBqPBx4kqx3PTh1oE0nvB46y65vVEKhZ\nmiPvqpu7LhoTGGWsJ7uVYziZ9oYGlg2XHQ511iQM6gy9XbIOyskxsN4S9Z3VmIIH\nsyA7wx8rxTXXVRw3roXr3VzKlaR65BSlsri8TApKd4zYlJto/GfonrBtMDniraC1\nGLpm5J9vO8Pvj4tU4ypvX9O90pPxODNOiOv8Qs0mXT4xRb8VcdaUGlt5YvJJzsfL\nOdVSnhqqwM+k4J9gudH67DF2IjPIEEa22FUV5tOJmYOJAL9vKJp68/IePIDW7DF7\nX5mwfNpWJ4QMGx/qSyG9GjTViQUT0a2q00A4kgNA/H0kBknUXa5lwoRFnNW5oB8i\n29I2duY+9qGDqDVUvj7brozdikr0BHQ6DFj0YAbGkdRN22GAcIGgU+fCJ1cnMly/\nvxihTmkAjwVGAORtOOGQwPA/rucKZXlgdBJlvS144+0OJevhlYf0ZvC4QL5li/hp\ng0l64gI/xtKjSHAVZa/0mUPsoTcQREB/j83owjh5gw8nL65iiRoM3SYCUorhbUJF\n5nmPjI5x3Zir0PXPcqnw2iS6cx+bLQIDAQABAoICAH3N8KsfuVZCBz8byz93Ii8G\nSbkV8iYUQGa/G3YuZOHm7yIcxobT1aIuJQdhVJkhC0BfLZyPJnMzPOLi07A6MG4j\nFSQ00pejMRj1Bx/9197TH9MS0aFRhmJ4w8cmsWo92m2q/rTKalijwRJpqGMgg8K/\nbckYqW9PDnMmBfJpJXv/MGtxntDlxTjb0sn10ByWPAnFDrgighk+4pYwAwpzESFz\nQFYP5xdRswMkGui+Q4t2e+JcF7lJ6z1jktrQT8DNvdd+ecUkFyzlIZdbbt43vc3v\neKs/uJIhxlIM9PJq9zfEQgk4IEHXv7IYUUledCZxPak+K3DznT7KmbqzniK5sypB\n/iYckeiNnPBlcdmnl81ND6kZSQ/Hl8nNdhPVsFnuzc6Sq+15Xy+MOOb32QPLh6Lw\nKQk9iiTFo9beCwL8myl+sBJ7oGt+LarHhiuxOQ5YGb549V+hywSxI7pbJQv5W5Ql\n3iSVzOZ4JylmkJ4IEnq1LlQcdiETwyQFLiwXZpJjaV304hsepn5n9/rSUm8xnMes\nKI24FMdKCNxJM83bguJ0NsZsWPwLxPjFc/Qoqd1zdWcSrEJsntEvxzYwURaZrTiJ\nD05ILOZZ4Pu4KhD/ShLfzB5PZ1x7U0J3ZSJLhLPhFDy9mFvwmaKMFh2RZgxxPRFT\nrXn2xTh4sLk+7+0gkJtBAoIBAQDl+/KyTxRQ53PbtLUIkWN5+/X0gtDPhn4qLU2R\nxP14S5kJ/Ijl3mn8PLraMz9xCrtwjr+SGZTNcjrfZM3xOfxrQj25A31IK41kUYY7\nK/p2GIy3K9CTM9TyO+ayREmizM9O2PG9RKlNf++O260pI79YM8DjkqQmPxWRbXBV\nwdHrIyaDUvLKOon8C2UFIa2dIel7V2NmYcI3oTzRf72ncK0CPQiiDHNbq5KaqX+C\nZ9CtU5pwTxH3aWCe3irfUDRU+6G6fu1GbskVttl+zL3Jq7272n2mgT9BbD3ahk01\nKEjDSVydLokj8Kt8Jbh/lMFRWXASp7Byaz8UnkAATc6Ku1d3AoIBAQDlh4fN3Ygi\nz7Nn9SDSbbT43BPpi1Kb6d90QTk0+EuWCJ/wWIpX4plS3CVRdnNFT0FwTLku2uJZ\nQ47rnRwigqBnLYtZoS48d3O9jiTdoMYGD5uqNPUlOSg2YzZuzu33MDGrWq+z63gV\nyxpW1/wUN3nfuMgstEyt682hu3kyUnsiVfboCjUVMBjEDiKgEI1uNGLtrBSXN2C+\nJseT9YiW+jgn9zrPQthu0XeVS8sZvtP4yBs3wzeyHwwA7Buo8l4lVMQDd4Svkii4\n018rBiHFpguu0f4MF9Q0LHBzHTn2LS+OPX6oHdPjK43m6hbumttmRhkk/p8lLfZP\nPDxGeH8Ch1N7AoIBAFEXWSfOAlfUhGF/giWXPgAQ+1RPm9jQj0PH3YX8c3MrFLcU\nuCB1H+G0eB3f3Aq7wgOaEaouIu2dzWxfWs4np/0ZyjGmLVJ5KM2qgS3z/8gMN/GO\nHWkJ6ZfPzzQkJ+KjXKVskTAvOZL9/TXd91x+IkWzWdvkJMTnkW9Jq0ZRpPbH2hiL\n8tejdGvOiLwad+DjyDOZSI8dASIkVBF6fSDA9f/IDXc19KbqBDNMeI0+lbHHvLjE\n6IzYNx1NMMi0uv8MCqZ7gqZHAdgKNP4kqvak+611CMDg6bDjvZuDp02K+r0A7Qrv\nEaP+hDiuBDPX+6H3azDot6pgbkmS0vZIeP8pt1kCggEAU3hTGbl7XXV8/8w0EHJX\nAr09/ItvEkYdvfBONoYpLrmaOFRqkwVTzr9CTvqtdsIYwRcVrQVqlR2tZt+usJoi\nbQMyDvk/kDu8em2r2HE0MlYQvPgfQlcj2YuA6xETlvYOygrjpKF3/SzsOjK3eD6o\ncoSHP0KeNA1xrWQ48eTu5JCwhrfXkAn6p6mgS+dZF3+zjk0q+8bmxp/hqlv7PTRn\noZkV6POdM8e3HjL+/DDaczmKNGAo6/zAZ8F1WZ4yQI8v7TbUqOiVKImtrT7An1kA\nHKY/JfSwdfzHNAWn42+RQL/6RHb8bDuVkikFB+aG7Q2G7V4vT90EGtKD9Piy7594\n6wKCAQAlKlGF4Je1RmrJ3oEJmudWjdp6a+bCJA2z/YzGnK0qZjYQ2t47aZUQcm4L\nE/gQu8erCP/gKCSodgrWwpkPIezEQGAqhW21QTtgMZalJ4WEd3+VAOKnq90QL0gc\noE9kzAFdIKmb3iWq9iwnGj3+yNepGGWDVXINLgtYZQcTBNywkEvDZDBPHIiaVfLV\npCvA1dcCwXGVxk1vlPfslLAJuflsybPtp/pWsh/MppQAKo14+HA2s1g+W452BJRd\n2u4qB93bKheVQKrB8L57hpCXSXamIuYeDC5HbhwZvJvrqTBR2B55s/OckT+TcDQX\nQvdT86fmsEBFBFIgBHodCCYpfXcM\n-----END PRIVATE KEY-----\n",
            "public_key_fingerprint_md5": "bd:99:5e:1a:49:cb:6f:5d:48:f5:d3:07:c6:8b:e8:d0",
            "public_key_fingerprint_sha256": "SHA256:2Nxrzg+G15fk7B/cz6cZGAza7p9OX4zwtkfrYjZepaE",
            "public_key_openssh": "ssh-rsa AAAAB3NzaC1yc2EAAAADAQABAAACAQDONCH3S4cONanAgY08Wl0OSyUum8g/JQXOnswy37MRl9L74ExxrGKwbXP/oYYPTMGfXMxx5MUcimX3zYnntTjodghyY08P0B0Rjn703aFSvYHVGBqPBx4kqx3PTh1oE0nvB46y65vVEKhZmiPvqpu7LhoTGGWsJ7uVYziZ9oYGlg2XHQ511iQM6gy9XbIOyskxsN4S9Z3VmIIHsyA7wx8rxTXXVRw3roXr3VzKlaR65BSlsri8TApKd4zYlJto/GfonrBtMDniraC1GLpm5J9vO8Pvj4tU4ypvX9O90pPxODNOiOv8Qs0mXT4xRb8VcdaUGlt5YvJJzsfLOdVSnhqqwM+k4J9gudH67DF2IjPIEEa22FUV5tOJmYOJAL9vKJp68/IePIDW7DF7X5mwfNpWJ4QMGx/qSyG9GjTViQUT0a2q00A4kgNA/H0kBknUXa5lwoRFnNW5oB8i29I2duY+9qGDqDVUvj7brozdikr0BHQ6DFj0YAbGkdRN22GAcIGgU+fCJ1cnMly/vxihTmkAjwVGAORtOOGQwPA/rucKZXlgdBJlvS144+0OJevhlYf0ZvC4QL5li/hpg0l64gI/xtKjSHAVZa/0mUPsoTcQREB/j83owjh5gw8nL65iiRoM3SYCUorhbUJF5nmPjI5x3Zir0PXPcqnw2iS6cx+bLQ==\n",
            "public_key_pem": "-----BEGIN PUBLIC KEY-----\nMIICIjANBgkqhkiG9w0BAQEFAAOCAg8AMIICCgKCAgEAzjQh90uHDjWpwIGNPFpd\nDkslLpvIPyUFzp7MMt+zEZfS++BMcaxisG1z/6GGD0zBn1zMceTFHIpl982J57U4\n6HYIcmNPD9AdEY5+9N2hUr2B1RgajwceJKsdz04daBNJ7weOsuub1RCoWZoj76qb\nuy4aExhlrCe7lWM4mfaGBpYNlx0OddYkDOoMvV2yDsrJMbDeEvWd1ZiCB7MgO8Mf\nK8U111UcN66F691cypWkeuQUpbK4vEwKSneM2JSbaPxn6J6wbTA54q2gtRi6ZuSf\nbzvD74+LVOMqb1/TvdKT8TgzTojr/ELNJl0+MUW/FXHWlBpbeWLySc7HyznVUp4a\nqsDPpOCfYLnR+uwxdiIzyBBGtthVFebTiZmDiQC/byiaevPyHjyA1uwxe1+ZsHza\nVieEDBsf6kshvRo01YkFE9GtqtNAOJIDQPx9JAZJ1F2uZcKERZzVuaAfItvSNnbm\nPvahg6g1VL4+266M3YpK9AR0OgxY9GAGxpHUTdthgHCBoFPnwidXJzJcv78YoU5p\nAI8FRgDkbTjhkMDwP67nCmV5YHQSZb0teOPtDiXr4ZWH9GbwuEC+ZYv4aYNJeuIC\nP8bSo0hwFWWv9JlD7KE3EERAf4/N6MI4eYMPJy+uYokaDN0mAlKK4W1CReZ5j4yO\ncd2Yq9D1z3Kp8NokunMfmy0CAwEAAQ==\n-----END PUBLIC KEY-----\n",
            "rsa_bits": 4096
          },
          "sensitive_attributes": [],
          "dependencies": [
            "data.aws_availability_zones.available"
          ],
          "create_before_destroy": true
        }
      ]
    },
    {
      "module": "module.ig",
      "mode": "managed",
      "type": "aws_internet_gateway",
      "name": "this",
      "provider": "provider[\"registry.terraform.io/hashicorp/aws\"]",
      "instances": [
        {
          "schema_version": 0,
          "attributes": {
            "arn": "arn:aws:ec2:us-east-1:849363701316:internet-gateway/igw-081ba73ea01ef7b79",
            "id": "igw-081ba73ea01ef7b79",
            "owner_id": "849363701316",
            "tags": {
              "Name": "ig-redes"
            },
            "tags_all": {
              "Name": "ig-redes"
            },
            "timeouts": null,
            "vpc_id": "vpc-008e29dd674863f39"
          },
          "sensitive_attributes": [],
          "private": "eyJlMmJmYjczMC1lY2FhLTExZTYtOGY4OC0zNDM2M2JjN2M0YzAiOnsiY3JlYXRlIjoxMjAwMDAwMDAwMDAwLCJkZWxldGUiOjEyMDAwMDAwMDAwMDAsInVwZGF0ZSI6MTIwMDAwMDAwMDAwMH19",
          "dependencies": [
            "module.vpc.aws_vpc.this"
          ],
          "create_before_destroy": true
        }
      ]
    },
    {
      "module": "module.nat_gw[0]",
      "mode": "managed",
      "type": "aws_eip",
      "name": "nat",
      "provider": "provider[\"registry.terraform.io/hashicorp/aws\"]",
      "instances": [
        {
          "schema_version": 0,
          "attributes": {
            "address": null,
            "allocation_id": "eipalloc-08be30ea59d20c3a9",
            "associate_with_private_ip": null,
            "association_id": "",
            "carrier_ip": "",
            "customer_owned_ip": "",
            "customer_owned_ipv4_pool": "",
            "domain": "vpc",
            "id": "eipalloc-08be30ea59d20c3a9",
            "instance": "",
            "network_border_group": "us-east-1",
            "network_interface": "",
            "private_dns": null,
            "private_ip": "",
            "public_dns": "ec2-34-204-105-40.compute-1.amazonaws.com",
            "public_ip": "34.204.105.40",
            "public_ipv4_pool": "amazon",
            "tags": {
              "Name": "nat-nat-gw-0"
            },
            "tags_all": {
              "Name": "nat-nat-gw-0"
            },
            "timeouts": null,
            "vpc": true
          },
          "sensitive_attributes": [],
          "private": "eyJlMmJmYjczMC1lY2FhLTExZTYtOGY4OC0zNDM2M2JjN2M0YzAiOnsiZGVsZXRlIjoxODAwMDAwMDAwMDAsInJlYWQiOjkwMDAwMDAwMDAwMCwidXBkYXRlIjozMDAwMDAwMDAwMDB9fQ==",
          "dependencies": [
            "data.aws_availability_zones.available"
          ],
          "create_before_destroy": true
        }
      ]
    },
    {
      "module": "module.nat_gw[0]",
      "mode": "managed",
      "type": "aws_nat_gateway",
      "name": "this",
      "provider": "provider[\"registry.terraform.io/hashicorp/aws\"]",
      "instances": [
        {
          "schema_version": 0,
          "attributes": {
            "allocation_id": "eipalloc-08be30ea59d20c3a9",
            "association_id": "eipassoc-03dd62d6e5e528943",
            "connectivity_type": "public",
            "id": "nat-08c625b44d52bd8bd",
            "network_interface_id": "eni-01585968c973dc696",
            "private_ip": "10.0.2.44",
            "public_ip": "34.204.105.40",
            "subnet_id": "subnet-0857e585f5296d18d",
            "tags": {
              "Name": "nat-gw-0"
            },
            "tags_all": {
              "Name": "nat-gw-0"
            }
          },
          "sensitive_attributes": [],
          "private": "bnVsbA==",
          "dependencies": [
            "data.aws_availability_zones.available",
            "module.ig.aws_internet_gateway.this",
            "module.nat_gw.aws_eip.nat",
            "module.public-subnets.aws_route.default",
            "module.public-subnets.aws_route_table.this",
            "module.public-subnets.aws_route_table_association.this",
            "module.public-subnets.aws_subnet.this",
            "module.vpc.aws_vpc.this"
          ],
          "create_before_destroy": true
        }
      ]
    },
    {
      "module": "module.nat_gw[1]",
      "mode": "managed",
      "type": "aws_eip",
      "name": "nat",
      "provider": "provider[\"registry.terraform.io/hashicorp/aws\"]",
      "instances": [
        {
          "schema_version": 0,
          "attributes": {
            "address": null,
            "allocation_id": "eipalloc-007d10233b5d8a5c5",
            "associate_with_private_ip": null,
            "association_id": "",
            "carrier_ip": "",
            "customer_owned_ip": "",
            "customer_owned_ipv4_pool": "",
            "domain": "vpc",
            "id": "eipalloc-007d10233b5d8a5c5",
            "instance": "",
            "network_border_group": "us-east-1",
            "network_interface": "",
            "private_dns": null,
            "private_ip": "",
            "public_dns": "ec2-3-229-104-134.compute-1.amazonaws.com",
            "public_ip": "3.229.104.134",
            "public_ipv4_pool": "amazon",
            "tags": {
              "Name": "nat-nat-gw-1"
            },
            "tags_all": {
              "Name": "nat-nat-gw-1"
            },
            "timeouts": null,
            "vpc": true
          },
          "sensitive_attributes": [],
          "private": "eyJlMmJmYjczMC1lY2FhLTExZTYtOGY4OC0zNDM2M2JjN2M0YzAiOnsiZGVsZXRlIjoxODAwMDAwMDAwMDAsInJlYWQiOjkwMDAwMDAwMDAwMCwidXBkYXRlIjozMDAwMDAwMDAwMDB9fQ==",
          "dependencies": [
            "data.aws_availability_zones.available"
          ],
          "create_before_destroy": true
        }
      ]
    },
    {
      "module": "module.nat_gw[1]",
      "mode": "managed",
      "type": "aws_nat_gateway",
      "name": "this",
      "provider": "provider[\"registry.terraform.io/hashicorp/aws\"]",
      "instances": [
        {
          "schema_version": 0,
          "attributes": {
            "allocation_id": "eipalloc-007d10233b5d8a5c5",
            "association_id": "eipassoc-05c31fcd39d7ac2ff",
            "connectivity_type": "public",
            "id": "nat-0572f3da521e96ce9",
            "network_interface_id": "eni-001f43071a668230c",
            "private_ip": "10.0.3.145",
            "public_ip": "3.229.104.134",
            "subnet_id": "subnet-039ffb14a0eb478c7",
            "tags": {
              "Name": "nat-gw-1"
            },
            "tags_all": {
              "Name": "nat-gw-1"
            }
          },
          "sensitive_attributes": [],
          "private": "bnVsbA==",
          "dependencies": [
            "data.aws_availability_zones.available",
            "module.ig.aws_internet_gateway.this",
            "module.nat_gw.aws_eip.nat",
            "module.public-subnets.aws_route.default",
            "module.public-subnets.aws_route_table.this",
            "module.public-subnets.aws_route_table_association.this",
            "module.public-subnets.aws_subnet.this",
            "module.vpc.aws_vpc.this"
          ],
          "create_before_destroy": true
        }
      ]
    },
    {
      "module": "module.private-subnets[0]",
      "mode": "managed",
      "type": "aws_route",
      "name": "default",
      "provider": "provider[\"registry.terraform.io/hashicorp/aws\"]",
      "instances": [
        {
          "schema_version": 0,
          "attributes": {
            "carrier_gateway_id": "",
            "core_network_arn": "",
            "destination_cidr_block": "0.0.0.0/0",
            "destination_ipv6_cidr_block": "",
            "destination_prefix_list_id": "",
            "egress_only_gateway_id": "",
            "gateway_id": "",
            "id": "r-rtb-08c1a2cf05e603c551080289494",
            "instance_id": "",
            "instance_owner_id": "",
            "local_gateway_id": "",
            "nat_gateway_id": "nat-08c625b44d52bd8bd",
            "network_interface_id": "",
            "origin": "CreateRoute",
            "route_table_id": "rtb-08c1a2cf05e603c55",
            "state": "active",
            "timeouts": null,
            "transit_gateway_id": "",
            "vpc_endpoint_id": "",
            "vpc_peering_connection_id": ""
          },
          "sensitive_attributes": [],
          "private": "eyJlMmJmYjczMC1lY2FhLTExZTYtOGY4OC0zNDM2M2JjN2M0YzAiOnsiY3JlYXRlIjozMDAwMDAwMDAwMDAsImRlbGV0ZSI6MzAwMDAwMDAwMDAwLCJ1cGRhdGUiOjEyMDAwMDAwMDAwMH19",
          "dependencies": [
            "data.aws_availability_zones.available",
            "module.ig.aws_internet_gateway.this",
            "module.nat_gw.aws_eip.nat",
            "module.nat_gw.aws_nat_gateway.this",
            "module.private-subnets.aws_route_table.this",
            "module.public-subnets.aws_route.default",
            "module.public-subnets.aws_route_table.this",
            "module.public-subnets.aws_route_table_association.this",
            "module.public-subnets.aws_subnet.this",
            "module.vpc.aws_vpc.this"
          ],
          "create_before_destroy": true
        }
      ]
    },
    {
      "module": "module.private-subnets[0]",
      "mode": "managed",
      "type": "aws_route_table",
      "name": "this",
      "provider": "provider[\"registry.terraform.io/hashicorp/aws\"]",
      "instances": [
        {
          "schema_version": 0,
          "attributes": {
            "arn": "arn:aws:ec2:us-east-1:849363701316:route-table/rtb-08c1a2cf05e603c55",
            "id": "rtb-08c1a2cf05e603c55",
            "owner_id": "849363701316",
            "propagating_vgws": [],
            "route": [],
            "tags": null,
            "tags_all": {},
            "timeouts": null,
            "vpc_id": "vpc-008e29dd674863f39"
          },
          "sensitive_attributes": [],
          "private": "eyJlMmJmYjczMC1lY2FhLTExZTYtOGY4OC0zNDM2M2JjN2M0YzAiOnsiY3JlYXRlIjozMDAwMDAwMDAwMDAsImRlbGV0ZSI6MzAwMDAwMDAwMDAwLCJ1cGRhdGUiOjEyMDAwMDAwMDAwMH19",
          "dependencies": [
            "data.aws_availability_zones.available",
            "module.vpc.aws_vpc.this"
          ],
          "create_before_destroy": true
        }
      ]
    },
    {
      "module": "module.private-subnets[0]",
      "mode": "managed",
      "type": "aws_route_table_association",
      "name": "this",
      "provider": "provider[\"registry.terraform.io/hashicorp/aws\"]",
      "instances": [
        {
          "schema_version": 0,
          "attributes": {
            "gateway_id": "",
            "id": "rtbassoc-089fe2af53bf63129",
            "route_table_id": "rtb-08c1a2cf05e603c55",
            "subnet_id": "subnet-082b354312aab457e",
            "timeouts": null
          },
          "sensitive_attributes": [],
          "private": "eyJlMmJmYjczMC1lY2FhLTExZTYtOGY4OC0zNDM2M2JjN2M0YzAiOnsiY3JlYXRlIjozMDAwMDAwMDAwMDAsImRlbGV0ZSI6MzAwMDAwMDAwMDAwLCJ1cGRhdGUiOjEyMDAwMDAwMDAwMH19",
          "dependencies": [
            "data.aws_availability_zones.available",
            "module.private-subnets.aws_route_table.this",
            "module.private-subnets.aws_subnet.this",
            "module.vpc.aws_vpc.this"
          ],
          "create_before_destroy": true
        }
      ]
    },
    {
      "module": "module.private-subnets[0]",
      "mode": "managed",
      "type": "aws_subnet",
      "name": "this",
      "provider": "provider[\"registry.terraform.io/hashicorp/aws\"]",
      "instances": [
        {
          "schema_version": 1,
          "attributes": {
            "arn": "arn:aws:ec2:us-east-1:849363701316:subnet/subnet-082b354312aab457e",
            "assign_ipv6_address_on_creation": false,
            "availability_zone": "us-east-1a",
            "availability_zone_id": "use1-az4",
            "cidr_block": "10.0.0.0/24",
            "customer_owned_ipv4_pool": "",
            "enable_dns64": false,
            "enable_lni_at_device_index": 0,
            "enable_resource_name_dns_a_record_on_launch": false,
            "enable_resource_name_dns_aaaa_record_on_launch": false,
            "id": "subnet-082b354312aab457e",
            "ipv6_cidr_block": "",
            "ipv6_cidr_block_association_id": "",
            "ipv6_native": false,
            "map_customer_owned_ip_on_launch": false,
            "map_public_ip_on_launch": false,
            "outpost_arn": "",
            "owner_id": "849363701316",
            "private_dns_hostname_type_on_launch": "ip-name",
            "tags": {
              "Name": "private-subnet-0"
            },
            "tags_all": {
              "Name": "private-subnet-0"
            },
            "timeouts": null,
            "vpc_id": "vpc-008e29dd674863f39"
          },
          "sensitive_attributes": [],
          "private": "eyJlMmJmYjczMC1lY2FhLTExZTYtOGY4OC0zNDM2M2JjN2M0YzAiOnsiY3JlYXRlIjo2MDAwMDAwMDAwMDAsImRlbGV0ZSI6MTIwMDAwMDAwMDAwMH0sInNjaGVtYV92ZXJzaW9uIjoiMSJ9",
          "dependencies": [
            "data.aws_availability_zones.available",
            "module.vpc.aws_vpc.this"
          ],
          "create_before_destroy": true
        }
      ]
    },
    {
      "module": "module.private-subnets[1]",
      "mode": "managed",
      "type": "aws_route",
      "name": "default",
      "provider": "provider[\"registry.terraform.io/hashicorp/aws\"]",
      "instances": [
        {
          "schema_version": 0,
          "attributes": {
            "carrier_gateway_id": "",
            "core_network_arn": "",
            "destination_cidr_block": "0.0.0.0/0",
            "destination_ipv6_cidr_block": "",
            "destination_prefix_list_id": "",
            "egress_only_gateway_id": "",
            "gateway_id": "",
            "id": "r-rtb-0ea54c739b5b6ee371080289494",
            "instance_id": "",
            "instance_owner_id": "",
            "local_gateway_id": "",
            "nat_gateway_id": "nat-0572f3da521e96ce9",
            "network_interface_id": "",
            "origin": "CreateRoute",
            "route_table_id": "rtb-0ea54c739b5b6ee37",
            "state": "active",
            "timeouts": null,
            "transit_gateway_id": "",
            "vpc_endpoint_id": "",
            "vpc_peering_connection_id": ""
          },
          "sensitive_attributes": [],
          "private": "eyJlMmJmYjczMC1lY2FhLTExZTYtOGY4OC0zNDM2M2JjN2M0YzAiOnsiY3JlYXRlIjozMDAwMDAwMDAwMDAsImRlbGV0ZSI6MzAwMDAwMDAwMDAwLCJ1cGRhdGUiOjEyMDAwMDAwMDAwMH19",
          "dependencies": [
            "data.aws_availability_zones.available",
            "module.ig.aws_internet_gateway.this",
            "module.nat_gw.aws_eip.nat",
            "module.nat_gw.aws_nat_gateway.this",
            "module.private-subnets.aws_route_table.this",
            "module.public-subnets.aws_route.default",
            "module.public-subnets.aws_route_table.this",
            "module.public-subnets.aws_route_table_association.this",
            "module.public-subnets.aws_subnet.this",
            "module.vpc.aws_vpc.this"
          ],
          "create_before_destroy": true
        }
      ]
    },
    {
      "module": "module.private-subnets[1]",
      "mode": "managed",
      "type": "aws_route_table",
      "name": "this",
      "provider": "provider[\"registry.terraform.io/hashicorp/aws\"]",
      "instances": [
        {
          "schema_version": 0,
          "attributes": {
            "arn": "arn:aws:ec2:us-east-1:849363701316:route-table/rtb-0ea54c739b5b6ee37",
            "id": "rtb-0ea54c739b5b6ee37",
            "owner_id": "849363701316",
            "propagating_vgws": [],
            "route": [],
            "tags": null,
            "tags_all": {},
            "timeouts": null,
            "vpc_id": "vpc-008e29dd674863f39"
          },
          "sensitive_attributes": [],
          "private": "eyJlMmJmYjczMC1lY2FhLTExZTYtOGY4OC0zNDM2M2JjN2M0YzAiOnsiY3JlYXRlIjozMDAwMDAwMDAwMDAsImRlbGV0ZSI6MzAwMDAwMDAwMDAwLCJ1cGRhdGUiOjEyMDAwMDAwMDAwMH19",
          "dependencies": [
            "data.aws_availability_zones.available",
            "module.vpc.aws_vpc.this"
          ],
          "create_before_destroy": true
        }
      ]
    },
    {
      "module": "module.private-subnets[1]",
      "mode": "managed",
      "type": "aws_route_table_association",
      "name": "this",
      "provider": "provider[\"registry.terraform.io/hashicorp/aws\"]",
      "instances": [
        {
          "schema_version": 0,
          "attributes": {
            "gateway_id": "",
            "id": "rtbassoc-031a2e0dc28936644",
            "route_table_id": "rtb-0ea54c739b5b6ee37",
            "subnet_id": "subnet-0e7a9e5e936766cb7",
            "timeouts": null
          },
          "sensitive_attributes": [],
          "private": "eyJlMmJmYjczMC1lY2FhLTExZTYtOGY4OC0zNDM2M2JjN2M0YzAiOnsiY3JlYXRlIjozMDAwMDAwMDAwMDAsImRlbGV0ZSI6MzAwMDAwMDAwMDAwLCJ1cGRhdGUiOjEyMDAwMDAwMDAwMH19",
          "dependencies": [
            "data.aws_availability_zones.available",
            "module.private-subnets.aws_route_table.this",
            "module.private-subnets.aws_subnet.this",
            "module.vpc.aws_vpc.this"
          ],
          "create_before_destroy": true
        }
      ]
    },
    {
      "module": "module.private-subnets[1]",
      "mode": "managed",
      "type": "aws_subnet",
      "name": "this",
      "provider": "provider[\"registry.terraform.io/hashicorp/aws\"]",
      "instances": [
        {
          "schema_version": 1,
          "attributes": {
            "arn": "arn:aws:ec2:us-east-1:849363701316:subnet/subnet-0e7a9e5e936766cb7",
            "assign_ipv6_address_on_creation": false,
            "availability_zone": "us-east-1b",
            "availability_zone_id": "use1-az6",
            "cidr_block": "10.0.1.0/24",
            "customer_owned_ipv4_pool": "",
            "enable_dns64": false,
            "enable_lni_at_device_index": 0,
            "enable_resource_name_dns_a_record_on_launch": false,
            "enable_resource_name_dns_aaaa_record_on_launch": false,
            "id": "subnet-0e7a9e5e936766cb7",
            "ipv6_cidr_block": "",
            "ipv6_cidr_block_association_id": "",
            "ipv6_native": false,
            "map_customer_owned_ip_on_launch": false,
            "map_public_ip_on_launch": false,
            "outpost_arn": "",
            "owner_id": "849363701316",
            "private_dns_hostname_type_on_launch": "ip-name",
            "tags": {
              "Name": "private-subnet-1"
            },
            "tags_all": {
              "Name": "private-subnet-1"
            },
            "timeouts": null,
            "vpc_id": "vpc-008e29dd674863f39"
          },
          "sensitive_attributes": [],
          "private": "eyJlMmJmYjczMC1lY2FhLTExZTYtOGY4OC0zNDM2M2JjN2M0YzAiOnsiY3JlYXRlIjo2MDAwMDAwMDAwMDAsImRlbGV0ZSI6MTIwMDAwMDAwMDAwMH0sInNjaGVtYV92ZXJzaW9uIjoiMSJ9",
          "dependencies": [
            "data.aws_availability_zones.available",
            "module.vpc.aws_vpc.this"
          ],
          "create_before_destroy": true
        }
      ]
    },
    {
      "module": "module.public-subnets[0]",
      "mode": "managed",
      "type": "aws_route",
      "name": "default",
      "provider": "provider[\"registry.terraform.io/hashicorp/aws\"]",
      "instances": [
        {
          "schema_version": 0,
          "attributes": {
            "carrier_gateway_id": "",
            "core_network_arn": "",
            "destination_cidr_block": "0.0.0.0/0",
            "destination_ipv6_cidr_block": "",
            "destination_prefix_list_id": "",
            "egress_only_gateway_id": "",
            "gateway_id": "igw-081ba73ea01ef7b79",
            "id": "r-rtb-021da16275e06b9c41080289494",
            "instance_id": "",
            "instance_owner_id": "",
            "local_gateway_id": "",
            "nat_gateway_id": "",
            "network_interface_id": "",
            "origin": "CreateRoute",
            "route_table_id": "rtb-021da16275e06b9c4",
            "state": "active",
            "timeouts": null,
            "transit_gateway_id": "",
            "vpc_endpoint_id": "",
            "vpc_peering_connection_id": ""
          },
          "sensitive_attributes": [],
          "private": "eyJlMmJmYjczMC1lY2FhLTExZTYtOGY4OC0zNDM2M2JjN2M0YzAiOnsiY3JlYXRlIjozMDAwMDAwMDAwMDAsImRlbGV0ZSI6MzAwMDAwMDAwMDAwLCJ1cGRhdGUiOjEyMDAwMDAwMDAwMH19",
          "dependencies": [
            "data.aws_availability_zones.available",
            "module.ig.aws_internet_gateway.this",
            "module.public-subnets.aws_route_table.this",
            "module.vpc.aws_vpc.this"
          ],
          "create_before_destroy": true
        }
      ]
    },
    {
      "module": "module.public-subnets[0]",
      "mode": "managed",
      "type": "aws_route_table",
      "name": "this",
      "provider": "provider[\"registry.terraform.io/hashicorp/aws\"]",
      "instances": [
        {
          "schema_version": 0,
          "attributes": {
            "arn": "arn:aws:ec2:us-east-1:849363701316:route-table/rtb-021da16275e06b9c4",
            "id": "rtb-021da16275e06b9c4",
            "owner_id": "849363701316",
            "propagating_vgws": [],
            "route": [],
            "tags": null,
            "tags_all": {},
            "timeouts": null,
            "vpc_id": "vpc-008e29dd674863f39"
          },
          "sensitive_attributes": [],
          "private": "eyJlMmJmYjczMC1lY2FhLTExZTYtOGY4OC0zNDM2M2JjN2M0YzAiOnsiY3JlYXRlIjozMDAwMDAwMDAwMDAsImRlbGV0ZSI6MzAwMDAwMDAwMDAwLCJ1cGRhdGUiOjEyMDAwMDAwMDAwMH19",
          "dependencies": [
            "data.aws_availability_zones.available",
            "module.vpc.aws_vpc.this"
          ],
          "create_before_destroy": true
        }
      ]
    },
    {
      "module": "module.public-subnets[0]",
      "mode": "managed",
      "type": "aws_route_table_association",
      "name": "this",
      "provider": "provider[\"registry.terraform.io/hashicorp/aws\"]",
      "instances": [
        {
          "schema_version": 0,
          "attributes": {
            "gateway_id": "",
            "id": "rtbassoc-08f450db2f84f1778",
            "route_table_id": "rtb-021da16275e06b9c4",
            "subnet_id": "subnet-0857e585f5296d18d",
            "timeouts": null
          },
          "sensitive_attributes": [],
          "private": "eyJlMmJmYjczMC1lY2FhLTExZTYtOGY4OC0zNDM2M2JjN2M0YzAiOnsiY3JlYXRlIjozMDAwMDAwMDAwMDAsImRlbGV0ZSI6MzAwMDAwMDAwMDAwLCJ1cGRhdGUiOjEyMDAwMDAwMDAwMH19",
          "dependencies": [
            "data.aws_availability_zones.available",
            "module.public-subnets.aws_route_table.this",
            "module.public-subnets.aws_subnet.this",
            "module.vpc.aws_vpc.this"
          ],
          "create_before_destroy": true
        }
      ]
    },
    {
      "module": "module.public-subnets[0]",
      "mode": "managed",
      "type": "aws_subnet",
      "name": "this",
      "provider": "provider[\"registry.terraform.io/hashicorp/aws\"]",
      "instances": [
        {
          "schema_version": 1,
          "attributes": {
            "arn": "arn:aws:ec2:us-east-1:849363701316:subnet/subnet-0857e585f5296d18d",
            "assign_ipv6_address_on_creation": false,
            "availability_zone": "us-east-1a",
            "availability_zone_id": "use1-az4",
            "cidr_block": "10.0.2.0/24",
            "customer_owned_ipv4_pool": "",
            "enable_dns64": false,
            "enable_lni_at_device_index": 0,
            "enable_resource_name_dns_a_record_on_launch": false,
            "enable_resource_name_dns_aaaa_record_on_launch": false,
            "id": "subnet-0857e585f5296d18d",
            "ipv6_cidr_block": "",
            "ipv6_cidr_block_association_id": "",
            "ipv6_native": false,
            "map_customer_owned_ip_on_launch": false,
            "map_public_ip_on_launch": false,
            "outpost_arn": "",
            "owner_id": "849363701316",
            "private_dns_hostname_type_on_launch": "ip-name",
            "tags": {
              "Name": "public-subnet-0"
            },
            "tags_all": {
              "Name": "public-subnet-0"
            },
            "timeouts": null,
            "vpc_id": "vpc-008e29dd674863f39"
          },
          "sensitive_attributes": [],
          "private": "eyJlMmJmYjczMC1lY2FhLTExZTYtOGY4OC0zNDM2M2JjN2M0YzAiOnsiY3JlYXRlIjo2MDAwMDAwMDAwMDAsImRlbGV0ZSI6MTIwMDAwMDAwMDAwMH0sInNjaGVtYV92ZXJzaW9uIjoiMSJ9",
          "dependencies": [
            "data.aws_availability_zones.available",
            "module.vpc.aws_vpc.this"
          ],
          "create_before_destroy": true
        }
      ]
    },
    {
      "module": "module.public-subnets[1]",
      "mode": "managed",
      "type": "aws_route",
      "name": "default",
      "provider": "provider[\"registry.terraform.io/hashicorp/aws\"]",
      "instances": [
        {
          "schema_version": 0,
          "attributes": {
            "carrier_gateway_id": "",
            "core_network_arn": "",
            "destination_cidr_block": "0.0.0.0/0",
            "destination_ipv6_cidr_block": "",
            "destination_prefix_list_id": "",
            "egress_only_gateway_id": "",
            "gateway_id": "igw-081ba73ea01ef7b79",
            "id": "r-rtb-0fb7120e59a1c6f881080289494",
            "instance_id": "",
            "instance_owner_id": "",
            "local_gateway_id": "",
            "nat_gateway_id": "",
            "network_interface_id": "",
            "origin": "CreateRoute",
            "route_table_id": "rtb-0fb7120e59a1c6f88",
            "state": "active",
            "timeouts": null,
            "transit_gateway_id": "",
            "vpc_endpoint_id": "",
            "vpc_peering_connection_id": ""
          },
          "sensitive_attributes": [],
          "private": "eyJlMmJmYjczMC1lY2FhLTExZTYtOGY4OC0zNDM2M2JjN2M0YzAiOnsiY3JlYXRlIjozMDAwMDAwMDAwMDAsImRlbGV0ZSI6MzAwMDAwMDAwMDAwLCJ1cGRhdGUiOjEyMDAwMDAwMDAwMH19",
          "dependencies": [
            "data.aws_availability_zones.available",
            "module.ig.aws_internet_gateway.this",
            "module.public-subnets.aws_route_table.this",
            "module.vpc.aws_vpc.this"
          ],
          "create_before_destroy": true
        }
      ]
    },
    {
      "module": "module.public-subnets[1]",
      "mode": "managed",
      "type": "aws_route_table",
      "name": "this",
      "provider": "provider[\"registry.terraform.io/hashicorp/aws\"]",
      "instances": [
        {
          "schema_version": 0,
          "attributes": {
            "arn": "arn:aws:ec2:us-east-1:849363701316:route-table/rtb-0fb7120e59a1c6f88",
            "id": "rtb-0fb7120e59a1c6f88",
            "owner_id": "849363701316",
            "propagating_vgws": [],
            "route": [],
            "tags": null,
            "tags_all": {},
            "timeouts": null,
            "vpc_id": "vpc-008e29dd674863f39"
          },
          "sensitive_attributes": [],
          "private": "eyJlMmJmYjczMC1lY2FhLTExZTYtOGY4OC0zNDM2M2JjN2M0YzAiOnsiY3JlYXRlIjozMDAwMDAwMDAwMDAsImRlbGV0ZSI6MzAwMDAwMDAwMDAwLCJ1cGRhdGUiOjEyMDAwMDAwMDAwMH19",
          "dependencies": [
            "data.aws_availability_zones.available",
            "module.vpc.aws_vpc.this"
          ],
          "create_before_destroy": true
        }
      ]
    },
    {
      "module": "module.public-subnets[1]",
      "mode": "managed",
      "type": "aws_route_table_association",
      "name": "this",
      "provider": "provider[\"registry.terraform.io/hashicorp/aws\"]",
      "instances": [
        {
          "schema_version": 0,
          "attributes": {
            "gateway_id": "",
            "id": "rtbassoc-0a1dc410e86907b74",
            "route_table_id": "rtb-0fb7120e59a1c6f88",
            "subnet_id": "subnet-039ffb14a0eb478c7",
            "timeouts": null
          },
          "sensitive_attributes": [],
          "private": "eyJlMmJmYjczMC1lY2FhLTExZTYtOGY4OC0zNDM2M2JjN2M0YzAiOnsiY3JlYXRlIjozMDAwMDAwMDAwMDAsImRlbGV0ZSI6MzAwMDAwMDAwMDAwLCJ1cGRhdGUiOjEyMDAwMDAwMDAwMH19",
          "dependencies": [
            "data.aws_availability_zones.available",
            "module.public-subnets.aws_route_table.this",
            "module.public-subnets.aws_subnet.this",
            "module.vpc.aws_vpc.this"
          ],
          "create_before_destroy": true
        }
      ]
    },
    {
      "module": "module.public-subnets[1]",
      "mode": "managed",
      "type": "aws_subnet",
      "name": "this",
      "provider": "provider[\"registry.terraform.io/hashicorp/aws\"]",
      "instances": [
        {
          "schema_version": 1,
          "attributes": {
            "arn": "arn:aws:ec2:us-east-1:849363701316:subnet/subnet-039ffb14a0eb478c7",
            "assign_ipv6_address_on_creation": false,
            "availability_zone": "us-east-1b",
            "availability_zone_id": "use1-az6",
            "cidr_block": "10.0.3.0/24",
            "customer_owned_ipv4_pool": "",
            "enable_dns64": false,
            "enable_lni_at_device_index": 0,
            "enable_resource_name_dns_a_record_on_launch": false,
            "enable_resource_name_dns_aaaa_record_on_launch": false,
            "id": "subnet-039ffb14a0eb478c7",
            "ipv6_cidr_block": "",
            "ipv6_cidr_block_association_id": "",
            "ipv6_native": false,
            "map_customer_owned_ip_on_launch": false,
            "map_public_ip_on_launch": false,
            "outpost_arn": "",
            "owner_id": "849363701316",
            "private_dns_hostname_type_on_launch": "ip-name",
            "tags": {
              "Name": "public-subnet-1"
            },
            "tags_all": {
              "Name": "public-subnet-1"
            },
            "timeouts": null,
            "vpc_id": "vpc-008e29dd674863f39"
          },
          "sensitive_attributes": [],
          "private": "eyJlMmJmYjczMC1lY2FhLTExZTYtOGY4OC0zNDM2M2JjN2M0YzAiOnsiY3JlYXRlIjo2MDAwMDAwMDAwMDAsImRlbGV0ZSI6MTIwMDAwMDAwMDAwMH0sInNjaGVtYV92ZXJzaW9uIjoiMSJ9",
          "dependencies": [
            "data.aws_availability_zones.available",
            "module.vpc.aws_vpc.this"
          ],
          "create_before_destroy": true
        }
      ]
    },
    {
      "module": "module.vpc",
      "mode": "managed",
      "type": "aws_vpc",
      "name": "this",
      "provider": "provider[\"registry.terraform.io/hashicorp/aws\"]",
      "instances": [
        {
          "schema_version": 1,
          "attributes": {
            "arn": "arn:aws:ec2:us-east-1:849363701316:vpc/vpc-008e29dd674863f39",
            "assign_generated_ipv6_cidr_block": false,
            "cidr_block": "10.0.0.0/16",
            "default_network_acl_id": "acl-096968c622796ab67",
            "default_route_table_id": "rtb-063a28b53d89da713",
            "default_security_group_id": "sg-04fd6bd8c793a4624",
            "dhcp_options_id": "dopt-0a7827b8982046118",
            "enable_dns_hostnames": false,
            "enable_dns_support": true,
            "enable_network_address_usage_metrics": false,
            "id": "vpc-008e29dd674863f39",
            "instance_tenancy": "default",
            "ipv4_ipam_pool_id": null,
            "ipv4_netmask_length": null,
            "ipv6_association_id": "",
            "ipv6_cidr_block": "",
            "ipv6_cidr_block_network_border_group": "",
            "ipv6_ipam_pool_id": "",
            "ipv6_netmask_length": 0,
            "main_route_table_id": "rtb-063a28b53d89da713",
            "owner_id": "849363701316",
            "tags": {
              "Name": "redes-vpc"
            },
            "tags_all": {
              "Name": "redes-vpc"
            }
          },
          "sensitive_attributes": [],
          "private": "eyJzY2hlbWFfdmVyc2lvbiI6IjEifQ==",
          "create_before_destroy": true
        }
      ]
    }
  ],
  "check_results": null
}
