{
  "version": 4,
  "terraform_version": "1.4.6",
  "serial": 37,
  "lineage": "798baea6-42ce-e108-6514-4836789ebf40",
  "outputs": {},
  "resources": [
    {
      "mode": "data",
      "type": "aws_availability_zones",
      "name": "available",
      "provider": "provider[\"registry.terraform.io/hashicorp/aws\"]",
      "instances": [
        {
          "schema_version": 0,
          "attributes": {
            "all_availability_zones": null,
            "exclude_names": null,
            "exclude_zone_ids": null,
            "filter": null,
            "group_names": [
              "us-east-1"
            ],
            "id": "us-east-1",
            "names": [
              "us-east-1a",
              "us-east-1b",
              "us-east-1c",
              "us-east-1d",
              "us-east-1e",
              "us-east-1f"
            ],
            "state": "available",
            "timeouts": null,
            "zone_ids": [
              "use1-az4",
              "use1-az6",
              "use1-az1",
              "use1-az2",
              "use1-az3",
              "use1-az5"
            ]
          },
          "sensitive_attributes": []
        }
      ]
    },
    {
      "mode": "managed",
      "type": "aws_security_group",
      "name": "ec2",
      "provider": "provider[\"registry.terraform.io/hashicorp/aws\"]",
      "instances": [
        {
          "schema_version": 1,
          "attributes": {
            "arn": "arn:aws:ec2:us-east-1:849363701316:security-group/sg-05287406f0c5bc02f",
            "description": "Allow inbound traffic",
            "egress": [
              {
                "cidr_blocks": [
                  "0.0.0.0/0"
                ],
                "description": "",
                "from_port": 0,
                "ipv6_cidr_blocks": [],
                "prefix_list_ids": [],
                "protocol": "-1",
                "security_groups": [],
                "self": false,
                "to_port": 0
              }
            ],
            "id": "sg-05287406f0c5bc02f",
            "ingress": [
              {
                "cidr_blocks": [
                  "0.0.0.0/0"
                ],
                "description": "",
                "from_port": 443,
                "ipv6_cidr_blocks": [],
                "prefix_list_ids": [],
                "protocol": "tcp",
                "security_groups": [],
                "self": false,
                "to_port": 443
              },
              {
                "cidr_blocks": [
                  "0.0.0.0/0"
                ],
                "description": "",
                "from_port": 5000,
                "ipv6_cidr_blocks": [],
                "prefix_list_ids": [],
                "protocol": "tcp",
                "security_groups": [],
                "self": false,
                "to_port": 5000
              },
              {
                "cidr_blocks": [
                  "0.0.0.0/0"
                ],
                "description": "",
                "from_port": 80,
                "ipv6_cidr_blocks": [],
                "prefix_list_ids": [],
                "protocol": "tcp",
                "security_groups": [],
                "self": false,
                "to_port": 80
              }
            ],
            "name": "ec2",
            "name_prefix": "",
            "owner_id": "849363701316",
            "revoke_rules_on_delete": false,
            "tags": {
              "Name": "ec2"
            },
            "tags_all": {
              "Name": "ec2"
            },
            "timeouts": null,
            "vpc_id": "vpc-0928874a8585b638e"
          },
          "sensitive_attributes": [],
          "private": "eyJlMmJmYjczMC1lY2FhLTExZTYtOGY4OC0zNDM2M2JjN2M0YzAiOnsiY3JlYXRlIjo2MDAwMDAwMDAwMDAsImRlbGV0ZSI6OTAwMDAwMDAwMDAwfSwic2NoZW1hX3ZlcnNpb24iOiIxIn0=",
          "dependencies": [
            "module.vpc.aws_vpc.this"
          ]
        }
      ]
    },
    {
      "module": "module.ec2-api[0]",
      "mode": "data",
      "type": "aws_ami",
      "name": "amazon-linux-2",
      "provider": "provider[\"registry.terraform.io/hashicorp/aws\"].aws",
      "instances": [
        {
          "schema_version": 0,
          "attributes": {
            "architecture": "x86_64",
            "arn": "arn:aws:ec2:us-east-1::image/ami-0806bc468ce3a22ec",
            "block_device_mappings": [
              {
                "device_name": "/dev/xvda",
                "ebs": {
                  "delete_on_termination": "true",
                  "encrypted": "false",
                  "iops": "0",
                  "snapshot_id": "snap-02ce2bd61e6bbe26e",
                  "throughput": "0",
                  "volume_size": "8",
                  "volume_type": "gp2"
                },
                "no_device": "",
                "virtual_name": ""
              }
            ],
            "boot_mode": "",
            "creation_date": "2023-05-19T00:12:40.000Z",
            "deprecation_time": "2025-05-19T00:12:40.000Z",
            "description": "Amazon Linux 2 AMI 2.0.20230515.0 x86_64 HVM gp2",
            "ena_support": true,
            "executable_users": null,
            "filter": [
              {
                "name": "name",
                "values": [
                  "amzn2-ami-hvm*"
                ]
              }
            ],
            "hypervisor": "xen",
            "id": "ami-0806bc468ce3a22ec",
            "image_id": "ami-0806bc468ce3a22ec",
            "image_location": "amazon/amzn2-ami-hvm-2.0.20230515.0-x86_64-gp2",
            "image_owner_alias": "amazon",
            "image_type": "machine",
            "imds_support": "",
            "include_deprecated": false,
            "kernel_id": "",
            "most_recent": true,
            "name": "amzn2-ami-hvm-2.0.20230515.0-x86_64-gp2",
            "name_regex": null,
            "owner_id": "137112412989",
            "owners": [
              "amazon"
            ],
            "platform": "",
            "platform_details": "Linux/UNIX",
            "product_codes": [],
            "public": true,
            "ramdisk_id": "",
            "root_device_name": "/dev/xvda",
            "root_device_type": "ebs",
            "root_snapshot_id": "snap-02ce2bd61e6bbe26e",
            "sriov_net_support": "simple",
            "state": "available",
            "state_reason": {
              "code": "UNSET",
              "message": "UNSET"
            },
            "tags": {},
            "timeouts": null,
            "tpm_support": "",
            "usage_operation": "RunInstances",
            "virtualization_type": "hvm"
          },
          "sensitive_attributes": []
        }
      ]
    },
    {
      "module": "module.ec2-api[0]",
      "mode": "managed",
      "type": "aws_instance",
      "name": "this",
      "provider": "provider[\"registry.terraform.io/hashicorp/aws\"].aws",
      "instances": [
        {
          "schema_version": 1,
          "attributes": {
            "ami": "ami-0806bc468ce3a22ec",
            "arn": "arn:aws:ec2:us-east-1:849363701316:instance/i-0be3d4797e461ac1a",
            "associate_public_ip_address": true,
            "availability_zone": "us-east-1a",
            "capacity_reservation_specification": [
              {
                "capacity_reservation_preference": "open",
                "capacity_reservation_target": []
              }
            ],
            "cpu_core_count": 1,
            "cpu_options": [
              {
                "amd_sev_snp": "",
                "core_count": 1,
                "threads_per_core": 1
              }
            ],
            "cpu_threads_per_core": 1,
            "credit_specification": [
              {
                "cpu_credits": "standard"
              }
            ],
            "disable_api_stop": false,
            "disable_api_termination": false,
            "ebs_block_device": [],
            "ebs_optimized": false,
            "enclave_options": [
              {
                "enabled": false
              }
            ],
            "ephemeral_block_device": [],
            "get_password_data": false,
            "hibernation": false,
            "host_id": "",
            "host_resource_group_arn": null,
            "iam_instance_profile": "",
            "id": "i-0be3d4797e461ac1a",
            "instance_initiated_shutdown_behavior": "stop",
            "instance_state": "running",
            "instance_type": "t2.micro",
            "ipv6_address_count": 0,
            "ipv6_addresses": [],
            "key_name": "express-api-0_key_pair",
            "launch_template": [],
            "maintenance_options": [
              {
                "auto_recovery": "default"
              }
            ],
            "metadata_options": [
              {
                "http_endpoint": "enabled",
                "http_put_response_hop_limit": 1,
                "http_tokens": "optional",
                "instance_metadata_tags": "disabled"
              }
            ],
            "monitoring": false,
            "network_interface": [],
            "outpost_arn": "",
            "password_data": "",
            "placement_group": "",
            "placement_partition_number": 0,
            "primary_network_interface_id": "eni-05b76116b95ca146f",
            "private_dns": "ip-10-0-0-144.ec2.internal",
            "private_dns_name_options": [
              {
                "enable_resource_name_dns_a_record": false,
                "enable_resource_name_dns_aaaa_record": false,
                "hostname_type": "ip-name"
              }
            ],
            "private_ip": "10.0.0.144",
            "public_dns": "",
            "public_ip": "18.215.161.109",
            "root_block_device": [
              {
                "delete_on_termination": true,
                "device_name": "/dev/xvda",
                "encrypted": true,
                "iops": 100,
                "kms_key_id": "arn:aws:kms:us-east-1:849363701316:key/025c8054-9063-442d-872d-669b7e83f110",
                "tags": null,
                "throughput": 0,
                "volume_id": "vol-0ae8858fc635c4607",
                "volume_size": 30,
                "volume_type": "gp2"
              }
            ],
            "secondary_private_ips": [],
            "security_groups": [],
            "source_dest_check": false,
            "subnet_id": "subnet-02233e739fb365a25",
            "tags": {
              "CreatedBy": "terraform",
              "Name": "express-api-0"
            },
            "tags_all": {
              "CreatedBy": "terraform",
              "Name": "express-api-0",
              "author": "Grupo13",
              "created-by": "terraform",
              "subject": "Redes",
              "university": "ITBA",
              "version": "1"
            },
            "tenancy": "default",
            "timeouts": null,
            "user_data": "47f803b33ae236d0b9bacb907b98a27b8e300154",
            "user_data_base64": null,
            "user_data_replace_on_change": false,
            "volume_tags": null,
            "vpc_security_group_ids": [
              "sg-05287406f0c5bc02f"
            ]
          },
          "sensitive_attributes": [],
          "private": "eyJlMmJmYjczMC1lY2FhLTExZTYtOGY4OC0zNDM2M2JjN2M0YzAiOnsiY3JlYXRlIjo2MDAwMDAwMDAwMDAsImRlbGV0ZSI6MTIwMDAwMDAwMDAwMCwidXBkYXRlIjo2MDAwMDAwMDAwMDB9LCJzY2hlbWFfdmVyc2lvbiI6IjEifQ==",
          "dependencies": [
            "aws_security_group.ec2",
            "data.aws_availability_zones.available",
            "module.ec2-api.aws_key_pair.key_pair",
            "module.ec2-api.data.aws_ami.amazon-linux-2",
            "module.ig.aws_internet_gateway.this",
            "module.nat_gw.aws_eip.nat",
            "module.nat_gw.aws_nat_gateway.this",
            "module.private-subnets.aws_route.this",
            "module.private-subnets.aws_route_table.this",
            "module.private-subnets.aws_route_table_association.this",
            "module.private-subnets.aws_subnet.this",
            "module.public-subnets.aws_route.this",
            "module.public-subnets.aws_route_table.this",
            "module.public-subnets.aws_route_table_association.this",
            "module.public-subnets.aws_subnet.this",
            "module.vpc.aws_vpc.this"
          ]
        }
      ]
    },
    {
      "module": "module.ec2-api[0]",
      "mode": "managed",
      "type": "aws_key_pair",
      "name": "key_pair",
      "provider": "provider[\"registry.terraform.io/hashicorp/aws\"].aws",
      "instances": [
        {
          "schema_version": 1,
          "attributes": {
            "arn": "arn:aws:ec2:us-east-1:849363701316:key-pair/express-api-0_key_pair",
            "fingerprint": "6f:1a:2e:77:51:6e:96:81:43:0f:b0:d4:9b:a4:73:ca",
            "id": "express-api-0_key_pair",
            "key_name": "express-api-0_key_pair",
            "key_name_prefix": "",
            "key_pair_id": "key-077436963f9565c90",
            "key_type": "rsa",
            "public_key": "ssh-rsa AAAAB3NzaC1yc2EAAAADAQABAAACAQCzUhd3YWHlO/ZwhDusfr0qrKiJCo5bfWF6IeED6plUPumeP6aN/r/zNp4JPcPRVOxtnRh8RkJupsoD3oFW7w1P32bK9SPooUckZecBp7vrDY9cm9TCR4lEO8VVP5wMsLgiVM0C3+e/OdjN2ZNHsQbAJzZqgg0P66aOHDr0MLdof83et2fxl78mtuMal+Sqs4rA9Ie+HaPWf9QrUQeh/W0paFKkz9UtA+NNN+yq1NEPa79mMiXRrrYKj1zTxC1qLvnPLgp5AYgyLwSNtjNFMkbzpPK+zVRMZ1Iuu4jLh6jond3RbwjZ3qa2gSF0LapXcFRu3JDCg8cEYBiRFPViRdZqzWdHE6MDeNzG3lRPJn9/YbhEiX7ZcVlApH00jM27HPneNJri235bLo5UHryCtWUsq+ICIpwAkwU0EA/vffoW5lewDxLA9CFrJzoZbhA7qAWn0NisYHcVieYSti/qF6YydyjDLherkhORy2x9HjyATY83ss1znamSCKYjlLTakODW5TuYi4I1LkBUtEevTKAx/K5gx/gC+8GYmtE3WfJZiD32gcqDhNZ1QIqjAj0swIqdNHB5bWSQqsMSjM0o/0kScKQqodMxlD+N9ktj3zQgK+MZ70j0ZgUbK/t30rpQEs8J2q5YwWpM9O/EfSbMaOota16FKHRhd5Fdxui0IuZ2HQ==",
            "tags": {},
            "tags_all": {
              "author": "Grupo13",
              "created-by": "terraform",
              "subject": "Redes",
              "university": "ITBA",
              "version": "1"
            }
          },
          "sensitive_attributes": [],
          "private": "eyJzY2hlbWFfdmVyc2lvbiI6IjEifQ==",
          "dependencies": [
            "data.aws_availability_zones.available",
            "module.ec2-api.tls_private_key.key_pair"
          ]
        }
      ]
    },
    {
      "module": "module.ec2-api[0]",
      "mode": "managed",
      "type": "local_file",
      "name": "ssh_key",
      "provider": "provider[\"registry.terraform.io/hashicorp/local\"]",
      "instances": [
        {
          "schema_version": 0,
          "attributes": {
            "content": "-----BEGIN RSA PRIVATE KEY-----\nMIIJKQIBAAKCAgEAs1IXd2Fh5Tv2cIQ7rH69KqyoiQqOW31heiHhA+qZVD7pnj+m\njf6/8zaeCT3D0VTsbZ0YfEZCbqbKA96BVu8NT99myvUj6KFHJGXnAae76w2PXJvU\nwkeJRDvFVT+cDLC4IlTNAt/nvznYzdmTR7EGwCc2aoIND+umjhw69DC3aH/N3rdn\n8Ze/JrbjGpfkqrOKwPSHvh2j1n/UK1EHof1tKWhSpM/VLQPjTTfsqtTRD2u/ZjIl\n0a62Co9c08Qtai75zy4KeQGIMi8EjbYzRTJG86Tyvs1UTGdSLruIy4eo6J3d0W8I\n2d6mtoEhdC2qV3BUbtyQwoPHBGAYkRT1YkXWas1nRxOjA3jcxt5UTyZ/f2G4RIl+\n2XFZQKR9NIzNuxz53jSa4tt+Wy6OVB68grVlLKviAiKcAJMFNBAP7336FuZXsA8S\nwPQhayc6GW4QO6gFp9DYrGB3FYnmErYv6hemMncowy4Xq5ITkctsfR48gE2PN7LN\nc52pkgimI5S02pDg1uU7mIuCNS5AVLRHr0ygMfyuYMf4AvvBmJrRN1nyWYg99oHK\ng4TWdUCKowI9LMCKnTRweW1kkKrDEozNKP9JEnCkKqHTMZQ/jfZLY980ICvjGe9I\n9GYFGyv7d9K6UBLPCdquWMFqTPTvxH0mzGjqLWtehSh0YXeRXcbotCLmdh0CAwEA\nAQKCAgEArEnoX/wBqdTl3489ImuW5sSDHUA2LLMXj9ezMSca8HWN0kzHgtBLrqtA\nRhLA7IRSsLJqTyTWOSgpGnSTAmql+KLlSYUkXiNujgsWW2HETH93yXuzfIJs4VEo\nNNLr5Ml58QpW+zcTm4hBxO4R8qSknsROJSEU2cIJAasf/XQ9E7sPmrfOt7Gbp9+5\n7dgYjOX6H5ASR9iEjNe+i2vMEJjEZC9mkBFbeWet4Ygk7LGSt+VHPTJbYc4h+51o\ni9KF6+p8e9F5oG+XYtgH4Pw44HgA8aD+1dHD97ChpmLqeNq7r9vVvp6W+3VP6jPB\nZ7VkX6R+ixGCSFGCSrLlh6eCaEw/SDxyphCR9IENOBjTN0RQlBwd3MsW8QulXLoy\nGQaEYYyRcxPmqEvrrOHXQOkQJazVf8nCYfYGv/bDh/qtInyxf/jHlBDr0HGsL0bN\nZdpc5TbBg34NonwaLd5AlW7nAWbeJhIgkLrdnzyiEunVf8Odz0FupNg/S6tlUd9M\nZPaVgmxF1gJcpl3YmsXQr5f4BS3fKRe6W1LzmvgK+/cWIQyKXtFl8MQfnHR/R5pj\n29e3rV3o96S4OBeSOXmLGosZm5ZpElXdU5eSFw+5IqF8wjaz/NV3mUgdbCcvylJB\nfyIrys9V9I4xt6mBucgPZdYaFa57egZGagnrn3AMMe1FoPpQRIECggEBANypa1Tx\nwsk4j1MGOP/Wayn55eJnDFb56A934pe/CC0A8ACL+IbOV0GzWg72w/A7RI3MJCcQ\nYNJjzWjpEQcDC3w9gHs+KZU0YM/NKKLdL0kycYRSRSiqT4HD0Il2u5gens7MWBMD\nEpre/j+oWkK2D3BxKedlgjh65Mst4hOL2SPvgiF76HcnnMbrJE6WWGgQi6GM3/Kp\nERq9Kim1M2ASmiAWwNe8DopNXGz0mRzV1NxkaZ6PTp0nabYjKCo5nBP7rjr4KNfz\n7QIRuY9x/QXajsWaYyiM4BK8ZmlrSQbIotHbkt50AbSrA0xgufsDcPfc0WXll26A\n9j33wqelmbHtpCECggEBANAJyjeUWpvFFCtEAN+bMXJdrnYHtoUpl8m+ledLK7cL\nqYiYhxhCpZeyQa0esaV70X3E5bfCrkO/svSngS4B6twh8p+mUafWE/X4SHYzUoth\nnRJL8gw+AFGfRgj6BNism1H68ANlk38Qo1p9OJ3DEFpgI7JN5ynP5dn0VmwYIhoS\nc9ydkfnCwhMWUANOZuQ33n+kc+EAW1Btf85J/juRlauMydwo331HZF36XGnnfMB2\nwnHOTKkcK/HtQ3+kEPhwkXfqGXBOyx2KI2DD9fxI8g3FBoMvgmpzPRJt1K3vnZae\nY1Xj1ygYVwXjcJDMj6VdKEyvHCFIuOZpJ/H6GqHzEn0CggEABpzdJpKIL9eOFALf\numsGkx92EC7eY8zhc3U4SSvkZtTcXGfVbtTIMKPbUw96F7zu9QDlJHaNMEDlavtx\nEzC4K2T8cLUQMfR74j5XtWnDfQIR/NEqWWmhMFZZ7YStYoWoZLIjAY7aA+Ii5G17\nJvylwcziYJjeKiskqCIb4FIUk8sdrzszYD7DqAJr+B7xT00PoivCmlcOuCprFQzl\nGT/1dni4Fr8AAI0I9Arwe7i8xE4ODD5nMLZ5qIetMHbBgqfMNOAy+SXKOIGnefEE\nkCRYmvthdVmjbWxP9WDNs3JXzsoxwJDhbDSjyKotaKRVwlfPvqn+u8UJnBnMr5F6\n5aYlgQKCAQABEDu/Yvu/lhdPTU6v1ew/yGjO46U0Mw06k8XSY9j6W43nS9hM8HJG\nPzwEtYZ08RgWC36dHNqlMAKrK3wGjy3zKB1EYaZDNF3vwPAl4odGfR4/bLH1DBAW\nWrkR7K0/qko09hJqAgfp+1zKZp92dvvLanhkPe+zkAN9xLj4Xns2JOgAtbF8VFmH\nnXKVQb5W5k412tJY0RamZ5jiphAtn8XjFZomjPLvggDqVhBI3k0N8s11pXdQ2fsD\nhpH0whLwIissML8mitCQ+xbJNNc6Delm1p38565D+wjR4kvXA8WLco3Rb5O2+cDg\nH9SAePs2/i3pjm+XX/bJ/rmcjAm80DBFAoIBAQDGLwrmu9AvtiraPXPKkDXb5jhU\ncYztblc+CPmVODr1Ysc/5huGhVXw58c3MUSKycHX1yZIS0Pu/WdxZ9lqTOTxjzXe\nO379C3eD6KHc9xtvHLSfXkda6EOlZirxVymA8Elk8RAloXDEe7KD86HwJ3Dicbqa\nlT51CyjbVOCSr/U6A8Wc7nO7Dp5PQkaapFkizKhFm2+hAV49/cdQ0Qn+WM/JhJ8a\nmoaJ+2OCn2GdSKSVG1ZBdTAATA/bWi+elxPdi7ttQFifSOQYMJvdtftVaGr55NYs\nFrDVfxZHmV1CZnDZ+uVafKKSREd1ftv2oDCRv5Pqf0JuludDw2/B+ukqG3HF\n-----END RSA PRIVATE KEY-----\n",
            "content_base64": null,
            "content_base64sha256": "3b66du2chwzPakKYuDEts5/P4uLv4UypStTTOen0YJo=",
            "content_base64sha512": "SoLMNtGqm877U83PQFNRehKxFQvvLcVDbz9twrj3feDQHpmNVmRo/5zzxjlvvq9YKZqVsxK5gBscXg7/mAz5xg==",
            "content_md5": "72c233205c455d575e53ab85122def4c",
            "content_sha1": "664727c502cebae5a152e5e8e790a1fd045d7c26",
            "content_sha256": "ddbeba76ed9c870ccf6a4298b8312db39fcfe2e2efe14ca94ad4d339e9f4609a",
            "content_sha512": "4a82cc36d1aa9bcefb53cdcf4053517a12b1150bef2dc5436f3f6dc2b8f77de0d01e998d566468ff9cf3c6396fbeaf58299a95b312b9801b1c5e0eff980cf9c6",
            "directory_permission": "0777",
            "file_permission": "0777",
            "filename": "express-api-0_key_pair.pem",
            "id": "664727c502cebae5a152e5e8e790a1fd045d7c26",
            "sensitive_content": null,
            "source": null
          },
          "sensitive_attributes": [
            [
              {
                "type": "get_attr",
                "value": "content"
              }
            ]
          ],
          "dependencies": [
            "data.aws_availability_zones.available",
            "module.ec2-api.aws_key_pair.key_pair",
            "module.ec2-api.tls_private_key.key_pair"
          ]
        }
      ]
    },
    {
      "module": "module.ec2-api[0]",
      "mode": "managed",
      "type": "tls_private_key",
      "name": "key_pair",
      "provider": "provider[\"registry.terraform.io/hashicorp/tls\"]",
      "instances": [
        {
          "schema_version": 1,
          "attributes": {
            "algorithm": "RSA",
            "ecdsa_curve": "P224",
            "id": "d787bb029fc2824e93869f23c3a3e6e902f7935e",
            "private_key_openssh": "-----BEGIN OPENSSH PRIVATE KEY-----\nb3BlbnNzaC1rZXktdjEAAAAABG5vbmUAAAAEbm9uZQAAAAAAAAABAAACFwAAAAdz\nc2gtcnNhAAAAAwEAAQAAAgEAs1IXd2Fh5Tv2cIQ7rH69KqyoiQqOW31heiHhA+qZ\nVD7pnj+mjf6/8zaeCT3D0VTsbZ0YfEZCbqbKA96BVu8NT99myvUj6KFHJGXnAae7\n6w2PXJvUwkeJRDvFVT+cDLC4IlTNAt/nvznYzdmTR7EGwCc2aoIND+umjhw69DC3\naH/N3rdn8Ze/JrbjGpfkqrOKwPSHvh2j1n/UK1EHof1tKWhSpM/VLQPjTTfsqtTR\nD2u/ZjIl0a62Co9c08Qtai75zy4KeQGIMi8EjbYzRTJG86Tyvs1UTGdSLruIy4eo\n6J3d0W8I2d6mtoEhdC2qV3BUbtyQwoPHBGAYkRT1YkXWas1nRxOjA3jcxt5UTyZ/\nf2G4RIl+2XFZQKR9NIzNuxz53jSa4tt+Wy6OVB68grVlLKviAiKcAJMFNBAP7336\nFuZXsA8SwPQhayc6GW4QO6gFp9DYrGB3FYnmErYv6hemMncowy4Xq5ITkctsfR48\ngE2PN7LNc52pkgimI5S02pDg1uU7mIuCNS5AVLRHr0ygMfyuYMf4AvvBmJrRN1ny\nWYg99oHKg4TWdUCKowI9LMCKnTRweW1kkKrDEozNKP9JEnCkKqHTMZQ/jfZLY980\nICvjGe9I9GYFGyv7d9K6UBLPCdquWMFqTPTvxH0mzGjqLWtehSh0YXeRXcbotCLm\ndh0AAAc4dYQjGHWEIxgAAAAHc3NoLXJzYQAAAgEAs1IXd2Fh5Tv2cIQ7rH69Kqyo\niQqOW31heiHhA+qZVD7pnj+mjf6/8zaeCT3D0VTsbZ0YfEZCbqbKA96BVu8NT99m\nyvUj6KFHJGXnAae76w2PXJvUwkeJRDvFVT+cDLC4IlTNAt/nvznYzdmTR7EGwCc2\naoIND+umjhw69DC3aH/N3rdn8Ze/JrbjGpfkqrOKwPSHvh2j1n/UK1EHof1tKWhS\npM/VLQPjTTfsqtTRD2u/ZjIl0a62Co9c08Qtai75zy4KeQGIMi8EjbYzRTJG86Ty\nvs1UTGdSLruIy4eo6J3d0W8I2d6mtoEhdC2qV3BUbtyQwoPHBGAYkRT1YkXWas1n\nRxOjA3jcxt5UTyZ/f2G4RIl+2XFZQKR9NIzNuxz53jSa4tt+Wy6OVB68grVlLKvi\nAiKcAJMFNBAP7336FuZXsA8SwPQhayc6GW4QO6gFp9DYrGB3FYnmErYv6hemMnco\nwy4Xq5ITkctsfR48gE2PN7LNc52pkgimI5S02pDg1uU7mIuCNS5AVLRHr0ygMfyu\nYMf4AvvBmJrRN1nyWYg99oHKg4TWdUCKowI9LMCKnTRweW1kkKrDEozNKP9JEnCk\nKqHTMZQ/jfZLY980ICvjGe9I9GYFGyv7d9K6UBLPCdquWMFqTPTvxH0mzGjqLWte\nhSh0YXeRXcbotCLmdh0AAAADAQABAAACAQCsSehf/AGp1OXfjz0ia5bmxIMdQDYs\nsxeP17MxJxrwdY3STMeC0Euuq0BGEsDshFKwsmpPJNY5KCkadJMCaqX4ouVJhSRe\nI26OCxZbYcRMf3fJe7N8gmzhUSg00uvkyXnxClb7NxObiEHE7hHypKSexE4lIRTZ\nwgkBqx/9dD0Tuw+at863sZun37nt2BiM5fofkBJH2ISM176La8wQmMRkL2aQEVt5\nZ63hiCTssZK35Uc9MlthziH7nWiL0oXr6nx70Xmgb5di2Afg/DjgeADxoP7V0cP3\nsKGmYup42ruv29W+npb7dU/qM8FntWRfpH6LEYJIUYJKsuWHp4JoTD9IPHKmEJH0\ngQ04GNM3RFCUHB3cyxbxC6VcujIZBoRhjJFzE+aoS+us4ddA6RAlrNV/ycJh9ga/\n9sOH+q0ifLF/+MeUEOvQcawvRs1l2lzlNsGDfg2ifBot3kCVbucBZt4mEiCQut2f\nPKIS6dV/w53PQW6k2D9Lq2VR30xk9pWCbEXWAlymXdiaxdCvl/gFLd8pF7pbUvOa\n+Ar79xYhDIpe0WXwxB+cdH9HmmPb17etXej3pLg4F5I5eYsaixmblmkSVd1Tl5IX\nD7kioXzCNrP81XeZSB1sJy/KUkF/IivKz1X0jjG3qYG5yA9l1hoVrnt6BkZqCeuf\ncAwx7UWg+lBEgQAAAQEAxi8K5rvQL7Yq2j1zypA12+Y4VHGM7W5XPgj5lTg69WLH\nP+YbhoVV8OfHNzFEisnB19cmSEtD7v1ncWfZakzk8Y813jt+/Qt3g+ih3Pcbbxy0\nn15HWuhDpWYq8VcpgPBJZPEQJaFwxHuyg/Oh8Cdw4nG6mpU+dQso21Tgkq/1OgPF\nnO5zuw6eT0JGmqRZIsyoRZtvoQFePf3HUNEJ/ljPyYSfGpqGiftjgp9hnUiklRtW\nQXUwAEwP21ovnpcT3Yu7bUBYn0jkGDCb3bX7VWhq+eTWLBaw1X8WR5ldQmZw2frl\nWnyikkRHdX7b9qAwkb+T6n9CbpbnQ8NvwfrpKhtxxQAAAQEA3KlrVPHCyTiPUwY4\n/9ZrKfnl4mcMVvnoD3fil78ILQDwAIv4hs5XQbNaDvbD8DtEjcwkJxBg0mPNaOkR\nBwMLfD2Aez4plTRgz80oot0vSTJxhFJFKKpPgcPQiXa7mB6ezsxYEwMSmt7+P6ha\nQrYPcHEp52WCOHrkyy3iE4vZI++CIXvodyecxuskTpZYaBCLoYzf8qkRGr0qKbUz\nYBKaIBbA17wOik1cbPSZHNXU3GRpno9OnSdptiMoKjmcE/uuOvgo1/PtAhG5j3H9\nBdqOxZpjKIzgErxmaWtJBsii0duS3nQBtKsDTGC5+wNw99zRZeWXboD2PffCp6WZ\nse2kIQAAAQEA0AnKN5Ram8UUK0QA35sxcl2udge2hSmXyb6V50srtwupiJiHGEKl\nl7JBrR6xpXvRfcTlt8KuQ7+y9KeBLgHq3CHyn6ZRp9YT9fhIdjNSi2GdEkvyDD4A\nUZ9GCPoE2KybUfrwA2WTfxCjWn04ncMQWmAjsk3nKc/l2fRWbBgiGhJz3J2R+cLC\nExZQA05m5Dfef6Rz4QBbUG1/zkn+O5GVq4zJ3CjffUdkXfpcaed8wHbCcc5MqRwr\n8e1Df6QQ+HCRd+oZcE7LHYojYMP1/EjyDcUGgy+CanM9Em3Ure+dlp5jVePXKBhX\nBeNwkMyPpV0oTK8cIUi45mkn8foaofMSfQAAAAAB\n-----END OPENSSH PRIVATE KEY-----\n",
            "private_key_pem": "-----BEGIN RSA PRIVATE KEY-----\nMIIJKQIBAAKCAgEAs1IXd2Fh5Tv2cIQ7rH69KqyoiQqOW31heiHhA+qZVD7pnj+m\njf6/8zaeCT3D0VTsbZ0YfEZCbqbKA96BVu8NT99myvUj6KFHJGXnAae76w2PXJvU\nwkeJRDvFVT+cDLC4IlTNAt/nvznYzdmTR7EGwCc2aoIND+umjhw69DC3aH/N3rdn\n8Ze/JrbjGpfkqrOKwPSHvh2j1n/UK1EHof1tKWhSpM/VLQPjTTfsqtTRD2u/ZjIl\n0a62Co9c08Qtai75zy4KeQGIMi8EjbYzRTJG86Tyvs1UTGdSLruIy4eo6J3d0W8I\n2d6mtoEhdC2qV3BUbtyQwoPHBGAYkRT1YkXWas1nRxOjA3jcxt5UTyZ/f2G4RIl+\n2XFZQKR9NIzNuxz53jSa4tt+Wy6OVB68grVlLKviAiKcAJMFNBAP7336FuZXsA8S\nwPQhayc6GW4QO6gFp9DYrGB3FYnmErYv6hemMncowy4Xq5ITkctsfR48gE2PN7LN\nc52pkgimI5S02pDg1uU7mIuCNS5AVLRHr0ygMfyuYMf4AvvBmJrRN1nyWYg99oHK\ng4TWdUCKowI9LMCKnTRweW1kkKrDEozNKP9JEnCkKqHTMZQ/jfZLY980ICvjGe9I\n9GYFGyv7d9K6UBLPCdquWMFqTPTvxH0mzGjqLWtehSh0YXeRXcbotCLmdh0CAwEA\nAQKCAgEArEnoX/wBqdTl3489ImuW5sSDHUA2LLMXj9ezMSca8HWN0kzHgtBLrqtA\nRhLA7IRSsLJqTyTWOSgpGnSTAmql+KLlSYUkXiNujgsWW2HETH93yXuzfIJs4VEo\nNNLr5Ml58QpW+zcTm4hBxO4R8qSknsROJSEU2cIJAasf/XQ9E7sPmrfOt7Gbp9+5\n7dgYjOX6H5ASR9iEjNe+i2vMEJjEZC9mkBFbeWet4Ygk7LGSt+VHPTJbYc4h+51o\ni9KF6+p8e9F5oG+XYtgH4Pw44HgA8aD+1dHD97ChpmLqeNq7r9vVvp6W+3VP6jPB\nZ7VkX6R+ixGCSFGCSrLlh6eCaEw/SDxyphCR9IENOBjTN0RQlBwd3MsW8QulXLoy\nGQaEYYyRcxPmqEvrrOHXQOkQJazVf8nCYfYGv/bDh/qtInyxf/jHlBDr0HGsL0bN\nZdpc5TbBg34NonwaLd5AlW7nAWbeJhIgkLrdnzyiEunVf8Odz0FupNg/S6tlUd9M\nZPaVgmxF1gJcpl3YmsXQr5f4BS3fKRe6W1LzmvgK+/cWIQyKXtFl8MQfnHR/R5pj\n29e3rV3o96S4OBeSOXmLGosZm5ZpElXdU5eSFw+5IqF8wjaz/NV3mUgdbCcvylJB\nfyIrys9V9I4xt6mBucgPZdYaFa57egZGagnrn3AMMe1FoPpQRIECggEBANypa1Tx\nwsk4j1MGOP/Wayn55eJnDFb56A934pe/CC0A8ACL+IbOV0GzWg72w/A7RI3MJCcQ\nYNJjzWjpEQcDC3w9gHs+KZU0YM/NKKLdL0kycYRSRSiqT4HD0Il2u5gens7MWBMD\nEpre/j+oWkK2D3BxKedlgjh65Mst4hOL2SPvgiF76HcnnMbrJE6WWGgQi6GM3/Kp\nERq9Kim1M2ASmiAWwNe8DopNXGz0mRzV1NxkaZ6PTp0nabYjKCo5nBP7rjr4KNfz\n7QIRuY9x/QXajsWaYyiM4BK8ZmlrSQbIotHbkt50AbSrA0xgufsDcPfc0WXll26A\n9j33wqelmbHtpCECggEBANAJyjeUWpvFFCtEAN+bMXJdrnYHtoUpl8m+ledLK7cL\nqYiYhxhCpZeyQa0esaV70X3E5bfCrkO/svSngS4B6twh8p+mUafWE/X4SHYzUoth\nnRJL8gw+AFGfRgj6BNism1H68ANlk38Qo1p9OJ3DEFpgI7JN5ynP5dn0VmwYIhoS\nc9ydkfnCwhMWUANOZuQ33n+kc+EAW1Btf85J/juRlauMydwo331HZF36XGnnfMB2\nwnHOTKkcK/HtQ3+kEPhwkXfqGXBOyx2KI2DD9fxI8g3FBoMvgmpzPRJt1K3vnZae\nY1Xj1ygYVwXjcJDMj6VdKEyvHCFIuOZpJ/H6GqHzEn0CggEABpzdJpKIL9eOFALf\numsGkx92EC7eY8zhc3U4SSvkZtTcXGfVbtTIMKPbUw96F7zu9QDlJHaNMEDlavtx\nEzC4K2T8cLUQMfR74j5XtWnDfQIR/NEqWWmhMFZZ7YStYoWoZLIjAY7aA+Ii5G17\nJvylwcziYJjeKiskqCIb4FIUk8sdrzszYD7DqAJr+B7xT00PoivCmlcOuCprFQzl\nGT/1dni4Fr8AAI0I9Arwe7i8xE4ODD5nMLZ5qIetMHbBgqfMNOAy+SXKOIGnefEE\nkCRYmvthdVmjbWxP9WDNs3JXzsoxwJDhbDSjyKotaKRVwlfPvqn+u8UJnBnMr5F6\n5aYlgQKCAQABEDu/Yvu/lhdPTU6v1ew/yGjO46U0Mw06k8XSY9j6W43nS9hM8HJG\nPzwEtYZ08RgWC36dHNqlMAKrK3wGjy3zKB1EYaZDNF3vwPAl4odGfR4/bLH1DBAW\nWrkR7K0/qko09hJqAgfp+1zKZp92dvvLanhkPe+zkAN9xLj4Xns2JOgAtbF8VFmH\nnXKVQb5W5k412tJY0RamZ5jiphAtn8XjFZomjPLvggDqVhBI3k0N8s11pXdQ2fsD\nhpH0whLwIissML8mitCQ+xbJNNc6Delm1p38565D+wjR4kvXA8WLco3Rb5O2+cDg\nH9SAePs2/i3pjm+XX/bJ/rmcjAm80DBFAoIBAQDGLwrmu9AvtiraPXPKkDXb5jhU\ncYztblc+CPmVODr1Ysc/5huGhVXw58c3MUSKycHX1yZIS0Pu/WdxZ9lqTOTxjzXe\nO379C3eD6KHc9xtvHLSfXkda6EOlZirxVymA8Elk8RAloXDEe7KD86HwJ3Dicbqa\nlT51CyjbVOCSr/U6A8Wc7nO7Dp5PQkaapFkizKhFm2+hAV49/cdQ0Qn+WM/JhJ8a\nmoaJ+2OCn2GdSKSVG1ZBdTAATA/bWi+elxPdi7ttQFifSOQYMJvdtftVaGr55NYs\nFrDVfxZHmV1CZnDZ+uVafKKSREd1ftv2oDCRv5Pqf0JuludDw2/B+ukqG3HF\n-----END RSA PRIVATE KEY-----\n",
            "private_key_pem_pkcs8": "-----BEGIN PRIVATE KEY-----\nMIIJQwIBADANBgkqhkiG9w0BAQEFAASCCS0wggkpAgEAAoICAQCzUhd3YWHlO/Zw\nhDusfr0qrKiJCo5bfWF6IeED6plUPumeP6aN/r/zNp4JPcPRVOxtnRh8RkJupsoD\n3oFW7w1P32bK9SPooUckZecBp7vrDY9cm9TCR4lEO8VVP5wMsLgiVM0C3+e/OdjN\n2ZNHsQbAJzZqgg0P66aOHDr0MLdof83et2fxl78mtuMal+Sqs4rA9Ie+HaPWf9Qr\nUQeh/W0paFKkz9UtA+NNN+yq1NEPa79mMiXRrrYKj1zTxC1qLvnPLgp5AYgyLwSN\ntjNFMkbzpPK+zVRMZ1Iuu4jLh6jond3RbwjZ3qa2gSF0LapXcFRu3JDCg8cEYBiR\nFPViRdZqzWdHE6MDeNzG3lRPJn9/YbhEiX7ZcVlApH00jM27HPneNJri235bLo5U\nHryCtWUsq+ICIpwAkwU0EA/vffoW5lewDxLA9CFrJzoZbhA7qAWn0NisYHcVieYS\nti/qF6YydyjDLherkhORy2x9HjyATY83ss1znamSCKYjlLTakODW5TuYi4I1LkBU\ntEevTKAx/K5gx/gC+8GYmtE3WfJZiD32gcqDhNZ1QIqjAj0swIqdNHB5bWSQqsMS\njM0o/0kScKQqodMxlD+N9ktj3zQgK+MZ70j0ZgUbK/t30rpQEs8J2q5YwWpM9O/E\nfSbMaOota16FKHRhd5Fdxui0IuZ2HQIDAQABAoICAQCsSehf/AGp1OXfjz0ia5bm\nxIMdQDYssxeP17MxJxrwdY3STMeC0Euuq0BGEsDshFKwsmpPJNY5KCkadJMCaqX4\nouVJhSReI26OCxZbYcRMf3fJe7N8gmzhUSg00uvkyXnxClb7NxObiEHE7hHypKSe\nxE4lIRTZwgkBqx/9dD0Tuw+at863sZun37nt2BiM5fofkBJH2ISM176La8wQmMRk\nL2aQEVt5Z63hiCTssZK35Uc9MlthziH7nWiL0oXr6nx70Xmgb5di2Afg/DjgeADx\noP7V0cP3sKGmYup42ruv29W+npb7dU/qM8FntWRfpH6LEYJIUYJKsuWHp4JoTD9I\nPHKmEJH0gQ04GNM3RFCUHB3cyxbxC6VcujIZBoRhjJFzE+aoS+us4ddA6RAlrNV/\nycJh9ga/9sOH+q0ifLF/+MeUEOvQcawvRs1l2lzlNsGDfg2ifBot3kCVbucBZt4m\nEiCQut2fPKIS6dV/w53PQW6k2D9Lq2VR30xk9pWCbEXWAlymXdiaxdCvl/gFLd8p\nF7pbUvOa+Ar79xYhDIpe0WXwxB+cdH9HmmPb17etXej3pLg4F5I5eYsaixmblmkS\nVd1Tl5IXD7kioXzCNrP81XeZSB1sJy/KUkF/IivKz1X0jjG3qYG5yA9l1hoVrnt6\nBkZqCeufcAwx7UWg+lBEgQKCAQEA3KlrVPHCyTiPUwY4/9ZrKfnl4mcMVvnoD3fi\nl78ILQDwAIv4hs5XQbNaDvbD8DtEjcwkJxBg0mPNaOkRBwMLfD2Aez4plTRgz80o\not0vSTJxhFJFKKpPgcPQiXa7mB6ezsxYEwMSmt7+P6haQrYPcHEp52WCOHrkyy3i\nE4vZI++CIXvodyecxuskTpZYaBCLoYzf8qkRGr0qKbUzYBKaIBbA17wOik1cbPSZ\nHNXU3GRpno9OnSdptiMoKjmcE/uuOvgo1/PtAhG5j3H9BdqOxZpjKIzgErxmaWtJ\nBsii0duS3nQBtKsDTGC5+wNw99zRZeWXboD2PffCp6WZse2kIQKCAQEA0AnKN5Ra\nm8UUK0QA35sxcl2udge2hSmXyb6V50srtwupiJiHGEKll7JBrR6xpXvRfcTlt8Ku\nQ7+y9KeBLgHq3CHyn6ZRp9YT9fhIdjNSi2GdEkvyDD4AUZ9GCPoE2KybUfrwA2WT\nfxCjWn04ncMQWmAjsk3nKc/l2fRWbBgiGhJz3J2R+cLCExZQA05m5Dfef6Rz4QBb\nUG1/zkn+O5GVq4zJ3CjffUdkXfpcaed8wHbCcc5MqRwr8e1Df6QQ+HCRd+oZcE7L\nHYojYMP1/EjyDcUGgy+CanM9Em3Ure+dlp5jVePXKBhXBeNwkMyPpV0oTK8cIUi4\n5mkn8foaofMSfQKCAQAGnN0mkogv144UAt+6awaTH3YQLt5jzOFzdThJK+Rm1Nxc\nZ9Vu1Mgwo9tTD3oXvO71AOUkdo0wQOVq+3ETMLgrZPxwtRAx9HviPle1acN9AhH8\n0SpZaaEwVlnthK1ihahksiMBjtoD4iLkbXsm/KXBzOJgmN4qKySoIhvgUhSTyx2v\nOzNgPsOoAmv4HvFPTQ+iK8KaVw64KmsVDOUZP/V2eLgWvwAAjQj0CvB7uLzETg4M\nPmcwtnmoh60wdsGCp8w04DL5Jco4gad58QSQJFia+2F1WaNtbE/1YM2zclfOyjHA\nkOFsNKPIqi1opFXCV8++qf67xQmcGcyvkXrlpiWBAoIBAAEQO79i+7+WF09NTq/V\n7D/IaM7jpTQzDTqTxdJj2PpbjedL2EzwckY/PAS1hnTxGBYLfp0c2qUwAqsrfAaP\nLfMoHURhpkM0Xe/A8CXih0Z9Hj9ssfUMEBZauRHsrT+qSjT2EmoCB+n7XMpmn3Z2\n+8tqeGQ977OQA33EuPheezYk6AC1sXxUWYedcpVBvlbmTjXa0ljRFqZnmOKmEC2f\nxeMVmiaM8u+CAOpWEEjeTQ3yzXWld1DZ+wOGkfTCEvAiKywwvyaK0JD7Fsk01zoN\n6WbWnfznrkP7CNHiS9cDxYtyjdFvk7b5wOAf1IB4+zb+LemOb5df9sn+uZyMCbzQ\nMEUCggEBAMYvCua70C+2Kto9c8qQNdvmOFRxjO1uVz4I+ZU4OvVixz/mG4aFVfDn\nxzcxRIrJwdfXJkhLQ+79Z3Fn2WpM5PGPNd47fv0Ld4Poodz3G28ctJ9eR1roQ6Vm\nKvFXKYDwSWTxECWhcMR7soPzofAncOJxupqVPnULKNtU4JKv9ToDxZzuc7sOnk9C\nRpqkWSLMqEWbb6EBXj39x1DRCf5Yz8mEnxqahon7Y4KfYZ1IpJUbVkF1MABMD9ta\nL56XE92Lu21AWJ9I5Bgwm921+1Voavnk1iwWsNV/FkeZXUJmcNn65Vp8opJER3V+\n2/agMJG/k+p/Qm6W50PDb8H66SobccU=\n-----END PRIVATE KEY-----\n",
            "public_key_fingerprint_md5": "36:34:90:f5:61:c3:d9:48:ae:16:1e:07:68:db:65:c9",
            "public_key_fingerprint_sha256": "SHA256:mDAhilILapLBGgLk+ZGIldh8bMZLGuLJAmLfbDouCp8",
            "public_key_openssh": "ssh-rsa AAAAB3NzaC1yc2EAAAADAQABAAACAQCzUhd3YWHlO/ZwhDusfr0qrKiJCo5bfWF6IeED6plUPumeP6aN/r/zNp4JPcPRVOxtnRh8RkJupsoD3oFW7w1P32bK9SPooUckZecBp7vrDY9cm9TCR4lEO8VVP5wMsLgiVM0C3+e/OdjN2ZNHsQbAJzZqgg0P66aOHDr0MLdof83et2fxl78mtuMal+Sqs4rA9Ie+HaPWf9QrUQeh/W0paFKkz9UtA+NNN+yq1NEPa79mMiXRrrYKj1zTxC1qLvnPLgp5AYgyLwSNtjNFMkbzpPK+zVRMZ1Iuu4jLh6jond3RbwjZ3qa2gSF0LapXcFRu3JDCg8cEYBiRFPViRdZqzWdHE6MDeNzG3lRPJn9/YbhEiX7ZcVlApH00jM27HPneNJri235bLo5UHryCtWUsq+ICIpwAkwU0EA/vffoW5lewDxLA9CFrJzoZbhA7qAWn0NisYHcVieYSti/qF6YydyjDLherkhORy2x9HjyATY83ss1znamSCKYjlLTakODW5TuYi4I1LkBUtEevTKAx/K5gx/gC+8GYmtE3WfJZiD32gcqDhNZ1QIqjAj0swIqdNHB5bWSQqsMSjM0o/0kScKQqodMxlD+N9ktj3zQgK+MZ70j0ZgUbK/t30rpQEs8J2q5YwWpM9O/EfSbMaOota16FKHRhd5Fdxui0IuZ2HQ==\n",
            "public_key_pem": "-----BEGIN PUBLIC KEY-----\nMIICIjANBgkqhkiG9w0BAQEFAAOCAg8AMIICCgKCAgEAs1IXd2Fh5Tv2cIQ7rH69\nKqyoiQqOW31heiHhA+qZVD7pnj+mjf6/8zaeCT3D0VTsbZ0YfEZCbqbKA96BVu8N\nT99myvUj6KFHJGXnAae76w2PXJvUwkeJRDvFVT+cDLC4IlTNAt/nvznYzdmTR7EG\nwCc2aoIND+umjhw69DC3aH/N3rdn8Ze/JrbjGpfkqrOKwPSHvh2j1n/UK1EHof1t\nKWhSpM/VLQPjTTfsqtTRD2u/ZjIl0a62Co9c08Qtai75zy4KeQGIMi8EjbYzRTJG\n86Tyvs1UTGdSLruIy4eo6J3d0W8I2d6mtoEhdC2qV3BUbtyQwoPHBGAYkRT1YkXW\nas1nRxOjA3jcxt5UTyZ/f2G4RIl+2XFZQKR9NIzNuxz53jSa4tt+Wy6OVB68grVl\nLKviAiKcAJMFNBAP7336FuZXsA8SwPQhayc6GW4QO6gFp9DYrGB3FYnmErYv6hem\nMncowy4Xq5ITkctsfR48gE2PN7LNc52pkgimI5S02pDg1uU7mIuCNS5AVLRHr0yg\nMfyuYMf4AvvBmJrRN1nyWYg99oHKg4TWdUCKowI9LMCKnTRweW1kkKrDEozNKP9J\nEnCkKqHTMZQ/jfZLY980ICvjGe9I9GYFGyv7d9K6UBLPCdquWMFqTPTvxH0mzGjq\nLWtehSh0YXeRXcbotCLmdh0CAwEAAQ==\n-----END PUBLIC KEY-----\n",
            "rsa_bits": 4096
          },
          "sensitive_attributes": [],
          "dependencies": [
            "data.aws_availability_zones.available"
          ]
        }
      ]
    },
    {
      "module": "module.ec2-api[1]",
      "mode": "data",
      "type": "aws_ami",
      "name": "amazon-linux-2",
      "provider": "provider[\"registry.terraform.io/hashicorp/aws\"].aws",
      "instances": [
        {
          "schema_version": 0,
          "attributes": {
            "architecture": "x86_64",
            "arn": "arn:aws:ec2:us-east-1::image/ami-0806bc468ce3a22ec",
            "block_device_mappings": [
              {
                "device_name": "/dev/xvda",
                "ebs": {
                  "delete_on_termination": "true",
                  "encrypted": "false",
                  "iops": "0",
                  "snapshot_id": "snap-02ce2bd61e6bbe26e",
                  "throughput": "0",
                  "volume_size": "8",
                  "volume_type": "gp2"
                },
                "no_device": "",
                "virtual_name": ""
              }
            ],
            "boot_mode": "",
            "creation_date": "2023-05-19T00:12:40.000Z",
            "deprecation_time": "2025-05-19T00:12:40.000Z",
            "description": "Amazon Linux 2 AMI 2.0.20230515.0 x86_64 HVM gp2",
            "ena_support": true,
            "executable_users": null,
            "filter": [
              {
                "name": "name",
                "values": [
                  "amzn2-ami-hvm*"
                ]
              }
            ],
            "hypervisor": "xen",
            "id": "ami-0806bc468ce3a22ec",
            "image_id": "ami-0806bc468ce3a22ec",
            "image_location": "amazon/amzn2-ami-hvm-2.0.20230515.0-x86_64-gp2",
            "image_owner_alias": "amazon",
            "image_type": "machine",
            "imds_support": "",
            "include_deprecated": false,
            "kernel_id": "",
            "most_recent": true,
            "name": "amzn2-ami-hvm-2.0.20230515.0-x86_64-gp2",
            "name_regex": null,
            "owner_id": "137112412989",
            "owners": [
              "amazon"
            ],
            "platform": "",
            "platform_details": "Linux/UNIX",
            "product_codes": [],
            "public": true,
            "ramdisk_id": "",
            "root_device_name": "/dev/xvda",
            "root_device_type": "ebs",
            "root_snapshot_id": "snap-02ce2bd61e6bbe26e",
            "sriov_net_support": "simple",
            "state": "available",
            "state_reason": {
              "code": "UNSET",
              "message": "UNSET"
            },
            "tags": {},
            "timeouts": null,
            "tpm_support": "",
            "usage_operation": "RunInstances",
            "virtualization_type": "hvm"
          },
          "sensitive_attributes": []
        }
      ]
    },
    {
      "module": "module.ec2-api[1]",
      "mode": "managed",
      "type": "aws_instance",
      "name": "this",
      "provider": "provider[\"registry.terraform.io/hashicorp/aws\"].aws",
      "instances": [
        {
          "schema_version": 1,
          "attributes": {
            "ami": "ami-0806bc468ce3a22ec",
            "arn": "arn:aws:ec2:us-east-1:849363701316:instance/i-0356f46952a44f462",
            "associate_public_ip_address": true,
            "availability_zone": "us-east-1b",
            "capacity_reservation_specification": [
              {
                "capacity_reservation_preference": "open",
                "capacity_reservation_target": []
              }
            ],
            "cpu_core_count": 1,
            "cpu_options": [
              {
                "amd_sev_snp": "",
                "core_count": 1,
                "threads_per_core": 1
              }
            ],
            "cpu_threads_per_core": 1,
            "credit_specification": [
              {
                "cpu_credits": "standard"
              }
            ],
            "disable_api_stop": false,
            "disable_api_termination": false,
            "ebs_block_device": [],
            "ebs_optimized": false,
            "enclave_options": [
              {
                "enabled": false
              }
            ],
            "ephemeral_block_device": [],
            "get_password_data": false,
            "hibernation": false,
            "host_id": "",
            "host_resource_group_arn": null,
            "iam_instance_profile": "",
            "id": "i-0356f46952a44f462",
            "instance_initiated_shutdown_behavior": "stop",
            "instance_state": "running",
            "instance_type": "t2.micro",
            "ipv6_address_count": 0,
            "ipv6_addresses": [],
            "key_name": "express-api-1_key_pair",
            "launch_template": [],
            "maintenance_options": [
              {
                "auto_recovery": "default"
              }
            ],
            "metadata_options": [
              {
                "http_endpoint": "enabled",
                "http_put_response_hop_limit": 1,
                "http_tokens": "optional",
                "instance_metadata_tags": "disabled"
              }
            ],
            "monitoring": false,
            "network_interface": [],
            "outpost_arn": "",
            "password_data": "",
            "placement_group": "",
            "placement_partition_number": 0,
            "primary_network_interface_id": "eni-0245aa53894778f1c",
            "private_dns": "ip-10-0-1-13.ec2.internal",
            "private_dns_name_options": [
              {
                "enable_resource_name_dns_a_record": false,
                "enable_resource_name_dns_aaaa_record": false,
                "hostname_type": "ip-name"
              }
            ],
            "private_ip": "10.0.1.13",
            "public_dns": "",
            "public_ip": "54.164.174.128",
            "root_block_device": [
              {
                "delete_on_termination": true,
                "device_name": "/dev/xvda",
                "encrypted": true,
                "iops": 100,
                "kms_key_id": "arn:aws:kms:us-east-1:849363701316:key/025c8054-9063-442d-872d-669b7e83f110",
                "tags": null,
                "throughput": 0,
                "volume_id": "vol-080c6794fa7a1eeef",
                "volume_size": 30,
                "volume_type": "gp2"
              }
            ],
            "secondary_private_ips": [],
            "security_groups": [],
            "source_dest_check": false,
            "subnet_id": "subnet-091bc62bd78f835dd",
            "tags": {
              "CreatedBy": "terraform",
              "Name": "express-api-1"
            },
            "tags_all": {
              "CreatedBy": "terraform",
              "Name": "express-api-1",
              "author": "Grupo13",
              "created-by": "terraform",
              "subject": "Redes",
              "university": "ITBA",
              "version": "1"
            },
            "tenancy": "default",
            "timeouts": null,
            "user_data": "47f803b33ae236d0b9bacb907b98a27b8e300154",
            "user_data_base64": null,
            "user_data_replace_on_change": false,
            "volume_tags": null,
            "vpc_security_group_ids": [
              "sg-05287406f0c5bc02f"
            ]
          },
          "sensitive_attributes": [],
          "private": "eyJlMmJmYjczMC1lY2FhLTExZTYtOGY4OC0zNDM2M2JjN2M0YzAiOnsiY3JlYXRlIjo2MDAwMDAwMDAwMDAsImRlbGV0ZSI6MTIwMDAwMDAwMDAwMCwidXBkYXRlIjo2MDAwMDAwMDAwMDB9LCJzY2hlbWFfdmVyc2lvbiI6IjEifQ==",
          "dependencies": [
            "aws_security_group.ec2",
            "data.aws_availability_zones.available",
            "module.ec2-api.aws_key_pair.key_pair",
            "module.ec2-api.data.aws_ami.amazon-linux-2",
            "module.ig.aws_internet_gateway.this",
            "module.nat_gw.aws_eip.nat",
            "module.nat_gw.aws_nat_gateway.this",
            "module.private-subnets.aws_route.this",
            "module.private-subnets.aws_route_table.this",
            "module.private-subnets.aws_route_table_association.this",
            "module.private-subnets.aws_subnet.this",
            "module.public-subnets.aws_route.this",
            "module.public-subnets.aws_route_table.this",
            "module.public-subnets.aws_route_table_association.this",
            "module.public-subnets.aws_subnet.this",
            "module.vpc.aws_vpc.this"
          ]
        }
      ]
    },
    {
      "module": "module.ec2-api[1]",
      "mode": "managed",
      "type": "aws_key_pair",
      "name": "key_pair",
      "provider": "provider[\"registry.terraform.io/hashicorp/aws\"].aws",
      "instances": [
        {
          "schema_version": 1,
          "attributes": {
            "arn": "arn:aws:ec2:us-east-1:849363701316:key-pair/express-api-1_key_pair",
            "fingerprint": "7a:45:30:8a:d3:93:f3:0b:29:0f:7e:63:48:d0:7b:f1",
            "id": "express-api-1_key_pair",
            "key_name": "express-api-1_key_pair",
            "key_name_prefix": "",
            "key_pair_id": "key-0399f8ec0b699b837",
            "key_type": "rsa",
            "public_key": "ssh-rsa AAAAB3NzaC1yc2EAAAADAQABAAACAQC6mZRMopMVibTH++dhspcFu3jAHPxTosJWrIMStTWscDLBquIm4R9wm15xE+iCW4Xn8oMUuBfRSTl202AoZuAK3ah9GAGFgMRJPEfSmEaCJpzAn5Vpy8K4kYvaEeDQSHeHdBc9XinAThQY40+B7Lgm0U5f2g/w34ae7MTQeHWxw+nldx6EhwceF0+YzUROD8d8NUJzYOKtBEf/z45R7yit5L1EFNlho+/oxxlJKFwkn8AjlAJW9a7/+XlQ6OcgIgbyydWOT9HfhjD9lzATDCz/JlpcvPVgGCMvO9XqKph0ofpjnGTHJoeYfPKFM/4hzJpBGEEPeTLwWRDWPzDxA32wYT0X4n/WdmovMsokzhXzrhB71U7Q2LtLexRootC27VioIP8ZhHXALhw9Ml0lIt2HDCMkHL6/1gLRbBwhvaAg5uoD9uVXaQiAr2G460iS4biJ27Uumqz5iXI1BC9dWGdWhU5nv752gSq1JOuxUiKrJ16ssyBUV+t5NCzibYv7MGqw8N7Qwlubf3K1m7EuF2yAeGAlkgMwpo9Qd3ijaKlDBda0HPO26+LQaBmlxuaDMwoyrZCXP1BxObfxj+pU0emEwn/Ew1e3uidnpU39pE52cB9ZRVfYI2Dzaw7QcN1xRffOPi0V/hW+VQGpPbZawwJV6IvmTJbGkDxU+taCUxYr3Q==",
            "tags": {},
            "tags_all": {
              "author": "Grupo13",
              "created-by": "terraform",
              "subject": "Redes",
              "university": "ITBA",
              "version": "1"
            }
          },
          "sensitive_attributes": [],
          "private": "eyJzY2hlbWFfdmVyc2lvbiI6IjEifQ==",
          "dependencies": [
            "data.aws_availability_zones.available",
            "module.ec2-api.tls_private_key.key_pair"
          ]
        }
      ]
    },
    {
      "module": "module.ec2-api[1]",
      "mode": "managed",
      "type": "local_file",
      "name": "ssh_key",
      "provider": "provider[\"registry.terraform.io/hashicorp/local\"]",
      "instances": [
        {
          "schema_version": 0,
          "attributes": {
            "content": "-----BEGIN RSA PRIVATE KEY-----\nMIIJKAIBAAKCAgEAupmUTKKTFYm0x/vnYbKXBbt4wBz8U6LCVqyDErU1rHAywari\nJuEfcJtecRPogluF5/KDFLgX0Uk5dtNgKGbgCt2ofRgBhYDESTxH0phGgiacwJ+V\nacvCuJGL2hHg0Eh3h3QXPV4pwE4UGONPgey4JtFOX9oP8N+GnuzE0Hh1scPp5Xce\nhIcHHhdPmM1ETg/HfDVCc2DirQRH/8+OUe8oreS9RBTZYaPv6McZSShcJJ/AI5QC\nVvWu//l5UOjnICIG8snVjk/R34Yw/ZcwEwws/yZaXLz1YBgjLzvV6iqYdKH6Y5xk\nxyaHmHzyhTP+IcyaQRhBD3ky8FkQ1j8w8QN9sGE9F+J/1nZqLzLKJM4V864Qe9VO\n0Ni7S3sUaKLQtu1YqCD/GYR1wC4cPTJdJSLdhwwjJBy+v9YC0WwcIb2gIObqA/bl\nV2kIgK9huOtIkuG4idu1Lpqs+YlyNQQvXVhnVoVOZ7++doEqtSTrsVIiqyderLMg\nVFfreTQs4m2L+zBqsPDe0MJbm39ytZuxLhdsgHhgJZIDMKaPUHd4o2ipQwXWtBzz\ntuvi0GgZpcbmgzMKMq2Qlz9QcTm38Y/qVNHphMJ/xMNXt7onZ6VN/aROdnAfWUVX\n2CNg82sO0HDdcUX3zj4tFf4VvlUBqT22WsMCVeiL5kyWxpA8VPrWglMWK90CAwEA\nAQKCAgAoUSaJqFa/QJGe4/6KTVv0ER115M1gBLqYn41ybVS7fUJ6NcHHRLzWR7uQ\nEw0ZnUzBYNSRlXUP8xJHakRMdm3R6zKMVLN/dOL0L+IUznHtjQoxVEmkIjJgTpI4\n+8PnPMEWsy6SQ9Yhhr0w42w6Vjszp+WXMDZhhOpBTEb6BAzp67qNqb8eQ052YfMA\nwNkRRLeFTryc0UIov9QOoXnOmi3f5JxAKYEOZ61eTiZYeC/wedO53DDlORAmnnBn\n2uqVNsTpkFJj/TsLYKMVJ6VreCYAuvirMOiTaqOvgO4nOizWhmjjPNdJcDm76MM9\npI40H1D035ivDzDCXXwVznF0oZx2MQWzS4Lwvmn59bzPvstPlrmGbHbRZpDBfozw\n9qD9C5Dhji/Vd8bE2JfWn8bnTpa5MLToOaEq1rYwq4DORbkMdkaB561ZOOikYdt7\nP0wEaQc1CVbFTgWMXGWVA5CmEU3A6E8/pvrZJBxVTdqHbE8wbTlheCsbu4r+FJJJ\n71VX4kWhr2xmhKzAL6fIvuYLKhaRipAJhqeQ3mAHbbbz5QNxdyTlyEp2UnV1GSrf\nJE0EOqv8U1jd/4qL7MORmyARLXL5brsskSjdT4BVSjfx2gsdU8hdHMqbn4SKW4F3\nkjQ/2Z1CgFroTTLa++Lyrgkfn9vFK4dkWF6P4nbZkictY4L+AQKCAQEA0dJadMg9\nb19jlhiAF5k7b0vMuO0NveaT0aao4L/YYCOmRk3tsquPmJhhotW9gdNhNITb/6fX\nmwg9dNDVwTKK10WfNjyi7PgjRB9veH3eQDRVSWXKz9f0ncI+tnC5UaBolAhTP5nA\n/jQEJaHmjhvKlA7Eaalt8duM99q+D+Us4RoIufIzmLUx+ApDE1fKATmMnqy8wby3\nvx6BYFf9KBOOBTeqm2c1z2mOXSrMtuVZ0HLBD50DpDal1WWvo9QWXzTVg3IB/UaM\nr52sGoQzN7lqfnyroph/qYItO3BZyZiyKXY8FAjC2kNtaRUA5GTLS8zkzed0A6AE\nZRSa5ls1L4BDJQKCAQEA46rg/IBqbmfJl6drhIib3EDUm2tYs9A7lFcx9BLT6Tsi\nRNPRJExrmxIwwZ3W5aGVEz3Ld3W0mULCy+CrnWqnbeOYRlAsaqyeBk7HFYRY17A1\nbfA++Azy83ZfblROXlr+UizFIRMPx//HFiSrsNDX9lpYNGjx2VuJUJASZuvPVEcK\nLyYSAawcEhyCCDn35iZNyqFmqvC2sxE/E6+EeyxMGM30JrcNK+GL1I03FrojK+qg\nM2hqYM3MtL8NAp6OCn7BunyicTbM4O0nP1cF+haBHcpKnRygUfLYHqC41C4ljMsd\nWC6U8ifKb5PhBvQrgbSgs2/NaHD39BKuoslpSzVEWQKCAQEAyRgdP83mK4a1sFYc\n9gETWJDCTf5MbFPAGm/rbTQREds48iqgBNyujGaHNQQ7U2EeybIIE9duKZTVKc84\n/qgNL1L3y4iD8i/DxPeH42hnCQvfLbBUl6z3MffIGRyiUFw3vqDYAJ3AvSFnVBX+\nHPb/ybT5g/cxe1qbmbTY8e0IfVlxQZ2i29nVYU+ch75cyZ25ax5M7jWLua1n+8l4\nxN8w/0khxz088mPNYPezKhtYYBKLfAZVRh5mA8codhC/vFGrzQYIaBEkpu+r0eIg\nIGkhasbbzMLxn6k25r/AHhmtr1U1MVJQRdXX152ctEjyGtzt8XXB1/OWIraD2wFR\nUQxRzQKCAQBsbFXHirSlLcJg+feHX7OyeiGGfuH4iIPHSptcnJbVLTdNxf6FJevd\nJxWXL79HDuO7DSPYGXNPxe6VP8MbLc7c05YSbl4o01pSsLO5OJVC6wUW/WJPqYMO\nlWIvXfEQmI8jvXSIItbSLaq3jfFCPMOM7EuzcgMzu5cyidppr4XGoipkd+H9b+TS\nb0cx+cFolvdXN/R4Fjk8IEuE6YLTUi5PZc4Pnf+k1T5NlI8WwMC9SnjO4rw+q+QA\ndDgS9kW5E9LZKEAIYMvDls2pKZ2ME6mb8VoFZrunK1rngy1ixzNU0OqBs3V1uaN7\n7dYuBJyvocEik20kfyBm2XrXxcnialTJAoIBAEuMRmp6/U1G9naHZXksiXl524Oa\n2AzAClr2nCGWHeUMnId65g23K2bUk+DuRDDIKwlDvEkAlOT2AwHnz22UFISIHwq8\nMGN+7rttVeDVluefcL2nRZlgm8rQPA0JkEDEC/cP132tAuDSJmsZPMHUvV6dcXjS\nuYOJVDkKZAul8X9T+YScU+wl/gPwPSMfG6ovaiqN1kaNrkc2gfPlt5qxKfanO3xh\n/q7Yzn4UiHX8xZHF5ZKqre6MvoeDOCWA4UeJ+YlC7xDmA9uNp2JUYu5CwYmEPzT7\nWqgcsxS9s97Qi7HMVmm0hvuYPbAuTEr2VRo8bEjcejOu7nIafIal2hEnkq4=\n-----END RSA PRIVATE KEY-----\n",
            "content_base64": null,
            "content_base64sha256": "UVkmiawCAgOpCnan9H82Ws1C1YgWEbZHbbYzQyDu27A=",
            "content_base64sha512": "37UuxxyyG0PpurLo+N2DYOXP1M6owSiw9MiOGDFWZ2zFN8Oc4PoycgP5T/3EwZCkU2eZ2DiPRj3DnvZKiYSRNA==",
            "content_md5": "6bf114abdbe36b711aa1a1ca4ffde520",
            "content_sha1": "fe0343b96d0b12ac21b1bd281b4712de7d13d2b5",
            "content_sha256": "51592689ac020203a90a76a7f47f365acd42d5881611b6476db6334320eedbb0",
            "content_sha512": "dfb52ec71cb21b43e9bab2e8f8dd8360e5cfd4cea8c128b0f4c88e183156676cc537c39ce0fa327203f94ffdc4c190a4536799d8388f463dc39ef64a89849134",
            "directory_permission": "0777",
            "file_permission": "0777",
            "filename": "express-api-1_key_pair.pem",
            "id": "fe0343b96d0b12ac21b1bd281b4712de7d13d2b5",
            "sensitive_content": null,
            "source": null
          },
          "sensitive_attributes": [
            [
              {
                "type": "get_attr",
                "value": "content"
              }
            ]
          ],
          "dependencies": [
            "data.aws_availability_zones.available",
            "module.ec2-api.aws_key_pair.key_pair",
            "module.ec2-api.tls_private_key.key_pair"
          ]
        }
      ]
    },
    {
      "module": "module.ec2-api[1]",
      "mode": "managed",
      "type": "tls_private_key",
      "name": "key_pair",
      "provider": "provider[\"registry.terraform.io/hashicorp/tls\"]",
      "instances": [
        {
          "schema_version": 1,
          "attributes": {
            "algorithm": "RSA",
            "ecdsa_curve": "P224",
            "id": "52bc8ad2055780ae9759ad8a5f8aa287e7cec90b",
            "private_key_openssh": "-----BEGIN OPENSSH PRIVATE KEY-----\nb3BlbnNzaC1rZXktdjEAAAAABG5vbmUAAAAEbm9uZQAAAAAAAAABAAACFwAAAAdz\nc2gtcnNhAAAAAwEAAQAAAgEAupmUTKKTFYm0x/vnYbKXBbt4wBz8U6LCVqyDErU1\nrHAywariJuEfcJtecRPogluF5/KDFLgX0Uk5dtNgKGbgCt2ofRgBhYDESTxH0phG\ngiacwJ+VacvCuJGL2hHg0Eh3h3QXPV4pwE4UGONPgey4JtFOX9oP8N+GnuzE0Hh1\nscPp5XcehIcHHhdPmM1ETg/HfDVCc2DirQRH/8+OUe8oreS9RBTZYaPv6McZSShc\nJJ/AI5QCVvWu//l5UOjnICIG8snVjk/R34Yw/ZcwEwws/yZaXLz1YBgjLzvV6iqY\ndKH6Y5xkxyaHmHzyhTP+IcyaQRhBD3ky8FkQ1j8w8QN9sGE9F+J/1nZqLzLKJM4V\n864Qe9VO0Ni7S3sUaKLQtu1YqCD/GYR1wC4cPTJdJSLdhwwjJBy+v9YC0WwcIb2g\nIObqA/blV2kIgK9huOtIkuG4idu1Lpqs+YlyNQQvXVhnVoVOZ7++doEqtSTrsVIi\nqyderLMgVFfreTQs4m2L+zBqsPDe0MJbm39ytZuxLhdsgHhgJZIDMKaPUHd4o2ip\nQwXWtBzztuvi0GgZpcbmgzMKMq2Qlz9QcTm38Y/qVNHphMJ/xMNXt7onZ6VN/aRO\ndnAfWUVX2CNg82sO0HDdcUX3zj4tFf4VvlUBqT22WsMCVeiL5kyWxpA8VPrWglMW\nK90AAAc4D36/vA9+v7wAAAAHc3NoLXJzYQAAAgEAupmUTKKTFYm0x/vnYbKXBbt4\nwBz8U6LCVqyDErU1rHAywariJuEfcJtecRPogluF5/KDFLgX0Uk5dtNgKGbgCt2o\nfRgBhYDESTxH0phGgiacwJ+VacvCuJGL2hHg0Eh3h3QXPV4pwE4UGONPgey4JtFO\nX9oP8N+GnuzE0Hh1scPp5XcehIcHHhdPmM1ETg/HfDVCc2DirQRH/8+OUe8oreS9\nRBTZYaPv6McZSShcJJ/AI5QCVvWu//l5UOjnICIG8snVjk/R34Yw/ZcwEwws/yZa\nXLz1YBgjLzvV6iqYdKH6Y5xkxyaHmHzyhTP+IcyaQRhBD3ky8FkQ1j8w8QN9sGE9\nF+J/1nZqLzLKJM4V864Qe9VO0Ni7S3sUaKLQtu1YqCD/GYR1wC4cPTJdJSLdhwwj\nJBy+v9YC0WwcIb2gIObqA/blV2kIgK9huOtIkuG4idu1Lpqs+YlyNQQvXVhnVoVO\nZ7++doEqtSTrsVIiqyderLMgVFfreTQs4m2L+zBqsPDe0MJbm39ytZuxLhdsgHhg\nJZIDMKaPUHd4o2ipQwXWtBzztuvi0GgZpcbmgzMKMq2Qlz9QcTm38Y/qVNHphMJ/\nxMNXt7onZ6VN/aROdnAfWUVX2CNg82sO0HDdcUX3zj4tFf4VvlUBqT22WsMCVeiL\n5kyWxpA8VPrWglMWK90AAAADAQABAAACAChRJomoVr9AkZ7j/opNW/QRHXXkzWAE\nupifjXJtVLt9Qno1wcdEvNZHu5ATDRmdTMFg1JGVdQ/zEkdqREx2bdHrMoxUs390\n4vQv4hTOce2NCjFUSaQiMmBOkjj7w+c8wRazLpJD1iGGvTDjbDpWOzOn5ZcwNmGE\n6kFMRvoEDOnruo2pvx5DTnZh8wDA2RFEt4VOvJzRQii/1A6hec6aLd/knEApgQ5n\nrV5OJlh4L/B507ncMOU5ECaecGfa6pU2xOmQUmP9OwtgoxUnpWt4JgC6+Ksw6JNq\no6+A7ic6LNaGaOM810lwObvowz2kjjQfUPTfmK8PMMJdfBXOcXShnHYxBbNLgvC+\nafn1vM++y0+WuYZsdtFmkMF+jPD2oP0LkOGOL9V3xsTYl9afxudOlrkwtOg5oSrW\ntjCrgM5FuQx2RoHnrVk46KRh23s/TARpBzUJVsVOBYxcZZUDkKYRTcDoTz+m+tkk\nHFVN2odsTzBtOWF4Kxu7iv4UkknvVVfiRaGvbGaErMAvp8i+5gsqFpGKkAmGp5De\nYAdttvPlA3F3JOXISnZSdXUZKt8kTQQ6q/xTWN3/iovsw5GbIBEtcvluuyyRKN1P\ngFVKN/HaCx1TyF0cypufhIpbgXeSND/ZnUKAWuhNMtr74vKuCR+f28Urh2RYXo/i\ndtmSJy1jgv4BAAABAEuMRmp6/U1G9naHZXksiXl524Oa2AzAClr2nCGWHeUMnId6\n5g23K2bUk+DuRDDIKwlDvEkAlOT2AwHnz22UFISIHwq8MGN+7rttVeDVluefcL2n\nRZlgm8rQPA0JkEDEC/cP132tAuDSJmsZPMHUvV6dcXjSuYOJVDkKZAul8X9T+YSc\nU+wl/gPwPSMfG6ovaiqN1kaNrkc2gfPlt5qxKfanO3xh/q7Yzn4UiHX8xZHF5ZKq\nre6MvoeDOCWA4UeJ+YlC7xDmA9uNp2JUYu5CwYmEPzT7WqgcsxS9s97Qi7HMVmm0\nhvuYPbAuTEr2VRo8bEjcejOu7nIafIal2hEnkq4AAAEBANHSWnTIPW9fY5YYgBeZ\nO29LzLjtDb3mk9GmqOC/2GAjpkZN7bKrj5iYYaLVvYHTYTSE2/+n15sIPXTQ1cEy\nitdFnzY8ouz4I0Qfb3h93kA0VUllys/X9J3CPrZwuVGgaJQIUz+ZwP40BCWh5o4b\nypQOxGmpbfHbjPfavg/lLOEaCLnyM5i1MfgKQxNXygE5jJ6svMG8t78egWBX/SgT\njgU3qptnNc9pjl0qzLblWdBywQ+dA6Q2pdVlr6PUFl801YNyAf1GjK+drBqEMze5\nan58q6KYf6mCLTtwWcmYsil2PBQIwtpDbWkVAORky0vM5M3ndAOgBGUUmuZbNS+A\nQyUAAAEBAOOq4PyAam5nyZena4SIm9xA1JtrWLPQO5RXMfQS0+k7IkTT0SRMa5sS\nMMGd1uWhlRM9y3d1tJlCwsvgq51qp23jmEZQLGqsngZOxxWEWNewNW3wPvgM8vN2\nX25UTl5a/lIsxSETD8f/xxYkq7DQ1/ZaWDRo8dlbiVCQEmbrz1RHCi8mEgGsHBIc\nggg59+YmTcqhZqrwtrMRPxOvhHssTBjN9Ca3DSvhi9SNNxa6IyvqoDNoamDNzLS/\nDQKejgp+wbp8onE2zODtJz9XBfoWgR3KSp0coFHy2B6guNQuJYzLHVgulPInym+T\n4Qb0K4G0oLNvzWhw9/QSrqLJaUs1RFkAAAAAAQID\n-----END OPENSSH PRIVATE KEY-----\n",
            "private_key_pem": "-----BEGIN RSA PRIVATE KEY-----\nMIIJKAIBAAKCAgEAupmUTKKTFYm0x/vnYbKXBbt4wBz8U6LCVqyDErU1rHAywari\nJuEfcJtecRPogluF5/KDFLgX0Uk5dtNgKGbgCt2ofRgBhYDESTxH0phGgiacwJ+V\nacvCuJGL2hHg0Eh3h3QXPV4pwE4UGONPgey4JtFOX9oP8N+GnuzE0Hh1scPp5Xce\nhIcHHhdPmM1ETg/HfDVCc2DirQRH/8+OUe8oreS9RBTZYaPv6McZSShcJJ/AI5QC\nVvWu//l5UOjnICIG8snVjk/R34Yw/ZcwEwws/yZaXLz1YBgjLzvV6iqYdKH6Y5xk\nxyaHmHzyhTP+IcyaQRhBD3ky8FkQ1j8w8QN9sGE9F+J/1nZqLzLKJM4V864Qe9VO\n0Ni7S3sUaKLQtu1YqCD/GYR1wC4cPTJdJSLdhwwjJBy+v9YC0WwcIb2gIObqA/bl\nV2kIgK9huOtIkuG4idu1Lpqs+YlyNQQvXVhnVoVOZ7++doEqtSTrsVIiqyderLMg\nVFfreTQs4m2L+zBqsPDe0MJbm39ytZuxLhdsgHhgJZIDMKaPUHd4o2ipQwXWtBzz\ntuvi0GgZpcbmgzMKMq2Qlz9QcTm38Y/qVNHphMJ/xMNXt7onZ6VN/aROdnAfWUVX\n2CNg82sO0HDdcUX3zj4tFf4VvlUBqT22WsMCVeiL5kyWxpA8VPrWglMWK90CAwEA\nAQKCAgAoUSaJqFa/QJGe4/6KTVv0ER115M1gBLqYn41ybVS7fUJ6NcHHRLzWR7uQ\nEw0ZnUzBYNSRlXUP8xJHakRMdm3R6zKMVLN/dOL0L+IUznHtjQoxVEmkIjJgTpI4\n+8PnPMEWsy6SQ9Yhhr0w42w6Vjszp+WXMDZhhOpBTEb6BAzp67qNqb8eQ052YfMA\nwNkRRLeFTryc0UIov9QOoXnOmi3f5JxAKYEOZ61eTiZYeC/wedO53DDlORAmnnBn\n2uqVNsTpkFJj/TsLYKMVJ6VreCYAuvirMOiTaqOvgO4nOizWhmjjPNdJcDm76MM9\npI40H1D035ivDzDCXXwVznF0oZx2MQWzS4Lwvmn59bzPvstPlrmGbHbRZpDBfozw\n9qD9C5Dhji/Vd8bE2JfWn8bnTpa5MLToOaEq1rYwq4DORbkMdkaB561ZOOikYdt7\nP0wEaQc1CVbFTgWMXGWVA5CmEU3A6E8/pvrZJBxVTdqHbE8wbTlheCsbu4r+FJJJ\n71VX4kWhr2xmhKzAL6fIvuYLKhaRipAJhqeQ3mAHbbbz5QNxdyTlyEp2UnV1GSrf\nJE0EOqv8U1jd/4qL7MORmyARLXL5brsskSjdT4BVSjfx2gsdU8hdHMqbn4SKW4F3\nkjQ/2Z1CgFroTTLa++Lyrgkfn9vFK4dkWF6P4nbZkictY4L+AQKCAQEA0dJadMg9\nb19jlhiAF5k7b0vMuO0NveaT0aao4L/YYCOmRk3tsquPmJhhotW9gdNhNITb/6fX\nmwg9dNDVwTKK10WfNjyi7PgjRB9veH3eQDRVSWXKz9f0ncI+tnC5UaBolAhTP5nA\n/jQEJaHmjhvKlA7Eaalt8duM99q+D+Us4RoIufIzmLUx+ApDE1fKATmMnqy8wby3\nvx6BYFf9KBOOBTeqm2c1z2mOXSrMtuVZ0HLBD50DpDal1WWvo9QWXzTVg3IB/UaM\nr52sGoQzN7lqfnyroph/qYItO3BZyZiyKXY8FAjC2kNtaRUA5GTLS8zkzed0A6AE\nZRSa5ls1L4BDJQKCAQEA46rg/IBqbmfJl6drhIib3EDUm2tYs9A7lFcx9BLT6Tsi\nRNPRJExrmxIwwZ3W5aGVEz3Ld3W0mULCy+CrnWqnbeOYRlAsaqyeBk7HFYRY17A1\nbfA++Azy83ZfblROXlr+UizFIRMPx//HFiSrsNDX9lpYNGjx2VuJUJASZuvPVEcK\nLyYSAawcEhyCCDn35iZNyqFmqvC2sxE/E6+EeyxMGM30JrcNK+GL1I03FrojK+qg\nM2hqYM3MtL8NAp6OCn7BunyicTbM4O0nP1cF+haBHcpKnRygUfLYHqC41C4ljMsd\nWC6U8ifKb5PhBvQrgbSgs2/NaHD39BKuoslpSzVEWQKCAQEAyRgdP83mK4a1sFYc\n9gETWJDCTf5MbFPAGm/rbTQREds48iqgBNyujGaHNQQ7U2EeybIIE9duKZTVKc84\n/qgNL1L3y4iD8i/DxPeH42hnCQvfLbBUl6z3MffIGRyiUFw3vqDYAJ3AvSFnVBX+\nHPb/ybT5g/cxe1qbmbTY8e0IfVlxQZ2i29nVYU+ch75cyZ25ax5M7jWLua1n+8l4\nxN8w/0khxz088mPNYPezKhtYYBKLfAZVRh5mA8codhC/vFGrzQYIaBEkpu+r0eIg\nIGkhasbbzMLxn6k25r/AHhmtr1U1MVJQRdXX152ctEjyGtzt8XXB1/OWIraD2wFR\nUQxRzQKCAQBsbFXHirSlLcJg+feHX7OyeiGGfuH4iIPHSptcnJbVLTdNxf6FJevd\nJxWXL79HDuO7DSPYGXNPxe6VP8MbLc7c05YSbl4o01pSsLO5OJVC6wUW/WJPqYMO\nlWIvXfEQmI8jvXSIItbSLaq3jfFCPMOM7EuzcgMzu5cyidppr4XGoipkd+H9b+TS\nb0cx+cFolvdXN/R4Fjk8IEuE6YLTUi5PZc4Pnf+k1T5NlI8WwMC9SnjO4rw+q+QA\ndDgS9kW5E9LZKEAIYMvDls2pKZ2ME6mb8VoFZrunK1rngy1ixzNU0OqBs3V1uaN7\n7dYuBJyvocEik20kfyBm2XrXxcnialTJAoIBAEuMRmp6/U1G9naHZXksiXl524Oa\n2AzAClr2nCGWHeUMnId65g23K2bUk+DuRDDIKwlDvEkAlOT2AwHnz22UFISIHwq8\nMGN+7rttVeDVluefcL2nRZlgm8rQPA0JkEDEC/cP132tAuDSJmsZPMHUvV6dcXjS\nuYOJVDkKZAul8X9T+YScU+wl/gPwPSMfG6ovaiqN1kaNrkc2gfPlt5qxKfanO3xh\n/q7Yzn4UiHX8xZHF5ZKqre6MvoeDOCWA4UeJ+YlC7xDmA9uNp2JUYu5CwYmEPzT7\nWqgcsxS9s97Qi7HMVmm0hvuYPbAuTEr2VRo8bEjcejOu7nIafIal2hEnkq4=\n-----END RSA PRIVATE KEY-----\n",
            "private_key_pem_pkcs8": "-----BEGIN PRIVATE KEY-----\nMIIJQgIBADANBgkqhkiG9w0BAQEFAASCCSwwggkoAgEAAoICAQC6mZRMopMVibTH\n++dhspcFu3jAHPxTosJWrIMStTWscDLBquIm4R9wm15xE+iCW4Xn8oMUuBfRSTl2\n02AoZuAK3ah9GAGFgMRJPEfSmEaCJpzAn5Vpy8K4kYvaEeDQSHeHdBc9XinAThQY\n40+B7Lgm0U5f2g/w34ae7MTQeHWxw+nldx6EhwceF0+YzUROD8d8NUJzYOKtBEf/\nz45R7yit5L1EFNlho+/oxxlJKFwkn8AjlAJW9a7/+XlQ6OcgIgbyydWOT9HfhjD9\nlzATDCz/JlpcvPVgGCMvO9XqKph0ofpjnGTHJoeYfPKFM/4hzJpBGEEPeTLwWRDW\nPzDxA32wYT0X4n/WdmovMsokzhXzrhB71U7Q2LtLexRootC27VioIP8ZhHXALhw9\nMl0lIt2HDCMkHL6/1gLRbBwhvaAg5uoD9uVXaQiAr2G460iS4biJ27Uumqz5iXI1\nBC9dWGdWhU5nv752gSq1JOuxUiKrJ16ssyBUV+t5NCzibYv7MGqw8N7Qwlubf3K1\nm7EuF2yAeGAlkgMwpo9Qd3ijaKlDBda0HPO26+LQaBmlxuaDMwoyrZCXP1BxObfx\nj+pU0emEwn/Ew1e3uidnpU39pE52cB9ZRVfYI2Dzaw7QcN1xRffOPi0V/hW+VQGp\nPbZawwJV6IvmTJbGkDxU+taCUxYr3QIDAQABAoICAChRJomoVr9AkZ7j/opNW/QR\nHXXkzWAEupifjXJtVLt9Qno1wcdEvNZHu5ATDRmdTMFg1JGVdQ/zEkdqREx2bdHr\nMoxUs3904vQv4hTOce2NCjFUSaQiMmBOkjj7w+c8wRazLpJD1iGGvTDjbDpWOzOn\n5ZcwNmGE6kFMRvoEDOnruo2pvx5DTnZh8wDA2RFEt4VOvJzRQii/1A6hec6aLd/k\nnEApgQ5nrV5OJlh4L/B507ncMOU5ECaecGfa6pU2xOmQUmP9OwtgoxUnpWt4JgC6\n+Ksw6JNqo6+A7ic6LNaGaOM810lwObvowz2kjjQfUPTfmK8PMMJdfBXOcXShnHYx\nBbNLgvC+afn1vM++y0+WuYZsdtFmkMF+jPD2oP0LkOGOL9V3xsTYl9afxudOlrkw\ntOg5oSrWtjCrgM5FuQx2RoHnrVk46KRh23s/TARpBzUJVsVOBYxcZZUDkKYRTcDo\nTz+m+tkkHFVN2odsTzBtOWF4Kxu7iv4UkknvVVfiRaGvbGaErMAvp8i+5gsqFpGK\nkAmGp5DeYAdttvPlA3F3JOXISnZSdXUZKt8kTQQ6q/xTWN3/iovsw5GbIBEtcvlu\nuyyRKN1PgFVKN/HaCx1TyF0cypufhIpbgXeSND/ZnUKAWuhNMtr74vKuCR+f28Ur\nh2RYXo/idtmSJy1jgv4BAoIBAQDR0lp0yD1vX2OWGIAXmTtvS8y47Q295pPRpqjg\nv9hgI6ZGTe2yq4+YmGGi1b2B02E0hNv/p9ebCD100NXBMorXRZ82PKLs+CNEH294\nfd5ANFVJZcrP1/Sdwj62cLlRoGiUCFM/mcD+NAQloeaOG8qUDsRpqW3x24z32r4P\n5SzhGgi58jOYtTH4CkMTV8oBOYyerLzBvLe/HoFgV/0oE44FN6qbZzXPaY5dKsy2\n5VnQcsEPnQOkNqXVZa+j1BZfNNWDcgH9RoyvnawahDM3uWp+fKuimH+pgi07cFnJ\nmLIpdjwUCMLaQ21pFQDkZMtLzOTN53QDoARlFJrmWzUvgEMlAoIBAQDjquD8gGpu\nZ8mXp2uEiJvcQNSba1iz0DuUVzH0EtPpOyJE09EkTGubEjDBndbloZUTPct3dbSZ\nQsLL4Kudaqdt45hGUCxqrJ4GTscVhFjXsDVt8D74DPLzdl9uVE5eWv5SLMUhEw/H\n/8cWJKuw0Nf2Wlg0aPHZW4lQkBJm689URwovJhIBrBwSHIIIOffmJk3KoWaq8Laz\nET8Tr4R7LEwYzfQmtw0r4YvUjTcWuiMr6qAzaGpgzcy0vw0Cno4KfsG6fKJxNszg\n7Sc/VwX6FoEdykqdHKBR8tgeoLjULiWMyx1YLpTyJ8pvk+EG9CuBtKCzb81ocPf0\nEq6iyWlLNURZAoIBAQDJGB0/zeYrhrWwVhz2ARNYkMJN/kxsU8Aab+ttNBER2zjy\nKqAE3K6MZoc1BDtTYR7JsggT124plNUpzzj+qA0vUvfLiIPyL8PE94fjaGcJC98t\nsFSXrPcx98gZHKJQXDe+oNgAncC9IWdUFf4c9v/JtPmD9zF7WpuZtNjx7Qh9WXFB\nnaLb2dVhT5yHvlzJnblrHkzuNYu5rWf7yXjE3zD/SSHHPTzyY81g97MqG1hgEot8\nBlVGHmYDxyh2EL+8UavNBghoESSm76vR4iAgaSFqxtvMwvGfqTbmv8AeGa2vVTUx\nUlBF1dfXnZy0SPIa3O3xdcHX85YitoPbAVFRDFHNAoIBAGxsVceKtKUtwmD594df\ns7J6IYZ+4fiIg8dKm1ycltUtN03F/oUl690nFZcvv0cO47sNI9gZc0/F7pU/wxst\nztzTlhJuXijTWlKws7k4lULrBRb9Yk+pgw6VYi9d8RCYjyO9dIgi1tItqreN8UI8\nw4zsS7NyAzO7lzKJ2mmvhcaiKmR34f1v5NJvRzH5wWiW91c39HgWOTwgS4TpgtNS\nLk9lzg+d/6TVPk2UjxbAwL1KeM7ivD6r5AB0OBL2RbkT0tkoQAhgy8OWzakpnYwT\nqZvxWgVmu6crWueDLWLHM1TQ6oGzdXW5o3vt1i4EnK+hwSKTbSR/IGbZetfFyeJq\nVMkCggEAS4xGanr9TUb2dodleSyJeXnbg5rYDMAKWvacIZYd5Qych3rmDbcrZtST\n4O5EMMgrCUO8SQCU5PYDAefPbZQUhIgfCrwwY37uu21V4NWW559wvadFmWCbytA8\nDQmQQMQL9w/Xfa0C4NImaxk8wdS9Xp1xeNK5g4lUOQpkC6Xxf1P5hJxT7CX+A/A9\nIx8bqi9qKo3WRo2uRzaB8+W3mrEp9qc7fGH+rtjOfhSIdfzFkcXlkqqt7oy+h4M4\nJYDhR4n5iULvEOYD242nYlRi7kLBiYQ/NPtaqByzFL2z3tCLscxWabSG+5g9sC5M\nSvZVGjxsSNx6M67uchp8hqXaESeSrg==\n-----END PRIVATE KEY-----\n",
            "public_key_fingerprint_md5": "53:1f:f7:39:bb:bd:54:70:e8:83:0e:03:c8:aa:f6:b7",
            "public_key_fingerprint_sha256": "SHA256:O/leI1dZsjHoqTvLfidt3hVMY3qQQNwnrBxpZJu/2cA",
            "public_key_openssh": "ssh-rsa AAAAB3NzaC1yc2EAAAADAQABAAACAQC6mZRMopMVibTH++dhspcFu3jAHPxTosJWrIMStTWscDLBquIm4R9wm15xE+iCW4Xn8oMUuBfRSTl202AoZuAK3ah9GAGFgMRJPEfSmEaCJpzAn5Vpy8K4kYvaEeDQSHeHdBc9XinAThQY40+B7Lgm0U5f2g/w34ae7MTQeHWxw+nldx6EhwceF0+YzUROD8d8NUJzYOKtBEf/z45R7yit5L1EFNlho+/oxxlJKFwkn8AjlAJW9a7/+XlQ6OcgIgbyydWOT9HfhjD9lzATDCz/JlpcvPVgGCMvO9XqKph0ofpjnGTHJoeYfPKFM/4hzJpBGEEPeTLwWRDWPzDxA32wYT0X4n/WdmovMsokzhXzrhB71U7Q2LtLexRootC27VioIP8ZhHXALhw9Ml0lIt2HDCMkHL6/1gLRbBwhvaAg5uoD9uVXaQiAr2G460iS4biJ27Uumqz5iXI1BC9dWGdWhU5nv752gSq1JOuxUiKrJ16ssyBUV+t5NCzibYv7MGqw8N7Qwlubf3K1m7EuF2yAeGAlkgMwpo9Qd3ijaKlDBda0HPO26+LQaBmlxuaDMwoyrZCXP1BxObfxj+pU0emEwn/Ew1e3uidnpU39pE52cB9ZRVfYI2Dzaw7QcN1xRffOPi0V/hW+VQGpPbZawwJV6IvmTJbGkDxU+taCUxYr3Q==\n",
            "public_key_pem": "-----BEGIN PUBLIC KEY-----\nMIICIjANBgkqhkiG9w0BAQEFAAOCAg8AMIICCgKCAgEAupmUTKKTFYm0x/vnYbKX\nBbt4wBz8U6LCVqyDErU1rHAywariJuEfcJtecRPogluF5/KDFLgX0Uk5dtNgKGbg\nCt2ofRgBhYDESTxH0phGgiacwJ+VacvCuJGL2hHg0Eh3h3QXPV4pwE4UGONPgey4\nJtFOX9oP8N+GnuzE0Hh1scPp5XcehIcHHhdPmM1ETg/HfDVCc2DirQRH/8+OUe8o\nreS9RBTZYaPv6McZSShcJJ/AI5QCVvWu//l5UOjnICIG8snVjk/R34Yw/ZcwEwws\n/yZaXLz1YBgjLzvV6iqYdKH6Y5xkxyaHmHzyhTP+IcyaQRhBD3ky8FkQ1j8w8QN9\nsGE9F+J/1nZqLzLKJM4V864Qe9VO0Ni7S3sUaKLQtu1YqCD/GYR1wC4cPTJdJSLd\nhwwjJBy+v9YC0WwcIb2gIObqA/blV2kIgK9huOtIkuG4idu1Lpqs+YlyNQQvXVhn\nVoVOZ7++doEqtSTrsVIiqyderLMgVFfreTQs4m2L+zBqsPDe0MJbm39ytZuxLhds\ngHhgJZIDMKaPUHd4o2ipQwXWtBzztuvi0GgZpcbmgzMKMq2Qlz9QcTm38Y/qVNHp\nhMJ/xMNXt7onZ6VN/aROdnAfWUVX2CNg82sO0HDdcUX3zj4tFf4VvlUBqT22WsMC\nVeiL5kyWxpA8VPrWglMWK90CAwEAAQ==\n-----END PUBLIC KEY-----\n",
            "rsa_bits": 4096
          },
          "sensitive_attributes": [],
          "dependencies": [
            "data.aws_availability_zones.available"
          ]
        }
      ]
    },
    {
      "module": "module.ig",
      "mode": "managed",
      "type": "aws_internet_gateway",
      "name": "this",
      "provider": "provider[\"registry.terraform.io/hashicorp/aws\"]",
      "instances": [
        {
          "schema_version": 0,
          "attributes": {
            "arn": "arn:aws:ec2:us-east-1:849363701316:internet-gateway/igw-06805923b6bb0209d",
            "id": "igw-06805923b6bb0209d",
            "owner_id": "849363701316",
            "tags": {
              "Name": "ig-redes"
            },
            "tags_all": {
              "Name": "ig-redes"
            },
            "timeouts": null,
            "vpc_id": "vpc-0928874a8585b638e"
          },
          "sensitive_attributes": [],
          "private": "eyJlMmJmYjczMC1lY2FhLTExZTYtOGY4OC0zNDM2M2JjN2M0YzAiOnsiY3JlYXRlIjoxMjAwMDAwMDAwMDAwLCJkZWxldGUiOjEyMDAwMDAwMDAwMDAsInVwZGF0ZSI6MTIwMDAwMDAwMDAwMH19",
          "dependencies": [
            "module.vpc.aws_vpc.this"
          ]
        }
      ]
    },
    {
      "module": "module.nat_gw[0]",
      "mode": "managed",
      "type": "aws_eip",
      "name": "nat",
      "provider": "provider[\"registry.terraform.io/hashicorp/aws\"]",
      "instances": [
        {
          "schema_version": 0,
          "attributes": {
            "address": null,
            "allocation_id": "eipalloc-08768435e14542899",
            "associate_with_private_ip": null,
            "association_id": "eipassoc-071076cd9a79ac7fc",
            "carrier_ip": "",
            "customer_owned_ip": "",
            "customer_owned_ipv4_pool": "",
            "domain": "vpc",
            "id": "eipalloc-08768435e14542899",
            "instance": "",
            "network_border_group": "us-east-1",
            "network_interface": "eni-04396fee0589537eb",
            "private_dns": "ip-10-0-2-74.ec2.internal",
            "private_ip": "10.0.2.74",
            "public_dns": "ec2-54-204-64-194.compute-1.amazonaws.com",
            "public_ip": "54.204.64.194",
            "public_ipv4_pool": "amazon",
            "tags": {
              "Name": "nat-nat-gw-0"
            },
            "tags_all": {
              "Name": "nat-nat-gw-0"
            },
            "timeouts": null,
            "vpc": true
          },
          "sensitive_attributes": [],
          "private": "eyJlMmJmYjczMC1lY2FhLTExZTYtOGY4OC0zNDM2M2JjN2M0YzAiOnsiZGVsZXRlIjoxODAwMDAwMDAwMDAsInJlYWQiOjkwMDAwMDAwMDAwMCwidXBkYXRlIjozMDAwMDAwMDAwMDB9fQ==",
          "dependencies": [
            "data.aws_availability_zones.available"
          ]
        }
      ]
    },
    {
      "module": "module.nat_gw[0]",
      "mode": "managed",
      "type": "aws_nat_gateway",
      "name": "this",
      "provider": "provider[\"registry.terraform.io/hashicorp/aws\"]",
      "instances": [
        {
          "schema_version": 0,
          "attributes": {
            "allocation_id": "eipalloc-08768435e14542899",
            "association_id": "eipassoc-071076cd9a79ac7fc",
            "connectivity_type": "public",
            "id": "nat-02c2287898aba94ec",
            "network_interface_id": "eni-04396fee0589537eb",
            "private_ip": "10.0.2.74",
            "public_ip": "54.204.64.194",
            "subnet_id": "subnet-0d2d20c2fef46b209",
            "tags": {
              "Name": "nat-gw-0"
            },
            "tags_all": {
              "Name": "nat-gw-0"
            }
          },
          "sensitive_attributes": [],
          "private": "bnVsbA==",
          "dependencies": [
            "data.aws_availability_zones.available",
            "module.ig.aws_internet_gateway.this",
            "module.nat_gw.aws_eip.nat",
            "module.public-subnets.aws_route.this",
            "module.public-subnets.aws_route_table.this",
            "module.public-subnets.aws_route_table_association.this",
            "module.public-subnets.aws_subnet.this",
            "module.vpc.aws_vpc.this"
          ]
        }
      ]
    },
    {
      "module": "module.nat_gw[1]",
      "mode": "managed",
      "type": "aws_eip",
      "name": "nat",
      "provider": "provider[\"registry.terraform.io/hashicorp/aws\"]",
      "instances": [
        {
          "schema_version": 0,
          "attributes": {
            "address": null,
            "allocation_id": "eipalloc-0dd40ebae7083e52c",
            "associate_with_private_ip": null,
            "association_id": "eipassoc-010fc15451c8f70f5",
            "carrier_ip": "",
            "customer_owned_ip": "",
            "customer_owned_ipv4_pool": "",
            "domain": "vpc",
            "id": "eipalloc-0dd40ebae7083e52c",
            "instance": "",
            "network_border_group": "us-east-1",
            "network_interface": "eni-030cae58e6fcea41a",
            "private_dns": "ip-10-0-3-22.ec2.internal",
            "private_ip": "10.0.3.22",
            "public_dns": "ec2-3-229-104-134.compute-1.amazonaws.com",
            "public_ip": "3.229.104.134",
            "public_ipv4_pool": "amazon",
            "tags": {
              "Name": "nat-nat-gw-1"
            },
            "tags_all": {
              "Name": "nat-nat-gw-1"
            },
            "timeouts": null,
            "vpc": true
          },
          "sensitive_attributes": [],
          "private": "eyJlMmJmYjczMC1lY2FhLTExZTYtOGY4OC0zNDM2M2JjN2M0YzAiOnsiZGVsZXRlIjoxODAwMDAwMDAwMDAsInJlYWQiOjkwMDAwMDAwMDAwMCwidXBkYXRlIjozMDAwMDAwMDAwMDB9fQ==",
          "dependencies": [
            "data.aws_availability_zones.available"
          ]
        }
      ]
    },
    {
      "module": "module.nat_gw[1]",
      "mode": "managed",
      "type": "aws_nat_gateway",
      "name": "this",
      "provider": "provider[\"registry.terraform.io/hashicorp/aws\"]",
      "instances": [
        {
          "schema_version": 0,
          "attributes": {
            "allocation_id": "eipalloc-0dd40ebae7083e52c",
            "association_id": "eipassoc-010fc15451c8f70f5",
            "connectivity_type": "public",
            "id": "nat-0307c1f0faab9032c",
            "network_interface_id": "eni-030cae58e6fcea41a",
            "private_ip": "10.0.3.22",
            "public_ip": "3.229.104.134",
            "subnet_id": "subnet-014fcb461fdcc5e63",
            "tags": {
              "Name": "nat-gw-1"
            },
            "tags_all": {
              "Name": "nat-gw-1"
            }
          },
          "sensitive_attributes": [],
          "private": "bnVsbA==",
          "dependencies": [
            "data.aws_availability_zones.available",
            "module.ig.aws_internet_gateway.this",
            "module.nat_gw.aws_eip.nat",
            "module.public-subnets.aws_route.this",
            "module.public-subnets.aws_route_table.this",
            "module.public-subnets.aws_route_table_association.this",
            "module.public-subnets.aws_subnet.this",
            "module.vpc.aws_vpc.this"
          ]
        }
      ]
    },
    {
      "module": "module.private-subnets[0]",
      "mode": "managed",
      "type": "aws_route",
      "name": "this",
      "provider": "provider[\"registry.terraform.io/hashicorp/aws\"]",
      "instances": [
        {
          "schema_version": 0,
          "attributes": {
            "carrier_gateway_id": "",
            "core_network_arn": "",
            "destination_cidr_block": "0.0.0.0/0",
            "destination_ipv6_cidr_block": "",
            "destination_prefix_list_id": "",
            "egress_only_gateway_id": "",
            "gateway_id": "",
            "id": "r-rtb-0925609b05e35cff01080289494",
            "instance_id": "",
            "instance_owner_id": "",
            "local_gateway_id": "",
            "nat_gateway_id": "nat-02c2287898aba94ec",
            "network_interface_id": "",
            "origin": "CreateRoute",
            "route_table_id": "rtb-0925609b05e35cff0",
            "state": "active",
            "timeouts": null,
            "transit_gateway_id": "",
            "vpc_endpoint_id": "",
            "vpc_peering_connection_id": ""
          },
          "sensitive_attributes": [],
          "private": "eyJlMmJmYjczMC1lY2FhLTExZTYtOGY4OC0zNDM2M2JjN2M0YzAiOnsiY3JlYXRlIjozMDAwMDAwMDAwMDAsImRlbGV0ZSI6MzAwMDAwMDAwMDAwLCJ1cGRhdGUiOjEyMDAwMDAwMDAwMH19",
          "dependencies": [
            "data.aws_availability_zones.available",
            "module.ig.aws_internet_gateway.this",
            "module.nat_gw.aws_eip.nat",
            "module.nat_gw.aws_nat_gateway.this",
            "module.private-subnets.aws_route_table.this",
            "module.public-subnets.aws_route.this",
            "module.public-subnets.aws_route_table.this",
            "module.public-subnets.aws_route_table_association.this",
            "module.public-subnets.aws_subnet.this",
            "module.vpc.aws_vpc.this"
          ]
        }
      ]
    },
    {
      "module": "module.private-subnets[0]",
      "mode": "managed",
      "type": "aws_route_table",
      "name": "this",
      "provider": "provider[\"registry.terraform.io/hashicorp/aws\"]",
      "instances": [
        {
          "schema_version": 0,
          "attributes": {
            "arn": "arn:aws:ec2:us-east-1:849363701316:route-table/rtb-0925609b05e35cff0",
            "id": "rtb-0925609b05e35cff0",
            "owner_id": "849363701316",
            "propagating_vgws": [],
            "route": [
              {
                "carrier_gateway_id": "",
                "cidr_block": "0.0.0.0/0",
                "core_network_arn": "",
                "destination_prefix_list_id": "",
                "egress_only_gateway_id": "",
                "gateway_id": "",
                "ipv6_cidr_block": "",
                "local_gateway_id": "",
                "nat_gateway_id": "nat-02c2287898aba94ec",
                "network_interface_id": "",
                "transit_gateway_id": "",
                "vpc_endpoint_id": "",
                "vpc_peering_connection_id": ""
              }
            ],
            "tags": {},
            "tags_all": {},
            "timeouts": null,
            "vpc_id": "vpc-0928874a8585b638e"
          },
          "sensitive_attributes": [],
          "private": "eyJlMmJmYjczMC1lY2FhLTExZTYtOGY4OC0zNDM2M2JjN2M0YzAiOnsiY3JlYXRlIjozMDAwMDAwMDAwMDAsImRlbGV0ZSI6MzAwMDAwMDAwMDAwLCJ1cGRhdGUiOjEyMDAwMDAwMDAwMH19",
          "dependencies": [
            "data.aws_availability_zones.available",
            "module.vpc.aws_vpc.this"
          ]
        }
      ]
    },
    {
      "module": "module.private-subnets[0]",
      "mode": "managed",
      "type": "aws_route_table_association",
      "name": "this",
      "provider": "provider[\"registry.terraform.io/hashicorp/aws\"]",
      "instances": [
        {
          "schema_version": 0,
          "attributes": {
            "gateway_id": "",
            "id": "rtbassoc-00d5d104ae9a15e6e",
            "route_table_id": "rtb-0925609b05e35cff0",
            "subnet_id": "subnet-02233e739fb365a25",
            "timeouts": null
          },
          "sensitive_attributes": [],
          "private": "eyJlMmJmYjczMC1lY2FhLTExZTYtOGY4OC0zNDM2M2JjN2M0YzAiOnsiY3JlYXRlIjozMDAwMDAwMDAwMDAsImRlbGV0ZSI6MzAwMDAwMDAwMDAwLCJ1cGRhdGUiOjEyMDAwMDAwMDAwMH19",
          "dependencies": [
            "data.aws_availability_zones.available",
            "module.private-subnets.aws_route_table.this",
            "module.private-subnets.aws_subnet.this",
            "module.vpc.aws_vpc.this"
          ]
        }
      ]
    },
    {
      "module": "module.private-subnets[0]",
      "mode": "managed",
      "type": "aws_subnet",
      "name": "this",
      "provider": "provider[\"registry.terraform.io/hashicorp/aws\"]",
      "instances": [
        {
          "schema_version": 1,
          "attributes": {
            "arn": "arn:aws:ec2:us-east-1:849363701316:subnet/subnet-02233e739fb365a25",
            "assign_ipv6_address_on_creation": false,
            "availability_zone": "us-east-1a",
            "availability_zone_id": "use1-az4",
            "cidr_block": "10.0.0.0/24",
            "customer_owned_ipv4_pool": "",
            "enable_dns64": false,
            "enable_lni_at_device_index": 0,
            "enable_resource_name_dns_a_record_on_launch": false,
            "enable_resource_name_dns_aaaa_record_on_launch": false,
            "id": "subnet-02233e739fb365a25",
            "ipv6_cidr_block": "",
            "ipv6_cidr_block_association_id": "",
            "ipv6_native": false,
            "map_customer_owned_ip_on_launch": false,
            "map_public_ip_on_launch": false,
            "outpost_arn": "",
            "owner_id": "849363701316",
            "private_dns_hostname_type_on_launch": "ip-name",
            "tags": {
              "Name": "private-subnet-0"
            },
            "tags_all": {
              "Name": "private-subnet-0"
            },
            "timeouts": null,
            "vpc_id": "vpc-0928874a8585b638e"
          },
          "sensitive_attributes": [],
          "private": "eyJlMmJmYjczMC1lY2FhLTExZTYtOGY4OC0zNDM2M2JjN2M0YzAiOnsiY3JlYXRlIjo2MDAwMDAwMDAwMDAsImRlbGV0ZSI6MTIwMDAwMDAwMDAwMH0sInNjaGVtYV92ZXJzaW9uIjoiMSJ9",
          "dependencies": [
            "data.aws_availability_zones.available",
            "module.vpc.aws_vpc.this"
          ]
        }
      ]
    },
    {
      "module": "module.private-subnets[1]",
      "mode": "managed",
      "type": "aws_route",
      "name": "this",
      "provider": "provider[\"registry.terraform.io/hashicorp/aws\"]",
      "instances": [
        {
          "schema_version": 0,
          "attributes": {
            "carrier_gateway_id": "",
            "core_network_arn": "",
            "destination_cidr_block": "0.0.0.0/0",
            "destination_ipv6_cidr_block": "",
            "destination_prefix_list_id": "",
            "egress_only_gateway_id": "",
            "gateway_id": "",
            "id": "r-rtb-07ed9f2f114bb576b1080289494",
            "instance_id": "",
            "instance_owner_id": "",
            "local_gateway_id": "",
            "nat_gateway_id": "nat-0307c1f0faab9032c",
            "network_interface_id": "",
            "origin": "CreateRoute",
            "route_table_id": "rtb-07ed9f2f114bb576b",
            "state": "active",
            "timeouts": null,
            "transit_gateway_id": "",
            "vpc_endpoint_id": "",
            "vpc_peering_connection_id": ""
          },
          "sensitive_attributes": [],
          "private": "eyJlMmJmYjczMC1lY2FhLTExZTYtOGY4OC0zNDM2M2JjN2M0YzAiOnsiY3JlYXRlIjozMDAwMDAwMDAwMDAsImRlbGV0ZSI6MzAwMDAwMDAwMDAwLCJ1cGRhdGUiOjEyMDAwMDAwMDAwMH19",
          "dependencies": [
            "data.aws_availability_zones.available",
            "module.ig.aws_internet_gateway.this",
            "module.nat_gw.aws_eip.nat",
            "module.nat_gw.aws_nat_gateway.this",
            "module.private-subnets.aws_route_table.this",
            "module.public-subnets.aws_route.this",
            "module.public-subnets.aws_route_table.this",
            "module.public-subnets.aws_route_table_association.this",
            "module.public-subnets.aws_subnet.this",
            "module.vpc.aws_vpc.this"
          ]
        }
      ]
    },
    {
      "module": "module.private-subnets[1]",
      "mode": "managed",
      "type": "aws_route_table",
      "name": "this",
      "provider": "provider[\"registry.terraform.io/hashicorp/aws\"]",
      "instances": [
        {
          "schema_version": 0,
          "attributes": {
            "arn": "arn:aws:ec2:us-east-1:849363701316:route-table/rtb-07ed9f2f114bb576b",
            "id": "rtb-07ed9f2f114bb576b",
            "owner_id": "849363701316",
            "propagating_vgws": [],
            "route": [
              {
                "carrier_gateway_id": "",
                "cidr_block": "0.0.0.0/0",
                "core_network_arn": "",
                "destination_prefix_list_id": "",
                "egress_only_gateway_id": "",
                "gateway_id": "",
                "ipv6_cidr_block": "",
                "local_gateway_id": "",
                "nat_gateway_id": "nat-0307c1f0faab9032c",
                "network_interface_id": "",
                "transit_gateway_id": "",
                "vpc_endpoint_id": "",
                "vpc_peering_connection_id": ""
              }
            ],
            "tags": {},
            "tags_all": {},
            "timeouts": null,
            "vpc_id": "vpc-0928874a8585b638e"
          },
          "sensitive_attributes": [],
          "private": "eyJlMmJmYjczMC1lY2FhLTExZTYtOGY4OC0zNDM2M2JjN2M0YzAiOnsiY3JlYXRlIjozMDAwMDAwMDAwMDAsImRlbGV0ZSI6MzAwMDAwMDAwMDAwLCJ1cGRhdGUiOjEyMDAwMDAwMDAwMH19",
          "dependencies": [
            "data.aws_availability_zones.available",
            "module.vpc.aws_vpc.this"
          ]
        }
      ]
    },
    {
      "module": "module.private-subnets[1]",
      "mode": "managed",
      "type": "aws_route_table_association",
      "name": "this",
      "provider": "provider[\"registry.terraform.io/hashicorp/aws\"]",
      "instances": [
        {
          "schema_version": 0,
          "attributes": {
            "gateway_id": "",
            "id": "rtbassoc-0f1e075e6f80fa61c",
            "route_table_id": "rtb-07ed9f2f114bb576b",
            "subnet_id": "subnet-091bc62bd78f835dd",
            "timeouts": null
          },
          "sensitive_attributes": [],
          "private": "eyJlMmJmYjczMC1lY2FhLTExZTYtOGY4OC0zNDM2M2JjN2M0YzAiOnsiY3JlYXRlIjozMDAwMDAwMDAwMDAsImRlbGV0ZSI6MzAwMDAwMDAwMDAwLCJ1cGRhdGUiOjEyMDAwMDAwMDAwMH19",
          "dependencies": [
            "data.aws_availability_zones.available",
            "module.private-subnets.aws_route_table.this",
            "module.private-subnets.aws_subnet.this",
            "module.vpc.aws_vpc.this"
          ]
        }
      ]
    },
    {
      "module": "module.private-subnets[1]",
      "mode": "managed",
      "type": "aws_subnet",
      "name": "this",
      "provider": "provider[\"registry.terraform.io/hashicorp/aws\"]",
      "instances": [
        {
          "schema_version": 1,
          "attributes": {
            "arn": "arn:aws:ec2:us-east-1:849363701316:subnet/subnet-091bc62bd78f835dd",
            "assign_ipv6_address_on_creation": false,
            "availability_zone": "us-east-1b",
            "availability_zone_id": "use1-az6",
            "cidr_block": "10.0.1.0/24",
            "customer_owned_ipv4_pool": "",
            "enable_dns64": false,
            "enable_lni_at_device_index": 0,
            "enable_resource_name_dns_a_record_on_launch": false,
            "enable_resource_name_dns_aaaa_record_on_launch": false,
            "id": "subnet-091bc62bd78f835dd",
            "ipv6_cidr_block": "",
            "ipv6_cidr_block_association_id": "",
            "ipv6_native": false,
            "map_customer_owned_ip_on_launch": false,
            "map_public_ip_on_launch": false,
            "outpost_arn": "",
            "owner_id": "849363701316",
            "private_dns_hostname_type_on_launch": "ip-name",
            "tags": {
              "Name": "private-subnet-1"
            },
            "tags_all": {
              "Name": "private-subnet-1"
            },
            "timeouts": null,
            "vpc_id": "vpc-0928874a8585b638e"
          },
          "sensitive_attributes": [],
          "private": "eyJlMmJmYjczMC1lY2FhLTExZTYtOGY4OC0zNDM2M2JjN2M0YzAiOnsiY3JlYXRlIjo2MDAwMDAwMDAwMDAsImRlbGV0ZSI6MTIwMDAwMDAwMDAwMH0sInNjaGVtYV92ZXJzaW9uIjoiMSJ9",
          "dependencies": [
            "data.aws_availability_zones.available",
            "module.vpc.aws_vpc.this"
          ]
        }
      ]
    },
    {
      "module": "module.public-subnets[0]",
      "mode": "managed",
      "type": "aws_route",
      "name": "this",
      "provider": "provider[\"registry.terraform.io/hashicorp/aws\"]",
      "instances": [
        {
          "schema_version": 0,
          "attributes": {
            "carrier_gateway_id": "",
            "core_network_arn": "",
            "destination_cidr_block": "0.0.0.0/0",
            "destination_ipv6_cidr_block": "",
            "destination_prefix_list_id": "",
            "egress_only_gateway_id": "",
            "gateway_id": "igw-06805923b6bb0209d",
            "id": "r-rtb-0029fc70e5ca5d18b1080289494",
            "instance_id": "",
            "instance_owner_id": "",
            "local_gateway_id": "",
            "nat_gateway_id": "",
            "network_interface_id": "",
            "origin": "CreateRoute",
            "route_table_id": "rtb-0029fc70e5ca5d18b",
            "state": "active",
            "timeouts": null,
            "transit_gateway_id": "",
            "vpc_endpoint_id": "",
            "vpc_peering_connection_id": ""
          },
          "sensitive_attributes": [],
          "private": "eyJlMmJmYjczMC1lY2FhLTExZTYtOGY4OC0zNDM2M2JjN2M0YzAiOnsiY3JlYXRlIjozMDAwMDAwMDAwMDAsImRlbGV0ZSI6MzAwMDAwMDAwMDAwLCJ1cGRhdGUiOjEyMDAwMDAwMDAwMH19",
          "dependencies": [
            "data.aws_availability_zones.available",
            "module.ig.aws_internet_gateway.this",
            "module.public-subnets.aws_route_table.this",
            "module.vpc.aws_vpc.this"
          ]
        }
      ]
    },
    {
      "module": "module.public-subnets[0]",
      "mode": "managed",
      "type": "aws_route_table",
      "name": "this",
      "provider": "provider[\"registry.terraform.io/hashicorp/aws\"]",
      "instances": [
        {
          "schema_version": 0,
          "attributes": {
            "arn": "arn:aws:ec2:us-east-1:849363701316:route-table/rtb-0029fc70e5ca5d18b",
            "id": "rtb-0029fc70e5ca5d18b",
            "owner_id": "849363701316",
            "propagating_vgws": [],
            "route": [
              {
                "carrier_gateway_id": "",
                "cidr_block": "0.0.0.0/0",
                "core_network_arn": "",
                "destination_prefix_list_id": "",
                "egress_only_gateway_id": "",
                "gateway_id": "igw-06805923b6bb0209d",
                "ipv6_cidr_block": "",
                "local_gateway_id": "",
                "nat_gateway_id": "",
                "network_interface_id": "",
                "transit_gateway_id": "",
                "vpc_endpoint_id": "",
                "vpc_peering_connection_id": ""
              }
            ],
            "tags": {},
            "tags_all": {},
            "timeouts": null,
            "vpc_id": "vpc-0928874a8585b638e"
          },
          "sensitive_attributes": [],
          "private": "eyJlMmJmYjczMC1lY2FhLTExZTYtOGY4OC0zNDM2M2JjN2M0YzAiOnsiY3JlYXRlIjozMDAwMDAwMDAwMDAsImRlbGV0ZSI6MzAwMDAwMDAwMDAwLCJ1cGRhdGUiOjEyMDAwMDAwMDAwMH19",
          "dependencies": [
            "data.aws_availability_zones.available",
            "module.vpc.aws_vpc.this"
          ]
        }
      ]
    },
    {
      "module": "module.public-subnets[0]",
      "mode": "managed",
      "type": "aws_route_table_association",
      "name": "this",
      "provider": "provider[\"registry.terraform.io/hashicorp/aws\"]",
      "instances": [
        {
          "schema_version": 0,
          "attributes": {
            "gateway_id": "",
            "id": "rtbassoc-00a857dde49fca96b",
            "route_table_id": "rtb-0029fc70e5ca5d18b",
            "subnet_id": "subnet-0d2d20c2fef46b209",
            "timeouts": null
          },
          "sensitive_attributes": [],
          "private": "eyJlMmJmYjczMC1lY2FhLTExZTYtOGY4OC0zNDM2M2JjN2M0YzAiOnsiY3JlYXRlIjozMDAwMDAwMDAwMDAsImRlbGV0ZSI6MzAwMDAwMDAwMDAwLCJ1cGRhdGUiOjEyMDAwMDAwMDAwMH19",
          "dependencies": [
            "data.aws_availability_zones.available",
            "module.public-subnets.aws_route_table.this",
            "module.public-subnets.aws_subnet.this",
            "module.vpc.aws_vpc.this"
          ]
        }
      ]
    },
    {
      "module": "module.public-subnets[0]",
      "mode": "managed",
      "type": "aws_subnet",
      "name": "this",
      "provider": "provider[\"registry.terraform.io/hashicorp/aws\"]",
      "instances": [
        {
          "schema_version": 1,
          "attributes": {
            "arn": "arn:aws:ec2:us-east-1:849363701316:subnet/subnet-0d2d20c2fef46b209",
            "assign_ipv6_address_on_creation": false,
            "availability_zone": "us-east-1a",
            "availability_zone_id": "use1-az4",
            "cidr_block": "10.0.2.0/24",
            "customer_owned_ipv4_pool": "",
            "enable_dns64": false,
            "enable_lni_at_device_index": 0,
            "enable_resource_name_dns_a_record_on_launch": false,
            "enable_resource_name_dns_aaaa_record_on_launch": false,
            "id": "subnet-0d2d20c2fef46b209",
            "ipv6_cidr_block": "",
            "ipv6_cidr_block_association_id": "",
            "ipv6_native": false,
            "map_customer_owned_ip_on_launch": false,
            "map_public_ip_on_launch": false,
            "outpost_arn": "",
            "owner_id": "849363701316",
            "private_dns_hostname_type_on_launch": "ip-name",
            "tags": {
              "Name": "public-subnet-0"
            },
            "tags_all": {
              "Name": "public-subnet-0"
            },
            "timeouts": null,
            "vpc_id": "vpc-0928874a8585b638e"
          },
          "sensitive_attributes": [],
          "private": "eyJlMmJmYjczMC1lY2FhLTExZTYtOGY4OC0zNDM2M2JjN2M0YzAiOnsiY3JlYXRlIjo2MDAwMDAwMDAwMDAsImRlbGV0ZSI6MTIwMDAwMDAwMDAwMH0sInNjaGVtYV92ZXJzaW9uIjoiMSJ9",
          "dependencies": [
            "data.aws_availability_zones.available",
            "module.vpc.aws_vpc.this"
          ]
        }
      ]
    },
    {
      "module": "module.public-subnets[1]",
      "mode": "managed",
      "type": "aws_route",
      "name": "this",
      "provider": "provider[\"registry.terraform.io/hashicorp/aws\"]",
      "instances": [
        {
          "schema_version": 0,
          "attributes": {
            "carrier_gateway_id": "",
            "core_network_arn": "",
            "destination_cidr_block": "0.0.0.0/0",
            "destination_ipv6_cidr_block": "",
            "destination_prefix_list_id": "",
            "egress_only_gateway_id": "",
            "gateway_id": "igw-06805923b6bb0209d",
            "id": "r-rtb-05def06f4b2ac5c0b1080289494",
            "instance_id": "",
            "instance_owner_id": "",
            "local_gateway_id": "",
            "nat_gateway_id": "",
            "network_interface_id": "",
            "origin": "CreateRoute",
            "route_table_id": "rtb-05def06f4b2ac5c0b",
            "state": "active",
            "timeouts": null,
            "transit_gateway_id": "",
            "vpc_endpoint_id": "",
            "vpc_peering_connection_id": ""
          },
          "sensitive_attributes": [],
          "private": "eyJlMmJmYjczMC1lY2FhLTExZTYtOGY4OC0zNDM2M2JjN2M0YzAiOnsiY3JlYXRlIjozMDAwMDAwMDAwMDAsImRlbGV0ZSI6MzAwMDAwMDAwMDAwLCJ1cGRhdGUiOjEyMDAwMDAwMDAwMH19",
          "dependencies": [
            "data.aws_availability_zones.available",
            "module.ig.aws_internet_gateway.this",
            "module.public-subnets.aws_route_table.this",
            "module.vpc.aws_vpc.this"
          ]
        }
      ]
    },
    {
      "module": "module.public-subnets[1]",
      "mode": "managed",
      "type": "aws_route_table",
      "name": "this",
      "provider": "provider[\"registry.terraform.io/hashicorp/aws\"]",
      "instances": [
        {
          "schema_version": 0,
          "attributes": {
            "arn": "arn:aws:ec2:us-east-1:849363701316:route-table/rtb-05def06f4b2ac5c0b",
            "id": "rtb-05def06f4b2ac5c0b",
            "owner_id": "849363701316",
            "propagating_vgws": [],
            "route": [
              {
                "carrier_gateway_id": "",
                "cidr_block": "0.0.0.0/0",
                "core_network_arn": "",
                "destination_prefix_list_id": "",
                "egress_only_gateway_id": "",
                "gateway_id": "igw-06805923b6bb0209d",
                "ipv6_cidr_block": "",
                "local_gateway_id": "",
                "nat_gateway_id": "",
                "network_interface_id": "",
                "transit_gateway_id": "",
                "vpc_endpoint_id": "",
                "vpc_peering_connection_id": ""
              }
            ],
            "tags": {},
            "tags_all": {},
            "timeouts": null,
            "vpc_id": "vpc-0928874a8585b638e"
          },
          "sensitive_attributes": [],
          "private": "eyJlMmJmYjczMC1lY2FhLTExZTYtOGY4OC0zNDM2M2JjN2M0YzAiOnsiY3JlYXRlIjozMDAwMDAwMDAwMDAsImRlbGV0ZSI6MzAwMDAwMDAwMDAwLCJ1cGRhdGUiOjEyMDAwMDAwMDAwMH19",
          "dependencies": [
            "data.aws_availability_zones.available",
            "module.vpc.aws_vpc.this"
          ]
        }
      ]
    },
    {
      "module": "module.public-subnets[1]",
      "mode": "managed",
      "type": "aws_route_table_association",
      "name": "this",
      "provider": "provider[\"registry.terraform.io/hashicorp/aws\"]",
      "instances": [
        {
          "schema_version": 0,
          "attributes": {
            "gateway_id": "",
            "id": "rtbassoc-00b06a6b5ee11b378",
            "route_table_id": "rtb-05def06f4b2ac5c0b",
            "subnet_id": "subnet-014fcb461fdcc5e63",
            "timeouts": null
          },
          "sensitive_attributes": [],
          "private": "eyJlMmJmYjczMC1lY2FhLTExZTYtOGY4OC0zNDM2M2JjN2M0YzAiOnsiY3JlYXRlIjozMDAwMDAwMDAwMDAsImRlbGV0ZSI6MzAwMDAwMDAwMDAwLCJ1cGRhdGUiOjEyMDAwMDAwMDAwMH19",
          "dependencies": [
            "data.aws_availability_zones.available",
            "module.public-subnets.aws_route_table.this",
            "module.public-subnets.aws_subnet.this",
            "module.vpc.aws_vpc.this"
          ]
        }
      ]
    },
    {
      "module": "module.public-subnets[1]",
      "mode": "managed",
      "type": "aws_subnet",
      "name": "this",
      "provider": "provider[\"registry.terraform.io/hashicorp/aws\"]",
      "instances": [
        {
          "schema_version": 1,
          "attributes": {
            "arn": "arn:aws:ec2:us-east-1:849363701316:subnet/subnet-014fcb461fdcc5e63",
            "assign_ipv6_address_on_creation": false,
            "availability_zone": "us-east-1b",
            "availability_zone_id": "use1-az6",
            "cidr_block": "10.0.3.0/24",
            "customer_owned_ipv4_pool": "",
            "enable_dns64": false,
            "enable_lni_at_device_index": 0,
            "enable_resource_name_dns_a_record_on_launch": false,
            "enable_resource_name_dns_aaaa_record_on_launch": false,
            "id": "subnet-014fcb461fdcc5e63",
            "ipv6_cidr_block": "",
            "ipv6_cidr_block_association_id": "",
            "ipv6_native": false,
            "map_customer_owned_ip_on_launch": false,
            "map_public_ip_on_launch": false,
            "outpost_arn": "",
            "owner_id": "849363701316",
            "private_dns_hostname_type_on_launch": "ip-name",
            "tags": {
              "Name": "public-subnet-1"
            },
            "tags_all": {
              "Name": "public-subnet-1"
            },
            "timeouts": null,
            "vpc_id": "vpc-0928874a8585b638e"
          },
          "sensitive_attributes": [],
          "private": "eyJlMmJmYjczMC1lY2FhLTExZTYtOGY4OC0zNDM2M2JjN2M0YzAiOnsiY3JlYXRlIjo2MDAwMDAwMDAwMDAsImRlbGV0ZSI6MTIwMDAwMDAwMDAwMH0sInNjaGVtYV92ZXJzaW9uIjoiMSJ9",
          "dependencies": [
            "data.aws_availability_zones.available",
            "module.vpc.aws_vpc.this"
          ]
        }
      ]
    },
    {
      "module": "module.vpc",
      "mode": "managed",
      "type": "aws_vpc",
      "name": "this",
      "provider": "provider[\"registry.terraform.io/hashicorp/aws\"]",
      "instances": [
        {
          "schema_version": 1,
          "attributes": {
            "arn": "arn:aws:ec2:us-east-1:849363701316:vpc/vpc-0928874a8585b638e",
            "assign_generated_ipv6_cidr_block": false,
            "cidr_block": "10.0.0.0/16",
            "default_network_acl_id": "acl-09d080f065de0c800",
            "default_route_table_id": "rtb-02b4c785d2fc4ee50",
            "default_security_group_id": "sg-0aa4e0f9a5082c97f",
            "dhcp_options_id": "dopt-0a7827b8982046118",
            "enable_dns_hostnames": false,
            "enable_dns_support": true,
            "enable_network_address_usage_metrics": false,
            "id": "vpc-0928874a8585b638e",
            "instance_tenancy": "default",
            "ipv4_ipam_pool_id": null,
            "ipv4_netmask_length": null,
            "ipv6_association_id": "",
            "ipv6_cidr_block": "",
            "ipv6_cidr_block_network_border_group": "",
            "ipv6_ipam_pool_id": "",
            "ipv6_netmask_length": 0,
            "main_route_table_id": "rtb-02b4c785d2fc4ee50",
            "owner_id": "849363701316",
            "tags": {
              "Name": "redes-vpc"
            },
            "tags_all": {
              "Name": "redes-vpc"
            }
          },
          "sensitive_attributes": [],
          "private": "eyJzY2hlbWFfdmVyc2lvbiI6IjEifQ=="
        }
      ]
    }
  ],
  "check_results": null
}
