{
  "version": 4,
  "terraform_version": "1.4.6",
  "serial": 129,
  "lineage": "3efbb314-2988-def7-125d-24a0ee15ab3c",
  "outputs": {},
  "resources": [
    {
      "mode": "data",
      "type": "aws_route53_zone",
      "name": "this",
      "provider": "provider[\"registry.terraform.io/hashicorp/aws\"]",
      "instances": [
        {
          "schema_version": 0,
          "attributes": {
            "arn": "arn:aws:route53:::hostedzone/Z028294628V3IXLZ4MPW6",
            "caller_reference": "6823fcec-5089-44c3-8b8f-8acad3fa8a64",
            "comment": "",
            "id": "Z028294628V3IXLZ4MPW6",
            "linked_service_description": null,
            "linked_service_principal": null,
            "name": "test-frontend.aleph51.com.ar",
            "name_servers": [
              "ns-1462.awsdns-54.org",
              "ns-1710.awsdns-21.co.uk",
              "ns-382.awsdns-47.com",
              "ns-929.awsdns-52.net"
            ],
            "primary_name_server": "ns-1462.awsdns-54.org",
            "private_zone": false,
            "resource_record_set_count": 4,
            "tags": {},
            "vpc_id": null,
            "zone_id": "Z028294628V3IXLZ4MPW6"
          },
          "sensitive_attributes": []
        }
      ]
    },
    {
      "mode": "managed",
      "type": "aws_cloudfront_origin_access_identity",
      "name": "oai",
      "provider": "provider[\"registry.terraform.io/hashicorp/aws\"]",
      "instances": [
        {
          "schema_version": 0,
          "attributes": {
            "caller_reference": "terraform-20230611202843257700000001",
            "cloudfront_access_identity_path": "origin-access-identity/cloudfront/E2LUHH2TF89AZI",
            "comment": "OAI for test-frontend.aleph51.com.ar",
            "etag": "E2BV6E48QOV4DG",
            "iam_arn": "arn:aws:iam::cloudfront:user/CloudFront Origin Access Identity E2LUHH2TF89AZI",
            "id": "E2LUHH2TF89AZI",
            "s3_canonical_user_id": "9174b7768b39f980f975f36fe20a24c804a42408a6f32fd18d113844998e2a7976381db0ecbeeff5fc111fb32b6df4b0"
          },
          "sensitive_attributes": [],
          "private": "bnVsbA=="
        }
      ]
    },
    {
      "mode": "managed",
      "type": "aws_route53_record",
      "name": "base",
      "provider": "provider[\"registry.terraform.io/hashicorp/aws\"]",
      "instances": [
        {
          "schema_version": 2,
          "attributes": {
            "alias": [
              {
                "evaluate_target_health": false,
                "name": "d1gq8fsdldgvdm.cloudfront.net",
                "zone_id": "Z2FDTNDATAQYW2"
              }
            ],
            "allow_overwrite": null,
            "cidr_routing_policy": [],
            "failover_routing_policy": [],
            "fqdn": "test-frontend.aleph51.com.ar",
            "geolocation_routing_policy": [],
            "health_check_id": "",
            "id": "Z028294628V3IXLZ4MPW6_test-frontend.aleph51.com.ar_A",
            "latency_routing_policy": [],
            "multivalue_answer_routing_policy": false,
            "name": "test-frontend.aleph51.com.ar",
            "records": null,
            "set_identifier": "",
            "ttl": 0,
            "type": "A",
            "weighted_routing_policy": [],
            "zone_id": "Z028294628V3IXLZ4MPW6"
          },
          "sensitive_attributes": [],
          "private": "eyJzY2hlbWFfdmVyc2lvbiI6IjIifQ==",
          "dependencies": [
            "aws_cloudfront_origin_access_identity.oai",
            "data.aws_route53_zone.this",
            "module.acm.aws_acm_certificate.this",
            "module.acm.aws_acm_certificate_validation.this",
            "module.acm.aws_route53_record.validation",
            "module.cdn.aws_cloudfront_distribution.this",
            "module.cdn.data.aws_cloudfront_cache_policy.optimized",
            "module.web-site.module.site_bucket.aws_s3_bucket.this",
            "module.web-site.module.site_bucket.aws_s3_bucket_policy.this"
          ]
        }
      ]
    },
    {
      "mode": "managed",
      "type": "aws_route53_record",
      "name": "www",
      "provider": "provider[\"registry.terraform.io/hashicorp/aws\"]",
      "instances": [
        {
          "schema_version": 2,
          "attributes": {
            "alias": [],
            "allow_overwrite": null,
            "cidr_routing_policy": [],
            "failover_routing_policy": [],
            "fqdn": "www.test-frontend.aleph51.com.ar",
            "geolocation_routing_policy": [],
            "health_check_id": "",
            "id": "Z028294628V3IXLZ4MPW6_www.test-frontend.aleph51.com.ar_CNAME",
            "latency_routing_policy": [],
            "multivalue_answer_routing_policy": false,
            "name": "www.test-frontend.aleph51.com.ar",
            "records": [
              "test-frontend.aleph51.com.ar"
            ],
            "set_identifier": "",
            "ttl": 900,
            "type": "CNAME",
            "weighted_routing_policy": [],
            "zone_id": "Z028294628V3IXLZ4MPW6"
          },
          "sensitive_attributes": [],
          "private": "eyJzY2hlbWFfdmVyc2lvbiI6IjIifQ==",
          "dependencies": [
            "aws_cloudfront_origin_access_identity.oai",
            "aws_route53_record.base",
            "data.aws_route53_zone.this",
            "module.acm.aws_acm_certificate.this",
            "module.acm.aws_acm_certificate_validation.this",
            "module.acm.aws_route53_record.validation",
            "module.cdn.aws_cloudfront_distribution.this",
            "module.cdn.data.aws_cloudfront_cache_policy.optimized",
            "module.web-site.module.site_bucket.aws_s3_bucket.this",
            "module.web-site.module.site_bucket.aws_s3_bucket_policy.this"
          ]
        }
      ]
    },
    {
      "module": "module.acm",
      "mode": "managed",
      "type": "aws_acm_certificate",
      "name": "this",
      "provider": "provider[\"registry.terraform.io/hashicorp/aws\"]",
      "instances": [
        {
          "schema_version": 0,
          "attributes": {
            "arn": "arn:aws:acm:us-east-1:501268445310:certificate/ebf8b994-db86-408b-bc51-27516e514135",
            "certificate_authority_arn": "",
            "certificate_body": null,
            "certificate_chain": null,
            "domain_name": "test-frontend.aleph51.com.ar",
            "domain_validation_options": [
              {
                "domain_name": "test-frontend.aleph51.com.ar",
                "resource_record_name": "_9f74bf6370a41589217a8294442de4fb.test-frontend.aleph51.com.ar.",
                "resource_record_type": "CNAME",
                "resource_record_value": "_8566e0d51fec90defeff8f6cf3a73825.ycvykntjsl.acm-validations.aws."
              },
              {
                "domain_name": "www.test-frontend.aleph51.com.ar",
                "resource_record_name": "_fccf06e1d31aad51d42ac4a1ec92ebce.www.test-frontend.aleph51.com.ar.",
                "resource_record_type": "CNAME",
                "resource_record_value": "_a5941642e89dc6ea947ff2d337ddaa82.ycvykntjsl.acm-validations.aws."
              }
            ],
            "early_renewal_duration": "",
            "id": "arn:aws:acm:us-east-1:501268445310:certificate/ebf8b994-db86-408b-bc51-27516e514135",
            "key_algorithm": "RSA_2048",
            "not_after": "2024-07-09T23:59:59Z",
            "not_before": "2023-06-11T00:00:00Z",
            "options": [
              {
                "certificate_transparency_logging_preference": "ENABLED"
              }
            ],
            "pending_renewal": false,
            "private_key": null,
            "renewal_eligibility": "INELIGIBLE",
            "renewal_summary": [],
            "status": "ISSUED",
            "subject_alternative_names": [
              "test-frontend.aleph51.com.ar",
              "www.test-frontend.aleph51.com.ar"
            ],
            "tags": {},
            "tags_all": {},
            "type": "AMAZON_ISSUED",
            "validation_emails": [],
            "validation_method": "DNS",
            "validation_option": []
          },
          "sensitive_attributes": [],
          "private": "bnVsbA==",
          "create_before_destroy": true
        }
      ]
    },
    {
      "module": "module.acm",
      "mode": "managed",
      "type": "aws_route53_record",
      "name": "validation",
      "provider": "provider[\"registry.terraform.io/hashicorp/aws\"]",
      "instances": [
        {
          "index_key": 0,
          "schema_version": 2,
          "attributes": {
            "alias": [],
            "allow_overwrite": true,
            "cidr_routing_policy": [],
            "failover_routing_policy": [],
            "fqdn": "_9f74bf6370a41589217a8294442de4fb.test-frontend.aleph51.com.ar",
            "geolocation_routing_policy": [],
            "health_check_id": "",
            "id": "Z028294628V3IXLZ4MPW6__9f74bf6370a41589217a8294442de4fb.test-frontend.aleph51.com.ar._CNAME",
            "latency_routing_policy": [],
            "multivalue_answer_routing_policy": false,
            "name": "_9f74bf6370a41589217a8294442de4fb.test-frontend.aleph51.com.ar",
            "records": [
              "_8566e0d51fec90defeff8f6cf3a73825.ycvykntjsl.acm-validations.aws."
            ],
            "set_identifier": "",
            "ttl": 60,
            "type": "CNAME",
            "weighted_routing_policy": [],
            "zone_id": "Z028294628V3IXLZ4MPW6"
          },
          "sensitive_attributes": [],
          "private": "eyJzY2hlbWFfdmVyc2lvbiI6IjIifQ==",
          "dependencies": [
            "data.aws_route53_zone.this",
            "module.acm.aws_acm_certificate.this"
          ]
        },
        {
          "index_key": 1,
          "schema_version": 2,
          "attributes": {
            "alias": [],
            "allow_overwrite": true,
            "cidr_routing_policy": [],
            "failover_routing_policy": [],
            "fqdn": "_fccf06e1d31aad51d42ac4a1ec92ebce.www.test-frontend.aleph51.com.ar",
            "geolocation_routing_policy": [],
            "health_check_id": "",
            "id": "Z028294628V3IXLZ4MPW6__fccf06e1d31aad51d42ac4a1ec92ebce.www.test-frontend.aleph51.com.ar._CNAME",
            "latency_routing_policy": [],
            "multivalue_answer_routing_policy": false,
            "name": "_fccf06e1d31aad51d42ac4a1ec92ebce.www.test-frontend.aleph51.com.ar",
            "records": [
              "_a5941642e89dc6ea947ff2d337ddaa82.ycvykntjsl.acm-validations.aws."
            ],
            "set_identifier": "",
            "ttl": 60,
            "type": "CNAME",
            "weighted_routing_policy": [],
            "zone_id": "Z028294628V3IXLZ4MPW6"
          },
          "sensitive_attributes": [],
          "private": "eyJzY2hlbWFfdmVyc2lvbiI6IjIifQ==",
          "dependencies": [
            "data.aws_route53_zone.this",
            "module.acm.aws_acm_certificate.this"
          ]
        }
      ]
    },
    {
      "module": "module.cdn",
      "mode": "data",
      "type": "aws_cloudfront_cache_policy",
      "name": "optimized",
      "provider": "provider[\"registry.terraform.io/hashicorp/aws\"]",
      "instances": [
        {
          "schema_version": 0,
          "attributes": {
            "comment": "Policy with caching enabled. Supports Gzip and Brotli compression.",
            "default_ttl": 86400,
            "etag": "E23ZP02F085DFQ",
            "id": "658327ea-f89d-4fab-a63d-7e88639e58f6",
            "max_ttl": 31536000,
            "min_ttl": 1,
            "name": "Managed-CachingOptimized",
            "parameters_in_cache_key_and_forwarded_to_origin": [
              {
                "cookies_config": [
                  {
                    "cookie_behavior": "none",
                    "cookies": []
                  }
                ],
                "enable_accept_encoding_brotli": true,
                "enable_accept_encoding_gzip": true,
                "headers_config": [
                  {
                    "header_behavior": "none",
                    "headers": []
                  }
                ],
                "query_strings_config": [
                  {
                    "query_string_behavior": "none",
                    "query_strings": []
                  }
                ]
              }
            ]
          },
          "sensitive_attributes": []
        }
      ]
    },
    {
      "module": "module.cdn",
      "mode": "managed",
      "type": "aws_cloudfront_distribution",
      "name": "this",
      "provider": "provider[\"registry.terraform.io/hashicorp/aws\"]",
      "instances": [
        {
          "schema_version": 1,
          "attributes": {
            "aliases": [
              "test-frontend.aleph51.com.ar",
              "www.test-frontend.aleph51.com.ar"
            ],
            "arn": "arn:aws:cloudfront::501268445310:distribution/E5YL09YR6G1IO",
            "caller_reference": "terraform-20230611203141029600000001",
            "comment": "cdn",
            "custom_error_response": [],
            "default_cache_behavior": [
              {
                "allowed_methods": [
                  "DELETE",
                  "GET",
                  "HEAD",
                  "OPTIONS",
                  "PATCH",
                  "POST",
                  "PUT"
                ],
                "cache_policy_id": "658327ea-f89d-4fab-a63d-7e88639e58f6",
                "cached_methods": [
                  "GET",
                  "HEAD"
                ],
                "compress": false,
                "default_ttl": 0,
                "field_level_encryption_id": "",
                "forwarded_values": [],
                "function_association": [],
                "lambda_function_association": [],
                "max_ttl": 0,
                "min_ttl": 0,
                "origin_request_policy_id": "",
                "realtime_log_config_arn": "",
                "response_headers_policy_id": "",
                "smooth_streaming": false,
                "target_origin_id": "test-aleph51-iac-franq",
                "trusted_key_groups": [],
                "trusted_signers": [],
                "viewer_protocol_policy": "allow-all"
              }
            ],
            "default_root_object": "index.html",
            "domain_name": "d1gq8fsdldgvdm.cloudfront.net",
            "enabled": true,
            "etag": "E1WSI4IVA9WC1I",
            "hosted_zone_id": "Z2FDTNDATAQYW2",
            "http_version": "http2",
            "id": "E5YL09YR6G1IO",
            "in_progress_validation_batches": 0,
            "is_ipv6_enabled": false,
            "last_modified_time": "2023-06-11 20:31:41.763 +0000 UTC",
            "logging_config": [],
            "ordered_cache_behavior": [],
            "origin": [
              {
                "connection_attempts": 3,
                "connection_timeout": 10,
                "custom_header": [],
                "custom_origin_config": [],
                "domain_name": "test-aleph51-iac-franq.s3.us-east-1.amazonaws.com",
                "origin_access_control_id": "",
                "origin_id": "test-aleph51-iac-franq",
                "origin_path": "",
                "origin_shield": [
                  {
                    "enabled": false,
                    "origin_shield_region": "eu-west-1"
                  }
                ],
                "s3_origin_config": [
                  {
                    "origin_access_identity": "origin-access-identity/cloudfront/E2LUHH2TF89AZI"
                  }
                ]
              }
            ],
            "origin_group": [],
            "price_class": "PriceClass_100",
            "restrictions": [
              {
                "geo_restriction": [
                  {
                    "locations": [],
                    "restriction_type": "none"
                  }
                ]
              }
            ],
            "retain_on_delete": false,
            "status": "Deployed",
            "tags": null,
            "tags_all": {},
            "trusted_key_groups": [
              {
                "enabled": false,
                "items": []
              }
            ],
            "trusted_signers": [
              {
                "enabled": false,
                "items": []
              }
            ],
            "viewer_certificate": [
              {
                "acm_certificate_arn": "arn:aws:acm:us-east-1:501268445310:certificate/ebf8b994-db86-408b-bc51-27516e514135",
                "cloudfront_default_certificate": false,
                "iam_certificate_id": "",
                "minimum_protocol_version": "TLSv1",
                "ssl_support_method": "sni-only"
              }
            ],
            "wait_for_deployment": true,
            "web_acl_id": ""
          },
          "sensitive_attributes": [],
          "private": "eyJzY2hlbWFfdmVyc2lvbiI6IjEifQ==",
          "dependencies": [
            "aws_cloudfront_origin_access_identity.oai",
            "data.aws_route53_zone.this",
            "module.acm.aws_acm_certificate.this",
            "module.acm.aws_acm_certificate_validation.this",
            "module.acm.aws_route53_record.validation",
            "module.cdn.data.aws_cloudfront_cache_policy.optimized",
            "module.web-site.module.site_bucket.aws_s3_bucket.this",
            "module.web-site.module.site_bucket.aws_s3_bucket_policy.this"
          ]
        }
      ]
    },
    {
      "module": "module.web-site",
      "mode": "data",
      "type": "aws_iam_policy_document",
      "name": "bucket_policy_document",
      "provider": "provider[\"registry.terraform.io/hashicorp/aws\"]",
      "instances": [
        {
          "schema_version": 0,
          "attributes": {
            "id": "673389952",
            "json": "{\n  \"Version\": \"2012-10-17\",\n  \"Statement\": [\n    {\n      \"Effect\": \"Allow\",\n      \"Action\": \"s3:GetObject\",\n      \"Resource\": [\n        \"arn:aws:s3:::test-aleph51-iac-franq/*\",\n        \"arn:aws:s3:::test-aleph51-iac-franq\"\n      ],\n      \"Principal\": {\n        \"AWS\": \"arn:aws:iam::cloudfront:user/CloudFront Origin Access Identity E2LUHH2TF89AZI\"\n      }\n    }\n  ]\n}",
            "override_policy_documents": null,
            "policy_id": null,
            "source_policy_documents": null,
            "statement": [
              {
                "actions": [
                  "s3:GetObject"
                ],
                "condition": [],
                "effect": "Allow",
                "not_actions": [],
                "not_principals": [],
                "not_resources": [],
                "principals": [
                  {
                    "identifiers": [
                      "arn:aws:iam::cloudfront:user/CloudFront Origin Access Identity E2LUHH2TF89AZI"
                    ],
                    "type": "AWS"
                  }
                ],
                "resources": [
                  "arn:aws:s3:::test-aleph51-iac-franq",
                  "arn:aws:s3:::test-aleph51-iac-franq/*"
                ],
                "sid": ""
              }
            ],
            "version": "2012-10-17"
          },
          "sensitive_attributes": []
        }
      ]
    },
    {
      "module": "module.web-site",
      "mode": "data",
      "type": "aws_iam_policy_document",
      "name": "this",
      "provider": "provider[\"registry.terraform.io/hashicorp/aws\"]",
      "instances": [
        {
          "schema_version": 0,
          "attributes": {
            "id": "4133975955",
            "json": "{\n  \"Version\": \"2012-10-17\",\n  \"Statement\": [\n    {\n      \"Sid\": \"PublicReadGetObject\",\n      \"Effect\": \"Allow\",\n      \"Action\": \"s3:GetObject\",\n      \"Resource\": \"arn:aws:s3:::test-aleph51-iac-franq/*\",\n      \"Principal\": {\n        \"AWS\": \"*\"\n      }\n    }\n  ]\n}",
            "override_policy_documents": null,
            "policy_id": null,
            "source_policy_documents": null,
            "statement": [
              {
                "actions": [
                  "s3:GetObject"
                ],
                "condition": [],
                "effect": "Allow",
                "not_actions": [],
                "not_principals": [],
                "not_resources": [],
                "principals": [
                  {
                    "identifiers": [
                      "*"
                    ],
                    "type": "AWS"
                  }
                ],
                "resources": [
                  "arn:aws:s3:::test-aleph51-iac-franq/*"
                ],
                "sid": "PublicReadGetObject"
              }
            ],
            "version": "2012-10-17"
          },
          "sensitive_attributes": []
        }
      ]
    },
    {
      "module": "module.web-site",
      "mode": "managed",
      "type": "aws_s3_object",
      "name": "data",
      "provider": "provider[\"registry.terraform.io/hashicorp/aws\"]",
      "instances": [
        {
          "index_key": "index.html.text/html",
          "schema_version": 0,
          "attributes": {
            "acl": null,
            "bucket": "test-aleph51-iac-franq",
            "bucket_key_enabled": false,
            "cache_control": "",
            "content": null,
            "content_base64": null,
            "content_disposition": "",
            "content_encoding": "",
            "content_language": "",
            "content_type": "text/html",
            "etag": "9fb54dbef8fa8dfeada81d9d5aec53d2",
            "force_destroy": false,
            "id": "index.html",
            "key": "index.html",
            "kms_key_id": null,
            "metadata": {},
            "object_lock_legal_hold_status": "",
            "object_lock_mode": "",
            "object_lock_retain_until_date": "",
            "server_side_encryption": "AES256",
            "source": "../../frontend/static_resources/index.html",
            "source_hash": null,
            "storage_class": "STANDARD",
            "tags": {},
            "tags_all": {},
            "version_id": "WSTRulEbxKNM9seZSAcZjjhdOvIgqw99",
            "website_redirect": ""
          },
          "sensitive_attributes": [],
          "private": "bnVsbA==",
          "dependencies": [
            "aws_cloudfront_origin_access_identity.oai",
            "module.web-site.data.aws_iam_policy_document.bucket_policy_document",
            "module.web-site.module.site_bucket.aws_s3_bucket.this",
            "module.web-site.module.site_bucket.aws_s3_bucket_policy.this",
            "module.web-site.module.site_bucket.aws_s3_bucket_public_access_block.this",
            "module.web-site.module.site_bucket.data.aws_caller_identity.current",
            "module.web-site.module.site_bucket.data.aws_iam_policy_document.access_log_delivery",
            "module.web-site.module.site_bucket.data.aws_iam_policy_document.combined",
            "module.web-site.module.site_bucket.data.aws_iam_policy_document.deny_insecure_transport",
            "module.web-site.module.site_bucket.data.aws_iam_policy_document.elb_log_delivery",
            "module.web-site.module.site_bucket.data.aws_iam_policy_document.inventory_and_analytics_destination_policy",
            "module.web-site.module.site_bucket.data.aws_iam_policy_document.lb_log_delivery",
            "module.web-site.module.site_bucket.data.aws_iam_policy_document.require_latest_tls",
            "module.web-site.module.site_bucket.data.aws_partition.current",
            "module.web-site.module.site_bucket.data.aws_region.current"
          ]
        }
      ]
    },
    {
      "module": "module.web-site.module.site_bucket",
      "mode": "data",
      "type": "aws_caller_identity",
      "name": "current",
      "provider": "provider[\"registry.terraform.io/hashicorp/aws\"]",
      "instances": [
        {
          "schema_version": 0,
          "attributes": {
            "account_id": "501268445310",
            "arn": "arn:aws:iam::501268445310:root",
            "id": "501268445310",
            "user_id": "501268445310"
          },
          "sensitive_attributes": []
        }
      ]
    },
    {
      "module": "module.web-site.module.site_bucket",
      "mode": "data",
      "type": "aws_canonical_user_id",
      "name": "this",
      "provider": "provider[\"registry.terraform.io/hashicorp/aws\"]",
      "instances": [
        {
          "schema_version": 0,
          "attributes": {
            "display_name": "franqredes",
            "id": "bebda4331b10ecfe40726622e0e31aeeeb08c7893167e394187223b5605344c6"
          },
          "sensitive_attributes": []
        }
      ]
    },
    {
      "module": "module.web-site.module.site_bucket",
      "mode": "data",
      "type": "aws_iam_policy_document",
      "name": "combined",
      "provider": "provider[\"registry.terraform.io/hashicorp/aws\"]",
      "instances": [
        {
          "index_key": 0,
          "schema_version": 0,
          "attributes": {
            "id": "673389952",
            "json": "{\n  \"Version\": \"2012-10-17\",\n  \"Statement\": [\n    {\n      \"Effect\": \"Allow\",\n      \"Action\": \"s3:GetObject\",\n      \"Resource\": [\n        \"arn:aws:s3:::test-aleph51-iac-franq/*\",\n        \"arn:aws:s3:::test-aleph51-iac-franq\"\n      ],\n      \"Principal\": {\n        \"AWS\": \"arn:aws:iam::cloudfront:user/CloudFront Origin Access Identity E2LUHH2TF89AZI\"\n      }\n    }\n  ]\n}",
            "override_policy_documents": null,
            "policy_id": null,
            "source_policy_documents": [
              "{\n  \"Version\": \"2012-10-17\",\n  \"Statement\": [\n    {\n      \"Effect\": \"Allow\",\n      \"Action\": \"s3:GetObject\",\n      \"Resource\": [\n        \"arn:aws:s3:::test-aleph51-iac-franq/*\",\n        \"arn:aws:s3:::test-aleph51-iac-franq\"\n      ],\n      \"Principal\": {\n        \"AWS\": \"arn:aws:iam::cloudfront:user/CloudFront Origin Access Identity E2LUHH2TF89AZI\"\n      }\n    }\n  ]\n}"
            ],
            "statement": null,
            "version": "2012-10-17"
          },
          "sensitive_attributes": []
        }
      ]
    },
    {
      "module": "module.web-site.module.site_bucket",
      "mode": "data",
      "type": "aws_partition",
      "name": "current",
      "provider": "provider[\"registry.terraform.io/hashicorp/aws\"]",
      "instances": [
        {
          "schema_version": 0,
          "attributes": {
            "dns_suffix": "amazonaws.com",
            "id": "aws",
            "partition": "aws",
            "reverse_dns_prefix": "com.amazonaws"
          },
          "sensitive_attributes": []
        }
      ]
    },
    {
      "module": "module.web-site.module.site_bucket",
      "mode": "data",
      "type": "aws_region",
      "name": "current",
      "provider": "provider[\"registry.terraform.io/hashicorp/aws\"]",
      "instances": [
        {
          "schema_version": 0,
          "attributes": {
            "description": "US East (N. Virginia)",
            "endpoint": "ec2.us-east-1.amazonaws.com",
            "id": "us-east-1",
            "name": "us-east-1"
          },
          "sensitive_attributes": []
        }
      ]
    },
    {
      "module": "module.web-site.module.site_bucket",
      "mode": "managed",
      "type": "aws_s3_bucket",
      "name": "this",
      "provider": "provider[\"registry.terraform.io/hashicorp/aws\"]",
      "instances": [
        {
          "index_key": 0,
          "schema_version": 0,
          "attributes": {
            "acceleration_status": "",
            "acl": null,
            "arn": "arn:aws:s3:::test-aleph51-iac-franq",
            "bucket": "test-aleph51-iac-franq",
            "bucket_domain_name": "test-aleph51-iac-franq.s3.amazonaws.com",
            "bucket_prefix": "",
            "bucket_regional_domain_name": "test-aleph51-iac-franq.s3.us-east-1.amazonaws.com",
            "cors_rule": [],
            "force_destroy": true,
            "grant": [
              {
                "id": "bebda4331b10ecfe40726622e0e31aeeeb08c7893167e394187223b5605344c6",
                "permissions": [
                  "FULL_CONTROL"
                ],
                "type": "CanonicalUser",
                "uri": ""
              }
            ],
            "hosted_zone_id": "Z3AQBSTGFYJSTF",
            "id": "test-aleph51-iac-franq",
            "lifecycle_rule": [],
            "logging": [],
            "object_lock_configuration": [],
            "object_lock_enabled": false,
            "policy": "{\"Statement\":[{\"Action\":\"s3:GetObject\",\"Effect\":\"Allow\",\"Principal\":{\"AWS\":\"arn:aws:iam::cloudfront:user/CloudFront Origin Access Identity E2LUHH2TF89AZI\"},\"Resource\":[\"arn:aws:s3:::test-aleph51-iac-franq/*\",\"arn:aws:s3:::test-aleph51-iac-franq\"]}],\"Version\":\"2012-10-17\"}",
            "region": "us-east-1",
            "replication_configuration": [],
            "request_payer": "BucketOwner",
            "server_side_encryption_configuration": [
              {
                "rule": [
                  {
                    "apply_server_side_encryption_by_default": [
                      {
                        "kms_master_key_id": "",
                        "sse_algorithm": "AES256"
                      }
                    ],
                    "bucket_key_enabled": false
                  }
                ]
              }
            ],
            "tags": {},
            "tags_all": {},
            "timeouts": null,
            "versioning": [
              {
                "enabled": true,
                "mfa_delete": false
              }
            ],
            "website": [
              {
                "error_document": "error.html",
                "index_document": "index.html",
                "redirect_all_requests_to": "",
                "routing_rules": ""
              }
            ],
            "website_domain": "s3-website-us-east-1.amazonaws.com",
            "website_endpoint": "test-aleph51-iac-franq.s3-website-us-east-1.amazonaws.com"
          },
          "sensitive_attributes": [],
          "private": "eyJlMmJmYjczMC1lY2FhLTExZTYtOGY4OC0zNDM2M2JjN2M0YzAiOnsiY3JlYXRlIjoxMjAwMDAwMDAwMDAwLCJkZWxldGUiOjM2MDAwMDAwMDAwMDAsInJlYWQiOjEyMDAwMDAwMDAwMDAsInVwZGF0ZSI6MTIwMDAwMDAwMDAwMH19"
        }
      ]
    },
    {
      "module": "module.web-site.module.site_bucket",
      "mode": "managed",
      "type": "aws_s3_bucket_policy",
      "name": "this",
      "provider": "provider[\"registry.terraform.io/hashicorp/aws\"]",
      "instances": [
        {
          "index_key": 0,
          "schema_version": 0,
          "attributes": {
            "bucket": "test-aleph51-iac-franq",
            "id": "test-aleph51-iac-franq",
            "policy": "{\"Statement\":[{\"Action\":\"s3:GetObject\",\"Effect\":\"Allow\",\"Principal\":{\"AWS\":\"arn:aws:iam::cloudfront:user/CloudFront Origin Access Identity E2LUHH2TF89AZI\"},\"Resource\":[\"arn:aws:s3:::test-aleph51-iac-franq/*\",\"arn:aws:s3:::test-aleph51-iac-franq\"]}],\"Version\":\"2012-10-17\"}"
          },
          "sensitive_attributes": [],
          "private": "bnVsbA==",
          "dependencies": [
            "aws_cloudfront_origin_access_identity.oai",
            "module.web-site.data.aws_iam_policy_document.bucket_policy_document",
            "module.web-site.module.site_bucket.aws_s3_bucket.this",
            "module.web-site.module.site_bucket.aws_s3_bucket_public_access_block.this",
            "module.web-site.module.site_bucket.data.aws_caller_identity.current",
            "module.web-site.module.site_bucket.data.aws_iam_policy_document.access_log_delivery",
            "module.web-site.module.site_bucket.data.aws_iam_policy_document.combined",
            "module.web-site.module.site_bucket.data.aws_iam_policy_document.deny_insecure_transport",
            "module.web-site.module.site_bucket.data.aws_iam_policy_document.elb_log_delivery",
            "module.web-site.module.site_bucket.data.aws_iam_policy_document.inventory_and_analytics_destination_policy",
            "module.web-site.module.site_bucket.data.aws_iam_policy_document.lb_log_delivery",
            "module.web-site.module.site_bucket.data.aws_iam_policy_document.require_latest_tls",
            "module.web-site.module.site_bucket.data.aws_partition.current",
            "module.web-site.module.site_bucket.data.aws_region.current"
          ]
        }
      ]
    },
    {
      "module": "module.web-site.module.site_bucket",
      "mode": "managed",
      "type": "aws_s3_bucket_public_access_block",
      "name": "this",
      "provider": "provider[\"registry.terraform.io/hashicorp/aws\"]",
      "instances": [
        {
          "index_key": 0,
          "schema_version": 0,
          "attributes": {
            "block_public_acls": true,
            "block_public_policy": true,
            "bucket": "test-aleph51-iac-franq",
            "id": "test-aleph51-iac-franq",
            "ignore_public_acls": true,
            "restrict_public_buckets": true
          },
          "sensitive_attributes": [],
          "private": "bnVsbA==",
          "dependencies": [
            "module.web-site.module.site_bucket.aws_s3_bucket.this"
          ]
        }
      ]
    },
    {
      "module": "module.web-site.module.site_bucket",
      "mode": "managed",
      "type": "aws_s3_bucket_versioning",
      "name": "this",
      "provider": "provider[\"registry.terraform.io/hashicorp/aws\"]",
      "instances": [
        {
          "index_key": 0,
          "schema_version": 0,
          "attributes": {
            "bucket": "test-aleph51-iac-franq",
            "expected_bucket_owner": "",
            "id": "test-aleph51-iac-franq",
            "mfa": null,
            "versioning_configuration": [
              {
                "mfa_delete": "Disabled",
                "status": "Enabled"
              }
            ]
          },
          "sensitive_attributes": [],
          "private": "bnVsbA==",
          "dependencies": [
            "module.web-site.module.site_bucket.aws_s3_bucket.this"
          ]
        }
      ]
    },
    {
      "module": "module.web-site.module.site_bucket",
      "mode": "managed",
      "type": "aws_s3_bucket_website_configuration",
      "name": "this",
      "provider": "provider[\"registry.terraform.io/hashicorp/aws\"]",
      "instances": [
        {
          "index_key": 0,
          "schema_version": 0,
          "attributes": {
            "bucket": "test-aleph51-iac-franq",
            "error_document": [
              {
                "key": "error.html"
              }
            ],
            "expected_bucket_owner": "",
            "id": "test-aleph51-iac-franq",
            "index_document": [
              {
                "suffix": "index.html"
              }
            ],
            "redirect_all_requests_to": [],
            "routing_rule": [],
            "routing_rules": "",
            "website_domain": "s3-website-us-east-1.amazonaws.com",
            "website_endpoint": "test-aleph51-iac-franq.s3-website-us-east-1.amazonaws.com"
          },
          "sensitive_attributes": [],
          "private": "bnVsbA==",
          "dependencies": [
            "module.web-site.module.site_bucket.aws_s3_bucket.this"
          ]
        }
      ]
    }
  ],
  "check_results": null
}
