{
  "version": 4,
  "terraform_version": "1.4.6",
  "serial": 342,
  "lineage": "42cf7bf3-fcce-0d79-3601-7dc59afe50e0",
  "outputs": {},
  "resources": [
    {
      "mode": "data",
      "type": "aws_route53_zone",
      "name": "this",
      "provider": "provider[\"registry.terraform.io/hashicorp/aws\"].eu-east-1",
      "instances": [
        {
          "schema_version": 0,
          "attributes": {
            "arn": "arn:aws:route53:::hostedzone/Z01856901CCABB61K7GSF",
            "caller_reference": "1fe5b4f2-b037-4f13-8977-92404d038335",
            "comment": "",
            "id": "Z01856901CCABB61K7GSF",
            "linked_service_description": null,
            "linked_service_principal": null,
            "name": "test-api.aleph51.com.ar",
            "name_servers": [
              "ns-1117.awsdns-11.org",
              "ns-84.awsdns-10.com",
              "ns-1631.awsdns-11.co.uk",
              "ns-985.awsdns-59.net"
            ],
            "primary_name_server": "ns-1117.awsdns-11.org",
            "private_zone": false,
            "resource_record_set_count": 2,
            "tags": {},
            "vpc_id": null,
            "zone_id": "Z01856901CCABB61K7GSF"
          },
          "sensitive_attributes": []
        }
      ]
    },
    {
      "module": "module.active-network",
      "mode": "data",
      "type": "aws_availability_zones",
      "name": "available",
      "provider": "provider[\"registry.terraform.io/hashicorp/aws\"].eu-east-1",
      "instances": [
        {
          "schema_version": 0,
          "attributes": {
            "all_availability_zones": null,
            "exclude_names": null,
            "exclude_zone_ids": null,
            "filter": null,
            "group_names": [
              "us-east-1"
            ],
            "id": "us-east-1",
            "names": [
              "us-east-1a",
              "us-east-1b",
              "us-east-1c",
              "us-east-1d",
              "us-east-1e",
              "us-east-1f"
            ],
            "state": "available",
            "timeouts": null,
            "zone_ids": [
              "use1-az6",
              "use1-az1",
              "use1-az2",
              "use1-az4",
              "use1-az3",
              "use1-az5"
            ]
          },
          "sensitive_attributes": []
        }
      ]
    },
    {
      "module": "module.active-network",
      "mode": "data",
      "type": "aws_region",
      "name": "current",
      "provider": "provider[\"registry.terraform.io/hashicorp/aws\"].eu-east-1",
      "instances": [
        {
          "schema_version": 0,
          "attributes": {
            "description": "US East (N. Virginia)",
            "endpoint": "ec2.us-east-1.amazonaws.com",
            "id": "us-east-1",
            "name": "us-east-1"
          },
          "sensitive_attributes": []
        }
      ]
    },
    {
      "module": "module.active-network",
      "mode": "managed",
      "type": "aws_security_group",
      "name": "alb",
      "provider": "provider[\"registry.terraform.io/hashicorp/aws\"].eu-east-1",
      "instances": [
        {
          "schema_version": 1,
          "attributes": {
            "arn": "arn:aws:ec2:us-east-1:501268445310:security-group/sg-097a135497f2bc021",
            "description": "Allow inbound traffic",
            "egress": [
              {
                "cidr_blocks": [
                  "0.0.0.0/0"
                ],
                "description": "",
                "from_port": 0,
                "ipv6_cidr_blocks": [],
                "prefix_list_ids": [],
                "protocol": "-1",
                "security_groups": [],
                "self": false,
                "to_port": 0
              }
            ],
            "id": "sg-097a135497f2bc021",
            "ingress": [
              {
                "cidr_blocks": [
                  "0.0.0.0/0"
                ],
                "description": "",
                "from_port": 443,
                "ipv6_cidr_blocks": [],
                "prefix_list_ids": [],
                "protocol": "tcp",
                "security_groups": [],
                "self": false,
                "to_port": 443
              },
              {
                "cidr_blocks": [
                  "0.0.0.0/0"
                ],
                "description": "",
                "from_port": 80,
                "ipv6_cidr_blocks": [],
                "prefix_list_ids": [],
                "protocol": "tcp",
                "security_groups": [],
                "self": false,
                "to_port": 80
              }
            ],
            "name": "alb",
            "name_prefix": "",
            "owner_id": "501268445310",
            "revoke_rules_on_delete": false,
            "tags": {
              "Name": "alb-sg"
            },
            "tags_all": {
              "Name": "alb-sg",
              "author": "Grupo13",
              "created-by": "terraform",
              "subject": "Redes",
              "university": "ITBA",
              "version": "1"
            },
            "timeouts": null,
            "vpc_id": "vpc-0512d6922b283dab8"
          },
          "sensitive_attributes": [],
          "private": "eyJlMmJmYjczMC1lY2FhLTExZTYtOGY4OC0zNDM2M2JjN2M0YzAiOnsiY3JlYXRlIjo2MDAwMDAwMDAwMDAsImRlbGV0ZSI6OTAwMDAwMDAwMDAwfSwic2NoZW1hX3ZlcnNpb24iOiIxIn0=",
          "dependencies": [
            "module.active-network.module.vpc.aws_vpc.this"
          ]
        }
      ]
    },
    {
      "module": "module.active-network",
      "mode": "managed",
      "type": "aws_security_group",
      "name": "ec2",
      "provider": "provider[\"registry.terraform.io/hashicorp/aws\"].eu-east-1",
      "instances": [
        {
          "schema_version": 1,
          "attributes": {
            "arn": "arn:aws:ec2:us-east-1:501268445310:security-group/sg-012cd3b901491fb03",
            "description": "Allow inbound traffic",
            "egress": [
              {
                "cidr_blocks": [
                  "0.0.0.0/0"
                ],
                "description": "",
                "from_port": 0,
                "ipv6_cidr_blocks": [],
                "prefix_list_ids": [],
                "protocol": "-1",
                "security_groups": [],
                "self": false,
                "to_port": 0
              }
            ],
            "id": "sg-012cd3b901491fb03",
            "ingress": [
              {
                "cidr_blocks": [
                  "0.0.0.0/0"
                ],
                "description": "",
                "from_port": 22,
                "ipv6_cidr_blocks": [],
                "prefix_list_ids": [],
                "protocol": "tcp",
                "security_groups": [],
                "self": false,
                "to_port": 22
              },
              {
                "cidr_blocks": [
                  "0.0.0.0/0"
                ],
                "description": "",
                "from_port": 443,
                "ipv6_cidr_blocks": [],
                "prefix_list_ids": [],
                "protocol": "tcp",
                "security_groups": [],
                "self": false,
                "to_port": 443
              },
              {
                "cidr_blocks": [
                  "0.0.0.0/0"
                ],
                "description": "",
                "from_port": 5000,
                "ipv6_cidr_blocks": [],
                "prefix_list_ids": [],
                "protocol": "tcp",
                "security_groups": [],
                "self": false,
                "to_port": 5000
              },
              {
                "cidr_blocks": [
                  "0.0.0.0/0"
                ],
                "description": "",
                "from_port": 80,
                "ipv6_cidr_blocks": [],
                "prefix_list_ids": [],
                "protocol": "tcp",
                "security_groups": [],
                "self": false,
                "to_port": 80
              }
            ],
            "name": "ec2",
            "name_prefix": "",
            "owner_id": "501268445310",
            "revoke_rules_on_delete": false,
            "tags": {
              "Name": "ec2"
            },
            "tags_all": {
              "Name": "ec2",
              "author": "Grupo13",
              "created-by": "terraform",
              "subject": "Redes",
              "university": "ITBA",
              "version": "1"
            },
            "timeouts": null,
            "vpc_id": "vpc-0512d6922b283dab8"
          },
          "sensitive_attributes": [],
          "private": "eyJlMmJmYjczMC1lY2FhLTExZTYtOGY4OC0zNDM2M2JjN2M0YzAiOnsiY3JlYXRlIjo2MDAwMDAwMDAwMDAsImRlbGV0ZSI6OTAwMDAwMDAwMDAwfSwic2NoZW1hX3ZlcnNpb24iOiIxIn0=",
          "dependencies": [
            "module.active-network.module.vpc.aws_vpc.this"
          ],
          "create_before_destroy": true
        }
      ]
    },
    {
      "module": "module.active-network.module.alb",
      "mode": "managed",
      "type": "aws_lb",
      "name": "this",
      "provider": "provider[\"registry.terraform.io/hashicorp/aws\"].eu-east-1",
      "instances": [
        {
          "index_key": 0,
          "schema_version": 0,
          "attributes": {
            "access_logs": [
              {
                "bucket": "",
                "enabled": false,
                "prefix": ""
              }
            ],
            "arn": "arn:aws:elasticloadbalancing:us-east-1:501268445310:loadbalancer/app/redes-alb-us-east-1/abe0daacd8f05960",
            "arn_suffix": "app/redes-alb-us-east-1/abe0daacd8f05960",
            "customer_owned_ipv4_pool": "",
            "desync_mitigation_mode": "defensive",
            "dns_name": "redes-alb-us-east-1-1403289414.us-east-1.elb.amazonaws.com",
            "drop_invalid_header_fields": false,
            "enable_cross_zone_load_balancing": true,
            "enable_deletion_protection": false,
            "enable_http2": true,
            "enable_tls_version_and_cipher_suite_headers": false,
            "enable_waf_fail_open": false,
            "enable_xff_client_port": true,
            "id": "arn:aws:elasticloadbalancing:us-east-1:501268445310:loadbalancer/app/redes-alb-us-east-1/abe0daacd8f05960",
            "idle_timeout": 60,
            "internal": false,
            "ip_address_type": "ipv4",
            "load_balancer_type": "application",
            "name": "redes-alb-us-east-1",
            "name_prefix": null,
            "preserve_host_header": false,
            "security_groups": [
              "sg-082ac7f704e00b1b8",
              "sg-097a135497f2bc021"
            ],
            "subnet_mapping": [
              {
                "allocation_id": "",
                "ipv6_address": "",
                "outpost_id": "",
                "private_ipv4_address": "",
                "subnet_id": "subnet-032767e2afd553746"
              },
              {
                "allocation_id": "",
                "ipv6_address": "",
                "outpost_id": "",
                "private_ipv4_address": "",
                "subnet_id": "subnet-0f51686ad7da1d1fa"
              }
            ],
            "subnets": [
              "subnet-032767e2afd553746",
              "subnet-0f51686ad7da1d1fa"
            ],
            "tags": {
              "Name": "redes-alb"
            },
            "tags_all": {
              "Name": "redes-alb",
              "author": "Grupo13",
              "created-by": "terraform",
              "subject": "Redes",
              "university": "ITBA",
              "version": "1"
            },
            "timeouts": {
              "create": "10m",
              "delete": "10m",
              "update": "10m"
            },
            "vpc_id": "vpc-0512d6922b283dab8",
            "xff_header_processing_mode": "append",
            "zone_id": "Z35SXDOTRQ7X7K"
          },
          "sensitive_attributes": [],
          "private": "eyJlMmJmYjczMC1lY2FhLTExZTYtOGY4OC0zNDM2M2JjN2M0YzAiOnsiY3JlYXRlIjo2MDAwMDAwMDAwMDAsImRlbGV0ZSI6NjAwMDAwMDAwMDAwLCJ1cGRhdGUiOjYwMDAwMDAwMDAwMH19",
          "dependencies": [
            "module.active-network.aws_security_group.alb",
            "module.active-network.data.aws_availability_zones.available",
            "module.active-network.data.aws_region.current",
            "module.active-network.module.alb.aws_security_group.this",
            "module.active-network.module.ig.aws_internet_gateway.this",
            "module.active-network.module.public-subnets.aws_route.default",
            "module.active-network.module.public-subnets.aws_route_table.this",
            "module.active-network.module.public-subnets.aws_route_table_association.this",
            "module.active-network.module.public-subnets.aws_subnet.this",
            "module.active-network.module.vpc.aws_vpc.this"
          ]
        }
      ]
    },
    {
      "module": "module.active-network.module.alb",
      "mode": "managed",
      "type": "aws_lb_listener",
      "name": "frontend_http_tcp",
      "provider": "provider[\"registry.terraform.io/hashicorp/aws\"].eu-east-1",
      "instances": [
        {
          "index_key": 0,
          "schema_version": 0,
          "attributes": {
            "alpn_policy": null,
            "arn": "arn:aws:elasticloadbalancing:us-east-1:501268445310:listener/app/redes-alb-us-east-1/abe0daacd8f05960/e4d57bf94fee605e",
            "certificate_arn": null,
            "default_action": [
              {
                "authenticate_cognito": [],
                "authenticate_oidc": [],
                "fixed_response": [],
                "forward": [],
                "order": 1,
                "redirect": [],
                "target_group_arn": "arn:aws:elasticloadbalancing:us-east-1:501268445310:targetgroup/api-20230611212953644200000006/bd646055d7fd6343",
                "type": "forward"
              }
            ],
            "id": "arn:aws:elasticloadbalancing:us-east-1:501268445310:listener/app/redes-alb-us-east-1/abe0daacd8f05960/e4d57bf94fee605e",
            "load_balancer_arn": "arn:aws:elasticloadbalancing:us-east-1:501268445310:loadbalancer/app/redes-alb-us-east-1/abe0daacd8f05960",
            "port": 80,
            "protocol": "HTTP",
            "ssl_policy": "",
            "tags": {
              "Name": "redes-alb"
            },
            "tags_all": {
              "Name": "redes-alb",
              "author": "Grupo13",
              "created-by": "terraform",
              "subject": "Redes",
              "university": "ITBA",
              "version": "1"
            },
            "timeouts": null
          },
          "sensitive_attributes": [],
          "private": "eyJlMmJmYjczMC1lY2FhLTExZTYtOGY4OC0zNDM2M2JjN2M0YzAiOnsicmVhZCI6NjAwMDAwMDAwMDAwfX0=",
          "dependencies": [
            "module.active-network.aws_security_group.alb",
            "module.active-network.aws_security_group.ec2",
            "module.active-network.data.aws_availability_zones.available",
            "module.active-network.data.aws_region.current",
            "module.active-network.module.alb.aws_lb.this",
            "module.active-network.module.alb.aws_lb_target_group.main",
            "module.active-network.module.alb.aws_security_group.this",
            "module.active-network.module.ec2-api.aws_instance.this",
            "module.active-network.module.ec2-api.aws_key_pair.key_pair",
            "module.active-network.module.ec2-api.data.aws_ami.amazon-linux-2",
            "module.active-network.module.ec2-api.data.aws_region.current",
            "module.active-network.module.ec2-api.local_file.ssh_key",
            "module.active-network.module.ec2-api.tls_private_key.key_pair",
            "module.active-network.module.ig.aws_internet_gateway.this",
            "module.active-network.module.nat_gw.aws_eip.nat",
            "module.active-network.module.nat_gw.aws_nat_gateway.this",
            "module.active-network.module.private-subnets.aws_route.default",
            "module.active-network.module.private-subnets.aws_route_table.this",
            "module.active-network.module.private-subnets.aws_route_table_association.this",
            "module.active-network.module.private-subnets.aws_subnet.this",
            "module.active-network.module.public-subnets.aws_route.default",
            "module.active-network.module.public-subnets.aws_route_table.this",
            "module.active-network.module.public-subnets.aws_route_table_association.this",
            "module.active-network.module.public-subnets.aws_subnet.this",
            "module.active-network.module.vpc.aws_vpc.this"
          ]
        }
      ]
    },
    {
      "module": "module.active-network.module.alb",
      "mode": "managed",
      "type": "aws_lb_target_group",
      "name": "main",
      "provider": "provider[\"registry.terraform.io/hashicorp/aws\"].eu-east-1",
      "instances": [
        {
          "index_key": 0,
          "schema_version": 0,
          "attributes": {
            "arn": "arn:aws:elasticloadbalancing:us-east-1:501268445310:targetgroup/api-20230611212953644200000006/bd646055d7fd6343",
            "arn_suffix": "targetgroup/api-20230611212953644200000006/bd646055d7fd6343",
            "connection_termination": false,
            "deregistration_delay": "300",
            "health_check": [
              {
                "enabled": true,
                "healthy_threshold": 5,
                "interval": 30,
                "matcher": "200",
                "path": "/",
                "port": "traffic-port",
                "protocol": "HTTP",
                "timeout": 5,
                "unhealthy_threshold": 2
              }
            ],
            "id": "arn:aws:elasticloadbalancing:us-east-1:501268445310:targetgroup/api-20230611212953644200000006/bd646055d7fd6343",
            "ip_address_type": "ipv4",
            "lambda_multi_value_headers_enabled": false,
            "load_balancing_algorithm_type": "round_robin",
            "load_balancing_cross_zone_enabled": "use_load_balancer_configuration",
            "name": "api-20230611212953644200000006",
            "name_prefix": "api-",
            "port": 80,
            "preserve_client_ip": null,
            "protocol": "HTTP",
            "protocol_version": "HTTP1",
            "proxy_protocol_v2": false,
            "slow_start": 0,
            "stickiness": [
              {
                "cookie_duration": 86400,
                "cookie_name": "",
                "enabled": false,
                "type": "lb_cookie"
              }
            ],
            "tags": {
              "Name": "api-"
            },
            "tags_all": {
              "Name": "api-",
              "author": "Grupo13",
              "created-by": "terraform",
              "subject": "Redes",
              "university": "ITBA",
              "version": "1"
            },
            "target_failover": [
              {
                "on_deregistration": null,
                "on_unhealthy": null
              }
            ],
            "target_type": "instance",
            "vpc_id": "vpc-0512d6922b283dab8"
          },
          "sensitive_attributes": [],
          "private": "bnVsbA==",
          "dependencies": [
            "module.active-network.aws_security_group.ec2",
            "module.active-network.data.aws_availability_zones.available",
            "module.active-network.module.ec2-api.aws_instance.this",
            "module.active-network.module.ec2-api.aws_key_pair.key_pair",
            "module.active-network.module.ec2-api.data.aws_ami.amazon-linux-2",
            "module.active-network.module.ec2-api.data.aws_region.current",
            "module.active-network.module.ec2-api.local_file.ssh_key",
            "module.active-network.module.ec2-api.tls_private_key.key_pair",
            "module.active-network.module.ig.aws_internet_gateway.this",
            "module.active-network.module.nat_gw.aws_eip.nat",
            "module.active-network.module.nat_gw.aws_nat_gateway.this",
            "module.active-network.module.private-subnets.aws_route.default",
            "module.active-network.module.private-subnets.aws_route_table.this",
            "module.active-network.module.private-subnets.aws_route_table_association.this",
            "module.active-network.module.private-subnets.aws_subnet.this",
            "module.active-network.module.public-subnets.aws_route.default",
            "module.active-network.module.public-subnets.aws_route_table.this",
            "module.active-network.module.public-subnets.aws_route_table_association.this",
            "module.active-network.module.public-subnets.aws_subnet.this",
            "module.active-network.module.vpc.aws_vpc.this"
          ],
          "create_before_destroy": true
        }
      ]
    },
    {
      "module": "module.active-network.module.alb",
      "mode": "managed",
      "type": "aws_lb_target_group_attachment",
      "name": "this",
      "provider": "provider[\"registry.terraform.io/hashicorp/aws\"].eu-east-1",
      "instances": [
        {
          "index_key": "0.instance_1",
          "schema_version": 0,
          "attributes": {
            "availability_zone": null,
            "id": "arn:aws:elasticloadbalancing:us-east-1:501268445310:targetgroup/api-20230611212953644200000006/bd646055d7fd6343-20230611212957161700000008",
            "port": 5000,
            "target_group_arn": "arn:aws:elasticloadbalancing:us-east-1:501268445310:targetgroup/api-20230611212953644200000006/bd646055d7fd6343",
            "target_id": "i-07c99733752abe646"
          },
          "sensitive_attributes": [],
          "private": "bnVsbA==",
          "dependencies": [
            "module.active-network.aws_security_group.ec2",
            "module.active-network.data.aws_availability_zones.available",
            "module.active-network.module.alb.aws_lambda_permission.lb",
            "module.active-network.module.alb.aws_lb_target_group.main",
            "module.active-network.module.ec2-api.aws_instance.this",
            "module.active-network.module.ec2-api.aws_key_pair.key_pair",
            "module.active-network.module.ec2-api.data.aws_ami.amazon-linux-2",
            "module.active-network.module.ec2-api.data.aws_region.current",
            "module.active-network.module.ec2-api.local_file.ssh_key",
            "module.active-network.module.ec2-api.tls_private_key.key_pair",
            "module.active-network.module.ig.aws_internet_gateway.this",
            "module.active-network.module.nat_gw.aws_eip.nat",
            "module.active-network.module.nat_gw.aws_nat_gateway.this",
            "module.active-network.module.private-subnets.aws_route.default",
            "module.active-network.module.private-subnets.aws_route_table.this",
            "module.active-network.module.private-subnets.aws_route_table_association.this",
            "module.active-network.module.private-subnets.aws_subnet.this",
            "module.active-network.module.public-subnets.aws_route.default",
            "module.active-network.module.public-subnets.aws_route_table.this",
            "module.active-network.module.public-subnets.aws_route_table_association.this",
            "module.active-network.module.public-subnets.aws_subnet.this",
            "module.active-network.module.vpc.aws_vpc.this"
          ]
        },
        {
          "index_key": "0.instance_2",
          "schema_version": 0,
          "attributes": {
            "availability_zone": null,
            "id": "arn:aws:elasticloadbalancing:us-east-1:501268445310:targetgroup/api-20230611212953644200000006/bd646055d7fd6343-20230611212956893600000007",
            "port": 5000,
            "target_group_arn": "arn:aws:elasticloadbalancing:us-east-1:501268445310:targetgroup/api-20230611212953644200000006/bd646055d7fd6343",
            "target_id": "i-05cacdbf0d7e68cfb"
          },
          "sensitive_attributes": [],
          "private": "bnVsbA==",
          "dependencies": [
            "module.active-network.aws_security_group.ec2",
            "module.active-network.data.aws_availability_zones.available",
            "module.active-network.module.alb.aws_lambda_permission.lb",
            "module.active-network.module.alb.aws_lb_target_group.main",
            "module.active-network.module.ec2-api.aws_instance.this",
            "module.active-network.module.ec2-api.aws_key_pair.key_pair",
            "module.active-network.module.ec2-api.data.aws_ami.amazon-linux-2",
            "module.active-network.module.ec2-api.data.aws_region.current",
            "module.active-network.module.ec2-api.local_file.ssh_key",
            "module.active-network.module.ec2-api.tls_private_key.key_pair",
            "module.active-network.module.ig.aws_internet_gateway.this",
            "module.active-network.module.nat_gw.aws_eip.nat",
            "module.active-network.module.nat_gw.aws_nat_gateway.this",
            "module.active-network.module.private-subnets.aws_route.default",
            "module.active-network.module.private-subnets.aws_route_table.this",
            "module.active-network.module.private-subnets.aws_route_table_association.this",
            "module.active-network.module.private-subnets.aws_subnet.this",
            "module.active-network.module.public-subnets.aws_route.default",
            "module.active-network.module.public-subnets.aws_route_table.this",
            "module.active-network.module.public-subnets.aws_route_table_association.this",
            "module.active-network.module.public-subnets.aws_subnet.this",
            "module.active-network.module.vpc.aws_vpc.this"
          ]
        }
      ]
    },
    {
      "module": "module.active-network.module.alb",
      "mode": "managed",
      "type": "aws_security_group",
      "name": "this",
      "provider": "provider[\"registry.terraform.io/hashicorp/aws\"].eu-east-1",
      "instances": [
        {
          "index_key": 0,
          "schema_version": 1,
          "attributes": {
            "arn": "arn:aws:ec2:us-east-1:501268445310:security-group/sg-082ac7f704e00b1b8",
            "description": "Managed by Terraform",
            "egress": [],
            "id": "sg-082ac7f704e00b1b8",
            "ingress": [],
            "name": "redes-alb-us-east-1-20230611212704983800000001",
            "name_prefix": "redes-alb-us-east-1-",
            "owner_id": "501268445310",
            "revoke_rules_on_delete": false,
            "tags": {
              "Name": "redes-alb-us-east-1"
            },
            "tags_all": {
              "Name": "redes-alb-us-east-1",
              "author": "Grupo13",
              "created-by": "terraform",
              "subject": "Redes",
              "university": "ITBA",
              "version": "1"
            },
            "timeouts": null,
            "vpc_id": "vpc-0512d6922b283dab8"
          },
          "sensitive_attributes": [],
          "private": "eyJlMmJmYjczMC1lY2FhLTExZTYtOGY4OC0zNDM2M2JjN2M0YzAiOnsiY3JlYXRlIjo2MDAwMDAwMDAwMDAsImRlbGV0ZSI6OTAwMDAwMDAwMDAwfSwic2NoZW1hX3ZlcnNpb24iOiIxIn0=",
          "dependencies": [
            "module.active-network.data.aws_region.current",
            "module.active-network.module.vpc.aws_vpc.this"
          ],
          "create_before_destroy": true
        }
      ]
    },
    {
      "module": "module.active-network.module.ec2-api[0]",
      "mode": "data",
      "type": "aws_ami",
      "name": "amazon-linux-2",
      "provider": "provider[\"registry.terraform.io/hashicorp/aws\"].eu-east-1",
      "instances": [
        {
          "schema_version": 0,
          "attributes": {
            "architecture": "x86_64",
            "arn": "arn:aws:ec2:us-east-1::image/ami-0c503d55a14d7a5f0",
            "block_device_mappings": [
              {
                "device_name": "/dev/xvda",
                "ebs": {
                  "delete_on_termination": "true",
                  "encrypted": "false",
                  "iops": "0",
                  "snapshot_id": "snap-0fc021f5e7363fdfc",
                  "throughput": "0",
                  "volume_size": "8",
                  "volume_type": "gp2"
                },
                "no_device": "",
                "virtual_name": ""
              }
            ],
            "boot_mode": "",
            "creation_date": "2023-06-02T19:40:41.000Z",
            "deprecation_time": "2025-06-02T19:40:41.000Z",
            "description": "Amazon Linux 2 AMI 2.0.20230530.0 x86_64 HVM gp2",
            "ena_support": true,
            "executable_users": null,
            "filter": [
              {
                "name": "name",
                "values": [
                  "amzn2-ami-hvm*"
                ]
              }
            ],
            "hypervisor": "xen",
            "id": "ami-0c503d55a14d7a5f0",
            "image_id": "ami-0c503d55a14d7a5f0",
            "image_location": "amazon/amzn2-ami-hvm-2.0.20230530.0-x86_64-gp2",
            "image_owner_alias": "amazon",
            "image_type": "machine",
            "imds_support": "",
            "include_deprecated": false,
            "kernel_id": "",
            "most_recent": true,
            "name": "amzn2-ami-hvm-2.0.20230530.0-x86_64-gp2",
            "name_regex": null,
            "owner_id": "137112412989",
            "owners": [
              "amazon"
            ],
            "platform": "",
            "platform_details": "Linux/UNIX",
            "product_codes": [],
            "public": true,
            "ramdisk_id": "",
            "root_device_name": "/dev/xvda",
            "root_device_type": "ebs",
            "root_snapshot_id": "snap-0fc021f5e7363fdfc",
            "sriov_net_support": "simple",
            "state": "available",
            "state_reason": {
              "code": "UNSET",
              "message": "UNSET"
            },
            "tags": {},
            "timeouts": null,
            "tpm_support": "",
            "usage_operation": "RunInstances",
            "virtualization_type": "hvm"
          },
          "sensitive_attributes": []
        }
      ]
    },
    {
      "module": "module.active-network.module.ec2-api[0]",
      "mode": "data",
      "type": "aws_region",
      "name": "current",
      "provider": "provider[\"registry.terraform.io/hashicorp/aws\"].eu-east-1",
      "instances": [
        {
          "schema_version": 0,
          "attributes": {
            "description": "US East (N. Virginia)",
            "endpoint": "ec2.us-east-1.amazonaws.com",
            "id": "us-east-1",
            "name": "us-east-1"
          },
          "sensitive_attributes": []
        }
      ]
    },
    {
      "module": "module.active-network.module.ec2-api[0]",
      "mode": "managed",
      "type": "aws_instance",
      "name": "this",
      "provider": "provider[\"registry.terraform.io/hashicorp/aws\"].eu-east-1",
      "instances": [
        {
          "schema_version": 1,
          "attributes": {
            "ami": "ami-0c503d55a14d7a5f0",
            "arn": "arn:aws:ec2:us-east-1:501268445310:instance/i-07c99733752abe646",
            "associate_public_ip_address": true,
            "availability_zone": "us-east-1a",
            "capacity_reservation_specification": [
              {
                "capacity_reservation_preference": "open",
                "capacity_reservation_target": []
              }
            ],
            "cpu_core_count": 1,
            "cpu_options": [
              {
                "amd_sev_snp": "",
                "core_count": 1,
                "threads_per_core": 1
              }
            ],
            "cpu_threads_per_core": 1,
            "credit_specification": [
              {
                "cpu_credits": "standard"
              }
            ],
            "disable_api_stop": false,
            "disable_api_termination": false,
            "ebs_block_device": [],
            "ebs_optimized": false,
            "enclave_options": [
              {
                "enabled": false
              }
            ],
            "ephemeral_block_device": [],
            "get_password_data": false,
            "hibernation": false,
            "host_id": "",
            "host_resource_group_arn": null,
            "iam_instance_profile": "",
            "id": "i-07c99733752abe646",
            "instance_initiated_shutdown_behavior": "stop",
            "instance_lifecycle": "",
            "instance_market_options": [],
            "instance_state": "running",
            "instance_type": "t2.micro",
            "ipv6_address_count": 0,
            "ipv6_addresses": [],
            "key_name": "express-api-0_key_pair_us-east-1",
            "launch_template": [],
            "maintenance_options": [
              {
                "auto_recovery": "default"
              }
            ],
            "metadata_options": [
              {
                "http_endpoint": "enabled",
                "http_put_response_hop_limit": 1,
                "http_tokens": "optional",
                "instance_metadata_tags": "disabled"
              }
            ],
            "monitoring": false,
            "network_interface": [],
            "outpost_arn": "",
            "password_data": "",
            "placement_group": "",
            "placement_partition_number": 0,
            "primary_network_interface_id": "eni-0cf3169aa71b121af",
            "private_dns": "ip-10-0-0-77.ec2.internal",
            "private_dns_name_options": [
              {
                "enable_resource_name_dns_a_record": false,
                "enable_resource_name_dns_aaaa_record": false,
                "hostname_type": "ip-name"
              }
            ],
            "private_ip": "10.0.0.77",
            "public_dns": "",
            "public_ip": "54.204.233.254",
            "root_block_device": [
              {
                "delete_on_termination": true,
                "device_name": "/dev/xvda",
                "encrypted": true,
                "iops": 100,
                "kms_key_id": "arn:aws:kms:us-east-1:501268445310:key/46edbfa5-2d75-427a-bd61-ed6342567ad5",
                "tags": null,
                "throughput": 0,
                "volume_id": "vol-07a23a20a9e4ccd09",
                "volume_size": 30,
                "volume_type": "gp2"
              }
            ],
            "secondary_private_ips": [],
            "security_groups": [],
            "source_dest_check": false,
            "spot_instance_request_id": "",
            "subnet_id": "subnet-049cfbbcb487c3a69",
            "tags": {
              "CreatedBy": "terraform",
              "Name": "express-api-0"
            },
            "tags_all": {
              "CreatedBy": "terraform",
              "Name": "express-api-0",
              "author": "Grupo13",
              "created-by": "terraform",
              "subject": "Redes",
              "university": "ITBA",
              "version": "1"
            },
            "tenancy": "default",
            "timeouts": null,
            "user_data": "8c17ad24e77273d71365fbd8b8d124d2188bee42",
            "user_data_base64": null,
            "user_data_replace_on_change": false,
            "volume_tags": null,
            "vpc_security_group_ids": [
              "sg-012cd3b901491fb03"
            ]
          },
          "sensitive_attributes": [],
          "private": "eyJlMmJmYjczMC1lY2FhLTExZTYtOGY4OC0zNDM2M2JjN2M0YzAiOnsiY3JlYXRlIjo2MDAwMDAwMDAwMDAsImRlbGV0ZSI6MTIwMDAwMDAwMDAwMCwidXBkYXRlIjo2MDAwMDAwMDAwMDB9LCJzY2hlbWFfdmVyc2lvbiI6IjEifQ==",
          "dependencies": [
            "module.active-network.aws_security_group.ec2",
            "module.active-network.data.aws_availability_zones.available",
            "module.active-network.module.ec2-api.aws_key_pair.key_pair",
            "module.active-network.module.ec2-api.data.aws_ami.amazon-linux-2",
            "module.active-network.module.ec2-api.data.aws_region.current",
            "module.active-network.module.ec2-api.tls_private_key.key_pair",
            "module.active-network.module.ig.aws_internet_gateway.this",
            "module.active-network.module.nat_gw.aws_eip.nat",
            "module.active-network.module.nat_gw.aws_nat_gateway.this",
            "module.active-network.module.private-subnets.aws_route.default",
            "module.active-network.module.private-subnets.aws_route_table.this",
            "module.active-network.module.private-subnets.aws_route_table_association.this",
            "module.active-network.module.private-subnets.aws_subnet.this",
            "module.active-network.module.public-subnets.aws_route.default",
            "module.active-network.module.public-subnets.aws_route_table.this",
            "module.active-network.module.public-subnets.aws_route_table_association.this",
            "module.active-network.module.public-subnets.aws_subnet.this",
            "module.active-network.module.vpc.aws_vpc.this"
          ],
          "create_before_destroy": true
        }
      ]
    },
    {
      "module": "module.active-network.module.ec2-api[0]",
      "mode": "managed",
      "type": "aws_key_pair",
      "name": "key_pair",
      "provider": "provider[\"registry.terraform.io/hashicorp/aws\"].eu-east-1",
      "instances": [
        {
          "schema_version": 1,
          "attributes": {
            "arn": "arn:aws:ec2:us-east-1:501268445310:key-pair/express-api-0_key_pair_us-east-1",
            "fingerprint": "dd:ca:c6:55:6f:2c:86:1d:86:73:42:18:38:40:60:39",
            "id": "express-api-0_key_pair_us-east-1",
            "key_name": "express-api-0_key_pair_us-east-1",
            "key_name_prefix": "",
            "key_pair_id": "key-09e2531fcaff14a36",
            "key_type": "rsa",
            "public_key": "ssh-rsa AAAAB3NzaC1yc2EAAAADAQABAAACAQCvHrDMyd1BxRjezm7oKnRx8lGAlixgImEZAlDN20Hb1rIRRSC2iEJZwnWrD81MhH0SW/RrMXH2ZA0vh7VEGhcE7z2It2jqVIscBcw0iF8dongRtdBdBSFZ6LIFDmdWg4BqzBKKo0eFJXpnakvLccH4P1BWV0r/AnslN/SbgefIALwWkIli/UlFmc55UpKxUlUdErPIIOIbQsOvWlVWTwaucYBItWPRZI9pKLWDPvloIlJmnvDj2u+viFvwkb+Mp3S0bypxCuqFES5IQZtMYU+bXVSADcfAIYGhPjroOeXPEGU1Iu9tHGwYY/RtF2M2CG5CZkMBurONWWGK04/lL6xNXOE3+VXpp9QqlflCqOajQU9AdgAlt9PL6ql2t019YDQI/LsA8jRJ07W5eZx8GH5SUT5QyWkphsc5D+TfJ9qm6U5GTgWtPQvUdh1TAi44u8yQ6lNWNCJd7oaZ2zc9LC68gcIh83sil4h4xpagm3B1S5dpD0+MMSUnJkwSdEWzXKkgwq7o+w+OiQxf/jNmFsNGDqE76Tcho9qSzHdCFBgaiDuaE1DHjOe9tfrs5MMq+er1ANQ/0NeCcLTKxjS/IOMDpCqx5VIgl2FsItmJVoDDJi42ypgNMYUiL2atJz5EHdlQG7aW4gFLuxQmq4coUTZd6xqpci0MgfbL6cHf8OCNew==",
            "tags": null,
            "tags_all": {
              "author": "Grupo13",
              "created-by": "terraform",
              "subject": "Redes",
              "university": "ITBA",
              "version": "1"
            }
          },
          "sensitive_attributes": [],
          "private": "eyJzY2hlbWFfdmVyc2lvbiI6IjEifQ==",
          "dependencies": [
            "module.active-network.data.aws_availability_zones.available",
            "module.active-network.module.ec2-api.data.aws_region.current",
            "module.active-network.module.ec2-api.tls_private_key.key_pair"
          ],
          "create_before_destroy": true
        }
      ]
    },
    {
      "module": "module.active-network.module.ec2-api[0]",
      "mode": "managed",
      "type": "local_file",
      "name": "ssh_key",
      "provider": "provider[\"registry.terraform.io/hashicorp/local\"]",
      "instances": [
        {
          "schema_version": 0,
          "attributes": {
            "content": "-----BEGIN RSA PRIVATE KEY-----\nMIIJJwIBAAKCAgEArx6wzMndQcUY3s5u6Cp0cfJRgJYsYCJhGQJQzdtB29ayEUUg\ntohCWcJ1qw/NTIR9Elv0azFx9mQNL4e1RBoXBO89iLdo6lSLHAXMNIhfHaJ4EbXQ\nXQUhWeiyBQ5nVoOAaswSiqNHhSV6Z2pLy3HB+D9QVldK/wJ7JTf0m4HnyAC8FpCJ\nYv1JRZnOeVKSsVJVHRKzyCDiG0LDr1pVVk8GrnGASLVj0WSPaSi1gz75aCJSZp7w\n49rvr4hb8JG/jKd0tG8qcQrqhREuSEGbTGFPm11UgA3HwCGBoT466DnlzxBlNSLv\nbRxsGGP0bRdjNghuQmZDAbqzjVlhitOP5S+sTVzhN/lV6afUKpX5Qqjmo0FPQHYA\nJbfTy+qpdrdNfWA0CPy7API0SdO1uXmcfBh+UlE+UMlpKYbHOQ/k3yfapulORk4F\nrT0L1HYdUwIuOLvMkOpTVjQiXe6Gmds3PSwuvIHCIfN7IpeIeMaWoJtwdUuXaQ9P\njDElJyZMEnRFs1ypIMKu6PsPjokMX/4zZhbDRg6hO+k3IaPaksx3QhQYGog7mhNQ\nx4znvbX67OTDKvnq9QDUP9DXgnC0ysY0vyDjA6QqseVSIJdhbCLZiVaAwyYuNsqY\nDTGFIi9mrSc+RB3ZUBu2luIBS7sUJquHKFE2XesaqXItDIH2y+nB3/DgjXsCAwEA\nAQKCAgAO676EtG51vCVyVoR8o6FoVA09t43wYv2C8/+OirAB2zkw34L6CoIcw8Ti\n3mXPrzo45jzdJUlghQXaluWK9+4eLYRAsd/ul2WC7buIflYcYEt6ttMaGeXNk1YX\nuDJ13J6Eev7ZcTAW2CqlxRjQLNEqJbrioG1zbPKxKSNeXKMzF1zvT0Flfc9Qbtp4\n2+BD25AE+iL3WlXpnLavqjK7N+CJ3IHhsBLhNIBDpYRRunvls4bx13kO8QibHDM5\nPDHl+h6ngRFMsHFrBRu8bFqfF2uBAWLBxmrOpAw3gOXkA4rhKbR14pQj59gN+/ZH\nlUaOxAkg/zWWYCIMWSFGguAv1vAHQ0jgwcYkKl3kpkMFKqzjsMbZEv3FhlRWvQD6\nCaWztD4IrZfOeKCkjOwduzJsQDemPST/picY5Sqf8mUGpMRuyu9D/i57bEe5AtMC\nOp9UVCn6imeM7B1aOS+g0R9m5O9WRlhNC5WSD0YuBvjbR3QVQTTKWUfc/Hmo8V4w\nqgbSmorxcmuJc8Jb6saL1fAchLNVHqEiCZ7ptpGa602ZaA1zzkFt3zEsPNwad/p1\nmA+dHXHZSJ550a+GUeWIZV2x0mUZu5A1sNoXOVejX/lGRyrGkFY9VQMefOSq6giC\nQpi2dE2BqKOz6Hw0tyYWIvwzt8i/coPe7FoFxRlOKaNI4aJ2gQKCAQEAxfCLz4LC\ncRV0nmwaJWXKH1vz+3Oxyh5A7Rq8pQZjPQtSrHMlT++gbvIrNWQqyw7TeaLNv3DO\nJ2bNnDuIqQbbLM4kYY2VCXAv4I0/jLh+76nMrXS0sTiXFIfarqiR+yEvr20mwkhW\nlxY65Mu3EV37xUgVIwzwj3VDO4AmrxpWKXVPOZ+JOamhcIFS9hBnNCrYtuPmgYW4\nMpqH4TzUadZ1/FnPqtNVfXgi+mhTGOIile99MF6zw3L3BNbw+lK/TknP89utmSGx\nekpADrFEL+22T7EGiCLkR/ywlTcMvYgIbC8bMB6ruu8Ahv4IvhZP8QhjkI8wlfo2\n2KSJPLLld3O3bQKCAQEA4nyXIugnMMhKrpSz/SyRWq6hHc+L8mRBk5OJ577Jui90\nfzQ7tKWdxNM0cPU5tWrMYELnBUJ8jW1jhQm/rIgUYl20vuCMVqxFed8QoiIm7rBl\naYTOFp0zHQcXKZz4vxIrvGQ61KeJB2dc0hKxxvvi6OAJMRwtZ28XfehvbYlo37Fv\nXS/WnmGKM5IVQwEkEwPOE/f8J9UzpM++xilXZnUt6Yh6bO9Z8bZrmZrH5JSCSltA\nUe/vEhlbrVck2YphYJW2OcFjm2t6sVCJnvJvrMLVUGaOXk+W8Lk7YYw4ehRxYMus\n77+v6XM/UDLZSzmGCcknUNtcPhSpsLLvpx+75jM/hwKCAQBBdVg3Cq4UyZykW2mW\nHoBmOHmKGWudRL4B60qhZGhjIqB3iSi4s60ho5JoeLSyLDgBTLav7bUvUI8EcKe0\nBiFrQszDOhgkY+ZhYzS167mGtmeKoUK0LNvBnV/TTMnh+8qSQA2GSHfiRSa6zSfA\nZY1CY6Eh00CmoIfYYHvqglImKbZGfxzZZeCOnSX7W9dVaCn86YcsJDWS/ombEgvI\n6HRiPK0xd+wYrycaGnAIlZgMb4O+AEOAij9oaVCN59l+IWjU4zwYnQzdPTrL4RGE\nrB8TYZ6gXLGToNwgrHDZKOhoJnfeRPZTvoA1JENt4WEUe8q5XrEZmAKVSGxeF2dN\nRoZNAoIBACW2u3ALmmMMJyt1BZe18SpZg+iz48jkGutZGRCm+25ucoawCvUk0uWw\nib35h7eG5ittWIzOqnDec0D3A5zWOBa9JdjXCWdxXkxR8bId37/FTc3JWIv5d0Zx\nJNFAG0et3eyMACPjFfVOp+0vQb0xunIuxDkSSRk9LXtA1jU2OWluYW3yBlnvQhUe\nUT4MFZa4/nriw3FaljPuiAT1Y2FjR9bobAJxxNd0GezFEl4kwKFjGo3KV1P7NwHh\nTfiPi3GK3II3ir+ZoR+fmpsGIcRx2RV/Tlu0Ax1oqtOuhsUFXG/S2qQ9lixYjYVs\nQjS9im1cuphDPtPzmuIamb+JkD9f70cCggEACAKnOMd6k7dYIsI+7eJDyMVOps9c\neRaL6tZwL05kSPiFuBrneNSrzhMXTgrp3KYcBtmQR3KgGxVM3Z3asxsQSetajwkG\nkJ3c5uJ42bD7sFGBNokuvgF+sHi6t/GxoyBiaEFhmClHG4/l2Uh5bBThqV+i5riL\naTR4R6WTDzjvVScoBkYSAXHSVqIjtekA2LzjYGcFGQf6f38ESjocCccaHRS6KRbR\n5Y/CsjB7YyVIt5VfcWUDQF5B82es3x4AvPhNVZvDeG53CXaZeOi+xzsJUnZ5L7Tp\nPhcuCKhPrLUME4qCD4i0ktJO6nNBdaPN/kYepiMcFnfm5SBfPuBeBPriXA==\n-----END RSA PRIVATE KEY-----\n",
            "content_base64": null,
            "content_base64sha256": "MbIUS7Ry/pLQx4R/8vCdAIMdqfyZvvyCrKZBI0ik9rQ=",
            "content_base64sha512": "oFQ7V9etlmXyuvE3lWgrZRZUWzC+JEwAv16D7a1lKXCK95nW7FZAZf/OwlC1Zbu84V4ptWpqFfJ9ptXe++j0pw==",
            "content_md5": "8a6d02cc00b42072beabc95d29f26b74",
            "content_sha1": "208c520a75062724df19bd10c8857d96b508944e",
            "content_sha256": "31b2144bb472fe92d0c7847ff2f09d00831da9fc99befc82aca6412348a4f6b4",
            "content_sha512": "a0543b57d7ad9665f2baf13795682b6516545b30be244c00bf5e83edad6529708af799d6ec564065ffcec250b565bbbce15e29b56a6a15f27da6d5defbe8f4a7",
            "directory_permission": "0777",
            "file_permission": "0777",
            "filename": "express-api-0_key_pair_us-east-1.pem",
            "id": "208c520a75062724df19bd10c8857d96b508944e",
            "sensitive_content": null,
            "source": null
          },
          "sensitive_attributes": [
            [
              {
                "type": "get_attr",
                "value": "content"
              }
            ]
          ],
          "dependencies": [
            "module.active-network.data.aws_availability_zones.available",
            "module.active-network.module.ec2-api.aws_key_pair.key_pair",
            "module.active-network.module.ec2-api.data.aws_region.current",
            "module.active-network.module.ec2-api.tls_private_key.key_pair"
          ],
          "create_before_destroy": true
        }
      ]
    },
    {
      "module": "module.active-network.module.ec2-api[0]",
      "mode": "managed",
      "type": "tls_private_key",
      "name": "key_pair",
      "provider": "provider[\"registry.terraform.io/hashicorp/tls\"]",
      "instances": [
        {
          "schema_version": 1,
          "attributes": {
            "algorithm": "RSA",
            "ecdsa_curve": "P224",
            "id": "de4faf26d533401d9789a5ebb95b74422e5b6b03",
            "private_key_openssh": "-----BEGIN OPENSSH PRIVATE KEY-----\nb3BlbnNzaC1rZXktdjEAAAAABG5vbmUAAAAEbm9uZQAAAAAAAAABAAACFwAAAAdz\nc2gtcnNhAAAAAwEAAQAAAgEArx6wzMndQcUY3s5u6Cp0cfJRgJYsYCJhGQJQzdtB\n29ayEUUgtohCWcJ1qw/NTIR9Elv0azFx9mQNL4e1RBoXBO89iLdo6lSLHAXMNIhf\nHaJ4EbXQXQUhWeiyBQ5nVoOAaswSiqNHhSV6Z2pLy3HB+D9QVldK/wJ7JTf0m4Hn\nyAC8FpCJYv1JRZnOeVKSsVJVHRKzyCDiG0LDr1pVVk8GrnGASLVj0WSPaSi1gz75\naCJSZp7w49rvr4hb8JG/jKd0tG8qcQrqhREuSEGbTGFPm11UgA3HwCGBoT466Dnl\nzxBlNSLvbRxsGGP0bRdjNghuQmZDAbqzjVlhitOP5S+sTVzhN/lV6afUKpX5Qqjm\no0FPQHYAJbfTy+qpdrdNfWA0CPy7API0SdO1uXmcfBh+UlE+UMlpKYbHOQ/k3yfa\npulORk4FrT0L1HYdUwIuOLvMkOpTVjQiXe6Gmds3PSwuvIHCIfN7IpeIeMaWoJtw\ndUuXaQ9PjDElJyZMEnRFs1ypIMKu6PsPjokMX/4zZhbDRg6hO+k3IaPaksx3QhQY\nGog7mhNQx4znvbX67OTDKvnq9QDUP9DXgnC0ysY0vyDjA6QqseVSIJdhbCLZiVaA\nwyYuNsqYDTGFIi9mrSc+RB3ZUBu2luIBS7sUJquHKFE2XesaqXItDIH2y+nB3/Dg\njXsAAAc4vSWHgL0lh4AAAAAHc3NoLXJzYQAAAgEArx6wzMndQcUY3s5u6Cp0cfJR\ngJYsYCJhGQJQzdtB29ayEUUgtohCWcJ1qw/NTIR9Elv0azFx9mQNL4e1RBoXBO89\niLdo6lSLHAXMNIhfHaJ4EbXQXQUhWeiyBQ5nVoOAaswSiqNHhSV6Z2pLy3HB+D9Q\nVldK/wJ7JTf0m4HnyAC8FpCJYv1JRZnOeVKSsVJVHRKzyCDiG0LDr1pVVk8GrnGA\nSLVj0WSPaSi1gz75aCJSZp7w49rvr4hb8JG/jKd0tG8qcQrqhREuSEGbTGFPm11U\ngA3HwCGBoT466DnlzxBlNSLvbRxsGGP0bRdjNghuQmZDAbqzjVlhitOP5S+sTVzh\nN/lV6afUKpX5Qqjmo0FPQHYAJbfTy+qpdrdNfWA0CPy7API0SdO1uXmcfBh+UlE+\nUMlpKYbHOQ/k3yfapulORk4FrT0L1HYdUwIuOLvMkOpTVjQiXe6Gmds3PSwuvIHC\nIfN7IpeIeMaWoJtwdUuXaQ9PjDElJyZMEnRFs1ypIMKu6PsPjokMX/4zZhbDRg6h\nO+k3IaPaksx3QhQYGog7mhNQx4znvbX67OTDKvnq9QDUP9DXgnC0ysY0vyDjA6Qq\nseVSIJdhbCLZiVaAwyYuNsqYDTGFIi9mrSc+RB3ZUBu2luIBS7sUJquHKFE2Xesa\nqXItDIH2y+nB3/DgjXsAAAADAQABAAACAA7rvoS0bnW8JXJWhHyjoWhUDT23jfBi\n/YLz/46KsAHbOTDfgvoKghzDxOLeZc+vOjjmPN0lSWCFBdqW5Yr37h4thECx3+6X\nZYLtu4h+VhxgS3q20xoZ5c2TVhe4MnXcnoR6/tlxMBbYKqXFGNAs0SoluuKgbXNs\n8rEpI15cozMXXO9PQWV9z1Bu2njb4EPbkAT6IvdaVemctq+qMrs34IncgeGwEuE0\ngEOlhFG6e+WzhvHXeQ7xCJscMzk8MeX6HqeBEUywcWsFG7xsWp8Xa4EBYsHGas6k\nDDeA5eQDiuEptHXilCPn2A379keVRo7ECSD/NZZgIgxZIUaC4C/W8AdDSODBxiQq\nXeSmQwUqrOOwxtkS/cWGVFa9APoJpbO0Pgitl854oKSM7B27MmxAN6Y9JP+mJxjl\nKp/yZQakxG7K70P+LntsR7kC0wI6n1RUKfqKZ4zsHVo5L6DRH2bk71ZGWE0LlZIP\nRi4G+NtHdBVBNMpZR9z8eajxXjCqBtKaivFya4lzwlvqxovV8ByEs1UeoSIJnum2\nkZrrTZloDXPOQW3fMSw83Bp3+nWYD50dcdlInnnRr4ZR5YhlXbHSZRm7kDWw2hc5\nV6Nf+UZHKsaQVj1VAx585KrqCIJCmLZ0TYGoo7PofDS3JhYi/DO3yL9yg97sWgXF\nGU4po0jhonaBAAABAAgCpzjHepO3WCLCPu3iQ8jFTqbPXHkWi+rWcC9OZEj4hbga\n53jUq84TF04K6dymHAbZkEdyoBsVTN2d2rMbEEnrWo8JBpCd3ObieNmw+7BRgTaJ\nLr4BfrB4urfxsaMgYmhBYZgpRxuP5dlIeWwU4alfoua4i2k0eEelkw8471UnKAZG\nEgFx0laiI7XpANi842BnBRkH+n9/BEo6HAnHGh0UuikW0eWPwrIwe2MlSLeVX3Fl\nA0BeQfNnrN8eALz4TVWbw3hudwl2mXjovsc7CVJ2eS+06T4XLgioT6y1DBOKgg+I\ntJLSTupzQXWjzf5GHqYjHBZ35uUgXz7gXgT64lwAAAEBAMXwi8+CwnEVdJ5sGiVl\nyh9b8/tzscoeQO0avKUGYz0LUqxzJU/voG7yKzVkKssO03mizb9wzidmzZw7iKkG\n2yzOJGGNlQlwL+CNP4y4fu+pzK10tLE4lxSH2q6okfshL69tJsJIVpcWOuTLtxFd\n+8VIFSMM8I91QzuAJq8aVil1TzmfiTmpoXCBUvYQZzQq2Lbj5oGFuDKah+E81GnW\ndfxZz6rTVX14IvpoUxjiIpXvfTBes8Ny9wTW8PpSv05Jz/PbrZkhsXpKQA6xRC/t\ntk+xBogi5Ef8sJU3DL2ICGwvGzAeq7rvAIb+CL4WT/EIY5CPMJX6NtikiTyy5Xdz\nt20AAAEBAOJ8lyLoJzDISq6Us/0skVquoR3Pi/JkQZOTiee+ybovdH80O7SlncTT\nNHD1ObVqzGBC5wVCfI1tY4UJv6yIFGJdtL7gjFasRXnfEKIiJu6wZWmEzhadMx0H\nFymc+L8SK7xkOtSniQdnXNISscb74ujgCTEcLWdvF33ob22JaN+xb10v1p5hijOS\nFUMBJBMDzhP3/CfVM6TPvsYpV2Z1LemIemzvWfG2a5max+SUgkpbQFHv7xIZW61X\nJNmKYWCVtjnBY5trerFQiZ7yb6zC1VBmjl5PlvC5O2GMOHoUcWDLrO+/r+lzP1Ay\n2Us5hgnJJ1DbXD4UqbCy76cfu+YzP4cAAAAAAQID\n-----END OPENSSH PRIVATE KEY-----\n",
            "private_key_pem": "-----BEGIN RSA PRIVATE KEY-----\nMIIJJwIBAAKCAgEArx6wzMndQcUY3s5u6Cp0cfJRgJYsYCJhGQJQzdtB29ayEUUg\ntohCWcJ1qw/NTIR9Elv0azFx9mQNL4e1RBoXBO89iLdo6lSLHAXMNIhfHaJ4EbXQ\nXQUhWeiyBQ5nVoOAaswSiqNHhSV6Z2pLy3HB+D9QVldK/wJ7JTf0m4HnyAC8FpCJ\nYv1JRZnOeVKSsVJVHRKzyCDiG0LDr1pVVk8GrnGASLVj0WSPaSi1gz75aCJSZp7w\n49rvr4hb8JG/jKd0tG8qcQrqhREuSEGbTGFPm11UgA3HwCGBoT466DnlzxBlNSLv\nbRxsGGP0bRdjNghuQmZDAbqzjVlhitOP5S+sTVzhN/lV6afUKpX5Qqjmo0FPQHYA\nJbfTy+qpdrdNfWA0CPy7API0SdO1uXmcfBh+UlE+UMlpKYbHOQ/k3yfapulORk4F\nrT0L1HYdUwIuOLvMkOpTVjQiXe6Gmds3PSwuvIHCIfN7IpeIeMaWoJtwdUuXaQ9P\njDElJyZMEnRFs1ypIMKu6PsPjokMX/4zZhbDRg6hO+k3IaPaksx3QhQYGog7mhNQ\nx4znvbX67OTDKvnq9QDUP9DXgnC0ysY0vyDjA6QqseVSIJdhbCLZiVaAwyYuNsqY\nDTGFIi9mrSc+RB3ZUBu2luIBS7sUJquHKFE2XesaqXItDIH2y+nB3/DgjXsCAwEA\nAQKCAgAO676EtG51vCVyVoR8o6FoVA09t43wYv2C8/+OirAB2zkw34L6CoIcw8Ti\n3mXPrzo45jzdJUlghQXaluWK9+4eLYRAsd/ul2WC7buIflYcYEt6ttMaGeXNk1YX\nuDJ13J6Eev7ZcTAW2CqlxRjQLNEqJbrioG1zbPKxKSNeXKMzF1zvT0Flfc9Qbtp4\n2+BD25AE+iL3WlXpnLavqjK7N+CJ3IHhsBLhNIBDpYRRunvls4bx13kO8QibHDM5\nPDHl+h6ngRFMsHFrBRu8bFqfF2uBAWLBxmrOpAw3gOXkA4rhKbR14pQj59gN+/ZH\nlUaOxAkg/zWWYCIMWSFGguAv1vAHQ0jgwcYkKl3kpkMFKqzjsMbZEv3FhlRWvQD6\nCaWztD4IrZfOeKCkjOwduzJsQDemPST/picY5Sqf8mUGpMRuyu9D/i57bEe5AtMC\nOp9UVCn6imeM7B1aOS+g0R9m5O9WRlhNC5WSD0YuBvjbR3QVQTTKWUfc/Hmo8V4w\nqgbSmorxcmuJc8Jb6saL1fAchLNVHqEiCZ7ptpGa602ZaA1zzkFt3zEsPNwad/p1\nmA+dHXHZSJ550a+GUeWIZV2x0mUZu5A1sNoXOVejX/lGRyrGkFY9VQMefOSq6giC\nQpi2dE2BqKOz6Hw0tyYWIvwzt8i/coPe7FoFxRlOKaNI4aJ2gQKCAQEAxfCLz4LC\ncRV0nmwaJWXKH1vz+3Oxyh5A7Rq8pQZjPQtSrHMlT++gbvIrNWQqyw7TeaLNv3DO\nJ2bNnDuIqQbbLM4kYY2VCXAv4I0/jLh+76nMrXS0sTiXFIfarqiR+yEvr20mwkhW\nlxY65Mu3EV37xUgVIwzwj3VDO4AmrxpWKXVPOZ+JOamhcIFS9hBnNCrYtuPmgYW4\nMpqH4TzUadZ1/FnPqtNVfXgi+mhTGOIile99MF6zw3L3BNbw+lK/TknP89utmSGx\nekpADrFEL+22T7EGiCLkR/ywlTcMvYgIbC8bMB6ruu8Ahv4IvhZP8QhjkI8wlfo2\n2KSJPLLld3O3bQKCAQEA4nyXIugnMMhKrpSz/SyRWq6hHc+L8mRBk5OJ577Jui90\nfzQ7tKWdxNM0cPU5tWrMYELnBUJ8jW1jhQm/rIgUYl20vuCMVqxFed8QoiIm7rBl\naYTOFp0zHQcXKZz4vxIrvGQ61KeJB2dc0hKxxvvi6OAJMRwtZ28XfehvbYlo37Fv\nXS/WnmGKM5IVQwEkEwPOE/f8J9UzpM++xilXZnUt6Yh6bO9Z8bZrmZrH5JSCSltA\nUe/vEhlbrVck2YphYJW2OcFjm2t6sVCJnvJvrMLVUGaOXk+W8Lk7YYw4ehRxYMus\n77+v6XM/UDLZSzmGCcknUNtcPhSpsLLvpx+75jM/hwKCAQBBdVg3Cq4UyZykW2mW\nHoBmOHmKGWudRL4B60qhZGhjIqB3iSi4s60ho5JoeLSyLDgBTLav7bUvUI8EcKe0\nBiFrQszDOhgkY+ZhYzS167mGtmeKoUK0LNvBnV/TTMnh+8qSQA2GSHfiRSa6zSfA\nZY1CY6Eh00CmoIfYYHvqglImKbZGfxzZZeCOnSX7W9dVaCn86YcsJDWS/ombEgvI\n6HRiPK0xd+wYrycaGnAIlZgMb4O+AEOAij9oaVCN59l+IWjU4zwYnQzdPTrL4RGE\nrB8TYZ6gXLGToNwgrHDZKOhoJnfeRPZTvoA1JENt4WEUe8q5XrEZmAKVSGxeF2dN\nRoZNAoIBACW2u3ALmmMMJyt1BZe18SpZg+iz48jkGutZGRCm+25ucoawCvUk0uWw\nib35h7eG5ittWIzOqnDec0D3A5zWOBa9JdjXCWdxXkxR8bId37/FTc3JWIv5d0Zx\nJNFAG0et3eyMACPjFfVOp+0vQb0xunIuxDkSSRk9LXtA1jU2OWluYW3yBlnvQhUe\nUT4MFZa4/nriw3FaljPuiAT1Y2FjR9bobAJxxNd0GezFEl4kwKFjGo3KV1P7NwHh\nTfiPi3GK3II3ir+ZoR+fmpsGIcRx2RV/Tlu0Ax1oqtOuhsUFXG/S2qQ9lixYjYVs\nQjS9im1cuphDPtPzmuIamb+JkD9f70cCggEACAKnOMd6k7dYIsI+7eJDyMVOps9c\neRaL6tZwL05kSPiFuBrneNSrzhMXTgrp3KYcBtmQR3KgGxVM3Z3asxsQSetajwkG\nkJ3c5uJ42bD7sFGBNokuvgF+sHi6t/GxoyBiaEFhmClHG4/l2Uh5bBThqV+i5riL\naTR4R6WTDzjvVScoBkYSAXHSVqIjtekA2LzjYGcFGQf6f38ESjocCccaHRS6KRbR\n5Y/CsjB7YyVIt5VfcWUDQF5B82es3x4AvPhNVZvDeG53CXaZeOi+xzsJUnZ5L7Tp\nPhcuCKhPrLUME4qCD4i0ktJO6nNBdaPN/kYepiMcFnfm5SBfPuBeBPriXA==\n-----END RSA PRIVATE KEY-----\n",
            "private_key_pem_pkcs8": "-----BEGIN PRIVATE KEY-----\nMIIJQQIBADANBgkqhkiG9w0BAQEFAASCCSswggknAgEAAoICAQCvHrDMyd1BxRje\nzm7oKnRx8lGAlixgImEZAlDN20Hb1rIRRSC2iEJZwnWrD81MhH0SW/RrMXH2ZA0v\nh7VEGhcE7z2It2jqVIscBcw0iF8dongRtdBdBSFZ6LIFDmdWg4BqzBKKo0eFJXpn\nakvLccH4P1BWV0r/AnslN/SbgefIALwWkIli/UlFmc55UpKxUlUdErPIIOIbQsOv\nWlVWTwaucYBItWPRZI9pKLWDPvloIlJmnvDj2u+viFvwkb+Mp3S0bypxCuqFES5I\nQZtMYU+bXVSADcfAIYGhPjroOeXPEGU1Iu9tHGwYY/RtF2M2CG5CZkMBurONWWGK\n04/lL6xNXOE3+VXpp9QqlflCqOajQU9AdgAlt9PL6ql2t019YDQI/LsA8jRJ07W5\neZx8GH5SUT5QyWkphsc5D+TfJ9qm6U5GTgWtPQvUdh1TAi44u8yQ6lNWNCJd7oaZ\n2zc9LC68gcIh83sil4h4xpagm3B1S5dpD0+MMSUnJkwSdEWzXKkgwq7o+w+OiQxf\n/jNmFsNGDqE76Tcho9qSzHdCFBgaiDuaE1DHjOe9tfrs5MMq+er1ANQ/0NeCcLTK\nxjS/IOMDpCqx5VIgl2FsItmJVoDDJi42ypgNMYUiL2atJz5EHdlQG7aW4gFLuxQm\nq4coUTZd6xqpci0MgfbL6cHf8OCNewIDAQABAoICAA7rvoS0bnW8JXJWhHyjoWhU\nDT23jfBi/YLz/46KsAHbOTDfgvoKghzDxOLeZc+vOjjmPN0lSWCFBdqW5Yr37h4t\nhECx3+6XZYLtu4h+VhxgS3q20xoZ5c2TVhe4MnXcnoR6/tlxMBbYKqXFGNAs0Sol\nuuKgbXNs8rEpI15cozMXXO9PQWV9z1Bu2njb4EPbkAT6IvdaVemctq+qMrs34Inc\ngeGwEuE0gEOlhFG6e+WzhvHXeQ7xCJscMzk8MeX6HqeBEUywcWsFG7xsWp8Xa4EB\nYsHGas6kDDeA5eQDiuEptHXilCPn2A379keVRo7ECSD/NZZgIgxZIUaC4C/W8AdD\nSODBxiQqXeSmQwUqrOOwxtkS/cWGVFa9APoJpbO0Pgitl854oKSM7B27MmxAN6Y9\nJP+mJxjlKp/yZQakxG7K70P+LntsR7kC0wI6n1RUKfqKZ4zsHVo5L6DRH2bk71ZG\nWE0LlZIPRi4G+NtHdBVBNMpZR9z8eajxXjCqBtKaivFya4lzwlvqxovV8ByEs1Ue\noSIJnum2kZrrTZloDXPOQW3fMSw83Bp3+nWYD50dcdlInnnRr4ZR5YhlXbHSZRm7\nkDWw2hc5V6Nf+UZHKsaQVj1VAx585KrqCIJCmLZ0TYGoo7PofDS3JhYi/DO3yL9y\ng97sWgXFGU4po0jhonaBAoIBAQDF8IvPgsJxFXSebBolZcofW/P7c7HKHkDtGryl\nBmM9C1KscyVP76Bu8is1ZCrLDtN5os2/cM4nZs2cO4ipBtssziRhjZUJcC/gjT+M\nuH7vqcytdLSxOJcUh9quqJH7IS+vbSbCSFaXFjrky7cRXfvFSBUjDPCPdUM7gCav\nGlYpdU85n4k5qaFwgVL2EGc0Kti24+aBhbgymofhPNRp1nX8Wc+q01V9eCL6aFMY\n4iKV730wXrPDcvcE1vD6Ur9OSc/z262ZIbF6SkAOsUQv7bZPsQaIIuRH/LCVNwy9\niAhsLxswHqu67wCG/gi+Fk/xCGOQjzCV+jbYpIk8suV3c7dtAoIBAQDifJci6Ccw\nyEqulLP9LJFarqEdz4vyZEGTk4nnvsm6L3R/NDu0pZ3E0zRw9Tm1asxgQucFQnyN\nbWOFCb+siBRiXbS+4IxWrEV53xCiIibusGVphM4WnTMdBxcpnPi/Eiu8ZDrUp4kH\nZ1zSErHG++Lo4AkxHC1nbxd96G9tiWjfsW9dL9aeYYozkhVDASQTA84T9/wn1TOk\nz77GKVdmdS3piHps71nxtmuZmsfklIJKW0BR7+8SGVutVyTZimFglbY5wWOba3qx\nUIme8m+swtVQZo5eT5bwuTthjDh6FHFgy6zvv6/pcz9QMtlLOYYJySdQ21w+FKmw\nsu+nH7vmMz+HAoIBAEF1WDcKrhTJnKRbaZYegGY4eYoZa51EvgHrSqFkaGMioHeJ\nKLizrSGjkmh4tLIsOAFMtq/ttS9QjwRwp7QGIWtCzMM6GCRj5mFjNLXruYa2Z4qh\nQrQs28GdX9NMyeH7ypJADYZId+JFJrrNJ8BljUJjoSHTQKagh9hge+qCUiYptkZ/\nHNll4I6dJftb11VoKfzphywkNZL+iZsSC8jodGI8rTF37BivJxoacAiVmAxvg74A\nQ4CKP2hpUI3n2X4haNTjPBidDN09OsvhEYSsHxNhnqBcsZOg3CCscNko6Ggmd95E\n9lO+gDUkQ23hYRR7yrlesRmYApVIbF4XZ01Ghk0CggEAJba7cAuaYwwnK3UFl7Xx\nKlmD6LPjyOQa61kZEKb7bm5yhrAK9STS5bCJvfmHt4bmK21YjM6qcN5zQPcDnNY4\nFr0l2NcJZ3FeTFHxsh3fv8VNzclYi/l3RnEk0UAbR63d7IwAI+MV9U6n7S9BvTG6\nci7EORJJGT0te0DWNTY5aW5hbfIGWe9CFR5RPgwVlrj+euLDcVqWM+6IBPVjYWNH\n1uhsAnHE13QZ7MUSXiTAoWMajcpXU/s3AeFN+I+LcYrcgjeKv5mhH5+amwYhxHHZ\nFX9OW7QDHWiq066GxQVcb9LapD2WLFiNhWxCNL2KbVy6mEM+0/Oa4hqZv4mQP1/v\nRwKCAQAIAqc4x3qTt1giwj7t4kPIxU6mz1x5Fovq1nAvTmRI+IW4Gud41KvOExdO\nCuncphwG2ZBHcqAbFUzdndqzGxBJ61qPCQaQndzm4njZsPuwUYE2iS6+AX6weLq3\n8bGjIGJoQWGYKUcbj+XZSHlsFOGpX6LmuItpNHhHpZMPOO9VJygGRhIBcdJWoiO1\n6QDYvONgZwUZB/p/fwRKOhwJxxodFLopFtHlj8KyMHtjJUi3lV9xZQNAXkHzZ6zf\nHgC8+E1Vm8N4bncJdpl46L7HOwlSdnkvtOk+Fy4IqE+stQwTioIPiLSS0k7qc0F1\no83+Rh6mIxwWd+blIF8+4F4E+uJc\n-----END PRIVATE KEY-----\n",
            "public_key_fingerprint_md5": "3a:a6:d2:a6:6d:13:91:da:8c:61:d4:47:2e:b5:0e:5c",
            "public_key_fingerprint_sha256": "SHA256:gYihWTbi4DMsEUK9ptqPLW3+UnUnSd0vRi8auhDJFYk",
            "public_key_openssh": "ssh-rsa AAAAB3NzaC1yc2EAAAADAQABAAACAQCvHrDMyd1BxRjezm7oKnRx8lGAlixgImEZAlDN20Hb1rIRRSC2iEJZwnWrD81MhH0SW/RrMXH2ZA0vh7VEGhcE7z2It2jqVIscBcw0iF8dongRtdBdBSFZ6LIFDmdWg4BqzBKKo0eFJXpnakvLccH4P1BWV0r/AnslN/SbgefIALwWkIli/UlFmc55UpKxUlUdErPIIOIbQsOvWlVWTwaucYBItWPRZI9pKLWDPvloIlJmnvDj2u+viFvwkb+Mp3S0bypxCuqFES5IQZtMYU+bXVSADcfAIYGhPjroOeXPEGU1Iu9tHGwYY/RtF2M2CG5CZkMBurONWWGK04/lL6xNXOE3+VXpp9QqlflCqOajQU9AdgAlt9PL6ql2t019YDQI/LsA8jRJ07W5eZx8GH5SUT5QyWkphsc5D+TfJ9qm6U5GTgWtPQvUdh1TAi44u8yQ6lNWNCJd7oaZ2zc9LC68gcIh83sil4h4xpagm3B1S5dpD0+MMSUnJkwSdEWzXKkgwq7o+w+OiQxf/jNmFsNGDqE76Tcho9qSzHdCFBgaiDuaE1DHjOe9tfrs5MMq+er1ANQ/0NeCcLTKxjS/IOMDpCqx5VIgl2FsItmJVoDDJi42ypgNMYUiL2atJz5EHdlQG7aW4gFLuxQmq4coUTZd6xqpci0MgfbL6cHf8OCNew==\n",
            "public_key_pem": "-----BEGIN PUBLIC KEY-----\nMIICIjANBgkqhkiG9w0BAQEFAAOCAg8AMIICCgKCAgEArx6wzMndQcUY3s5u6Cp0\ncfJRgJYsYCJhGQJQzdtB29ayEUUgtohCWcJ1qw/NTIR9Elv0azFx9mQNL4e1RBoX\nBO89iLdo6lSLHAXMNIhfHaJ4EbXQXQUhWeiyBQ5nVoOAaswSiqNHhSV6Z2pLy3HB\n+D9QVldK/wJ7JTf0m4HnyAC8FpCJYv1JRZnOeVKSsVJVHRKzyCDiG0LDr1pVVk8G\nrnGASLVj0WSPaSi1gz75aCJSZp7w49rvr4hb8JG/jKd0tG8qcQrqhREuSEGbTGFP\nm11UgA3HwCGBoT466DnlzxBlNSLvbRxsGGP0bRdjNghuQmZDAbqzjVlhitOP5S+s\nTVzhN/lV6afUKpX5Qqjmo0FPQHYAJbfTy+qpdrdNfWA0CPy7API0SdO1uXmcfBh+\nUlE+UMlpKYbHOQ/k3yfapulORk4FrT0L1HYdUwIuOLvMkOpTVjQiXe6Gmds3PSwu\nvIHCIfN7IpeIeMaWoJtwdUuXaQ9PjDElJyZMEnRFs1ypIMKu6PsPjokMX/4zZhbD\nRg6hO+k3IaPaksx3QhQYGog7mhNQx4znvbX67OTDKvnq9QDUP9DXgnC0ysY0vyDj\nA6QqseVSIJdhbCLZiVaAwyYuNsqYDTGFIi9mrSc+RB3ZUBu2luIBS7sUJquHKFE2\nXesaqXItDIH2y+nB3/DgjXsCAwEAAQ==\n-----END PUBLIC KEY-----\n",
            "rsa_bits": 4096
          },
          "sensitive_attributes": [],
          "dependencies": [
            "module.active-network.data.aws_availability_zones.available"
          ],
          "create_before_destroy": true
        }
      ]
    },
    {
      "module": "module.active-network.module.ec2-api[1]",
      "mode": "data",
      "type": "aws_ami",
      "name": "amazon-linux-2",
      "provider": "provider[\"registry.terraform.io/hashicorp/aws\"].eu-east-1",
      "instances": [
        {
          "schema_version": 0,
          "attributes": {
            "architecture": "x86_64",
            "arn": "arn:aws:ec2:us-east-1::image/ami-0c503d55a14d7a5f0",
            "block_device_mappings": [
              {
                "device_name": "/dev/xvda",
                "ebs": {
                  "delete_on_termination": "true",
                  "encrypted": "false",
                  "iops": "0",
                  "snapshot_id": "snap-0fc021f5e7363fdfc",
                  "throughput": "0",
                  "volume_size": "8",
                  "volume_type": "gp2"
                },
                "no_device": "",
                "virtual_name": ""
              }
            ],
            "boot_mode": "",
            "creation_date": "2023-06-02T19:40:41.000Z",
            "deprecation_time": "2025-06-02T19:40:41.000Z",
            "description": "Amazon Linux 2 AMI 2.0.20230530.0 x86_64 HVM gp2",
            "ena_support": true,
            "executable_users": null,
            "filter": [
              {
                "name": "name",
                "values": [
                  "amzn2-ami-hvm*"
                ]
              }
            ],
            "hypervisor": "xen",
            "id": "ami-0c503d55a14d7a5f0",
            "image_id": "ami-0c503d55a14d7a5f0",
            "image_location": "amazon/amzn2-ami-hvm-2.0.20230530.0-x86_64-gp2",
            "image_owner_alias": "amazon",
            "image_type": "machine",
            "imds_support": "",
            "include_deprecated": false,
            "kernel_id": "",
            "most_recent": true,
            "name": "amzn2-ami-hvm-2.0.20230530.0-x86_64-gp2",
            "name_regex": null,
            "owner_id": "137112412989",
            "owners": [
              "amazon"
            ],
            "platform": "",
            "platform_details": "Linux/UNIX",
            "product_codes": [],
            "public": true,
            "ramdisk_id": "",
            "root_device_name": "/dev/xvda",
            "root_device_type": "ebs",
            "root_snapshot_id": "snap-0fc021f5e7363fdfc",
            "sriov_net_support": "simple",
            "state": "available",
            "state_reason": {
              "code": "UNSET",
              "message": "UNSET"
            },
            "tags": {},
            "timeouts": null,
            "tpm_support": "",
            "usage_operation": "RunInstances",
            "virtualization_type": "hvm"
          },
          "sensitive_attributes": []
        }
      ]
    },
    {
      "module": "module.active-network.module.ec2-api[1]",
      "mode": "data",
      "type": "aws_region",
      "name": "current",
      "provider": "provider[\"registry.terraform.io/hashicorp/aws\"].eu-east-1",
      "instances": [
        {
          "schema_version": 0,
          "attributes": {
            "description": "US East (N. Virginia)",
            "endpoint": "ec2.us-east-1.amazonaws.com",
            "id": "us-east-1",
            "name": "us-east-1"
          },
          "sensitive_attributes": []
        }
      ]
    },
    {
      "module": "module.active-network.module.ec2-api[1]",
      "mode": "managed",
      "type": "aws_instance",
      "name": "this",
      "provider": "provider[\"registry.terraform.io/hashicorp/aws\"].eu-east-1",
      "instances": [
        {
          "schema_version": 1,
          "attributes": {
            "ami": "ami-0c503d55a14d7a5f0",
            "arn": "arn:aws:ec2:us-east-1:501268445310:instance/i-05cacdbf0d7e68cfb",
            "associate_public_ip_address": true,
            "availability_zone": "us-east-1b",
            "capacity_reservation_specification": [
              {
                "capacity_reservation_preference": "open",
                "capacity_reservation_target": []
              }
            ],
            "cpu_core_count": 1,
            "cpu_options": [
              {
                "amd_sev_snp": "",
                "core_count": 1,
                "threads_per_core": 1
              }
            ],
            "cpu_threads_per_core": 1,
            "credit_specification": [
              {
                "cpu_credits": "standard"
              }
            ],
            "disable_api_stop": false,
            "disable_api_termination": false,
            "ebs_block_device": [],
            "ebs_optimized": false,
            "enclave_options": [
              {
                "enabled": false
              }
            ],
            "ephemeral_block_device": [],
            "get_password_data": false,
            "hibernation": false,
            "host_id": "",
            "host_resource_group_arn": null,
            "iam_instance_profile": "",
            "id": "i-05cacdbf0d7e68cfb",
            "instance_initiated_shutdown_behavior": "stop",
            "instance_lifecycle": "",
            "instance_market_options": [],
            "instance_state": "running",
            "instance_type": "t2.micro",
            "ipv6_address_count": 0,
            "ipv6_addresses": [],
            "key_name": "express-api-1_key_pair_us-east-1",
            "launch_template": [],
            "maintenance_options": [
              {
                "auto_recovery": "default"
              }
            ],
            "metadata_options": [
              {
                "http_endpoint": "enabled",
                "http_put_response_hop_limit": 1,
                "http_tokens": "optional",
                "instance_metadata_tags": "disabled"
              }
            ],
            "monitoring": false,
            "network_interface": [],
            "outpost_arn": "",
            "password_data": "",
            "placement_group": "",
            "placement_partition_number": 0,
            "primary_network_interface_id": "eni-0b219c3d92382672a",
            "private_dns": "ip-10-0-1-33.ec2.internal",
            "private_dns_name_options": [
              {
                "enable_resource_name_dns_a_record": false,
                "enable_resource_name_dns_aaaa_record": false,
                "hostname_type": "ip-name"
              }
            ],
            "private_ip": "10.0.1.33",
            "public_dns": "",
            "public_ip": "3.239.149.59",
            "root_block_device": [
              {
                "delete_on_termination": true,
                "device_name": "/dev/xvda",
                "encrypted": true,
                "iops": 100,
                "kms_key_id": "arn:aws:kms:us-east-1:501268445310:key/46edbfa5-2d75-427a-bd61-ed6342567ad5",
                "tags": null,
                "throughput": 0,
                "volume_id": "vol-07b99356991c4152e",
                "volume_size": 30,
                "volume_type": "gp2"
              }
            ],
            "secondary_private_ips": [],
            "security_groups": [],
            "source_dest_check": false,
            "spot_instance_request_id": "",
            "subnet_id": "subnet-0cc630d92c47eff22",
            "tags": {
              "CreatedBy": "terraform",
              "Name": "express-api-1"
            },
            "tags_all": {
              "CreatedBy": "terraform",
              "Name": "express-api-1",
              "author": "Grupo13",
              "created-by": "terraform",
              "subject": "Redes",
              "university": "ITBA",
              "version": "1"
            },
            "tenancy": "default",
            "timeouts": null,
            "user_data": "8c17ad24e77273d71365fbd8b8d124d2188bee42",
            "user_data_base64": null,
            "user_data_replace_on_change": false,
            "volume_tags": null,
            "vpc_security_group_ids": [
              "sg-012cd3b901491fb03"
            ]
          },
          "sensitive_attributes": [],
          "private": "eyJlMmJmYjczMC1lY2FhLTExZTYtOGY4OC0zNDM2M2JjN2M0YzAiOnsiY3JlYXRlIjo2MDAwMDAwMDAwMDAsImRlbGV0ZSI6MTIwMDAwMDAwMDAwMCwidXBkYXRlIjo2MDAwMDAwMDAwMDB9LCJzY2hlbWFfdmVyc2lvbiI6IjEifQ==",
          "dependencies": [
            "module.active-network.aws_security_group.ec2",
            "module.active-network.data.aws_availability_zones.available",
            "module.active-network.module.ec2-api.aws_key_pair.key_pair",
            "module.active-network.module.ec2-api.data.aws_ami.amazon-linux-2",
            "module.active-network.module.ec2-api.data.aws_region.current",
            "module.active-network.module.ec2-api.tls_private_key.key_pair",
            "module.active-network.module.ig.aws_internet_gateway.this",
            "module.active-network.module.nat_gw.aws_eip.nat",
            "module.active-network.module.nat_gw.aws_nat_gateway.this",
            "module.active-network.module.private-subnets.aws_route.default",
            "module.active-network.module.private-subnets.aws_route_table.this",
            "module.active-network.module.private-subnets.aws_route_table_association.this",
            "module.active-network.module.private-subnets.aws_subnet.this",
            "module.active-network.module.public-subnets.aws_route.default",
            "module.active-network.module.public-subnets.aws_route_table.this",
            "module.active-network.module.public-subnets.aws_route_table_association.this",
            "module.active-network.module.public-subnets.aws_subnet.this",
            "module.active-network.module.vpc.aws_vpc.this"
          ],
          "create_before_destroy": true
        }
      ]
    },
    {
      "module": "module.active-network.module.ec2-api[1]",
      "mode": "managed",
      "type": "aws_key_pair",
      "name": "key_pair",
      "provider": "provider[\"registry.terraform.io/hashicorp/aws\"].eu-east-1",
      "instances": [
        {
          "schema_version": 1,
          "attributes": {
            "arn": "arn:aws:ec2:us-east-1:501268445310:key-pair/express-api-1_key_pair_us-east-1",
            "fingerprint": "26:f9:b0:80:b9:3f:d1:02:27:b3:85:aa:a8:40:a2:0e",
            "id": "express-api-1_key_pair_us-east-1",
            "key_name": "express-api-1_key_pair_us-east-1",
            "key_name_prefix": "",
            "key_pair_id": "key-0d29f4382ef8a67e3",
            "key_type": "rsa",
            "public_key": "ssh-rsa AAAAB3NzaC1yc2EAAAADAQABAAACAQDHLUoJ616DrDIVWcV9Y7gok8Bo5YxJh+8hIVU85c6a/uEzbKfq26RWsGKjG+h1UcyW/iMY8OWR88wDo9UAJj/Y2cFd88Hz47Mlxe1Pi7GIDAMiUaiRK5DU57tfpau98fxffZpdK9KvzcWNxfP4LAtJMP02JqGo2mFjnltGmYL/UPf6zo//WxZCLmPNLVqjskcxuDImbnbjwl+rehzXo1sSUWopeRSDm1tQ0fhZyega76UqkzhwYMskxUg1Tj/HA20K9V4/YAnweVn++2V1wqOv9PaDqIRUok8zy2kT81LxPJAcGhUotJbiAQjtZH2IhMQuaCOk3bays+stPl0nP0ZQF3z/jjiZll1wvENLyqBiHT2zmUfCCGaXt9m2zSoSfiGTObLj/iq8SNBrK5WYXYoui20duYM31eJ9KtS3yxuSPPiJn93EM3sA5kHoJP/ehDhIracm3rscPEu6BUViRgkgj7OfdMtpGVtWS4fCDO+Hnpf3EbT6BZeAIjEAZU4tcZQnmxyqH1pq+TcQxhby4SLY05hY6RU6Xxoinyy4mL+dzS4QwgwdJtKoSoeZ3Fdy401TWbAvCQEnFIfE5B2J1oOlJCbXPKsAXoLbEHxcmbfsDiXHrnO0VE9//opK8G07YxOcR0B8bqF0ETH+j5rFLiK4ASy+R4Y20VIUPieBKcIaKQ==",
            "tags": null,
            "tags_all": {
              "author": "Grupo13",
              "created-by": "terraform",
              "subject": "Redes",
              "university": "ITBA",
              "version": "1"
            }
          },
          "sensitive_attributes": [],
          "private": "eyJzY2hlbWFfdmVyc2lvbiI6IjEifQ==",
          "dependencies": [
            "module.active-network.data.aws_availability_zones.available",
            "module.active-network.module.ec2-api.data.aws_region.current",
            "module.active-network.module.ec2-api.tls_private_key.key_pair"
          ],
          "create_before_destroy": true
        }
      ]
    },
    {
      "module": "module.active-network.module.ec2-api[1]",
      "mode": "managed",
      "type": "local_file",
      "name": "ssh_key",
      "provider": "provider[\"registry.terraform.io/hashicorp/local\"]",
      "instances": [
        {
          "schema_version": 0,
          "attributes": {
            "content": "-----BEGIN RSA PRIVATE KEY-----\nMIIJKQIBAAKCAgEAxy1KCeteg6wyFVnFfWO4KJPAaOWMSYfvISFVPOXOmv7hM2yn\n6tukVrBioxvodVHMlv4jGPDlkfPMA6PVACY/2NnBXfPB8+OzJcXtT4uxiAwDIlGo\nkSuQ1Oe7X6WrvfH8X32aXSvSr83FjcXz+CwLSTD9NiahqNphY55bRpmC/1D3+s6P\n/1sWQi5jzS1ao7JHMbgyJm5248Jfq3oc16NbElFqKXkUg5tbUNH4WcnoGu+lKpM4\ncGDLJMVINU4/xwNtCvVeP2AJ8HlZ/vtldcKjr/T2g6iEVKJPM8tpE/NS8TyQHBoV\nKLSW4gEI7WR9iITELmgjpN22srPrLT5dJz9GUBd8/444mZZdcLxDS8qgYh09s5lH\nwghml7fZts0qEn4hkzmy4/4qvEjQayuVmF2KLottHbmDN9XifSrUt8sbkjz4iZ/d\nxDN7AOZB6CT/3oQ4SK2nJt67HDxLugVFYkYJII+zn3TLaRlbVkuHwgzvh56X9xG0\n+gWXgCIxAGVOLXGUJ5scqh9aavk3EMYW8uEi2NOYWOkVOl8aIp8suJi/nc0uEMIM\nHSbSqEqHmdxXcuNNU1mwLwkBJxSHxOQdidaDpSQm1zyrAF6C2xB8XJm37A4lx65z\ntFRPf/6KSvBtO2MTnEdAfG6hdBEx/o+axS4iuAEsvkeGNtFSFD4ngSnCGikCAwEA\nAQKCAgBWy46bGf1a5dwBX9hm1uC2lgRf8cAbfugfCNaLLh3Ff1KFxVC7ULGhsUWa\njJvVHCtKlT6YLMntu07pOyij4wcpqWLRXVrkvBIiYMkUQ+y+O3XWK72IXXLExKLr\ngFeB84Sl3Cc7eNBcGhB/woaZXCAi6f097sG9wkR0U9q0vkrOlesqWX94qKnfdzW4\ngI4iDZtmuDzqcHLQt7BXGmSdN6uFJQNdRU1COJ4nbwiJoCnMKyhPkE4k8pkz0eCw\nkgPK5txKzTgf5+sM5uTn74d8NLB+CgKuxu27r+tRx89niT5Yr6qhBGC6F1A09nx8\nbrEhn7GaA3mc650k7LCMS8PuSW2KzpOV3XYIty0bEuIA5RdljzfKsR4/tAhNg4ia\nEAqmfZoT+omtslbLKTHzod86ntJOT53stCGLouepYKgKReBbrm7rJvCc9Z1HAjzu\nJIMqPQodEcSqKycqJJg67RtXMOsEiHdQM0vX/oYr+htzjqfcTz4kvQY5wuItXkLK\n2LsbPifMEj7/jKeUCwxsbId/q5qA28I7OsWhE0X3X/49KNsMGRmUFAvFOqHqOFKh\nrBlv6bWSTEhjRegtwt6bkNhzSXlA45M2nWUX4++wki8UH+8cENrG42Oj1piNuUuB\nQsnEScnjaUQl2kaOGHTe3QesQJFGpHxVzx592QYHBJPrWb/9sQKCAQEA4onXVj+Z\n4TnXAvucMjmhmMh6cyoLvwJeUEZz2+zr37gCTDDhoeplBO7NEibSn2RUuV+wvAkp\nF4NB49FDM5DKkeEzflhlfqYLiPZR3DZ1SRbTubwPXe0v7ODzhtuMlnKf90TrsP/Y\nLkGObTyYyBdYDUQ9vr7UOoxS0Gi0veu0LVXct+h+mfSN8QVHxIBR7fm+7mFMaZUz\n9HksI7JG/NhoqnFt0d36AowgXu+ftVIw0sN9xH1JAc53dnV70MnOE8skH/U/99La\np9EOpjf6pMvOamYiYuJEvB51qg9sjad8sfp8vAuFApGuHuIAZuBFpmCGv5ozLaon\ntkoV8B56oBWSlQKCAQEA4RR/tLTKfK1UHDbBTqA5A3tvn5GG+QMdCQp52776rO3E\n/AzkzmSqxd/xYCQkwCyipf4l/JG3JPYOOx+lxMb5/Aw3SZUu5BHKdWZU+CmmU7vC\nq75PCT/31wdQ9MU1xIH9J0hSYCSjQ6Buk5ES27QCANV5/hwMhd6rRGy8vyX8TGsF\nNfLscfsfvqQ5GaXv8FXakCWWVf1S5brIMXCgf5EAjVjwOnKOZm2EKYtkUsEh37nD\no21mo7ZsJVDAPxkAM1/I9lESBimSpIdJgeh2zDTJPq6bjMjicmMlS3XRKVTe68Y0\nklrmkPHEigJDk5B9pU7MWgax5tNPf2Rkk9ZzrR04RQKCAQEAnwCeyuOjLwk419gg\nXsRCnwj/oTt+uReBeRiqE0/skr8FpdKdW9c4BklSWI41QTjbmq0GUEShueYf5jYn\n09apx9BoIyMKQeVrrTsuY8E5ew5xlyjfJE7pV3rgkuQgfiyACL8wKrC4XGcY/6UL\nm01/OPiP2gT40wtQyQTk73Szpypf3BlsWsTip6vMHqjuWHj1wT07s9PMfqhaCcgE\nuU1v0UoCCc6ivwz5X4kS8OJ6cERUTwicqI7xHI0DVZ1/bjcj6OZrepddb3J1tMcP\nvoFqJRYAxqUIF33Nmopu59IJ3KXyzM3NEuuLahO4snxxhoCzs2IYz9FhRDolwb6y\n1Q+vLQKCAQEA1AhljaxKnE0EUVfbnuAdFYSw0NddGTOvpJaz2Sj+KO4MhYz39t6q\naaHfVzx1SnxB9LGIw3fZ2f3ZxiS4Grl/QcuYQb9B3yRLX3E5VlaWE4drijLLbeFO\n7sg7oXoufqIeA2WEBII/MzPtNyKRa1sWEAcK1zFBMtNi8CCnZkK4fJzM2dewmmeB\nriwyhlDlybh3HxfpmbP85eGhOcHp0IKezIkeNVE5iJBe0mw35CWAbawn+srSyCLP\nmg+KK2a34622OSSCIEAFnuy7eJ+vWgvYES6X5nZPrIZt2bpxgcgsAFxFpiHv1leL\nWJ9tXZPeaV3j8GMiMFqcJ1xBy2tYqZo/KQKCAQBsfIHkRWalEL0u9QkplNtWgY0z\nL4YabhEadlJ9jpYfsOFk4DLomt1YdlnRYk/kBYL5LeboDyDRxFDKwsjaZHgzIM8C\niHBSmsUaMnYg0lKai2UjnsB6c+cKjldulu/LV5v3asEe0GOsf4nHLOqsWRiX7Vpq\n96/Mzi3O3NsMnaSgDMqXJ/GhiS8PVb+OmVlrnNCFo/vgIUUvDFm+Wd11pIT/DEOj\n3Fell7q/eNAbk9o3SVubQQhvu2O7hKCMuAJoZksc4bMeQRDh2WCAhVXkOOdhJO3d\nFLC4zUTqSAHUZg5BPOfWEAW8tpWWKjEmdqMW+E6322hpmH0TtTGsepsCO3CY\n-----END RSA PRIVATE KEY-----\n",
            "content_base64": null,
            "content_base64sha256": "Igd+PlHGT3RVQTfXn7fSCITNodT3NsugconOOKfAor4=",
            "content_base64sha512": "PailZTWfpXJGoNom5i7N4DVkR3FJ/dP/oG94Hg0uUKdqzsrjiVg/iHPF7EOpbhrmuQTg5nyG5Q+VyIy31Q/kkQ==",
            "content_md5": "a52f8911898f64e4044cb7b2a8897d48",
            "content_sha1": "484f95e12bbe34886aea5a3271aa039236d33d23",
            "content_sha256": "22077e3e51c64f74554137d79fb7d20884cda1d4f736cba07289ce38a7c0a2be",
            "content_sha512": "3da8a565359fa57246a0da26e62ecde03564477149fdd3ffa06f781e0d2e50a76acecae389583f8873c5ec43a96e1ae6b904e0e67c86e50f95c88cb7d50fe491",
            "directory_permission": "0777",
            "file_permission": "0777",
            "filename": "express-api-1_key_pair_us-east-1.pem",
            "id": "484f95e12bbe34886aea5a3271aa039236d33d23",
            "sensitive_content": null,
            "source": null
          },
          "sensitive_attributes": [
            [
              {
                "type": "get_attr",
                "value": "content"
              }
            ]
          ],
          "dependencies": [
            "module.active-network.data.aws_availability_zones.available",
            "module.active-network.module.ec2-api.aws_key_pair.key_pair",
            "module.active-network.module.ec2-api.data.aws_region.current",
            "module.active-network.module.ec2-api.tls_private_key.key_pair"
          ],
          "create_before_destroy": true
        }
      ]
    },
    {
      "module": "module.active-network.module.ec2-api[1]",
      "mode": "managed",
      "type": "tls_private_key",
      "name": "key_pair",
      "provider": "provider[\"registry.terraform.io/hashicorp/tls\"]",
      "instances": [
        {
          "schema_version": 1,
          "attributes": {
            "algorithm": "RSA",
            "ecdsa_curve": "P224",
            "id": "f1caa6a52fe37ddf3d0e337888551ab86392ff78",
            "private_key_openssh": "-----BEGIN OPENSSH PRIVATE KEY-----\nb3BlbnNzaC1rZXktdjEAAAAABG5vbmUAAAAEbm9uZQAAAAAAAAABAAACFwAAAAdz\nc2gtcnNhAAAAAwEAAQAAAgEAxy1KCeteg6wyFVnFfWO4KJPAaOWMSYfvISFVPOXO\nmv7hM2yn6tukVrBioxvodVHMlv4jGPDlkfPMA6PVACY/2NnBXfPB8+OzJcXtT4ux\niAwDIlGokSuQ1Oe7X6WrvfH8X32aXSvSr83FjcXz+CwLSTD9NiahqNphY55bRpmC\n/1D3+s6P/1sWQi5jzS1ao7JHMbgyJm5248Jfq3oc16NbElFqKXkUg5tbUNH4Wcno\nGu+lKpM4cGDLJMVINU4/xwNtCvVeP2AJ8HlZ/vtldcKjr/T2g6iEVKJPM8tpE/NS\n8TyQHBoVKLSW4gEI7WR9iITELmgjpN22srPrLT5dJz9GUBd8/444mZZdcLxDS8qg\nYh09s5lHwghml7fZts0qEn4hkzmy4/4qvEjQayuVmF2KLottHbmDN9XifSrUt8sb\nkjz4iZ/dxDN7AOZB6CT/3oQ4SK2nJt67HDxLugVFYkYJII+zn3TLaRlbVkuHwgzv\nh56X9xG0+gWXgCIxAGVOLXGUJ5scqh9aavk3EMYW8uEi2NOYWOkVOl8aIp8suJi/\nnc0uEMIMHSbSqEqHmdxXcuNNU1mwLwkBJxSHxOQdidaDpSQm1zyrAF6C2xB8XJm3\n7A4lx65ztFRPf/6KSvBtO2MTnEdAfG6hdBEx/o+axS4iuAEsvkeGNtFSFD4ngSnC\nGikAAAc4HSoQSx0qEEsAAAAHc3NoLXJzYQAAAgEAxy1KCeteg6wyFVnFfWO4KJPA\naOWMSYfvISFVPOXOmv7hM2yn6tukVrBioxvodVHMlv4jGPDlkfPMA6PVACY/2NnB\nXfPB8+OzJcXtT4uxiAwDIlGokSuQ1Oe7X6WrvfH8X32aXSvSr83FjcXz+CwLSTD9\nNiahqNphY55bRpmC/1D3+s6P/1sWQi5jzS1ao7JHMbgyJm5248Jfq3oc16NbElFq\nKXkUg5tbUNH4WcnoGu+lKpM4cGDLJMVINU4/xwNtCvVeP2AJ8HlZ/vtldcKjr/T2\ng6iEVKJPM8tpE/NS8TyQHBoVKLSW4gEI7WR9iITELmgjpN22srPrLT5dJz9GUBd8\n/444mZZdcLxDS8qgYh09s5lHwghml7fZts0qEn4hkzmy4/4qvEjQayuVmF2KLott\nHbmDN9XifSrUt8sbkjz4iZ/dxDN7AOZB6CT/3oQ4SK2nJt67HDxLugVFYkYJII+z\nn3TLaRlbVkuHwgzvh56X9xG0+gWXgCIxAGVOLXGUJ5scqh9aavk3EMYW8uEi2NOY\nWOkVOl8aIp8suJi/nc0uEMIMHSbSqEqHmdxXcuNNU1mwLwkBJxSHxOQdidaDpSQm\n1zyrAF6C2xB8XJm37A4lx65ztFRPf/6KSvBtO2MTnEdAfG6hdBEx/o+axS4iuAEs\nvkeGNtFSFD4ngSnCGikAAAADAQABAAACAFbLjpsZ/Vrl3AFf2GbW4LaWBF/xwBt+\n6B8I1osuHcV/UoXFULtQsaGxRZqMm9UcK0qVPpgsye27Tuk7KKPjBympYtFdWuS8\nEiJgyRRD7L47ddYrvYhdcsTEouuAV4HzhKXcJzt40FwaEH/ChplcICLp/T3uwb3C\nRHRT2rS+Ss6V6ypZf3ioqd93NbiAjiINm2a4POpwctC3sFcaZJ03q4UlA11FTUI4\nnidvCImgKcwrKE+QTiTymTPR4LCSA8rm3ErNOB/n6wzm5Ofvh3w0sH4KAq7G7buv\n61HHz2eJPlivqqEEYLoXUDT2fHxusSGfsZoDeZzrnSTssIxLw+5JbYrOk5Xddgi3\nLRsS4gDlF2WPN8qxHj+0CE2DiJoQCqZ9mhP6ia2yVsspMfOh3zqe0k5Pney0IYui\n56lgqApF4Fuubusm8Jz1nUcCPO4kgyo9Ch0RxKorJyokmDrtG1cw6wSId1AzS9f+\nhiv6G3OOp9xPPiS9BjnC4i1eQsrYuxs+J8wSPv+Mp5QLDGxsh3+rmoDbwjs6xaET\nRfdf/j0o2wwZGZQUC8U6oeo4UqGsGW/ptZJMSGNF6C3C3puQ2HNJeUDjkzadZRfj\n77CSLxQf7xwQ2sbjY6PWmI25S4FCycRJyeNpRCXaRo4YdN7dB6xAkUakfFXPHn3Z\nBgcEk+tZv/2xAAABAGx8geRFZqUQvS71CSmU21aBjTMvhhpuERp2Un2Olh+w4WTg\nMuia3Vh2WdFiT+QFgvkt5ugPINHEUMrCyNpkeDMgzwKIcFKaxRoydiDSUpqLZSOe\nwHpz5wqOV26W78tXm/dqwR7QY6x/iccs6qxZGJftWmr3r8zOLc7c2wydpKAMypcn\n8aGJLw9Vv46ZWWuc0IWj++AhRS8MWb5Z3XWkhP8MQ6PcV6WXur940BuT2jdJW5tB\nCG+7Y7uEoIy4AmhmSxzhsx5BEOHZYICFVeQ452Ek7d0UsLjNROpIAdRmDkE859YQ\nBby2lZYqMSZ2oxb4TrfbaGmYfRO1Max6mwI7cJgAAAEBAOKJ11Y/meE51wL7nDI5\noZjIenMqC78CXlBGc9vs69+4Akww4aHqZQTuzRIm0p9kVLlfsLwJKReDQePRQzOQ\nypHhM35YZX6mC4j2Udw2dUkW07m8D13tL+zg84bbjJZyn/dE67D/2C5Bjm08mMgX\nWA1EPb6+1DqMUtBotL3rtC1V3Lfofpn0jfEFR8SAUe35vu5hTGmVM/R5LCOyRvzY\naKpxbdHd+gKMIF7vn7VSMNLDfcR9SQHOd3Z1e9DJzhPLJB/1P/fS2qfRDqY3+qTL\nzmpmImLiRLwedaoPbI2nfLH6fLwLhQKRrh7iAGbgRaZghr+aMy2qJ7ZKFfAeeqAV\nkpUAAAEBAOEUf7S0ynytVBw2wU6gOQN7b5+RhvkDHQkKedu++qztxPwM5M5kqsXf\n8WAkJMAsoqX+JfyRtyT2DjsfpcTG+fwMN0mVLuQRynVmVPgpplO7wqu+Twk/99cH\nUPTFNcSB/SdIUmAko0OgbpOREtu0AgDVef4cDIXeq0RsvL8l/ExrBTXy7HH7H76k\nORml7/BV2pAlllX9UuW6yDFwoH+RAI1Y8DpyjmZthCmLZFLBId+5w6NtZqO2bCVQ\nwD8ZADNfyPZREgYpkqSHSYHodsw0yT6um4zI4nJjJUt10SlU3uvGNJJa5pDxxIoC\nQ5OQfaVOzFoGsebTT39kZJPWc60dOEUAAAAAAQID\n-----END OPENSSH PRIVATE KEY-----\n",
            "private_key_pem": "-----BEGIN RSA PRIVATE KEY-----\nMIIJKQIBAAKCAgEAxy1KCeteg6wyFVnFfWO4KJPAaOWMSYfvISFVPOXOmv7hM2yn\n6tukVrBioxvodVHMlv4jGPDlkfPMA6PVACY/2NnBXfPB8+OzJcXtT4uxiAwDIlGo\nkSuQ1Oe7X6WrvfH8X32aXSvSr83FjcXz+CwLSTD9NiahqNphY55bRpmC/1D3+s6P\n/1sWQi5jzS1ao7JHMbgyJm5248Jfq3oc16NbElFqKXkUg5tbUNH4WcnoGu+lKpM4\ncGDLJMVINU4/xwNtCvVeP2AJ8HlZ/vtldcKjr/T2g6iEVKJPM8tpE/NS8TyQHBoV\nKLSW4gEI7WR9iITELmgjpN22srPrLT5dJz9GUBd8/444mZZdcLxDS8qgYh09s5lH\nwghml7fZts0qEn4hkzmy4/4qvEjQayuVmF2KLottHbmDN9XifSrUt8sbkjz4iZ/d\nxDN7AOZB6CT/3oQ4SK2nJt67HDxLugVFYkYJII+zn3TLaRlbVkuHwgzvh56X9xG0\n+gWXgCIxAGVOLXGUJ5scqh9aavk3EMYW8uEi2NOYWOkVOl8aIp8suJi/nc0uEMIM\nHSbSqEqHmdxXcuNNU1mwLwkBJxSHxOQdidaDpSQm1zyrAF6C2xB8XJm37A4lx65z\ntFRPf/6KSvBtO2MTnEdAfG6hdBEx/o+axS4iuAEsvkeGNtFSFD4ngSnCGikCAwEA\nAQKCAgBWy46bGf1a5dwBX9hm1uC2lgRf8cAbfugfCNaLLh3Ff1KFxVC7ULGhsUWa\njJvVHCtKlT6YLMntu07pOyij4wcpqWLRXVrkvBIiYMkUQ+y+O3XWK72IXXLExKLr\ngFeB84Sl3Cc7eNBcGhB/woaZXCAi6f097sG9wkR0U9q0vkrOlesqWX94qKnfdzW4\ngI4iDZtmuDzqcHLQt7BXGmSdN6uFJQNdRU1COJ4nbwiJoCnMKyhPkE4k8pkz0eCw\nkgPK5txKzTgf5+sM5uTn74d8NLB+CgKuxu27r+tRx89niT5Yr6qhBGC6F1A09nx8\nbrEhn7GaA3mc650k7LCMS8PuSW2KzpOV3XYIty0bEuIA5RdljzfKsR4/tAhNg4ia\nEAqmfZoT+omtslbLKTHzod86ntJOT53stCGLouepYKgKReBbrm7rJvCc9Z1HAjzu\nJIMqPQodEcSqKycqJJg67RtXMOsEiHdQM0vX/oYr+htzjqfcTz4kvQY5wuItXkLK\n2LsbPifMEj7/jKeUCwxsbId/q5qA28I7OsWhE0X3X/49KNsMGRmUFAvFOqHqOFKh\nrBlv6bWSTEhjRegtwt6bkNhzSXlA45M2nWUX4++wki8UH+8cENrG42Oj1piNuUuB\nQsnEScnjaUQl2kaOGHTe3QesQJFGpHxVzx592QYHBJPrWb/9sQKCAQEA4onXVj+Z\n4TnXAvucMjmhmMh6cyoLvwJeUEZz2+zr37gCTDDhoeplBO7NEibSn2RUuV+wvAkp\nF4NB49FDM5DKkeEzflhlfqYLiPZR3DZ1SRbTubwPXe0v7ODzhtuMlnKf90TrsP/Y\nLkGObTyYyBdYDUQ9vr7UOoxS0Gi0veu0LVXct+h+mfSN8QVHxIBR7fm+7mFMaZUz\n9HksI7JG/NhoqnFt0d36AowgXu+ftVIw0sN9xH1JAc53dnV70MnOE8skH/U/99La\np9EOpjf6pMvOamYiYuJEvB51qg9sjad8sfp8vAuFApGuHuIAZuBFpmCGv5ozLaon\ntkoV8B56oBWSlQKCAQEA4RR/tLTKfK1UHDbBTqA5A3tvn5GG+QMdCQp52776rO3E\n/AzkzmSqxd/xYCQkwCyipf4l/JG3JPYOOx+lxMb5/Aw3SZUu5BHKdWZU+CmmU7vC\nq75PCT/31wdQ9MU1xIH9J0hSYCSjQ6Buk5ES27QCANV5/hwMhd6rRGy8vyX8TGsF\nNfLscfsfvqQ5GaXv8FXakCWWVf1S5brIMXCgf5EAjVjwOnKOZm2EKYtkUsEh37nD\no21mo7ZsJVDAPxkAM1/I9lESBimSpIdJgeh2zDTJPq6bjMjicmMlS3XRKVTe68Y0\nklrmkPHEigJDk5B9pU7MWgax5tNPf2Rkk9ZzrR04RQKCAQEAnwCeyuOjLwk419gg\nXsRCnwj/oTt+uReBeRiqE0/skr8FpdKdW9c4BklSWI41QTjbmq0GUEShueYf5jYn\n09apx9BoIyMKQeVrrTsuY8E5ew5xlyjfJE7pV3rgkuQgfiyACL8wKrC4XGcY/6UL\nm01/OPiP2gT40wtQyQTk73Szpypf3BlsWsTip6vMHqjuWHj1wT07s9PMfqhaCcgE\nuU1v0UoCCc6ivwz5X4kS8OJ6cERUTwicqI7xHI0DVZ1/bjcj6OZrepddb3J1tMcP\nvoFqJRYAxqUIF33Nmopu59IJ3KXyzM3NEuuLahO4snxxhoCzs2IYz9FhRDolwb6y\n1Q+vLQKCAQEA1AhljaxKnE0EUVfbnuAdFYSw0NddGTOvpJaz2Sj+KO4MhYz39t6q\naaHfVzx1SnxB9LGIw3fZ2f3ZxiS4Grl/QcuYQb9B3yRLX3E5VlaWE4drijLLbeFO\n7sg7oXoufqIeA2WEBII/MzPtNyKRa1sWEAcK1zFBMtNi8CCnZkK4fJzM2dewmmeB\nriwyhlDlybh3HxfpmbP85eGhOcHp0IKezIkeNVE5iJBe0mw35CWAbawn+srSyCLP\nmg+KK2a34622OSSCIEAFnuy7eJ+vWgvYES6X5nZPrIZt2bpxgcgsAFxFpiHv1leL\nWJ9tXZPeaV3j8GMiMFqcJ1xBy2tYqZo/KQKCAQBsfIHkRWalEL0u9QkplNtWgY0z\nL4YabhEadlJ9jpYfsOFk4DLomt1YdlnRYk/kBYL5LeboDyDRxFDKwsjaZHgzIM8C\niHBSmsUaMnYg0lKai2UjnsB6c+cKjldulu/LV5v3asEe0GOsf4nHLOqsWRiX7Vpq\n96/Mzi3O3NsMnaSgDMqXJ/GhiS8PVb+OmVlrnNCFo/vgIUUvDFm+Wd11pIT/DEOj\n3Fell7q/eNAbk9o3SVubQQhvu2O7hKCMuAJoZksc4bMeQRDh2WCAhVXkOOdhJO3d\nFLC4zUTqSAHUZg5BPOfWEAW8tpWWKjEmdqMW+E6322hpmH0TtTGsepsCO3CY\n-----END RSA PRIVATE KEY-----\n",
            "private_key_pem_pkcs8": "-----BEGIN PRIVATE KEY-----\nMIIJQwIBADANBgkqhkiG9w0BAQEFAASCCS0wggkpAgEAAoICAQDHLUoJ616DrDIV\nWcV9Y7gok8Bo5YxJh+8hIVU85c6a/uEzbKfq26RWsGKjG+h1UcyW/iMY8OWR88wD\no9UAJj/Y2cFd88Hz47Mlxe1Pi7GIDAMiUaiRK5DU57tfpau98fxffZpdK9KvzcWN\nxfP4LAtJMP02JqGo2mFjnltGmYL/UPf6zo//WxZCLmPNLVqjskcxuDImbnbjwl+r\nehzXo1sSUWopeRSDm1tQ0fhZyega76UqkzhwYMskxUg1Tj/HA20K9V4/YAnweVn+\n+2V1wqOv9PaDqIRUok8zy2kT81LxPJAcGhUotJbiAQjtZH2IhMQuaCOk3bays+st\nPl0nP0ZQF3z/jjiZll1wvENLyqBiHT2zmUfCCGaXt9m2zSoSfiGTObLj/iq8SNBr\nK5WYXYoui20duYM31eJ9KtS3yxuSPPiJn93EM3sA5kHoJP/ehDhIracm3rscPEu6\nBUViRgkgj7OfdMtpGVtWS4fCDO+Hnpf3EbT6BZeAIjEAZU4tcZQnmxyqH1pq+TcQ\nxhby4SLY05hY6RU6Xxoinyy4mL+dzS4QwgwdJtKoSoeZ3Fdy401TWbAvCQEnFIfE\n5B2J1oOlJCbXPKsAXoLbEHxcmbfsDiXHrnO0VE9//opK8G07YxOcR0B8bqF0ETH+\nj5rFLiK4ASy+R4Y20VIUPieBKcIaKQIDAQABAoICAFbLjpsZ/Vrl3AFf2GbW4LaW\nBF/xwBt+6B8I1osuHcV/UoXFULtQsaGxRZqMm9UcK0qVPpgsye27Tuk7KKPjBymp\nYtFdWuS8EiJgyRRD7L47ddYrvYhdcsTEouuAV4HzhKXcJzt40FwaEH/ChplcICLp\n/T3uwb3CRHRT2rS+Ss6V6ypZf3ioqd93NbiAjiINm2a4POpwctC3sFcaZJ03q4Ul\nA11FTUI4nidvCImgKcwrKE+QTiTymTPR4LCSA8rm3ErNOB/n6wzm5Ofvh3w0sH4K\nAq7G7buv61HHz2eJPlivqqEEYLoXUDT2fHxusSGfsZoDeZzrnSTssIxLw+5JbYrO\nk5Xddgi3LRsS4gDlF2WPN8qxHj+0CE2DiJoQCqZ9mhP6ia2yVsspMfOh3zqe0k5P\nney0IYui56lgqApF4Fuubusm8Jz1nUcCPO4kgyo9Ch0RxKorJyokmDrtG1cw6wSI\nd1AzS9f+hiv6G3OOp9xPPiS9BjnC4i1eQsrYuxs+J8wSPv+Mp5QLDGxsh3+rmoDb\nwjs6xaETRfdf/j0o2wwZGZQUC8U6oeo4UqGsGW/ptZJMSGNF6C3C3puQ2HNJeUDj\nkzadZRfj77CSLxQf7xwQ2sbjY6PWmI25S4FCycRJyeNpRCXaRo4YdN7dB6xAkUak\nfFXPHn3ZBgcEk+tZv/2xAoIBAQDiiddWP5nhOdcC+5wyOaGYyHpzKgu/Al5QRnPb\n7OvfuAJMMOGh6mUE7s0SJtKfZFS5X7C8CSkXg0Hj0UMzkMqR4TN+WGV+pguI9lHc\nNnVJFtO5vA9d7S/s4POG24yWcp/3ROuw/9guQY5tPJjIF1gNRD2+vtQ6jFLQaLS9\n67QtVdy36H6Z9I3xBUfEgFHt+b7uYUxplTP0eSwjskb82GiqcW3R3foCjCBe75+1\nUjDSw33EfUkBznd2dXvQyc4TyyQf9T/30tqn0Q6mN/qky85qZiJi4kS8HnWqD2yN\np3yx+ny8C4UCka4e4gBm4EWmYIa/mjMtqie2ShXwHnqgFZKVAoIBAQDhFH+0tMp8\nrVQcNsFOoDkDe2+fkYb5Ax0JCnnbvvqs7cT8DOTOZKrF3/FgJCTALKKl/iX8kbck\n9g47H6XExvn8DDdJlS7kEcp1ZlT4KaZTu8Krvk8JP/fXB1D0xTXEgf0nSFJgJKND\noG6TkRLbtAIA1Xn+HAyF3qtEbLy/JfxMawU18uxx+x++pDkZpe/wVdqQJZZV/VLl\nusgxcKB/kQCNWPA6co5mbYQpi2RSwSHfucOjbWajtmwlUMA/GQAzX8j2URIGKZKk\nh0mB6HbMNMk+rpuMyOJyYyVLddEpVN7rxjSSWuaQ8cSKAkOTkH2lTsxaBrHm009/\nZGST1nOtHThFAoIBAQCfAJ7K46MvCTjX2CBexEKfCP+hO365F4F5GKoTT+ySvwWl\n0p1b1zgGSVJYjjVBONuarQZQRKG55h/mNifT1qnH0GgjIwpB5WutOy5jwTl7DnGX\nKN8kTulXeuCS5CB+LIAIvzAqsLhcZxj/pQubTX84+I/aBPjTC1DJBOTvdLOnKl/c\nGWxaxOKnq8weqO5YePXBPTuz08x+qFoJyAS5TW/RSgIJzqK/DPlfiRLw4npwRFRP\nCJyojvEcjQNVnX9uNyPo5mt6l11vcnW0xw++gWolFgDGpQgXfc2aim7n0gncpfLM\nzc0S64tqE7iyfHGGgLOzYhjP0WFEOiXBvrLVD68tAoIBAQDUCGWNrEqcTQRRV9ue\n4B0VhLDQ110ZM6+klrPZKP4o7gyFjPf23qppod9XPHVKfEH0sYjDd9nZ/dnGJLga\nuX9By5hBv0HfJEtfcTlWVpYTh2uKMstt4U7uyDuhei5+oh4DZYQEgj8zM+03IpFr\nWxYQBwrXMUEy02LwIKdmQrh8nMzZ17CaZ4GuLDKGUOXJuHcfF+mZs/zl4aE5wenQ\ngp7MiR41UTmIkF7SbDfkJYBtrCf6ytLIIs+aD4orZrfjrbY5JIIgQAWe7Lt4n69a\nC9gRLpfmdk+shm3ZunGByCwAXEWmIe/WV4tYn21dk95pXePwYyIwWpwnXEHLa1ip\nmj8pAoIBAGx8geRFZqUQvS71CSmU21aBjTMvhhpuERp2Un2Olh+w4WTgMuia3Vh2\nWdFiT+QFgvkt5ugPINHEUMrCyNpkeDMgzwKIcFKaxRoydiDSUpqLZSOewHpz5wqO\nV26W78tXm/dqwR7QY6x/iccs6qxZGJftWmr3r8zOLc7c2wydpKAMypcn8aGJLw9V\nv46ZWWuc0IWj++AhRS8MWb5Z3XWkhP8MQ6PcV6WXur940BuT2jdJW5tBCG+7Y7uE\noIy4AmhmSxzhsx5BEOHZYICFVeQ452Ek7d0UsLjNROpIAdRmDkE859YQBby2lZYq\nMSZ2oxb4TrfbaGmYfRO1Max6mwI7cJg=\n-----END PRIVATE KEY-----\n",
            "public_key_fingerprint_md5": "ac:28:ac:83:c2:39:5d:eb:9a:c9:f0:72:ee:67:ff:72",
            "public_key_fingerprint_sha256": "SHA256:eh9VxN5T9t1KygZDdoqjF1naKMfxeU7D6fFKYaeApgo",
            "public_key_openssh": "ssh-rsa AAAAB3NzaC1yc2EAAAADAQABAAACAQDHLUoJ616DrDIVWcV9Y7gok8Bo5YxJh+8hIVU85c6a/uEzbKfq26RWsGKjG+h1UcyW/iMY8OWR88wDo9UAJj/Y2cFd88Hz47Mlxe1Pi7GIDAMiUaiRK5DU57tfpau98fxffZpdK9KvzcWNxfP4LAtJMP02JqGo2mFjnltGmYL/UPf6zo//WxZCLmPNLVqjskcxuDImbnbjwl+rehzXo1sSUWopeRSDm1tQ0fhZyega76UqkzhwYMskxUg1Tj/HA20K9V4/YAnweVn++2V1wqOv9PaDqIRUok8zy2kT81LxPJAcGhUotJbiAQjtZH2IhMQuaCOk3bays+stPl0nP0ZQF3z/jjiZll1wvENLyqBiHT2zmUfCCGaXt9m2zSoSfiGTObLj/iq8SNBrK5WYXYoui20duYM31eJ9KtS3yxuSPPiJn93EM3sA5kHoJP/ehDhIracm3rscPEu6BUViRgkgj7OfdMtpGVtWS4fCDO+Hnpf3EbT6BZeAIjEAZU4tcZQnmxyqH1pq+TcQxhby4SLY05hY6RU6Xxoinyy4mL+dzS4QwgwdJtKoSoeZ3Fdy401TWbAvCQEnFIfE5B2J1oOlJCbXPKsAXoLbEHxcmbfsDiXHrnO0VE9//opK8G07YxOcR0B8bqF0ETH+j5rFLiK4ASy+R4Y20VIUPieBKcIaKQ==\n",
            "public_key_pem": "-----BEGIN PUBLIC KEY-----\nMIICIjANBgkqhkiG9w0BAQEFAAOCAg8AMIICCgKCAgEAxy1KCeteg6wyFVnFfWO4\nKJPAaOWMSYfvISFVPOXOmv7hM2yn6tukVrBioxvodVHMlv4jGPDlkfPMA6PVACY/\n2NnBXfPB8+OzJcXtT4uxiAwDIlGokSuQ1Oe7X6WrvfH8X32aXSvSr83FjcXz+CwL\nSTD9NiahqNphY55bRpmC/1D3+s6P/1sWQi5jzS1ao7JHMbgyJm5248Jfq3oc16Nb\nElFqKXkUg5tbUNH4WcnoGu+lKpM4cGDLJMVINU4/xwNtCvVeP2AJ8HlZ/vtldcKj\nr/T2g6iEVKJPM8tpE/NS8TyQHBoVKLSW4gEI7WR9iITELmgjpN22srPrLT5dJz9G\nUBd8/444mZZdcLxDS8qgYh09s5lHwghml7fZts0qEn4hkzmy4/4qvEjQayuVmF2K\nLottHbmDN9XifSrUt8sbkjz4iZ/dxDN7AOZB6CT/3oQ4SK2nJt67HDxLugVFYkYJ\nII+zn3TLaRlbVkuHwgzvh56X9xG0+gWXgCIxAGVOLXGUJ5scqh9aavk3EMYW8uEi\n2NOYWOkVOl8aIp8suJi/nc0uEMIMHSbSqEqHmdxXcuNNU1mwLwkBJxSHxOQdidaD\npSQm1zyrAF6C2xB8XJm37A4lx65ztFRPf/6KSvBtO2MTnEdAfG6hdBEx/o+axS4i\nuAEsvkeGNtFSFD4ngSnCGikCAwEAAQ==\n-----END PUBLIC KEY-----\n",
            "rsa_bits": 4096
          },
          "sensitive_attributes": [],
          "dependencies": [
            "module.active-network.data.aws_availability_zones.available"
          ],
          "create_before_destroy": true
        }
      ]
    },
    {
      "module": "module.active-network.module.ig",
      "mode": "managed",
      "type": "aws_internet_gateway",
      "name": "this",
      "provider": "provider[\"registry.terraform.io/hashicorp/aws\"].eu-east-1",
      "instances": [
        {
          "schema_version": 0,
          "attributes": {
            "arn": "arn:aws:ec2:us-east-1:501268445310:internet-gateway/igw-0c429773c065893b3",
            "id": "igw-0c429773c065893b3",
            "owner_id": "501268445310",
            "tags": {
              "Name": "ig-redes"
            },
            "tags_all": {
              "Name": "ig-redes",
              "author": "Grupo13",
              "created-by": "terraform",
              "subject": "Redes",
              "university": "ITBA",
              "version": "1"
            },
            "timeouts": null,
            "vpc_id": "vpc-0512d6922b283dab8"
          },
          "sensitive_attributes": [],
          "private": "eyJlMmJmYjczMC1lY2FhLTExZTYtOGY4OC0zNDM2M2JjN2M0YzAiOnsiY3JlYXRlIjoxMjAwMDAwMDAwMDAwLCJkZWxldGUiOjEyMDAwMDAwMDAwMDAsInVwZGF0ZSI6MTIwMDAwMDAwMDAwMH19",
          "dependencies": [
            "module.active-network.module.vpc.aws_vpc.this"
          ],
          "create_before_destroy": true
        }
      ]
    },
    {
      "module": "module.active-network.module.nat_gw[0]",
      "mode": "managed",
      "type": "aws_eip",
      "name": "nat",
      "provider": "provider[\"registry.terraform.io/hashicorp/aws\"].eu-east-1",
      "instances": [
        {
          "schema_version": 0,
          "attributes": {
            "address": null,
            "allocation_id": "eipalloc-00510a499eb53a685",
            "associate_with_private_ip": null,
            "association_id": "",
            "carrier_ip": "",
            "customer_owned_ip": "",
            "customer_owned_ipv4_pool": "",
            "domain": "vpc",
            "id": "eipalloc-00510a499eb53a685",
            "instance": "",
            "network_border_group": "us-east-1",
            "network_interface": "",
            "private_dns": null,
            "private_ip": "",
            "public_dns": "ec2-3-222-5-137.compute-1.amazonaws.com",
            "public_ip": "3.222.5.137",
            "public_ipv4_pool": "amazon",
            "tags": {
              "Name": "nat-nat-gw-0"
            },
            "tags_all": {
              "Name": "nat-nat-gw-0",
              "author": "Grupo13",
              "created-by": "terraform",
              "subject": "Redes",
              "university": "ITBA",
              "version": "1"
            },
            "timeouts": null,
            "vpc": true
          },
          "sensitive_attributes": [],
          "private": "eyJlMmJmYjczMC1lY2FhLTExZTYtOGY4OC0zNDM2M2JjN2M0YzAiOnsiZGVsZXRlIjoxODAwMDAwMDAwMDAsInJlYWQiOjkwMDAwMDAwMDAwMCwidXBkYXRlIjozMDAwMDAwMDAwMDB9fQ==",
          "dependencies": [
            "module.active-network.data.aws_availability_zones.available"
          ],
          "create_before_destroy": true
        }
      ]
    },
    {
      "module": "module.active-network.module.nat_gw[0]",
      "mode": "managed",
      "type": "aws_nat_gateway",
      "name": "this",
      "provider": "provider[\"registry.terraform.io/hashicorp/aws\"].eu-east-1",
      "instances": [
        {
          "schema_version": 0,
          "attributes": {
            "allocation_id": "eipalloc-00510a499eb53a685",
            "association_id": "eipassoc-0e6c3f853a97209dc",
            "connectivity_type": "public",
            "id": "nat-093c58847425facc5",
            "network_interface_id": "eni-08a845e127cba7676",
            "private_ip": "10.0.2.169",
            "public_ip": "3.222.5.137",
            "subnet_id": "subnet-032767e2afd553746",
            "tags": {
              "Name": "nat-gw-0"
            },
            "tags_all": {
              "Name": "nat-gw-0",
              "author": "Grupo13",
              "created-by": "terraform",
              "subject": "Redes",
              "university": "ITBA",
              "version": "1"
            }
          },
          "sensitive_attributes": [],
          "private": "bnVsbA==",
          "dependencies": [
            "module.active-network.data.aws_availability_zones.available",
            "module.active-network.module.ig.aws_internet_gateway.this",
            "module.active-network.module.nat_gw.aws_eip.nat",
            "module.active-network.module.public-subnets.aws_route.default",
            "module.active-network.module.public-subnets.aws_route_table.this",
            "module.active-network.module.public-subnets.aws_route_table_association.this",
            "module.active-network.module.public-subnets.aws_subnet.this",
            "module.active-network.module.vpc.aws_vpc.this"
          ],
          "create_before_destroy": true
        }
      ]
    },
    {
      "module": "module.active-network.module.nat_gw[1]",
      "mode": "managed",
      "type": "aws_eip",
      "name": "nat",
      "provider": "provider[\"registry.terraform.io/hashicorp/aws\"].eu-east-1",
      "instances": [
        {
          "schema_version": 0,
          "attributes": {
            "address": null,
            "allocation_id": "eipalloc-0fb311f76ea04db25",
            "associate_with_private_ip": null,
            "association_id": "",
            "carrier_ip": "",
            "customer_owned_ip": "",
            "customer_owned_ipv4_pool": "",
            "domain": "vpc",
            "id": "eipalloc-0fb311f76ea04db25",
            "instance": "",
            "network_border_group": "us-east-1",
            "network_interface": "",
            "private_dns": null,
            "private_ip": "",
            "public_dns": "ec2-3-208-45-164.compute-1.amazonaws.com",
            "public_ip": "3.208.45.164",
            "public_ipv4_pool": "amazon",
            "tags": {
              "Name": "nat-nat-gw-1"
            },
            "tags_all": {
              "Name": "nat-nat-gw-1",
              "author": "Grupo13",
              "created-by": "terraform",
              "subject": "Redes",
              "university": "ITBA",
              "version": "1"
            },
            "timeouts": null,
            "vpc": true
          },
          "sensitive_attributes": [],
          "private": "eyJlMmJmYjczMC1lY2FhLTExZTYtOGY4OC0zNDM2M2JjN2M0YzAiOnsiZGVsZXRlIjoxODAwMDAwMDAwMDAsInJlYWQiOjkwMDAwMDAwMDAwMCwidXBkYXRlIjozMDAwMDAwMDAwMDB9fQ==",
          "dependencies": [
            "module.active-network.data.aws_availability_zones.available"
          ],
          "create_before_destroy": true
        }
      ]
    },
    {
      "module": "module.active-network.module.nat_gw[1]",
      "mode": "managed",
      "type": "aws_nat_gateway",
      "name": "this",
      "provider": "provider[\"registry.terraform.io/hashicorp/aws\"].eu-east-1",
      "instances": [
        {
          "schema_version": 0,
          "attributes": {
            "allocation_id": "eipalloc-0fb311f76ea04db25",
            "association_id": "eipassoc-00951913e7b393f7b",
            "connectivity_type": "public",
            "id": "nat-03f1f17926980c4b7",
            "network_interface_id": "eni-077d0663ec6bc1928",
            "private_ip": "10.0.3.87",
            "public_ip": "3.208.45.164",
            "subnet_id": "subnet-0f51686ad7da1d1fa",
            "tags": {
              "Name": "nat-gw-1"
            },
            "tags_all": {
              "Name": "nat-gw-1",
              "author": "Grupo13",
              "created-by": "terraform",
              "subject": "Redes",
              "university": "ITBA",
              "version": "1"
            }
          },
          "sensitive_attributes": [],
          "private": "bnVsbA==",
          "dependencies": [
            "module.active-network.data.aws_availability_zones.available",
            "module.active-network.module.ig.aws_internet_gateway.this",
            "module.active-network.module.nat_gw.aws_eip.nat",
            "module.active-network.module.public-subnets.aws_route.default",
            "module.active-network.module.public-subnets.aws_route_table.this",
            "module.active-network.module.public-subnets.aws_route_table_association.this",
            "module.active-network.module.public-subnets.aws_subnet.this",
            "module.active-network.module.vpc.aws_vpc.this"
          ],
          "create_before_destroy": true
        }
      ]
    },
    {
      "module": "module.active-network.module.private-subnets[0]",
      "mode": "managed",
      "type": "aws_route",
      "name": "default",
      "provider": "provider[\"registry.terraform.io/hashicorp/aws\"].eu-east-1",
      "instances": [
        {
          "schema_version": 0,
          "attributes": {
            "carrier_gateway_id": "",
            "core_network_arn": "",
            "destination_cidr_block": "0.0.0.0/0",
            "destination_ipv6_cidr_block": "",
            "destination_prefix_list_id": "",
            "egress_only_gateway_id": "",
            "gateway_id": "",
            "id": "r-rtb-06ffb714e2c73be0a1080289494",
            "instance_id": "",
            "instance_owner_id": "",
            "local_gateway_id": "",
            "nat_gateway_id": "nat-093c58847425facc5",
            "network_interface_id": "",
            "origin": "CreateRoute",
            "route_table_id": "rtb-06ffb714e2c73be0a",
            "state": "active",
            "timeouts": null,
            "transit_gateway_id": "",
            "vpc_endpoint_id": "",
            "vpc_peering_connection_id": ""
          },
          "sensitive_attributes": [],
          "private": "eyJlMmJmYjczMC1lY2FhLTExZTYtOGY4OC0zNDM2M2JjN2M0YzAiOnsiY3JlYXRlIjozMDAwMDAwMDAwMDAsImRlbGV0ZSI6MzAwMDAwMDAwMDAwLCJ1cGRhdGUiOjEyMDAwMDAwMDAwMH19",
          "dependencies": [
            "module.active-network.data.aws_availability_zones.available",
            "module.active-network.module.ig.aws_internet_gateway.this",
            "module.active-network.module.nat_gw.aws_eip.nat",
            "module.active-network.module.nat_gw.aws_nat_gateway.this",
            "module.active-network.module.private-subnets.aws_route_table.this",
            "module.active-network.module.public-subnets.aws_route.default",
            "module.active-network.module.public-subnets.aws_route_table.this",
            "module.active-network.module.public-subnets.aws_route_table_association.this",
            "module.active-network.module.public-subnets.aws_subnet.this",
            "module.active-network.module.vpc.aws_vpc.this"
          ],
          "create_before_destroy": true
        }
      ]
    },
    {
      "module": "module.active-network.module.private-subnets[0]",
      "mode": "managed",
      "type": "aws_route_table",
      "name": "this",
      "provider": "provider[\"registry.terraform.io/hashicorp/aws\"].eu-east-1",
      "instances": [
        {
          "schema_version": 0,
          "attributes": {
            "arn": "arn:aws:ec2:us-east-1:501268445310:route-table/rtb-06ffb714e2c73be0a",
            "id": "rtb-06ffb714e2c73be0a",
            "owner_id": "501268445310",
            "propagating_vgws": [],
            "route": [],
            "tags": null,
            "tags_all": {
              "author": "Grupo13",
              "created-by": "terraform",
              "subject": "Redes",
              "university": "ITBA",
              "version": "1"
            },
            "timeouts": null,
            "vpc_id": "vpc-0512d6922b283dab8"
          },
          "sensitive_attributes": [],
          "private": "eyJlMmJmYjczMC1lY2FhLTExZTYtOGY4OC0zNDM2M2JjN2M0YzAiOnsiY3JlYXRlIjozMDAwMDAwMDAwMDAsImRlbGV0ZSI6MzAwMDAwMDAwMDAwLCJ1cGRhdGUiOjEyMDAwMDAwMDAwMH19",
          "dependencies": [
            "module.active-network.data.aws_availability_zones.available",
            "module.active-network.module.vpc.aws_vpc.this"
          ],
          "create_before_destroy": true
        }
      ]
    },
    {
      "module": "module.active-network.module.private-subnets[0]",
      "mode": "managed",
      "type": "aws_route_table_association",
      "name": "this",
      "provider": "provider[\"registry.terraform.io/hashicorp/aws\"].eu-east-1",
      "instances": [
        {
          "schema_version": 0,
          "attributes": {
            "gateway_id": "",
            "id": "rtbassoc-07f5a155014bb567e",
            "route_table_id": "rtb-06ffb714e2c73be0a",
            "subnet_id": "subnet-049cfbbcb487c3a69",
            "timeouts": null
          },
          "sensitive_attributes": [],
          "private": "eyJlMmJmYjczMC1lY2FhLTExZTYtOGY4OC0zNDM2M2JjN2M0YzAiOnsiY3JlYXRlIjozMDAwMDAwMDAwMDAsImRlbGV0ZSI6MzAwMDAwMDAwMDAwLCJ1cGRhdGUiOjEyMDAwMDAwMDAwMH19",
          "dependencies": [
            "module.active-network.data.aws_availability_zones.available",
            "module.active-network.module.private-subnets.aws_route_table.this",
            "module.active-network.module.private-subnets.aws_subnet.this",
            "module.active-network.module.vpc.aws_vpc.this"
          ],
          "create_before_destroy": true
        }
      ]
    },
    {
      "module": "module.active-network.module.private-subnets[0]",
      "mode": "managed",
      "type": "aws_subnet",
      "name": "this",
      "provider": "provider[\"registry.terraform.io/hashicorp/aws\"].eu-east-1",
      "instances": [
        {
          "schema_version": 1,
          "attributes": {
            "arn": "arn:aws:ec2:us-east-1:501268445310:subnet/subnet-049cfbbcb487c3a69",
            "assign_ipv6_address_on_creation": false,
            "availability_zone": "us-east-1a",
            "availability_zone_id": "use1-az6",
            "cidr_block": "10.0.0.0/24",
            "customer_owned_ipv4_pool": "",
            "enable_dns64": false,
            "enable_lni_at_device_index": 0,
            "enable_resource_name_dns_a_record_on_launch": false,
            "enable_resource_name_dns_aaaa_record_on_launch": false,
            "id": "subnet-049cfbbcb487c3a69",
            "ipv6_cidr_block": "",
            "ipv6_cidr_block_association_id": "",
            "ipv6_native": false,
            "map_customer_owned_ip_on_launch": false,
            "map_public_ip_on_launch": false,
            "outpost_arn": "",
            "owner_id": "501268445310",
            "private_dns_hostname_type_on_launch": "ip-name",
            "tags": {
              "Name": "private-subnet-0"
            },
            "tags_all": {
              "Name": "private-subnet-0",
              "author": "Grupo13",
              "created-by": "terraform",
              "subject": "Redes",
              "university": "ITBA",
              "version": "1"
            },
            "timeouts": null,
            "vpc_id": "vpc-0512d6922b283dab8"
          },
          "sensitive_attributes": [],
          "private": "eyJlMmJmYjczMC1lY2FhLTExZTYtOGY4OC0zNDM2M2JjN2M0YzAiOnsiY3JlYXRlIjo2MDAwMDAwMDAwMDAsImRlbGV0ZSI6MTIwMDAwMDAwMDAwMH0sInNjaGVtYV92ZXJzaW9uIjoiMSJ9",
          "dependencies": [
            "module.active-network.data.aws_availability_zones.available",
            "module.active-network.module.vpc.aws_vpc.this"
          ],
          "create_before_destroy": true
        }
      ]
    },
    {
      "module": "module.active-network.module.private-subnets[1]",
      "mode": "managed",
      "type": "aws_route",
      "name": "default",
      "provider": "provider[\"registry.terraform.io/hashicorp/aws\"].eu-east-1",
      "instances": [
        {
          "schema_version": 0,
          "attributes": {
            "carrier_gateway_id": "",
            "core_network_arn": "",
            "destination_cidr_block": "0.0.0.0/0",
            "destination_ipv6_cidr_block": "",
            "destination_prefix_list_id": "",
            "egress_only_gateway_id": "",
            "gateway_id": "",
            "id": "r-rtb-02f2ca7afee4dbea91080289494",
            "instance_id": "",
            "instance_owner_id": "",
            "local_gateway_id": "",
            "nat_gateway_id": "nat-03f1f17926980c4b7",
            "network_interface_id": "",
            "origin": "CreateRoute",
            "route_table_id": "rtb-02f2ca7afee4dbea9",
            "state": "active",
            "timeouts": null,
            "transit_gateway_id": "",
            "vpc_endpoint_id": "",
            "vpc_peering_connection_id": ""
          },
          "sensitive_attributes": [],
          "private": "eyJlMmJmYjczMC1lY2FhLTExZTYtOGY4OC0zNDM2M2JjN2M0YzAiOnsiY3JlYXRlIjozMDAwMDAwMDAwMDAsImRlbGV0ZSI6MzAwMDAwMDAwMDAwLCJ1cGRhdGUiOjEyMDAwMDAwMDAwMH19",
          "dependencies": [
            "module.active-network.data.aws_availability_zones.available",
            "module.active-network.module.ig.aws_internet_gateway.this",
            "module.active-network.module.nat_gw.aws_eip.nat",
            "module.active-network.module.nat_gw.aws_nat_gateway.this",
            "module.active-network.module.private-subnets.aws_route_table.this",
            "module.active-network.module.public-subnets.aws_route.default",
            "module.active-network.module.public-subnets.aws_route_table.this",
            "module.active-network.module.public-subnets.aws_route_table_association.this",
            "module.active-network.module.public-subnets.aws_subnet.this",
            "module.active-network.module.vpc.aws_vpc.this"
          ],
          "create_before_destroy": true
        }
      ]
    },
    {
      "module": "module.active-network.module.private-subnets[1]",
      "mode": "managed",
      "type": "aws_route_table",
      "name": "this",
      "provider": "provider[\"registry.terraform.io/hashicorp/aws\"].eu-east-1",
      "instances": [
        {
          "schema_version": 0,
          "attributes": {
            "arn": "arn:aws:ec2:us-east-1:501268445310:route-table/rtb-02f2ca7afee4dbea9",
            "id": "rtb-02f2ca7afee4dbea9",
            "owner_id": "501268445310",
            "propagating_vgws": [],
            "route": [],
            "tags": null,
            "tags_all": {
              "author": "Grupo13",
              "created-by": "terraform",
              "subject": "Redes",
              "university": "ITBA",
              "version": "1"
            },
            "timeouts": null,
            "vpc_id": "vpc-0512d6922b283dab8"
          },
          "sensitive_attributes": [],
          "private": "eyJlMmJmYjczMC1lY2FhLTExZTYtOGY4OC0zNDM2M2JjN2M0YzAiOnsiY3JlYXRlIjozMDAwMDAwMDAwMDAsImRlbGV0ZSI6MzAwMDAwMDAwMDAwLCJ1cGRhdGUiOjEyMDAwMDAwMDAwMH19",
          "dependencies": [
            "module.active-network.data.aws_availability_zones.available",
            "module.active-network.module.vpc.aws_vpc.this"
          ],
          "create_before_destroy": true
        }
      ]
    },
    {
      "module": "module.active-network.module.private-subnets[1]",
      "mode": "managed",
      "type": "aws_route_table_association",
      "name": "this",
      "provider": "provider[\"registry.terraform.io/hashicorp/aws\"].eu-east-1",
      "instances": [
        {
          "schema_version": 0,
          "attributes": {
            "gateway_id": "",
            "id": "rtbassoc-08c327d8711288d05",
            "route_table_id": "rtb-02f2ca7afee4dbea9",
            "subnet_id": "subnet-0cc630d92c47eff22",
            "timeouts": null
          },
          "sensitive_attributes": [],
          "private": "eyJlMmJmYjczMC1lY2FhLTExZTYtOGY4OC0zNDM2M2JjN2M0YzAiOnsiY3JlYXRlIjozMDAwMDAwMDAwMDAsImRlbGV0ZSI6MzAwMDAwMDAwMDAwLCJ1cGRhdGUiOjEyMDAwMDAwMDAwMH19",
          "dependencies": [
            "module.active-network.data.aws_availability_zones.available",
            "module.active-network.module.private-subnets.aws_route_table.this",
            "module.active-network.module.private-subnets.aws_subnet.this",
            "module.active-network.module.vpc.aws_vpc.this"
          ],
          "create_before_destroy": true
        }
      ]
    },
    {
      "module": "module.active-network.module.private-subnets[1]",
      "mode": "managed",
      "type": "aws_subnet",
      "name": "this",
      "provider": "provider[\"registry.terraform.io/hashicorp/aws\"].eu-east-1",
      "instances": [
        {
          "schema_version": 1,
          "attributes": {
            "arn": "arn:aws:ec2:us-east-1:501268445310:subnet/subnet-0cc630d92c47eff22",
            "assign_ipv6_address_on_creation": false,
            "availability_zone": "us-east-1b",
            "availability_zone_id": "use1-az1",
            "cidr_block": "10.0.1.0/24",
            "customer_owned_ipv4_pool": "",
            "enable_dns64": false,
            "enable_lni_at_device_index": 0,
            "enable_resource_name_dns_a_record_on_launch": false,
            "enable_resource_name_dns_aaaa_record_on_launch": false,
            "id": "subnet-0cc630d92c47eff22",
            "ipv6_cidr_block": "",
            "ipv6_cidr_block_association_id": "",
            "ipv6_native": false,
            "map_customer_owned_ip_on_launch": false,
            "map_public_ip_on_launch": false,
            "outpost_arn": "",
            "owner_id": "501268445310",
            "private_dns_hostname_type_on_launch": "ip-name",
            "tags": {
              "Name": "private-subnet-1"
            },
            "tags_all": {
              "Name": "private-subnet-1",
              "author": "Grupo13",
              "created-by": "terraform",
              "subject": "Redes",
              "university": "ITBA",
              "version": "1"
            },
            "timeouts": null,
            "vpc_id": "vpc-0512d6922b283dab8"
          },
          "sensitive_attributes": [],
          "private": "eyJlMmJmYjczMC1lY2FhLTExZTYtOGY4OC0zNDM2M2JjN2M0YzAiOnsiY3JlYXRlIjo2MDAwMDAwMDAwMDAsImRlbGV0ZSI6MTIwMDAwMDAwMDAwMH0sInNjaGVtYV92ZXJzaW9uIjoiMSJ9",
          "dependencies": [
            "module.active-network.data.aws_availability_zones.available",
            "module.active-network.module.vpc.aws_vpc.this"
          ],
          "create_before_destroy": true
        }
      ]
    },
    {
      "module": "module.active-network.module.public-subnets[0]",
      "mode": "managed",
      "type": "aws_route",
      "name": "default",
      "provider": "provider[\"registry.terraform.io/hashicorp/aws\"].eu-east-1",
      "instances": [
        {
          "schema_version": 0,
          "attributes": {
            "carrier_gateway_id": "",
            "core_network_arn": "",
            "destination_cidr_block": "0.0.0.0/0",
            "destination_ipv6_cidr_block": "",
            "destination_prefix_list_id": "",
            "egress_only_gateway_id": "",
            "gateway_id": "igw-0c429773c065893b3",
            "id": "r-rtb-013cd94307946374f1080289494",
            "instance_id": "",
            "instance_owner_id": "",
            "local_gateway_id": "",
            "nat_gateway_id": "",
            "network_interface_id": "",
            "origin": "CreateRoute",
            "route_table_id": "rtb-013cd94307946374f",
            "state": "active",
            "timeouts": null,
            "transit_gateway_id": "",
            "vpc_endpoint_id": "",
            "vpc_peering_connection_id": ""
          },
          "sensitive_attributes": [],
          "private": "eyJlMmJmYjczMC1lY2FhLTExZTYtOGY4OC0zNDM2M2JjN2M0YzAiOnsiY3JlYXRlIjozMDAwMDAwMDAwMDAsImRlbGV0ZSI6MzAwMDAwMDAwMDAwLCJ1cGRhdGUiOjEyMDAwMDAwMDAwMH19",
          "dependencies": [
            "module.active-network.data.aws_availability_zones.available",
            "module.active-network.module.ig.aws_internet_gateway.this",
            "module.active-network.module.public-subnets.aws_route_table.this",
            "module.active-network.module.vpc.aws_vpc.this"
          ],
          "create_before_destroy": true
        }
      ]
    },
    {
      "module": "module.active-network.module.public-subnets[0]",
      "mode": "managed",
      "type": "aws_route_table",
      "name": "this",
      "provider": "provider[\"registry.terraform.io/hashicorp/aws\"].eu-east-1",
      "instances": [
        {
          "schema_version": 0,
          "attributes": {
            "arn": "arn:aws:ec2:us-east-1:501268445310:route-table/rtb-013cd94307946374f",
            "id": "rtb-013cd94307946374f",
            "owner_id": "501268445310",
            "propagating_vgws": [],
            "route": [],
            "tags": null,
            "tags_all": {
              "author": "Grupo13",
              "created-by": "terraform",
              "subject": "Redes",
              "university": "ITBA",
              "version": "1"
            },
            "timeouts": null,
            "vpc_id": "vpc-0512d6922b283dab8"
          },
          "sensitive_attributes": [],
          "private": "eyJlMmJmYjczMC1lY2FhLTExZTYtOGY4OC0zNDM2M2JjN2M0YzAiOnsiY3JlYXRlIjozMDAwMDAwMDAwMDAsImRlbGV0ZSI6MzAwMDAwMDAwMDAwLCJ1cGRhdGUiOjEyMDAwMDAwMDAwMH19",
          "dependencies": [
            "module.active-network.data.aws_availability_zones.available",
            "module.active-network.module.vpc.aws_vpc.this"
          ],
          "create_before_destroy": true
        }
      ]
    },
    {
      "module": "module.active-network.module.public-subnets[0]",
      "mode": "managed",
      "type": "aws_route_table_association",
      "name": "this",
      "provider": "provider[\"registry.terraform.io/hashicorp/aws\"].eu-east-1",
      "instances": [
        {
          "schema_version": 0,
          "attributes": {
            "gateway_id": "",
            "id": "rtbassoc-0dda77c96a0bed3e9",
            "route_table_id": "rtb-013cd94307946374f",
            "subnet_id": "subnet-032767e2afd553746",
            "timeouts": null
          },
          "sensitive_attributes": [],
          "private": "eyJlMmJmYjczMC1lY2FhLTExZTYtOGY4OC0zNDM2M2JjN2M0YzAiOnsiY3JlYXRlIjozMDAwMDAwMDAwMDAsImRlbGV0ZSI6MzAwMDAwMDAwMDAwLCJ1cGRhdGUiOjEyMDAwMDAwMDAwMH19",
          "dependencies": [
            "module.active-network.data.aws_availability_zones.available",
            "module.active-network.module.public-subnets.aws_route_table.this",
            "module.active-network.module.public-subnets.aws_subnet.this",
            "module.active-network.module.vpc.aws_vpc.this"
          ],
          "create_before_destroy": true
        }
      ]
    },
    {
      "module": "module.active-network.module.public-subnets[0]",
      "mode": "managed",
      "type": "aws_subnet",
      "name": "this",
      "provider": "provider[\"registry.terraform.io/hashicorp/aws\"].eu-east-1",
      "instances": [
        {
          "schema_version": 1,
          "attributes": {
            "arn": "arn:aws:ec2:us-east-1:501268445310:subnet/subnet-032767e2afd553746",
            "assign_ipv6_address_on_creation": false,
            "availability_zone": "us-east-1a",
            "availability_zone_id": "use1-az6",
            "cidr_block": "10.0.2.0/24",
            "customer_owned_ipv4_pool": "",
            "enable_dns64": false,
            "enable_lni_at_device_index": 0,
            "enable_resource_name_dns_a_record_on_launch": false,
            "enable_resource_name_dns_aaaa_record_on_launch": false,
            "id": "subnet-032767e2afd553746",
            "ipv6_cidr_block": "",
            "ipv6_cidr_block_association_id": "",
            "ipv6_native": false,
            "map_customer_owned_ip_on_launch": false,
            "map_public_ip_on_launch": false,
            "outpost_arn": "",
            "owner_id": "501268445310",
            "private_dns_hostname_type_on_launch": "ip-name",
            "tags": {
              "Name": "public-subnet-0"
            },
            "tags_all": {
              "Name": "public-subnet-0",
              "author": "Grupo13",
              "created-by": "terraform",
              "subject": "Redes",
              "university": "ITBA",
              "version": "1"
            },
            "timeouts": null,
            "vpc_id": "vpc-0512d6922b283dab8"
          },
          "sensitive_attributes": [],
          "private": "eyJlMmJmYjczMC1lY2FhLTExZTYtOGY4OC0zNDM2M2JjN2M0YzAiOnsiY3JlYXRlIjo2MDAwMDAwMDAwMDAsImRlbGV0ZSI6MTIwMDAwMDAwMDAwMH0sInNjaGVtYV92ZXJzaW9uIjoiMSJ9",
          "dependencies": [
            "module.active-network.data.aws_availability_zones.available",
            "module.active-network.module.vpc.aws_vpc.this"
          ],
          "create_before_destroy": true
        }
      ]
    },
    {
      "module": "module.active-network.module.public-subnets[1]",
      "mode": "managed",
      "type": "aws_route",
      "name": "default",
      "provider": "provider[\"registry.terraform.io/hashicorp/aws\"].eu-east-1",
      "instances": [
        {
          "schema_version": 0,
          "attributes": {
            "carrier_gateway_id": "",
            "core_network_arn": "",
            "destination_cidr_block": "0.0.0.0/0",
            "destination_ipv6_cidr_block": "",
            "destination_prefix_list_id": "",
            "egress_only_gateway_id": "",
            "gateway_id": "igw-0c429773c065893b3",
            "id": "r-rtb-0f0288de01951d6251080289494",
            "instance_id": "",
            "instance_owner_id": "",
            "local_gateway_id": "",
            "nat_gateway_id": "",
            "network_interface_id": "",
            "origin": "CreateRoute",
            "route_table_id": "rtb-0f0288de01951d625",
            "state": "active",
            "timeouts": null,
            "transit_gateway_id": "",
            "vpc_endpoint_id": "",
            "vpc_peering_connection_id": ""
          },
          "sensitive_attributes": [],
          "private": "eyJlMmJmYjczMC1lY2FhLTExZTYtOGY4OC0zNDM2M2JjN2M0YzAiOnsiY3JlYXRlIjozMDAwMDAwMDAwMDAsImRlbGV0ZSI6MzAwMDAwMDAwMDAwLCJ1cGRhdGUiOjEyMDAwMDAwMDAwMH19",
          "dependencies": [
            "module.active-network.data.aws_availability_zones.available",
            "module.active-network.module.ig.aws_internet_gateway.this",
            "module.active-network.module.public-subnets.aws_route_table.this",
            "module.active-network.module.vpc.aws_vpc.this"
          ],
          "create_before_destroy": true
        }
      ]
    },
    {
      "module": "module.active-network.module.public-subnets[1]",
      "mode": "managed",
      "type": "aws_route_table",
      "name": "this",
      "provider": "provider[\"registry.terraform.io/hashicorp/aws\"].eu-east-1",
      "instances": [
        {
          "schema_version": 0,
          "attributes": {
            "arn": "arn:aws:ec2:us-east-1:501268445310:route-table/rtb-0f0288de01951d625",
            "id": "rtb-0f0288de01951d625",
            "owner_id": "501268445310",
            "propagating_vgws": [],
            "route": [],
            "tags": null,
            "tags_all": {
              "author": "Grupo13",
              "created-by": "terraform",
              "subject": "Redes",
              "university": "ITBA",
              "version": "1"
            },
            "timeouts": null,
            "vpc_id": "vpc-0512d6922b283dab8"
          },
          "sensitive_attributes": [],
          "private": "eyJlMmJmYjczMC1lY2FhLTExZTYtOGY4OC0zNDM2M2JjN2M0YzAiOnsiY3JlYXRlIjozMDAwMDAwMDAwMDAsImRlbGV0ZSI6MzAwMDAwMDAwMDAwLCJ1cGRhdGUiOjEyMDAwMDAwMDAwMH19",
          "dependencies": [
            "module.active-network.data.aws_availability_zones.available",
            "module.active-network.module.vpc.aws_vpc.this"
          ],
          "create_before_destroy": true
        }
      ]
    },
    {
      "module": "module.active-network.module.public-subnets[1]",
      "mode": "managed",
      "type": "aws_route_table_association",
      "name": "this",
      "provider": "provider[\"registry.terraform.io/hashicorp/aws\"].eu-east-1",
      "instances": [
        {
          "schema_version": 0,
          "attributes": {
            "gateway_id": "",
            "id": "rtbassoc-0849e78c85ddd7cd2",
            "route_table_id": "rtb-0f0288de01951d625",
            "subnet_id": "subnet-0f51686ad7da1d1fa",
            "timeouts": null
          },
          "sensitive_attributes": [],
          "private": "eyJlMmJmYjczMC1lY2FhLTExZTYtOGY4OC0zNDM2M2JjN2M0YzAiOnsiY3JlYXRlIjozMDAwMDAwMDAwMDAsImRlbGV0ZSI6MzAwMDAwMDAwMDAwLCJ1cGRhdGUiOjEyMDAwMDAwMDAwMH19",
          "dependencies": [
            "module.active-network.data.aws_availability_zones.available",
            "module.active-network.module.public-subnets.aws_route_table.this",
            "module.active-network.module.public-subnets.aws_subnet.this",
            "module.active-network.module.vpc.aws_vpc.this"
          ],
          "create_before_destroy": true
        }
      ]
    },
    {
      "module": "module.active-network.module.public-subnets[1]",
      "mode": "managed",
      "type": "aws_subnet",
      "name": "this",
      "provider": "provider[\"registry.terraform.io/hashicorp/aws\"].eu-east-1",
      "instances": [
        {
          "schema_version": 1,
          "attributes": {
            "arn": "arn:aws:ec2:us-east-1:501268445310:subnet/subnet-0f51686ad7da1d1fa",
            "assign_ipv6_address_on_creation": false,
            "availability_zone": "us-east-1b",
            "availability_zone_id": "use1-az1",
            "cidr_block": "10.0.3.0/24",
            "customer_owned_ipv4_pool": "",
            "enable_dns64": false,
            "enable_lni_at_device_index": 0,
            "enable_resource_name_dns_a_record_on_launch": false,
            "enable_resource_name_dns_aaaa_record_on_launch": false,
            "id": "subnet-0f51686ad7da1d1fa",
            "ipv6_cidr_block": "",
            "ipv6_cidr_block_association_id": "",
            "ipv6_native": false,
            "map_customer_owned_ip_on_launch": false,
            "map_public_ip_on_launch": false,
            "outpost_arn": "",
            "owner_id": "501268445310",
            "private_dns_hostname_type_on_launch": "ip-name",
            "tags": {
              "Name": "public-subnet-1"
            },
            "tags_all": {
              "Name": "public-subnet-1",
              "author": "Grupo13",
              "created-by": "terraform",
              "subject": "Redes",
              "university": "ITBA",
              "version": "1"
            },
            "timeouts": null,
            "vpc_id": "vpc-0512d6922b283dab8"
          },
          "sensitive_attributes": [],
          "private": "eyJlMmJmYjczMC1lY2FhLTExZTYtOGY4OC0zNDM2M2JjN2M0YzAiOnsiY3JlYXRlIjo2MDAwMDAwMDAwMDAsImRlbGV0ZSI6MTIwMDAwMDAwMDAwMH0sInNjaGVtYV92ZXJzaW9uIjoiMSJ9",
          "dependencies": [
            "module.active-network.data.aws_availability_zones.available",
            "module.active-network.module.vpc.aws_vpc.this"
          ],
          "create_before_destroy": true
        }
      ]
    },
    {
      "module": "module.active-network.module.vpc",
      "mode": "managed",
      "type": "aws_vpc",
      "name": "this",
      "provider": "provider[\"registry.terraform.io/hashicorp/aws\"].eu-east-1",
      "instances": [
        {
          "schema_version": 1,
          "attributes": {
            "arn": "arn:aws:ec2:us-east-1:501268445310:vpc/vpc-0512d6922b283dab8",
            "assign_generated_ipv6_cidr_block": false,
            "cidr_block": "10.0.0.0/16",
            "default_network_acl_id": "acl-05c9720b2f809a401",
            "default_route_table_id": "rtb-0222d6b2338a6159a",
            "default_security_group_id": "sg-0ed29889a70137806",
            "dhcp_options_id": "dopt-0469a9fd567806c8d",
            "enable_dns_hostnames": false,
            "enable_dns_support": true,
            "enable_network_address_usage_metrics": false,
            "id": "vpc-0512d6922b283dab8",
            "instance_tenancy": "default",
            "ipv4_ipam_pool_id": null,
            "ipv4_netmask_length": null,
            "ipv6_association_id": "",
            "ipv6_cidr_block": "",
            "ipv6_cidr_block_network_border_group": "",
            "ipv6_ipam_pool_id": "",
            "ipv6_netmask_length": 0,
            "main_route_table_id": "rtb-0222d6b2338a6159a",
            "owner_id": "501268445310",
            "tags": {
              "Name": "redes-vpc"
            },
            "tags_all": {
              "Name": "redes-vpc",
              "author": "Grupo13",
              "created-by": "terraform",
              "subject": "Redes",
              "university": "ITBA",
              "version": "1"
            }
          },
          "sensitive_attributes": [],
          "private": "eyJzY2hlbWFfdmVyc2lvbiI6IjEifQ==",
          "create_before_destroy": true
        }
      ]
    },
    {
      "module": "module.dns-active-passive",
      "mode": "managed",
      "type": "aws_route53_health_check",
      "name": "active",
      "provider": "module.dns-active-passive.provider[\"registry.terraform.io/hashicorp/aws\"]",
      "instances": [
        {
          "schema_version": 0,
          "attributes": {
            "arn": "arn:aws:route53:::healthcheck/6e56ff52-d231-49ee-a6c0-38ec8b9facd2",
            "child_health_threshold": 0,
            "child_healthchecks": null,
            "cloudwatch_alarm_name": null,
            "cloudwatch_alarm_region": null,
            "disabled": false,
            "enable_sni": false,
            "failure_threshold": 1,
            "fqdn": "test-api.aleph51.com.ar",
            "id": "6e56ff52-d231-49ee-a6c0-38ec8b9facd2",
            "insufficient_data_health_status": "",
            "invert_healthcheck": false,
            "ip_address": "",
            "measure_latency": false,
            "port": 80,
            "reference_name": null,
            "regions": null,
            "request_interval": 10,
            "resource_path": "/",
            "routing_control_arn": "",
            "search_string": "",
            "tags": {
              "Name": "failover-healthcheck"
            },
            "tags_all": {
              "Name": "failover-healthcheck"
            },
            "type": "HTTP"
          },
          "sensitive_attributes": [],
          "private": "bnVsbA=="
        }
      ]
    },
    {
      "module": "module.dns-active-passive",
      "mode": "managed",
      "type": "aws_route53_record",
      "name": "active",
      "provider": "module.dns-active-passive.provider[\"registry.terraform.io/hashicorp/aws\"]",
      "instances": [
        {
          "schema_version": 2,
          "attributes": {
            "alias": [
              {
                "evaluate_target_health": true,
                "name": "redes-alb-us-east-1-1403289414.us-east-1.elb.amazonaws.com",
                "zone_id": "Z35SXDOTRQ7X7K"
              }
            ],
            "allow_overwrite": null,
            "cidr_routing_policy": [],
            "failover_routing_policy": [
              {
                "type": "PRIMARY"
              }
            ],
            "fqdn": "test-api.aleph51.com.ar",
            "geolocation_routing_policy": [],
            "health_check_id": "",
            "id": "Z01856901CCABB61K7GSF__A_test-api.aleph51.com.ar-active",
            "latency_routing_policy": [],
            "multivalue_answer_routing_policy": false,
            "name": "",
            "records": null,
            "set_identifier": "test-api.aleph51.com.ar-active",
            "ttl": 0,
            "type": "A",
            "weighted_routing_policy": [],
            "zone_id": "Z01856901CCABB61K7GSF"
          },
          "sensitive_attributes": [],
          "private": "eyJzY2hlbWFfdmVyc2lvbiI6IjIifQ==",
          "dependencies": [
            "data.aws_route53_zone.this",
            "module.active-network.aws_security_group.alb",
            "module.active-network.data.aws_availability_zones.available",
            "module.active-network.data.aws_region.current",
            "module.active-network.module.alb.aws_lb.this",
            "module.active-network.module.alb.aws_security_group.this",
            "module.active-network.module.ig.aws_internet_gateway.this",
            "module.active-network.module.public-subnets.aws_route.default",
            "module.active-network.module.public-subnets.aws_route_table.this",
            "module.active-network.module.public-subnets.aws_route_table_association.this",
            "module.active-network.module.public-subnets.aws_subnet.this",
            "module.active-network.module.vpc.aws_vpc.this"
          ]
        }
      ]
    },
    {
      "module": "module.dns-active-passive",
      "mode": "managed",
      "type": "aws_route53_record",
      "name": "passive",
      "provider": "module.dns-active-passive.provider[\"registry.terraform.io/hashicorp/aws\"]",
      "instances": [
        {
          "schema_version": 2,
          "attributes": {
            "alias": [
              {
                "evaluate_target_health": true,
                "name": "redes-alb-us-east-2-646680553.us-east-2.elb.amazonaws.com",
                "zone_id": "Z3AADJGX6KTTL2"
              }
            ],
            "allow_overwrite": null,
            "cidr_routing_policy": [],
            "failover_routing_policy": [
              {
                "type": "SECONDARY"
              }
            ],
            "fqdn": "test-api.aleph51.com.ar",
            "geolocation_routing_policy": [],
            "health_check_id": "",
            "id": "Z01856901CCABB61K7GSF__A_test-api.aleph51.com.ar-passive",
            "latency_routing_policy": [],
            "multivalue_answer_routing_policy": false,
            "name": "",
            "records": null,
            "set_identifier": "test-api.aleph51.com.ar-passive",
            "ttl": 0,
            "type": "A",
            "weighted_routing_policy": [],
            "zone_id": "Z01856901CCABB61K7GSF"
          },
          "sensitive_attributes": [],
          "private": "eyJzY2hlbWFfdmVyc2lvbiI6IjIifQ==",
          "dependencies": [
            "data.aws_route53_zone.this",
            "module.passive-network.aws_security_group.alb",
            "module.passive-network.data.aws_availability_zones.available",
            "module.passive-network.data.aws_region.current",
            "module.passive-network.module.alb.aws_lb.this",
            "module.passive-network.module.alb.aws_security_group.this",
            "module.passive-network.module.ig.aws_internet_gateway.this",
            "module.passive-network.module.public-subnets.aws_route.default",
            "module.passive-network.module.public-subnets.aws_route_table.this",
            "module.passive-network.module.public-subnets.aws_route_table_association.this",
            "module.passive-network.module.public-subnets.aws_subnet.this",
            "module.passive-network.module.vpc.aws_vpc.this"
          ]
        }
      ]
    },
    {
      "module": "module.passive-network",
      "mode": "data",
      "type": "aws_availability_zones",
      "name": "available",
      "provider": "provider[\"registry.terraform.io/hashicorp/aws\"].us-east-2",
      "instances": [
        {
          "schema_version": 0,
          "attributes": {
            "all_availability_zones": null,
            "exclude_names": null,
            "exclude_zone_ids": null,
            "filter": null,
            "group_names": [
              "us-east-2"
            ],
            "id": "us-east-2",
            "names": [
              "us-east-2a",
              "us-east-2b",
              "us-east-2c"
            ],
            "state": "available",
            "timeouts": null,
            "zone_ids": [
              "use2-az1",
              "use2-az2",
              "use2-az3"
            ]
          },
          "sensitive_attributes": []
        }
      ]
    },
    {
      "module": "module.passive-network",
      "mode": "data",
      "type": "aws_region",
      "name": "current",
      "provider": "provider[\"registry.terraform.io/hashicorp/aws\"].us-east-2",
      "instances": [
        {
          "schema_version": 0,
          "attributes": {
            "description": "US East (Ohio)",
            "endpoint": "ec2.us-east-2.amazonaws.com",
            "id": "us-east-2",
            "name": "us-east-2"
          },
          "sensitive_attributes": []
        }
      ]
    },
    {
      "module": "module.passive-network",
      "mode": "managed",
      "type": "aws_security_group",
      "name": "alb",
      "provider": "provider[\"registry.terraform.io/hashicorp/aws\"].us-east-2",
      "instances": [
        {
          "schema_version": 1,
          "attributes": {
            "arn": "arn:aws:ec2:us-east-2:501268445310:security-group/sg-04ed2eb5b4feb3e3e",
            "description": "Allow inbound traffic",
            "egress": [
              {
                "cidr_blocks": [
                  "0.0.0.0/0"
                ],
                "description": "",
                "from_port": 0,
                "ipv6_cidr_blocks": [],
                "prefix_list_ids": [],
                "protocol": "-1",
                "security_groups": [],
                "self": false,
                "to_port": 0
              }
            ],
            "id": "sg-04ed2eb5b4feb3e3e",
            "ingress": [
              {
                "cidr_blocks": [
                  "0.0.0.0/0"
                ],
                "description": "",
                "from_port": 443,
                "ipv6_cidr_blocks": [],
                "prefix_list_ids": [],
                "protocol": "tcp",
                "security_groups": [],
                "self": false,
                "to_port": 443
              },
              {
                "cidr_blocks": [
                  "0.0.0.0/0"
                ],
                "description": "",
                "from_port": 80,
                "ipv6_cidr_blocks": [],
                "prefix_list_ids": [],
                "protocol": "tcp",
                "security_groups": [],
                "self": false,
                "to_port": 80
              }
            ],
            "name": "alb",
            "name_prefix": "",
            "owner_id": "501268445310",
            "revoke_rules_on_delete": false,
            "tags": {
              "Name": "alb-sg"
            },
            "tags_all": {
              "Name": "alb-sg",
              "author": "Grupo13",
              "created-by": "terraform",
              "subject": "Redes",
              "university": "ITBA",
              "version": "1"
            },
            "timeouts": null,
            "vpc_id": "vpc-06fc97e277e276275"
          },
          "sensitive_attributes": [],
          "private": "eyJlMmJmYjczMC1lY2FhLTExZTYtOGY4OC0zNDM2M2JjN2M0YzAiOnsiY3JlYXRlIjo2MDAwMDAwMDAwMDAsImRlbGV0ZSI6OTAwMDAwMDAwMDAwfSwic2NoZW1hX3ZlcnNpb24iOiIxIn0=",
          "dependencies": [
            "module.passive-network.module.vpc.aws_vpc.this"
          ]
        }
      ]
    },
    {
      "module": "module.passive-network",
      "mode": "managed",
      "type": "aws_security_group",
      "name": "ec2",
      "provider": "provider[\"registry.terraform.io/hashicorp/aws\"].us-east-2",
      "instances": [
        {
          "schema_version": 1,
          "attributes": {
            "arn": "arn:aws:ec2:us-east-2:501268445310:security-group/sg-0f679432d156de6c4",
            "description": "Allow inbound traffic",
            "egress": [
              {
                "cidr_blocks": [
                  "0.0.0.0/0"
                ],
                "description": "",
                "from_port": 0,
                "ipv6_cidr_blocks": [],
                "prefix_list_ids": [],
                "protocol": "-1",
                "security_groups": [],
                "self": false,
                "to_port": 0
              }
            ],
            "id": "sg-0f679432d156de6c4",
            "ingress": [
              {
                "cidr_blocks": [
                  "0.0.0.0/0"
                ],
                "description": "",
                "from_port": 22,
                "ipv6_cidr_blocks": [],
                "prefix_list_ids": [],
                "protocol": "tcp",
                "security_groups": [],
                "self": false,
                "to_port": 22
              },
              {
                "cidr_blocks": [
                  "0.0.0.0/0"
                ],
                "description": "",
                "from_port": 443,
                "ipv6_cidr_blocks": [],
                "prefix_list_ids": [],
                "protocol": "tcp",
                "security_groups": [],
                "self": false,
                "to_port": 443
              },
              {
                "cidr_blocks": [
                  "0.0.0.0/0"
                ],
                "description": "",
                "from_port": 5000,
                "ipv6_cidr_blocks": [],
                "prefix_list_ids": [],
                "protocol": "tcp",
                "security_groups": [],
                "self": false,
                "to_port": 5000
              },
              {
                "cidr_blocks": [
                  "0.0.0.0/0"
                ],
                "description": "",
                "from_port": 80,
                "ipv6_cidr_blocks": [],
                "prefix_list_ids": [],
                "protocol": "tcp",
                "security_groups": [],
                "self": false,
                "to_port": 80
              }
            ],
            "name": "ec2",
            "name_prefix": "",
            "owner_id": "501268445310",
            "revoke_rules_on_delete": false,
            "tags": {
              "Name": "ec2"
            },
            "tags_all": {
              "Name": "ec2",
              "author": "Grupo13",
              "created-by": "terraform",
              "subject": "Redes",
              "university": "ITBA",
              "version": "1"
            },
            "timeouts": null,
            "vpc_id": "vpc-06fc97e277e276275"
          },
          "sensitive_attributes": [],
          "private": "eyJlMmJmYjczMC1lY2FhLTExZTYtOGY4OC0zNDM2M2JjN2M0YzAiOnsiY3JlYXRlIjo2MDAwMDAwMDAwMDAsImRlbGV0ZSI6OTAwMDAwMDAwMDAwfSwic2NoZW1hX3ZlcnNpb24iOiIxIn0=",
          "dependencies": [
            "module.passive-network.module.vpc.aws_vpc.this"
          ],
          "create_before_destroy": true
        }
      ]
    },
    {
      "module": "module.passive-network.module.alb",
      "mode": "managed",
      "type": "aws_lb",
      "name": "this",
      "provider": "provider[\"registry.terraform.io/hashicorp/aws\"].us-east-2",
      "instances": [
        {
          "index_key": 0,
          "schema_version": 0,
          "attributes": {
            "access_logs": [
              {
                "bucket": "",
                "enabled": false,
                "prefix": ""
              }
            ],
            "arn": "arn:aws:elasticloadbalancing:us-east-2:501268445310:loadbalancer/app/redes-alb-us-east-2/d7de451c20387345",
            "arn_suffix": "app/redes-alb-us-east-2/d7de451c20387345",
            "customer_owned_ipv4_pool": "",
            "desync_mitigation_mode": "defensive",
            "dns_name": "redes-alb-us-east-2-646680553.us-east-2.elb.amazonaws.com",
            "drop_invalid_header_fields": false,
            "enable_cross_zone_load_balancing": true,
            "enable_deletion_protection": false,
            "enable_http2": true,
            "enable_tls_version_and_cipher_suite_headers": false,
            "enable_waf_fail_open": false,
            "enable_xff_client_port": true,
            "id": "arn:aws:elasticloadbalancing:us-east-2:501268445310:loadbalancer/app/redes-alb-us-east-2/d7de451c20387345",
            "idle_timeout": 60,
            "internal": false,
            "ip_address_type": "ipv4",
            "load_balancer_type": "application",
            "name": "redes-alb-us-east-2",
            "name_prefix": null,
            "preserve_host_header": false,
            "security_groups": [
              "sg-04ed2eb5b4feb3e3e",
              "sg-0a0ea234f4cd752c8"
            ],
            "subnet_mapping": [
              {
                "allocation_id": "",
                "ipv6_address": "",
                "outpost_id": "",
                "private_ipv4_address": "",
                "subnet_id": "subnet-00a0801d802bb9895"
              },
              {
                "allocation_id": "",
                "ipv6_address": "",
                "outpost_id": "",
                "private_ipv4_address": "",
                "subnet_id": "subnet-0835798119475750a"
              }
            ],
            "subnets": [
              "subnet-00a0801d802bb9895",
              "subnet-0835798119475750a"
            ],
            "tags": {
              "Name": "redes-alb"
            },
            "tags_all": {
              "Name": "redes-alb",
              "author": "Grupo13",
              "created-by": "terraform",
              "subject": "Redes",
              "university": "ITBA",
              "version": "1"
            },
            "timeouts": {
              "create": "10m",
              "delete": "10m",
              "update": "10m"
            },
            "vpc_id": "vpc-06fc97e277e276275",
            "xff_header_processing_mode": "append",
            "zone_id": "Z3AADJGX6KTTL2"
          },
          "sensitive_attributes": [],
          "private": "eyJlMmJmYjczMC1lY2FhLTExZTYtOGY4OC0zNDM2M2JjN2M0YzAiOnsiY3JlYXRlIjo2MDAwMDAwMDAwMDAsImRlbGV0ZSI6NjAwMDAwMDAwMDAwLCJ1cGRhdGUiOjYwMDAwMDAwMDAwMH19",
          "dependencies": [
            "module.passive-network.aws_security_group.alb",
            "module.passive-network.data.aws_availability_zones.available",
            "module.passive-network.data.aws_region.current",
            "module.passive-network.module.alb.aws_security_group.this",
            "module.passive-network.module.ig.aws_internet_gateway.this",
            "module.passive-network.module.public-subnets.aws_route.default",
            "module.passive-network.module.public-subnets.aws_route_table.this",
            "module.passive-network.module.public-subnets.aws_route_table_association.this",
            "module.passive-network.module.public-subnets.aws_subnet.this",
            "module.passive-network.module.vpc.aws_vpc.this"
          ]
        }
      ]
    },
    {
      "module": "module.passive-network.module.alb",
      "mode": "managed",
      "type": "aws_lb_listener",
      "name": "frontend_http_tcp",
      "provider": "provider[\"registry.terraform.io/hashicorp/aws\"].us-east-2",
      "instances": [
        {
          "index_key": 0,
          "schema_version": 0,
          "attributes": {
            "alpn_policy": null,
            "arn": "arn:aws:elasticloadbalancing:us-east-2:501268445310:listener/app/redes-alb-us-east-2/d7de451c20387345/e02f338e104c2764",
            "certificate_arn": null,
            "default_action": [
              {
                "authenticate_cognito": [],
                "authenticate_oidc": [],
                "fixed_response": [],
                "forward": [],
                "order": 1,
                "redirect": [],
                "target_group_arn": "arn:aws:elasticloadbalancing:us-east-2:501268445310:targetgroup/api-20230611212933182100000006/f9326afb4d997a89",
                "type": "forward"
              }
            ],
            "id": "arn:aws:elasticloadbalancing:us-east-2:501268445310:listener/app/redes-alb-us-east-2/d7de451c20387345/e02f338e104c2764",
            "load_balancer_arn": "arn:aws:elasticloadbalancing:us-east-2:501268445310:loadbalancer/app/redes-alb-us-east-2/d7de451c20387345",
            "port": 80,
            "protocol": "HTTP",
            "ssl_policy": "",
            "tags": {
              "Name": "redes-alb"
            },
            "tags_all": {
              "Name": "redes-alb",
              "author": "Grupo13",
              "created-by": "terraform",
              "subject": "Redes",
              "university": "ITBA",
              "version": "1"
            },
            "timeouts": null
          },
          "sensitive_attributes": [],
          "private": "eyJlMmJmYjczMC1lY2FhLTExZTYtOGY4OC0zNDM2M2JjN2M0YzAiOnsicmVhZCI6NjAwMDAwMDAwMDAwfX0=",
          "dependencies": [
            "module.passive-network.aws_security_group.alb",
            "module.passive-network.aws_security_group.ec2",
            "module.passive-network.data.aws_availability_zones.available",
            "module.passive-network.data.aws_region.current",
            "module.passive-network.module.alb.aws_lb.this",
            "module.passive-network.module.alb.aws_lb_target_group.main",
            "module.passive-network.module.alb.aws_security_group.this",
            "module.passive-network.module.ec2-api.aws_instance.this",
            "module.passive-network.module.ec2-api.aws_key_pair.key_pair",
            "module.passive-network.module.ec2-api.data.aws_ami.amazon-linux-2",
            "module.passive-network.module.ec2-api.data.aws_region.current",
            "module.passive-network.module.ec2-api.local_file.ssh_key",
            "module.passive-network.module.ec2-api.tls_private_key.key_pair",
            "module.passive-network.module.ig.aws_internet_gateway.this",
            "module.passive-network.module.nat_gw.aws_eip.nat",
            "module.passive-network.module.nat_gw.aws_nat_gateway.this",
            "module.passive-network.module.private-subnets.aws_route.default",
            "module.passive-network.module.private-subnets.aws_route_table.this",
            "module.passive-network.module.private-subnets.aws_route_table_association.this",
            "module.passive-network.module.private-subnets.aws_subnet.this",
            "module.passive-network.module.public-subnets.aws_route.default",
            "module.passive-network.module.public-subnets.aws_route_table.this",
            "module.passive-network.module.public-subnets.aws_route_table_association.this",
            "module.passive-network.module.public-subnets.aws_subnet.this",
            "module.passive-network.module.vpc.aws_vpc.this"
          ]
        }
      ]
    },
    {
      "module": "module.passive-network.module.alb",
      "mode": "managed",
      "type": "aws_lb_target_group",
      "name": "main",
      "provider": "provider[\"registry.terraform.io/hashicorp/aws\"].us-east-2",
      "instances": [
        {
          "index_key": 0,
          "schema_version": 0,
          "attributes": {
            "arn": "arn:aws:elasticloadbalancing:us-east-2:501268445310:targetgroup/api-20230611212933182100000006/f9326afb4d997a89",
            "arn_suffix": "targetgroup/api-20230611212933182100000006/f9326afb4d997a89",
            "connection_termination": false,
            "deregistration_delay": "300",
            "health_check": [
              {
                "enabled": true,
                "healthy_threshold": 5,
                "interval": 30,
                "matcher": "200",
                "path": "/",
                "port": "traffic-port",
                "protocol": "HTTP",
                "timeout": 5,
                "unhealthy_threshold": 2
              }
            ],
            "id": "arn:aws:elasticloadbalancing:us-east-2:501268445310:targetgroup/api-20230611212933182100000006/f9326afb4d997a89",
            "ip_address_type": "ipv4",
            "lambda_multi_value_headers_enabled": false,
            "load_balancing_algorithm_type": "round_robin",
            "load_balancing_cross_zone_enabled": "use_load_balancer_configuration",
            "name": "api-20230611212933182100000006",
            "name_prefix": "api-",
            "port": 80,
            "preserve_client_ip": null,
            "protocol": "HTTP",
            "protocol_version": "HTTP1",
            "proxy_protocol_v2": false,
            "slow_start": 0,
            "stickiness": [
              {
                "cookie_duration": 86400,
                "cookie_name": "",
                "enabled": false,
                "type": "lb_cookie"
              }
            ],
            "tags": {
              "Name": "api-"
            },
            "tags_all": {
              "Name": "api-",
              "author": "Grupo13",
              "created-by": "terraform",
              "subject": "Redes",
              "university": "ITBA",
              "version": "1"
            },
            "target_failover": [
              {
                "on_deregistration": null,
                "on_unhealthy": null
              }
            ],
            "target_type": "instance",
            "vpc_id": "vpc-06fc97e277e276275"
          },
          "sensitive_attributes": [],
          "private": "bnVsbA==",
          "dependencies": [
            "module.passive-network.aws_security_group.ec2",
            "module.passive-network.data.aws_availability_zones.available",
            "module.passive-network.module.ec2-api.aws_instance.this",
            "module.passive-network.module.ec2-api.aws_key_pair.key_pair",
            "module.passive-network.module.ec2-api.data.aws_ami.amazon-linux-2",
            "module.passive-network.module.ec2-api.data.aws_region.current",
            "module.passive-network.module.ec2-api.local_file.ssh_key",
            "module.passive-network.module.ec2-api.tls_private_key.key_pair",
            "module.passive-network.module.ig.aws_internet_gateway.this",
            "module.passive-network.module.nat_gw.aws_eip.nat",
            "module.passive-network.module.nat_gw.aws_nat_gateway.this",
            "module.passive-network.module.private-subnets.aws_route.default",
            "module.passive-network.module.private-subnets.aws_route_table.this",
            "module.passive-network.module.private-subnets.aws_route_table_association.this",
            "module.passive-network.module.private-subnets.aws_subnet.this",
            "module.passive-network.module.public-subnets.aws_route.default",
            "module.passive-network.module.public-subnets.aws_route_table.this",
            "module.passive-network.module.public-subnets.aws_route_table_association.this",
            "module.passive-network.module.public-subnets.aws_subnet.this",
            "module.passive-network.module.vpc.aws_vpc.this"
          ],
          "create_before_destroy": true
        }
      ]
    },
    {
      "module": "module.passive-network.module.alb",
      "mode": "managed",
      "type": "aws_lb_target_group_attachment",
      "name": "this",
      "provider": "provider[\"registry.terraform.io/hashicorp/aws\"].us-east-2",
      "instances": [
        {
          "index_key": "0.instance_1",
          "schema_version": 0,
          "attributes": {
            "availability_zone": null,
            "id": "arn:aws:elasticloadbalancing:us-east-2:501268445310:targetgroup/api-20230611212933182100000006/f9326afb4d997a89-20230611212935988400000007",
            "port": 5000,
            "target_group_arn": "arn:aws:elasticloadbalancing:us-east-2:501268445310:targetgroup/api-20230611212933182100000006/f9326afb4d997a89",
            "target_id": "i-07e5cc48d6c803e90"
          },
          "sensitive_attributes": [],
          "private": "bnVsbA==",
          "dependencies": [
            "module.passive-network.aws_security_group.ec2",
            "module.passive-network.data.aws_availability_zones.available",
            "module.passive-network.module.alb.aws_lambda_permission.lb",
            "module.passive-network.module.alb.aws_lb_target_group.main",
            "module.passive-network.module.ec2-api.aws_instance.this",
            "module.passive-network.module.ec2-api.aws_key_pair.key_pair",
            "module.passive-network.module.ec2-api.data.aws_ami.amazon-linux-2",
            "module.passive-network.module.ec2-api.data.aws_region.current",
            "module.passive-network.module.ec2-api.local_file.ssh_key",
            "module.passive-network.module.ec2-api.tls_private_key.key_pair",
            "module.passive-network.module.ig.aws_internet_gateway.this",
            "module.passive-network.module.nat_gw.aws_eip.nat",
            "module.passive-network.module.nat_gw.aws_nat_gateway.this",
            "module.passive-network.module.private-subnets.aws_route.default",
            "module.passive-network.module.private-subnets.aws_route_table.this",
            "module.passive-network.module.private-subnets.aws_route_table_association.this",
            "module.passive-network.module.private-subnets.aws_subnet.this",
            "module.passive-network.module.public-subnets.aws_route.default",
            "module.passive-network.module.public-subnets.aws_route_table.this",
            "module.passive-network.module.public-subnets.aws_route_table_association.this",
            "module.passive-network.module.public-subnets.aws_subnet.this",
            "module.passive-network.module.vpc.aws_vpc.this"
          ]
        },
        {
          "index_key": "0.instance_2",
          "schema_version": 0,
          "attributes": {
            "availability_zone": null,
            "id": "arn:aws:elasticloadbalancing:us-east-2:501268445310:targetgroup/api-20230611212933182100000006/f9326afb4d997a89-20230611212936311200000008",
            "port": 5000,
            "target_group_arn": "arn:aws:elasticloadbalancing:us-east-2:501268445310:targetgroup/api-20230611212933182100000006/f9326afb4d997a89",
            "target_id": "i-055aa8796a5c76a0f"
          },
          "sensitive_attributes": [],
          "private": "bnVsbA==",
          "dependencies": [
            "module.passive-network.aws_security_group.ec2",
            "module.passive-network.data.aws_availability_zones.available",
            "module.passive-network.module.alb.aws_lambda_permission.lb",
            "module.passive-network.module.alb.aws_lb_target_group.main",
            "module.passive-network.module.ec2-api.aws_instance.this",
            "module.passive-network.module.ec2-api.aws_key_pair.key_pair",
            "module.passive-network.module.ec2-api.data.aws_ami.amazon-linux-2",
            "module.passive-network.module.ec2-api.data.aws_region.current",
            "module.passive-network.module.ec2-api.local_file.ssh_key",
            "module.passive-network.module.ec2-api.tls_private_key.key_pair",
            "module.passive-network.module.ig.aws_internet_gateway.this",
            "module.passive-network.module.nat_gw.aws_eip.nat",
            "module.passive-network.module.nat_gw.aws_nat_gateway.this",
            "module.passive-network.module.private-subnets.aws_route.default",
            "module.passive-network.module.private-subnets.aws_route_table.this",
            "module.passive-network.module.private-subnets.aws_route_table_association.this",
            "module.passive-network.module.private-subnets.aws_subnet.this",
            "module.passive-network.module.public-subnets.aws_route.default",
            "module.passive-network.module.public-subnets.aws_route_table.this",
            "module.passive-network.module.public-subnets.aws_route_table_association.this",
            "module.passive-network.module.public-subnets.aws_subnet.this",
            "module.passive-network.module.vpc.aws_vpc.this"
          ]
        }
      ]
    },
    {
      "module": "module.passive-network.module.alb",
      "mode": "managed",
      "type": "aws_security_group",
      "name": "this",
      "provider": "provider[\"registry.terraform.io/hashicorp/aws\"].us-east-2",
      "instances": [
        {
          "index_key": 0,
          "schema_version": 1,
          "attributes": {
            "arn": "arn:aws:ec2:us-east-2:501268445310:security-group/sg-0a0ea234f4cd752c8",
            "description": "Managed by Terraform",
            "egress": [],
            "id": "sg-0a0ea234f4cd752c8",
            "ingress": [],
            "name": "redes-alb-us-east-2-20230611212706078500000001",
            "name_prefix": "redes-alb-us-east-2-",
            "owner_id": "501268445310",
            "revoke_rules_on_delete": false,
            "tags": {
              "Name": "redes-alb-us-east-2"
            },
            "tags_all": {
              "Name": "redes-alb-us-east-2",
              "author": "Grupo13",
              "created-by": "terraform",
              "subject": "Redes",
              "university": "ITBA",
              "version": "1"
            },
            "timeouts": null,
            "vpc_id": "vpc-06fc97e277e276275"
          },
          "sensitive_attributes": [],
          "private": "eyJlMmJmYjczMC1lY2FhLTExZTYtOGY4OC0zNDM2M2JjN2M0YzAiOnsiY3JlYXRlIjo2MDAwMDAwMDAwMDAsImRlbGV0ZSI6OTAwMDAwMDAwMDAwfSwic2NoZW1hX3ZlcnNpb24iOiIxIn0=",
          "dependencies": [
            "module.passive-network.data.aws_region.current",
            "module.passive-network.module.vpc.aws_vpc.this"
          ],
          "create_before_destroy": true
        }
      ]
    },
    {
      "module": "module.passive-network.module.ec2-api[0]",
      "mode": "data",
      "type": "aws_ami",
      "name": "amazon-linux-2",
      "provider": "provider[\"registry.terraform.io/hashicorp/aws\"].us-east-2",
      "instances": [
        {
          "schema_version": 0,
          "attributes": {
            "architecture": "x86_64",
            "arn": "arn:aws:ec2:us-east-2::image/ami-0dcbd2aa4a07a555b",
            "block_device_mappings": [
              {
                "device_name": "/dev/xvda",
                "ebs": {
                  "delete_on_termination": "true",
                  "encrypted": "false",
                  "iops": "0",
                  "snapshot_id": "snap-0aa51cbee3b0648ab",
                  "throughput": "0",
                  "volume_size": "8",
                  "volume_type": "gp2"
                },
                "no_device": "",
                "virtual_name": ""
              }
            ],
            "boot_mode": "",
            "creation_date": "2023-06-02T19:40:40.000Z",
            "deprecation_time": "2025-06-02T19:40:40.000Z",
            "description": "Amazon Linux 2 AMI 2.0.20230530.0 x86_64 HVM gp2",
            "ena_support": true,
            "executable_users": null,
            "filter": [
              {
                "name": "name",
                "values": [
                  "amzn2-ami-hvm*"
                ]
              }
            ],
            "hypervisor": "xen",
            "id": "ami-0dcbd2aa4a07a555b",
            "image_id": "ami-0dcbd2aa4a07a555b",
            "image_location": "amazon/amzn2-ami-hvm-2.0.20230530.0-x86_64-gp2",
            "image_owner_alias": "amazon",
            "image_type": "machine",
            "imds_support": "",
            "include_deprecated": false,
            "kernel_id": "",
            "most_recent": true,
            "name": "amzn2-ami-hvm-2.0.20230530.0-x86_64-gp2",
            "name_regex": null,
            "owner_id": "137112412989",
            "owners": [
              "amazon"
            ],
            "platform": "",
            "platform_details": "Linux/UNIX",
            "product_codes": [],
            "public": true,
            "ramdisk_id": "",
            "root_device_name": "/dev/xvda",
            "root_device_type": "ebs",
            "root_snapshot_id": "snap-0aa51cbee3b0648ab",
            "sriov_net_support": "simple",
            "state": "available",
            "state_reason": {
              "code": "UNSET",
              "message": "UNSET"
            },
            "tags": {},
            "timeouts": null,
            "tpm_support": "",
            "usage_operation": "RunInstances",
            "virtualization_type": "hvm"
          },
          "sensitive_attributes": []
        }
      ]
    },
    {
      "module": "module.passive-network.module.ec2-api[0]",
      "mode": "data",
      "type": "aws_region",
      "name": "current",
      "provider": "provider[\"registry.terraform.io/hashicorp/aws\"].us-east-2",
      "instances": [
        {
          "schema_version": 0,
          "attributes": {
            "description": "US East (Ohio)",
            "endpoint": "ec2.us-east-2.amazonaws.com",
            "id": "us-east-2",
            "name": "us-east-2"
          },
          "sensitive_attributes": []
        }
      ]
    },
    {
      "module": "module.passive-network.module.ec2-api[0]",
      "mode": "managed",
      "type": "aws_instance",
      "name": "this",
      "provider": "provider[\"registry.terraform.io/hashicorp/aws\"].us-east-2",
      "instances": [
        {
          "schema_version": 1,
          "attributes": {
            "ami": "ami-0dcbd2aa4a07a555b",
            "arn": "arn:aws:ec2:us-east-2:501268445310:instance/i-07e5cc48d6c803e90",
            "associate_public_ip_address": true,
            "availability_zone": "us-east-2a",
            "capacity_reservation_specification": [
              {
                "capacity_reservation_preference": "open",
                "capacity_reservation_target": []
              }
            ],
            "cpu_core_count": 1,
            "cpu_options": [
              {
                "amd_sev_snp": "",
                "core_count": 1,
                "threads_per_core": 1
              }
            ],
            "cpu_threads_per_core": 1,
            "credit_specification": [
              {
                "cpu_credits": "standard"
              }
            ],
            "disable_api_stop": false,
            "disable_api_termination": false,
            "ebs_block_device": [],
            "ebs_optimized": false,
            "enclave_options": [
              {
                "enabled": false
              }
            ],
            "ephemeral_block_device": [],
            "get_password_data": false,
            "hibernation": false,
            "host_id": "",
            "host_resource_group_arn": null,
            "iam_instance_profile": "",
            "id": "i-07e5cc48d6c803e90",
            "instance_initiated_shutdown_behavior": "stop",
            "instance_lifecycle": "",
            "instance_market_options": [],
            "instance_state": "running",
            "instance_type": "t2.micro",
            "ipv6_address_count": 0,
            "ipv6_addresses": [],
            "key_name": "express-api-0_key_pair_us-east-2",
            "launch_template": [],
            "maintenance_options": [
              {
                "auto_recovery": "default"
              }
            ],
            "metadata_options": [
              {
                "http_endpoint": "enabled",
                "http_put_response_hop_limit": 1,
                "http_tokens": "optional",
                "instance_metadata_tags": "disabled"
              }
            ],
            "monitoring": false,
            "network_interface": [],
            "outpost_arn": "",
            "password_data": "",
            "placement_group": "",
            "placement_partition_number": 0,
            "primary_network_interface_id": "eni-05a54d54ee33b42d2",
            "private_dns": "ip-10-0-0-190.us-east-2.compute.internal",
            "private_dns_name_options": [
              {
                "enable_resource_name_dns_a_record": false,
                "enable_resource_name_dns_aaaa_record": false,
                "hostname_type": "ip-name"
              }
            ],
            "private_ip": "10.0.0.190",
            "public_dns": "",
            "public_ip": "18.117.11.104",
            "root_block_device": [
              {
                "delete_on_termination": true,
                "device_name": "/dev/xvda",
                "encrypted": true,
                "iops": 100,
                "kms_key_id": "arn:aws:kms:us-east-2:501268445310:key/107d4f02-2061-4d35-a218-9a6fa23397b0",
                "tags": null,
                "throughput": 0,
                "volume_id": "vol-0cc1c3c9e4115a706",
                "volume_size": 30,
                "volume_type": "gp2"
              }
            ],
            "secondary_private_ips": [],
            "security_groups": [],
            "source_dest_check": false,
            "spot_instance_request_id": "",
            "subnet_id": "subnet-0d834e635f6cf5551",
            "tags": {
              "CreatedBy": "terraform",
              "Name": "express-api-0"
            },
            "tags_all": {
              "CreatedBy": "terraform",
              "Name": "express-api-0",
              "author": "Grupo13",
              "created-by": "terraform",
              "subject": "Redes",
              "university": "ITBA",
              "version": "1"
            },
            "tenancy": "default",
            "timeouts": null,
            "user_data": "8c17ad24e77273d71365fbd8b8d124d2188bee42",
            "user_data_base64": null,
            "user_data_replace_on_change": false,
            "volume_tags": null,
            "vpc_security_group_ids": [
              "sg-0f679432d156de6c4"
            ]
          },
          "sensitive_attributes": [],
          "private": "eyJlMmJmYjczMC1lY2FhLTExZTYtOGY4OC0zNDM2M2JjN2M0YzAiOnsiY3JlYXRlIjo2MDAwMDAwMDAwMDAsImRlbGV0ZSI6MTIwMDAwMDAwMDAwMCwidXBkYXRlIjo2MDAwMDAwMDAwMDB9LCJzY2hlbWFfdmVyc2lvbiI6IjEifQ==",
          "dependencies": [
            "module.passive-network.aws_security_group.ec2",
            "module.passive-network.data.aws_availability_zones.available",
            "module.passive-network.module.ec2-api.aws_key_pair.key_pair",
            "module.passive-network.module.ec2-api.data.aws_ami.amazon-linux-2",
            "module.passive-network.module.ec2-api.data.aws_region.current",
            "module.passive-network.module.ec2-api.tls_private_key.key_pair",
            "module.passive-network.module.ig.aws_internet_gateway.this",
            "module.passive-network.module.nat_gw.aws_eip.nat",
            "module.passive-network.module.nat_gw.aws_nat_gateway.this",
            "module.passive-network.module.private-subnets.aws_route.default",
            "module.passive-network.module.private-subnets.aws_route_table.this",
            "module.passive-network.module.private-subnets.aws_route_table_association.this",
            "module.passive-network.module.private-subnets.aws_subnet.this",
            "module.passive-network.module.public-subnets.aws_route.default",
            "module.passive-network.module.public-subnets.aws_route_table.this",
            "module.passive-network.module.public-subnets.aws_route_table_association.this",
            "module.passive-network.module.public-subnets.aws_subnet.this",
            "module.passive-network.module.vpc.aws_vpc.this"
          ],
          "create_before_destroy": true
        }
      ]
    },
    {
      "module": "module.passive-network.module.ec2-api[0]",
      "mode": "managed",
      "type": "aws_key_pair",
      "name": "key_pair",
      "provider": "provider[\"registry.terraform.io/hashicorp/aws\"].us-east-2",
      "instances": [
        {
          "schema_version": 1,
          "attributes": {
            "arn": "arn:aws:ec2:us-east-2:501268445310:key-pair/express-api-0_key_pair_us-east-2",
            "fingerprint": "dc:48:f6:12:32:4a:a7:c9:12:bd:61:a0:33:a0:ec:3b",
            "id": "express-api-0_key_pair_us-east-2",
            "key_name": "express-api-0_key_pair_us-east-2",
            "key_name_prefix": "",
            "key_pair_id": "key-0e22cad54cc276a5b",
            "key_type": "rsa",
            "public_key": "ssh-rsa AAAAB3NzaC1yc2EAAAADAQABAAACAQCyTh/Ph+2kB7eRIiSDgMXMVguqjl3UtKiFw6pMADjjH5EVWfEQAbQvuvg9+rRitobaO7fHJyBByKbM7HE4vidEgVYL6KDjkk6j2YLGsT9mD2yiBpmKX0CUmTI5g2QcL212lO9ZmePjGQWtvDWUVZRsPbBsezwvQHEl4qG6D7Kt6kOz4INjb8QcqWO8DprQ85obYSHmk8GKaQesbkHRsPWg5I6cSsQQ9DGywprFSM2EyfQR7Bj1Z2+qUQ7XbHh3rsOddEctxevmRONAGnsVxEtMtJQmjgb6hvPaHa39BFhSEMtTNRDHCNVqkNDITRc8ep5UPqCCn26NwNwXpI2sQyMKO6U0CrsGPea57UOejdMe6hQJrEitsoEgJTtM2/k5+NunZreXjud+RL18nfPtNF/HMcKlxlcf1b0gJ6XPmnxdCGjikPL/TbG8t6/6Jky2mXSuFRRIlt9RaSIdggYxcvwGq1F0oyabYuSHa/ZwMLEzupF2N/RwjoRBblpVl04dLxY5Ge3ucq89r1FrvEX7ayZEpe7JyM/AW1stpRT69Dk1LJ8+3Taebhw05nmficBDqNiFmKRosmbjbOEJF0ah0Xpuo9hI4ilXUudfWi+OD4dk8CsXPTakw03mxj1jsp7AAblRFlvnQiRCzXcadWqbMIlP4lCVuuCu4PdFqmhVPZhNAw==",
            "tags": null,
            "tags_all": {
              "author": "Grupo13",
              "created-by": "terraform",
              "subject": "Redes",
              "university": "ITBA",
              "version": "1"
            }
          },
          "sensitive_attributes": [],
          "private": "eyJzY2hlbWFfdmVyc2lvbiI6IjEifQ==",
          "dependencies": [
            "module.passive-network.data.aws_availability_zones.available",
            "module.passive-network.module.ec2-api.data.aws_region.current",
            "module.passive-network.module.ec2-api.tls_private_key.key_pair"
          ],
          "create_before_destroy": true
        }
      ]
    },
    {
      "module": "module.passive-network.module.ec2-api[0]",
      "mode": "managed",
      "type": "local_file",
      "name": "ssh_key",
      "provider": "provider[\"registry.terraform.io/hashicorp/local\"]",
      "instances": [
        {
          "schema_version": 0,
          "attributes": {
            "content": "-----BEGIN RSA PRIVATE KEY-----\nMIIJKgIBAAKCAgEAsk4fz4ftpAe3kSIkg4DFzFYLqo5d1LSohcOqTAA44x+RFVnx\nEAG0L7r4Pfq0YraG2ju3xycgQcimzOxxOL4nRIFWC+ig45JOo9mCxrE/Zg9sogaZ\nil9AlJkyOYNkHC9tdpTvWZnj4xkFrbw1lFWUbD2wbHs8L0BxJeKhug+yrepDs+CD\nY2/EHKljvA6a0POaG2Eh5pPBimkHrG5B0bD1oOSOnErEEPQxssKaxUjNhMn0EewY\n9WdvqlEO12x4d67DnXRHLcXr5kTjQBp7FcRLTLSUJo4G+obz2h2t/QRYUhDLUzUQ\nxwjVapDQyE0XPHqeVD6ggp9ujcDcF6SNrEMjCjulNAq7Bj3mue1Dno3THuoUCaxI\nrbKBICU7TNv5Ofjbp2a3l47nfkS9fJ3z7TRfxzHCpcZXH9W9ICelz5p8XQho4pDy\n/02xvLev+iZMtpl0rhUUSJbfUWkiHYIGMXL8BqtRdKMmm2Lkh2v2cDCxM7qRdjf0\ncI6EQW5aVZdOHS8WORnt7nKvPa9Ra7xF+2smRKXuycjPwFtbLaUU+vQ5NSyfPt02\nnm4cNOZ5n4nAQ6jYhZikaLJm42zhCRdGodF6bqPYSOIpV1LnX1ovjg+HZPArFz02\npMNN5sY9Y7KewAG5URZb50IkQs13GnVqmzCJT+JQlbrgruD3RapoVT2YTQMCAwEA\nAQKCAgEAq2LwrLiJMcvBJJ3e3xAeECT9Hbmuc1AbVEgZHuhvxdCH0jAbyDj7C436\nIwkh7mhoAsi4A5OWK+VEf2EeC16ru+td3CCE1XnCYTgnvfiNafqVfsA9QYYBO1Rt\ntF6ZEYZ8/yh1UHjdVWKt1Ks+DRCdk9VQCVYDKaAVokbPEVsZcpXk8bdyU1gQ90PS\ne+bF5ObiUELzJQENXY9LMvDgD0C7OSW39n7fKzStuJfZ0JwEAAlmsvtvmiMMcHdt\nfp/iw5eWq3gjGtpNv46jqPBLM0b04gwJA24tQw4IwrUYkkVk560A4z/0mnvhN4dv\nR7jiBt4N5gg0nJnG2DZy177x9oyp1gdph5XwoewZWm+tY7iWQyQiRI5pJBBGrU+H\nHDYEfAJ+4GJNt/TQ5gg/hvRVyNWGT22jmGUEUHoGP34ktEiVBOodrXLlRMBM0uEF\nNYldecWY1v2XIjo/yC1xl/mW9Z0aJt1jJtb/PjvVtSeDPBmt67p+Od177Mu0aoec\nMHoVMvthDfe03iBHiFahBtxzvk+YBx75uoxFgx2QsYBBe64K4hDXiv+JjlfrSQrX\nEnYjfV68VQjuwfVTfM7UcN0DMeFctEiO0+UyLi8W8XzqF3+eO24ZpFnoc89f1BH+\n/bfXkptdJA8T1D7/5V4+U6NqS0bmYwqUpn8Tcl6IBsvXQhnKb3ECggEBANlhxLPp\npndQGNWSLjUmiZhNmVrtgd6j1QBedy2+IVeiiUgArwwy5al1mBz0C1LXUT4dQfuS\nke0FE6R0ndnt8euvxqw358W8c04L5W/g5YB+2GGL7/qHe/6CSRwVUg4P4GLbhIxX\nz3eb37m4XvoZAYHOextLflRFGzCmnWzkOR6JhWqOyE5qwbraoZ9A11aynSRqfzZ7\nbX+H5EhI/Tb6AHZTZP51T2DW5KRI46ZKvC9zho9VB3cBcej4BuEm6PFDdykLY6UP\nFAnyjOIih7xIjsi61PeZ+CSvD6I83/LhuB+PRuXu/+Ut7jmfVjwSkSXsKPkPecF4\n2TQX9z7DxaEPTpcCggEBANH7MxDabdNeQMIXn5wBK4K7JX/AKBuB8oShW1hZodBx\nGRvFlf7SK2nh0b7fh3RQ0obw9imRLDZHeSeVWdlsBhZyMBrZxHvAgilLCf9z/Rre\nKhLlJDjA7pVLxlcrQe9W0YEYR+BcD2QvOCNIH3MKYq2ANb0YOOI1wsgS/hyv6lIX\nelcyx73A5K4xqj0Iac+E1V/6afgYyD5XuVvwfkHdgG5wvEfcbGlTxupJx0VEzBJR\nypEJTomvYY8naByBRqmNnCzqaeRIOlKyan/OdJ66omD+tEHnCUsC/i3Q50UeJ9qw\nDXjNtUbKBC9vCnLpwDhmHoLg2yHRKh9ucm9jtbff7nUCggEBANBcHu+X2EBqnLMx\nH2tAmghK8OAv4RhnDoYBBdjpcgoOt+k1BpP5wRpxpbCy1pu72Jph7tnUvlxiTlaG\nlLrLkOOooxR1rYlhvV+klXFsLm7ApmSxff8zl8z2Ul9BrFngK+J1qJHgpPJvjLz2\nFMtB5qjmIieib98UMiCqwyAZjQpRJHljjGlleHXCk8ISo5TtNSQvk+nD2suvlEcY\n9uSYMpM4Egi4prIaqCMz3kiJP+F3qRV/md0enHGCMw3ifsqqMPA9g3A1iK6UNyeV\nk2cMYRfTxMfjY+69gY2vLbUfV52gdoN0VwDzynCe4khIP6oKt6cqhzjDveVpx0n4\n2lgrVNcCggEAN4DJp7vE6ejw/xzVcJwSjzS+nb0CHPtFSm+IQJs4nWs3stKQalHN\nbehl06ksGb+/VjHdL3GTGSndSWw92q2mEkrOklpbiEaDYTzXgLF9BpwQzPvKjkHZ\nDpd/7sydWhE9wXzUiuZqnxWoJhNLVNI68ReBnOEJMCn7uXzjtFt/eYGBMglXKL4S\n9ERmdkmCBntbF0qOtih+zZPMiBPSm8Bb0VV1Px1xfonJe2ZTCOk9c94wyBOIsfYs\nuHU3HMnDDtBCptCzesbou7EzW2MMCmTUxQSuSvkxyKUa4KtmZiupZzG/7d2Z/AMs\nBgm43lURHRdJG1kqMw8hrjs4fl8Byn+jfQKCAQEAwkNsBUe0wbm5eqTilTgBnA/f\np2E9sYVemAJws32kUHaeE29nLw5K0c//laPHey6aphm6WTw+a1i5EfDkMWNKE7sP\n28U09PHW9F2M3FZE/9LpDHjoGeJi9BxAoTJn0Q3IP7PnnFEncbXhJaoV2AbkVjA+\nA85bDAaHygdh7ZKSB1uNF25m9IRE1UrjgAaQdajSvzYg4YxrNW3kJAK3G6FQzKVI\nXbHFzkk7Df/6ryn9tj55ESC3s+hVCOiD3bg/hbAO12bWGdYyYa4C3z9ORijbWltd\n/pP88bbDBS2nj5q4qinD36DeRZQv6GSFm/fU8q7Kbmk0C3CPnbboDq2lrJ+pIw==\n-----END RSA PRIVATE KEY-----\n",
            "content_base64": null,
            "content_base64sha256": "QE/da++7xr8Ed8lBxIqYXINub25TPFFWi6Q9VjaFg5k=",
            "content_base64sha512": "Rq64AAvNqqzcECn8f743Tf5n4TlrPEtGvQ/Sn6nwTMVqrRKMtX3Ekq2o/iXOpNVqUqAeRBxL57vu/UID3FFyIw==",
            "content_md5": "611cbfedb759012076fb5126b7c60e91",
            "content_sha1": "b8e80546f298d9ce859c4a0a78b63a85d767b18a",
            "content_sha256": "404fdd6befbbc6bf0477c941c48a985c836e6f6e533c51568ba43d5636858399",
            "content_sha512": "46aeb8000bcdaaacdc1029fc7fbe374dfe67e1396b3c4b46bd0fd29fa9f04cc56aad128cb57dc492ada8fe25cea4d56a52a01e441c4be7bbeefd4203dc517223",
            "directory_permission": "0777",
            "file_permission": "0777",
            "filename": "express-api-0_key_pair_us-east-2.pem",
            "id": "b8e80546f298d9ce859c4a0a78b63a85d767b18a",
            "sensitive_content": null,
            "source": null
          },
          "sensitive_attributes": [
            [
              {
                "type": "get_attr",
                "value": "content"
              }
            ]
          ],
          "dependencies": [
            "module.passive-network.data.aws_availability_zones.available",
            "module.passive-network.module.ec2-api.aws_key_pair.key_pair",
            "module.passive-network.module.ec2-api.data.aws_region.current",
            "module.passive-network.module.ec2-api.tls_private_key.key_pair"
          ],
          "create_before_destroy": true
        }
      ]
    },
    {
      "module": "module.passive-network.module.ec2-api[0]",
      "mode": "managed",
      "type": "tls_private_key",
      "name": "key_pair",
      "provider": "provider[\"registry.terraform.io/hashicorp/tls\"]",
      "instances": [
        {
          "schema_version": 1,
          "attributes": {
            "algorithm": "RSA",
            "ecdsa_curve": "P224",
            "id": "698692376d763c9611384c1462470a32eeb50377",
            "private_key_openssh": "-----BEGIN OPENSSH PRIVATE KEY-----\nb3BlbnNzaC1rZXktdjEAAAAABG5vbmUAAAAEbm9uZQAAAAAAAAABAAACFwAAAAdz\nc2gtcnNhAAAAAwEAAQAAAgEAsk4fz4ftpAe3kSIkg4DFzFYLqo5d1LSohcOqTAA4\n4x+RFVnxEAG0L7r4Pfq0YraG2ju3xycgQcimzOxxOL4nRIFWC+ig45JOo9mCxrE/\nZg9sogaZil9AlJkyOYNkHC9tdpTvWZnj4xkFrbw1lFWUbD2wbHs8L0BxJeKhug+y\nrepDs+CDY2/EHKljvA6a0POaG2Eh5pPBimkHrG5B0bD1oOSOnErEEPQxssKaxUjN\nhMn0EewY9WdvqlEO12x4d67DnXRHLcXr5kTjQBp7FcRLTLSUJo4G+obz2h2t/QRY\nUhDLUzUQxwjVapDQyE0XPHqeVD6ggp9ujcDcF6SNrEMjCjulNAq7Bj3mue1Dno3T\nHuoUCaxIrbKBICU7TNv5Ofjbp2a3l47nfkS9fJ3z7TRfxzHCpcZXH9W9ICelz5p8\nXQho4pDy/02xvLev+iZMtpl0rhUUSJbfUWkiHYIGMXL8BqtRdKMmm2Lkh2v2cDCx\nM7qRdjf0cI6EQW5aVZdOHS8WORnt7nKvPa9Ra7xF+2smRKXuycjPwFtbLaUU+vQ5\nNSyfPt02nm4cNOZ5n4nAQ6jYhZikaLJm42zhCRdGodF6bqPYSOIpV1LnX1ovjg+H\nZPArFz02pMNN5sY9Y7KewAG5URZb50IkQs13GnVqmzCJT+JQlbrgruD3RapoVT2Y\nTQMAAAc42Dj8fNg4/HwAAAAHc3NoLXJzYQAAAgEAsk4fz4ftpAe3kSIkg4DFzFYL\nqo5d1LSohcOqTAA44x+RFVnxEAG0L7r4Pfq0YraG2ju3xycgQcimzOxxOL4nRIFW\nC+ig45JOo9mCxrE/Zg9sogaZil9AlJkyOYNkHC9tdpTvWZnj4xkFrbw1lFWUbD2w\nbHs8L0BxJeKhug+yrepDs+CDY2/EHKljvA6a0POaG2Eh5pPBimkHrG5B0bD1oOSO\nnErEEPQxssKaxUjNhMn0EewY9WdvqlEO12x4d67DnXRHLcXr5kTjQBp7FcRLTLSU\nJo4G+obz2h2t/QRYUhDLUzUQxwjVapDQyE0XPHqeVD6ggp9ujcDcF6SNrEMjCjul\nNAq7Bj3mue1Dno3THuoUCaxIrbKBICU7TNv5Ofjbp2a3l47nfkS9fJ3z7TRfxzHC\npcZXH9W9ICelz5p8XQho4pDy/02xvLev+iZMtpl0rhUUSJbfUWkiHYIGMXL8BqtR\ndKMmm2Lkh2v2cDCxM7qRdjf0cI6EQW5aVZdOHS8WORnt7nKvPa9Ra7xF+2smRKXu\nycjPwFtbLaUU+vQ5NSyfPt02nm4cNOZ5n4nAQ6jYhZikaLJm42zhCRdGodF6bqPY\nSOIpV1LnX1ovjg+HZPArFz02pMNN5sY9Y7KewAG5URZb50IkQs13GnVqmzCJT+JQ\nlbrgruD3RapoVT2YTQMAAAADAQABAAACAQCrYvCsuIkxy8Eknd7fEB4QJP0dua5z\nUBtUSBke6G/F0IfSMBvIOPsLjfojCSHuaGgCyLgDk5Yr5UR/YR4LXqu7613cIITV\necJhOCe9+I1p+pV+wD1BhgE7VG20XpkRhnz/KHVQeN1VYq3Uqz4NEJ2T1VAJVgMp\noBWiRs8RWxlyleTxt3JTWBD3Q9J75sXk5uJQQvMlAQ1dj0sy8OAPQLs5Jbf2ft8r\nNK24l9nQnAQACWay+2+aIwxwd21+n+LDl5areCMa2k2/jqOo8EszRvTiDAkDbi1D\nDgjCtRiSRWTnrQDjP/Sae+E3h29HuOIG3g3mCDScmcbYNnLXvvH2jKnWB2mHlfCh\n7Blab61juJZDJCJEjmkkEEatT4ccNgR8An7gYk239NDmCD+G9FXI1YZPbaOYZQRQ\negY/fiS0SJUE6h2tcuVEwEzS4QU1iV15xZjW/ZciOj/ILXGX+Zb1nRom3WMm1v8+\nO9W1J4M8Ga3run453Xvsy7Rqh5wwehUy+2EN97TeIEeIVqEG3HO+T5gHHvm6jEWD\nHZCxgEF7rgriENeK/4mOV+tJCtcSdiN9XrxVCO7B9VN8ztRw3QMx4Vy0SI7T5TIu\nLxbxfOoXf547bhmkWehzz1/UEf79t9eSm10kDxPUPv/lXj5To2pLRuZjCpSmfxNy\nXogGy9dCGcpvcQAAAQEAwkNsBUe0wbm5eqTilTgBnA/fp2E9sYVemAJws32kUHae\nE29nLw5K0c//laPHey6aphm6WTw+a1i5EfDkMWNKE7sP28U09PHW9F2M3FZE/9Lp\nDHjoGeJi9BxAoTJn0Q3IP7PnnFEncbXhJaoV2AbkVjA+A85bDAaHygdh7ZKSB1uN\nF25m9IRE1UrjgAaQdajSvzYg4YxrNW3kJAK3G6FQzKVIXbHFzkk7Df/6ryn9tj55\nESC3s+hVCOiD3bg/hbAO12bWGdYyYa4C3z9ORijbWltd/pP88bbDBS2nj5q4qinD\n36DeRZQv6GSFm/fU8q7Kbmk0C3CPnbboDq2lrJ+pIwAAAQEA2WHEs+mmd1AY1ZIu\nNSaJmE2ZWu2B3qPVAF53Lb4hV6KJSACvDDLlqXWYHPQLUtdRPh1B+5KR7QUTpHSd\n2e3x66/GrDfnxbxzTgvlb+DlgH7YYYvv+od7/oJJHBVSDg/gYtuEjFfPd5vfubhe\n+hkBgc57G0t+VEUbMKadbOQ5HomFao7ITmrButqhn0DXVrKdJGp/Nnttf4fkSEj9\nNvoAdlNk/nVPYNbkpEjjpkq8L3OGj1UHdwFx6PgG4Sbo8UN3KQtjpQ8UCfKM4iKH\nvEiOyLrU95n4JK8Pojzf8uG4H49G5e7/5S3uOZ9WPBKRJewo+Q95wXjZNBf3PsPF\noQ9OlwAAAQEA0fszENpt015AwhefnAErgrslf8AoG4HyhKFbWFmh0HEZG8WV/tIr\naeHRvt+HdFDShvD2KZEsNkd5J5VZ2WwGFnIwGtnEe8CCKUsJ/3P9Gt4qEuUkOMDu\nlUvGVytB71bRgRhH4FwPZC84I0gfcwpirYA1vRg44jXCyBL+HK/qUhd6VzLHvcDk\nrjGqPQhpz4TVX/pp+BjIPle5W/B+Qd2AbnC8R9xsaVPG6knHRUTMElHKkQlOia9h\njydoHIFGqY2cLOpp5Eg6UrJqf850nrqiYP60QecJSwL+LdDnRR4n2rANeM21RsoE\nL28KcunAOGYeguDbIdEqH25yb2O1t9/udQAAAAAB\n-----END OPENSSH PRIVATE KEY-----\n",
            "private_key_pem": "-----BEGIN RSA PRIVATE KEY-----\nMIIJKgIBAAKCAgEAsk4fz4ftpAe3kSIkg4DFzFYLqo5d1LSohcOqTAA44x+RFVnx\nEAG0L7r4Pfq0YraG2ju3xycgQcimzOxxOL4nRIFWC+ig45JOo9mCxrE/Zg9sogaZ\nil9AlJkyOYNkHC9tdpTvWZnj4xkFrbw1lFWUbD2wbHs8L0BxJeKhug+yrepDs+CD\nY2/EHKljvA6a0POaG2Eh5pPBimkHrG5B0bD1oOSOnErEEPQxssKaxUjNhMn0EewY\n9WdvqlEO12x4d67DnXRHLcXr5kTjQBp7FcRLTLSUJo4G+obz2h2t/QRYUhDLUzUQ\nxwjVapDQyE0XPHqeVD6ggp9ujcDcF6SNrEMjCjulNAq7Bj3mue1Dno3THuoUCaxI\nrbKBICU7TNv5Ofjbp2a3l47nfkS9fJ3z7TRfxzHCpcZXH9W9ICelz5p8XQho4pDy\n/02xvLev+iZMtpl0rhUUSJbfUWkiHYIGMXL8BqtRdKMmm2Lkh2v2cDCxM7qRdjf0\ncI6EQW5aVZdOHS8WORnt7nKvPa9Ra7xF+2smRKXuycjPwFtbLaUU+vQ5NSyfPt02\nnm4cNOZ5n4nAQ6jYhZikaLJm42zhCRdGodF6bqPYSOIpV1LnX1ovjg+HZPArFz02\npMNN5sY9Y7KewAG5URZb50IkQs13GnVqmzCJT+JQlbrgruD3RapoVT2YTQMCAwEA\nAQKCAgEAq2LwrLiJMcvBJJ3e3xAeECT9Hbmuc1AbVEgZHuhvxdCH0jAbyDj7C436\nIwkh7mhoAsi4A5OWK+VEf2EeC16ru+td3CCE1XnCYTgnvfiNafqVfsA9QYYBO1Rt\ntF6ZEYZ8/yh1UHjdVWKt1Ks+DRCdk9VQCVYDKaAVokbPEVsZcpXk8bdyU1gQ90PS\ne+bF5ObiUELzJQENXY9LMvDgD0C7OSW39n7fKzStuJfZ0JwEAAlmsvtvmiMMcHdt\nfp/iw5eWq3gjGtpNv46jqPBLM0b04gwJA24tQw4IwrUYkkVk560A4z/0mnvhN4dv\nR7jiBt4N5gg0nJnG2DZy177x9oyp1gdph5XwoewZWm+tY7iWQyQiRI5pJBBGrU+H\nHDYEfAJ+4GJNt/TQ5gg/hvRVyNWGT22jmGUEUHoGP34ktEiVBOodrXLlRMBM0uEF\nNYldecWY1v2XIjo/yC1xl/mW9Z0aJt1jJtb/PjvVtSeDPBmt67p+Od177Mu0aoec\nMHoVMvthDfe03iBHiFahBtxzvk+YBx75uoxFgx2QsYBBe64K4hDXiv+JjlfrSQrX\nEnYjfV68VQjuwfVTfM7UcN0DMeFctEiO0+UyLi8W8XzqF3+eO24ZpFnoc89f1BH+\n/bfXkptdJA8T1D7/5V4+U6NqS0bmYwqUpn8Tcl6IBsvXQhnKb3ECggEBANlhxLPp\npndQGNWSLjUmiZhNmVrtgd6j1QBedy2+IVeiiUgArwwy5al1mBz0C1LXUT4dQfuS\nke0FE6R0ndnt8euvxqw358W8c04L5W/g5YB+2GGL7/qHe/6CSRwVUg4P4GLbhIxX\nz3eb37m4XvoZAYHOextLflRFGzCmnWzkOR6JhWqOyE5qwbraoZ9A11aynSRqfzZ7\nbX+H5EhI/Tb6AHZTZP51T2DW5KRI46ZKvC9zho9VB3cBcej4BuEm6PFDdykLY6UP\nFAnyjOIih7xIjsi61PeZ+CSvD6I83/LhuB+PRuXu/+Ut7jmfVjwSkSXsKPkPecF4\n2TQX9z7DxaEPTpcCggEBANH7MxDabdNeQMIXn5wBK4K7JX/AKBuB8oShW1hZodBx\nGRvFlf7SK2nh0b7fh3RQ0obw9imRLDZHeSeVWdlsBhZyMBrZxHvAgilLCf9z/Rre\nKhLlJDjA7pVLxlcrQe9W0YEYR+BcD2QvOCNIH3MKYq2ANb0YOOI1wsgS/hyv6lIX\nelcyx73A5K4xqj0Iac+E1V/6afgYyD5XuVvwfkHdgG5wvEfcbGlTxupJx0VEzBJR\nypEJTomvYY8naByBRqmNnCzqaeRIOlKyan/OdJ66omD+tEHnCUsC/i3Q50UeJ9qw\nDXjNtUbKBC9vCnLpwDhmHoLg2yHRKh9ucm9jtbff7nUCggEBANBcHu+X2EBqnLMx\nH2tAmghK8OAv4RhnDoYBBdjpcgoOt+k1BpP5wRpxpbCy1pu72Jph7tnUvlxiTlaG\nlLrLkOOooxR1rYlhvV+klXFsLm7ApmSxff8zl8z2Ul9BrFngK+J1qJHgpPJvjLz2\nFMtB5qjmIieib98UMiCqwyAZjQpRJHljjGlleHXCk8ISo5TtNSQvk+nD2suvlEcY\n9uSYMpM4Egi4prIaqCMz3kiJP+F3qRV/md0enHGCMw3ifsqqMPA9g3A1iK6UNyeV\nk2cMYRfTxMfjY+69gY2vLbUfV52gdoN0VwDzynCe4khIP6oKt6cqhzjDveVpx0n4\n2lgrVNcCggEAN4DJp7vE6ejw/xzVcJwSjzS+nb0CHPtFSm+IQJs4nWs3stKQalHN\nbehl06ksGb+/VjHdL3GTGSndSWw92q2mEkrOklpbiEaDYTzXgLF9BpwQzPvKjkHZ\nDpd/7sydWhE9wXzUiuZqnxWoJhNLVNI68ReBnOEJMCn7uXzjtFt/eYGBMglXKL4S\n9ERmdkmCBntbF0qOtih+zZPMiBPSm8Bb0VV1Px1xfonJe2ZTCOk9c94wyBOIsfYs\nuHU3HMnDDtBCptCzesbou7EzW2MMCmTUxQSuSvkxyKUa4KtmZiupZzG/7d2Z/AMs\nBgm43lURHRdJG1kqMw8hrjs4fl8Byn+jfQKCAQEAwkNsBUe0wbm5eqTilTgBnA/f\np2E9sYVemAJws32kUHaeE29nLw5K0c//laPHey6aphm6WTw+a1i5EfDkMWNKE7sP\n28U09PHW9F2M3FZE/9LpDHjoGeJi9BxAoTJn0Q3IP7PnnFEncbXhJaoV2AbkVjA+\nA85bDAaHygdh7ZKSB1uNF25m9IRE1UrjgAaQdajSvzYg4YxrNW3kJAK3G6FQzKVI\nXbHFzkk7Df/6ryn9tj55ESC3s+hVCOiD3bg/hbAO12bWGdYyYa4C3z9ORijbWltd\n/pP88bbDBS2nj5q4qinD36DeRZQv6GSFm/fU8q7Kbmk0C3CPnbboDq2lrJ+pIw==\n-----END RSA PRIVATE KEY-----\n",
            "private_key_pem_pkcs8": "-----BEGIN PRIVATE KEY-----\nMIIJRAIBADANBgkqhkiG9w0BAQEFAASCCS4wggkqAgEAAoICAQCyTh/Ph+2kB7eR\nIiSDgMXMVguqjl3UtKiFw6pMADjjH5EVWfEQAbQvuvg9+rRitobaO7fHJyBByKbM\n7HE4vidEgVYL6KDjkk6j2YLGsT9mD2yiBpmKX0CUmTI5g2QcL212lO9ZmePjGQWt\nvDWUVZRsPbBsezwvQHEl4qG6D7Kt6kOz4INjb8QcqWO8DprQ85obYSHmk8GKaQes\nbkHRsPWg5I6cSsQQ9DGywprFSM2EyfQR7Bj1Z2+qUQ7XbHh3rsOddEctxevmRONA\nGnsVxEtMtJQmjgb6hvPaHa39BFhSEMtTNRDHCNVqkNDITRc8ep5UPqCCn26NwNwX\npI2sQyMKO6U0CrsGPea57UOejdMe6hQJrEitsoEgJTtM2/k5+NunZreXjud+RL18\nnfPtNF/HMcKlxlcf1b0gJ6XPmnxdCGjikPL/TbG8t6/6Jky2mXSuFRRIlt9RaSId\nggYxcvwGq1F0oyabYuSHa/ZwMLEzupF2N/RwjoRBblpVl04dLxY5Ge3ucq89r1Fr\nvEX7ayZEpe7JyM/AW1stpRT69Dk1LJ8+3Taebhw05nmficBDqNiFmKRosmbjbOEJ\nF0ah0Xpuo9hI4ilXUudfWi+OD4dk8CsXPTakw03mxj1jsp7AAblRFlvnQiRCzXca\ndWqbMIlP4lCVuuCu4PdFqmhVPZhNAwIDAQABAoICAQCrYvCsuIkxy8Eknd7fEB4Q\nJP0dua5zUBtUSBke6G/F0IfSMBvIOPsLjfojCSHuaGgCyLgDk5Yr5UR/YR4LXqu7\n613cIITVecJhOCe9+I1p+pV+wD1BhgE7VG20XpkRhnz/KHVQeN1VYq3Uqz4NEJ2T\n1VAJVgMpoBWiRs8RWxlyleTxt3JTWBD3Q9J75sXk5uJQQvMlAQ1dj0sy8OAPQLs5\nJbf2ft8rNK24l9nQnAQACWay+2+aIwxwd21+n+LDl5areCMa2k2/jqOo8EszRvTi\nDAkDbi1DDgjCtRiSRWTnrQDjP/Sae+E3h29HuOIG3g3mCDScmcbYNnLXvvH2jKnW\nB2mHlfCh7Blab61juJZDJCJEjmkkEEatT4ccNgR8An7gYk239NDmCD+G9FXI1YZP\nbaOYZQRQegY/fiS0SJUE6h2tcuVEwEzS4QU1iV15xZjW/ZciOj/ILXGX+Zb1nRom\n3WMm1v8+O9W1J4M8Ga3run453Xvsy7Rqh5wwehUy+2EN97TeIEeIVqEG3HO+T5gH\nHvm6jEWDHZCxgEF7rgriENeK/4mOV+tJCtcSdiN9XrxVCO7B9VN8ztRw3QMx4Vy0\nSI7T5TIuLxbxfOoXf547bhmkWehzz1/UEf79t9eSm10kDxPUPv/lXj5To2pLRuZj\nCpSmfxNyXogGy9dCGcpvcQKCAQEA2WHEs+mmd1AY1ZIuNSaJmE2ZWu2B3qPVAF53\nLb4hV6KJSACvDDLlqXWYHPQLUtdRPh1B+5KR7QUTpHSd2e3x66/GrDfnxbxzTgvl\nb+DlgH7YYYvv+od7/oJJHBVSDg/gYtuEjFfPd5vfubhe+hkBgc57G0t+VEUbMKad\nbOQ5HomFao7ITmrButqhn0DXVrKdJGp/Nnttf4fkSEj9NvoAdlNk/nVPYNbkpEjj\npkq8L3OGj1UHdwFx6PgG4Sbo8UN3KQtjpQ8UCfKM4iKHvEiOyLrU95n4JK8Pojzf\n8uG4H49G5e7/5S3uOZ9WPBKRJewo+Q95wXjZNBf3PsPFoQ9OlwKCAQEA0fszENpt\n015AwhefnAErgrslf8AoG4HyhKFbWFmh0HEZG8WV/tIraeHRvt+HdFDShvD2KZEs\nNkd5J5VZ2WwGFnIwGtnEe8CCKUsJ/3P9Gt4qEuUkOMDulUvGVytB71bRgRhH4FwP\nZC84I0gfcwpirYA1vRg44jXCyBL+HK/qUhd6VzLHvcDkrjGqPQhpz4TVX/pp+BjI\nPle5W/B+Qd2AbnC8R9xsaVPG6knHRUTMElHKkQlOia9hjydoHIFGqY2cLOpp5Eg6\nUrJqf850nrqiYP60QecJSwL+LdDnRR4n2rANeM21RsoEL28KcunAOGYeguDbIdEq\nH25yb2O1t9/udQKCAQEA0Fwe75fYQGqcszEfa0CaCErw4C/hGGcOhgEF2OlyCg63\n6TUGk/nBGnGlsLLWm7vYmmHu2dS+XGJOVoaUusuQ46ijFHWtiWG9X6SVcWwubsCm\nZLF9/zOXzPZSX0GsWeAr4nWokeCk8m+MvPYUy0HmqOYiJ6Jv3xQyIKrDIBmNClEk\neWOMaWV4dcKTwhKjlO01JC+T6cPay6+URxj25JgykzgSCLimshqoIzPeSIk/4Xep\nFX+Z3R6ccYIzDeJ+yqow8D2DcDWIrpQ3J5WTZwxhF9PEx+Nj7r2Bja8ttR9XnaB2\ng3RXAPPKcJ7iSEg/qgq3pyqHOMO95WnHSfjaWCtU1wKCAQA3gMmnu8Tp6PD/HNVw\nnBKPNL6dvQIc+0VKb4hAmzidazey0pBqUc1t6GXTqSwZv79WMd0vcZMZKd1JbD3a\nraYSSs6SWluIRoNhPNeAsX0GnBDM+8qOQdkOl3/uzJ1aET3BfNSK5mqfFagmE0tU\n0jrxF4Gc4QkwKfu5fOO0W395gYEyCVcovhL0RGZ2SYIGe1sXSo62KH7Nk8yIE9Kb\nwFvRVXU/HXF+icl7ZlMI6T1z3jDIE4ix9iy4dTccycMO0EKm0LN6xui7sTNbYwwK\nZNTFBK5K+THIpRrgq2ZmK6lnMb/t3Zn8AywGCbjeVREdF0kbWSozDyGuOzh+XwHK\nf6N9AoIBAQDCQ2wFR7TBubl6pOKVOAGcD9+nYT2xhV6YAnCzfaRQdp4Tb2cvDkrR\nz/+Vo8d7LpqmGbpZPD5rWLkR8OQxY0oTuw/bxTT08db0XYzcVkT/0ukMeOgZ4mL0\nHEChMmfRDcg/s+ecUSdxteElqhXYBuRWMD4DzlsMBofKB2HtkpIHW40Xbmb0hETV\nSuOABpB1qNK/NiDhjGs1beQkArcboVDMpUhdscXOSTsN//qvKf22PnkRILez6FUI\n6IPduD+FsA7XZtYZ1jJhrgLfP05GKNtaW13+k/zxtsMFLaePmriqKcPfoN5FlC/o\nZIWb99TyrspuaTQLcI+dtugOraWsn6kj\n-----END PRIVATE KEY-----\n",
            "public_key_fingerprint_md5": "ad:26:11:52:5a:93:e5:ec:22:4f:6a:49:59:fd:95:9c",
            "public_key_fingerprint_sha256": "SHA256:KkLhc6fRhGEYAYjFr1Qvx88LAWmaE5M4pid5U9et6UA",
            "public_key_openssh": "ssh-rsa AAAAB3NzaC1yc2EAAAADAQABAAACAQCyTh/Ph+2kB7eRIiSDgMXMVguqjl3UtKiFw6pMADjjH5EVWfEQAbQvuvg9+rRitobaO7fHJyBByKbM7HE4vidEgVYL6KDjkk6j2YLGsT9mD2yiBpmKX0CUmTI5g2QcL212lO9ZmePjGQWtvDWUVZRsPbBsezwvQHEl4qG6D7Kt6kOz4INjb8QcqWO8DprQ85obYSHmk8GKaQesbkHRsPWg5I6cSsQQ9DGywprFSM2EyfQR7Bj1Z2+qUQ7XbHh3rsOddEctxevmRONAGnsVxEtMtJQmjgb6hvPaHa39BFhSEMtTNRDHCNVqkNDITRc8ep5UPqCCn26NwNwXpI2sQyMKO6U0CrsGPea57UOejdMe6hQJrEitsoEgJTtM2/k5+NunZreXjud+RL18nfPtNF/HMcKlxlcf1b0gJ6XPmnxdCGjikPL/TbG8t6/6Jky2mXSuFRRIlt9RaSIdggYxcvwGq1F0oyabYuSHa/ZwMLEzupF2N/RwjoRBblpVl04dLxY5Ge3ucq89r1FrvEX7ayZEpe7JyM/AW1stpRT69Dk1LJ8+3Taebhw05nmficBDqNiFmKRosmbjbOEJF0ah0Xpuo9hI4ilXUudfWi+OD4dk8CsXPTakw03mxj1jsp7AAblRFlvnQiRCzXcadWqbMIlP4lCVuuCu4PdFqmhVPZhNAw==\n",
            "public_key_pem": "-----BEGIN PUBLIC KEY-----\nMIICIjANBgkqhkiG9w0BAQEFAAOCAg8AMIICCgKCAgEAsk4fz4ftpAe3kSIkg4DF\nzFYLqo5d1LSohcOqTAA44x+RFVnxEAG0L7r4Pfq0YraG2ju3xycgQcimzOxxOL4n\nRIFWC+ig45JOo9mCxrE/Zg9sogaZil9AlJkyOYNkHC9tdpTvWZnj4xkFrbw1lFWU\nbD2wbHs8L0BxJeKhug+yrepDs+CDY2/EHKljvA6a0POaG2Eh5pPBimkHrG5B0bD1\noOSOnErEEPQxssKaxUjNhMn0EewY9WdvqlEO12x4d67DnXRHLcXr5kTjQBp7FcRL\nTLSUJo4G+obz2h2t/QRYUhDLUzUQxwjVapDQyE0XPHqeVD6ggp9ujcDcF6SNrEMj\nCjulNAq7Bj3mue1Dno3THuoUCaxIrbKBICU7TNv5Ofjbp2a3l47nfkS9fJ3z7TRf\nxzHCpcZXH9W9ICelz5p8XQho4pDy/02xvLev+iZMtpl0rhUUSJbfUWkiHYIGMXL8\nBqtRdKMmm2Lkh2v2cDCxM7qRdjf0cI6EQW5aVZdOHS8WORnt7nKvPa9Ra7xF+2sm\nRKXuycjPwFtbLaUU+vQ5NSyfPt02nm4cNOZ5n4nAQ6jYhZikaLJm42zhCRdGodF6\nbqPYSOIpV1LnX1ovjg+HZPArFz02pMNN5sY9Y7KewAG5URZb50IkQs13GnVqmzCJ\nT+JQlbrgruD3RapoVT2YTQMCAwEAAQ==\n-----END PUBLIC KEY-----\n",
            "rsa_bits": 4096
          },
          "sensitive_attributes": [],
          "dependencies": [
            "module.passive-network.data.aws_availability_zones.available"
          ],
          "create_before_destroy": true
        }
      ]
    },
    {
      "module": "module.passive-network.module.ec2-api[1]",
      "mode": "data",
      "type": "aws_ami",
      "name": "amazon-linux-2",
      "provider": "provider[\"registry.terraform.io/hashicorp/aws\"].us-east-2",
      "instances": [
        {
          "schema_version": 0,
          "attributes": {
            "architecture": "x86_64",
            "arn": "arn:aws:ec2:us-east-2::image/ami-0dcbd2aa4a07a555b",
            "block_device_mappings": [
              {
                "device_name": "/dev/xvda",
                "ebs": {
                  "delete_on_termination": "true",
                  "encrypted": "false",
                  "iops": "0",
                  "snapshot_id": "snap-0aa51cbee3b0648ab",
                  "throughput": "0",
                  "volume_size": "8",
                  "volume_type": "gp2"
                },
                "no_device": "",
                "virtual_name": ""
              }
            ],
            "boot_mode": "",
            "creation_date": "2023-06-02T19:40:40.000Z",
            "deprecation_time": "2025-06-02T19:40:40.000Z",
            "description": "Amazon Linux 2 AMI 2.0.20230530.0 x86_64 HVM gp2",
            "ena_support": true,
            "executable_users": null,
            "filter": [
              {
                "name": "name",
                "values": [
                  "amzn2-ami-hvm*"
                ]
              }
            ],
            "hypervisor": "xen",
            "id": "ami-0dcbd2aa4a07a555b",
            "image_id": "ami-0dcbd2aa4a07a555b",
            "image_location": "amazon/amzn2-ami-hvm-2.0.20230530.0-x86_64-gp2",
            "image_owner_alias": "amazon",
            "image_type": "machine",
            "imds_support": "",
            "include_deprecated": false,
            "kernel_id": "",
            "most_recent": true,
            "name": "amzn2-ami-hvm-2.0.20230530.0-x86_64-gp2",
            "name_regex": null,
            "owner_id": "137112412989",
            "owners": [
              "amazon"
            ],
            "platform": "",
            "platform_details": "Linux/UNIX",
            "product_codes": [],
            "public": true,
            "ramdisk_id": "",
            "root_device_name": "/dev/xvda",
            "root_device_type": "ebs",
            "root_snapshot_id": "snap-0aa51cbee3b0648ab",
            "sriov_net_support": "simple",
            "state": "available",
            "state_reason": {
              "code": "UNSET",
              "message": "UNSET"
            },
            "tags": {},
            "timeouts": null,
            "tpm_support": "",
            "usage_operation": "RunInstances",
            "virtualization_type": "hvm"
          },
          "sensitive_attributes": []
        }
      ]
    },
    {
      "module": "module.passive-network.module.ec2-api[1]",
      "mode": "data",
      "type": "aws_region",
      "name": "current",
      "provider": "provider[\"registry.terraform.io/hashicorp/aws\"].us-east-2",
      "instances": [
        {
          "schema_version": 0,
          "attributes": {
            "description": "US East (Ohio)",
            "endpoint": "ec2.us-east-2.amazonaws.com",
            "id": "us-east-2",
            "name": "us-east-2"
          },
          "sensitive_attributes": []
        }
      ]
    },
    {
      "module": "module.passive-network.module.ec2-api[1]",
      "mode": "managed",
      "type": "aws_instance",
      "name": "this",
      "provider": "provider[\"registry.terraform.io/hashicorp/aws\"].us-east-2",
      "instances": [
        {
          "schema_version": 1,
          "attributes": {
            "ami": "ami-0dcbd2aa4a07a555b",
            "arn": "arn:aws:ec2:us-east-2:501268445310:instance/i-055aa8796a5c76a0f",
            "associate_public_ip_address": true,
            "availability_zone": "us-east-2b",
            "capacity_reservation_specification": [
              {
                "capacity_reservation_preference": "open",
                "capacity_reservation_target": []
              }
            ],
            "cpu_core_count": 1,
            "cpu_options": [
              {
                "amd_sev_snp": "",
                "core_count": 1,
                "threads_per_core": 1
              }
            ],
            "cpu_threads_per_core": 1,
            "credit_specification": [
              {
                "cpu_credits": "standard"
              }
            ],
            "disable_api_stop": false,
            "disable_api_termination": false,
            "ebs_block_device": [],
            "ebs_optimized": false,
            "enclave_options": [
              {
                "enabled": false
              }
            ],
            "ephemeral_block_device": [],
            "get_password_data": false,
            "hibernation": false,
            "host_id": "",
            "host_resource_group_arn": null,
            "iam_instance_profile": "",
            "id": "i-055aa8796a5c76a0f",
            "instance_initiated_shutdown_behavior": "stop",
            "instance_lifecycle": "",
            "instance_market_options": [],
            "instance_state": "running",
            "instance_type": "t2.micro",
            "ipv6_address_count": 0,
            "ipv6_addresses": [],
            "key_name": "express-api-1_key_pair_us-east-2",
            "launch_template": [],
            "maintenance_options": [
              {
                "auto_recovery": "default"
              }
            ],
            "metadata_options": [
              {
                "http_endpoint": "enabled",
                "http_put_response_hop_limit": 1,
                "http_tokens": "optional",
                "instance_metadata_tags": "disabled"
              }
            ],
            "monitoring": false,
            "network_interface": [],
            "outpost_arn": "",
            "password_data": "",
            "placement_group": "",
            "placement_partition_number": 0,
            "primary_network_interface_id": "eni-07396e1206ab422b5",
            "private_dns": "ip-10-0-1-224.us-east-2.compute.internal",
            "private_dns_name_options": [
              {
                "enable_resource_name_dns_a_record": false,
                "enable_resource_name_dns_aaaa_record": false,
                "hostname_type": "ip-name"
              }
            ],
            "private_ip": "10.0.1.224",
            "public_dns": "",
            "public_ip": "18.118.199.182",
            "root_block_device": [
              {
                "delete_on_termination": true,
                "device_name": "/dev/xvda",
                "encrypted": true,
                "iops": 100,
                "kms_key_id": "arn:aws:kms:us-east-2:501268445310:key/107d4f02-2061-4d35-a218-9a6fa23397b0",
                "tags": null,
                "throughput": 0,
                "volume_id": "vol-021f8aa37581cba21",
                "volume_size": 30,
                "volume_type": "gp2"
              }
            ],
            "secondary_private_ips": [],
            "security_groups": [],
            "source_dest_check": false,
            "spot_instance_request_id": "",
            "subnet_id": "subnet-0e7f50f5123fe5fd7",
            "tags": {
              "CreatedBy": "terraform",
              "Name": "express-api-1"
            },
            "tags_all": {
              "CreatedBy": "terraform",
              "Name": "express-api-1",
              "author": "Grupo13",
              "created-by": "terraform",
              "subject": "Redes",
              "university": "ITBA",
              "version": "1"
            },
            "tenancy": "default",
            "timeouts": null,
            "user_data": "8c17ad24e77273d71365fbd8b8d124d2188bee42",
            "user_data_base64": null,
            "user_data_replace_on_change": false,
            "volume_tags": null,
            "vpc_security_group_ids": [
              "sg-0f679432d156de6c4"
            ]
          },
          "sensitive_attributes": [],
          "private": "eyJlMmJmYjczMC1lY2FhLTExZTYtOGY4OC0zNDM2M2JjN2M0YzAiOnsiY3JlYXRlIjo2MDAwMDAwMDAwMDAsImRlbGV0ZSI6MTIwMDAwMDAwMDAwMCwidXBkYXRlIjo2MDAwMDAwMDAwMDB9LCJzY2hlbWFfdmVyc2lvbiI6IjEifQ==",
          "dependencies": [
            "module.passive-network.aws_security_group.ec2",
            "module.passive-network.data.aws_availability_zones.available",
            "module.passive-network.module.ec2-api.aws_key_pair.key_pair",
            "module.passive-network.module.ec2-api.data.aws_ami.amazon-linux-2",
            "module.passive-network.module.ec2-api.data.aws_region.current",
            "module.passive-network.module.ec2-api.tls_private_key.key_pair",
            "module.passive-network.module.ig.aws_internet_gateway.this",
            "module.passive-network.module.nat_gw.aws_eip.nat",
            "module.passive-network.module.nat_gw.aws_nat_gateway.this",
            "module.passive-network.module.private-subnets.aws_route.default",
            "module.passive-network.module.private-subnets.aws_route_table.this",
            "module.passive-network.module.private-subnets.aws_route_table_association.this",
            "module.passive-network.module.private-subnets.aws_subnet.this",
            "module.passive-network.module.public-subnets.aws_route.default",
            "module.passive-network.module.public-subnets.aws_route_table.this",
            "module.passive-network.module.public-subnets.aws_route_table_association.this",
            "module.passive-network.module.public-subnets.aws_subnet.this",
            "module.passive-network.module.vpc.aws_vpc.this"
          ],
          "create_before_destroy": true
        }
      ]
    },
    {
      "module": "module.passive-network.module.ec2-api[1]",
      "mode": "managed",
      "type": "aws_key_pair",
      "name": "key_pair",
      "provider": "provider[\"registry.terraform.io/hashicorp/aws\"].us-east-2",
      "instances": [
        {
          "schema_version": 1,
          "attributes": {
            "arn": "arn:aws:ec2:us-east-2:501268445310:key-pair/express-api-1_key_pair_us-east-2",
            "fingerprint": "38:f6:3b:5d:92:48:b4:53:00:56:e2:65:1d:b5:9e:22",
            "id": "express-api-1_key_pair_us-east-2",
            "key_name": "express-api-1_key_pair_us-east-2",
            "key_name_prefix": "",
            "key_pair_id": "key-0ebf20546690d0036",
            "key_type": "rsa",
            "public_key": "ssh-rsa AAAAB3NzaC1yc2EAAAADAQABAAACAQC3l6pSNco8bJzE6eiy6tkZnrPCY0cg22BBUC0PamMX62g6VZaR5WTz7H9Qg14ZRQ7HuY/7Ao2XPjcVFCawYU7/tRjAN6qRKfJyiDgN0c+kodFWx95GvwAxhr0tkUybqVnsIE1C7svFkpIkfmhl3Q6fmj6k1MWGCjMS99N8jFFMm3zLW0XmCFRCOtT4lD52N/DpQZrWVtGN2yJnQXsCzBCpD3PlS7FEsiTkVOufAfPmXmMFgcTXb3y+m+leJ5/cNscdnJdffEKHfqXTAZzGwLo1F3Q0WOv9GkA2KQBCr07pPqmLB4kzml0IlPyxXSJ6EH7zd4IJOnElXsyU478IRQc7+4x//VKAZCdkYwin0ay5Ur1uozpl3siwg/jsXp2WaVyTSJ73uz6zGhqgLLy+2udtB+OpgA1Z3DmN0ACvz6CFQroVZ+NI6gSDrqjZZCVvxsdcqxTbPKj6bQFebf8CjQNIDu1wzivbvRllduAXbpQqXHjrQ/7y5d1kaBIrqM6ZqDSs2nrAftMbFd9/+j10gx/TZIPyd7/KInRg2Sm6EPKSwHhuntrae2ej70QTB1Mxeq+Z9++lX80O0+IGPxoVZWN9cM7roWU0j6ZVixieV0Bx4WCZFZVy5OqNOqUFRs03pYh4FRHCY98rbRKLKiH3cYd41GGggQ4WeGPY6tTZzQzbYw==",
            "tags": null,
            "tags_all": {
              "author": "Grupo13",
              "created-by": "terraform",
              "subject": "Redes",
              "university": "ITBA",
              "version": "1"
            }
          },
          "sensitive_attributes": [],
          "private": "eyJzY2hlbWFfdmVyc2lvbiI6IjEifQ==",
          "dependencies": [
            "module.passive-network.data.aws_availability_zones.available",
            "module.passive-network.module.ec2-api.data.aws_region.current",
            "module.passive-network.module.ec2-api.tls_private_key.key_pair"
          ],
          "create_before_destroy": true
        }
      ]
    },
    {
      "module": "module.passive-network.module.ec2-api[1]",
      "mode": "managed",
      "type": "local_file",
      "name": "ssh_key",
      "provider": "provider[\"registry.terraform.io/hashicorp/local\"]",
      "instances": [
        {
          "schema_version": 0,
          "attributes": {
            "content": "-----BEGIN RSA PRIVATE KEY-----\nMIIJJwIBAAKCAgEAt5eqUjXKPGycxOnosurZGZ6zwmNHINtgQVAtD2pjF+toOlWW\nkeVk8+x/UINeGUUOx7mP+wKNlz43FRQmsGFO/7UYwDeqkSnycog4DdHPpKHRVsfe\nRr8AMYa9LZFMm6lZ7CBNQu7LxZKSJH5oZd0On5o+pNTFhgozEvfTfIxRTJt8y1tF\n5ghUQjrU+JQ+djfw6UGa1lbRjdsiZ0F7AswQqQ9z5UuxRLIk5FTrnwHz5l5jBYHE\n1298vpvpXief3DbHHZyXX3xCh36l0wGcxsC6NRd0NFjr/RpANikAQq9O6T6piweJ\nM5pdCJT8sV0iehB+83eCCTpxJV7MlOO/CEUHO/uMf/1SgGQnZGMIp9GsuVK9bqM6\nZd7IsIP47F6dlmlck0ie97s+sxoaoCy8vtrnbQfjqYANWdw5jdAAr8+ghUK6FWfj\nSOoEg66o2WQlb8bHXKsU2zyo+m0BXm3/Ao0DSA7tcM4r270ZZXbgF26UKlx460P+\n8uXdZGgSK6jOmag0rNp6wH7TGxXff/o9dIMf02SD8ne/yiJ0YNkpuhDyksB4bp7a\n2ntno+9EEwdTMXqvmffvpV/NDtPiBj8aFWVjfXDO66FlNI+mVYsYnldAceFgmRWV\ncuTqjTqlBUbNN6WIeBURwmPfK20Siyoh93GHeNRhoIEOFnhj2OrU2c0M22MCAwEA\nAQKCAgB/A3JWBdiwDQQ4RwsyHL+ttdnvNffTh3IEPY+vBo8f0UD+eo/8x5McHhXG\ngdvr55beHka6BX4nkGdTMenCRM/+oC9LbDeYzkhpbEw7Y1ggMcM+InBoyWM84Fao\n28kAOB15+q75C3P2b/yjOsDHGDQxvuhv6LPuk8fZ65JorDrioP+pQLAPANwqJcGJ\naCX+a51EAps4hj/bwCsA/JA50ywDiilIDSHKwOQ9A3MvQo6WZd5jxO+FjB/lTsAY\n35j9JPiER/2BldoBG2FlpcvsxREOAffm7030gODDl4ISoG4bd7qb8M6+4KBUe56G\npkRf5mGt1pQkBkaY8AjhSN60vezOKrJ4NUo5Pd+gCehuCWAztWk1ENUqzN/Iujmn\nnkGmK2WqDKkPQg9lfdoaoPj2bP8qpZDqjbeKoIDBDnyoYITxnEixO7qos7BxzTsh\nu/hbifox7MBKBjAUGX5jYguZ5U5HKOK1aJ99eUJnEc2Ynddil+F8yytAfLECO/r9\n2ZKZw/vUs1EgH2S6sQQEzCDKfpnzb+NUP7fFFUTRm78Q+M/bNGG/bBjrf9klQK/L\nmyxu/dHVIjFh311CBZ2CR921xDa2jxV56gERxsLQIeGQpTvWvIeHngHhzW7PcRiA\nQ6/hiwJyoY6FxxzsfI3EyTEPf67z121DnTJaRytrV1L2zLVOgQKCAQEA2oy2fWCW\numE/Nn4N31xEbpEytjkfbqPbo+pvklZfc6XTxe0ijf/wRHj1vAcuhIemxQFdieOc\nMFAnDkS+eCpL90dX1NHHzupU1f2vZH49euKhrtuTeCiAj0kVSPulyrkIUWQ9EIXC\n5k4WfM55FMTtmbhG3tkAXCxr2/whDfcrmCEU05EkrGsoRpDczdCfiGXxCVqFxW4O\nSUjH2UcSA+lnj9PBRBoWNM042rIyv9yn8THimNpx+tP430d1wrruWCM8Hog6MRHv\nAhRRwLNY7ldtqdaSiZOMYIkuVZ0W0jUEPLfFMlXJ2VHeZCmg/OwTtSOuO3yXtB4f\n4B9HOvJUS+OX0wKCAQEA1w11CJexvgzkmFYo1MK1IuLL6mrt8FgFwp1wiOw9gOfW\n6v8vv0lsdnYBpVWamjuYbq235xCC+RxGwhvBHb/5X1rnpdZIxA21LAY1rhwZSCJ0\nndn6moEvk0+lFdeAtYGIwxqXQPPSjPE0Qfm1xkjsIwJK7rw6uDUwZOT0Phr2anmV\nXeY5Xw9hmf3Rfo63k8gUH3RK9cfCDaWbki/Hpdz+FisaisoHXwlTmrIaZV2APfCc\nleefwKwy6mutv4RF3orthW5HYgjmm2OWIw3rxu2xFG3t2liVGjSI4WrvoPkbEbSM\nd/3PRPPcfF+uZnPtLBS5a1WrttaUrju/Lh8a1nyEMQKCAQAqq+bFvCIx6eLpxNr4\njY9e90KriaO1epDcBF4ceHjSn8IllxN0HlDPTb7NI6nVfpb1SDr3PVW1qTC2/H0k\nAT4r3eYsS3lz0RUXYxznxi5C3BUtivnUMDRJxb8+LMRGPLJ/Ec9KdpODXCPP4pCJ\nmZm6tdxAjqYfWR0GKshZbbU5Utw6ItDCSXnnrUkvdlhvzVeut9n+nmpzrJ44skO2\nN9BcqL/HiEBlttwu9zQpee/gjBjuN1ih3Nlu3wkDKHR5CQgn/fk+s32zLjx4H4xx\nnOhwjNC3w/NYtfAyDyXxjSByqn76QP3UTMPbUrV4LK/8YicWvlDwfiFDJVhHDiGf\nX6S5AoIBACCo4YpBh3Pmf10HUMInI909dlyOir5Cj/VjdbDFt/14uDIOOVEitH81\nIsDaRFWCEX9VkKVd45YzjidykZyUCCpMIvwTlA96SXZ7JvHfQJOs7+r9LMsELZaA\ntQChLuHh30RKKIhrvyE6jIYsh0eq0XnrojepjH1nToc0IkfAToYTGvUcvr/KFTeO\nzZ8by5N9AllYjv3OrZDnAr5r1TVCX7A8MZa8Yewz/Wdz/wA/9/bwMMevWpqnTEA/\nxC5ex0Gp9bKa8epYkbUtpaKDPbiDZq5El6feZh6JtfQOCoB29H523hJnEHBXXLfi\nzBixKGbWauZ7J03oPsJLPpihjrDeTjECggEASomHPfctImBEaOPfePvaeUd1YF8v\ngawhbeOFocPamYPftAvU9wdZxbMZy+1e0nurqa7W5PsrOHUKvwG1CKTiGLdDrBJ6\njOrlv2K8gnwo9dG2m6UQr0xwcDxprhd2BIg7WLs3DWBoEJe8hsLFaUnMKbaCatK/\nGUrCPBfn8u7iLpG50nfxutlALD23b5oatG7V8YbkuaWd0Kqvy0pJIofj5tyuzUQS\nr/GrzJ8OXZyS5p1L4+zO4si8JiWdZxLi3AnCTjnnGWxXXC3DTUICSy+pMh4VZwTx\nbACMmUR776l9mWLaX41zcufyOZY0uBRCIgKic9yb8u4FDmwb3xooDAzeOw==\n-----END RSA PRIVATE KEY-----\n",
            "content_base64": null,
            "content_base64sha256": "RjxUIdSFK590Zwu1V+20U5ilNl4N06j9G2IZzMeJIY0=",
            "content_base64sha512": "tEve0mnuNWHorwsEqaCrO8n7M/PyY0fbnz43g9xxBcTfvHOnlZSIIirYOuqt06FPRsO/v6/0gR/Gm071RAe9zg==",
            "content_md5": "e4a8905f0e443227945402639bc36366",
            "content_sha1": "25ba0ad3cc4d96595d1593d7e26f21f81777585f",
            "content_sha256": "463c5421d4852b9f74670bb557edb45398a5365e0dd3a8fd1b6219ccc789218d",
            "content_sha512": "b44bded269ee3561e8af0b04a9a0ab3bc9fb33f3f26347db9f3e3783dc7105c4dfbc73a7959488222ad83aeaadd3a14f46c3bfbfaff4811fc69b4ef54407bdce",
            "directory_permission": "0777",
            "file_permission": "0777",
            "filename": "express-api-1_key_pair_us-east-2.pem",
            "id": "25ba0ad3cc4d96595d1593d7e26f21f81777585f",
            "sensitive_content": null,
            "source": null
          },
          "sensitive_attributes": [
            [
              {
                "type": "get_attr",
                "value": "content"
              }
            ]
          ],
          "dependencies": [
            "module.passive-network.data.aws_availability_zones.available",
            "module.passive-network.module.ec2-api.aws_key_pair.key_pair",
            "module.passive-network.module.ec2-api.data.aws_region.current",
            "module.passive-network.module.ec2-api.tls_private_key.key_pair"
          ],
          "create_before_destroy": true
        }
      ]
    },
    {
      "module": "module.passive-network.module.ec2-api[1]",
      "mode": "managed",
      "type": "tls_private_key",
      "name": "key_pair",
      "provider": "provider[\"registry.terraform.io/hashicorp/tls\"]",
      "instances": [
        {
          "schema_version": 1,
          "attributes": {
            "algorithm": "RSA",
            "ecdsa_curve": "P224",
            "id": "d15451aaf5a256846da75c46e12a1d991a5bba9d",
            "private_key_openssh": "-----BEGIN OPENSSH PRIVATE KEY-----\nb3BlbnNzaC1rZXktdjEAAAAABG5vbmUAAAAEbm9uZQAAAAAAAAABAAACFwAAAAdz\nc2gtcnNhAAAAAwEAAQAAAgEAt5eqUjXKPGycxOnosurZGZ6zwmNHINtgQVAtD2pj\nF+toOlWWkeVk8+x/UINeGUUOx7mP+wKNlz43FRQmsGFO/7UYwDeqkSnycog4DdHP\npKHRVsfeRr8AMYa9LZFMm6lZ7CBNQu7LxZKSJH5oZd0On5o+pNTFhgozEvfTfIxR\nTJt8y1tF5ghUQjrU+JQ+djfw6UGa1lbRjdsiZ0F7AswQqQ9z5UuxRLIk5FTrnwHz\n5l5jBYHE1298vpvpXief3DbHHZyXX3xCh36l0wGcxsC6NRd0NFjr/RpANikAQq9O\n6T6piweJM5pdCJT8sV0iehB+83eCCTpxJV7MlOO/CEUHO/uMf/1SgGQnZGMIp9Gs\nuVK9bqM6Zd7IsIP47F6dlmlck0ie97s+sxoaoCy8vtrnbQfjqYANWdw5jdAAr8+g\nhUK6FWfjSOoEg66o2WQlb8bHXKsU2zyo+m0BXm3/Ao0DSA7tcM4r270ZZXbgF26U\nKlx460P+8uXdZGgSK6jOmag0rNp6wH7TGxXff/o9dIMf02SD8ne/yiJ0YNkpuhDy\nksB4bp7a2ntno+9EEwdTMXqvmffvpV/NDtPiBj8aFWVjfXDO66FlNI+mVYsYnldA\nceFgmRWVcuTqjTqlBUbNN6WIeBURwmPfK20Siyoh93GHeNRhoIEOFnhj2OrU2c0M\n22MAAAc4uP2+PLj9vjwAAAAHc3NoLXJzYQAAAgEAt5eqUjXKPGycxOnosurZGZ6z\nwmNHINtgQVAtD2pjF+toOlWWkeVk8+x/UINeGUUOx7mP+wKNlz43FRQmsGFO/7UY\nwDeqkSnycog4DdHPpKHRVsfeRr8AMYa9LZFMm6lZ7CBNQu7LxZKSJH5oZd0On5o+\npNTFhgozEvfTfIxRTJt8y1tF5ghUQjrU+JQ+djfw6UGa1lbRjdsiZ0F7AswQqQ9z\n5UuxRLIk5FTrnwHz5l5jBYHE1298vpvpXief3DbHHZyXX3xCh36l0wGcxsC6NRd0\nNFjr/RpANikAQq9O6T6piweJM5pdCJT8sV0iehB+83eCCTpxJV7MlOO/CEUHO/uM\nf/1SgGQnZGMIp9GsuVK9bqM6Zd7IsIP47F6dlmlck0ie97s+sxoaoCy8vtrnbQfj\nqYANWdw5jdAAr8+ghUK6FWfjSOoEg66o2WQlb8bHXKsU2zyo+m0BXm3/Ao0DSA7t\ncM4r270ZZXbgF26UKlx460P+8uXdZGgSK6jOmag0rNp6wH7TGxXff/o9dIMf02SD\n8ne/yiJ0YNkpuhDyksB4bp7a2ntno+9EEwdTMXqvmffvpV/NDtPiBj8aFWVjfXDO\n66FlNI+mVYsYnldAceFgmRWVcuTqjTqlBUbNN6WIeBURwmPfK20Siyoh93GHeNRh\noIEOFnhj2OrU2c0M22MAAAADAQABAAACAH8DclYF2LANBDhHCzIcv6212e8199OH\ncgQ9j68Gjx/RQP56j/zHkxweFcaB2+vnlt4eRroFfieQZ1Mx6cJEz/6gL0tsN5jO\nSGlsTDtjWCAxwz4icGjJYzzgVqjbyQA4HXn6rvkLc/Zv/KM6wMcYNDG+6G/os+6T\nx9nrkmisOuKg/6lAsA8A3ColwYloJf5rnUQCmziGP9vAKwD8kDnTLAOKKUgNIcrA\n5D0Dcy9CjpZl3mPE74WMH+VOwBjfmP0k+IRH/YGV2gEbYWWly+zFEQ4B9+bvTfSA\n4MOXghKgbht3upvwzr7goFR7noamRF/mYa3WlCQGRpjwCOFI3rS97M4qsng1Sjk9\n36AJ6G4JYDO1aTUQ1SrM38i6OaeeQaYrZaoMqQ9CD2V92hqg+PZs/yqlkOqNt4qg\ngMEOfKhghPGcSLE7uqizsHHNOyG7+FuJ+jHswEoGMBQZfmNiC5nlTkco4rVon315\nQmcRzZid12KX4XzLK0B8sQI7+v3ZkpnD+9SzUSAfZLqxBATMIMp+mfNv41Q/t8UV\nRNGbvxD4z9s0Yb9sGOt/2SVAr8ubLG790dUiMWHfXUIFnYJH3bXENraPFXnqARHG\nwtAh4ZClO9a8h4eeAeHNbs9xGIBDr+GLAnKhjoXHHOx8jcTJMQ9/rvPXbUOdMlpH\nK2tXUvbMtU6BAAABAEqJhz33LSJgRGjj33j72nlHdWBfL4GsIW3jhaHD2pmD37QL\n1PcHWcWzGcvtXtJ7q6mu1uT7Kzh1Cr8BtQik4hi3Q6wSeozq5b9ivIJ8KPXRtpul\nEK9McHA8aa4XdgSIO1i7Nw1gaBCXvIbCxWlJzCm2gmrSvxlKwjwX5/Lu4i6RudJ3\n8brZQCw9t2+aGrRu1fGG5LmlndCqr8tKSSKH4+bcrs1EEq/xq8yfDl2ckuadS+Ps\nzuLIvCYlnWcS4twJwk455xlsV1wtw01CAksvqTIeFWcE8WwAjJlEe++pfZli2l+N\nc3Ln8jmWNLgUQiIConPcm/LuBQ5sG98aKAwM3jsAAAEBANqMtn1glrphPzZ+Dd9c\nRG6RMrY5H26j26Pqb5JWX3Ol08XtIo3/8ER49bwHLoSHpsUBXYnjnDBQJw5Evngq\nS/dHV9TRx87qVNX9r2R+PXrioa7bk3gogI9JFUj7pcq5CFFkPRCFwuZOFnzOeRTE\n7Zm4Rt7ZAFwsa9v8IQ33K5ghFNORJKxrKEaQ3M3Qn4hl8QlahcVuDklIx9lHEgPp\nZ4/TwUQaFjTNONqyMr/cp/Ex4pjacfrT+N9HdcK67lgjPB6IOjER7wIUUcCzWO5X\nbanWkomTjGCJLlWdFtI1BDy3xTJVydlR3mQpoPzsE7Ujrjt8l7QeH+AfRzryVEvj\nl9MAAAEBANcNdQiXsb4M5JhWKNTCtSLiy+pq7fBYBcKdcIjsPYDn1ur/L79JbHZ2\nAaVVmpo7mG6tt+cQgvkcRsIbwR2/+V9a56XWSMQNtSwGNa4cGUgidJ3Z+pqBL5NP\npRXXgLWBiMMal0Dz0ozxNEH5tcZI7CMCSu68Org1MGTk9D4a9mp5lV3mOV8PYZn9\n0X6Ot5PIFB90SvXHwg2lm5Ivx6Xc/hYrGorKB18JU5qyGmVdgD3wnJXnn8CsMupr\nrb+ERd6K7YVuR2II5ptjliMN68btsRRt7dpYlRo0iOFq76D5GxG0jHf9z0Tz3Hxf\nrmZz7SwUuWtVq7bWlK47vy4fGtZ8hDEAAAAAAQID\n-----END OPENSSH PRIVATE KEY-----\n",
            "private_key_pem": "-----BEGIN RSA PRIVATE KEY-----\nMIIJJwIBAAKCAgEAt5eqUjXKPGycxOnosurZGZ6zwmNHINtgQVAtD2pjF+toOlWW\nkeVk8+x/UINeGUUOx7mP+wKNlz43FRQmsGFO/7UYwDeqkSnycog4DdHPpKHRVsfe\nRr8AMYa9LZFMm6lZ7CBNQu7LxZKSJH5oZd0On5o+pNTFhgozEvfTfIxRTJt8y1tF\n5ghUQjrU+JQ+djfw6UGa1lbRjdsiZ0F7AswQqQ9z5UuxRLIk5FTrnwHz5l5jBYHE\n1298vpvpXief3DbHHZyXX3xCh36l0wGcxsC6NRd0NFjr/RpANikAQq9O6T6piweJ\nM5pdCJT8sV0iehB+83eCCTpxJV7MlOO/CEUHO/uMf/1SgGQnZGMIp9GsuVK9bqM6\nZd7IsIP47F6dlmlck0ie97s+sxoaoCy8vtrnbQfjqYANWdw5jdAAr8+ghUK6FWfj\nSOoEg66o2WQlb8bHXKsU2zyo+m0BXm3/Ao0DSA7tcM4r270ZZXbgF26UKlx460P+\n8uXdZGgSK6jOmag0rNp6wH7TGxXff/o9dIMf02SD8ne/yiJ0YNkpuhDyksB4bp7a\n2ntno+9EEwdTMXqvmffvpV/NDtPiBj8aFWVjfXDO66FlNI+mVYsYnldAceFgmRWV\ncuTqjTqlBUbNN6WIeBURwmPfK20Siyoh93GHeNRhoIEOFnhj2OrU2c0M22MCAwEA\nAQKCAgB/A3JWBdiwDQQ4RwsyHL+ttdnvNffTh3IEPY+vBo8f0UD+eo/8x5McHhXG\ngdvr55beHka6BX4nkGdTMenCRM/+oC9LbDeYzkhpbEw7Y1ggMcM+InBoyWM84Fao\n28kAOB15+q75C3P2b/yjOsDHGDQxvuhv6LPuk8fZ65JorDrioP+pQLAPANwqJcGJ\naCX+a51EAps4hj/bwCsA/JA50ywDiilIDSHKwOQ9A3MvQo6WZd5jxO+FjB/lTsAY\n35j9JPiER/2BldoBG2FlpcvsxREOAffm7030gODDl4ISoG4bd7qb8M6+4KBUe56G\npkRf5mGt1pQkBkaY8AjhSN60vezOKrJ4NUo5Pd+gCehuCWAztWk1ENUqzN/Iujmn\nnkGmK2WqDKkPQg9lfdoaoPj2bP8qpZDqjbeKoIDBDnyoYITxnEixO7qos7BxzTsh\nu/hbifox7MBKBjAUGX5jYguZ5U5HKOK1aJ99eUJnEc2Ynddil+F8yytAfLECO/r9\n2ZKZw/vUs1EgH2S6sQQEzCDKfpnzb+NUP7fFFUTRm78Q+M/bNGG/bBjrf9klQK/L\nmyxu/dHVIjFh311CBZ2CR921xDa2jxV56gERxsLQIeGQpTvWvIeHngHhzW7PcRiA\nQ6/hiwJyoY6FxxzsfI3EyTEPf67z121DnTJaRytrV1L2zLVOgQKCAQEA2oy2fWCW\numE/Nn4N31xEbpEytjkfbqPbo+pvklZfc6XTxe0ijf/wRHj1vAcuhIemxQFdieOc\nMFAnDkS+eCpL90dX1NHHzupU1f2vZH49euKhrtuTeCiAj0kVSPulyrkIUWQ9EIXC\n5k4WfM55FMTtmbhG3tkAXCxr2/whDfcrmCEU05EkrGsoRpDczdCfiGXxCVqFxW4O\nSUjH2UcSA+lnj9PBRBoWNM042rIyv9yn8THimNpx+tP430d1wrruWCM8Hog6MRHv\nAhRRwLNY7ldtqdaSiZOMYIkuVZ0W0jUEPLfFMlXJ2VHeZCmg/OwTtSOuO3yXtB4f\n4B9HOvJUS+OX0wKCAQEA1w11CJexvgzkmFYo1MK1IuLL6mrt8FgFwp1wiOw9gOfW\n6v8vv0lsdnYBpVWamjuYbq235xCC+RxGwhvBHb/5X1rnpdZIxA21LAY1rhwZSCJ0\nndn6moEvk0+lFdeAtYGIwxqXQPPSjPE0Qfm1xkjsIwJK7rw6uDUwZOT0Phr2anmV\nXeY5Xw9hmf3Rfo63k8gUH3RK9cfCDaWbki/Hpdz+FisaisoHXwlTmrIaZV2APfCc\nleefwKwy6mutv4RF3orthW5HYgjmm2OWIw3rxu2xFG3t2liVGjSI4WrvoPkbEbSM\nd/3PRPPcfF+uZnPtLBS5a1WrttaUrju/Lh8a1nyEMQKCAQAqq+bFvCIx6eLpxNr4\njY9e90KriaO1epDcBF4ceHjSn8IllxN0HlDPTb7NI6nVfpb1SDr3PVW1qTC2/H0k\nAT4r3eYsS3lz0RUXYxznxi5C3BUtivnUMDRJxb8+LMRGPLJ/Ec9KdpODXCPP4pCJ\nmZm6tdxAjqYfWR0GKshZbbU5Utw6ItDCSXnnrUkvdlhvzVeut9n+nmpzrJ44skO2\nN9BcqL/HiEBlttwu9zQpee/gjBjuN1ih3Nlu3wkDKHR5CQgn/fk+s32zLjx4H4xx\nnOhwjNC3w/NYtfAyDyXxjSByqn76QP3UTMPbUrV4LK/8YicWvlDwfiFDJVhHDiGf\nX6S5AoIBACCo4YpBh3Pmf10HUMInI909dlyOir5Cj/VjdbDFt/14uDIOOVEitH81\nIsDaRFWCEX9VkKVd45YzjidykZyUCCpMIvwTlA96SXZ7JvHfQJOs7+r9LMsELZaA\ntQChLuHh30RKKIhrvyE6jIYsh0eq0XnrojepjH1nToc0IkfAToYTGvUcvr/KFTeO\nzZ8by5N9AllYjv3OrZDnAr5r1TVCX7A8MZa8Yewz/Wdz/wA/9/bwMMevWpqnTEA/\nxC5ex0Gp9bKa8epYkbUtpaKDPbiDZq5El6feZh6JtfQOCoB29H523hJnEHBXXLfi\nzBixKGbWauZ7J03oPsJLPpihjrDeTjECggEASomHPfctImBEaOPfePvaeUd1YF8v\ngawhbeOFocPamYPftAvU9wdZxbMZy+1e0nurqa7W5PsrOHUKvwG1CKTiGLdDrBJ6\njOrlv2K8gnwo9dG2m6UQr0xwcDxprhd2BIg7WLs3DWBoEJe8hsLFaUnMKbaCatK/\nGUrCPBfn8u7iLpG50nfxutlALD23b5oatG7V8YbkuaWd0Kqvy0pJIofj5tyuzUQS\nr/GrzJ8OXZyS5p1L4+zO4si8JiWdZxLi3AnCTjnnGWxXXC3DTUICSy+pMh4VZwTx\nbACMmUR776l9mWLaX41zcufyOZY0uBRCIgKic9yb8u4FDmwb3xooDAzeOw==\n-----END RSA PRIVATE KEY-----\n",
            "private_key_pem_pkcs8": "-----BEGIN PRIVATE KEY-----\nMIIJQQIBADANBgkqhkiG9w0BAQEFAASCCSswggknAgEAAoICAQC3l6pSNco8bJzE\n6eiy6tkZnrPCY0cg22BBUC0PamMX62g6VZaR5WTz7H9Qg14ZRQ7HuY/7Ao2XPjcV\nFCawYU7/tRjAN6qRKfJyiDgN0c+kodFWx95GvwAxhr0tkUybqVnsIE1C7svFkpIk\nfmhl3Q6fmj6k1MWGCjMS99N8jFFMm3zLW0XmCFRCOtT4lD52N/DpQZrWVtGN2yJn\nQXsCzBCpD3PlS7FEsiTkVOufAfPmXmMFgcTXb3y+m+leJ5/cNscdnJdffEKHfqXT\nAZzGwLo1F3Q0WOv9GkA2KQBCr07pPqmLB4kzml0IlPyxXSJ6EH7zd4IJOnElXsyU\n478IRQc7+4x//VKAZCdkYwin0ay5Ur1uozpl3siwg/jsXp2WaVyTSJ73uz6zGhqg\nLLy+2udtB+OpgA1Z3DmN0ACvz6CFQroVZ+NI6gSDrqjZZCVvxsdcqxTbPKj6bQFe\nbf8CjQNIDu1wzivbvRllduAXbpQqXHjrQ/7y5d1kaBIrqM6ZqDSs2nrAftMbFd9/\n+j10gx/TZIPyd7/KInRg2Sm6EPKSwHhuntrae2ej70QTB1Mxeq+Z9++lX80O0+IG\nPxoVZWN9cM7roWU0j6ZVixieV0Bx4WCZFZVy5OqNOqUFRs03pYh4FRHCY98rbRKL\nKiH3cYd41GGggQ4WeGPY6tTZzQzbYwIDAQABAoICAH8DclYF2LANBDhHCzIcv621\n2e8199OHcgQ9j68Gjx/RQP56j/zHkxweFcaB2+vnlt4eRroFfieQZ1Mx6cJEz/6g\nL0tsN5jOSGlsTDtjWCAxwz4icGjJYzzgVqjbyQA4HXn6rvkLc/Zv/KM6wMcYNDG+\n6G/os+6Tx9nrkmisOuKg/6lAsA8A3ColwYloJf5rnUQCmziGP9vAKwD8kDnTLAOK\nKUgNIcrA5D0Dcy9CjpZl3mPE74WMH+VOwBjfmP0k+IRH/YGV2gEbYWWly+zFEQ4B\n9+bvTfSA4MOXghKgbht3upvwzr7goFR7noamRF/mYa3WlCQGRpjwCOFI3rS97M4q\nsng1Sjk936AJ6G4JYDO1aTUQ1SrM38i6OaeeQaYrZaoMqQ9CD2V92hqg+PZs/yql\nkOqNt4qggMEOfKhghPGcSLE7uqizsHHNOyG7+FuJ+jHswEoGMBQZfmNiC5nlTkco\n4rVon315QmcRzZid12KX4XzLK0B8sQI7+v3ZkpnD+9SzUSAfZLqxBATMIMp+mfNv\n41Q/t8UVRNGbvxD4z9s0Yb9sGOt/2SVAr8ubLG790dUiMWHfXUIFnYJH3bXENraP\nFXnqARHGwtAh4ZClO9a8h4eeAeHNbs9xGIBDr+GLAnKhjoXHHOx8jcTJMQ9/rvPX\nbUOdMlpHK2tXUvbMtU6BAoIBAQDajLZ9YJa6YT82fg3fXERukTK2OR9uo9uj6m+S\nVl9zpdPF7SKN//BEePW8By6Eh6bFAV2J45wwUCcORL54Kkv3R1fU0cfO6lTV/a9k\nfj164qGu25N4KICPSRVI+6XKuQhRZD0QhcLmThZ8znkUxO2ZuEbe2QBcLGvb/CEN\n9yuYIRTTkSSsayhGkNzN0J+IZfEJWoXFbg5JSMfZRxID6WeP08FEGhY0zTjasjK/\n3KfxMeKY2nH60/jfR3XCuu5YIzweiDoxEe8CFFHAs1juV22p1pKJk4xgiS5VnRbS\nNQQ8t8UyVcnZUd5kKaD87BO1I647fJe0Hh/gH0c68lRL45fTAoIBAQDXDXUIl7G+\nDOSYVijUwrUi4svqau3wWAXCnXCI7D2A59bq/y+/SWx2dgGlVZqaO5hurbfnEIL5\nHEbCG8Edv/lfWuel1kjEDbUsBjWuHBlIInSd2fqagS+TT6UV14C1gYjDGpdA89KM\n8TRB+bXGSOwjAkruvDq4NTBk5PQ+GvZqeZVd5jlfD2GZ/dF+jreTyBQfdEr1x8IN\npZuSL8el3P4WKxqKygdfCVOashplXYA98JyV55/ArDLqa62/hEXeiu2FbkdiCOab\nY5YjDevG7bEUbe3aWJUaNIjhau+g+RsRtIx3/c9E89x8X65mc+0sFLlrVau21pSu\nO78uHxrWfIQxAoIBACqr5sW8IjHp4unE2viNj173QquJo7V6kNwEXhx4eNKfwiWX\nE3QeUM9Nvs0jqdV+lvVIOvc9VbWpMLb8fSQBPivd5ixLeXPRFRdjHOfGLkLcFS2K\n+dQwNEnFvz4sxEY8sn8Rz0p2k4NcI8/ikImZmbq13ECOph9ZHQYqyFlttTlS3Doi\n0MJJeeetSS92WG/NV6632f6eanOsnjiyQ7Y30Fyov8eIQGW23C73NCl57+CMGO43\nWKHc2W7fCQModHkJCCf9+T6zfbMuPHgfjHGc6HCM0LfD81i18DIPJfGNIHKqfvpA\n/dRMw9tStXgsr/xiJxa+UPB+IUMlWEcOIZ9fpLkCggEAIKjhikGHc+Z/XQdQwicj\n3T12XI6KvkKP9WN1sMW3/Xi4Mg45USK0fzUiwNpEVYIRf1WQpV3jljOOJ3KRnJQI\nKkwi/BOUD3pJdnsm8d9Ak6zv6v0sywQtloC1AKEu4eHfREooiGu/ITqMhiyHR6rR\neeuiN6mMfWdOhzQiR8BOhhMa9Ry+v8oVN47NnxvLk30CWViO/c6tkOcCvmvVNUJf\nsDwxlrxh7DP9Z3P/AD/39vAwx69amqdMQD/ELl7HQan1sprx6liRtS2looM9uINm\nrkSXp95mHom19A4KgHb0fnbeEmcQcFdct+LMGLEoZtZq5nsnTeg+wks+mKGOsN5O\nMQKCAQBKiYc99y0iYERo4994+9p5R3VgXy+BrCFt44Whw9qZg9+0C9T3B1nFsxnL\n7V7Se6uprtbk+ys4dQq/AbUIpOIYt0OsEnqM6uW/YryCfCj10babpRCvTHBwPGmu\nF3YEiDtYuzcNYGgQl7yGwsVpScwptoJq0r8ZSsI8F+fy7uIukbnSd/G62UAsPbdv\nmhq0btXxhuS5pZ3Qqq/LSkkih+Pm3K7NRBKv8avMnw5dnJLmnUvj7M7iyLwmJZ1n\nEuLcCcJOOecZbFdcLcNNQgJLL6kyHhVnBPFsAIyZRHvvqX2ZYtpfjXNy5/I5ljS4\nFEIiAqJz3Jvy7gUObBvfGigMDN47\n-----END PRIVATE KEY-----\n",
            "public_key_fingerprint_md5": "97:1b:fb:e3:23:dd:4b:d7:bf:8e:d7:2b:04:b5:54:97",
            "public_key_fingerprint_sha256": "SHA256:Km2y903uXxaBxtcEQ6TS/vhWSG6mkfz6AmmMNnFA2XM",
            "public_key_openssh": "ssh-rsa AAAAB3NzaC1yc2EAAAADAQABAAACAQC3l6pSNco8bJzE6eiy6tkZnrPCY0cg22BBUC0PamMX62g6VZaR5WTz7H9Qg14ZRQ7HuY/7Ao2XPjcVFCawYU7/tRjAN6qRKfJyiDgN0c+kodFWx95GvwAxhr0tkUybqVnsIE1C7svFkpIkfmhl3Q6fmj6k1MWGCjMS99N8jFFMm3zLW0XmCFRCOtT4lD52N/DpQZrWVtGN2yJnQXsCzBCpD3PlS7FEsiTkVOufAfPmXmMFgcTXb3y+m+leJ5/cNscdnJdffEKHfqXTAZzGwLo1F3Q0WOv9GkA2KQBCr07pPqmLB4kzml0IlPyxXSJ6EH7zd4IJOnElXsyU478IRQc7+4x//VKAZCdkYwin0ay5Ur1uozpl3siwg/jsXp2WaVyTSJ73uz6zGhqgLLy+2udtB+OpgA1Z3DmN0ACvz6CFQroVZ+NI6gSDrqjZZCVvxsdcqxTbPKj6bQFebf8CjQNIDu1wzivbvRllduAXbpQqXHjrQ/7y5d1kaBIrqM6ZqDSs2nrAftMbFd9/+j10gx/TZIPyd7/KInRg2Sm6EPKSwHhuntrae2ej70QTB1Mxeq+Z9++lX80O0+IGPxoVZWN9cM7roWU0j6ZVixieV0Bx4WCZFZVy5OqNOqUFRs03pYh4FRHCY98rbRKLKiH3cYd41GGggQ4WeGPY6tTZzQzbYw==\n",
            "public_key_pem": "-----BEGIN PUBLIC KEY-----\nMIICIjANBgkqhkiG9w0BAQEFAAOCAg8AMIICCgKCAgEAt5eqUjXKPGycxOnosurZ\nGZ6zwmNHINtgQVAtD2pjF+toOlWWkeVk8+x/UINeGUUOx7mP+wKNlz43FRQmsGFO\n/7UYwDeqkSnycog4DdHPpKHRVsfeRr8AMYa9LZFMm6lZ7CBNQu7LxZKSJH5oZd0O\nn5o+pNTFhgozEvfTfIxRTJt8y1tF5ghUQjrU+JQ+djfw6UGa1lbRjdsiZ0F7AswQ\nqQ9z5UuxRLIk5FTrnwHz5l5jBYHE1298vpvpXief3DbHHZyXX3xCh36l0wGcxsC6\nNRd0NFjr/RpANikAQq9O6T6piweJM5pdCJT8sV0iehB+83eCCTpxJV7MlOO/CEUH\nO/uMf/1SgGQnZGMIp9GsuVK9bqM6Zd7IsIP47F6dlmlck0ie97s+sxoaoCy8vtrn\nbQfjqYANWdw5jdAAr8+ghUK6FWfjSOoEg66o2WQlb8bHXKsU2zyo+m0BXm3/Ao0D\nSA7tcM4r270ZZXbgF26UKlx460P+8uXdZGgSK6jOmag0rNp6wH7TGxXff/o9dIMf\n02SD8ne/yiJ0YNkpuhDyksB4bp7a2ntno+9EEwdTMXqvmffvpV/NDtPiBj8aFWVj\nfXDO66FlNI+mVYsYnldAceFgmRWVcuTqjTqlBUbNN6WIeBURwmPfK20Siyoh93GH\neNRhoIEOFnhj2OrU2c0M22MCAwEAAQ==\n-----END PUBLIC KEY-----\n",
            "rsa_bits": 4096
          },
          "sensitive_attributes": [],
          "dependencies": [
            "module.passive-network.data.aws_availability_zones.available"
          ],
          "create_before_destroy": true
        }
      ]
    },
    {
      "module": "module.passive-network.module.ig",
      "mode": "managed",
      "type": "aws_internet_gateway",
      "name": "this",
      "provider": "provider[\"registry.terraform.io/hashicorp/aws\"].us-east-2",
      "instances": [
        {
          "schema_version": 0,
          "attributes": {
            "arn": "arn:aws:ec2:us-east-2:501268445310:internet-gateway/igw-0ddd490eb9863f101",
            "id": "igw-0ddd490eb9863f101",
            "owner_id": "501268445310",
            "tags": {
              "Name": "ig-redes"
            },
            "tags_all": {
              "Name": "ig-redes",
              "author": "Grupo13",
              "created-by": "terraform",
              "subject": "Redes",
              "university": "ITBA",
              "version": "1"
            },
            "timeouts": null,
            "vpc_id": "vpc-06fc97e277e276275"
          },
          "sensitive_attributes": [],
          "private": "eyJlMmJmYjczMC1lY2FhLTExZTYtOGY4OC0zNDM2M2JjN2M0YzAiOnsiY3JlYXRlIjoxMjAwMDAwMDAwMDAwLCJkZWxldGUiOjEyMDAwMDAwMDAwMDAsInVwZGF0ZSI6MTIwMDAwMDAwMDAwMH19",
          "dependencies": [
            "module.passive-network.module.vpc.aws_vpc.this"
          ],
          "create_before_destroy": true
        }
      ]
    },
    {
      "module": "module.passive-network.module.nat_gw[0]",
      "mode": "managed",
      "type": "aws_eip",
      "name": "nat",
      "provider": "provider[\"registry.terraform.io/hashicorp/aws\"].us-east-2",
      "instances": [
        {
          "schema_version": 0,
          "attributes": {
            "address": null,
            "allocation_id": "eipalloc-04fc50a00c8a6ff00",
            "associate_with_private_ip": null,
            "association_id": "",
            "carrier_ip": "",
            "customer_owned_ip": "",
            "customer_owned_ipv4_pool": "",
            "domain": "vpc",
            "id": "eipalloc-04fc50a00c8a6ff00",
            "instance": "",
            "network_border_group": "us-east-2",
            "network_interface": "",
            "private_dns": null,
            "private_ip": "",
            "public_dns": "ec2-3-128-13-110.us-east-2.compute.amazonaws.com",
            "public_ip": "3.128.13.110",
            "public_ipv4_pool": "amazon",
            "tags": {
              "Name": "nat-nat-gw-0"
            },
            "tags_all": {
              "Name": "nat-nat-gw-0",
              "author": "Grupo13",
              "created-by": "terraform",
              "subject": "Redes",
              "university": "ITBA",
              "version": "1"
            },
            "timeouts": null,
            "vpc": true
          },
          "sensitive_attributes": [],
          "private": "eyJlMmJmYjczMC1lY2FhLTExZTYtOGY4OC0zNDM2M2JjN2M0YzAiOnsiZGVsZXRlIjoxODAwMDAwMDAwMDAsInJlYWQiOjkwMDAwMDAwMDAwMCwidXBkYXRlIjozMDAwMDAwMDAwMDB9fQ==",
          "dependencies": [
            "module.passive-network.data.aws_availability_zones.available"
          ],
          "create_before_destroy": true
        }
      ]
    },
    {
      "module": "module.passive-network.module.nat_gw[0]",
      "mode": "managed",
      "type": "aws_nat_gateway",
      "name": "this",
      "provider": "provider[\"registry.terraform.io/hashicorp/aws\"].us-east-2",
      "instances": [
        {
          "schema_version": 0,
          "attributes": {
            "allocation_id": "eipalloc-04fc50a00c8a6ff00",
            "association_id": "eipassoc-097ac4946b1904125",
            "connectivity_type": "public",
            "id": "nat-0ec7d8e3d9ee844ee",
            "network_interface_id": "eni-0ff8f490337020d62",
            "private_ip": "10.0.2.89",
            "public_ip": "3.128.13.110",
            "subnet_id": "subnet-0835798119475750a",
            "tags": {
              "Name": "nat-gw-0"
            },
            "tags_all": {
              "Name": "nat-gw-0",
              "author": "Grupo13",
              "created-by": "terraform",
              "subject": "Redes",
              "university": "ITBA",
              "version": "1"
            }
          },
          "sensitive_attributes": [],
          "private": "bnVsbA==",
          "dependencies": [
            "module.passive-network.data.aws_availability_zones.available",
            "module.passive-network.module.ig.aws_internet_gateway.this",
            "module.passive-network.module.nat_gw.aws_eip.nat",
            "module.passive-network.module.public-subnets.aws_route.default",
            "module.passive-network.module.public-subnets.aws_route_table.this",
            "module.passive-network.module.public-subnets.aws_route_table_association.this",
            "module.passive-network.module.public-subnets.aws_subnet.this",
            "module.passive-network.module.vpc.aws_vpc.this"
          ],
          "create_before_destroy": true
        }
      ]
    },
    {
      "module": "module.passive-network.module.nat_gw[1]",
      "mode": "managed",
      "type": "aws_eip",
      "name": "nat",
      "provider": "provider[\"registry.terraform.io/hashicorp/aws\"].us-east-2",
      "instances": [
        {
          "schema_version": 0,
          "attributes": {
            "address": null,
            "allocation_id": "eipalloc-058edf2c18ea1553e",
            "associate_with_private_ip": null,
            "association_id": "",
            "carrier_ip": "",
            "customer_owned_ip": "",
            "customer_owned_ipv4_pool": "",
            "domain": "vpc",
            "id": "eipalloc-058edf2c18ea1553e",
            "instance": "",
            "network_border_group": "us-east-2",
            "network_interface": "",
            "private_dns": null,
            "private_ip": "",
            "public_dns": "ec2-3-143-198-142.us-east-2.compute.amazonaws.com",
            "public_ip": "3.143.198.142",
            "public_ipv4_pool": "amazon",
            "tags": {
              "Name": "nat-nat-gw-1"
            },
            "tags_all": {
              "Name": "nat-nat-gw-1",
              "author": "Grupo13",
              "created-by": "terraform",
              "subject": "Redes",
              "university": "ITBA",
              "version": "1"
            },
            "timeouts": null,
            "vpc": true
          },
          "sensitive_attributes": [],
          "private": "eyJlMmJmYjczMC1lY2FhLTExZTYtOGY4OC0zNDM2M2JjN2M0YzAiOnsiZGVsZXRlIjoxODAwMDAwMDAwMDAsInJlYWQiOjkwMDAwMDAwMDAwMCwidXBkYXRlIjozMDAwMDAwMDAwMDB9fQ==",
          "dependencies": [
            "module.passive-network.data.aws_availability_zones.available"
          ],
          "create_before_destroy": true
        }
      ]
    },
    {
      "module": "module.passive-network.module.nat_gw[1]",
      "mode": "managed",
      "type": "aws_nat_gateway",
      "name": "this",
      "provider": "provider[\"registry.terraform.io/hashicorp/aws\"].us-east-2",
      "instances": [
        {
          "schema_version": 0,
          "attributes": {
            "allocation_id": "eipalloc-058edf2c18ea1553e",
            "association_id": "eipassoc-05ba31fbd756901fa",
            "connectivity_type": "public",
            "id": "nat-0824a44552663c68d",
            "network_interface_id": "eni-01b615e6752c015d1",
            "private_ip": "10.0.3.189",
            "public_ip": "3.143.198.142",
            "subnet_id": "subnet-00a0801d802bb9895",
            "tags": {
              "Name": "nat-gw-1"
            },
            "tags_all": {
              "Name": "nat-gw-1",
              "author": "Grupo13",
              "created-by": "terraform",
              "subject": "Redes",
              "university": "ITBA",
              "version": "1"
            }
          },
          "sensitive_attributes": [],
          "private": "bnVsbA==",
          "dependencies": [
            "module.passive-network.data.aws_availability_zones.available",
            "module.passive-network.module.ig.aws_internet_gateway.this",
            "module.passive-network.module.nat_gw.aws_eip.nat",
            "module.passive-network.module.public-subnets.aws_route.default",
            "module.passive-network.module.public-subnets.aws_route_table.this",
            "module.passive-network.module.public-subnets.aws_route_table_association.this",
            "module.passive-network.module.public-subnets.aws_subnet.this",
            "module.passive-network.module.vpc.aws_vpc.this"
          ],
          "create_before_destroy": true
        }
      ]
    },
    {
      "module": "module.passive-network.module.private-subnets[0]",
      "mode": "managed",
      "type": "aws_route",
      "name": "default",
      "provider": "provider[\"registry.terraform.io/hashicorp/aws\"].us-east-2",
      "instances": [
        {
          "schema_version": 0,
          "attributes": {
            "carrier_gateway_id": "",
            "core_network_arn": "",
            "destination_cidr_block": "0.0.0.0/0",
            "destination_ipv6_cidr_block": "",
            "destination_prefix_list_id": "",
            "egress_only_gateway_id": "",
            "gateway_id": "",
            "id": "r-rtb-0911ac1c23eda48741080289494",
            "instance_id": "",
            "instance_owner_id": "",
            "local_gateway_id": "",
            "nat_gateway_id": "nat-0ec7d8e3d9ee844ee",
            "network_interface_id": "",
            "origin": "CreateRoute",
            "route_table_id": "rtb-0911ac1c23eda4874",
            "state": "active",
            "timeouts": null,
            "transit_gateway_id": "",
            "vpc_endpoint_id": "",
            "vpc_peering_connection_id": ""
          },
          "sensitive_attributes": [],
          "private": "eyJlMmJmYjczMC1lY2FhLTExZTYtOGY4OC0zNDM2M2JjN2M0YzAiOnsiY3JlYXRlIjozMDAwMDAwMDAwMDAsImRlbGV0ZSI6MzAwMDAwMDAwMDAwLCJ1cGRhdGUiOjEyMDAwMDAwMDAwMH19",
          "dependencies": [
            "module.passive-network.data.aws_availability_zones.available",
            "module.passive-network.module.ig.aws_internet_gateway.this",
            "module.passive-network.module.nat_gw.aws_eip.nat",
            "module.passive-network.module.nat_gw.aws_nat_gateway.this",
            "module.passive-network.module.private-subnets.aws_route_table.this",
            "module.passive-network.module.public-subnets.aws_route.default",
            "module.passive-network.module.public-subnets.aws_route_table.this",
            "module.passive-network.module.public-subnets.aws_route_table_association.this",
            "module.passive-network.module.public-subnets.aws_subnet.this",
            "module.passive-network.module.vpc.aws_vpc.this"
          ],
          "create_before_destroy": true
        }
      ]
    },
    {
      "module": "module.passive-network.module.private-subnets[0]",
      "mode": "managed",
      "type": "aws_route_table",
      "name": "this",
      "provider": "provider[\"registry.terraform.io/hashicorp/aws\"].us-east-2",
      "instances": [
        {
          "schema_version": 0,
          "attributes": {
            "arn": "arn:aws:ec2:us-east-2:501268445310:route-table/rtb-0911ac1c23eda4874",
            "id": "rtb-0911ac1c23eda4874",
            "owner_id": "501268445310",
            "propagating_vgws": [],
            "route": [],
            "tags": null,
            "tags_all": {
              "author": "Grupo13",
              "created-by": "terraform",
              "subject": "Redes",
              "university": "ITBA",
              "version": "1"
            },
            "timeouts": null,
            "vpc_id": "vpc-06fc97e277e276275"
          },
          "sensitive_attributes": [],
          "private": "eyJlMmJmYjczMC1lY2FhLTExZTYtOGY4OC0zNDM2M2JjN2M0YzAiOnsiY3JlYXRlIjozMDAwMDAwMDAwMDAsImRlbGV0ZSI6MzAwMDAwMDAwMDAwLCJ1cGRhdGUiOjEyMDAwMDAwMDAwMH19",
          "dependencies": [
            "module.passive-network.data.aws_availability_zones.available",
            "module.passive-network.module.vpc.aws_vpc.this"
          ],
          "create_before_destroy": true
        }
      ]
    },
    {
      "module": "module.passive-network.module.private-subnets[0]",
      "mode": "managed",
      "type": "aws_route_table_association",
      "name": "this",
      "provider": "provider[\"registry.terraform.io/hashicorp/aws\"].us-east-2",
      "instances": [
        {
          "schema_version": 0,
          "attributes": {
            "gateway_id": "",
            "id": "rtbassoc-09dc9a2daa10f4eda",
            "route_table_id": "rtb-0911ac1c23eda4874",
            "subnet_id": "subnet-0d834e635f6cf5551",
            "timeouts": null
          },
          "sensitive_attributes": [],
          "private": "eyJlMmJmYjczMC1lY2FhLTExZTYtOGY4OC0zNDM2M2JjN2M0YzAiOnsiY3JlYXRlIjozMDAwMDAwMDAwMDAsImRlbGV0ZSI6MzAwMDAwMDAwMDAwLCJ1cGRhdGUiOjEyMDAwMDAwMDAwMH19",
          "dependencies": [
            "module.passive-network.data.aws_availability_zones.available",
            "module.passive-network.module.private-subnets.aws_route_table.this",
            "module.passive-network.module.private-subnets.aws_subnet.this",
            "module.passive-network.module.vpc.aws_vpc.this"
          ],
          "create_before_destroy": true
        }
      ]
    },
    {
      "module": "module.passive-network.module.private-subnets[0]",
      "mode": "managed",
      "type": "aws_subnet",
      "name": "this",
      "provider": "provider[\"registry.terraform.io/hashicorp/aws\"].us-east-2",
      "instances": [
        {
          "schema_version": 1,
          "attributes": {
            "arn": "arn:aws:ec2:us-east-2:501268445310:subnet/subnet-0d834e635f6cf5551",
            "assign_ipv6_address_on_creation": false,
            "availability_zone": "us-east-2a",
            "availability_zone_id": "use2-az1",
            "cidr_block": "10.0.0.0/24",
            "customer_owned_ipv4_pool": "",
            "enable_dns64": false,
            "enable_lni_at_device_index": 0,
            "enable_resource_name_dns_a_record_on_launch": false,
            "enable_resource_name_dns_aaaa_record_on_launch": false,
            "id": "subnet-0d834e635f6cf5551",
            "ipv6_cidr_block": "",
            "ipv6_cidr_block_association_id": "",
            "ipv6_native": false,
            "map_customer_owned_ip_on_launch": false,
            "map_public_ip_on_launch": false,
            "outpost_arn": "",
            "owner_id": "501268445310",
            "private_dns_hostname_type_on_launch": "ip-name",
            "tags": {
              "Name": "private-subnet-0"
            },
            "tags_all": {
              "Name": "private-subnet-0",
              "author": "Grupo13",
              "created-by": "terraform",
              "subject": "Redes",
              "university": "ITBA",
              "version": "1"
            },
            "timeouts": null,
            "vpc_id": "vpc-06fc97e277e276275"
          },
          "sensitive_attributes": [],
          "private": "eyJlMmJmYjczMC1lY2FhLTExZTYtOGY4OC0zNDM2M2JjN2M0YzAiOnsiY3JlYXRlIjo2MDAwMDAwMDAwMDAsImRlbGV0ZSI6MTIwMDAwMDAwMDAwMH0sInNjaGVtYV92ZXJzaW9uIjoiMSJ9",
          "dependencies": [
            "module.passive-network.data.aws_availability_zones.available",
            "module.passive-network.module.vpc.aws_vpc.this"
          ],
          "create_before_destroy": true
        }
      ]
    },
    {
      "module": "module.passive-network.module.private-subnets[1]",
      "mode": "managed",
      "type": "aws_route",
      "name": "default",
      "provider": "provider[\"registry.terraform.io/hashicorp/aws\"].us-east-2",
      "instances": [
        {
          "schema_version": 0,
          "attributes": {
            "carrier_gateway_id": "",
            "core_network_arn": "",
            "destination_cidr_block": "0.0.0.0/0",
            "destination_ipv6_cidr_block": "",
            "destination_prefix_list_id": "",
            "egress_only_gateway_id": "",
            "gateway_id": "",
            "id": "r-rtb-0ce1f3b2444f162d41080289494",
            "instance_id": "",
            "instance_owner_id": "",
            "local_gateway_id": "",
            "nat_gateway_id": "nat-0824a44552663c68d",
            "network_interface_id": "",
            "origin": "CreateRoute",
            "route_table_id": "rtb-0ce1f3b2444f162d4",
            "state": "active",
            "timeouts": null,
            "transit_gateway_id": "",
            "vpc_endpoint_id": "",
            "vpc_peering_connection_id": ""
          },
          "sensitive_attributes": [],
          "private": "eyJlMmJmYjczMC1lY2FhLTExZTYtOGY4OC0zNDM2M2JjN2M0YzAiOnsiY3JlYXRlIjozMDAwMDAwMDAwMDAsImRlbGV0ZSI6MzAwMDAwMDAwMDAwLCJ1cGRhdGUiOjEyMDAwMDAwMDAwMH19",
          "dependencies": [
            "module.passive-network.data.aws_availability_zones.available",
            "module.passive-network.module.ig.aws_internet_gateway.this",
            "module.passive-network.module.nat_gw.aws_eip.nat",
            "module.passive-network.module.nat_gw.aws_nat_gateway.this",
            "module.passive-network.module.private-subnets.aws_route_table.this",
            "module.passive-network.module.public-subnets.aws_route.default",
            "module.passive-network.module.public-subnets.aws_route_table.this",
            "module.passive-network.module.public-subnets.aws_route_table_association.this",
            "module.passive-network.module.public-subnets.aws_subnet.this",
            "module.passive-network.module.vpc.aws_vpc.this"
          ],
          "create_before_destroy": true
        }
      ]
    },
    {
      "module": "module.passive-network.module.private-subnets[1]",
      "mode": "managed",
      "type": "aws_route_table",
      "name": "this",
      "provider": "provider[\"registry.terraform.io/hashicorp/aws\"].us-east-2",
      "instances": [
        {
          "schema_version": 0,
          "attributes": {
            "arn": "arn:aws:ec2:us-east-2:501268445310:route-table/rtb-0ce1f3b2444f162d4",
            "id": "rtb-0ce1f3b2444f162d4",
            "owner_id": "501268445310",
            "propagating_vgws": [],
            "route": [],
            "tags": null,
            "tags_all": {
              "author": "Grupo13",
              "created-by": "terraform",
              "subject": "Redes",
              "university": "ITBA",
              "version": "1"
            },
            "timeouts": null,
            "vpc_id": "vpc-06fc97e277e276275"
          },
          "sensitive_attributes": [],
          "private": "eyJlMmJmYjczMC1lY2FhLTExZTYtOGY4OC0zNDM2M2JjN2M0YzAiOnsiY3JlYXRlIjozMDAwMDAwMDAwMDAsImRlbGV0ZSI6MzAwMDAwMDAwMDAwLCJ1cGRhdGUiOjEyMDAwMDAwMDAwMH19",
          "dependencies": [
            "module.passive-network.data.aws_availability_zones.available",
            "module.passive-network.module.vpc.aws_vpc.this"
          ],
          "create_before_destroy": true
        }
      ]
    },
    {
      "module": "module.passive-network.module.private-subnets[1]",
      "mode": "managed",
      "type": "aws_route_table_association",
      "name": "this",
      "provider": "provider[\"registry.terraform.io/hashicorp/aws\"].us-east-2",
      "instances": [
        {
          "schema_version": 0,
          "attributes": {
            "gateway_id": "",
            "id": "rtbassoc-017313105b5d94854",
            "route_table_id": "rtb-0ce1f3b2444f162d4",
            "subnet_id": "subnet-0e7f50f5123fe5fd7",
            "timeouts": null
          },
          "sensitive_attributes": [],
          "private": "eyJlMmJmYjczMC1lY2FhLTExZTYtOGY4OC0zNDM2M2JjN2M0YzAiOnsiY3JlYXRlIjozMDAwMDAwMDAwMDAsImRlbGV0ZSI6MzAwMDAwMDAwMDAwLCJ1cGRhdGUiOjEyMDAwMDAwMDAwMH19",
          "dependencies": [
            "module.passive-network.data.aws_availability_zones.available",
            "module.passive-network.module.private-subnets.aws_route_table.this",
            "module.passive-network.module.private-subnets.aws_subnet.this",
            "module.passive-network.module.vpc.aws_vpc.this"
          ],
          "create_before_destroy": true
        }
      ]
    },
    {
      "module": "module.passive-network.module.private-subnets[1]",
      "mode": "managed",
      "type": "aws_subnet",
      "name": "this",
      "provider": "provider[\"registry.terraform.io/hashicorp/aws\"].us-east-2",
      "instances": [
        {
          "schema_version": 1,
          "attributes": {
            "arn": "arn:aws:ec2:us-east-2:501268445310:subnet/subnet-0e7f50f5123fe5fd7",
            "assign_ipv6_address_on_creation": false,
            "availability_zone": "us-east-2b",
            "availability_zone_id": "use2-az2",
            "cidr_block": "10.0.1.0/24",
            "customer_owned_ipv4_pool": "",
            "enable_dns64": false,
            "enable_lni_at_device_index": 0,
            "enable_resource_name_dns_a_record_on_launch": false,
            "enable_resource_name_dns_aaaa_record_on_launch": false,
            "id": "subnet-0e7f50f5123fe5fd7",
            "ipv6_cidr_block": "",
            "ipv6_cidr_block_association_id": "",
            "ipv6_native": false,
            "map_customer_owned_ip_on_launch": false,
            "map_public_ip_on_launch": false,
            "outpost_arn": "",
            "owner_id": "501268445310",
            "private_dns_hostname_type_on_launch": "ip-name",
            "tags": {
              "Name": "private-subnet-1"
            },
            "tags_all": {
              "Name": "private-subnet-1",
              "author": "Grupo13",
              "created-by": "terraform",
              "subject": "Redes",
              "university": "ITBA",
              "version": "1"
            },
            "timeouts": null,
            "vpc_id": "vpc-06fc97e277e276275"
          },
          "sensitive_attributes": [],
          "private": "eyJlMmJmYjczMC1lY2FhLTExZTYtOGY4OC0zNDM2M2JjN2M0YzAiOnsiY3JlYXRlIjo2MDAwMDAwMDAwMDAsImRlbGV0ZSI6MTIwMDAwMDAwMDAwMH0sInNjaGVtYV92ZXJzaW9uIjoiMSJ9",
          "dependencies": [
            "module.passive-network.data.aws_availability_zones.available",
            "module.passive-network.module.vpc.aws_vpc.this"
          ],
          "create_before_destroy": true
        }
      ]
    },
    {
      "module": "module.passive-network.module.public-subnets[0]",
      "mode": "managed",
      "type": "aws_route",
      "name": "default",
      "provider": "provider[\"registry.terraform.io/hashicorp/aws\"].us-east-2",
      "instances": [
        {
          "schema_version": 0,
          "attributes": {
            "carrier_gateway_id": "",
            "core_network_arn": "",
            "destination_cidr_block": "0.0.0.0/0",
            "destination_ipv6_cidr_block": "",
            "destination_prefix_list_id": "",
            "egress_only_gateway_id": "",
            "gateway_id": "igw-0ddd490eb9863f101",
            "id": "r-rtb-09ca718fad4e6214b1080289494",
            "instance_id": "",
            "instance_owner_id": "",
            "local_gateway_id": "",
            "nat_gateway_id": "",
            "network_interface_id": "",
            "origin": "CreateRoute",
            "route_table_id": "rtb-09ca718fad4e6214b",
            "state": "active",
            "timeouts": null,
            "transit_gateway_id": "",
            "vpc_endpoint_id": "",
            "vpc_peering_connection_id": ""
          },
          "sensitive_attributes": [],
          "private": "eyJlMmJmYjczMC1lY2FhLTExZTYtOGY4OC0zNDM2M2JjN2M0YzAiOnsiY3JlYXRlIjozMDAwMDAwMDAwMDAsImRlbGV0ZSI6MzAwMDAwMDAwMDAwLCJ1cGRhdGUiOjEyMDAwMDAwMDAwMH19",
          "dependencies": [
            "module.passive-network.data.aws_availability_zones.available",
            "module.passive-network.module.ig.aws_internet_gateway.this",
            "module.passive-network.module.public-subnets.aws_route_table.this",
            "module.passive-network.module.vpc.aws_vpc.this"
          ],
          "create_before_destroy": true
        }
      ]
    },
    {
      "module": "module.passive-network.module.public-subnets[0]",
      "mode": "managed",
      "type": "aws_route_table",
      "name": "this",
      "provider": "provider[\"registry.terraform.io/hashicorp/aws\"].us-east-2",
      "instances": [
        {
          "schema_version": 0,
          "attributes": {
            "arn": "arn:aws:ec2:us-east-2:501268445310:route-table/rtb-09ca718fad4e6214b",
            "id": "rtb-09ca718fad4e6214b",
            "owner_id": "501268445310",
            "propagating_vgws": [],
            "route": [],
            "tags": null,
            "tags_all": {
              "author": "Grupo13",
              "created-by": "terraform",
              "subject": "Redes",
              "university": "ITBA",
              "version": "1"
            },
            "timeouts": null,
            "vpc_id": "vpc-06fc97e277e276275"
          },
          "sensitive_attributes": [],
          "private": "eyJlMmJmYjczMC1lY2FhLTExZTYtOGY4OC0zNDM2M2JjN2M0YzAiOnsiY3JlYXRlIjozMDAwMDAwMDAwMDAsImRlbGV0ZSI6MzAwMDAwMDAwMDAwLCJ1cGRhdGUiOjEyMDAwMDAwMDAwMH19",
          "dependencies": [
            "module.passive-network.data.aws_availability_zones.available",
            "module.passive-network.module.vpc.aws_vpc.this"
          ],
          "create_before_destroy": true
        }
      ]
    },
    {
      "module": "module.passive-network.module.public-subnets[0]",
      "mode": "managed",
      "type": "aws_route_table_association",
      "name": "this",
      "provider": "provider[\"registry.terraform.io/hashicorp/aws\"].us-east-2",
      "instances": [
        {
          "schema_version": 0,
          "attributes": {
            "gateway_id": "",
            "id": "rtbassoc-073100aa9c8fa0412",
            "route_table_id": "rtb-09ca718fad4e6214b",
            "subnet_id": "subnet-0835798119475750a",
            "timeouts": null
          },
          "sensitive_attributes": [],
          "private": "eyJlMmJmYjczMC1lY2FhLTExZTYtOGY4OC0zNDM2M2JjN2M0YzAiOnsiY3JlYXRlIjozMDAwMDAwMDAwMDAsImRlbGV0ZSI6MzAwMDAwMDAwMDAwLCJ1cGRhdGUiOjEyMDAwMDAwMDAwMH19",
          "dependencies": [
            "module.passive-network.data.aws_availability_zones.available",
            "module.passive-network.module.public-subnets.aws_route_table.this",
            "module.passive-network.module.public-subnets.aws_subnet.this",
            "module.passive-network.module.vpc.aws_vpc.this"
          ],
          "create_before_destroy": true
        }
      ]
    },
    {
      "module": "module.passive-network.module.public-subnets[0]",
      "mode": "managed",
      "type": "aws_subnet",
      "name": "this",
      "provider": "provider[\"registry.terraform.io/hashicorp/aws\"].us-east-2",
      "instances": [
        {
          "schema_version": 1,
          "attributes": {
            "arn": "arn:aws:ec2:us-east-2:501268445310:subnet/subnet-0835798119475750a",
            "assign_ipv6_address_on_creation": false,
            "availability_zone": "us-east-2a",
            "availability_zone_id": "use2-az1",
            "cidr_block": "10.0.2.0/24",
            "customer_owned_ipv4_pool": "",
            "enable_dns64": false,
            "enable_lni_at_device_index": 0,
            "enable_resource_name_dns_a_record_on_launch": false,
            "enable_resource_name_dns_aaaa_record_on_launch": false,
            "id": "subnet-0835798119475750a",
            "ipv6_cidr_block": "",
            "ipv6_cidr_block_association_id": "",
            "ipv6_native": false,
            "map_customer_owned_ip_on_launch": false,
            "map_public_ip_on_launch": false,
            "outpost_arn": "",
            "owner_id": "501268445310",
            "private_dns_hostname_type_on_launch": "ip-name",
            "tags": {
              "Name": "public-subnet-0"
            },
            "tags_all": {
              "Name": "public-subnet-0",
              "author": "Grupo13",
              "created-by": "terraform",
              "subject": "Redes",
              "university": "ITBA",
              "version": "1"
            },
            "timeouts": null,
            "vpc_id": "vpc-06fc97e277e276275"
          },
          "sensitive_attributes": [],
          "private": "eyJlMmJmYjczMC1lY2FhLTExZTYtOGY4OC0zNDM2M2JjN2M0YzAiOnsiY3JlYXRlIjo2MDAwMDAwMDAwMDAsImRlbGV0ZSI6MTIwMDAwMDAwMDAwMH0sInNjaGVtYV92ZXJzaW9uIjoiMSJ9",
          "dependencies": [
            "module.passive-network.data.aws_availability_zones.available",
            "module.passive-network.module.vpc.aws_vpc.this"
          ],
          "create_before_destroy": true
        }
      ]
    },
    {
      "module": "module.passive-network.module.public-subnets[1]",
      "mode": "managed",
      "type": "aws_route",
      "name": "default",
      "provider": "provider[\"registry.terraform.io/hashicorp/aws\"].us-east-2",
      "instances": [
        {
          "schema_version": 0,
          "attributes": {
            "carrier_gateway_id": "",
            "core_network_arn": "",
            "destination_cidr_block": "0.0.0.0/0",
            "destination_ipv6_cidr_block": "",
            "destination_prefix_list_id": "",
            "egress_only_gateway_id": "",
            "gateway_id": "igw-0ddd490eb9863f101",
            "id": "r-rtb-06f5897009a17b4551080289494",
            "instance_id": "",
            "instance_owner_id": "",
            "local_gateway_id": "",
            "nat_gateway_id": "",
            "network_interface_id": "",
            "origin": "CreateRoute",
            "route_table_id": "rtb-06f5897009a17b455",
            "state": "active",
            "timeouts": null,
            "transit_gateway_id": "",
            "vpc_endpoint_id": "",
            "vpc_peering_connection_id": ""
          },
          "sensitive_attributes": [],
          "private": "eyJlMmJmYjczMC1lY2FhLTExZTYtOGY4OC0zNDM2M2JjN2M0YzAiOnsiY3JlYXRlIjozMDAwMDAwMDAwMDAsImRlbGV0ZSI6MzAwMDAwMDAwMDAwLCJ1cGRhdGUiOjEyMDAwMDAwMDAwMH19",
          "dependencies": [
            "module.passive-network.data.aws_availability_zones.available",
            "module.passive-network.module.ig.aws_internet_gateway.this",
            "module.passive-network.module.public-subnets.aws_route_table.this",
            "module.passive-network.module.vpc.aws_vpc.this"
          ],
          "create_before_destroy": true
        }
      ]
    },
    {
      "module": "module.passive-network.module.public-subnets[1]",
      "mode": "managed",
      "type": "aws_route_table",
      "name": "this",
      "provider": "provider[\"registry.terraform.io/hashicorp/aws\"].us-east-2",
      "instances": [
        {
          "schema_version": 0,
          "attributes": {
            "arn": "arn:aws:ec2:us-east-2:501268445310:route-table/rtb-06f5897009a17b455",
            "id": "rtb-06f5897009a17b455",
            "owner_id": "501268445310",
            "propagating_vgws": [],
            "route": [],
            "tags": null,
            "tags_all": {
              "author": "Grupo13",
              "created-by": "terraform",
              "subject": "Redes",
              "university": "ITBA",
              "version": "1"
            },
            "timeouts": null,
            "vpc_id": "vpc-06fc97e277e276275"
          },
          "sensitive_attributes": [],
          "private": "eyJlMmJmYjczMC1lY2FhLTExZTYtOGY4OC0zNDM2M2JjN2M0YzAiOnsiY3JlYXRlIjozMDAwMDAwMDAwMDAsImRlbGV0ZSI6MzAwMDAwMDAwMDAwLCJ1cGRhdGUiOjEyMDAwMDAwMDAwMH19",
          "dependencies": [
            "module.passive-network.data.aws_availability_zones.available",
            "module.passive-network.module.vpc.aws_vpc.this"
          ],
          "create_before_destroy": true
        }
      ]
    },
    {
      "module": "module.passive-network.module.public-subnets[1]",
      "mode": "managed",
      "type": "aws_route_table_association",
      "name": "this",
      "provider": "provider[\"registry.terraform.io/hashicorp/aws\"].us-east-2",
      "instances": [
        {
          "schema_version": 0,
          "attributes": {
            "gateway_id": "",
            "id": "rtbassoc-00fc24444612fe9aa",
            "route_table_id": "rtb-06f5897009a17b455",
            "subnet_id": "subnet-00a0801d802bb9895",
            "timeouts": null
          },
          "sensitive_attributes": [],
          "private": "eyJlMmJmYjczMC1lY2FhLTExZTYtOGY4OC0zNDM2M2JjN2M0YzAiOnsiY3JlYXRlIjozMDAwMDAwMDAwMDAsImRlbGV0ZSI6MzAwMDAwMDAwMDAwLCJ1cGRhdGUiOjEyMDAwMDAwMDAwMH19",
          "dependencies": [
            "module.passive-network.data.aws_availability_zones.available",
            "module.passive-network.module.public-subnets.aws_route_table.this",
            "module.passive-network.module.public-subnets.aws_subnet.this",
            "module.passive-network.module.vpc.aws_vpc.this"
          ],
          "create_before_destroy": true
        }
      ]
    },
    {
      "module": "module.passive-network.module.public-subnets[1]",
      "mode": "managed",
      "type": "aws_subnet",
      "name": "this",
      "provider": "provider[\"registry.terraform.io/hashicorp/aws\"].us-east-2",
      "instances": [
        {
          "schema_version": 1,
          "attributes": {
            "arn": "arn:aws:ec2:us-east-2:501268445310:subnet/subnet-00a0801d802bb9895",
            "assign_ipv6_address_on_creation": false,
            "availability_zone": "us-east-2b",
            "availability_zone_id": "use2-az2",
            "cidr_block": "10.0.3.0/24",
            "customer_owned_ipv4_pool": "",
            "enable_dns64": false,
            "enable_lni_at_device_index": 0,
            "enable_resource_name_dns_a_record_on_launch": false,
            "enable_resource_name_dns_aaaa_record_on_launch": false,
            "id": "subnet-00a0801d802bb9895",
            "ipv6_cidr_block": "",
            "ipv6_cidr_block_association_id": "",
            "ipv6_native": false,
            "map_customer_owned_ip_on_launch": false,
            "map_public_ip_on_launch": false,
            "outpost_arn": "",
            "owner_id": "501268445310",
            "private_dns_hostname_type_on_launch": "ip-name",
            "tags": {
              "Name": "public-subnet-1"
            },
            "tags_all": {
              "Name": "public-subnet-1",
              "author": "Grupo13",
              "created-by": "terraform",
              "subject": "Redes",
              "university": "ITBA",
              "version": "1"
            },
            "timeouts": null,
            "vpc_id": "vpc-06fc97e277e276275"
          },
          "sensitive_attributes": [],
          "private": "eyJlMmJmYjczMC1lY2FhLTExZTYtOGY4OC0zNDM2M2JjN2M0YzAiOnsiY3JlYXRlIjo2MDAwMDAwMDAwMDAsImRlbGV0ZSI6MTIwMDAwMDAwMDAwMH0sInNjaGVtYV92ZXJzaW9uIjoiMSJ9",
          "dependencies": [
            "module.passive-network.data.aws_availability_zones.available",
            "module.passive-network.module.vpc.aws_vpc.this"
          ],
          "create_before_destroy": true
        }
      ]
    },
    {
      "module": "module.passive-network.module.vpc",
      "mode": "managed",
      "type": "aws_vpc",
      "name": "this",
      "provider": "provider[\"registry.terraform.io/hashicorp/aws\"].us-east-2",
      "instances": [
        {
          "schema_version": 1,
          "attributes": {
            "arn": "arn:aws:ec2:us-east-2:501268445310:vpc/vpc-06fc97e277e276275",
            "assign_generated_ipv6_cidr_block": false,
            "cidr_block": "10.0.0.0/16",
            "default_network_acl_id": "acl-0546849c8ba55c56f",
            "default_route_table_id": "rtb-0c0e792dcdd75b68f",
            "default_security_group_id": "sg-090f0e9bb38cc484a",
            "dhcp_options_id": "dopt-0c9a937ec0133798a",
            "enable_dns_hostnames": false,
            "enable_dns_support": true,
            "enable_network_address_usage_metrics": false,
            "id": "vpc-06fc97e277e276275",
            "instance_tenancy": "default",
            "ipv4_ipam_pool_id": null,
            "ipv4_netmask_length": null,
            "ipv6_association_id": "",
            "ipv6_cidr_block": "",
            "ipv6_cidr_block_network_border_group": "",
            "ipv6_ipam_pool_id": "",
            "ipv6_netmask_length": 0,
            "main_route_table_id": "rtb-0c0e792dcdd75b68f",
            "owner_id": "501268445310",
            "tags": {
              "Name": "redes-vpc"
            },
            "tags_all": {
              "Name": "redes-vpc",
              "author": "Grupo13",
              "created-by": "terraform",
              "subject": "Redes",
              "university": "ITBA",
              "version": "1"
            }
          },
          "sensitive_attributes": [],
          "private": "eyJzY2hlbWFfdmVyc2lvbiI6IjEifQ==",
          "create_before_destroy": true
        }
      ]
    }
  ],
  "check_results": null
}
