{
  "version": 4,
  "terraform_version": "1.4.6",
  "serial": 75,
  "lineage": "f5117477-a9cf-b723-125b-a0ec1a285b98",
  "outputs": {},
  "resources": [
    {
      "mode": "data",
      "type": "aws_route53_zone",
      "name": "this",
      "provider": "provider[\"registry.terraform.io/hashicorp/aws\"]",
      "instances": [
        {
          "schema_version": 0,
          "attributes": {
            "arn": "arn:aws:route53:::hostedzone/Z09632553US9HMAKE2T70",
            "caller_reference": "fe1829b7-2f83-409f-861f-a2c4a614c141",
            "comment": "",
            "id": "Z09632553US9HMAKE2T70",
            "linked_service_description": null,
            "linked_service_principal": null,
            "name": "test-api.aleph51.com.ar",
            "name_servers": [
              "ns-19.awsdns-02.com",
              "ns-831.awsdns-39.net",
              "ns-1515.awsdns-61.org",
              "ns-1812.awsdns-34.co.uk"
            ],
            "primary_name_server": "ns-19.awsdns-02.com",
            "private_zone": false,
            "resource_record_set_count": 2,
            "tags": {},
            "vpc_id": null,
            "zone_id": "Z09632553US9HMAKE2T70"
          },
          "sensitive_attributes": []
        }
      ]
    },
    {
      "module": "module.active-network",
      "mode": "data",
      "type": "aws_availability_zones",
      "name": "available",
      "provider": "module.active-network.provider[\"registry.terraform.io/hashicorp/aws\"]",
      "instances": [
        {
          "schema_version": 0,
          "attributes": {
            "all_availability_zones": null,
            "exclude_names": null,
            "exclude_zone_ids": null,
            "filter": null,
            "group_names": [
              "us-east-1"
            ],
            "id": "us-east-1",
            "names": [
              "us-east-1a",
              "us-east-1b",
              "us-east-1c",
              "us-east-1d",
              "us-east-1e",
              "us-east-1f"
            ],
            "state": "available",
            "timeouts": null,
            "zone_ids": [
              "use1-az1",
              "use1-az2",
              "use1-az4",
              "use1-az6",
              "use1-az3",
              "use1-az5"
            ]
          },
          "sensitive_attributes": []
        }
      ]
    },
    {
      "module": "module.active-network",
      "mode": "managed",
      "type": "aws_security_group",
      "name": "alb",
      "provider": "module.active-network.provider[\"registry.terraform.io/hashicorp/aws\"]",
      "instances": [
        {
          "schema_version": 1,
          "attributes": {
            "arn": "arn:aws:ec2:us-east-1:930051497533:security-group/sg-0a9e6ee29c67772c9",
            "description": "Allow inbound traffic",
            "egress": [
              {
                "cidr_blocks": [
                  "0.0.0.0/0"
                ],
                "description": "",
                "from_port": 0,
                "ipv6_cidr_blocks": [],
                "prefix_list_ids": [],
                "protocol": "-1",
                "security_groups": [],
                "self": false,
                "to_port": 0
              }
            ],
            "id": "sg-0a9e6ee29c67772c9",
            "ingress": [
              {
                "cidr_blocks": [
                  "0.0.0.0/0"
                ],
                "description": "",
                "from_port": 443,
                "ipv6_cidr_blocks": [],
                "prefix_list_ids": [],
                "protocol": "tcp",
                "security_groups": [],
                "self": false,
                "to_port": 443
              },
              {
                "cidr_blocks": [
                  "0.0.0.0/0"
                ],
                "description": "",
                "from_port": 80,
                "ipv6_cidr_blocks": [],
                "prefix_list_ids": [],
                "protocol": "tcp",
                "security_groups": [],
                "self": false,
                "to_port": 80
              }
            ],
            "name": "alb",
            "name_prefix": "",
            "owner_id": "930051497533",
            "revoke_rules_on_delete": false,
            "tags": {
              "Name": "alb-sg"
            },
            "tags_all": {
              "Name": "alb-sg"
            },
            "timeouts": null,
            "vpc_id": "vpc-0b00fbea9a0cf8eeb"
          },
          "sensitive_attributes": [],
          "private": "eyJlMmJmYjczMC1lY2FhLTExZTYtOGY4OC0zNDM2M2JjN2M0YzAiOnsiY3JlYXRlIjo2MDAwMDAwMDAwMDAsImRlbGV0ZSI6OTAwMDAwMDAwMDAwfSwic2NoZW1hX3ZlcnNpb24iOiIxIn0=",
          "dependencies": [
            "module.active-network.module.vpc.aws_vpc.this"
          ]
        }
      ]
    },
    {
      "module": "module.active-network",
      "mode": "managed",
      "type": "aws_security_group",
      "name": "ec2",
      "provider": "module.active-network.provider[\"registry.terraform.io/hashicorp/aws\"]",
      "instances": [
        {
          "schema_version": 1,
          "attributes": {
            "arn": "arn:aws:ec2:us-east-1:930051497533:security-group/sg-08196e6f3f13f956f",
            "description": "Allow inbound traffic",
            "egress": [
              {
                "cidr_blocks": [
                  "0.0.0.0/0"
                ],
                "description": "",
                "from_port": 0,
                "ipv6_cidr_blocks": [],
                "prefix_list_ids": [],
                "protocol": "-1",
                "security_groups": [],
                "self": false,
                "to_port": 0
              }
            ],
            "id": "sg-08196e6f3f13f956f",
            "ingress": [
              {
                "cidr_blocks": [
                  "0.0.0.0/0"
                ],
                "description": "",
                "from_port": 22,
                "ipv6_cidr_blocks": [],
                "prefix_list_ids": [],
                "protocol": "tcp",
                "security_groups": [],
                "self": false,
                "to_port": 22
              },
              {
                "cidr_blocks": [
                  "0.0.0.0/0"
                ],
                "description": "",
                "from_port": 443,
                "ipv6_cidr_blocks": [],
                "prefix_list_ids": [],
                "protocol": "tcp",
                "security_groups": [],
                "self": false,
                "to_port": 443
              },
              {
                "cidr_blocks": [
                  "0.0.0.0/0"
                ],
                "description": "",
                "from_port": 5000,
                "ipv6_cidr_blocks": [],
                "prefix_list_ids": [],
                "protocol": "tcp",
                "security_groups": [],
                "self": false,
                "to_port": 5000
              },
              {
                "cidr_blocks": [
                  "0.0.0.0/0"
                ],
                "description": "",
                "from_port": 80,
                "ipv6_cidr_blocks": [],
                "prefix_list_ids": [],
                "protocol": "tcp",
                "security_groups": [],
                "self": false,
                "to_port": 80
              }
            ],
            "name": "ec2",
            "name_prefix": "",
            "owner_id": "930051497533",
            "revoke_rules_on_delete": false,
            "tags": {
              "Name": "ec2"
            },
            "tags_all": {
              "Name": "ec2"
            },
            "timeouts": null,
            "vpc_id": "vpc-0b00fbea9a0cf8eeb"
          },
          "sensitive_attributes": [],
          "private": "eyJlMmJmYjczMC1lY2FhLTExZTYtOGY4OC0zNDM2M2JjN2M0YzAiOnsiY3JlYXRlIjo2MDAwMDAwMDAwMDAsImRlbGV0ZSI6OTAwMDAwMDAwMDAwfSwic2NoZW1hX3ZlcnNpb24iOiIxIn0=",
          "dependencies": [
            "module.active-network.module.vpc.aws_vpc.this"
          ],
          "create_before_destroy": true
        }
      ]
    },
    {
      "module": "module.active-network.module.alb",
      "mode": "managed",
      "type": "aws_lb",
      "name": "this",
      "provider": "module.active-network.provider[\"registry.terraform.io/hashicorp/aws\"]",
      "instances": [
        {
          "index_key": 0,
          "schema_version": 0,
          "attributes": {
            "access_logs": [
              {
                "bucket": "",
                "enabled": false,
                "prefix": ""
              }
            ],
            "arn": "arn:aws:elasticloadbalancing:us-east-1:930051497533:loadbalancer/app/redes-alb/53ae3ac96a47d74f",
            "arn_suffix": "app/redes-alb/53ae3ac96a47d74f",
            "customer_owned_ipv4_pool": "",
            "desync_mitigation_mode": "defensive",
            "dns_name": "redes-alb-602594703.us-east-1.elb.amazonaws.com",
            "drop_invalid_header_fields": false,
            "enable_cross_zone_load_balancing": true,
            "enable_deletion_protection": false,
            "enable_http2": true,
            "enable_tls_version_and_cipher_suite_headers": false,
            "enable_waf_fail_open": false,
            "enable_xff_client_port": true,
            "id": "arn:aws:elasticloadbalancing:us-east-1:930051497533:loadbalancer/app/redes-alb/53ae3ac96a47d74f",
            "idle_timeout": 60,
            "internal": false,
            "ip_address_type": "ipv4",
            "load_balancer_type": "application",
            "name": "redes-alb",
            "name_prefix": null,
            "preserve_host_header": false,
            "security_groups": [
              "sg-053b1d30524e77d50",
              "sg-0a9e6ee29c67772c9"
            ],
            "subnet_mapping": [
              {
                "allocation_id": "",
                "ipv6_address": "",
                "outpost_id": "",
                "private_ipv4_address": "",
                "subnet_id": "subnet-005c8621d6c7e1171"
              },
              {
                "allocation_id": "",
                "ipv6_address": "",
                "outpost_id": "",
                "private_ipv4_address": "",
                "subnet_id": "subnet-0974d675960572762"
              }
            ],
            "subnets": [
              "subnet-005c8621d6c7e1171",
              "subnet-0974d675960572762"
            ],
            "tags": {
              "Name": "redes-alb"
            },
            "tags_all": {
              "Name": "redes-alb"
            },
            "timeouts": {
              "create": "10m",
              "delete": "10m",
              "update": "10m"
            },
            "vpc_id": "vpc-0b00fbea9a0cf8eeb",
            "xff_header_processing_mode": "append",
            "zone_id": "Z35SXDOTRQ7X7K"
          },
          "sensitive_attributes": [],
          "private": "eyJlMmJmYjczMC1lY2FhLTExZTYtOGY4OC0zNDM2M2JjN2M0YzAiOnsiY3JlYXRlIjo2MDAwMDAwMDAwMDAsImRlbGV0ZSI6NjAwMDAwMDAwMDAwLCJ1cGRhdGUiOjYwMDAwMDAwMDAwMH19",
          "dependencies": [
            "module.active-network.aws_security_group.alb",
            "module.active-network.data.aws_availability_zones.available",
            "module.active-network.module.alb.aws_security_group.this",
            "module.active-network.module.ig.aws_internet_gateway.this",
            "module.active-network.module.public-subnets.aws_route.default",
            "module.active-network.module.public-subnets.aws_route_table.this",
            "module.active-network.module.public-subnets.aws_route_table_association.this",
            "module.active-network.module.public-subnets.aws_subnet.this",
            "module.active-network.module.vpc.aws_vpc.this"
          ]
        }
      ]
    },
    {
      "module": "module.active-network.module.alb",
      "mode": "managed",
      "type": "aws_lb_listener",
      "name": "frontend_http_tcp",
      "provider": "module.active-network.provider[\"registry.terraform.io/hashicorp/aws\"]",
      "instances": [
        {
          "index_key": 0,
          "schema_version": 0,
          "attributes": {
            "alpn_policy": null,
            "arn": "arn:aws:elasticloadbalancing:us-east-1:930051497533:listener/app/redes-alb/53ae3ac96a47d74f/f93d2cf4658c54c3",
            "certificate_arn": null,
            "default_action": [
              {
                "authenticate_cognito": [],
                "authenticate_oidc": [],
                "fixed_response": [],
                "forward": [],
                "order": 1,
                "redirect": [],
                "target_group_arn": "arn:aws:elasticloadbalancing:us-east-1:930051497533:targetgroup/api-20230608023407056700000006/543eb9ca555e2804",
                "type": "forward"
              }
            ],
            "id": "arn:aws:elasticloadbalancing:us-east-1:930051497533:listener/app/redes-alb/53ae3ac96a47d74f/f93d2cf4658c54c3",
            "load_balancer_arn": "arn:aws:elasticloadbalancing:us-east-1:930051497533:loadbalancer/app/redes-alb/53ae3ac96a47d74f",
            "port": 80,
            "protocol": "HTTP",
            "ssl_policy": "",
            "tags": {
              "Name": "redes-alb"
            },
            "tags_all": {
              "Name": "redes-alb"
            },
            "timeouts": null
          },
          "sensitive_attributes": [],
          "private": "eyJlMmJmYjczMC1lY2FhLTExZTYtOGY4OC0zNDM2M2JjN2M0YzAiOnsicmVhZCI6NjAwMDAwMDAwMDAwfX0=",
          "dependencies": [
            "module.active-network.aws_security_group.alb",
            "module.active-network.aws_security_group.ec2",
            "module.active-network.data.aws_availability_zones.available",
            "module.active-network.module.alb.aws_lb.this",
            "module.active-network.module.alb.aws_lb_target_group.main",
            "module.active-network.module.alb.aws_security_group.this",
            "module.active-network.module.ec2-api.aws_instance.this",
            "module.active-network.module.ec2-api.aws_key_pair.key_pair",
            "module.active-network.module.ec2-api.data.aws_ami.amazon-linux-2",
            "module.active-network.module.ec2-api.local_file.ssh_key",
            "module.active-network.module.ec2-api.tls_private_key.key_pair",
            "module.active-network.module.ig.aws_internet_gateway.this",
            "module.active-network.module.nat_gw.aws_eip.nat",
            "module.active-network.module.nat_gw.aws_nat_gateway.this",
            "module.active-network.module.private-subnets.aws_route.default",
            "module.active-network.module.private-subnets.aws_route_table.this",
            "module.active-network.module.private-subnets.aws_route_table_association.this",
            "module.active-network.module.private-subnets.aws_subnet.this",
            "module.active-network.module.public-subnets.aws_route.default",
            "module.active-network.module.public-subnets.aws_route_table.this",
            "module.active-network.module.public-subnets.aws_route_table_association.this",
            "module.active-network.module.public-subnets.aws_subnet.this",
            "module.active-network.module.vpc.aws_vpc.this"
          ]
        }
      ]
    },
    {
      "module": "module.active-network.module.alb",
      "mode": "managed",
      "type": "aws_lb_target_group",
      "name": "main",
      "provider": "module.active-network.provider[\"registry.terraform.io/hashicorp/aws\"]",
      "instances": [
        {
          "index_key": 0,
          "schema_version": 0,
          "attributes": {
            "arn": "arn:aws:elasticloadbalancing:us-east-1:930051497533:targetgroup/api-20230608023407056700000006/543eb9ca555e2804",
            "arn_suffix": "targetgroup/api-20230608023407056700000006/543eb9ca555e2804",
            "connection_termination": false,
            "deregistration_delay": "300",
            "health_check": [
              {
                "enabled": true,
                "healthy_threshold": 5,
                "interval": 30,
                "matcher": "200",
                "path": "/",
                "port": "traffic-port",
                "protocol": "HTTP",
                "timeout": 5,
                "unhealthy_threshold": 2
              }
            ],
            "id": "arn:aws:elasticloadbalancing:us-east-1:930051497533:targetgroup/api-20230608023407056700000006/543eb9ca555e2804",
            "ip_address_type": "ipv4",
            "lambda_multi_value_headers_enabled": false,
            "load_balancing_algorithm_type": "round_robin",
            "load_balancing_cross_zone_enabled": "use_load_balancer_configuration",
            "name": "api-20230608023407056700000006",
            "name_prefix": "api-",
            "port": 80,
            "preserve_client_ip": null,
            "protocol": "HTTP",
            "protocol_version": "HTTP1",
            "proxy_protocol_v2": false,
            "slow_start": 0,
            "stickiness": [
              {
                "cookie_duration": 86400,
                "cookie_name": "",
                "enabled": false,
                "type": "lb_cookie"
              }
            ],
            "tags": {
              "Name": "api-"
            },
            "tags_all": {
              "Name": "api-"
            },
            "target_failover": [
              {
                "on_deregistration": null,
                "on_unhealthy": null
              }
            ],
            "target_type": "instance",
            "vpc_id": "vpc-0b00fbea9a0cf8eeb"
          },
          "sensitive_attributes": [],
          "private": "bnVsbA==",
          "dependencies": [
            "module.active-network.aws_security_group.ec2",
            "module.active-network.data.aws_availability_zones.available",
            "module.active-network.module.ec2-api.aws_instance.this",
            "module.active-network.module.ec2-api.aws_key_pair.key_pair",
            "module.active-network.module.ec2-api.data.aws_ami.amazon-linux-2",
            "module.active-network.module.ec2-api.local_file.ssh_key",
            "module.active-network.module.ec2-api.tls_private_key.key_pair",
            "module.active-network.module.ig.aws_internet_gateway.this",
            "module.active-network.module.nat_gw.aws_eip.nat",
            "module.active-network.module.nat_gw.aws_nat_gateway.this",
            "module.active-network.module.private-subnets.aws_route.default",
            "module.active-network.module.private-subnets.aws_route_table.this",
            "module.active-network.module.private-subnets.aws_route_table_association.this",
            "module.active-network.module.private-subnets.aws_subnet.this",
            "module.active-network.module.public-subnets.aws_route.default",
            "module.active-network.module.public-subnets.aws_route_table.this",
            "module.active-network.module.public-subnets.aws_route_table_association.this",
            "module.active-network.module.public-subnets.aws_subnet.this",
            "module.active-network.module.vpc.aws_vpc.this"
          ],
          "create_before_destroy": true
        }
      ]
    },
    {
      "module": "module.active-network.module.alb",
      "mode": "managed",
      "type": "aws_lb_target_group_attachment",
      "name": "this",
      "provider": "module.active-network.provider[\"registry.terraform.io/hashicorp/aws\"]",
      "instances": [
        {
          "index_key": "0.instance_1",
          "schema_version": 0,
          "attributes": {
            "availability_zone": null,
            "id": "arn:aws:elasticloadbalancing:us-east-1:930051497533:targetgroup/api-20230608023407056700000006/543eb9ca555e2804-20230608023410360300000007",
            "port": 5000,
            "target_group_arn": "arn:aws:elasticloadbalancing:us-east-1:930051497533:targetgroup/api-20230608023407056700000006/543eb9ca555e2804",
            "target_id": "i-04ed14d8ab7c32dd6"
          },
          "sensitive_attributes": [],
          "private": "bnVsbA==",
          "dependencies": [
            "module.active-network.aws_security_group.ec2",
            "module.active-network.data.aws_availability_zones.available",
            "module.active-network.module.alb.aws_lambda_permission.lb",
            "module.active-network.module.alb.aws_lb_target_group.main",
            "module.active-network.module.ec2-api.aws_instance.this",
            "module.active-network.module.ec2-api.aws_key_pair.key_pair",
            "module.active-network.module.ec2-api.data.aws_ami.amazon-linux-2",
            "module.active-network.module.ec2-api.local_file.ssh_key",
            "module.active-network.module.ec2-api.tls_private_key.key_pair",
            "module.active-network.module.ig.aws_internet_gateway.this",
            "module.active-network.module.nat_gw.aws_eip.nat",
            "module.active-network.module.nat_gw.aws_nat_gateway.this",
            "module.active-network.module.private-subnets.aws_route.default",
            "module.active-network.module.private-subnets.aws_route_table.this",
            "module.active-network.module.private-subnets.aws_route_table_association.this",
            "module.active-network.module.private-subnets.aws_subnet.this",
            "module.active-network.module.public-subnets.aws_route.default",
            "module.active-network.module.public-subnets.aws_route_table.this",
            "module.active-network.module.public-subnets.aws_route_table_association.this",
            "module.active-network.module.public-subnets.aws_subnet.this",
            "module.active-network.module.vpc.aws_vpc.this"
          ]
        },
        {
          "index_key": "0.instance_2",
          "schema_version": 0,
          "attributes": {
            "availability_zone": null,
            "id": "arn:aws:elasticloadbalancing:us-east-1:930051497533:targetgroup/api-20230608023407056700000006/543eb9ca555e2804-20230608023410697800000008",
            "port": 5000,
            "target_group_arn": "arn:aws:elasticloadbalancing:us-east-1:930051497533:targetgroup/api-20230608023407056700000006/543eb9ca555e2804",
            "target_id": "i-067ae4c6e83d2157f"
          },
          "sensitive_attributes": [],
          "private": "bnVsbA==",
          "dependencies": [
            "module.active-network.aws_security_group.ec2",
            "module.active-network.data.aws_availability_zones.available",
            "module.active-network.module.alb.aws_lambda_permission.lb",
            "module.active-network.module.alb.aws_lb_target_group.main",
            "module.active-network.module.ec2-api.aws_instance.this",
            "module.active-network.module.ec2-api.aws_key_pair.key_pair",
            "module.active-network.module.ec2-api.data.aws_ami.amazon-linux-2",
            "module.active-network.module.ec2-api.local_file.ssh_key",
            "module.active-network.module.ec2-api.tls_private_key.key_pair",
            "module.active-network.module.ig.aws_internet_gateway.this",
            "module.active-network.module.nat_gw.aws_eip.nat",
            "module.active-network.module.nat_gw.aws_nat_gateway.this",
            "module.active-network.module.private-subnets.aws_route.default",
            "module.active-network.module.private-subnets.aws_route_table.this",
            "module.active-network.module.private-subnets.aws_route_table_association.this",
            "module.active-network.module.private-subnets.aws_subnet.this",
            "module.active-network.module.public-subnets.aws_route.default",
            "module.active-network.module.public-subnets.aws_route_table.this",
            "module.active-network.module.public-subnets.aws_route_table_association.this",
            "module.active-network.module.public-subnets.aws_subnet.this",
            "module.active-network.module.vpc.aws_vpc.this"
          ]
        }
      ]
    },
    {
      "module": "module.active-network.module.alb",
      "mode": "managed",
      "type": "aws_security_group",
      "name": "this",
      "provider": "module.active-network.provider[\"registry.terraform.io/hashicorp/aws\"]",
      "instances": [
        {
          "index_key": 0,
          "schema_version": 1,
          "attributes": {
            "arn": "arn:aws:ec2:us-east-1:930051497533:security-group/sg-053b1d30524e77d50",
            "description": "Managed by Terraform",
            "egress": [],
            "id": "sg-053b1d30524e77d50",
            "ingress": [],
            "name": "redes-alb-20230608023128386700000001",
            "name_prefix": "redes-alb-",
            "owner_id": "930051497533",
            "revoke_rules_on_delete": false,
            "tags": {
              "Name": "redes-alb"
            },
            "tags_all": {
              "Name": "redes-alb"
            },
            "timeouts": null,
            "vpc_id": "vpc-0b00fbea9a0cf8eeb"
          },
          "sensitive_attributes": [],
          "private": "eyJlMmJmYjczMC1lY2FhLTExZTYtOGY4OC0zNDM2M2JjN2M0YzAiOnsiY3JlYXRlIjo2MDAwMDAwMDAwMDAsImRlbGV0ZSI6OTAwMDAwMDAwMDAwfSwic2NoZW1hX3ZlcnNpb24iOiIxIn0=",
          "dependencies": [
            "module.active-network.module.vpc.aws_vpc.this"
          ],
          "create_before_destroy": true
        }
      ]
    },
    {
      "module": "module.active-network.module.ec2-api[0]",
      "mode": "data",
      "type": "aws_ami",
      "name": "amazon-linux-2",
      "provider": "module.active-network.provider[\"registry.terraform.io/hashicorp/aws\"]",
      "instances": [
        {
          "schema_version": 0,
          "attributes": {
            "architecture": "x86_64",
            "arn": "arn:aws:ec2:us-east-1::image/ami-0c503d55a14d7a5f0",
            "block_device_mappings": [
              {
                "device_name": "/dev/xvda",
                "ebs": {
                  "delete_on_termination": "true",
                  "encrypted": "false",
                  "iops": "0",
                  "snapshot_id": "snap-0fc021f5e7363fdfc",
                  "throughput": "0",
                  "volume_size": "8",
                  "volume_type": "gp2"
                },
                "no_device": "",
                "virtual_name": ""
              }
            ],
            "boot_mode": "",
            "creation_date": "2023-06-02T19:40:41.000Z",
            "deprecation_time": "2025-06-02T19:40:41.000Z",
            "description": "Amazon Linux 2 AMI 2.0.20230530.0 x86_64 HVM gp2",
            "ena_support": true,
            "executable_users": null,
            "filter": [
              {
                "name": "name",
                "values": [
                  "amzn2-ami-hvm*"
                ]
              }
            ],
            "hypervisor": "xen",
            "id": "ami-0c503d55a14d7a5f0",
            "image_id": "ami-0c503d55a14d7a5f0",
            "image_location": "amazon/amzn2-ami-hvm-2.0.20230530.0-x86_64-gp2",
            "image_owner_alias": "amazon",
            "image_type": "machine",
            "imds_support": "",
            "include_deprecated": false,
            "kernel_id": "",
            "most_recent": true,
            "name": "amzn2-ami-hvm-2.0.20230530.0-x86_64-gp2",
            "name_regex": null,
            "owner_id": "137112412989",
            "owners": [
              "amazon"
            ],
            "platform": "",
            "platform_details": "Linux/UNIX",
            "product_codes": [],
            "public": true,
            "ramdisk_id": "",
            "root_device_name": "/dev/xvda",
            "root_device_type": "ebs",
            "root_snapshot_id": "snap-0fc021f5e7363fdfc",
            "sriov_net_support": "simple",
            "state": "available",
            "state_reason": {
              "code": "UNSET",
              "message": "UNSET"
            },
            "tags": {},
            "timeouts": null,
            "tpm_support": "",
            "usage_operation": "RunInstances",
            "virtualization_type": "hvm"
          },
          "sensitive_attributes": []
        }
      ]
    },
    {
      "module": "module.active-network.module.ec2-api[0]",
      "mode": "managed",
      "type": "aws_instance",
      "name": "this",
      "provider": "module.active-network.provider[\"registry.terraform.io/hashicorp/aws\"]",
      "instances": [
        {
          "schema_version": 1,
          "attributes": {
            "ami": "ami-0c503d55a14d7a5f0",
            "arn": "arn:aws:ec2:us-east-1:930051497533:instance/i-04ed14d8ab7c32dd6",
            "associate_public_ip_address": true,
            "availability_zone": "us-east-1a",
            "capacity_reservation_specification": [
              {
                "capacity_reservation_preference": "open",
                "capacity_reservation_target": []
              }
            ],
            "cpu_core_count": 1,
            "cpu_options": [
              {
                "amd_sev_snp": "",
                "core_count": 1,
                "threads_per_core": 1
              }
            ],
            "cpu_threads_per_core": 1,
            "credit_specification": [
              {
                "cpu_credits": "standard"
              }
            ],
            "disable_api_stop": false,
            "disable_api_termination": false,
            "ebs_block_device": [],
            "ebs_optimized": false,
            "enclave_options": [
              {
                "enabled": false
              }
            ],
            "ephemeral_block_device": [],
            "get_password_data": false,
            "hibernation": false,
            "host_id": "",
            "host_resource_group_arn": null,
            "iam_instance_profile": "",
            "id": "i-04ed14d8ab7c32dd6",
            "instance_initiated_shutdown_behavior": "stop",
            "instance_state": "running",
            "instance_type": "t2.micro",
            "ipv6_address_count": 0,
            "ipv6_addresses": [],
            "key_name": "express-api-0_key_pair",
            "launch_template": [],
            "maintenance_options": [
              {
                "auto_recovery": "default"
              }
            ],
            "metadata_options": [
              {
                "http_endpoint": "enabled",
                "http_put_response_hop_limit": 1,
                "http_tokens": "optional",
                "instance_metadata_tags": "disabled"
              }
            ],
            "monitoring": false,
            "network_interface": [],
            "outpost_arn": "",
            "password_data": "",
            "placement_group": "",
            "placement_partition_number": 0,
            "primary_network_interface_id": "eni-0cbe657279c733a1d",
            "private_dns": "ip-10-0-0-96.ec2.internal",
            "private_dns_name_options": [
              {
                "enable_resource_name_dns_a_record": false,
                "enable_resource_name_dns_aaaa_record": false,
                "hostname_type": "ip-name"
              }
            ],
            "private_ip": "10.0.0.96",
            "public_dns": "",
            "public_ip": "3.236.189.30",
            "root_block_device": [
              {
                "delete_on_termination": true,
                "device_name": "/dev/xvda",
                "encrypted": true,
                "iops": 100,
                "kms_key_id": "arn:aws:kms:us-east-1:930051497533:key/bf29823e-d1ea-40b1-918d-fe557904d949",
                "tags": {},
                "throughput": 0,
                "volume_id": "vol-0b2723604051f7905",
                "volume_size": 30,
                "volume_type": "gp2"
              }
            ],
            "secondary_private_ips": [],
            "security_groups": [],
            "source_dest_check": false,
            "subnet_id": "subnet-0bfaf636e1eaba857",
            "tags": {
              "CreatedBy": "terraform",
              "Name": "express-api-0"
            },
            "tags_all": {
              "CreatedBy": "terraform",
              "Name": "express-api-0"
            },
            "tenancy": "default",
            "timeouts": null,
            "user_data": "8c17ad24e77273d71365fbd8b8d124d2188bee42",
            "user_data_base64": null,
            "user_data_replace_on_change": false,
            "volume_tags": null,
            "vpc_security_group_ids": [
              "sg-08196e6f3f13f956f"
            ]
          },
          "sensitive_attributes": [],
          "private": "eyJlMmJmYjczMC1lY2FhLTExZTYtOGY4OC0zNDM2M2JjN2M0YzAiOnsiY3JlYXRlIjo2MDAwMDAwMDAwMDAsImRlbGV0ZSI6MTIwMDAwMDAwMDAwMCwidXBkYXRlIjo2MDAwMDAwMDAwMDB9LCJzY2hlbWFfdmVyc2lvbiI6IjEifQ==",
          "dependencies": [
            "module.active-network.aws_security_group.ec2",
            "module.active-network.data.aws_availability_zones.available",
            "module.active-network.module.ec2-api.aws_key_pair.key_pair",
            "module.active-network.module.ec2-api.data.aws_ami.amazon-linux-2",
            "module.active-network.module.ec2-api.tls_private_key.key_pair",
            "module.active-network.module.ig.aws_internet_gateway.this",
            "module.active-network.module.nat_gw.aws_eip.nat",
            "module.active-network.module.nat_gw.aws_nat_gateway.this",
            "module.active-network.module.private-subnets.aws_route.default",
            "module.active-network.module.private-subnets.aws_route_table.this",
            "module.active-network.module.private-subnets.aws_route_table_association.this",
            "module.active-network.module.private-subnets.aws_subnet.this",
            "module.active-network.module.public-subnets.aws_route.default",
            "module.active-network.module.public-subnets.aws_route_table.this",
            "module.active-network.module.public-subnets.aws_route_table_association.this",
            "module.active-network.module.public-subnets.aws_subnet.this",
            "module.active-network.module.vpc.aws_vpc.this"
          ],
          "create_before_destroy": true
        }
      ]
    },
    {
      "module": "module.active-network.module.ec2-api[0]",
      "mode": "managed",
      "type": "aws_key_pair",
      "name": "key_pair",
      "provider": "module.active-network.provider[\"registry.terraform.io/hashicorp/aws\"]",
      "instances": [
        {
          "schema_version": 1,
          "attributes": {
            "arn": "arn:aws:ec2:us-east-1:930051497533:key-pair/express-api-0_key_pair",
            "fingerprint": "92:ba:05:2b:a0:17:82:90:73:dd:d8:69:01:3e:ac:bd",
            "id": "express-api-0_key_pair",
            "key_name": "express-api-0_key_pair",
            "key_name_prefix": "",
            "key_pair_id": "key-0bf83a49b0127104f",
            "key_type": "rsa",
            "public_key": "ssh-rsa AAAAB3NzaC1yc2EAAAADAQABAAACAQDSnOfvIXuKhjQ7WGwVBsZwMs716Cf7f0F4Lsy4/lL7kBoKKxTC5/BQdh2IgL1MDHsLwkMPrRezyJvJ4XTPdnKOFEKc7tHUunS00xoYedlqdFqgC/+9Vp6SAy3567L3q+dUexxWCJZMX80KUov5frry43MVcdr98etZFpWntpqC1wpJYejeyeJB4jCXt6061yMetMq0AKiWV1gerRWBJMTRjurgdcJySOMhGpedlE6JwTRPli5FrbY/zZ+z5Bm3PEiOgcgAvUG9IjL4d0FRCzoYZ44ndId4WUA2MRI5plSduBZFKBJZm6a++pa0yxSyzXpQYQ0PTm1Et1gHBXR2E7/qIh8/ZddDAl9vhBrGYzuDc8iGUDfptuQ4IIp5tg8CjEhGDIKOpU70hPHMDNXbZLIIsxupe8DbQbFpKDMxHUx/3mmR2pFJuKCLyyQlUK1aihy5mULiRfDI1B44UqW9lsW/sLTwDZ17kD1UW9/JTJqM4AWMvXGSkHBuc207XMHV+evuCaZwcbdFsrNurO3+eeCNTMjuZ9szfu12VEgRkGih+trpCIx/CskhGBqRoNK0PL0CPRELFvwGOGMIH2P3hhuVPQjxLFSmQhH5Wbw69VNuVA3PIi2KxLD5O8e+BXkJD0OLMwwKzkP5mx/rFmVQj4kYPLuQsKLZWj0MuQplaHbuZQ==",
            "tags": {},
            "tags_all": {}
          },
          "sensitive_attributes": [],
          "private": "eyJzY2hlbWFfdmVyc2lvbiI6IjEifQ==",
          "dependencies": [
            "module.active-network.data.aws_availability_zones.available",
            "module.active-network.module.ec2-api.tls_private_key.key_pair"
          ],
          "create_before_destroy": true
        }
      ]
    },
    {
      "module": "module.active-network.module.ec2-api[0]",
      "mode": "managed",
      "type": "local_file",
      "name": "ssh_key",
      "provider": "provider[\"registry.terraform.io/hashicorp/local\"]",
      "instances": [
        {
          "schema_version": 0,
          "attributes": {
            "content": "-----BEGIN RSA PRIVATE KEY-----\nMIIJKAIBAAKCAgEA0pzn7yF7ioY0O1hsFQbGcDLO9egn+39BeC7MuP5S+5AaCisU\nwufwUHYdiIC9TAx7C8JDD60Xs8ibyeF0z3ZyjhRCnO7R1Lp0tNMaGHnZanRaoAv/\nvVaekgMt+euy96vnVHscVgiWTF/NClKL+X668uNzFXHa/fHrWRaVp7aagtcKSWHo\n3sniQeIwl7etOtcjHrTKtAColldYHq0VgSTE0Y7q4HXCckjjIRqXnZROicE0T5Yu\nRa22P82fs+QZtzxIjoHIAL1BvSIy+HdBUQs6GGeOJ3SHeFlANjESOaZUnbgWRSgS\nWZumvvqWtMsUss16UGEND05tRLdYBwV0dhO/6iIfP2XXQwJfb4QaxmM7g3PIhlA3\n6bbkOCCKebYPAoxIRgyCjqVO9ITxzAzV22SyCLMbqXvA20GxaSgzMR1Mf95pkdqR\nSbigi8skJVCtWoocuZlC4kXwyNQeOFKlvZbFv7C08A2de5A9VFvfyUyajOAFjL1x\nkpBwbnNtO1zB1fnr7gmmcHG3RbKzbqzt/nngjUzI7mfbM37tdlRIEZBoofra6QiM\nfwrJIRgakaDStDy9Aj0RCxb8BjhjCB9j94YblT0I8SxUpkIR+Vm8OvVTblQNzyIt\nisSw+TvHvgV5CQ9DizMMCs5D+Zsf6xZlUI+JGDy7kLCi2Vo9DLkKZWh27mUCAwEA\nAQKCAgEAsJmC3X/84F3B5FUzY7onoKLp6UZ+aCL/ma/cV+5hVLEzNH2FTh0/46f3\nAaO5ltAMSQLeSoHAky7OesxCr0dJrRsN9BtI9RBXldxBUG6zwNDJwNPu4CuGkTZ7\nUcmyanzJX4xPaVCP/oCCJHqtBkqepdXUhRHQKAm3Zx9J47R5AOchqACiTFWKE+Z/\nCmiop+MHftLn+WFn+5BHwokts/lJ09H73rS/lCbL1NFAepCF/npzy5xJNoH/hKZ9\nmFDWw0+YI25tbzlCqz3G8ZLFwRgh4Z7LkwfiJCbqccZZ2t8+qnVWryx3no2mlxL2\nVajHtVoYitemJMSFWQ5HkLOhQPU0gK8RecTMUEKp2CKgHefXByVLn12YtYC3XlB1\nazAdMcFewyYmJguRvNtmGonRyi2MUMoGAalamo0hFOKSSQBQhY8o/7qtPgPRrJiX\nxRelv+H9Qtu8FsdyJuaEitJAN3FrAUD078y/N3c5Q6hKyntvX0s0JJwNKi34DujD\nn/UCP+CmlvbNmMX5/YIzzrHdACm8G8+vnBUY93POCEwnoMzkK7WB/XOssZi8cAtF\nzn6f+guTMOMgqkyq0q49eoRt5LD+UW0rDpZP3XfPKOvujPSN9ewESWLTmuCLxxZo\ndhxu5sGXQ//aR7bak5LdoT/Oj4x+94IOF83W/5pFydy0En8TUi0CggEBANdQkwui\ni+ArY9r9hMapaOyAfP2uInqMv7rXymEvjILMfPLXkVkcDeGGZ8jvxDL0e6dDih+D\nTMavyJb8cc9IBvXLshZI354toB7G1OM+OXjZUP/7b4cL6lj9vMaDymaeVO4QFTmn\nGk9YZPJqdsh0s1ilyEwHQvXssBcPIEEyGYYnq0LcO9b/oAWzMkDb/ZMKRuLV7e2T\na7W3wGsJIMNfyIj2ETlb7a+4oE2bqhy4r4Qx+70R02KwTQAELqdC3FpFmPHJa0ad\nhXcocM4rDvFrqnndndHmsQRtb1kUAl4QXlgYiQ6DG2ysZsVRofnSlgcWouX7W5sj\nf5lU00wp5tzkRN8CggEBAPpo485icEN4J3XjUNOY+GmcwNgTEuqIrZzG6ME0hF5j\nLnOaoxm/fRW3dNTQkEXBfZGuE3vqzY2z5k6XaxleeJC+tmoc0RbNf8Hd1vfrOaWk\nMK/n4q7Tu7+fsQAS54LI6msI6ppsxUxGvKLV1FRjqjuWT2yyfmXZT921h3Kz8VdH\nD2G/m/vUglcH7+JUFHbOuJYDI9xLqb6EJ7Cp61MhYN6obnHAwwvVA8V/cPDHOCX/\nqwdBMu/jGJbZbjBAQdQFyhPRmNBamMinkxZFwp7JqgHEIH25stjTPx2HA27ZgTqh\nqugW1ykx0e7P07go1YKgTrvKnEoOTgNGe/vpoid/0TsCggEAKrusI4AEQN57uAfe\n5UrULzQlGngIEciDeQLBAN7eBUuudMgB6eyeeKcjTAcCKpbJP94wuKZng3t51TWP\nJPOHphriYnfeIdeuUs1ljSBZabm/0L5HWUctILJjWAbqEcnU01bPz5xxpVPG3THy\nF0DKI4rroONED+kE3d67qRTXaf/PhrqNCdO8H8V78NF4l0lP3k9VJHTAyNUKVHQA\nU6Zb94rWykqLdveuoRiG/6JL+3GsI8844/pXnew2ki277BKqEzrFlsNGrOqS0OhM\n0+9pazxnyTP+6AEMO2K0QZUAFH3yHbY5qCzjTMAx5JI+AnQkqn5jpPu7pGPod9JN\nJoQLgwKCAQAghQSopdIMgQsm3Sl/AUupc4j7xqZbPPrG9HH/vVE/bMP4kWmDC4I0\nEsoiZR+HX5RuGdw/6INfVrCfHjzzY3hm282WxD1HJ9Lim2uycKLg5wzHm2at66Nj\nRFrZNptIOc1vrw3AlkWdHUacIwbbGsJd0Kxp4lhV473ifhOkCshZ3EmcGSUptDRl\nFwvJKcAqmbgRC0FZ952It2LsJ3T/K8OHxvno3e62l6hQurcxHb4l+Sj93TK/Qo/L\n71rG+2FRJptSrZKZ5FoZHOIWL2MR+gCRECZkDXyzeeOlcwY4HBkTQzGNyIGSwPyR\ndf352Zu4xhbTfoGDgI4TENFDKtk7JfdHAoIBAGVpdcrwc0j24tw1lxbDfXl3gA0F\noAnOWTT3MoC434kqJGaGl8w2+DKHeaDK2FZUdVfQK72EVnXYo1iTF2sBfb3wYdzu\n+QPtifHFm9PV6SPD4j0ld0n5ejU1iIA01pUkLCadgoQotut1ejw7DhHG771jRJ3W\nCjfV/npWcnTZILUkYRyFG9tR/0VOZ6nHxMMS0ew7i56WPZK/yr3kP6IPu2UEuXGi\nl8pAO8jNXm+08n4SvunqmO53Pv71JI8Lerey6LENcnGgDhUPsWlgEzpFpHZ5YoOK\nncepaF7jBBXAnbHzhzSQ2b/2HuumfRaMy4qsDMGP8wo1bWHflKznVOOX4jc=\n-----END RSA PRIVATE KEY-----\n",
            "content_base64": null,
            "content_base64sha256": "o5FohPBGa2UzR9KzIlDtUexLKltp63R38acriaAWUCg=",
            "content_base64sha512": "B0ZjFrCYPBhc/r6/SQOvWXrrYzd9jhNZOSqUrXM01/HN0tEThR/3ICvtwOkvrSXZEhxNfpiqaHCNggOvpKrdxw==",
            "content_md5": "6242d29cf17da163d5491316981688b9",
            "content_sha1": "75d1ebcd1f1768ee6fe0c57cf625c1a0b508286f",
            "content_sha256": "a3916884f0466b653347d2b32250ed51ec4b2a5b69eb7477f1a72b89a0165028",
            "content_sha512": "07466316b0983c185cfebebf4903af597aeb63377d8e1359392a94ad7334d7f1cdd2d113851ff7202bedc0e92fad25d9121c4d7e98aa68708d8203afa4aaddc7",
            "directory_permission": "0777",
            "file_permission": "0777",
            "filename": "express-api-0_key_pair.pem",
            "id": "75d1ebcd1f1768ee6fe0c57cf625c1a0b508286f",
            "sensitive_content": null,
            "source": null
          },
          "sensitive_attributes": [
            [
              {
                "type": "get_attr",
                "value": "content"
              }
            ]
          ],
          "dependencies": [
            "module.active-network.data.aws_availability_zones.available",
            "module.active-network.module.ec2-api.aws_key_pair.key_pair",
            "module.active-network.module.ec2-api.tls_private_key.key_pair"
          ],
          "create_before_destroy": true
        }
      ]
    },
    {
      "module": "module.active-network.module.ec2-api[0]",
      "mode": "managed",
      "type": "tls_private_key",
      "name": "key_pair",
      "provider": "provider[\"registry.terraform.io/hashicorp/tls\"]",
      "instances": [
        {
          "schema_version": 1,
          "attributes": {
            "algorithm": "RSA",
            "ecdsa_curve": "P224",
            "id": "be4552886d2c4031404af62d513b11ef0d1730ed",
            "private_key_openssh": "-----BEGIN OPENSSH PRIVATE KEY-----\nb3BlbnNzaC1rZXktdjEAAAAABG5vbmUAAAAEbm9uZQAAAAAAAAABAAACFwAAAAdz\nc2gtcnNhAAAAAwEAAQAAAgEA0pzn7yF7ioY0O1hsFQbGcDLO9egn+39BeC7MuP5S\n+5AaCisUwufwUHYdiIC9TAx7C8JDD60Xs8ibyeF0z3ZyjhRCnO7R1Lp0tNMaGHnZ\nanRaoAv/vVaekgMt+euy96vnVHscVgiWTF/NClKL+X668uNzFXHa/fHrWRaVp7aa\ngtcKSWHo3sniQeIwl7etOtcjHrTKtAColldYHq0VgSTE0Y7q4HXCckjjIRqXnZRO\nicE0T5YuRa22P82fs+QZtzxIjoHIAL1BvSIy+HdBUQs6GGeOJ3SHeFlANjESOaZU\nnbgWRSgSWZumvvqWtMsUss16UGEND05tRLdYBwV0dhO/6iIfP2XXQwJfb4QaxmM7\ng3PIhlA36bbkOCCKebYPAoxIRgyCjqVO9ITxzAzV22SyCLMbqXvA20GxaSgzMR1M\nf95pkdqRSbigi8skJVCtWoocuZlC4kXwyNQeOFKlvZbFv7C08A2de5A9VFvfyUya\njOAFjL1xkpBwbnNtO1zB1fnr7gmmcHG3RbKzbqzt/nngjUzI7mfbM37tdlRIEZBo\nofra6QiMfwrJIRgakaDStDy9Aj0RCxb8BjhjCB9j94YblT0I8SxUpkIR+Vm8OvVT\nblQNzyItisSw+TvHvgV5CQ9DizMMCs5D+Zsf6xZlUI+JGDy7kLCi2Vo9DLkKZWh2\n7mUAAAc4sE3X6bBN1+kAAAAHc3NoLXJzYQAAAgEA0pzn7yF7ioY0O1hsFQbGcDLO\n9egn+39BeC7MuP5S+5AaCisUwufwUHYdiIC9TAx7C8JDD60Xs8ibyeF0z3ZyjhRC\nnO7R1Lp0tNMaGHnZanRaoAv/vVaekgMt+euy96vnVHscVgiWTF/NClKL+X668uNz\nFXHa/fHrWRaVp7aagtcKSWHo3sniQeIwl7etOtcjHrTKtAColldYHq0VgSTE0Y7q\n4HXCckjjIRqXnZROicE0T5YuRa22P82fs+QZtzxIjoHIAL1BvSIy+HdBUQs6GGeO\nJ3SHeFlANjESOaZUnbgWRSgSWZumvvqWtMsUss16UGEND05tRLdYBwV0dhO/6iIf\nP2XXQwJfb4QaxmM7g3PIhlA36bbkOCCKebYPAoxIRgyCjqVO9ITxzAzV22SyCLMb\nqXvA20GxaSgzMR1Mf95pkdqRSbigi8skJVCtWoocuZlC4kXwyNQeOFKlvZbFv7C0\n8A2de5A9VFvfyUyajOAFjL1xkpBwbnNtO1zB1fnr7gmmcHG3RbKzbqzt/nngjUzI\n7mfbM37tdlRIEZBoofra6QiMfwrJIRgakaDStDy9Aj0RCxb8BjhjCB9j94YblT0I\n8SxUpkIR+Vm8OvVTblQNzyItisSw+TvHvgV5CQ9DizMMCs5D+Zsf6xZlUI+JGDy7\nkLCi2Vo9DLkKZWh27mUAAAADAQABAAACAQCwmYLdf/zgXcHkVTNjuiegounpRn5o\nIv+Zr9xX7mFUsTM0fYVOHT/jp/cBo7mW0AxJAt5KgcCTLs56zEKvR0mtGw30G0j1\nEFeV3EFQbrPA0MnA0+7gK4aRNntRybJqfMlfjE9pUI/+gIIkeq0GSp6l1dSFEdAo\nCbdnH0njtHkA5yGoAKJMVYoT5n8KaKin4wd+0uf5YWf7kEfCiS2z+UnT0fvetL+U\nJsvU0UB6kIX+enPLnEk2gf+Epn2YUNbDT5gjbm1vOUKrPcbxksXBGCHhnsuTB+Ik\nJupxxlna3z6qdVavLHeejaaXEvZVqMe1WhiK16YkxIVZDkeQs6FA9TSArxF5xMxQ\nQqnYIqAd59cHJUufXZi1gLdeUHVrMB0xwV7DJiYmC5G822YaidHKLYxQygYBqVqa\njSEU4pJJAFCFjyj/uq0+A9GsmJfFF6W/4f1C27wWx3Im5oSK0kA3cWsBQPTvzL83\ndzlDqErKe29fSzQknA0qLfgO6MOf9QI/4KaW9s2Yxfn9gjPOsd0AKbwbz6+cFRj3\nc84ITCegzOQrtYH9c6yxmLxwC0XOfp/6C5Mw4yCqTKrSrj16hG3ksP5RbSsOlk/d\nd88o6+6M9I317ARJYtOa4IvHFmh2HG7mwZdD/9pHttqTkt2hP86PjH73gg4Xzdb/\nmkXJ3LQSfxNSLQAAAQBlaXXK8HNI9uLcNZcWw315d4ANBaAJzlk09zKAuN+JKiRm\nhpfMNvgyh3mgythWVHVX0Cu9hFZ12KNYkxdrAX298GHc7vkD7YnxxZvT1ekjw+I9\nJXdJ+Xo1NYiANNaVJCwmnYKEKLbrdXo8Ow4Rxu+9Y0Sd1go31f56VnJ02SC1JGEc\nhRvbUf9FTmepx8TDEtHsO4uelj2Sv8q95D+iD7tlBLlxopfKQDvIzV5vtPJ+Er7p\n6pjudz7+9SSPC3q3suixDXJxoA4VD7FpYBM6RaR2eWKDip3HqWhe4wQVwJ2x84c0\nkNm/9h7rpn0WjMuKrAzBj/MKNW1h35Ss51Tjl+I3AAABAQDXUJMLoovgK2Pa/YTG\nqWjsgHz9riJ6jL+618phL4yCzHzy15FZHA3hhmfI78Qy9HunQ4ofg0zGr8iW/HHP\nSAb1y7IWSN+eLaAextTjPjl42VD/+2+HC+pY/bzGg8pmnlTuEBU5pxpPWGTyanbI\ndLNYpchMB0L17LAXDyBBMhmGJ6tC3DvW/6AFszJA2/2TCkbi1e3tk2u1t8BrCSDD\nX8iI9hE5W+2vuKBNm6ocuK+EMfu9EdNisE0ABC6nQtxaRZjxyWtGnYV3KHDOKw7x\na6p53Z3R5rEEbW9ZFAJeEF5YGIkOgxtsrGbFUaH50pYHFqLl+1ubI3+ZVNNMKebc\n5ETfAAABAQD6aOPOYnBDeCd141DTmPhpnMDYExLqiK2cxujBNIReYy5zmqMZv30V\nt3TU0JBFwX2RrhN76s2Ns+ZOl2sZXniQvrZqHNEWzX/B3db36zmlpDCv5+Ku07u/\nn7EAEueCyOprCOqabMVMRryi1dRUY6o7lk9ssn5l2U/dtYdys/FXRw9hv5v71IJX\nB+/iVBR2zriWAyPcS6m+hCewqetTIWDeqG5xwMML1QPFf3Dwxzgl/6sHQTLv4xiW\n2W4wQEHUBcoT0ZjQWpjIp5MWRcKeyaoBxCB9ubLY0z8dhwNu2YE6oaroFtcpMdHu\nz9O4KNWCoE67ypxKDk4DRnv76aInf9E7AAAAAAEC\n-----END OPENSSH PRIVATE KEY-----\n",
            "private_key_pem": "-----BEGIN RSA PRIVATE KEY-----\nMIIJKAIBAAKCAgEA0pzn7yF7ioY0O1hsFQbGcDLO9egn+39BeC7MuP5S+5AaCisU\nwufwUHYdiIC9TAx7C8JDD60Xs8ibyeF0z3ZyjhRCnO7R1Lp0tNMaGHnZanRaoAv/\nvVaekgMt+euy96vnVHscVgiWTF/NClKL+X668uNzFXHa/fHrWRaVp7aagtcKSWHo\n3sniQeIwl7etOtcjHrTKtAColldYHq0VgSTE0Y7q4HXCckjjIRqXnZROicE0T5Yu\nRa22P82fs+QZtzxIjoHIAL1BvSIy+HdBUQs6GGeOJ3SHeFlANjESOaZUnbgWRSgS\nWZumvvqWtMsUss16UGEND05tRLdYBwV0dhO/6iIfP2XXQwJfb4QaxmM7g3PIhlA3\n6bbkOCCKebYPAoxIRgyCjqVO9ITxzAzV22SyCLMbqXvA20GxaSgzMR1Mf95pkdqR\nSbigi8skJVCtWoocuZlC4kXwyNQeOFKlvZbFv7C08A2de5A9VFvfyUyajOAFjL1x\nkpBwbnNtO1zB1fnr7gmmcHG3RbKzbqzt/nngjUzI7mfbM37tdlRIEZBoofra6QiM\nfwrJIRgakaDStDy9Aj0RCxb8BjhjCB9j94YblT0I8SxUpkIR+Vm8OvVTblQNzyIt\nisSw+TvHvgV5CQ9DizMMCs5D+Zsf6xZlUI+JGDy7kLCi2Vo9DLkKZWh27mUCAwEA\nAQKCAgEAsJmC3X/84F3B5FUzY7onoKLp6UZ+aCL/ma/cV+5hVLEzNH2FTh0/46f3\nAaO5ltAMSQLeSoHAky7OesxCr0dJrRsN9BtI9RBXldxBUG6zwNDJwNPu4CuGkTZ7\nUcmyanzJX4xPaVCP/oCCJHqtBkqepdXUhRHQKAm3Zx9J47R5AOchqACiTFWKE+Z/\nCmiop+MHftLn+WFn+5BHwokts/lJ09H73rS/lCbL1NFAepCF/npzy5xJNoH/hKZ9\nmFDWw0+YI25tbzlCqz3G8ZLFwRgh4Z7LkwfiJCbqccZZ2t8+qnVWryx3no2mlxL2\nVajHtVoYitemJMSFWQ5HkLOhQPU0gK8RecTMUEKp2CKgHefXByVLn12YtYC3XlB1\nazAdMcFewyYmJguRvNtmGonRyi2MUMoGAalamo0hFOKSSQBQhY8o/7qtPgPRrJiX\nxRelv+H9Qtu8FsdyJuaEitJAN3FrAUD078y/N3c5Q6hKyntvX0s0JJwNKi34DujD\nn/UCP+CmlvbNmMX5/YIzzrHdACm8G8+vnBUY93POCEwnoMzkK7WB/XOssZi8cAtF\nzn6f+guTMOMgqkyq0q49eoRt5LD+UW0rDpZP3XfPKOvujPSN9ewESWLTmuCLxxZo\ndhxu5sGXQ//aR7bak5LdoT/Oj4x+94IOF83W/5pFydy0En8TUi0CggEBANdQkwui\ni+ArY9r9hMapaOyAfP2uInqMv7rXymEvjILMfPLXkVkcDeGGZ8jvxDL0e6dDih+D\nTMavyJb8cc9IBvXLshZI354toB7G1OM+OXjZUP/7b4cL6lj9vMaDymaeVO4QFTmn\nGk9YZPJqdsh0s1ilyEwHQvXssBcPIEEyGYYnq0LcO9b/oAWzMkDb/ZMKRuLV7e2T\na7W3wGsJIMNfyIj2ETlb7a+4oE2bqhy4r4Qx+70R02KwTQAELqdC3FpFmPHJa0ad\nhXcocM4rDvFrqnndndHmsQRtb1kUAl4QXlgYiQ6DG2ysZsVRofnSlgcWouX7W5sj\nf5lU00wp5tzkRN8CggEBAPpo485icEN4J3XjUNOY+GmcwNgTEuqIrZzG6ME0hF5j\nLnOaoxm/fRW3dNTQkEXBfZGuE3vqzY2z5k6XaxleeJC+tmoc0RbNf8Hd1vfrOaWk\nMK/n4q7Tu7+fsQAS54LI6msI6ppsxUxGvKLV1FRjqjuWT2yyfmXZT921h3Kz8VdH\nD2G/m/vUglcH7+JUFHbOuJYDI9xLqb6EJ7Cp61MhYN6obnHAwwvVA8V/cPDHOCX/\nqwdBMu/jGJbZbjBAQdQFyhPRmNBamMinkxZFwp7JqgHEIH25stjTPx2HA27ZgTqh\nqugW1ykx0e7P07go1YKgTrvKnEoOTgNGe/vpoid/0TsCggEAKrusI4AEQN57uAfe\n5UrULzQlGngIEciDeQLBAN7eBUuudMgB6eyeeKcjTAcCKpbJP94wuKZng3t51TWP\nJPOHphriYnfeIdeuUs1ljSBZabm/0L5HWUctILJjWAbqEcnU01bPz5xxpVPG3THy\nF0DKI4rroONED+kE3d67qRTXaf/PhrqNCdO8H8V78NF4l0lP3k9VJHTAyNUKVHQA\nU6Zb94rWykqLdveuoRiG/6JL+3GsI8844/pXnew2ki277BKqEzrFlsNGrOqS0OhM\n0+9pazxnyTP+6AEMO2K0QZUAFH3yHbY5qCzjTMAx5JI+AnQkqn5jpPu7pGPod9JN\nJoQLgwKCAQAghQSopdIMgQsm3Sl/AUupc4j7xqZbPPrG9HH/vVE/bMP4kWmDC4I0\nEsoiZR+HX5RuGdw/6INfVrCfHjzzY3hm282WxD1HJ9Lim2uycKLg5wzHm2at66Nj\nRFrZNptIOc1vrw3AlkWdHUacIwbbGsJd0Kxp4lhV473ifhOkCshZ3EmcGSUptDRl\nFwvJKcAqmbgRC0FZ952It2LsJ3T/K8OHxvno3e62l6hQurcxHb4l+Sj93TK/Qo/L\n71rG+2FRJptSrZKZ5FoZHOIWL2MR+gCRECZkDXyzeeOlcwY4HBkTQzGNyIGSwPyR\ndf352Zu4xhbTfoGDgI4TENFDKtk7JfdHAoIBAGVpdcrwc0j24tw1lxbDfXl3gA0F\noAnOWTT3MoC434kqJGaGl8w2+DKHeaDK2FZUdVfQK72EVnXYo1iTF2sBfb3wYdzu\n+QPtifHFm9PV6SPD4j0ld0n5ejU1iIA01pUkLCadgoQotut1ejw7DhHG771jRJ3W\nCjfV/npWcnTZILUkYRyFG9tR/0VOZ6nHxMMS0ew7i56WPZK/yr3kP6IPu2UEuXGi\nl8pAO8jNXm+08n4SvunqmO53Pv71JI8Lerey6LENcnGgDhUPsWlgEzpFpHZ5YoOK\nncepaF7jBBXAnbHzhzSQ2b/2HuumfRaMy4qsDMGP8wo1bWHflKznVOOX4jc=\n-----END RSA PRIVATE KEY-----\n",
            "private_key_pem_pkcs8": "-----BEGIN PRIVATE KEY-----\nMIIJQgIBADANBgkqhkiG9w0BAQEFAASCCSwwggkoAgEAAoICAQDSnOfvIXuKhjQ7\nWGwVBsZwMs716Cf7f0F4Lsy4/lL7kBoKKxTC5/BQdh2IgL1MDHsLwkMPrRezyJvJ\n4XTPdnKOFEKc7tHUunS00xoYedlqdFqgC/+9Vp6SAy3567L3q+dUexxWCJZMX80K\nUov5frry43MVcdr98etZFpWntpqC1wpJYejeyeJB4jCXt6061yMetMq0AKiWV1ge\nrRWBJMTRjurgdcJySOMhGpedlE6JwTRPli5FrbY/zZ+z5Bm3PEiOgcgAvUG9IjL4\nd0FRCzoYZ44ndId4WUA2MRI5plSduBZFKBJZm6a++pa0yxSyzXpQYQ0PTm1Et1gH\nBXR2E7/qIh8/ZddDAl9vhBrGYzuDc8iGUDfptuQ4IIp5tg8CjEhGDIKOpU70hPHM\nDNXbZLIIsxupe8DbQbFpKDMxHUx/3mmR2pFJuKCLyyQlUK1aihy5mULiRfDI1B44\nUqW9lsW/sLTwDZ17kD1UW9/JTJqM4AWMvXGSkHBuc207XMHV+evuCaZwcbdFsrNu\nrO3+eeCNTMjuZ9szfu12VEgRkGih+trpCIx/CskhGBqRoNK0PL0CPRELFvwGOGMI\nH2P3hhuVPQjxLFSmQhH5Wbw69VNuVA3PIi2KxLD5O8e+BXkJD0OLMwwKzkP5mx/r\nFmVQj4kYPLuQsKLZWj0MuQplaHbuZQIDAQABAoICAQCwmYLdf/zgXcHkVTNjuieg\nounpRn5oIv+Zr9xX7mFUsTM0fYVOHT/jp/cBo7mW0AxJAt5KgcCTLs56zEKvR0mt\nGw30G0j1EFeV3EFQbrPA0MnA0+7gK4aRNntRybJqfMlfjE9pUI/+gIIkeq0GSp6l\n1dSFEdAoCbdnH0njtHkA5yGoAKJMVYoT5n8KaKin4wd+0uf5YWf7kEfCiS2z+UnT\n0fvetL+UJsvU0UB6kIX+enPLnEk2gf+Epn2YUNbDT5gjbm1vOUKrPcbxksXBGCHh\nnsuTB+IkJupxxlna3z6qdVavLHeejaaXEvZVqMe1WhiK16YkxIVZDkeQs6FA9TSA\nrxF5xMxQQqnYIqAd59cHJUufXZi1gLdeUHVrMB0xwV7DJiYmC5G822YaidHKLYxQ\nygYBqVqajSEU4pJJAFCFjyj/uq0+A9GsmJfFF6W/4f1C27wWx3Im5oSK0kA3cWsB\nQPTvzL83dzlDqErKe29fSzQknA0qLfgO6MOf9QI/4KaW9s2Yxfn9gjPOsd0AKbwb\nz6+cFRj3c84ITCegzOQrtYH9c6yxmLxwC0XOfp/6C5Mw4yCqTKrSrj16hG3ksP5R\nbSsOlk/dd88o6+6M9I317ARJYtOa4IvHFmh2HG7mwZdD/9pHttqTkt2hP86PjH73\ngg4Xzdb/mkXJ3LQSfxNSLQKCAQEA11CTC6KL4Ctj2v2Exqlo7IB8/a4ieoy/utfK\nYS+Mgsx88teRWRwN4YZnyO/EMvR7p0OKH4NMxq/Ilvxxz0gG9cuyFkjfni2gHsbU\n4z45eNlQ//tvhwvqWP28xoPKZp5U7hAVOacaT1hk8mp2yHSzWKXITAdC9eywFw8g\nQTIZhierQtw71v+gBbMyQNv9kwpG4tXt7ZNrtbfAawkgw1/IiPYROVvtr7igTZuq\nHLivhDH7vRHTYrBNAAQup0LcWkWY8clrRp2FdyhwzisO8Wuqed2d0eaxBG1vWRQC\nXhBeWBiJDoMbbKxmxVGh+dKWBxai5ftbmyN/mVTTTCnm3ORE3wKCAQEA+mjjzmJw\nQ3gndeNQ05j4aZzA2BMS6oitnMbowTSEXmMuc5qjGb99Fbd01NCQRcF9ka4Te+rN\njbPmTpdrGV54kL62ahzRFs1/wd3W9+s5paQwr+firtO7v5+xABLngsjqawjqmmzF\nTEa8otXUVGOqO5ZPbLJ+ZdlP3bWHcrPxV0cPYb+b+9SCVwfv4lQUds64lgMj3Eup\nvoQnsKnrUyFg3qhuccDDC9UDxX9w8Mc4Jf+rB0Ey7+MYltluMEBB1AXKE9GY0FqY\nyKeTFkXCnsmqAcQgfbmy2NM/HYcDbtmBOqGq6BbXKTHR7s/TuCjVgqBOu8qcSg5O\nA0Z7++miJ3/ROwKCAQAqu6wjgARA3nu4B97lStQvNCUaeAgRyIN5AsEA3t4FS650\nyAHp7J54pyNMBwIqlsk/3jC4pmeDe3nVNY8k84emGuJid94h165SzWWNIFlpub/Q\nvkdZRy0gsmNYBuoRydTTVs/PnHGlU8bdMfIXQMojiuug40QP6QTd3rupFNdp/8+G\nuo0J07wfxXvw0XiXSU/eT1UkdMDI1QpUdABTplv3itbKSot2966hGIb/okv7cawj\nzzjj+led7DaSLbvsEqoTOsWWw0as6pLQ6EzT72lrPGfJM/7oAQw7YrRBlQAUffId\ntjmoLONMwDHkkj4CdCSqfmOk+7ukY+h30k0mhAuDAoIBACCFBKil0gyBCybdKX8B\nS6lziPvGpls8+sb0cf+9UT9sw/iRaYMLgjQSyiJlH4dflG4Z3D/og19WsJ8ePPNj\neGbbzZbEPUcn0uKba7JwouDnDMebZq3ro2NEWtk2m0g5zW+vDcCWRZ0dRpwjBtsa\nwl3QrGniWFXjveJ+E6QKyFncSZwZJSm0NGUXC8kpwCqZuBELQVn3nYi3YuwndP8r\nw4fG+ejd7raXqFC6tzEdviX5KP3dMr9Cj8vvWsb7YVEmm1KtkpnkWhkc4hYvYxH6\nAJEQJmQNfLN546VzBjgcGRNDMY3IgZLA/JF1/fnZm7jGFtN+gYOAjhMQ0UMq2Tsl\n90cCggEAZWl1yvBzSPbi3DWXFsN9eXeADQWgCc5ZNPcygLjfiSokZoaXzDb4Mod5\noMrYVlR1V9ArvYRWddijWJMXawF9vfBh3O75A+2J8cWb09XpI8PiPSV3Sfl6NTWI\ngDTWlSQsJp2ChCi263V6PDsOEcbvvWNEndYKN9X+elZydNkgtSRhHIUb21H/RU5n\nqcfEwxLR7DuLnpY9kr/KveQ/og+7ZQS5caKXykA7yM1eb7TyfhK+6eqY7nc+/vUk\njwt6t7LosQ1ycaAOFQ+xaWATOkWkdnlig4qdx6loXuMEFcCdsfOHNJDZv/Ye66Z9\nFozLiqwMwY/zCjVtYd+UrOdU45fiNw==\n-----END PRIVATE KEY-----\n",
            "public_key_fingerprint_md5": "a0:b8:46:12:47:2d:22:75:f5:f7:55:02:ac:bb:64:1f",
            "public_key_fingerprint_sha256": "SHA256:i2eJ5tTTvElOtJYDnIQ94GDFMKGPChYk8/pA26Ovc0Q",
            "public_key_openssh": "ssh-rsa AAAAB3NzaC1yc2EAAAADAQABAAACAQDSnOfvIXuKhjQ7WGwVBsZwMs716Cf7f0F4Lsy4/lL7kBoKKxTC5/BQdh2IgL1MDHsLwkMPrRezyJvJ4XTPdnKOFEKc7tHUunS00xoYedlqdFqgC/+9Vp6SAy3567L3q+dUexxWCJZMX80KUov5frry43MVcdr98etZFpWntpqC1wpJYejeyeJB4jCXt6061yMetMq0AKiWV1gerRWBJMTRjurgdcJySOMhGpedlE6JwTRPli5FrbY/zZ+z5Bm3PEiOgcgAvUG9IjL4d0FRCzoYZ44ndId4WUA2MRI5plSduBZFKBJZm6a++pa0yxSyzXpQYQ0PTm1Et1gHBXR2E7/qIh8/ZddDAl9vhBrGYzuDc8iGUDfptuQ4IIp5tg8CjEhGDIKOpU70hPHMDNXbZLIIsxupe8DbQbFpKDMxHUx/3mmR2pFJuKCLyyQlUK1aihy5mULiRfDI1B44UqW9lsW/sLTwDZ17kD1UW9/JTJqM4AWMvXGSkHBuc207XMHV+evuCaZwcbdFsrNurO3+eeCNTMjuZ9szfu12VEgRkGih+trpCIx/CskhGBqRoNK0PL0CPRELFvwGOGMIH2P3hhuVPQjxLFSmQhH5Wbw69VNuVA3PIi2KxLD5O8e+BXkJD0OLMwwKzkP5mx/rFmVQj4kYPLuQsKLZWj0MuQplaHbuZQ==\n",
            "public_key_pem": "-----BEGIN PUBLIC KEY-----\nMIICIjANBgkqhkiG9w0BAQEFAAOCAg8AMIICCgKCAgEA0pzn7yF7ioY0O1hsFQbG\ncDLO9egn+39BeC7MuP5S+5AaCisUwufwUHYdiIC9TAx7C8JDD60Xs8ibyeF0z3Zy\njhRCnO7R1Lp0tNMaGHnZanRaoAv/vVaekgMt+euy96vnVHscVgiWTF/NClKL+X66\n8uNzFXHa/fHrWRaVp7aagtcKSWHo3sniQeIwl7etOtcjHrTKtAColldYHq0VgSTE\n0Y7q4HXCckjjIRqXnZROicE0T5YuRa22P82fs+QZtzxIjoHIAL1BvSIy+HdBUQs6\nGGeOJ3SHeFlANjESOaZUnbgWRSgSWZumvvqWtMsUss16UGEND05tRLdYBwV0dhO/\n6iIfP2XXQwJfb4QaxmM7g3PIhlA36bbkOCCKebYPAoxIRgyCjqVO9ITxzAzV22Sy\nCLMbqXvA20GxaSgzMR1Mf95pkdqRSbigi8skJVCtWoocuZlC4kXwyNQeOFKlvZbF\nv7C08A2de5A9VFvfyUyajOAFjL1xkpBwbnNtO1zB1fnr7gmmcHG3RbKzbqzt/nng\njUzI7mfbM37tdlRIEZBoofra6QiMfwrJIRgakaDStDy9Aj0RCxb8BjhjCB9j94Yb\nlT0I8SxUpkIR+Vm8OvVTblQNzyItisSw+TvHvgV5CQ9DizMMCs5D+Zsf6xZlUI+J\nGDy7kLCi2Vo9DLkKZWh27mUCAwEAAQ==\n-----END PUBLIC KEY-----\n",
            "rsa_bits": 4096
          },
          "sensitive_attributes": [],
          "dependencies": [
            "module.active-network.data.aws_availability_zones.available"
          ],
          "create_before_destroy": true
        }
      ]
    },
    {
      "module": "module.active-network.module.ec2-api[1]",
      "mode": "data",
      "type": "aws_ami",
      "name": "amazon-linux-2",
      "provider": "module.active-network.provider[\"registry.terraform.io/hashicorp/aws\"]",
      "instances": [
        {
          "schema_version": 0,
          "attributes": {
            "architecture": "x86_64",
            "arn": "arn:aws:ec2:us-east-1::image/ami-0c503d55a14d7a5f0",
            "block_device_mappings": [
              {
                "device_name": "/dev/xvda",
                "ebs": {
                  "delete_on_termination": "true",
                  "encrypted": "false",
                  "iops": "0",
                  "snapshot_id": "snap-0fc021f5e7363fdfc",
                  "throughput": "0",
                  "volume_size": "8",
                  "volume_type": "gp2"
                },
                "no_device": "",
                "virtual_name": ""
              }
            ],
            "boot_mode": "",
            "creation_date": "2023-06-02T19:40:41.000Z",
            "deprecation_time": "2025-06-02T19:40:41.000Z",
            "description": "Amazon Linux 2 AMI 2.0.20230530.0 x86_64 HVM gp2",
            "ena_support": true,
            "executable_users": null,
            "filter": [
              {
                "name": "name",
                "values": [
                  "amzn2-ami-hvm*"
                ]
              }
            ],
            "hypervisor": "xen",
            "id": "ami-0c503d55a14d7a5f0",
            "image_id": "ami-0c503d55a14d7a5f0",
            "image_location": "amazon/amzn2-ami-hvm-2.0.20230530.0-x86_64-gp2",
            "image_owner_alias": "amazon",
            "image_type": "machine",
            "imds_support": "",
            "include_deprecated": false,
            "kernel_id": "",
            "most_recent": true,
            "name": "amzn2-ami-hvm-2.0.20230530.0-x86_64-gp2",
            "name_regex": null,
            "owner_id": "137112412989",
            "owners": [
              "amazon"
            ],
            "platform": "",
            "platform_details": "Linux/UNIX",
            "product_codes": [],
            "public": true,
            "ramdisk_id": "",
            "root_device_name": "/dev/xvda",
            "root_device_type": "ebs",
            "root_snapshot_id": "snap-0fc021f5e7363fdfc",
            "sriov_net_support": "simple",
            "state": "available",
            "state_reason": {
              "code": "UNSET",
              "message": "UNSET"
            },
            "tags": {},
            "timeouts": null,
            "tpm_support": "",
            "usage_operation": "RunInstances",
            "virtualization_type": "hvm"
          },
          "sensitive_attributes": []
        }
      ]
    },
    {
      "module": "module.active-network.module.ec2-api[1]",
      "mode": "managed",
      "type": "aws_instance",
      "name": "this",
      "provider": "module.active-network.provider[\"registry.terraform.io/hashicorp/aws\"]",
      "instances": [
        {
          "schema_version": 1,
          "attributes": {
            "ami": "ami-0c503d55a14d7a5f0",
            "arn": "arn:aws:ec2:us-east-1:930051497533:instance/i-067ae4c6e83d2157f",
            "associate_public_ip_address": true,
            "availability_zone": "us-east-1b",
            "capacity_reservation_specification": [
              {
                "capacity_reservation_preference": "open",
                "capacity_reservation_target": []
              }
            ],
            "cpu_core_count": 1,
            "cpu_options": [
              {
                "amd_sev_snp": "",
                "core_count": 1,
                "threads_per_core": 1
              }
            ],
            "cpu_threads_per_core": 1,
            "credit_specification": [
              {
                "cpu_credits": "standard"
              }
            ],
            "disable_api_stop": false,
            "disable_api_termination": false,
            "ebs_block_device": [],
            "ebs_optimized": false,
            "enclave_options": [
              {
                "enabled": false
              }
            ],
            "ephemeral_block_device": [],
            "get_password_data": false,
            "hibernation": false,
            "host_id": "",
            "host_resource_group_arn": null,
            "iam_instance_profile": "",
            "id": "i-067ae4c6e83d2157f",
            "instance_initiated_shutdown_behavior": "stop",
            "instance_state": "running",
            "instance_type": "t2.micro",
            "ipv6_address_count": 0,
            "ipv6_addresses": [],
            "key_name": "express-api-1_key_pair",
            "launch_template": [],
            "maintenance_options": [
              {
                "auto_recovery": "default"
              }
            ],
            "metadata_options": [
              {
                "http_endpoint": "enabled",
                "http_put_response_hop_limit": 1,
                "http_tokens": "optional",
                "instance_metadata_tags": "disabled"
              }
            ],
            "monitoring": false,
            "network_interface": [],
            "outpost_arn": "",
            "password_data": "",
            "placement_group": "",
            "placement_partition_number": 0,
            "primary_network_interface_id": "eni-0455b5fa8a5955889",
            "private_dns": "ip-10-0-1-130.ec2.internal",
            "private_dns_name_options": [
              {
                "enable_resource_name_dns_a_record": false,
                "enable_resource_name_dns_aaaa_record": false,
                "hostname_type": "ip-name"
              }
            ],
            "private_ip": "10.0.1.130",
            "public_dns": "",
            "public_ip": "44.201.219.179",
            "root_block_device": [
              {
                "delete_on_termination": true,
                "device_name": "/dev/xvda",
                "encrypted": true,
                "iops": 100,
                "kms_key_id": "arn:aws:kms:us-east-1:930051497533:key/bf29823e-d1ea-40b1-918d-fe557904d949",
                "tags": {},
                "throughput": 0,
                "volume_id": "vol-01db30a322d8ffe87",
                "volume_size": 30,
                "volume_type": "gp2"
              }
            ],
            "secondary_private_ips": [],
            "security_groups": [],
            "source_dest_check": false,
            "subnet_id": "subnet-081272fb95a2edb67",
            "tags": {
              "CreatedBy": "terraform",
              "Name": "express-api-1"
            },
            "tags_all": {
              "CreatedBy": "terraform",
              "Name": "express-api-1"
            },
            "tenancy": "default",
            "timeouts": null,
            "user_data": "8c17ad24e77273d71365fbd8b8d124d2188bee42",
            "user_data_base64": null,
            "user_data_replace_on_change": false,
            "volume_tags": null,
            "vpc_security_group_ids": [
              "sg-08196e6f3f13f956f"
            ]
          },
          "sensitive_attributes": [],
          "private": "eyJlMmJmYjczMC1lY2FhLTExZTYtOGY4OC0zNDM2M2JjN2M0YzAiOnsiY3JlYXRlIjo2MDAwMDAwMDAwMDAsImRlbGV0ZSI6MTIwMDAwMDAwMDAwMCwidXBkYXRlIjo2MDAwMDAwMDAwMDB9LCJzY2hlbWFfdmVyc2lvbiI6IjEifQ==",
          "dependencies": [
            "module.active-network.aws_security_group.ec2",
            "module.active-network.data.aws_availability_zones.available",
            "module.active-network.module.ec2-api.aws_key_pair.key_pair",
            "module.active-network.module.ec2-api.data.aws_ami.amazon-linux-2",
            "module.active-network.module.ec2-api.tls_private_key.key_pair",
            "module.active-network.module.ig.aws_internet_gateway.this",
            "module.active-network.module.nat_gw.aws_eip.nat",
            "module.active-network.module.nat_gw.aws_nat_gateway.this",
            "module.active-network.module.private-subnets.aws_route.default",
            "module.active-network.module.private-subnets.aws_route_table.this",
            "module.active-network.module.private-subnets.aws_route_table_association.this",
            "module.active-network.module.private-subnets.aws_subnet.this",
            "module.active-network.module.public-subnets.aws_route.default",
            "module.active-network.module.public-subnets.aws_route_table.this",
            "module.active-network.module.public-subnets.aws_route_table_association.this",
            "module.active-network.module.public-subnets.aws_subnet.this",
            "module.active-network.module.vpc.aws_vpc.this"
          ],
          "create_before_destroy": true
        }
      ]
    },
    {
      "module": "module.active-network.module.ec2-api[1]",
      "mode": "managed",
      "type": "aws_key_pair",
      "name": "key_pair",
      "provider": "module.active-network.provider[\"registry.terraform.io/hashicorp/aws\"]",
      "instances": [
        {
          "schema_version": 1,
          "attributes": {
            "arn": "arn:aws:ec2:us-east-1:930051497533:key-pair/express-api-1_key_pair",
            "fingerprint": "3d:cd:ba:62:f7:dc:f1:5e:fc:31:3d:21:ac:0c:d2:82",
            "id": "express-api-1_key_pair",
            "key_name": "express-api-1_key_pair",
            "key_name_prefix": "",
            "key_pair_id": "key-00b649619c7ac6ab3",
            "key_type": "rsa",
            "public_key": "ssh-rsa AAAAB3NzaC1yc2EAAAADAQABAAACAQDDbeXhj3R7uBzLDyaXkiMwKF5wp/Uh17LFvwbzNBo4dgbCczTcMFNSC5oBnYpk8c97wGXtvqaFJ40pNODZwrAoyywB9ZmH9q04eXeZc57QPTCYVPe54paw9UN6QKFNfxiHEcJH1vrJSIRxnIA0JKMVAF3nr+UNDVx1Lcqf0OgSKI8J4T8Fm4saw8ZKFJTgOKL+h6e9vBYJtgv7CyaqrBefsMS/SUQX2ZJDOr/aUeDuGQ7xpzXBKDYhv9I4sDVes5GBw1rluC+q/VYlWemx/OD2f9ZTtri3ZO9uNW12ftUYPdWBogfrC2DUaDMLwZ7Zv3YdfDUmmi84HD80OoJDmpaWIpdWEBB+16iYiVLj/yRm/sU05qAdb7KY4Nq7AAbJrWdbcyZiO92sxPg2dADzp9ExsXW9LqyrsUwElRq/SYDBfssXZyeMlfuKFNl9VntVgQ1x23NX+37GCUqDl3JpMFJUgk/pZlEO9BdO8QkeZ47VAUrh8YfQtaxJb+rrr7zXGuOqFb/TuyMySCW4Cn03+EaTJynr8v+hI0/lgbQkokosY/CDMX4QEXsFWuc5codR65+mzlmiRr1vGKT28vOnOMDnc8QmugMkuT5eF3E96LDY6wJLVXc3yti3Ftx3zS7ZvlxOiX0kxpTqxRH9Ijq4aHIvvRMnEHHI6ZK8+XaaPzHnOQ==",
            "tags": {},
            "tags_all": {}
          },
          "sensitive_attributes": [],
          "private": "eyJzY2hlbWFfdmVyc2lvbiI6IjEifQ==",
          "dependencies": [
            "module.active-network.data.aws_availability_zones.available",
            "module.active-network.module.ec2-api.tls_private_key.key_pair"
          ],
          "create_before_destroy": true
        }
      ]
    },
    {
      "module": "module.active-network.module.ec2-api[1]",
      "mode": "managed",
      "type": "local_file",
      "name": "ssh_key",
      "provider": "provider[\"registry.terraform.io/hashicorp/local\"]",
      "instances": [
        {
          "schema_version": 0,
          "attributes": {
            "content": "-----BEGIN RSA PRIVATE KEY-----\nMIIJKQIBAAKCAgEAw23l4Y90e7gcyw8ml5IjMChecKf1Ideyxb8G8zQaOHYGwnM0\n3DBTUguaAZ2KZPHPe8Bl7b6mhSeNKTTg2cKwKMssAfWZh/atOHl3mXOe0D0wmFT3\nueKWsPVDekChTX8YhxHCR9b6yUiEcZyANCSjFQBd56/lDQ1cdS3Kn9DoEiiPCeE/\nBZuLGsPGShSU4Dii/oenvbwWCbYL+wsmqqwXn7DEv0lEF9mSQzq/2lHg7hkO8ac1\nwSg2Ib/SOLA1XrORgcNa5bgvqv1WJVnpsfzg9n/WU7a4t2TvbjVtdn7VGD3VgaIH\n6wtg1GgzC8Ge2b92HXw1JpovOBw/NDqCQ5qWliKXVhAQfteomIlS4/8kZv7FNOag\nHW+ymODauwAGya1nW3MmYjvdrMT4NnQA86fRMbF1vS6sq7FMBJUav0mAwX7LF2cn\njJX7ihTZfVZ7VYENcdtzV/t+xglKg5dyaTBSVIJP6WZRDvQXTvEJHmeO1QFK4fGH\n0LWsSW/q66+81xrjqhW/07sjMkgluAp9N/hGkycp6/L/oSNP5YG0JKJKLGPwgzF+\nEBF7BVrnOXKHUeufps5Zoka9bxik9vLzpzjA53PEJroDJLk+XhdxPeiw2OsCS1V3\nN8rYtxbcd80u2b5cTol9JMaU6sUR/SI6uGhyL70TJxBxyOmSvPl2mj8x5zkCAwEA\nAQKCAgEAkT1htUrqJPBl5buy0L65DBdUaKFKmwY1RKV9ws2cFw4QY/8+782yfq1E\nnaK5sd/MdYo9tn0UQK1uSYuU+AGq7gZhBGvE2LlJb0lGy3KUOure7LdpDGsL1yPQ\nLFFQD8o/LlLScpWg+Gq+k7jdxuLbmMYXBBNDRXoClsubZT7a2nPuKkeOkNpSfWe2\nPGQjaKhu6n9i+K2KK1lyefaFnB4dyH6VGhyXUKpP+0r0PorPgeR5qLq+RnleEaL/\n10WNxH3ry+al7Uf/lTKGDWhPOApaHphPbxPDH/kRwHRQj9ofAM8jmB4ViGeCZRmz\npi8VoXqbi7o9vhykryy/BE/fc+K1uj0glFqO9yKD3GlEhcfv0sCJ4svk7nsRd7yr\n2jU6A6HC+RDIh2KKj46zR3mDp/WptXMGjXbzHZ8S2FHDvvlCwj59GxY6jh5znOhr\nrtypawZOkAKsDM5Gac6ZhqMWnhsl8NEFrODpRDPNj1kLZMIKOp/IbaxzXwDu9525\nJLKwHE8CGdG7cifiBC5lU2CvZFL5A0m03lhMOWeWYGkajdqUU3oKE9RE5/zuQecq\n0hXSnkTcjc1qX/RZxZCvSwyy8vkqJGNtdYh52NyVK8jy8f6cIj1LiKr3oRmZkMc/\nE13Ixxy/G2/gJKGFS/Ihmdy+ttyoVGVw5CsTV/y1D1kkQ/TdZskCggEBAM6E6Wbj\nLftk0pS4dEFMgpMKj30WQTCITuK6V6FoVx9QMJjqdxq8ojKwmhul120uVUtDXRm5\nLlupyZckV4qNjrAcHdFhjuU8KmH82KeF5/Xn+CRUP8n1n+ne7WLzw2vKyuQouSZk\nAcKgvGwPxSm02mYee8EJ4gcx0rXoUC4HeUorHqWvW5/ffe0FFw6Zs36ZHknBbJfL\ndbmYZLYvQ9wWXd9UI79lqE62xkH3/ynyqXNFX6ERrIb3xcUMg6dEm1mh/F5GCmpq\nXU7I/M/DYF4Cmv1jrV2YRLIQuN7mKklSkBKCUElydaX3TKkaHrf4xKSE69GpesLa\n0SFcHXpXK8TI2gsCggEBAPJAxlqtNQRHZSIwarxEwxBttkDz8izE9YnCoGWbuGin\nZh7moiDK/+fSiX4sHRg4saHfqfaReOMMxfVKLALZR0HbYUzqj4IgxXc2oVa6xbWm\nFreClVPHEIEvk9N7n9GwtqV3hag0bCn61uWrpQFD7SlCYfrf/dv+5vh9ZYHUkk5+\n1EQguKzQPWOPiu36LRji1dhko6ikoQs28NMdPBNxqMnQYxzRVPy1LaaBymZ+ik2j\nSo/aBzoSHbP8jCrNVVRFkB1rZOLv3UH0lZu9fep57fHrk3QcfJ6YnP0FlYdUJukS\nlB2FuZljmAlKa4Q62R7e7o1q8nM/F5H8mKGSo0uX0ksCggEAG9wQRIH3LQe/5LIx\ndLGml8F/8+bxqmNpCOsMcUjLH/1IYQiYQrIZy27Ji1tHAYKTnRCcWaECoPj5qfsM\nGDPagOV6HEnl5gTEzu02KPtGfITrk7MN2+fXx8v8CDJMNZlo33ii6YvqNOBMKuPB\nvEuaftYz6am0pTXScBnD30HA2gGRI9bRLHMQ4M2j+6M+dKChVl/Sj3OyEPR++ZjM\ntb8KsNr/640CNIQxoKqc8IK820ELkoX42UhJlLiIdiMqNeBFVE5sj0iEB+HTQQ/h\nSy1czTwKIistcTwSRHeWUsfhia2suQvI1TfUTqeoZzcXB/6qdWFAn1K3jaGIlH13\n+RcDWwKCAQBISoYmpwtsJHYMltAzMH3ZWDQL/AAn1frDyl2dFLQaHuI9lGuLR6jI\nIC7BhR6FjN2NRbZtiwm9D6G/SgwKKZa3E2Vc055Rob/rjFTnEcNQKqkayBARuRS2\nyGDfukN+CrLme91ZzZL9kAoy7V7HGuMZ7eJZQCB8VvvL6XeyH6ItZHGphu41O8sl\n+77kt0Rf6ckQ0y93cvFP7Gw/Q7kawE8zMklxXxJyewqNZqvknBxfgLwOY2zGqoNM\no6+cUjwFcuDHtrWbdyLavMcse4aowwv7pmYRPzL9DOPEKbduc/FMmiuzB6XUHUFQ\nfHHLOthx+urLLr/9HjXFbdCKXrz2IO8zAoIBAQC/op5lTXQ10IFmDZ2oEEIS5q0S\n71e+oGfigf7zKjv13z8VrKFu1zJzaS+j/hDq2G2MbPg1WXYWF44ql3rfsmdZFCSr\nvFs6UwIirZ462nR73b88LTi9ZGXuEE5eG6XKN8iX5ajbkyYx32T1737Px+mnsh5h\ntU2dmJUL4Q/bjs/ZUhfC1QA1DA8nT4uQ8IqsY6xaKQS13TLJr9lsFlfjxw6cULx7\nfr7vSNGQ0xTobJYG9n9tNPzZhxDmEZK5VROz3xhFoGd1BtHoMBNP2AM+vUW0rHgp\n+nVkEEpZTLUPkOPM4J7w8JwWJO4Ss3rTmBmNUm5G8G6Ybi97FIqMZILk4XAZ\n-----END RSA PRIVATE KEY-----\n",
            "content_base64": null,
            "content_base64sha256": "ebBTQTwYysryNno0R93crLJezwmLNjfmtfvwwa2kLNM=",
            "content_base64sha512": "dx6/fSzU+/u5q5z/5YeaTCdVEKeP/11n6/ImzHPAOCz3MvgBa+fNoAzEHfI1LeuNX9oZo9sFvPdhxrnWRGxQig==",
            "content_md5": "c382faa379ff98d8cec50eb479474479",
            "content_sha1": "674d32b9b1345aec91a3bfa33de386881242126a",
            "content_sha256": "79b053413c18cacaf2367a3447dddcacb25ecf098b3637e6b5fbf0c1ada42cd3",
            "content_sha512": "771ebf7d2cd4fbfbb9ab9cffe5879a4c275510a78fff5d67ebf226cc73c0382cf732f8016be7cda00cc41df2352deb8d5fda19a3db05bcf761c6b9d6446c508a",
            "directory_permission": "0777",
            "file_permission": "0777",
            "filename": "express-api-1_key_pair.pem",
            "id": "674d32b9b1345aec91a3bfa33de386881242126a",
            "sensitive_content": null,
            "source": null
          },
          "sensitive_attributes": [
            [
              {
                "type": "get_attr",
                "value": "content"
              }
            ]
          ],
          "dependencies": [
            "module.active-network.data.aws_availability_zones.available",
            "module.active-network.module.ec2-api.aws_key_pair.key_pair",
            "module.active-network.module.ec2-api.tls_private_key.key_pair"
          ],
          "create_before_destroy": true
        }
      ]
    },
    {
      "module": "module.active-network.module.ec2-api[1]",
      "mode": "managed",
      "type": "tls_private_key",
      "name": "key_pair",
      "provider": "provider[\"registry.terraform.io/hashicorp/tls\"]",
      "instances": [
        {
          "schema_version": 1,
          "attributes": {
            "algorithm": "RSA",
            "ecdsa_curve": "P224",
            "id": "b349c5b2cfedb158e3863cc5e76366a49a24b66d",
            "private_key_openssh": "-----BEGIN OPENSSH PRIVATE KEY-----\nb3BlbnNzaC1rZXktdjEAAAAABG5vbmUAAAAEbm9uZQAAAAAAAAABAAACFwAAAAdz\nc2gtcnNhAAAAAwEAAQAAAgEAw23l4Y90e7gcyw8ml5IjMChecKf1Ideyxb8G8zQa\nOHYGwnM03DBTUguaAZ2KZPHPe8Bl7b6mhSeNKTTg2cKwKMssAfWZh/atOHl3mXOe\n0D0wmFT3ueKWsPVDekChTX8YhxHCR9b6yUiEcZyANCSjFQBd56/lDQ1cdS3Kn9Do\nEiiPCeE/BZuLGsPGShSU4Dii/oenvbwWCbYL+wsmqqwXn7DEv0lEF9mSQzq/2lHg\n7hkO8ac1wSg2Ib/SOLA1XrORgcNa5bgvqv1WJVnpsfzg9n/WU7a4t2TvbjVtdn7V\nGD3VgaIH6wtg1GgzC8Ge2b92HXw1JpovOBw/NDqCQ5qWliKXVhAQfteomIlS4/8k\nZv7FNOagHW+ymODauwAGya1nW3MmYjvdrMT4NnQA86fRMbF1vS6sq7FMBJUav0mA\nwX7LF2cnjJX7ihTZfVZ7VYENcdtzV/t+xglKg5dyaTBSVIJP6WZRDvQXTvEJHmeO\n1QFK4fGH0LWsSW/q66+81xrjqhW/07sjMkgluAp9N/hGkycp6/L/oSNP5YG0JKJK\nLGPwgzF+EBF7BVrnOXKHUeufps5Zoka9bxik9vLzpzjA53PEJroDJLk+XhdxPeiw\n2OsCS1V3N8rYtxbcd80u2b5cTol9JMaU6sUR/SI6uGhyL70TJxBxyOmSvPl2mj8x\n5zkAAAc4dJzyU3Sc8lMAAAAHc3NoLXJzYQAAAgEAw23l4Y90e7gcyw8ml5IjMChe\ncKf1Ideyxb8G8zQaOHYGwnM03DBTUguaAZ2KZPHPe8Bl7b6mhSeNKTTg2cKwKMss\nAfWZh/atOHl3mXOe0D0wmFT3ueKWsPVDekChTX8YhxHCR9b6yUiEcZyANCSjFQBd\n56/lDQ1cdS3Kn9DoEiiPCeE/BZuLGsPGShSU4Dii/oenvbwWCbYL+wsmqqwXn7DE\nv0lEF9mSQzq/2lHg7hkO8ac1wSg2Ib/SOLA1XrORgcNa5bgvqv1WJVnpsfzg9n/W\nU7a4t2TvbjVtdn7VGD3VgaIH6wtg1GgzC8Ge2b92HXw1JpovOBw/NDqCQ5qWliKX\nVhAQfteomIlS4/8kZv7FNOagHW+ymODauwAGya1nW3MmYjvdrMT4NnQA86fRMbF1\nvS6sq7FMBJUav0mAwX7LF2cnjJX7ihTZfVZ7VYENcdtzV/t+xglKg5dyaTBSVIJP\n6WZRDvQXTvEJHmeO1QFK4fGH0LWsSW/q66+81xrjqhW/07sjMkgluAp9N/hGkycp\n6/L/oSNP5YG0JKJKLGPwgzF+EBF7BVrnOXKHUeufps5Zoka9bxik9vLzpzjA53PE\nJroDJLk+XhdxPeiw2OsCS1V3N8rYtxbcd80u2b5cTol9JMaU6sUR/SI6uGhyL70T\nJxBxyOmSvPl2mj8x5zkAAAADAQABAAACAQCRPWG1Suok8GXlu7LQvrkMF1RooUqb\nBjVEpX3CzZwXDhBj/z7vzbJ+rUSdormx38x1ij22fRRArW5Ji5T4AaruBmEEa8TY\nuUlvSUbLcpQ66t7st2kMawvXI9AsUVAPyj8uUtJylaD4ar6TuN3G4tuYxhcEE0NF\negKWy5tlPtrac+4qR46Q2lJ9Z7Y8ZCNoqG7qf2L4rYorWXJ59oWcHh3IfpUaHJdQ\nqk/7SvQ+is+B5Hmour5GeV4Rov/XRY3EfevL5qXtR/+VMoYNaE84CloemE9vE8Mf\n+RHAdFCP2h8AzyOYHhWIZ4JlGbOmLxWhepuLuj2+HKSvLL8ET99z4rW6PSCUWo73\nIoPcaUSFx+/SwIniy+TuexF3vKvaNToDocL5EMiHYoqPjrNHeYOn9am1cwaNdvMd\nnxLYUcO++ULCPn0bFjqOHnOc6Guu3KlrBk6QAqwMzkZpzpmGoxaeGyXw0QWs4OlE\nM82PWQtkwgo6n8htrHNfAO73nbkksrAcTwIZ0btyJ+IELmVTYK9kUvkDSbTeWEw5\nZ5ZgaRqN2pRTegoT1ETn/O5B5yrSFdKeRNyNzWpf9FnFkK9LDLLy+SokY211iHnY\n3JUryPLx/pwiPUuIqvehGZmQxz8TXcjHHL8bb+AkoYVL8iGZ3L623KhUZXDkKxNX\n/LUPWSRD9N1myQAAAQEAv6KeZU10NdCBZg2dqBBCEuatEu9XvqBn4oH+8yo79d8/\nFayhbtcyc2kvo/4Q6thtjGz4NVl2FheOKpd637JnWRQkq7xbOlMCIq2eOtp0e92/\nPC04vWRl7hBOXhulyjfIl+Wo25MmMd9k9e9+z8fpp7IeYbVNnZiVC+EP247P2VIX\nwtUANQwPJ0+LkPCKrGOsWikEtd0yya/ZbBZX48cOnFC8e36+70jRkNMU6GyWBvZ/\nbTT82YcQ5hGSuVUTs98YRaBndQbR6DATT9gDPr1FtKx4Kfp1ZBBKWUy1D5DjzOCe\n8PCcFiTuErN605gZjVJuRvBumG4vexSKjGSC5OFwGQAAAQEAzoTpZuMt+2TSlLh0\nQUyCkwqPfRZBMIhO4rpXoWhXH1AwmOp3GryiMrCaG6XXbS5VS0NdGbkuW6nJlyRX\nio2OsBwd0WGO5TwqYfzYp4Xn9ef4JFQ/yfWf6d7tYvPDa8rK5Ci5JmQBwqC8bA/F\nKbTaZh57wQniBzHStehQLgd5Sisepa9bn9997QUXDpmzfpkeScFsl8t1uZhkti9D\n3BZd31Qjv2WoTrbGQff/KfKpc0VfoRGshvfFxQyDp0SbWaH8XkYKampdTsj8z8Ng\nXgKa/WOtXZhEshC43uYqSVKQEoJQSXJ1pfdMqRoet/jEpITr0al6wtrRIVwdelcr\nxMjaCwAAAQEA8kDGWq01BEdlIjBqvETDEG22QPPyLMT1icKgZZu4aKdmHuaiIMr/\n59KJfiwdGDixod+p9pF44wzF9UosAtlHQdthTOqPgiDFdzahVrrFtaYWt4KVU8cQ\ngS+T03uf0bC2pXeFqDRsKfrW5aulAUPtKUJh+t/92/7m+H1lgdSSTn7URCC4rNA9\nY4+K7fotGOLV2GSjqKShCzbw0x08E3GoydBjHNFU/LUtpoHKZn6KTaNKj9oHOhId\ns/yMKs1VVEWQHWtk4u/dQfSVm7196nnt8euTdBx8npic/QWVh1Qm6RKUHYW5mWOY\nCUprhDrZHt7ujWrycz8XkfyYoZKjS5fSSwAAAAAB\n-----END OPENSSH PRIVATE KEY-----\n",
            "private_key_pem": "-----BEGIN RSA PRIVATE KEY-----\nMIIJKQIBAAKCAgEAw23l4Y90e7gcyw8ml5IjMChecKf1Ideyxb8G8zQaOHYGwnM0\n3DBTUguaAZ2KZPHPe8Bl7b6mhSeNKTTg2cKwKMssAfWZh/atOHl3mXOe0D0wmFT3\nueKWsPVDekChTX8YhxHCR9b6yUiEcZyANCSjFQBd56/lDQ1cdS3Kn9DoEiiPCeE/\nBZuLGsPGShSU4Dii/oenvbwWCbYL+wsmqqwXn7DEv0lEF9mSQzq/2lHg7hkO8ac1\nwSg2Ib/SOLA1XrORgcNa5bgvqv1WJVnpsfzg9n/WU7a4t2TvbjVtdn7VGD3VgaIH\n6wtg1GgzC8Ge2b92HXw1JpovOBw/NDqCQ5qWliKXVhAQfteomIlS4/8kZv7FNOag\nHW+ymODauwAGya1nW3MmYjvdrMT4NnQA86fRMbF1vS6sq7FMBJUav0mAwX7LF2cn\njJX7ihTZfVZ7VYENcdtzV/t+xglKg5dyaTBSVIJP6WZRDvQXTvEJHmeO1QFK4fGH\n0LWsSW/q66+81xrjqhW/07sjMkgluAp9N/hGkycp6/L/oSNP5YG0JKJKLGPwgzF+\nEBF7BVrnOXKHUeufps5Zoka9bxik9vLzpzjA53PEJroDJLk+XhdxPeiw2OsCS1V3\nN8rYtxbcd80u2b5cTol9JMaU6sUR/SI6uGhyL70TJxBxyOmSvPl2mj8x5zkCAwEA\nAQKCAgEAkT1htUrqJPBl5buy0L65DBdUaKFKmwY1RKV9ws2cFw4QY/8+782yfq1E\nnaK5sd/MdYo9tn0UQK1uSYuU+AGq7gZhBGvE2LlJb0lGy3KUOure7LdpDGsL1yPQ\nLFFQD8o/LlLScpWg+Gq+k7jdxuLbmMYXBBNDRXoClsubZT7a2nPuKkeOkNpSfWe2\nPGQjaKhu6n9i+K2KK1lyefaFnB4dyH6VGhyXUKpP+0r0PorPgeR5qLq+RnleEaL/\n10WNxH3ry+al7Uf/lTKGDWhPOApaHphPbxPDH/kRwHRQj9ofAM8jmB4ViGeCZRmz\npi8VoXqbi7o9vhykryy/BE/fc+K1uj0glFqO9yKD3GlEhcfv0sCJ4svk7nsRd7yr\n2jU6A6HC+RDIh2KKj46zR3mDp/WptXMGjXbzHZ8S2FHDvvlCwj59GxY6jh5znOhr\nrtypawZOkAKsDM5Gac6ZhqMWnhsl8NEFrODpRDPNj1kLZMIKOp/IbaxzXwDu9525\nJLKwHE8CGdG7cifiBC5lU2CvZFL5A0m03lhMOWeWYGkajdqUU3oKE9RE5/zuQecq\n0hXSnkTcjc1qX/RZxZCvSwyy8vkqJGNtdYh52NyVK8jy8f6cIj1LiKr3oRmZkMc/\nE13Ixxy/G2/gJKGFS/Ihmdy+ttyoVGVw5CsTV/y1D1kkQ/TdZskCggEBAM6E6Wbj\nLftk0pS4dEFMgpMKj30WQTCITuK6V6FoVx9QMJjqdxq8ojKwmhul120uVUtDXRm5\nLlupyZckV4qNjrAcHdFhjuU8KmH82KeF5/Xn+CRUP8n1n+ne7WLzw2vKyuQouSZk\nAcKgvGwPxSm02mYee8EJ4gcx0rXoUC4HeUorHqWvW5/ffe0FFw6Zs36ZHknBbJfL\ndbmYZLYvQ9wWXd9UI79lqE62xkH3/ynyqXNFX6ERrIb3xcUMg6dEm1mh/F5GCmpq\nXU7I/M/DYF4Cmv1jrV2YRLIQuN7mKklSkBKCUElydaX3TKkaHrf4xKSE69GpesLa\n0SFcHXpXK8TI2gsCggEBAPJAxlqtNQRHZSIwarxEwxBttkDz8izE9YnCoGWbuGin\nZh7moiDK/+fSiX4sHRg4saHfqfaReOMMxfVKLALZR0HbYUzqj4IgxXc2oVa6xbWm\nFreClVPHEIEvk9N7n9GwtqV3hag0bCn61uWrpQFD7SlCYfrf/dv+5vh9ZYHUkk5+\n1EQguKzQPWOPiu36LRji1dhko6ikoQs28NMdPBNxqMnQYxzRVPy1LaaBymZ+ik2j\nSo/aBzoSHbP8jCrNVVRFkB1rZOLv3UH0lZu9fep57fHrk3QcfJ6YnP0FlYdUJukS\nlB2FuZljmAlKa4Q62R7e7o1q8nM/F5H8mKGSo0uX0ksCggEAG9wQRIH3LQe/5LIx\ndLGml8F/8+bxqmNpCOsMcUjLH/1IYQiYQrIZy27Ji1tHAYKTnRCcWaECoPj5qfsM\nGDPagOV6HEnl5gTEzu02KPtGfITrk7MN2+fXx8v8CDJMNZlo33ii6YvqNOBMKuPB\nvEuaftYz6am0pTXScBnD30HA2gGRI9bRLHMQ4M2j+6M+dKChVl/Sj3OyEPR++ZjM\ntb8KsNr/640CNIQxoKqc8IK820ELkoX42UhJlLiIdiMqNeBFVE5sj0iEB+HTQQ/h\nSy1czTwKIistcTwSRHeWUsfhia2suQvI1TfUTqeoZzcXB/6qdWFAn1K3jaGIlH13\n+RcDWwKCAQBISoYmpwtsJHYMltAzMH3ZWDQL/AAn1frDyl2dFLQaHuI9lGuLR6jI\nIC7BhR6FjN2NRbZtiwm9D6G/SgwKKZa3E2Vc055Rob/rjFTnEcNQKqkayBARuRS2\nyGDfukN+CrLme91ZzZL9kAoy7V7HGuMZ7eJZQCB8VvvL6XeyH6ItZHGphu41O8sl\n+77kt0Rf6ckQ0y93cvFP7Gw/Q7kawE8zMklxXxJyewqNZqvknBxfgLwOY2zGqoNM\no6+cUjwFcuDHtrWbdyLavMcse4aowwv7pmYRPzL9DOPEKbduc/FMmiuzB6XUHUFQ\nfHHLOthx+urLLr/9HjXFbdCKXrz2IO8zAoIBAQC/op5lTXQ10IFmDZ2oEEIS5q0S\n71e+oGfigf7zKjv13z8VrKFu1zJzaS+j/hDq2G2MbPg1WXYWF44ql3rfsmdZFCSr\nvFs6UwIirZ462nR73b88LTi9ZGXuEE5eG6XKN8iX5ajbkyYx32T1737Px+mnsh5h\ntU2dmJUL4Q/bjs/ZUhfC1QA1DA8nT4uQ8IqsY6xaKQS13TLJr9lsFlfjxw6cULx7\nfr7vSNGQ0xTobJYG9n9tNPzZhxDmEZK5VROz3xhFoGd1BtHoMBNP2AM+vUW0rHgp\n+nVkEEpZTLUPkOPM4J7w8JwWJO4Ss3rTmBmNUm5G8G6Ybi97FIqMZILk4XAZ\n-----END RSA PRIVATE KEY-----\n",
            "private_key_pem_pkcs8": "-----BEGIN PRIVATE KEY-----\nMIIJQwIBADANBgkqhkiG9w0BAQEFAASCCS0wggkpAgEAAoICAQDDbeXhj3R7uBzL\nDyaXkiMwKF5wp/Uh17LFvwbzNBo4dgbCczTcMFNSC5oBnYpk8c97wGXtvqaFJ40p\nNODZwrAoyywB9ZmH9q04eXeZc57QPTCYVPe54paw9UN6QKFNfxiHEcJH1vrJSIRx\nnIA0JKMVAF3nr+UNDVx1Lcqf0OgSKI8J4T8Fm4saw8ZKFJTgOKL+h6e9vBYJtgv7\nCyaqrBefsMS/SUQX2ZJDOr/aUeDuGQ7xpzXBKDYhv9I4sDVes5GBw1rluC+q/VYl\nWemx/OD2f9ZTtri3ZO9uNW12ftUYPdWBogfrC2DUaDMLwZ7Zv3YdfDUmmi84HD80\nOoJDmpaWIpdWEBB+16iYiVLj/yRm/sU05qAdb7KY4Nq7AAbJrWdbcyZiO92sxPg2\ndADzp9ExsXW9LqyrsUwElRq/SYDBfssXZyeMlfuKFNl9VntVgQ1x23NX+37GCUqD\nl3JpMFJUgk/pZlEO9BdO8QkeZ47VAUrh8YfQtaxJb+rrr7zXGuOqFb/TuyMySCW4\nCn03+EaTJynr8v+hI0/lgbQkokosY/CDMX4QEXsFWuc5codR65+mzlmiRr1vGKT2\n8vOnOMDnc8QmugMkuT5eF3E96LDY6wJLVXc3yti3Ftx3zS7ZvlxOiX0kxpTqxRH9\nIjq4aHIvvRMnEHHI6ZK8+XaaPzHnOQIDAQABAoICAQCRPWG1Suok8GXlu7LQvrkM\nF1RooUqbBjVEpX3CzZwXDhBj/z7vzbJ+rUSdormx38x1ij22fRRArW5Ji5T4Aaru\nBmEEa8TYuUlvSUbLcpQ66t7st2kMawvXI9AsUVAPyj8uUtJylaD4ar6TuN3G4tuY\nxhcEE0NFegKWy5tlPtrac+4qR46Q2lJ9Z7Y8ZCNoqG7qf2L4rYorWXJ59oWcHh3I\nfpUaHJdQqk/7SvQ+is+B5Hmour5GeV4Rov/XRY3EfevL5qXtR/+VMoYNaE84Cloe\nmE9vE8Mf+RHAdFCP2h8AzyOYHhWIZ4JlGbOmLxWhepuLuj2+HKSvLL8ET99z4rW6\nPSCUWo73IoPcaUSFx+/SwIniy+TuexF3vKvaNToDocL5EMiHYoqPjrNHeYOn9am1\ncwaNdvMdnxLYUcO++ULCPn0bFjqOHnOc6Guu3KlrBk6QAqwMzkZpzpmGoxaeGyXw\n0QWs4OlEM82PWQtkwgo6n8htrHNfAO73nbkksrAcTwIZ0btyJ+IELmVTYK9kUvkD\nSbTeWEw5Z5ZgaRqN2pRTegoT1ETn/O5B5yrSFdKeRNyNzWpf9FnFkK9LDLLy+Sok\nY211iHnY3JUryPLx/pwiPUuIqvehGZmQxz8TXcjHHL8bb+AkoYVL8iGZ3L623KhU\nZXDkKxNX/LUPWSRD9N1myQKCAQEAzoTpZuMt+2TSlLh0QUyCkwqPfRZBMIhO4rpX\noWhXH1AwmOp3GryiMrCaG6XXbS5VS0NdGbkuW6nJlyRXio2OsBwd0WGO5TwqYfzY\np4Xn9ef4JFQ/yfWf6d7tYvPDa8rK5Ci5JmQBwqC8bA/FKbTaZh57wQniBzHStehQ\nLgd5Sisepa9bn9997QUXDpmzfpkeScFsl8t1uZhkti9D3BZd31Qjv2WoTrbGQff/\nKfKpc0VfoRGshvfFxQyDp0SbWaH8XkYKampdTsj8z8NgXgKa/WOtXZhEshC43uYq\nSVKQEoJQSXJ1pfdMqRoet/jEpITr0al6wtrRIVwdelcrxMjaCwKCAQEA8kDGWq01\nBEdlIjBqvETDEG22QPPyLMT1icKgZZu4aKdmHuaiIMr/59KJfiwdGDixod+p9pF4\n4wzF9UosAtlHQdthTOqPgiDFdzahVrrFtaYWt4KVU8cQgS+T03uf0bC2pXeFqDRs\nKfrW5aulAUPtKUJh+t/92/7m+H1lgdSSTn7URCC4rNA9Y4+K7fotGOLV2GSjqKSh\nCzbw0x08E3GoydBjHNFU/LUtpoHKZn6KTaNKj9oHOhIds/yMKs1VVEWQHWtk4u/d\nQfSVm7196nnt8euTdBx8npic/QWVh1Qm6RKUHYW5mWOYCUprhDrZHt7ujWrycz8X\nkfyYoZKjS5fSSwKCAQAb3BBEgfctB7/ksjF0saaXwX/z5vGqY2kI6wxxSMsf/Uhh\nCJhCshnLbsmLW0cBgpOdEJxZoQKg+Pmp+wwYM9qA5XocSeXmBMTO7TYo+0Z8hOuT\nsw3b59fHy/wIMkw1mWjfeKLpi+o04Ewq48G8S5p+1jPpqbSlNdJwGcPfQcDaAZEj\n1tEscxDgzaP7oz50oKFWX9KPc7IQ9H75mMy1vwqw2v/rjQI0hDGgqpzwgrzbQQuS\nhfjZSEmUuIh2Iyo14EVUTmyPSIQH4dNBD+FLLVzNPAoiKy1xPBJEd5ZSx+GJray5\nC8jVN9ROp6hnNxcH/qp1YUCfUreNoYiUfXf5FwNbAoIBAEhKhianC2wkdgyW0DMw\nfdlYNAv8ACfV+sPKXZ0UtBoe4j2Ua4tHqMggLsGFHoWM3Y1Ftm2LCb0Pob9KDAop\nlrcTZVzTnlGhv+uMVOcRw1AqqRrIEBG5FLbIYN+6Q34KsuZ73VnNkv2QCjLtXsca\n4xnt4llAIHxW+8vpd7Ifoi1kcamG7jU7yyX7vuS3RF/pyRDTL3dy8U/sbD9DuRrA\nTzMySXFfEnJ7Co1mq+ScHF+AvA5jbMaqg0yjr5xSPAVy4Me2tZt3Itq8xyx7hqjD\nC/umZhE/Mv0M48Qpt25z8UyaK7MHpdQdQVB8ccs62HH66ssuv/0eNcVt0IpevPYg\n7zMCggEBAL+inmVNdDXQgWYNnagQQhLmrRLvV76gZ+KB/vMqO/XfPxWsoW7XMnNp\nL6P+EOrYbYxs+DVZdhYXjiqXet+yZ1kUJKu8WzpTAiKtnjradHvdvzwtOL1kZe4Q\nTl4bpco3yJflqNuTJjHfZPXvfs/H6aeyHmG1TZ2YlQvhD9uOz9lSF8LVADUMDydP\ni5DwiqxjrFopBLXdMsmv2WwWV+PHDpxQvHt+vu9I0ZDTFOhslgb2f200/NmHEOYR\nkrlVE7PfGEWgZ3UG0egwE0/YAz69RbSseCn6dWQQSllMtQ+Q48zgnvDwnBYk7hKz\netOYGY1SbkbwbphuL3sUioxkguThcBk=\n-----END PRIVATE KEY-----\n",
            "public_key_fingerprint_md5": "49:87:af:e2:db:94:0d:06:8c:ad:50:c3:35:38:00:ec",
            "public_key_fingerprint_sha256": "SHA256:/IxpAZYAjHKK+rBumti9hOkLwNE+std3suY3oY8JM8A",
            "public_key_openssh": "ssh-rsa AAAAB3NzaC1yc2EAAAADAQABAAACAQDDbeXhj3R7uBzLDyaXkiMwKF5wp/Uh17LFvwbzNBo4dgbCczTcMFNSC5oBnYpk8c97wGXtvqaFJ40pNODZwrAoyywB9ZmH9q04eXeZc57QPTCYVPe54paw9UN6QKFNfxiHEcJH1vrJSIRxnIA0JKMVAF3nr+UNDVx1Lcqf0OgSKI8J4T8Fm4saw8ZKFJTgOKL+h6e9vBYJtgv7CyaqrBefsMS/SUQX2ZJDOr/aUeDuGQ7xpzXBKDYhv9I4sDVes5GBw1rluC+q/VYlWemx/OD2f9ZTtri3ZO9uNW12ftUYPdWBogfrC2DUaDMLwZ7Zv3YdfDUmmi84HD80OoJDmpaWIpdWEBB+16iYiVLj/yRm/sU05qAdb7KY4Nq7AAbJrWdbcyZiO92sxPg2dADzp9ExsXW9LqyrsUwElRq/SYDBfssXZyeMlfuKFNl9VntVgQ1x23NX+37GCUqDl3JpMFJUgk/pZlEO9BdO8QkeZ47VAUrh8YfQtaxJb+rrr7zXGuOqFb/TuyMySCW4Cn03+EaTJynr8v+hI0/lgbQkokosY/CDMX4QEXsFWuc5codR65+mzlmiRr1vGKT28vOnOMDnc8QmugMkuT5eF3E96LDY6wJLVXc3yti3Ftx3zS7ZvlxOiX0kxpTqxRH9Ijq4aHIvvRMnEHHI6ZK8+XaaPzHnOQ==\n",
            "public_key_pem": "-----BEGIN PUBLIC KEY-----\nMIICIjANBgkqhkiG9w0BAQEFAAOCAg8AMIICCgKCAgEAw23l4Y90e7gcyw8ml5Ij\nMChecKf1Ideyxb8G8zQaOHYGwnM03DBTUguaAZ2KZPHPe8Bl7b6mhSeNKTTg2cKw\nKMssAfWZh/atOHl3mXOe0D0wmFT3ueKWsPVDekChTX8YhxHCR9b6yUiEcZyANCSj\nFQBd56/lDQ1cdS3Kn9DoEiiPCeE/BZuLGsPGShSU4Dii/oenvbwWCbYL+wsmqqwX\nn7DEv0lEF9mSQzq/2lHg7hkO8ac1wSg2Ib/SOLA1XrORgcNa5bgvqv1WJVnpsfzg\n9n/WU7a4t2TvbjVtdn7VGD3VgaIH6wtg1GgzC8Ge2b92HXw1JpovOBw/NDqCQ5qW\nliKXVhAQfteomIlS4/8kZv7FNOagHW+ymODauwAGya1nW3MmYjvdrMT4NnQA86fR\nMbF1vS6sq7FMBJUav0mAwX7LF2cnjJX7ihTZfVZ7VYENcdtzV/t+xglKg5dyaTBS\nVIJP6WZRDvQXTvEJHmeO1QFK4fGH0LWsSW/q66+81xrjqhW/07sjMkgluAp9N/hG\nkycp6/L/oSNP5YG0JKJKLGPwgzF+EBF7BVrnOXKHUeufps5Zoka9bxik9vLzpzjA\n53PEJroDJLk+XhdxPeiw2OsCS1V3N8rYtxbcd80u2b5cTol9JMaU6sUR/SI6uGhy\nL70TJxBxyOmSvPl2mj8x5zkCAwEAAQ==\n-----END PUBLIC KEY-----\n",
            "rsa_bits": 4096
          },
          "sensitive_attributes": [],
          "dependencies": [
            "module.active-network.data.aws_availability_zones.available"
          ],
          "create_before_destroy": true
        }
      ]
    },
    {
      "module": "module.active-network.module.ig",
      "mode": "managed",
      "type": "aws_internet_gateway",
      "name": "this",
      "provider": "module.active-network.provider[\"registry.terraform.io/hashicorp/aws\"]",
      "instances": [
        {
          "schema_version": 0,
          "attributes": {
            "arn": "arn:aws:ec2:us-east-1:930051497533:internet-gateway/igw-0a75ff611e0cc576f",
            "id": "igw-0a75ff611e0cc576f",
            "owner_id": "930051497533",
            "tags": {
              "Name": "ig-redes"
            },
            "tags_all": {
              "Name": "ig-redes"
            },
            "timeouts": null,
            "vpc_id": "vpc-0b00fbea9a0cf8eeb"
          },
          "sensitive_attributes": [],
          "private": "eyJlMmJmYjczMC1lY2FhLTExZTYtOGY4OC0zNDM2M2JjN2M0YzAiOnsiY3JlYXRlIjoxMjAwMDAwMDAwMDAwLCJkZWxldGUiOjEyMDAwMDAwMDAwMDAsInVwZGF0ZSI6MTIwMDAwMDAwMDAwMH19",
          "dependencies": [
            "module.active-network.module.vpc.aws_vpc.this"
          ],
          "create_before_destroy": true
        }
      ]
    },
    {
      "module": "module.active-network.module.nat_gw[0]",
      "mode": "managed",
      "type": "aws_eip",
      "name": "nat",
      "provider": "module.active-network.provider[\"registry.terraform.io/hashicorp/aws\"]",
      "instances": [
        {
          "schema_version": 0,
          "attributes": {
            "address": null,
            "allocation_id": "eipalloc-0ab9194e754979d02",
            "associate_with_private_ip": null,
            "association_id": "eipassoc-096aad5eed61a43d4",
            "carrier_ip": "",
            "customer_owned_ip": "",
            "customer_owned_ipv4_pool": "",
            "domain": "vpc",
            "id": "eipalloc-0ab9194e754979d02",
            "instance": "",
            "network_border_group": "us-east-1",
            "network_interface": "eni-0e759bebfe85fb6d4",
            "private_dns": "ip-10-0-2-157.ec2.internal",
            "private_ip": "10.0.2.157",
            "public_dns": "ec2-34-197-152-125.compute-1.amazonaws.com",
            "public_ip": "34.197.152.125",
            "public_ipv4_pool": "amazon",
            "tags": {
              "Name": "nat-nat-gw-0"
            },
            "tags_all": {
              "Name": "nat-nat-gw-0"
            },
            "timeouts": null,
            "vpc": true
          },
          "sensitive_attributes": [],
          "private": "eyJlMmJmYjczMC1lY2FhLTExZTYtOGY4OC0zNDM2M2JjN2M0YzAiOnsiZGVsZXRlIjoxODAwMDAwMDAwMDAsInJlYWQiOjkwMDAwMDAwMDAwMCwidXBkYXRlIjozMDAwMDAwMDAwMDB9fQ==",
          "dependencies": [
            "module.active-network.data.aws_availability_zones.available"
          ],
          "create_before_destroy": true
        }
      ]
    },
    {
      "module": "module.active-network.module.nat_gw[0]",
      "mode": "managed",
      "type": "aws_nat_gateway",
      "name": "this",
      "provider": "module.active-network.provider[\"registry.terraform.io/hashicorp/aws\"]",
      "instances": [
        {
          "schema_version": 0,
          "attributes": {
            "allocation_id": "eipalloc-0ab9194e754979d02",
            "association_id": "eipassoc-096aad5eed61a43d4",
            "connectivity_type": "public",
            "id": "nat-0e47cbdd460b7a126",
            "network_interface_id": "eni-0e759bebfe85fb6d4",
            "private_ip": "10.0.2.157",
            "public_ip": "34.197.152.125",
            "subnet_id": "subnet-005c8621d6c7e1171",
            "tags": {
              "Name": "nat-gw-0"
            },
            "tags_all": {
              "Name": "nat-gw-0"
            }
          },
          "sensitive_attributes": [],
          "private": "bnVsbA==",
          "dependencies": [
            "module.active-network.data.aws_availability_zones.available",
            "module.active-network.module.ig.aws_internet_gateway.this",
            "module.active-network.module.nat_gw.aws_eip.nat",
            "module.active-network.module.public-subnets.aws_route.default",
            "module.active-network.module.public-subnets.aws_route_table.this",
            "module.active-network.module.public-subnets.aws_route_table_association.this",
            "module.active-network.module.public-subnets.aws_subnet.this",
            "module.active-network.module.vpc.aws_vpc.this"
          ],
          "create_before_destroy": true
        }
      ]
    },
    {
      "module": "module.active-network.module.nat_gw[1]",
      "mode": "managed",
      "type": "aws_eip",
      "name": "nat",
      "provider": "module.active-network.provider[\"registry.terraform.io/hashicorp/aws\"]",
      "instances": [
        {
          "schema_version": 0,
          "attributes": {
            "address": null,
            "allocation_id": "eipalloc-00a470e4eab8007f4",
            "associate_with_private_ip": null,
            "association_id": "eipassoc-09d7a845128d8008d",
            "carrier_ip": "",
            "customer_owned_ip": "",
            "customer_owned_ipv4_pool": "",
            "domain": "vpc",
            "id": "eipalloc-00a470e4eab8007f4",
            "instance": "",
            "network_border_group": "us-east-1",
            "network_interface": "eni-0caed50db5ef07bcc",
            "private_dns": "ip-10-0-3-223.ec2.internal",
            "private_ip": "10.0.3.223",
            "public_dns": "ec2-34-230-107-53.compute-1.amazonaws.com",
            "public_ip": "34.230.107.53",
            "public_ipv4_pool": "amazon",
            "tags": {
              "Name": "nat-nat-gw-1"
            },
            "tags_all": {
              "Name": "nat-nat-gw-1"
            },
            "timeouts": null,
            "vpc": true
          },
          "sensitive_attributes": [],
          "private": "eyJlMmJmYjczMC1lY2FhLTExZTYtOGY4OC0zNDM2M2JjN2M0YzAiOnsiZGVsZXRlIjoxODAwMDAwMDAwMDAsInJlYWQiOjkwMDAwMDAwMDAwMCwidXBkYXRlIjozMDAwMDAwMDAwMDB9fQ==",
          "dependencies": [
            "module.active-network.data.aws_availability_zones.available"
          ],
          "create_before_destroy": true
        }
      ]
    },
    {
      "module": "module.active-network.module.nat_gw[1]",
      "mode": "managed",
      "type": "aws_nat_gateway",
      "name": "this",
      "provider": "module.active-network.provider[\"registry.terraform.io/hashicorp/aws\"]",
      "instances": [
        {
          "schema_version": 0,
          "attributes": {
            "allocation_id": "eipalloc-00a470e4eab8007f4",
            "association_id": "eipassoc-09d7a845128d8008d",
            "connectivity_type": "public",
            "id": "nat-0877ffcdf24e01453",
            "network_interface_id": "eni-0caed50db5ef07bcc",
            "private_ip": "10.0.3.223",
            "public_ip": "34.230.107.53",
            "subnet_id": "subnet-0974d675960572762",
            "tags": {
              "Name": "nat-gw-1"
            },
            "tags_all": {
              "Name": "nat-gw-1"
            }
          },
          "sensitive_attributes": [],
          "private": "bnVsbA==",
          "dependencies": [
            "module.active-network.data.aws_availability_zones.available",
            "module.active-network.module.ig.aws_internet_gateway.this",
            "module.active-network.module.nat_gw.aws_eip.nat",
            "module.active-network.module.public-subnets.aws_route.default",
            "module.active-network.module.public-subnets.aws_route_table.this",
            "module.active-network.module.public-subnets.aws_route_table_association.this",
            "module.active-network.module.public-subnets.aws_subnet.this",
            "module.active-network.module.vpc.aws_vpc.this"
          ],
          "create_before_destroy": true
        }
      ]
    },
    {
      "module": "module.active-network.module.private-subnets[0]",
      "mode": "managed",
      "type": "aws_route",
      "name": "default",
      "provider": "module.active-network.provider[\"registry.terraform.io/hashicorp/aws\"]",
      "instances": [
        {
          "schema_version": 0,
          "attributes": {
            "carrier_gateway_id": "",
            "core_network_arn": "",
            "destination_cidr_block": "0.0.0.0/0",
            "destination_ipv6_cidr_block": "",
            "destination_prefix_list_id": "",
            "egress_only_gateway_id": "",
            "gateway_id": "",
            "id": "r-rtb-074594d6dd088b3f61080289494",
            "instance_id": "",
            "instance_owner_id": "",
            "local_gateway_id": "",
            "nat_gateway_id": "nat-0e47cbdd460b7a126",
            "network_interface_id": "",
            "origin": "CreateRoute",
            "route_table_id": "rtb-074594d6dd088b3f6",
            "state": "active",
            "timeouts": null,
            "transit_gateway_id": "",
            "vpc_endpoint_id": "",
            "vpc_peering_connection_id": ""
          },
          "sensitive_attributes": [],
          "private": "eyJlMmJmYjczMC1lY2FhLTExZTYtOGY4OC0zNDM2M2JjN2M0YzAiOnsiY3JlYXRlIjozMDAwMDAwMDAwMDAsImRlbGV0ZSI6MzAwMDAwMDAwMDAwLCJ1cGRhdGUiOjEyMDAwMDAwMDAwMH19",
          "dependencies": [
            "module.active-network.data.aws_availability_zones.available",
            "module.active-network.module.ig.aws_internet_gateway.this",
            "module.active-network.module.nat_gw.aws_eip.nat",
            "module.active-network.module.nat_gw.aws_nat_gateway.this",
            "module.active-network.module.private-subnets.aws_route_table.this",
            "module.active-network.module.public-subnets.aws_route.default",
            "module.active-network.module.public-subnets.aws_route_table.this",
            "module.active-network.module.public-subnets.aws_route_table_association.this",
            "module.active-network.module.public-subnets.aws_subnet.this",
            "module.active-network.module.vpc.aws_vpc.this"
          ],
          "create_before_destroy": true
        }
      ]
    },
    {
      "module": "module.active-network.module.private-subnets[0]",
      "mode": "managed",
      "type": "aws_route_table",
      "name": "this",
      "provider": "module.active-network.provider[\"registry.terraform.io/hashicorp/aws\"]",
      "instances": [
        {
          "schema_version": 0,
          "attributes": {
            "arn": "arn:aws:ec2:us-east-1:930051497533:route-table/rtb-074594d6dd088b3f6",
            "id": "rtb-074594d6dd088b3f6",
            "owner_id": "930051497533",
            "propagating_vgws": [],
            "route": [
              {
                "carrier_gateway_id": "",
                "cidr_block": "0.0.0.0/0",
                "core_network_arn": "",
                "destination_prefix_list_id": "",
                "egress_only_gateway_id": "",
                "gateway_id": "",
                "ipv6_cidr_block": "",
                "local_gateway_id": "",
                "nat_gateway_id": "nat-0e47cbdd460b7a126",
                "network_interface_id": "",
                "transit_gateway_id": "",
                "vpc_endpoint_id": "",
                "vpc_peering_connection_id": ""
              }
            ],
            "tags": {},
            "tags_all": {},
            "timeouts": null,
            "vpc_id": "vpc-0b00fbea9a0cf8eeb"
          },
          "sensitive_attributes": [],
          "private": "eyJlMmJmYjczMC1lY2FhLTExZTYtOGY4OC0zNDM2M2JjN2M0YzAiOnsiY3JlYXRlIjozMDAwMDAwMDAwMDAsImRlbGV0ZSI6MzAwMDAwMDAwMDAwLCJ1cGRhdGUiOjEyMDAwMDAwMDAwMH19",
          "dependencies": [
            "module.active-network.data.aws_availability_zones.available",
            "module.active-network.module.vpc.aws_vpc.this"
          ],
          "create_before_destroy": true
        }
      ]
    },
    {
      "module": "module.active-network.module.private-subnets[0]",
      "mode": "managed",
      "type": "aws_route_table_association",
      "name": "this",
      "provider": "module.active-network.provider[\"registry.terraform.io/hashicorp/aws\"]",
      "instances": [
        {
          "schema_version": 0,
          "attributes": {
            "gateway_id": "",
            "id": "rtbassoc-0423996df1ff45753",
            "route_table_id": "rtb-074594d6dd088b3f6",
            "subnet_id": "subnet-0bfaf636e1eaba857",
            "timeouts": null
          },
          "sensitive_attributes": [],
          "private": "eyJlMmJmYjczMC1lY2FhLTExZTYtOGY4OC0zNDM2M2JjN2M0YzAiOnsiY3JlYXRlIjozMDAwMDAwMDAwMDAsImRlbGV0ZSI6MzAwMDAwMDAwMDAwLCJ1cGRhdGUiOjEyMDAwMDAwMDAwMH19",
          "dependencies": [
            "module.active-network.data.aws_availability_zones.available",
            "module.active-network.module.private-subnets.aws_route_table.this",
            "module.active-network.module.private-subnets.aws_subnet.this",
            "module.active-network.module.vpc.aws_vpc.this"
          ],
          "create_before_destroy": true
        }
      ]
    },
    {
      "module": "module.active-network.module.private-subnets[0]",
      "mode": "managed",
      "type": "aws_subnet",
      "name": "this",
      "provider": "module.active-network.provider[\"registry.terraform.io/hashicorp/aws\"]",
      "instances": [
        {
          "schema_version": 1,
          "attributes": {
            "arn": "arn:aws:ec2:us-east-1:930051497533:subnet/subnet-0bfaf636e1eaba857",
            "assign_ipv6_address_on_creation": false,
            "availability_zone": "us-east-1a",
            "availability_zone_id": "use1-az1",
            "cidr_block": "10.0.0.0/24",
            "customer_owned_ipv4_pool": "",
            "enable_dns64": false,
            "enable_lni_at_device_index": 0,
            "enable_resource_name_dns_a_record_on_launch": false,
            "enable_resource_name_dns_aaaa_record_on_launch": false,
            "id": "subnet-0bfaf636e1eaba857",
            "ipv6_cidr_block": "",
            "ipv6_cidr_block_association_id": "",
            "ipv6_native": false,
            "map_customer_owned_ip_on_launch": false,
            "map_public_ip_on_launch": false,
            "outpost_arn": "",
            "owner_id": "930051497533",
            "private_dns_hostname_type_on_launch": "ip-name",
            "tags": {
              "Name": "private-subnet-0"
            },
            "tags_all": {
              "Name": "private-subnet-0"
            },
            "timeouts": null,
            "vpc_id": "vpc-0b00fbea9a0cf8eeb"
          },
          "sensitive_attributes": [],
          "private": "eyJlMmJmYjczMC1lY2FhLTExZTYtOGY4OC0zNDM2M2JjN2M0YzAiOnsiY3JlYXRlIjo2MDAwMDAwMDAwMDAsImRlbGV0ZSI6MTIwMDAwMDAwMDAwMH0sInNjaGVtYV92ZXJzaW9uIjoiMSJ9",
          "dependencies": [
            "module.active-network.data.aws_availability_zones.available",
            "module.active-network.module.vpc.aws_vpc.this"
          ],
          "create_before_destroy": true
        }
      ]
    },
    {
      "module": "module.active-network.module.private-subnets[1]",
      "mode": "managed",
      "type": "aws_route",
      "name": "default",
      "provider": "module.active-network.provider[\"registry.terraform.io/hashicorp/aws\"]",
      "instances": [
        {
          "schema_version": 0,
          "attributes": {
            "carrier_gateway_id": "",
            "core_network_arn": "",
            "destination_cidr_block": "0.0.0.0/0",
            "destination_ipv6_cidr_block": "",
            "destination_prefix_list_id": "",
            "egress_only_gateway_id": "",
            "gateway_id": "",
            "id": "r-rtb-013902697c940cfcd1080289494",
            "instance_id": "",
            "instance_owner_id": "",
            "local_gateway_id": "",
            "nat_gateway_id": "nat-0877ffcdf24e01453",
            "network_interface_id": "",
            "origin": "CreateRoute",
            "route_table_id": "rtb-013902697c940cfcd",
            "state": "active",
            "timeouts": null,
            "transit_gateway_id": "",
            "vpc_endpoint_id": "",
            "vpc_peering_connection_id": ""
          },
          "sensitive_attributes": [],
          "private": "eyJlMmJmYjczMC1lY2FhLTExZTYtOGY4OC0zNDM2M2JjN2M0YzAiOnsiY3JlYXRlIjozMDAwMDAwMDAwMDAsImRlbGV0ZSI6MzAwMDAwMDAwMDAwLCJ1cGRhdGUiOjEyMDAwMDAwMDAwMH19",
          "dependencies": [
            "module.active-network.data.aws_availability_zones.available",
            "module.active-network.module.ig.aws_internet_gateway.this",
            "module.active-network.module.nat_gw.aws_eip.nat",
            "module.active-network.module.nat_gw.aws_nat_gateway.this",
            "module.active-network.module.private-subnets.aws_route_table.this",
            "module.active-network.module.public-subnets.aws_route.default",
            "module.active-network.module.public-subnets.aws_route_table.this",
            "module.active-network.module.public-subnets.aws_route_table_association.this",
            "module.active-network.module.public-subnets.aws_subnet.this",
            "module.active-network.module.vpc.aws_vpc.this"
          ],
          "create_before_destroy": true
        }
      ]
    },
    {
      "module": "module.active-network.module.private-subnets[1]",
      "mode": "managed",
      "type": "aws_route_table",
      "name": "this",
      "provider": "module.active-network.provider[\"registry.terraform.io/hashicorp/aws\"]",
      "instances": [
        {
          "schema_version": 0,
          "attributes": {
            "arn": "arn:aws:ec2:us-east-1:930051497533:route-table/rtb-013902697c940cfcd",
            "id": "rtb-013902697c940cfcd",
            "owner_id": "930051497533",
            "propagating_vgws": [],
            "route": [
              {
                "carrier_gateway_id": "",
                "cidr_block": "0.0.0.0/0",
                "core_network_arn": "",
                "destination_prefix_list_id": "",
                "egress_only_gateway_id": "",
                "gateway_id": "",
                "ipv6_cidr_block": "",
                "local_gateway_id": "",
                "nat_gateway_id": "nat-0877ffcdf24e01453",
                "network_interface_id": "",
                "transit_gateway_id": "",
                "vpc_endpoint_id": "",
                "vpc_peering_connection_id": ""
              }
            ],
            "tags": {},
            "tags_all": {},
            "timeouts": null,
            "vpc_id": "vpc-0b00fbea9a0cf8eeb"
          },
          "sensitive_attributes": [],
          "private": "eyJlMmJmYjczMC1lY2FhLTExZTYtOGY4OC0zNDM2M2JjN2M0YzAiOnsiY3JlYXRlIjozMDAwMDAwMDAwMDAsImRlbGV0ZSI6MzAwMDAwMDAwMDAwLCJ1cGRhdGUiOjEyMDAwMDAwMDAwMH19",
          "dependencies": [
            "module.active-network.data.aws_availability_zones.available",
            "module.active-network.module.vpc.aws_vpc.this"
          ],
          "create_before_destroy": true
        }
      ]
    },
    {
      "module": "module.active-network.module.private-subnets[1]",
      "mode": "managed",
      "type": "aws_route_table_association",
      "name": "this",
      "provider": "module.active-network.provider[\"registry.terraform.io/hashicorp/aws\"]",
      "instances": [
        {
          "schema_version": 0,
          "attributes": {
            "gateway_id": "",
            "id": "rtbassoc-0466e383c4953f9b2",
            "route_table_id": "rtb-013902697c940cfcd",
            "subnet_id": "subnet-081272fb95a2edb67",
            "timeouts": null
          },
          "sensitive_attributes": [],
          "private": "eyJlMmJmYjczMC1lY2FhLTExZTYtOGY4OC0zNDM2M2JjN2M0YzAiOnsiY3JlYXRlIjozMDAwMDAwMDAwMDAsImRlbGV0ZSI6MzAwMDAwMDAwMDAwLCJ1cGRhdGUiOjEyMDAwMDAwMDAwMH19",
          "dependencies": [
            "module.active-network.data.aws_availability_zones.available",
            "module.active-network.module.private-subnets.aws_route_table.this",
            "module.active-network.module.private-subnets.aws_subnet.this",
            "module.active-network.module.vpc.aws_vpc.this"
          ],
          "create_before_destroy": true
        }
      ]
    },
    {
      "module": "module.active-network.module.private-subnets[1]",
      "mode": "managed",
      "type": "aws_subnet",
      "name": "this",
      "provider": "module.active-network.provider[\"registry.terraform.io/hashicorp/aws\"]",
      "instances": [
        {
          "schema_version": 1,
          "attributes": {
            "arn": "arn:aws:ec2:us-east-1:930051497533:subnet/subnet-081272fb95a2edb67",
            "assign_ipv6_address_on_creation": false,
            "availability_zone": "us-east-1b",
            "availability_zone_id": "use1-az2",
            "cidr_block": "10.0.1.0/24",
            "customer_owned_ipv4_pool": "",
            "enable_dns64": false,
            "enable_lni_at_device_index": 0,
            "enable_resource_name_dns_a_record_on_launch": false,
            "enable_resource_name_dns_aaaa_record_on_launch": false,
            "id": "subnet-081272fb95a2edb67",
            "ipv6_cidr_block": "",
            "ipv6_cidr_block_association_id": "",
            "ipv6_native": false,
            "map_customer_owned_ip_on_launch": false,
            "map_public_ip_on_launch": false,
            "outpost_arn": "",
            "owner_id": "930051497533",
            "private_dns_hostname_type_on_launch": "ip-name",
            "tags": {
              "Name": "private-subnet-1"
            },
            "tags_all": {
              "Name": "private-subnet-1"
            },
            "timeouts": null,
            "vpc_id": "vpc-0b00fbea9a0cf8eeb"
          },
          "sensitive_attributes": [],
          "private": "eyJlMmJmYjczMC1lY2FhLTExZTYtOGY4OC0zNDM2M2JjN2M0YzAiOnsiY3JlYXRlIjo2MDAwMDAwMDAwMDAsImRlbGV0ZSI6MTIwMDAwMDAwMDAwMH0sInNjaGVtYV92ZXJzaW9uIjoiMSJ9",
          "dependencies": [
            "module.active-network.data.aws_availability_zones.available",
            "module.active-network.module.vpc.aws_vpc.this"
          ],
          "create_before_destroy": true
        }
      ]
    },
    {
      "module": "module.active-network.module.public-subnets[0]",
      "mode": "managed",
      "type": "aws_route",
      "name": "default",
      "provider": "module.active-network.provider[\"registry.terraform.io/hashicorp/aws\"]",
      "instances": [
        {
          "schema_version": 0,
          "attributes": {
            "carrier_gateway_id": "",
            "core_network_arn": "",
            "destination_cidr_block": "0.0.0.0/0",
            "destination_ipv6_cidr_block": "",
            "destination_prefix_list_id": "",
            "egress_only_gateway_id": "",
            "gateway_id": "igw-0a75ff611e0cc576f",
            "id": "r-rtb-02c94c9c9d3fd19001080289494",
            "instance_id": "",
            "instance_owner_id": "",
            "local_gateway_id": "",
            "nat_gateway_id": "",
            "network_interface_id": "",
            "origin": "CreateRoute",
            "route_table_id": "rtb-02c94c9c9d3fd1900",
            "state": "active",
            "timeouts": null,
            "transit_gateway_id": "",
            "vpc_endpoint_id": "",
            "vpc_peering_connection_id": ""
          },
          "sensitive_attributes": [],
          "private": "eyJlMmJmYjczMC1lY2FhLTExZTYtOGY4OC0zNDM2M2JjN2M0YzAiOnsiY3JlYXRlIjozMDAwMDAwMDAwMDAsImRlbGV0ZSI6MzAwMDAwMDAwMDAwLCJ1cGRhdGUiOjEyMDAwMDAwMDAwMH19",
          "dependencies": [
            "module.active-network.data.aws_availability_zones.available",
            "module.active-network.module.ig.aws_internet_gateway.this",
            "module.active-network.module.public-subnets.aws_route_table.this",
            "module.active-network.module.vpc.aws_vpc.this"
          ],
          "create_before_destroy": true
        }
      ]
    },
    {
      "module": "module.active-network.module.public-subnets[0]",
      "mode": "managed",
      "type": "aws_route_table",
      "name": "this",
      "provider": "module.active-network.provider[\"registry.terraform.io/hashicorp/aws\"]",
      "instances": [
        {
          "schema_version": 0,
          "attributes": {
            "arn": "arn:aws:ec2:us-east-1:930051497533:route-table/rtb-02c94c9c9d3fd1900",
            "id": "rtb-02c94c9c9d3fd1900",
            "owner_id": "930051497533",
            "propagating_vgws": [],
            "route": [
              {
                "carrier_gateway_id": "",
                "cidr_block": "0.0.0.0/0",
                "core_network_arn": "",
                "destination_prefix_list_id": "",
                "egress_only_gateway_id": "",
                "gateway_id": "igw-0a75ff611e0cc576f",
                "ipv6_cidr_block": "",
                "local_gateway_id": "",
                "nat_gateway_id": "",
                "network_interface_id": "",
                "transit_gateway_id": "",
                "vpc_endpoint_id": "",
                "vpc_peering_connection_id": ""
              }
            ],
            "tags": {},
            "tags_all": {},
            "timeouts": null,
            "vpc_id": "vpc-0b00fbea9a0cf8eeb"
          },
          "sensitive_attributes": [],
          "private": "eyJlMmJmYjczMC1lY2FhLTExZTYtOGY4OC0zNDM2M2JjN2M0YzAiOnsiY3JlYXRlIjozMDAwMDAwMDAwMDAsImRlbGV0ZSI6MzAwMDAwMDAwMDAwLCJ1cGRhdGUiOjEyMDAwMDAwMDAwMH19",
          "dependencies": [
            "module.active-network.data.aws_availability_zones.available",
            "module.active-network.module.vpc.aws_vpc.this"
          ],
          "create_before_destroy": true
        }
      ]
    },
    {
      "module": "module.active-network.module.public-subnets[0]",
      "mode": "managed",
      "type": "aws_route_table_association",
      "name": "this",
      "provider": "module.active-network.provider[\"registry.terraform.io/hashicorp/aws\"]",
      "instances": [
        {
          "schema_version": 0,
          "attributes": {
            "gateway_id": "",
            "id": "rtbassoc-04250a70086bb00ea",
            "route_table_id": "rtb-02c94c9c9d3fd1900",
            "subnet_id": "subnet-005c8621d6c7e1171",
            "timeouts": null
          },
          "sensitive_attributes": [],
          "private": "eyJlMmJmYjczMC1lY2FhLTExZTYtOGY4OC0zNDM2M2JjN2M0YzAiOnsiY3JlYXRlIjozMDAwMDAwMDAwMDAsImRlbGV0ZSI6MzAwMDAwMDAwMDAwLCJ1cGRhdGUiOjEyMDAwMDAwMDAwMH19",
          "dependencies": [
            "module.active-network.data.aws_availability_zones.available",
            "module.active-network.module.public-subnets.aws_route_table.this",
            "module.active-network.module.public-subnets.aws_subnet.this",
            "module.active-network.module.vpc.aws_vpc.this"
          ],
          "create_before_destroy": true
        }
      ]
    },
    {
      "module": "module.active-network.module.public-subnets[0]",
      "mode": "managed",
      "type": "aws_subnet",
      "name": "this",
      "provider": "module.active-network.provider[\"registry.terraform.io/hashicorp/aws\"]",
      "instances": [
        {
          "schema_version": 1,
          "attributes": {
            "arn": "arn:aws:ec2:us-east-1:930051497533:subnet/subnet-005c8621d6c7e1171",
            "assign_ipv6_address_on_creation": false,
            "availability_zone": "us-east-1a",
            "availability_zone_id": "use1-az1",
            "cidr_block": "10.0.2.0/24",
            "customer_owned_ipv4_pool": "",
            "enable_dns64": false,
            "enable_lni_at_device_index": 0,
            "enable_resource_name_dns_a_record_on_launch": false,
            "enable_resource_name_dns_aaaa_record_on_launch": false,
            "id": "subnet-005c8621d6c7e1171",
            "ipv6_cidr_block": "",
            "ipv6_cidr_block_association_id": "",
            "ipv6_native": false,
            "map_customer_owned_ip_on_launch": false,
            "map_public_ip_on_launch": false,
            "outpost_arn": "",
            "owner_id": "930051497533",
            "private_dns_hostname_type_on_launch": "ip-name",
            "tags": {
              "Name": "public-subnet-0"
            },
            "tags_all": {
              "Name": "public-subnet-0"
            },
            "timeouts": null,
            "vpc_id": "vpc-0b00fbea9a0cf8eeb"
          },
          "sensitive_attributes": [],
          "private": "eyJlMmJmYjczMC1lY2FhLTExZTYtOGY4OC0zNDM2M2JjN2M0YzAiOnsiY3JlYXRlIjo2MDAwMDAwMDAwMDAsImRlbGV0ZSI6MTIwMDAwMDAwMDAwMH0sInNjaGVtYV92ZXJzaW9uIjoiMSJ9",
          "dependencies": [
            "module.active-network.data.aws_availability_zones.available",
            "module.active-network.module.vpc.aws_vpc.this"
          ],
          "create_before_destroy": true
        }
      ]
    },
    {
      "module": "module.active-network.module.public-subnets[1]",
      "mode": "managed",
      "type": "aws_route",
      "name": "default",
      "provider": "module.active-network.provider[\"registry.terraform.io/hashicorp/aws\"]",
      "instances": [
        {
          "schema_version": 0,
          "attributes": {
            "carrier_gateway_id": "",
            "core_network_arn": "",
            "destination_cidr_block": "0.0.0.0/0",
            "destination_ipv6_cidr_block": "",
            "destination_prefix_list_id": "",
            "egress_only_gateway_id": "",
            "gateway_id": "igw-0a75ff611e0cc576f",
            "id": "r-rtb-08bd25a4ac4194ff01080289494",
            "instance_id": "",
            "instance_owner_id": "",
            "local_gateway_id": "",
            "nat_gateway_id": "",
            "network_interface_id": "",
            "origin": "CreateRoute",
            "route_table_id": "rtb-08bd25a4ac4194ff0",
            "state": "active",
            "timeouts": null,
            "transit_gateway_id": "",
            "vpc_endpoint_id": "",
            "vpc_peering_connection_id": ""
          },
          "sensitive_attributes": [],
          "private": "eyJlMmJmYjczMC1lY2FhLTExZTYtOGY4OC0zNDM2M2JjN2M0YzAiOnsiY3JlYXRlIjozMDAwMDAwMDAwMDAsImRlbGV0ZSI6MzAwMDAwMDAwMDAwLCJ1cGRhdGUiOjEyMDAwMDAwMDAwMH19",
          "dependencies": [
            "module.active-network.data.aws_availability_zones.available",
            "module.active-network.module.ig.aws_internet_gateway.this",
            "module.active-network.module.public-subnets.aws_route_table.this",
            "module.active-network.module.vpc.aws_vpc.this"
          ],
          "create_before_destroy": true
        }
      ]
    },
    {
      "module": "module.active-network.module.public-subnets[1]",
      "mode": "managed",
      "type": "aws_route_table",
      "name": "this",
      "provider": "module.active-network.provider[\"registry.terraform.io/hashicorp/aws\"]",
      "instances": [
        {
          "schema_version": 0,
          "attributes": {
            "arn": "arn:aws:ec2:us-east-1:930051497533:route-table/rtb-08bd25a4ac4194ff0",
            "id": "rtb-08bd25a4ac4194ff0",
            "owner_id": "930051497533",
            "propagating_vgws": [],
            "route": [
              {
                "carrier_gateway_id": "",
                "cidr_block": "0.0.0.0/0",
                "core_network_arn": "",
                "destination_prefix_list_id": "",
                "egress_only_gateway_id": "",
                "gateway_id": "igw-0a75ff611e0cc576f",
                "ipv6_cidr_block": "",
                "local_gateway_id": "",
                "nat_gateway_id": "",
                "network_interface_id": "",
                "transit_gateway_id": "",
                "vpc_endpoint_id": "",
                "vpc_peering_connection_id": ""
              }
            ],
            "tags": {},
            "tags_all": {},
            "timeouts": null,
            "vpc_id": "vpc-0b00fbea9a0cf8eeb"
          },
          "sensitive_attributes": [],
          "private": "eyJlMmJmYjczMC1lY2FhLTExZTYtOGY4OC0zNDM2M2JjN2M0YzAiOnsiY3JlYXRlIjozMDAwMDAwMDAwMDAsImRlbGV0ZSI6MzAwMDAwMDAwMDAwLCJ1cGRhdGUiOjEyMDAwMDAwMDAwMH19",
          "dependencies": [
            "module.active-network.data.aws_availability_zones.available",
            "module.active-network.module.vpc.aws_vpc.this"
          ],
          "create_before_destroy": true
        }
      ]
    },
    {
      "module": "module.active-network.module.public-subnets[1]",
      "mode": "managed",
      "type": "aws_route_table_association",
      "name": "this",
      "provider": "module.active-network.provider[\"registry.terraform.io/hashicorp/aws\"]",
      "instances": [
        {
          "schema_version": 0,
          "attributes": {
            "gateway_id": "",
            "id": "rtbassoc-0794062d0a6a1d055",
            "route_table_id": "rtb-08bd25a4ac4194ff0",
            "subnet_id": "subnet-0974d675960572762",
            "timeouts": null
          },
          "sensitive_attributes": [],
          "private": "eyJlMmJmYjczMC1lY2FhLTExZTYtOGY4OC0zNDM2M2JjN2M0YzAiOnsiY3JlYXRlIjozMDAwMDAwMDAwMDAsImRlbGV0ZSI6MzAwMDAwMDAwMDAwLCJ1cGRhdGUiOjEyMDAwMDAwMDAwMH19",
          "dependencies": [
            "module.active-network.data.aws_availability_zones.available",
            "module.active-network.module.public-subnets.aws_route_table.this",
            "module.active-network.module.public-subnets.aws_subnet.this",
            "module.active-network.module.vpc.aws_vpc.this"
          ],
          "create_before_destroy": true
        }
      ]
    },
    {
      "module": "module.active-network.module.public-subnets[1]",
      "mode": "managed",
      "type": "aws_subnet",
      "name": "this",
      "provider": "module.active-network.provider[\"registry.terraform.io/hashicorp/aws\"]",
      "instances": [
        {
          "schema_version": 1,
          "attributes": {
            "arn": "arn:aws:ec2:us-east-1:930051497533:subnet/subnet-0974d675960572762",
            "assign_ipv6_address_on_creation": false,
            "availability_zone": "us-east-1b",
            "availability_zone_id": "use1-az2",
            "cidr_block": "10.0.3.0/24",
            "customer_owned_ipv4_pool": "",
            "enable_dns64": false,
            "enable_lni_at_device_index": 0,
            "enable_resource_name_dns_a_record_on_launch": false,
            "enable_resource_name_dns_aaaa_record_on_launch": false,
            "id": "subnet-0974d675960572762",
            "ipv6_cidr_block": "",
            "ipv6_cidr_block_association_id": "",
            "ipv6_native": false,
            "map_customer_owned_ip_on_launch": false,
            "map_public_ip_on_launch": false,
            "outpost_arn": "",
            "owner_id": "930051497533",
            "private_dns_hostname_type_on_launch": "ip-name",
            "tags": {
              "Name": "public-subnet-1"
            },
            "tags_all": {
              "Name": "public-subnet-1"
            },
            "timeouts": null,
            "vpc_id": "vpc-0b00fbea9a0cf8eeb"
          },
          "sensitive_attributes": [],
          "private": "eyJlMmJmYjczMC1lY2FhLTExZTYtOGY4OC0zNDM2M2JjN2M0YzAiOnsiY3JlYXRlIjo2MDAwMDAwMDAwMDAsImRlbGV0ZSI6MTIwMDAwMDAwMDAwMH0sInNjaGVtYV92ZXJzaW9uIjoiMSJ9",
          "dependencies": [
            "module.active-network.data.aws_availability_zones.available",
            "module.active-network.module.vpc.aws_vpc.this"
          ],
          "create_before_destroy": true
        }
      ]
    },
    {
      "module": "module.active-network.module.vpc",
      "mode": "managed",
      "type": "aws_vpc",
      "name": "this",
      "provider": "module.active-network.provider[\"registry.terraform.io/hashicorp/aws\"]",
      "instances": [
        {
          "schema_version": 1,
          "attributes": {
            "arn": "arn:aws:ec2:us-east-1:930051497533:vpc/vpc-0b00fbea9a0cf8eeb",
            "assign_generated_ipv6_cidr_block": false,
            "cidr_block": "10.0.0.0/16",
            "default_network_acl_id": "acl-084141af3e55913d6",
            "default_route_table_id": "rtb-0711cfd26bfde130e",
            "default_security_group_id": "sg-0d37fc67b329189f4",
            "dhcp_options_id": "dopt-0e770250500bfa336",
            "enable_dns_hostnames": false,
            "enable_dns_support": true,
            "enable_network_address_usage_metrics": false,
            "id": "vpc-0b00fbea9a0cf8eeb",
            "instance_tenancy": "default",
            "ipv4_ipam_pool_id": null,
            "ipv4_netmask_length": null,
            "ipv6_association_id": "",
            "ipv6_cidr_block": "",
            "ipv6_cidr_block_network_border_group": "",
            "ipv6_ipam_pool_id": "",
            "ipv6_netmask_length": 0,
            "main_route_table_id": "rtb-0711cfd26bfde130e",
            "owner_id": "930051497533",
            "tags": {
              "Name": "redes-vpc"
            },
            "tags_all": {
              "Name": "redes-vpc"
            }
          },
          "sensitive_attributes": [],
          "private": "eyJzY2hlbWFfdmVyc2lvbiI6IjEifQ==",
          "create_before_destroy": true
        }
      ]
    },
    {
      "module": "module.dns-active-passive",
      "mode": "managed",
      "type": "aws_route53_health_check",
      "name": "active",
      "provider": "module.dns-active-passive.provider[\"registry.terraform.io/hashicorp/aws\"]",
      "instances": [
        {
          "schema_version": 0,
          "attributes": {
            "arn": "arn:aws:route53:::healthcheck/ca0fbfab-6d71-4c4e-b70f-06f84c8d2dad",
            "child_health_threshold": 0,
            "child_healthchecks": null,
            "cloudwatch_alarm_name": null,
            "cloudwatch_alarm_region": null,
            "disabled": false,
            "enable_sni": false,
            "failure_threshold": 1,
            "fqdn": "test-api.aleph51.com.ar",
            "id": "ca0fbfab-6d71-4c4e-b70f-06f84c8d2dad",
            "insufficient_data_health_status": "",
            "invert_healthcheck": false,
            "ip_address": "",
            "measure_latency": false,
            "port": 80,
            "reference_name": null,
            "regions": null,
            "request_interval": 10,
            "resource_path": "/",
            "routing_control_arn": "",
            "search_string": "",
            "tags": {
              "Name": "failover-healthcheck"
            },
            "tags_all": {
              "Name": "failover-healthcheck"
            },
            "type": "HTTP"
          },
          "sensitive_attributes": [],
          "private": "bnVsbA=="
        }
      ]
    },
    {
      "module": "module.dns-active-passive",
      "mode": "managed",
      "type": "aws_route53_record",
      "name": "active",
      "provider": "module.dns-active-passive.provider[\"registry.terraform.io/hashicorp/aws\"]",
      "instances": [
        {
          "schema_version": 2,
          "attributes": {
            "alias": [
              {
                "evaluate_target_health": true,
                "name": "redes-alb-602594703.us-east-1.elb.amazonaws.com",
                "zone_id": "Z35SXDOTRQ7X7K"
              }
            ],
            "allow_overwrite": null,
            "cidr_routing_policy": [],
            "failover_routing_policy": [
              {
                "type": "PRIMARY"
              }
            ],
            "fqdn": "test-api.aleph51.com.ar",
            "geolocation_routing_policy": [],
            "health_check_id": "",
            "id": "Z09632553US9HMAKE2T70__A_test-api.aleph51.com.ar-active",
            "latency_routing_policy": [],
            "multivalue_answer_routing_policy": false,
            "name": "",
            "records": null,
            "set_identifier": "test-api.aleph51.com.ar-active",
            "ttl": 0,
            "type": "A",
            "weighted_routing_policy": [],
            "zone_id": "Z09632553US9HMAKE2T70"
          },
          "sensitive_attributes": [],
          "private": "eyJzY2hlbWFfdmVyc2lvbiI6IjIifQ==",
          "dependencies": [
            "data.aws_route53_zone.this",
            "module.active-network.module.alb.aws_lb.this"
          ]
        }
      ]
    },
    {
      "module": "module.dns-active-passive",
      "mode": "managed",
      "type": "aws_route53_record",
      "name": "passive",
      "provider": "module.dns-active-passive.provider[\"registry.terraform.io/hashicorp/aws\"]",
      "instances": []
    },
    {
      "module": "module.passive-network",
      "mode": "data",
      "type": "aws_availability_zones",
      "name": "available",
      "provider": "module.passive-network.provider[\"registry.terraform.io/hashicorp/aws\"]",
      "instances": [
        {
          "schema_version": 0,
          "attributes": {
            "all_availability_zones": null,
            "exclude_names": null,
            "exclude_zone_ids": null,
            "filter": null,
            "group_names": [
              "us-east-1"
            ],
            "id": "us-east-1",
            "names": [
              "us-east-1a",
              "us-east-1b",
              "us-east-1c",
              "us-east-1d",
              "us-east-1e",
              "us-east-1f"
            ],
            "state": "available",
            "timeouts": null,
            "zone_ids": [
              "use1-az1",
              "use1-az2",
              "use1-az4",
              "use1-az6",
              "use1-az3",
              "use1-az5"
            ]
          },
          "sensitive_attributes": []
        }
      ]
    },
    {
      "module": "module.passive-network",
      "mode": "managed",
      "type": "aws_security_group",
      "name": "alb",
      "provider": "module.passive-network.provider[\"registry.terraform.io/hashicorp/aws\"]",
      "instances": [
        {
          "schema_version": 1,
          "attributes": {
            "arn": "arn:aws:ec2:us-east-1:930051497533:security-group/sg-009c77d22d6e38fdc",
            "description": "Allow inbound traffic",
            "egress": [
              {
                "cidr_blocks": [
                  "0.0.0.0/0"
                ],
                "description": "",
                "from_port": 0,
                "ipv6_cidr_blocks": [],
                "prefix_list_ids": [],
                "protocol": "-1",
                "security_groups": [],
                "self": false,
                "to_port": 0
              }
            ],
            "id": "sg-009c77d22d6e38fdc",
            "ingress": [
              {
                "cidr_blocks": [
                  "0.0.0.0/0"
                ],
                "description": "",
                "from_port": 443,
                "ipv6_cidr_blocks": [],
                "prefix_list_ids": [],
                "protocol": "tcp",
                "security_groups": [],
                "self": false,
                "to_port": 443
              },
              {
                "cidr_blocks": [
                  "0.0.0.0/0"
                ],
                "description": "",
                "from_port": 80,
                "ipv6_cidr_blocks": [],
                "prefix_list_ids": [],
                "protocol": "tcp",
                "security_groups": [],
                "self": false,
                "to_port": 80
              }
            ],
            "name": "alb",
            "name_prefix": "",
            "owner_id": "930051497533",
            "revoke_rules_on_delete": false,
            "tags": {
              "Name": "alb-sg"
            },
            "tags_all": {
              "Name": "alb-sg"
            },
            "timeouts": null,
            "vpc_id": "vpc-0dd1b6bd4782866d8"
          },
          "sensitive_attributes": [],
          "private": "eyJlMmJmYjczMC1lY2FhLTExZTYtOGY4OC0zNDM2M2JjN2M0YzAiOnsiY3JlYXRlIjo2MDAwMDAwMDAwMDAsImRlbGV0ZSI6OTAwMDAwMDAwMDAwfSwic2NoZW1hX3ZlcnNpb24iOiIxIn0=",
          "dependencies": [
            "module.passive-network.module.vpc.aws_vpc.this"
          ]
        }
      ]
    },
    {
      "module": "module.passive-network",
      "mode": "managed",
      "type": "aws_security_group",
      "name": "ec2",
      "provider": "module.passive-network.provider[\"registry.terraform.io/hashicorp/aws\"]",
      "instances": [
        {
          "schema_version": 1,
          "attributes": {
            "arn": "arn:aws:ec2:us-east-1:930051497533:security-group/sg-07d2923272e875365",
            "description": "Allow inbound traffic",
            "egress": [
              {
                "cidr_blocks": [
                  "0.0.0.0/0"
                ],
                "description": "",
                "from_port": 0,
                "ipv6_cidr_blocks": [],
                "prefix_list_ids": [],
                "protocol": "-1",
                "security_groups": [],
                "self": false,
                "to_port": 0
              }
            ],
            "id": "sg-07d2923272e875365",
            "ingress": [
              {
                "cidr_blocks": [
                  "0.0.0.0/0"
                ],
                "description": "",
                "from_port": 22,
                "ipv6_cidr_blocks": [],
                "prefix_list_ids": [],
                "protocol": "tcp",
                "security_groups": [],
                "self": false,
                "to_port": 22
              },
              {
                "cidr_blocks": [
                  "0.0.0.0/0"
                ],
                "description": "",
                "from_port": 443,
                "ipv6_cidr_blocks": [],
                "prefix_list_ids": [],
                "protocol": "tcp",
                "security_groups": [],
                "self": false,
                "to_port": 443
              },
              {
                "cidr_blocks": [
                  "0.0.0.0/0"
                ],
                "description": "",
                "from_port": 5000,
                "ipv6_cidr_blocks": [],
                "prefix_list_ids": [],
                "protocol": "tcp",
                "security_groups": [],
                "self": false,
                "to_port": 5000
              },
              {
                "cidr_blocks": [
                  "0.0.0.0/0"
                ],
                "description": "",
                "from_port": 80,
                "ipv6_cidr_blocks": [],
                "prefix_list_ids": [],
                "protocol": "tcp",
                "security_groups": [],
                "self": false,
                "to_port": 80
              }
            ],
            "name": "ec2",
            "name_prefix": "",
            "owner_id": "930051497533",
            "revoke_rules_on_delete": false,
            "tags": {
              "Name": "ec2"
            },
            "tags_all": {
              "Name": "ec2"
            },
            "timeouts": null,
            "vpc_id": "vpc-0dd1b6bd4782866d8"
          },
          "sensitive_attributes": [],
          "private": "eyJlMmJmYjczMC1lY2FhLTExZTYtOGY4OC0zNDM2M2JjN2M0YzAiOnsiY3JlYXRlIjo2MDAwMDAwMDAwMDAsImRlbGV0ZSI6OTAwMDAwMDAwMDAwfSwic2NoZW1hX3ZlcnNpb24iOiIxIn0=",
          "dependencies": [
            "module.passive-network.module.vpc.aws_vpc.this"
          ],
          "create_before_destroy": true
        }
      ]
    },
    {
      "module": "module.passive-network.module.alb",
      "mode": "managed",
      "type": "aws_lb_listener",
      "name": "frontend_http_tcp",
      "provider": "module.passive-network.provider[\"registry.terraform.io/hashicorp/aws\"]",
      "instances": []
    },
    {
      "module": "module.passive-network.module.alb",
      "mode": "managed",
      "type": "aws_security_group",
      "name": "this",
      "provider": "module.passive-network.provider[\"registry.terraform.io/hashicorp/aws\"]",
      "instances": [
        {
          "index_key": 0,
          "schema_version": 1,
          "attributes": {
            "arn": "arn:aws:ec2:us-east-1:930051497533:security-group/sg-06a03667515bb1d26",
            "description": "Managed by Terraform",
            "egress": [],
            "id": "sg-06a03667515bb1d26",
            "ingress": [],
            "name": "redes-alb-20230608024738399200000001",
            "name_prefix": "redes-alb-",
            "owner_id": "930051497533",
            "revoke_rules_on_delete": false,
            "tags": {
              "Name": "redes-alb"
            },
            "tags_all": {
              "Name": "redes-alb"
            },
            "timeouts": null,
            "vpc_id": "vpc-0dd1b6bd4782866d8"
          },
          "sensitive_attributes": [],
          "private": "eyJlMmJmYjczMC1lY2FhLTExZTYtOGY4OC0zNDM2M2JjN2M0YzAiOnsiY3JlYXRlIjo2MDAwMDAwMDAwMDAsImRlbGV0ZSI6OTAwMDAwMDAwMDAwfSwic2NoZW1hX3ZlcnNpb24iOiIxIn0=",
          "dependencies": [
            "module.passive-network.module.vpc.aws_vpc.this"
          ],
          "create_before_destroy": true
        }
      ]
    },
    {
      "module": "module.passive-network.module.ec2-api[0]",
      "mode": "data",
      "type": "aws_ami",
      "name": "amazon-linux-2",
      "provider": "module.passive-network.provider[\"registry.terraform.io/hashicorp/aws\"]",
      "instances": [
        {
          "schema_version": 0,
          "attributes": {
            "architecture": "x86_64",
            "arn": "arn:aws:ec2:us-east-1::image/ami-0c503d55a14d7a5f0",
            "block_device_mappings": [
              {
                "device_name": "/dev/xvda",
                "ebs": {
                  "delete_on_termination": "true",
                  "encrypted": "false",
                  "iops": "0",
                  "snapshot_id": "snap-0fc021f5e7363fdfc",
                  "throughput": "0",
                  "volume_size": "8",
                  "volume_type": "gp2"
                },
                "no_device": "",
                "virtual_name": ""
              }
            ],
            "boot_mode": "",
            "creation_date": "2023-06-02T19:40:41.000Z",
            "deprecation_time": "2025-06-02T19:40:41.000Z",
            "description": "Amazon Linux 2 AMI 2.0.20230530.0 x86_64 HVM gp2",
            "ena_support": true,
            "executable_users": null,
            "filter": [
              {
                "name": "name",
                "values": [
                  "amzn2-ami-hvm*"
                ]
              }
            ],
            "hypervisor": "xen",
            "id": "ami-0c503d55a14d7a5f0",
            "image_id": "ami-0c503d55a14d7a5f0",
            "image_location": "amazon/amzn2-ami-hvm-2.0.20230530.0-x86_64-gp2",
            "image_owner_alias": "amazon",
            "image_type": "machine",
            "imds_support": "",
            "include_deprecated": false,
            "kernel_id": "",
            "most_recent": true,
            "name": "amzn2-ami-hvm-2.0.20230530.0-x86_64-gp2",
            "name_regex": null,
            "owner_id": "137112412989",
            "owners": [
              "amazon"
            ],
            "platform": "",
            "platform_details": "Linux/UNIX",
            "product_codes": [],
            "public": true,
            "ramdisk_id": "",
            "root_device_name": "/dev/xvda",
            "root_device_type": "ebs",
            "root_snapshot_id": "snap-0fc021f5e7363fdfc",
            "sriov_net_support": "simple",
            "state": "available",
            "state_reason": {
              "code": "UNSET",
              "message": "UNSET"
            },
            "tags": {},
            "timeouts": null,
            "tpm_support": "",
            "usage_operation": "RunInstances",
            "virtualization_type": "hvm"
          },
          "sensitive_attributes": []
        }
      ]
    },
    {
      "module": "module.passive-network.module.ec2-api[0]",
      "mode": "managed",
      "type": "aws_instance",
      "name": "this",
      "provider": "module.passive-network.provider[\"registry.terraform.io/hashicorp/aws\"]",
      "instances": []
    },
    {
      "module": "module.passive-network.module.ec2-api[0]",
      "mode": "managed",
      "type": "tls_private_key",
      "name": "key_pair",
      "provider": "provider[\"registry.terraform.io/hashicorp/tls\"]",
      "instances": [
        {
          "schema_version": 1,
          "attributes": {
            "algorithm": "RSA",
            "ecdsa_curve": "P224",
            "id": "c212aca70c1bba9943e4f1bfb398d3d22cb5ff42",
            "private_key_openssh": "-----BEGIN OPENSSH PRIVATE KEY-----\nb3BlbnNzaC1rZXktdjEAAAAABG5vbmUAAAAEbm9uZQAAAAAAAAABAAACFwAAAAdz\nc2gtcnNhAAAAAwEAAQAAAgEA6Vi7N+65pHyusvKQjrVTZ5A6CA+CAWnpBPBVji0T\nlOLDT7hQHcVpIapFHa8rWFnrImo1+8NYgGNM2DJOVof+gwi/sAn2cOuAG9xJn9lx\naMOKisBGCA8iQ4lhcBMeUVUQfLL5gtLRmMPQBsr7nKkHaoT3qrY9Exvzk+mDkZwI\nnjFKE1mmC/IVHyqX64Gzqnz3QfvFb3f9Ek4NcMCyrEM/qZan5femoTAmMSQ8cr1g\nbHfbHaC/UrFTZG9ztX/ChtacoaYtv5wyvcWMtMltauEhEvKcTuxUo15H86/DQtfO\nZCQ+peRhrKrSZjw4QENq4dfPaauTR3Yo1yFycbx6Ohqk0IUDgAaR6EBDCFRGXCx/\nTYEDOnB1a97nBPKinSTvsU2Xfptk+WPLDVeJ6ihB26YF2UAXYi6z5Xac4zBUohx9\njzDjrY8R3TDBkcaOaXgDpmsGQopR/u8HuJPjAVVTfCG+lWRiQ5Pe1olCWkRVB1vf\nu91XSNZ0ptFUXkmV4foRz/ugCiB3nBbWhYegQGji1V6EQJzWY8XGeGwU5BLBrC8i\nr08ZWe5fHsJIzjMyMvRQZQZenazMWYJ43fHWs5pXr17hU0ljiyMm30Y47H2/TCXW\n3JRNhlJlaMIPLCt51C9hPUmIKFC37RgU0NGalwcHeTQXqVcgm67jfVpk2v5jznp8\n1gkAAAc4fvPJ037zydMAAAAHc3NoLXJzYQAAAgEA6Vi7N+65pHyusvKQjrVTZ5A6\nCA+CAWnpBPBVji0TlOLDT7hQHcVpIapFHa8rWFnrImo1+8NYgGNM2DJOVof+gwi/\nsAn2cOuAG9xJn9lxaMOKisBGCA8iQ4lhcBMeUVUQfLL5gtLRmMPQBsr7nKkHaoT3\nqrY9Exvzk+mDkZwInjFKE1mmC/IVHyqX64Gzqnz3QfvFb3f9Ek4NcMCyrEM/qZan\n5femoTAmMSQ8cr1gbHfbHaC/UrFTZG9ztX/ChtacoaYtv5wyvcWMtMltauEhEvKc\nTuxUo15H86/DQtfOZCQ+peRhrKrSZjw4QENq4dfPaauTR3Yo1yFycbx6Ohqk0IUD\ngAaR6EBDCFRGXCx/TYEDOnB1a97nBPKinSTvsU2Xfptk+WPLDVeJ6ihB26YF2UAX\nYi6z5Xac4zBUohx9jzDjrY8R3TDBkcaOaXgDpmsGQopR/u8HuJPjAVVTfCG+lWRi\nQ5Pe1olCWkRVB1vfu91XSNZ0ptFUXkmV4foRz/ugCiB3nBbWhYegQGji1V6EQJzW\nY8XGeGwU5BLBrC8ir08ZWe5fHsJIzjMyMvRQZQZenazMWYJ43fHWs5pXr17hU0lj\niyMm30Y47H2/TCXW3JRNhlJlaMIPLCt51C9hPUmIKFC37RgU0NGalwcHeTQXqVcg\nm67jfVpk2v5jznp81gkAAAADAQABAAACAGw51ztt4XREz9H3ZsyJlRFnd0LdznJR\naN39ifDTP03CjsuetKnaMZSHoF7QK85ihggEMt1+EMIbTDzJuEOx931WxXEkbcSZ\ntWU2mn8lHtB0QQFxhAmg20dvpF2SwHEAfxEXAVqH5OZxiz5bTq+uRd5FpYjr1Q/T\n2vkzSO5z7BtSyQSIg9buhJVb7/IuyeG87AESgNPeVuXyhZFSDoyO9Cv30A98+S+x\nYUVRhSfCZcJpJJttPs9fp0nh10zK4LIhP6xJotZH39DcmxIOik0T9X8QPybrvaW3\nyK9hSbLq3LLdjKDsd9DZuZPpQj2sBxqQOYbNKRXv26lLvgS6YgYo7V9WNtpNBU9A\nDZOYcymZvlGENeZqGIT+eCwkstx9yVgL7ehb1ezsChL+G3QE1fiVWVJ1PxCt+diM\nboA6vDHG//kL94pVqmLRRmZ/sECIL0zu9a30/Ey8oVVUPk9oOF9jowok1KWSFEbf\nIDRw8sroGUaOHfnzONrybdnFbALisi4Hf41po5I2mv+dkRLjAptx+sWKNYSUBM1Z\npR0jhdYSuiXKTwj+tHhJxemmiMEaVuBP0C2gpDEKMF4QJtz3Gg4+Py3oB006rnYS\n2ZdVdPV621wvC7etqBwV2Lt98GRWoCZTQxXGYMJLe2OAyeZ8+HtLnxVJL5hjdry+\nxd1AnHkZUMXxAAABAD/T0X0mw33/FHFpikUd20AG9/wf+DsdCq09QOkXqQjSHPrD\nKi9y7VzlutU77zsSLnlGWNr3ZJlfVKT1WuDWkRKKK6AOMeknpHLAeaEgr+E74ueN\nO/okn9gVh+KKsAa9Wyq73BpD67pLaq+G8NnpAOFmlAebWiqvnwaHf3WaTtxymOMa\nBCTvqSd/1Im7UdPDwKw4G+taKwHSB4eMez/9JxnX3cwC5UkplBtRwOlPoYaSMNsg\nrLOyfx2RwHb/ompBJwHSMLjdzL1qNWrP13bsTw5bpe7s/7KRxTPPQNZl5ssdhh4g\nfN0qQ/GliQXHVjkdvrIbwe0vu7oU4NlnxD9G6A4AAAEBAP0Qf8tmzB/Ti5N3Cepq\nhcJgm74JulOhBwO5/Yg648Gp6OSDOsYzit5O5a6wkwgKyKUXpp8E9qp3gfM19znS\nJ07jdWkS2vRavwtvFg4aJKRja8RReEAr2Ady/HmUBznxQH9lBXCv5CNJn2XWfkNN\nYrrn7/RUjYjXpeWYbIgsY/oZ2LPx8C1QX8ONJySy1ZqCrmdYI978lG9FWJrmYcAI\nfUtNPGW19snq1LFTwcrYFxglyYoQfYQ4Ll2AwLeiOVqskQTTG2MyG9ZVNAwM70om\nAK/PnMK0/g0ir5bRHJz0LuApUZKeIYpkP76iJbj09hw/dePlvy0LRVPoUZLtp82s\nrJsAAAEBAOwNrY9tTkcRxLqN4XX+/WxOG0+wMLGIrGY+A6DVokeXTkefZ7/t0/+g\nrAGNQ0QvN21FSJK6TF2FQIzkFCKyaaKYCN+Db0n3yYzPndyoNXxdQ6H4SqRdQjt8\nnxjtpaciE8aC3Yd1e54A64F8g/Nx/BdyroseIGXBgsOvOyyoNBo0Y61l8CWl5a9z\ni6N65uYDU7VQ2PhC7B6dBabLI/TyCL4ODMaiskbgdKKx8UD8GxJdo2GdfeF4gX0v\nEAscGVYf+L/A3sVZUVKVTwG2lS/nx47bLFqy3IYw1GJuJaQbwfF+kJcrRhxY0Prf\nDCXBdHit6gGxGGE9ydErR5JBnbc1CCsAAAAAAQID\n-----END OPENSSH PRIVATE KEY-----\n",
            "private_key_pem": "-----BEGIN RSA PRIVATE KEY-----\nMIIJJwIBAAKCAgEA6Vi7N+65pHyusvKQjrVTZ5A6CA+CAWnpBPBVji0TlOLDT7hQ\nHcVpIapFHa8rWFnrImo1+8NYgGNM2DJOVof+gwi/sAn2cOuAG9xJn9lxaMOKisBG\nCA8iQ4lhcBMeUVUQfLL5gtLRmMPQBsr7nKkHaoT3qrY9Exvzk+mDkZwInjFKE1mm\nC/IVHyqX64Gzqnz3QfvFb3f9Ek4NcMCyrEM/qZan5femoTAmMSQ8cr1gbHfbHaC/\nUrFTZG9ztX/ChtacoaYtv5wyvcWMtMltauEhEvKcTuxUo15H86/DQtfOZCQ+peRh\nrKrSZjw4QENq4dfPaauTR3Yo1yFycbx6Ohqk0IUDgAaR6EBDCFRGXCx/TYEDOnB1\na97nBPKinSTvsU2Xfptk+WPLDVeJ6ihB26YF2UAXYi6z5Xac4zBUohx9jzDjrY8R\n3TDBkcaOaXgDpmsGQopR/u8HuJPjAVVTfCG+lWRiQ5Pe1olCWkRVB1vfu91XSNZ0\nptFUXkmV4foRz/ugCiB3nBbWhYegQGji1V6EQJzWY8XGeGwU5BLBrC8ir08ZWe5f\nHsJIzjMyMvRQZQZenazMWYJ43fHWs5pXr17hU0ljiyMm30Y47H2/TCXW3JRNhlJl\naMIPLCt51C9hPUmIKFC37RgU0NGalwcHeTQXqVcgm67jfVpk2v5jznp81gkCAwEA\nAQKCAgBsOdc7beF0RM/R92bMiZURZ3dC3c5yUWjd/Ynw0z9Nwo7LnrSp2jGUh6Be\n0CvOYoYIBDLdfhDCG0w8ybhDsfd9VsVxJG3EmbVlNpp/JR7QdEEBcYQJoNtHb6Rd\nksBxAH8RFwFah+TmcYs+W06vrkXeRaWI69UP09r5M0juc+wbUskEiIPW7oSVW+/y\nLsnhvOwBEoDT3lbl8oWRUg6MjvQr99APfPkvsWFFUYUnwmXCaSSbbT7PX6dJ4ddM\nyuCyIT+sSaLWR9/Q3JsSDopNE/V/ED8m672lt8ivYUmy6tyy3Yyg7HfQ2bmT6UI9\nrAcakDmGzSkV79upS74EumIGKO1fVjbaTQVPQA2TmHMpmb5RhDXmahiE/ngsJLLc\nfclYC+3oW9Xs7AoS/ht0BNX4lVlSdT8QrfnYjG6AOrwxxv/5C/eKVapi0UZmf7BA\niC9M7vWt9PxMvKFVVD5PaDhfY6MKJNSlkhRG3yA0cPLK6BlGjh358zja8m3ZxWwC\n4rIuB3+NaaOSNpr/nZES4wKbcfrFijWElATNWaUdI4XWErolyk8I/rR4ScXppojB\nGlbgT9AtoKQxCjBeECbc9xoOPj8t6AdNOq52EtmXVXT1ettcLwu3ragcFdi7ffBk\nVqAmU0MVxmDCS3tjgMnmfPh7S58VSS+YY3a8vsXdQJx5GVDF8QKCAQEA/RB/y2bM\nH9OLk3cJ6mqFwmCbvgm6U6EHA7n9iDrjwano5IM6xjOK3k7lrrCTCArIpRemnwT2\nqneB8zX3OdInTuN1aRLa9Fq/C28WDhokpGNrxFF4QCvYB3L8eZQHOfFAf2UFcK/k\nI0mfZdZ+Q01iuufv9FSNiNel5ZhsiCxj+hnYs/HwLVBfw40nJLLVmoKuZ1gj3vyU\nb0VYmuZhwAh9S008ZbX2yerUsVPBytgXGCXJihB9hDguXYDAt6I5WqyRBNMbYzIb\n1lU0DAzvSiYAr8+cwrT+DSKvltEcnPQu4ClRkp4himQ/vqIluPT2HD914+W/LQtF\nU+hRku2nzaysmwKCAQEA7A2tj21ORxHEuo3hdf79bE4bT7AwsYisZj4DoNWiR5dO\nR59nv+3T/6CsAY1DRC83bUVIkrpMXYVAjOQUIrJpopgI34NvSffJjM+d3Kg1fF1D\nofhKpF1CO3yfGO2lpyITxoLdh3V7ngDrgXyD83H8F3Kuix4gZcGCw687LKg0GjRj\nrWXwJaXlr3OLo3rm5gNTtVDY+ELsHp0Fpssj9PIIvg4MxqKyRuB0orHxQPwbEl2j\nYZ194XiBfS8QCxwZVh/4v8DexVlRUpVPAbaVL+fHjtssWrLchjDUYm4lpBvB8X6Q\nlytGHFjQ+t8MJcF0eK3qAbEYYT3J0StHkkGdtzUIKwKCAQB7p086fT1qo7yEztq6\nf1hilUAkiK5R5NH/oSbgJR5a6AITfof+hvrpC5YxWLhPaq2F9duFwjAhNYn65Dis\nOSLZ6kzZjcwNMDY/iQU22NFkvevPnptqh8HkSexSH+G0D00bsqoI2PlZwMSxRzCl\nBDAk8eYO9i2+WtkGKgeGNmKXt39q1eIs0iQo8lTZGsVC3W4Is0m70KFbCYB1F/NV\nmRBX9iJ39ITlPui0yR9dVV9bfkNPQiWCsMz/BUWltQ/fXYjy2ZB9VOPDRBjNdpiK\nG62kOob3oOauVm+D+yPHEY3CHI5uXPQ4oil/pc1W5eNIBD4/oGhcwzAaAt+xMo0W\n87PXAoIBADe3fskE5t4VjpbuGFKOrmibAw1LLCMrfG3ho1+aLWSyjRKQyJ9f1pNW\n7GKtYjw83NtY6Clh+dZ1NmhLCYmrDQ4IzsdbMbCG4TbwZnWH6qABL46SmaO0M4bx\nAmiS52/Mtlg72Wg4zcXct7nnlwmmVPd/5T0HDmSWSXRA7zm6NhodVY2/KvDn+I/y\nOPqMbuXJ0T9R5vSqbytGqufUuRb+7htWG6PjEStznXQthiFtoEI0gfTvhJ/snrva\nmPHWXxCaGU/BiZORYoWYon5oB0y4a70HdK+v2id+bRMSpqXWu29yDVTxLOpR+HnO\nngJnaEN34W0mzPde6z0I9yrJfB2bUeMCggEAP9PRfSbDff8UcWmKRR3bQAb3/B/4\nOx0KrT1A6RepCNIc+sMqL3LtXOW61TvvOxIueUZY2vdkmV9UpPVa4NaREooroA4x\n6SekcsB5oSCv4Tvi5407+iSf2BWH4oqwBr1bKrvcGkPruktqr4bw2ekA4WaUB5ta\nKq+fBod/dZpO3HKY4xoEJO+pJ3/UibtR08PArDgb61orAdIHh4x7P/0nGdfdzALl\nSSmUG1HA6U+hhpIw2yCss7J/HZHAdv+iakEnAdIwuN3MvWo1as/XduxPDlul7uz/\nspHFM89A1mXmyx2GHiB83SpD8aWJBcdWOR2+shvB7S+7uhTg2WfEP0boDg==\n-----END RSA PRIVATE KEY-----\n",
            "private_key_pem_pkcs8": "-----BEGIN PRIVATE KEY-----\nMIIJQQIBADANBgkqhkiG9w0BAQEFAASCCSswggknAgEAAoICAQDpWLs37rmkfK6y\n8pCOtVNnkDoID4IBaekE8FWOLROU4sNPuFAdxWkhqkUdrytYWesiajX7w1iAY0zY\nMk5Wh/6DCL+wCfZw64Ab3Emf2XFow4qKwEYIDyJDiWFwEx5RVRB8svmC0tGYw9AG\nyvucqQdqhPeqtj0TG/OT6YORnAieMUoTWaYL8hUfKpfrgbOqfPdB+8Vvd/0STg1w\nwLKsQz+plqfl96ahMCYxJDxyvWBsd9sdoL9SsVNkb3O1f8KG1pyhpi2/nDK9xYy0\nyW1q4SES8pxO7FSjXkfzr8NC185kJD6l5GGsqtJmPDhAQ2rh189pq5NHdijXIXJx\nvHo6GqTQhQOABpHoQEMIVEZcLH9NgQM6cHVr3ucE8qKdJO+xTZd+m2T5Y8sNV4nq\nKEHbpgXZQBdiLrPldpzjMFSiHH2PMOOtjxHdMMGRxo5peAOmawZCilH+7we4k+MB\nVVN8Ib6VZGJDk97WiUJaRFUHW9+73VdI1nSm0VReSZXh+hHP+6AKIHecFtaFh6BA\naOLVXoRAnNZjxcZ4bBTkEsGsLyKvTxlZ7l8ewkjOMzIy9FBlBl6drMxZgnjd8daz\nmlevXuFTSWOLIybfRjjsfb9MJdbclE2GUmVowg8sK3nUL2E9SYgoULftGBTQ0ZqX\nBwd5NBepVyCbruN9WmTa/mPOenzWCQIDAQABAoICAGw51ztt4XREz9H3ZsyJlRFn\nd0LdznJRaN39ifDTP03CjsuetKnaMZSHoF7QK85ihggEMt1+EMIbTDzJuEOx931W\nxXEkbcSZtWU2mn8lHtB0QQFxhAmg20dvpF2SwHEAfxEXAVqH5OZxiz5bTq+uRd5F\npYjr1Q/T2vkzSO5z7BtSyQSIg9buhJVb7/IuyeG87AESgNPeVuXyhZFSDoyO9Cv3\n0A98+S+xYUVRhSfCZcJpJJttPs9fp0nh10zK4LIhP6xJotZH39DcmxIOik0T9X8Q\nPybrvaW3yK9hSbLq3LLdjKDsd9DZuZPpQj2sBxqQOYbNKRXv26lLvgS6YgYo7V9W\nNtpNBU9ADZOYcymZvlGENeZqGIT+eCwkstx9yVgL7ehb1ezsChL+G3QE1fiVWVJ1\nPxCt+diMboA6vDHG//kL94pVqmLRRmZ/sECIL0zu9a30/Ey8oVVUPk9oOF9jowok\n1KWSFEbfIDRw8sroGUaOHfnzONrybdnFbALisi4Hf41po5I2mv+dkRLjAptx+sWK\nNYSUBM1ZpR0jhdYSuiXKTwj+tHhJxemmiMEaVuBP0C2gpDEKMF4QJtz3Gg4+Py3o\nB006rnYS2ZdVdPV621wvC7etqBwV2Lt98GRWoCZTQxXGYMJLe2OAyeZ8+HtLnxVJ\nL5hjdry+xd1AnHkZUMXxAoIBAQD9EH/LZswf04uTdwnqaoXCYJu+CbpToQcDuf2I\nOuPBqejkgzrGM4reTuWusJMICsilF6afBPaqd4HzNfc50idO43VpEtr0Wr8LbxYO\nGiSkY2vEUXhAK9gHcvx5lAc58UB/ZQVwr+QjSZ9l1n5DTWK65+/0VI2I16XlmGyI\nLGP6Gdiz8fAtUF/DjSckstWagq5nWCPe/JRvRVia5mHACH1LTTxltfbJ6tSxU8HK\n2BcYJcmKEH2EOC5dgMC3ojlarJEE0xtjMhvWVTQMDO9KJgCvz5zCtP4NIq+W0Ryc\n9C7gKVGSniGKZD++oiW49PYcP3Xj5b8tC0VT6FGS7afNrKybAoIBAQDsDa2PbU5H\nEcS6jeF1/v1sThtPsDCxiKxmPgOg1aJHl05Hn2e/7dP/oKwBjUNELzdtRUiSukxd\nhUCM5BQismmimAjfg29J98mMz53cqDV8XUOh+EqkXUI7fJ8Y7aWnIhPGgt2HdXue\nAOuBfIPzcfwXcq6LHiBlwYLDrzssqDQaNGOtZfAlpeWvc4ujeubmA1O1UNj4Quwe\nnQWmyyP08gi+DgzGorJG4HSisfFA/BsSXaNhnX3heIF9LxALHBlWH/i/wN7FWVFS\nlU8BtpUv58eO2yxastyGMNRibiWkG8HxfpCXK0YcWND63wwlwXR4reoBsRhhPcnR\nK0eSQZ23NQgrAoIBAHunTzp9PWqjvITO2rp/WGKVQCSIrlHk0f+hJuAlHlroAhN+\nh/6G+ukLljFYuE9qrYX124XCMCE1ifrkOKw5ItnqTNmNzA0wNj+JBTbY0WS968+e\nm2qHweRJ7FIf4bQPTRuyqgjY+VnAxLFHMKUEMCTx5g72Lb5a2QYqB4Y2Ype3f2rV\n4izSJCjyVNkaxULdbgizSbvQoVsJgHUX81WZEFf2Inf0hOU+6LTJH11VX1t+Q09C\nJYKwzP8FRaW1D99diPLZkH1U48NEGM12mIobraQ6hveg5q5Wb4P7I8cRjcIcjm5c\n9DiiKX+lzVbl40gEPj+gaFzDMBoC37EyjRbzs9cCggEAN7d+yQTm3hWOlu4YUo6u\naJsDDUssIyt8beGjX5otZLKNEpDIn1/Wk1bsYq1iPDzc21joKWH51nU2aEsJiasN\nDgjOx1sxsIbhNvBmdYfqoAEvjpKZo7QzhvECaJLnb8y2WDvZaDjNxdy3ueeXCaZU\n93/lPQcOZJZJdEDvObo2Gh1Vjb8q8Of4j/I4+oxu5cnRP1Hm9KpvK0aq59S5Fv7u\nG1Ybo+MRK3OddC2GIW2gQjSB9O+En+yeu9qY8dZfEJoZT8GJk5FihZiifmgHTLhr\nvQd0r6/aJ35tExKmpda7b3INVPEs6lH4ec6eAmdoQ3fhbSbM917rPQj3Ksl8HZtR\n4wKCAQA/09F9JsN9/xRxaYpFHdtABvf8H/g7HQqtPUDpF6kI0hz6wyovcu1c5brV\nO+87Ei55Rlja92SZX1Sk9Vrg1pESiiugDjHpJ6RywHmhIK/hO+LnjTv6JJ/YFYfi\nirAGvVsqu9waQ+u6S2qvhvDZ6QDhZpQHm1oqr58Gh391mk7ccpjjGgQk76knf9SJ\nu1HTw8CsOBvrWisB0geHjHs//ScZ193MAuVJKZQbUcDpT6GGkjDbIKyzsn8dkcB2\n/6JqQScB0jC43cy9ajVqz9d27E8OW6Xu7P+ykcUzz0DWZebLHYYeIHzdKkPxpYkF\nx1Y5Hb6yG8HtL7u6FODZZ8Q/RugO\n-----END PRIVATE KEY-----\n",
            "public_key_fingerprint_md5": "bb:31:df:5e:f9:fd:96:22:a3:4f:23:56:61:fd:08:fa",
            "public_key_fingerprint_sha256": "SHA256:I5mago8A9fKxClCAlLstgJT4PeIF6+HQl9j/Iwd26gM",
            "public_key_openssh": "ssh-rsa AAAAB3NzaC1yc2EAAAADAQABAAACAQDpWLs37rmkfK6y8pCOtVNnkDoID4IBaekE8FWOLROU4sNPuFAdxWkhqkUdrytYWesiajX7w1iAY0zYMk5Wh/6DCL+wCfZw64Ab3Emf2XFow4qKwEYIDyJDiWFwEx5RVRB8svmC0tGYw9AGyvucqQdqhPeqtj0TG/OT6YORnAieMUoTWaYL8hUfKpfrgbOqfPdB+8Vvd/0STg1wwLKsQz+plqfl96ahMCYxJDxyvWBsd9sdoL9SsVNkb3O1f8KG1pyhpi2/nDK9xYy0yW1q4SES8pxO7FSjXkfzr8NC185kJD6l5GGsqtJmPDhAQ2rh189pq5NHdijXIXJxvHo6GqTQhQOABpHoQEMIVEZcLH9NgQM6cHVr3ucE8qKdJO+xTZd+m2T5Y8sNV4nqKEHbpgXZQBdiLrPldpzjMFSiHH2PMOOtjxHdMMGRxo5peAOmawZCilH+7we4k+MBVVN8Ib6VZGJDk97WiUJaRFUHW9+73VdI1nSm0VReSZXh+hHP+6AKIHecFtaFh6BAaOLVXoRAnNZjxcZ4bBTkEsGsLyKvTxlZ7l8ewkjOMzIy9FBlBl6drMxZgnjd8dazmlevXuFTSWOLIybfRjjsfb9MJdbclE2GUmVowg8sK3nUL2E9SYgoULftGBTQ0ZqXBwd5NBepVyCbruN9WmTa/mPOenzWCQ==\n",
            "public_key_pem": "-----BEGIN PUBLIC KEY-----\nMIICIjANBgkqhkiG9w0BAQEFAAOCAg8AMIICCgKCAgEA6Vi7N+65pHyusvKQjrVT\nZ5A6CA+CAWnpBPBVji0TlOLDT7hQHcVpIapFHa8rWFnrImo1+8NYgGNM2DJOVof+\ngwi/sAn2cOuAG9xJn9lxaMOKisBGCA8iQ4lhcBMeUVUQfLL5gtLRmMPQBsr7nKkH\naoT3qrY9Exvzk+mDkZwInjFKE1mmC/IVHyqX64Gzqnz3QfvFb3f9Ek4NcMCyrEM/\nqZan5femoTAmMSQ8cr1gbHfbHaC/UrFTZG9ztX/ChtacoaYtv5wyvcWMtMltauEh\nEvKcTuxUo15H86/DQtfOZCQ+peRhrKrSZjw4QENq4dfPaauTR3Yo1yFycbx6Ohqk\n0IUDgAaR6EBDCFRGXCx/TYEDOnB1a97nBPKinSTvsU2Xfptk+WPLDVeJ6ihB26YF\n2UAXYi6z5Xac4zBUohx9jzDjrY8R3TDBkcaOaXgDpmsGQopR/u8HuJPjAVVTfCG+\nlWRiQ5Pe1olCWkRVB1vfu91XSNZ0ptFUXkmV4foRz/ugCiB3nBbWhYegQGji1V6E\nQJzWY8XGeGwU5BLBrC8ir08ZWe5fHsJIzjMyMvRQZQZenazMWYJ43fHWs5pXr17h\nU0ljiyMm30Y47H2/TCXW3JRNhlJlaMIPLCt51C9hPUmIKFC37RgU0NGalwcHeTQX\nqVcgm67jfVpk2v5jznp81gkCAwEAAQ==\n-----END PUBLIC KEY-----\n",
            "rsa_bits": 4096
          },
          "sensitive_attributes": [],
          "dependencies": [
            "module.passive-network.data.aws_availability_zones.available"
          ],
          "create_before_destroy": true
        }
      ]
    },
    {
      "module": "module.passive-network.module.ec2-api[1]",
      "mode": "data",
      "type": "aws_ami",
      "name": "amazon-linux-2",
      "provider": "module.passive-network.provider[\"registry.terraform.io/hashicorp/aws\"]",
      "instances": [
        {
          "schema_version": 0,
          "attributes": {
            "architecture": "x86_64",
            "arn": "arn:aws:ec2:us-east-1::image/ami-0c503d55a14d7a5f0",
            "block_device_mappings": [
              {
                "device_name": "/dev/xvda",
                "ebs": {
                  "delete_on_termination": "true",
                  "encrypted": "false",
                  "iops": "0",
                  "snapshot_id": "snap-0fc021f5e7363fdfc",
                  "throughput": "0",
                  "volume_size": "8",
                  "volume_type": "gp2"
                },
                "no_device": "",
                "virtual_name": ""
              }
            ],
            "boot_mode": "",
            "creation_date": "2023-06-02T19:40:41.000Z",
            "deprecation_time": "2025-06-02T19:40:41.000Z",
            "description": "Amazon Linux 2 AMI 2.0.20230530.0 x86_64 HVM gp2",
            "ena_support": true,
            "executable_users": null,
            "filter": [
              {
                "name": "name",
                "values": [
                  "amzn2-ami-hvm*"
                ]
              }
            ],
            "hypervisor": "xen",
            "id": "ami-0c503d55a14d7a5f0",
            "image_id": "ami-0c503d55a14d7a5f0",
            "image_location": "amazon/amzn2-ami-hvm-2.0.20230530.0-x86_64-gp2",
            "image_owner_alias": "amazon",
            "image_type": "machine",
            "imds_support": "",
            "include_deprecated": false,
            "kernel_id": "",
            "most_recent": true,
            "name": "amzn2-ami-hvm-2.0.20230530.0-x86_64-gp2",
            "name_regex": null,
            "owner_id": "137112412989",
            "owners": [
              "amazon"
            ],
            "platform": "",
            "platform_details": "Linux/UNIX",
            "product_codes": [],
            "public": true,
            "ramdisk_id": "",
            "root_device_name": "/dev/xvda",
            "root_device_type": "ebs",
            "root_snapshot_id": "snap-0fc021f5e7363fdfc",
            "sriov_net_support": "simple",
            "state": "available",
            "state_reason": {
              "code": "UNSET",
              "message": "UNSET"
            },
            "tags": {},
            "timeouts": null,
            "tpm_support": "",
            "usage_operation": "RunInstances",
            "virtualization_type": "hvm"
          },
          "sensitive_attributes": []
        }
      ]
    },
    {
      "module": "module.passive-network.module.ec2-api[1]",
      "mode": "managed",
      "type": "aws_instance",
      "name": "this",
      "provider": "module.passive-network.provider[\"registry.terraform.io/hashicorp/aws\"]",
      "instances": []
    },
    {
      "module": "module.passive-network.module.ec2-api[1]",
      "mode": "managed",
      "type": "tls_private_key",
      "name": "key_pair",
      "provider": "provider[\"registry.terraform.io/hashicorp/tls\"]",
      "instances": [
        {
          "schema_version": 1,
          "attributes": {
            "algorithm": "RSA",
            "ecdsa_curve": "P224",
            "id": "ac36c1a224c6408c1896d7e5df8eaca568839d27",
            "private_key_openssh": "-----BEGIN OPENSSH PRIVATE KEY-----\nb3BlbnNzaC1rZXktdjEAAAAABG5vbmUAAAAEbm9uZQAAAAAAAAABAAACFwAAAAdz\nc2gtcnNhAAAAAwEAAQAAAgEAze8Wa2t0XGj6oOE2yWzzhp8Tv1Gw8IL0Rfs/YG4Y\ndJu7q/Qqkb8w+PhznRDeGDlURs8qZZu5YXtI2h7eglU14XVbY7xJxNfjJt/i0ysi\nyhE6gq6RsJthrc3tOAQoTNugTsdw0Fs9oxu6XkaO5AA8qxSLUeRtTY2Nn4/dFraV\ngvAQfe+1nBvoctlb3MqJwZFYZ/c7K0VzVjbQJApktscyBP1uTrwYjgdLAbLkTqAl\nB6mDPeNU+1HCgdldVNLXMRrJlAlmPZhhBsrcm9ZY18VTvc1VeSbe53vxqe5YrYGi\nik+e12xY9WjU2LsiX4WMll+cLAzeIobZQvl9j86wHA2HeDDyRjEZFoQ2ay3QLWy6\nIURFVNkdou1Dg93gbvs68LpumHKV34MfVb6/vH6FwxIRYVIMBK9LEsZMIM6dbeX1\nB8kU0TcnBfLsn0SQ0jtNh4AauLlj5ICToA9n5uxN4mKc0vIClaKBIdJK+utKMd69\nTnp1Kv2RnBjuEuZfBd4dlXlYQ+JdnflvXfoLdQwK78UtIkjF76JGFZZFH2TqAvyW\nNNoemL7enPP7j1jFld0/WcJ/vjdUIPIQA15AkxKmpp+8YjzLvRgjB2gmmhlcMzg2\ntQesDa+QALyoSNSBDAxnlVXw4RMRfcBTsUPg0Ap45WZKYSmax0Ad+czXJXSuafvE\n1SUAAAc4iKMSx4ijEscAAAAHc3NoLXJzYQAAAgEAze8Wa2t0XGj6oOE2yWzzhp8T\nv1Gw8IL0Rfs/YG4YdJu7q/Qqkb8w+PhznRDeGDlURs8qZZu5YXtI2h7eglU14XVb\nY7xJxNfjJt/i0ysiyhE6gq6RsJthrc3tOAQoTNugTsdw0Fs9oxu6XkaO5AA8qxSL\nUeRtTY2Nn4/dFraVgvAQfe+1nBvoctlb3MqJwZFYZ/c7K0VzVjbQJApktscyBP1u\nTrwYjgdLAbLkTqAlB6mDPeNU+1HCgdldVNLXMRrJlAlmPZhhBsrcm9ZY18VTvc1V\neSbe53vxqe5YrYGiik+e12xY9WjU2LsiX4WMll+cLAzeIobZQvl9j86wHA2HeDDy\nRjEZFoQ2ay3QLWy6IURFVNkdou1Dg93gbvs68LpumHKV34MfVb6/vH6FwxIRYVIM\nBK9LEsZMIM6dbeX1B8kU0TcnBfLsn0SQ0jtNh4AauLlj5ICToA9n5uxN4mKc0vIC\nlaKBIdJK+utKMd69Tnp1Kv2RnBjuEuZfBd4dlXlYQ+JdnflvXfoLdQwK78UtIkjF\n76JGFZZFH2TqAvyWNNoemL7enPP7j1jFld0/WcJ/vjdUIPIQA15AkxKmpp+8YjzL\nvRgjB2gmmhlcMzg2tQesDa+QALyoSNSBDAxnlVXw4RMRfcBTsUPg0Ap45WZKYSma\nx0Ad+czXJXSuafvE1SUAAAADAQABAAACABz4ueq630/w5PGlPZPw5AHYd2q/D2mG\nwt7ljfD/DCm7jxeN7j866qTcL0e1i8lUp2qe0pQg6F+yfHlTRnKHkmD5pbXOU4KB\n7M8XSE31D5vl+JlR/eUetwtAoVL0IsdNTqxGmrR1YaKE0B9bRdcFwYNADKmkvUvf\n0kDUeIIthbM6Gtfc1Wv08SrXMXlKdT7qN8nImmZoCuXiKD4pyCl+tKbHELG6/Kle\nlUrT5BK7rPn6+x/Fz7rbscWa0uqQDv41io5tFBkuStgtygOSkEUq2bEmJhQ5R7rB\nUSpbAdbHGhrjQLGF6K395ZPoH9nYbALryIjZ9pZc6kvl1ahZp6UKsjgR7qIqXVFP\n+YNd7BA+jtUJd6eYVzDpkjn71o/OR/gBdZ5J56hBcz+gdNBBjgDpBN6dcb+LU8tP\nUHRpzjewUbMErUS4xC5zdw3pZHZe+sqQzG1JGEfTbeWB4hV3t4abhkqL0EekYPRE\nkCIhSD2ZMtzoRXtcA0cNuGfDCZikmQKjEYcUQl5x//FVIWstyEySE95rJCui6wVq\nDaGaBAaqIDNcQwrl9XM3pbr4mL8WhvRJZXAloNm4M5cqBD11kRV2LnqSP5un3MYd\n7N4XWF6yIop3/zc2h+Cdpi0jp8OyWRn5ShXubRr+sKDBm8tZq4etIOSZOiQJqPGg\nql+Qc3gBNnoBAAABAQCruxdcn3v4aq18+INwMiUeFT/jtdAbwBsOAhnJlTArYPza\nt8Sn5E52Nr6oK8EpK2ah8Nh3WOaWrpOGdehWB7/Vpz0bY/wjne5SqTpJwZfteIOS\n4Mya8XyUwnWARTvNBa9AUPGBugTFsb5+c4bxiUkHt452iGpdhIFxSasnxuff8lrh\n/AP5TYRMXM3cBBVkna3TTWnrhOFhehj2GO5SrpQ519cUc3RS17fhMXhmV/7VwGwb\n7ntsPRqEJihZGLHorHQTdXej+rkgsVuesVymCh4amBskuaklyNiUGViewv4Bn7HW\nYM+gTgtlUzkyCC7WiWJgavZIh5TedfZqH76ljZ7aAAABAQDof/OKj3pxyQSa57e7\nTQz4wcxJJHjbUcB/JzyjGNSOcZBJ7kTWj2FMTp1l1dYHfGEyU+6GKVCItR7Zkg0H\ndL1MHetaitTiibFwidyT6CbVTfwmHJ/GLFjca7rcV2iaEDda1rzuKvh84aT5f9XA\nJuWmuB+AqMxzq+GvoKqkvphfMOmzVBWFQDjEZ+A8LTsdtlJTVLFtNR2mFRNB78Yg\nVqkETeNOUbDnd1P2LRIwj4AHqFzSYamxwRRg9idVrVVkHo8sokFJ66Xr79J0wy0z\nqYzkRa9X5Uv+gN8zKgj2g5XN4HfLNTGopIkbvRJ6bM2brpqE8PGqVQyKguSgzsWt\n0f+hAAABAQDiv7siDciSg/b4qFD4MuTAcZ9xBTxDZCuZyzLgTXjepL5tIGFyKDE0\n5psy8kXrNn8BKq0Qt2X42TVteYLlIFncIyxUiHG2YjlzHUowMXfkBm50sU7XyYr0\nIoHAv1LwEAx7qQeOANjhyKn61PEgPZybQI25JLMvjAIHD1R/2Z+Vwx0pHFav+xNM\ncQoBaiKKWno+5OS3RO/NAdrVoeyAirHOTq1qUj+JqHoSMa3Jnh0GNIT120WTriHP\nxX48St1NuK5H91dkQBmNdPmBGbBRmD8OznTW+FzZgku0FZ0uoq8qqJbNYohnxWKD\nh3LG1RRUiGcuapq6L64FBbmyXAUFd3cFAAAAAAEC\n-----END OPENSSH PRIVATE KEY-----\n",
            "private_key_pem": "-----BEGIN RSA PRIVATE KEY-----\nMIIJKAIBAAKCAgEAze8Wa2t0XGj6oOE2yWzzhp8Tv1Gw8IL0Rfs/YG4YdJu7q/Qq\nkb8w+PhznRDeGDlURs8qZZu5YXtI2h7eglU14XVbY7xJxNfjJt/i0ysiyhE6gq6R\nsJthrc3tOAQoTNugTsdw0Fs9oxu6XkaO5AA8qxSLUeRtTY2Nn4/dFraVgvAQfe+1\nnBvoctlb3MqJwZFYZ/c7K0VzVjbQJApktscyBP1uTrwYjgdLAbLkTqAlB6mDPeNU\n+1HCgdldVNLXMRrJlAlmPZhhBsrcm9ZY18VTvc1VeSbe53vxqe5YrYGiik+e12xY\n9WjU2LsiX4WMll+cLAzeIobZQvl9j86wHA2HeDDyRjEZFoQ2ay3QLWy6IURFVNkd\nou1Dg93gbvs68LpumHKV34MfVb6/vH6FwxIRYVIMBK9LEsZMIM6dbeX1B8kU0Tcn\nBfLsn0SQ0jtNh4AauLlj5ICToA9n5uxN4mKc0vIClaKBIdJK+utKMd69Tnp1Kv2R\nnBjuEuZfBd4dlXlYQ+JdnflvXfoLdQwK78UtIkjF76JGFZZFH2TqAvyWNNoemL7e\nnPP7j1jFld0/WcJ/vjdUIPIQA15AkxKmpp+8YjzLvRgjB2gmmhlcMzg2tQesDa+Q\nALyoSNSBDAxnlVXw4RMRfcBTsUPg0Ap45WZKYSmax0Ad+czXJXSuafvE1SUCAwEA\nAQKCAgAc+Lnqut9P8OTxpT2T8OQB2Hdqvw9phsLe5Y3w/wwpu48Xje4/Ouqk3C9H\ntYvJVKdqntKUIOhfsnx5U0Zyh5Jg+aW1zlOCgezPF0hN9Q+b5fiZUf3lHrcLQKFS\n9CLHTU6sRpq0dWGihNAfW0XXBcGDQAyppL1L39JA1HiCLYWzOhrX3NVr9PEq1zF5\nSnU+6jfJyJpmaArl4ig+KcgpfrSmxxCxuvypXpVK0+QSu6z5+vsfxc+627HFmtLq\nkA7+NYqObRQZLkrYLcoDkpBFKtmxJiYUOUe6wVEqWwHWxxoa40Cxheit/eWT6B/Z\n2GwC68iI2faWXOpL5dWoWaelCrI4Ee6iKl1RT/mDXewQPo7VCXenmFcw6ZI5+9aP\nzkf4AXWeSeeoQXM/oHTQQY4A6QTenXG/i1PLT1B0ac43sFGzBK1EuMQuc3cN6WR2\nXvrKkMxtSRhH023lgeIVd7eGm4ZKi9BHpGD0RJAiIUg9mTLc6EV7XANHDbhnwwmY\npJkCoxGHFEJecf/xVSFrLchMkhPeayQrousFag2hmgQGqiAzXEMK5fVzN6W6+Ji/\nFob0SWVwJaDZuDOXKgQ9dZEVdi56kj+bp9zGHezeF1hesiKKd/83NofgnaYtI6fD\nslkZ+UoV7m0a/rCgwZvLWauHrSDkmTokCajxoKpfkHN4ATZ6AQKCAQEA6H/zio96\ncckEmue3u00M+MHMSSR421HAfyc8oxjUjnGQSe5E1o9hTE6dZdXWB3xhMlPuhilQ\niLUe2ZINB3S9TB3rWorU4omxcInck+gm1U38JhyfxixY3Gu63FdomhA3Wta87ir4\nfOGk+X/VwCblprgfgKjMc6vhr6CqpL6YXzDps1QVhUA4xGfgPC07HbZSU1SxbTUd\nphUTQe/GIFapBE3jTlGw53dT9i0SMI+AB6hc0mGpscEUYPYnVa1VZB6PLKJBSeul\n6+/SdMMtM6mM5EWvV+VL/oDfMyoI9oOVzeB3yzUxqKSJG70SemzNm66ahPDxqlUM\nioLkoM7FrdH/oQKCAQEA4r+7Ig3IkoP2+KhQ+DLkwHGfcQU8Q2Qrmcsy4E143qS+\nbSBhcigxNOabMvJF6zZ/ASqtELdl+Nk1bXmC5SBZ3CMsVIhxtmI5cx1KMDF35AZu\ndLFO18mK9CKBwL9S8BAMe6kHjgDY4cip+tTxID2cm0CNuSSzL4wCBw9Uf9mflcMd\nKRxWr/sTTHEKAWoiilp6PuTkt0TvzQHa1aHsgIqxzk6talI/iah6EjGtyZ4dBjSE\n9dtFk64hz8V+PErdTbiuR/dXZEAZjXT5gRmwUZg/Ds501vhc2YJLtBWdLqKvKqiW\nzWKIZ8Vig4dyxtUUVIhnLmqaui+uBQW5slwFBXd3BQKCAQAql7Yf/iTqT28eibCp\nCXaE48vu4lWZqCJhqOh84IGgDsHmKVZHEEE833IKQ+BPwsNzmtipj0wHn1aleRIV\n+ZbsKNcC4UgasCrnePoFxpPGo+C7gqbqgRlOWBYFY6XwA2SAqbI213xqNFQquPaJ\nmxabMkPjKAk8b5KKwB5Cy//SAH3vskm2/YrowDbeD1MzIEF4rp1Kal6iHF5IyAo9\nxmJ0PWiU4nZMERo6kQsyBjfoLznB+M5DmCGJmc6e7YAlNUv5W0gmqJre3DJr3Y2c\nV0VOVE3JBmKjnyxEjUDTGEwLSUHo4jfUsz/C6yJFd0U7bgM0s4cyMx53CX+kzfx8\n2WnBAoIBAHAbP1g83FekKy0Resbb0sFa6+ujHQJsuinVjxfa9dGOPiASDFu2h22S\nPlVX9z2tuelHwj0rj50TNxkjJJZIAmWWdkptE1uLAMBrUMy3CIGStHW5XDPQD4VY\nsjIr5cOPC7zv+y44OQKYhYHgWj8Idy9DIU7SWE0/uZjn+W0kmYQf7YDv4+QqDIaU\ntM+yO9WPmjUSUgpSaQVAz4MkBZwf9nz75T1V4Ngclg38xeGS7OKugLZVbPbw9wKU\nsC77DKNqlbA7F9gW4QtRNDKiEsykqziU1quaK73Wb7tfnFD8WgKLS9PLzYkQy/4f\nr52ip+SLdAg86Lb4797Hz+HhIRJs2EkCggEBAKu7F1yfe/hqrXz4g3AyJR4VP+O1\n0BvAGw4CGcmVMCtg/Nq3xKfkTnY2vqgrwSkrZqHw2HdY5pauk4Z16FYHv9WnPRtj\n/COd7lKpOknBl+14g5LgzJrxfJTCdYBFO80Fr0BQ8YG6BMWxvn5zhvGJSQe3jnaI\nal2EgXFJqyfG59/yWuH8A/lNhExczdwEFWSdrdNNaeuE4WF6GPYY7lKulDnX1xRz\ndFLXt+ExeGZX/tXAbBvue2w9GoQmKFkYseisdBN1d6P6uSCxW56xXKYKHhqYGyS5\nqSXI2JQZWJ7C/gGfsdZgz6BOC2VTOTIILtaJYmBq9kiHlN519mofvqWNnto=\n-----END RSA PRIVATE KEY-----\n",
            "private_key_pem_pkcs8": "-----BEGIN PRIVATE KEY-----\nMIIJQgIBADANBgkqhkiG9w0BAQEFAASCCSwwggkoAgEAAoICAQDN7xZra3RcaPqg\n4TbJbPOGnxO/UbDwgvRF+z9gbhh0m7ur9CqRvzD4+HOdEN4YOVRGzyplm7lhe0ja\nHt6CVTXhdVtjvEnE1+Mm3+LTKyLKETqCrpGwm2Gtze04BChM26BOx3DQWz2jG7pe\nRo7kADyrFItR5G1NjY2fj90WtpWC8BB977WcG+hy2VvcyonBkVhn9zsrRXNWNtAk\nCmS2xzIE/W5OvBiOB0sBsuROoCUHqYM941T7UcKB2V1U0tcxGsmUCWY9mGEGytyb\n1ljXxVO9zVV5Jt7ne/Gp7litgaKKT57XbFj1aNTYuyJfhYyWX5wsDN4ihtlC+X2P\nzrAcDYd4MPJGMRkWhDZrLdAtbLohREVU2R2i7UOD3eBu+zrwum6YcpXfgx9Vvr+8\nfoXDEhFhUgwEr0sSxkwgzp1t5fUHyRTRNycF8uyfRJDSO02HgBq4uWPkgJOgD2fm\n7E3iYpzS8gKVooEh0kr660ox3r1OenUq/ZGcGO4S5l8F3h2VeVhD4l2d+W9d+gt1\nDArvxS0iSMXvokYVlkUfZOoC/JY02h6Yvt6c8/uPWMWV3T9Zwn++N1Qg8hADXkCT\nEqamn7xiPMu9GCMHaCaaGVwzODa1B6wNr5AAvKhI1IEMDGeVVfDhExF9wFOxQ+DQ\nCnjlZkphKZrHQB35zNcldK5p+8TVJQIDAQABAoICABz4ueq630/w5PGlPZPw5AHY\nd2q/D2mGwt7ljfD/DCm7jxeN7j866qTcL0e1i8lUp2qe0pQg6F+yfHlTRnKHkmD5\npbXOU4KB7M8XSE31D5vl+JlR/eUetwtAoVL0IsdNTqxGmrR1YaKE0B9bRdcFwYNA\nDKmkvUvf0kDUeIIthbM6Gtfc1Wv08SrXMXlKdT7qN8nImmZoCuXiKD4pyCl+tKbH\nELG6/KlelUrT5BK7rPn6+x/Fz7rbscWa0uqQDv41io5tFBkuStgtygOSkEUq2bEm\nJhQ5R7rBUSpbAdbHGhrjQLGF6K395ZPoH9nYbALryIjZ9pZc6kvl1ahZp6UKsjgR\n7qIqXVFP+YNd7BA+jtUJd6eYVzDpkjn71o/OR/gBdZ5J56hBcz+gdNBBjgDpBN6d\ncb+LU8tPUHRpzjewUbMErUS4xC5zdw3pZHZe+sqQzG1JGEfTbeWB4hV3t4abhkqL\n0EekYPREkCIhSD2ZMtzoRXtcA0cNuGfDCZikmQKjEYcUQl5x//FVIWstyEySE95r\nJCui6wVqDaGaBAaqIDNcQwrl9XM3pbr4mL8WhvRJZXAloNm4M5cqBD11kRV2LnqS\nP5un3MYd7N4XWF6yIop3/zc2h+Cdpi0jp8OyWRn5ShXubRr+sKDBm8tZq4etIOSZ\nOiQJqPGgql+Qc3gBNnoBAoIBAQDof/OKj3pxyQSa57e7TQz4wcxJJHjbUcB/Jzyj\nGNSOcZBJ7kTWj2FMTp1l1dYHfGEyU+6GKVCItR7Zkg0HdL1MHetaitTiibFwidyT\n6CbVTfwmHJ/GLFjca7rcV2iaEDda1rzuKvh84aT5f9XAJuWmuB+AqMxzq+GvoKqk\nvphfMOmzVBWFQDjEZ+A8LTsdtlJTVLFtNR2mFRNB78YgVqkETeNOUbDnd1P2LRIw\nj4AHqFzSYamxwRRg9idVrVVkHo8sokFJ66Xr79J0wy0zqYzkRa9X5Uv+gN8zKgj2\ng5XN4HfLNTGopIkbvRJ6bM2brpqE8PGqVQyKguSgzsWt0f+hAoIBAQDiv7siDciS\ng/b4qFD4MuTAcZ9xBTxDZCuZyzLgTXjepL5tIGFyKDE05psy8kXrNn8BKq0Qt2X4\n2TVteYLlIFncIyxUiHG2YjlzHUowMXfkBm50sU7XyYr0IoHAv1LwEAx7qQeOANjh\nyKn61PEgPZybQI25JLMvjAIHD1R/2Z+Vwx0pHFav+xNMcQoBaiKKWno+5OS3RO/N\nAdrVoeyAirHOTq1qUj+JqHoSMa3Jnh0GNIT120WTriHPxX48St1NuK5H91dkQBmN\ndPmBGbBRmD8OznTW+FzZgku0FZ0uoq8qqJbNYohnxWKDh3LG1RRUiGcuapq6L64F\nBbmyXAUFd3cFAoIBACqXth/+JOpPbx6JsKkJdoTjy+7iVZmoImGo6HzggaAOweYp\nVkcQQTzfcgpD4E/Cw3Oa2KmPTAefVqV5EhX5luwo1wLhSBqwKud4+gXGk8aj4LuC\npuqBGU5YFgVjpfADZICpsjbXfGo0VCq49ombFpsyQ+MoCTxvkorAHkLL/9IAfe+y\nSbb9iujANt4PUzMgQXiunUpqXqIcXkjICj3GYnQ9aJTidkwRGjqRCzIGN+gvOcH4\nzkOYIYmZzp7tgCU1S/lbSCaomt7cMmvdjZxXRU5UTckGYqOfLESNQNMYTAtJQeji\nN9SzP8LrIkV3RTtuAzSzhzIzHncJf6TN/HzZacECggEAcBs/WDzcV6QrLRF6xtvS\nwVrr66MdAmy6KdWPF9r10Y4+IBIMW7aHbZI+VVf3Pa256UfCPSuPnRM3GSMklkgC\nZZZ2Sm0TW4sAwGtQzLcIgZK0dblcM9APhViyMivlw48LvO/7Ljg5ApiFgeBaPwh3\nL0MhTtJYTT+5mOf5bSSZhB/tgO/j5CoMhpS0z7I71Y+aNRJSClJpBUDPgyQFnB/2\nfPvlPVXg2ByWDfzF4ZLs4q6AtlVs9vD3ApSwLvsMo2qVsDsX2BbhC1E0MqISzKSr\nOJTWq5orvdZvu1+cUPxaAotL08vNiRDL/h+vnaKn5It0CDzotvjv3sfP4eEhEmzY\nSQKCAQEAq7sXXJ97+GqtfPiDcDIlHhU/47XQG8AbDgIZyZUwK2D82rfEp+ROdja+\nqCvBKStmofDYd1jmlq6ThnXoVge/1ac9G2P8I53uUqk6ScGX7XiDkuDMmvF8lMJ1\ngEU7zQWvQFDxgboExbG+fnOG8YlJB7eOdohqXYSBcUmrJ8bn3/Ja4fwD+U2ETFzN\n3AQVZJ2t001p64ThYXoY9hjuUq6UOdfXFHN0Ute34TF4Zlf+1cBsG+57bD0ahCYo\nWRix6Kx0E3V3o/q5ILFbnrFcpgoeGpgbJLmpJcjYlBlYnsL+AZ+x1mDPoE4LZVM5\nMggu1oliYGr2SIeU3nX2ah++pY2e2g==\n-----END PRIVATE KEY-----\n",
            "public_key_fingerprint_md5": "dc:42:89:10:d5:d3:09:df:fc:18:51:6d:41:3a:4a:6e",
            "public_key_fingerprint_sha256": "SHA256:AJ+XP7oUmTRRVJeOSDr1jaUFMX/HyRizX79+piW9FWw",
            "public_key_openssh": "ssh-rsa AAAAB3NzaC1yc2EAAAADAQABAAACAQDN7xZra3RcaPqg4TbJbPOGnxO/UbDwgvRF+z9gbhh0m7ur9CqRvzD4+HOdEN4YOVRGzyplm7lhe0jaHt6CVTXhdVtjvEnE1+Mm3+LTKyLKETqCrpGwm2Gtze04BChM26BOx3DQWz2jG7peRo7kADyrFItR5G1NjY2fj90WtpWC8BB977WcG+hy2VvcyonBkVhn9zsrRXNWNtAkCmS2xzIE/W5OvBiOB0sBsuROoCUHqYM941T7UcKB2V1U0tcxGsmUCWY9mGEGytyb1ljXxVO9zVV5Jt7ne/Gp7litgaKKT57XbFj1aNTYuyJfhYyWX5wsDN4ihtlC+X2PzrAcDYd4MPJGMRkWhDZrLdAtbLohREVU2R2i7UOD3eBu+zrwum6YcpXfgx9Vvr+8foXDEhFhUgwEr0sSxkwgzp1t5fUHyRTRNycF8uyfRJDSO02HgBq4uWPkgJOgD2fm7E3iYpzS8gKVooEh0kr660ox3r1OenUq/ZGcGO4S5l8F3h2VeVhD4l2d+W9d+gt1DArvxS0iSMXvokYVlkUfZOoC/JY02h6Yvt6c8/uPWMWV3T9Zwn++N1Qg8hADXkCTEqamn7xiPMu9GCMHaCaaGVwzODa1B6wNr5AAvKhI1IEMDGeVVfDhExF9wFOxQ+DQCnjlZkphKZrHQB35zNcldK5p+8TVJQ==\n",
            "public_key_pem": "-----BEGIN PUBLIC KEY-----\nMIICIjANBgkqhkiG9w0BAQEFAAOCAg8AMIICCgKCAgEAze8Wa2t0XGj6oOE2yWzz\nhp8Tv1Gw8IL0Rfs/YG4YdJu7q/Qqkb8w+PhznRDeGDlURs8qZZu5YXtI2h7eglU1\n4XVbY7xJxNfjJt/i0ysiyhE6gq6RsJthrc3tOAQoTNugTsdw0Fs9oxu6XkaO5AA8\nqxSLUeRtTY2Nn4/dFraVgvAQfe+1nBvoctlb3MqJwZFYZ/c7K0VzVjbQJApktscy\nBP1uTrwYjgdLAbLkTqAlB6mDPeNU+1HCgdldVNLXMRrJlAlmPZhhBsrcm9ZY18VT\nvc1VeSbe53vxqe5YrYGiik+e12xY9WjU2LsiX4WMll+cLAzeIobZQvl9j86wHA2H\neDDyRjEZFoQ2ay3QLWy6IURFVNkdou1Dg93gbvs68LpumHKV34MfVb6/vH6FwxIR\nYVIMBK9LEsZMIM6dbeX1B8kU0TcnBfLsn0SQ0jtNh4AauLlj5ICToA9n5uxN4mKc\n0vIClaKBIdJK+utKMd69Tnp1Kv2RnBjuEuZfBd4dlXlYQ+JdnflvXfoLdQwK78Ut\nIkjF76JGFZZFH2TqAvyWNNoemL7enPP7j1jFld0/WcJ/vjdUIPIQA15AkxKmpp+8\nYjzLvRgjB2gmmhlcMzg2tQesDa+QALyoSNSBDAxnlVXw4RMRfcBTsUPg0Ap45WZK\nYSmax0Ad+czXJXSuafvE1SUCAwEAAQ==\n-----END PUBLIC KEY-----\n",
            "rsa_bits": 4096
          },
          "sensitive_attributes": [],
          "dependencies": [
            "module.passive-network.data.aws_availability_zones.available"
          ],
          "create_before_destroy": true
        }
      ]
    },
    {
      "module": "module.passive-network.module.ig",
      "mode": "managed",
      "type": "aws_internet_gateway",
      "name": "this",
      "provider": "module.passive-network.provider[\"registry.terraform.io/hashicorp/aws\"]",
      "instances": [
        {
          "schema_version": 0,
          "attributes": {
            "arn": "arn:aws:ec2:us-east-1:930051497533:internet-gateway/igw-0aa8d65dfb1af58ea",
            "id": "igw-0aa8d65dfb1af58ea",
            "owner_id": "930051497533",
            "tags": {
              "Name": "ig-redes"
            },
            "tags_all": {
              "Name": "ig-redes"
            },
            "timeouts": null,
            "vpc_id": "vpc-0dd1b6bd4782866d8"
          },
          "sensitive_attributes": [],
          "private": "eyJlMmJmYjczMC1lY2FhLTExZTYtOGY4OC0zNDM2M2JjN2M0YzAiOnsiY3JlYXRlIjoxMjAwMDAwMDAwMDAwLCJkZWxldGUiOjEyMDAwMDAwMDAwMDAsInVwZGF0ZSI6MTIwMDAwMDAwMDAwMH19",
          "dependencies": [
            "module.passive-network.module.vpc.aws_vpc.this"
          ],
          "create_before_destroy": true
        }
      ]
    },
    {
      "module": "module.passive-network.module.nat_gw[0]",
      "mode": "managed",
      "type": "aws_eip",
      "name": "nat",
      "provider": "module.passive-network.provider[\"registry.terraform.io/hashicorp/aws\"]",
      "instances": [
        {
          "schema_version": 0,
          "attributes": {
            "address": null,
            "allocation_id": "eipalloc-00131beaf657a3224",
            "associate_with_private_ip": null,
            "association_id": "",
            "carrier_ip": "",
            "customer_owned_ip": "",
            "customer_owned_ipv4_pool": "",
            "domain": "vpc",
            "id": "eipalloc-00131beaf657a3224",
            "instance": "",
            "network_border_group": "us-east-1",
            "network_interface": "",
            "private_dns": null,
            "private_ip": "",
            "public_dns": "ec2-34-197-117-118.compute-1.amazonaws.com",
            "public_ip": "34.197.117.118",
            "public_ipv4_pool": "amazon",
            "tags": {
              "Name": "nat-nat-gw-0"
            },
            "tags_all": {
              "Name": "nat-nat-gw-0"
            },
            "timeouts": null,
            "vpc": true
          },
          "sensitive_attributes": [],
          "private": "eyJlMmJmYjczMC1lY2FhLTExZTYtOGY4OC0zNDM2M2JjN2M0YzAiOnsiZGVsZXRlIjoxODAwMDAwMDAwMDAsInJlYWQiOjkwMDAwMDAwMDAwMCwidXBkYXRlIjozMDAwMDAwMDAwMDB9fQ==",
          "dependencies": [
            "module.passive-network.data.aws_availability_zones.available"
          ],
          "create_before_destroy": true
        }
      ]
    },
    {
      "module": "module.passive-network.module.nat_gw[0]",
      "mode": "managed",
      "type": "aws_nat_gateway",
      "name": "this",
      "provider": "module.passive-network.provider[\"registry.terraform.io/hashicorp/aws\"]",
      "instances": [
        {
          "schema_version": 0,
          "attributes": {
            "allocation_id": "eipalloc-00131beaf657a3224",
            "association_id": "eipassoc-045263192e149580c",
            "connectivity_type": "public",
            "id": "nat-005a34d4c72fe2ab8",
            "network_interface_id": "eni-01917f67156803c41",
            "private_ip": "10.0.2.76",
            "public_ip": "34.197.117.118",
            "subnet_id": "subnet-0fe367f76b11285fb",
            "tags": {
              "Name": "nat-gw-0"
            },
            "tags_all": {
              "Name": "nat-gw-0"
            }
          },
          "sensitive_attributes": [],
          "private": "bnVsbA==",
          "dependencies": [
            "module.passive-network.data.aws_availability_zones.available",
            "module.passive-network.module.ig.aws_internet_gateway.this",
            "module.passive-network.module.nat_gw.aws_eip.nat",
            "module.passive-network.module.public-subnets.aws_route.default",
            "module.passive-network.module.public-subnets.aws_route_table.this",
            "module.passive-network.module.public-subnets.aws_route_table_association.this",
            "module.passive-network.module.public-subnets.aws_subnet.this",
            "module.passive-network.module.vpc.aws_vpc.this"
          ],
          "create_before_destroy": true
        }
      ]
    },
    {
      "module": "module.passive-network.module.nat_gw[1]",
      "mode": "managed",
      "type": "aws_eip",
      "name": "nat",
      "provider": "module.passive-network.provider[\"registry.terraform.io/hashicorp/aws\"]",
      "instances": [
        {
          "schema_version": 0,
          "attributes": {
            "address": null,
            "allocation_id": "eipalloc-0ad92025c8bb6ab9f",
            "associate_with_private_ip": null,
            "association_id": "",
            "carrier_ip": "",
            "customer_owned_ip": "",
            "customer_owned_ipv4_pool": "",
            "domain": "vpc",
            "id": "eipalloc-0ad92025c8bb6ab9f",
            "instance": "",
            "network_border_group": "us-east-1",
            "network_interface": "",
            "private_dns": null,
            "private_ip": "",
            "public_dns": "ec2-54-145-174-198.compute-1.amazonaws.com",
            "public_ip": "54.145.174.198",
            "public_ipv4_pool": "amazon",
            "tags": {
              "Name": "nat-nat-gw-1"
            },
            "tags_all": {
              "Name": "nat-nat-gw-1"
            },
            "timeouts": null,
            "vpc": true
          },
          "sensitive_attributes": [],
          "private": "eyJlMmJmYjczMC1lY2FhLTExZTYtOGY4OC0zNDM2M2JjN2M0YzAiOnsiZGVsZXRlIjoxODAwMDAwMDAwMDAsInJlYWQiOjkwMDAwMDAwMDAwMCwidXBkYXRlIjozMDAwMDAwMDAwMDB9fQ==",
          "dependencies": [
            "module.passive-network.data.aws_availability_zones.available"
          ],
          "create_before_destroy": true
        }
      ]
    },
    {
      "module": "module.passive-network.module.nat_gw[1]",
      "mode": "managed",
      "type": "aws_nat_gateway",
      "name": "this",
      "provider": "module.passive-network.provider[\"registry.terraform.io/hashicorp/aws\"]",
      "instances": [
        {
          "schema_version": 0,
          "attributes": {
            "allocation_id": "eipalloc-0ad92025c8bb6ab9f",
            "association_id": "eipassoc-0ca926944983eb8ee",
            "connectivity_type": "public",
            "id": "nat-0e30c5ed0765a858d",
            "network_interface_id": "eni-050f7fbb78ab9b774",
            "private_ip": "10.0.3.154",
            "public_ip": "54.145.174.198",
            "subnet_id": "subnet-0b615a3dc2b0b7be8",
            "tags": {
              "Name": "nat-gw-1"
            },
            "tags_all": {
              "Name": "nat-gw-1"
            }
          },
          "sensitive_attributes": [],
          "private": "bnVsbA==",
          "dependencies": [
            "module.passive-network.data.aws_availability_zones.available",
            "module.passive-network.module.ig.aws_internet_gateway.this",
            "module.passive-network.module.nat_gw.aws_eip.nat",
            "module.passive-network.module.public-subnets.aws_route.default",
            "module.passive-network.module.public-subnets.aws_route_table.this",
            "module.passive-network.module.public-subnets.aws_route_table_association.this",
            "module.passive-network.module.public-subnets.aws_subnet.this",
            "module.passive-network.module.vpc.aws_vpc.this"
          ],
          "create_before_destroy": true
        }
      ]
    },
    {
      "module": "module.passive-network.module.private-subnets[0]",
      "mode": "managed",
      "type": "aws_route",
      "name": "default",
      "provider": "module.passive-network.provider[\"registry.terraform.io/hashicorp/aws\"]",
      "instances": [
        {
          "schema_version": 0,
          "attributes": {
            "carrier_gateway_id": "",
            "core_network_arn": "",
            "destination_cidr_block": "0.0.0.0/0",
            "destination_ipv6_cidr_block": "",
            "destination_prefix_list_id": "",
            "egress_only_gateway_id": "",
            "gateway_id": "",
            "id": "r-rtb-0c9baec1b46230f1c1080289494",
            "instance_id": "",
            "instance_owner_id": "",
            "local_gateway_id": "",
            "nat_gateway_id": "nat-005a34d4c72fe2ab8",
            "network_interface_id": "",
            "origin": "CreateRoute",
            "route_table_id": "rtb-0c9baec1b46230f1c",
            "state": "active",
            "timeouts": null,
            "transit_gateway_id": "",
            "vpc_endpoint_id": "",
            "vpc_peering_connection_id": ""
          },
          "sensitive_attributes": [],
          "private": "eyJlMmJmYjczMC1lY2FhLTExZTYtOGY4OC0zNDM2M2JjN2M0YzAiOnsiY3JlYXRlIjozMDAwMDAwMDAwMDAsImRlbGV0ZSI6MzAwMDAwMDAwMDAwLCJ1cGRhdGUiOjEyMDAwMDAwMDAwMH19",
          "dependencies": [
            "module.passive-network.data.aws_availability_zones.available",
            "module.passive-network.module.ig.aws_internet_gateway.this",
            "module.passive-network.module.nat_gw.aws_eip.nat",
            "module.passive-network.module.nat_gw.aws_nat_gateway.this",
            "module.passive-network.module.private-subnets.aws_route_table.this",
            "module.passive-network.module.public-subnets.aws_route.default",
            "module.passive-network.module.public-subnets.aws_route_table.this",
            "module.passive-network.module.public-subnets.aws_route_table_association.this",
            "module.passive-network.module.public-subnets.aws_subnet.this",
            "module.passive-network.module.vpc.aws_vpc.this"
          ],
          "create_before_destroy": true
        }
      ]
    },
    {
      "module": "module.passive-network.module.private-subnets[0]",
      "mode": "managed",
      "type": "aws_route_table",
      "name": "this",
      "provider": "module.passive-network.provider[\"registry.terraform.io/hashicorp/aws\"]",
      "instances": [
        {
          "schema_version": 0,
          "attributes": {
            "arn": "arn:aws:ec2:us-east-1:930051497533:route-table/rtb-0c9baec1b46230f1c",
            "id": "rtb-0c9baec1b46230f1c",
            "owner_id": "930051497533",
            "propagating_vgws": [],
            "route": [],
            "tags": null,
            "tags_all": {},
            "timeouts": null,
            "vpc_id": "vpc-0dd1b6bd4782866d8"
          },
          "sensitive_attributes": [],
          "private": "eyJlMmJmYjczMC1lY2FhLTExZTYtOGY4OC0zNDM2M2JjN2M0YzAiOnsiY3JlYXRlIjozMDAwMDAwMDAwMDAsImRlbGV0ZSI6MzAwMDAwMDAwMDAwLCJ1cGRhdGUiOjEyMDAwMDAwMDAwMH19",
          "dependencies": [
            "module.passive-network.data.aws_availability_zones.available",
            "module.passive-network.module.vpc.aws_vpc.this"
          ],
          "create_before_destroy": true
        }
      ]
    },
    {
      "module": "module.passive-network.module.private-subnets[0]",
      "mode": "managed",
      "type": "aws_route_table_association",
      "name": "this",
      "provider": "module.passive-network.provider[\"registry.terraform.io/hashicorp/aws\"]",
      "instances": [
        {
          "schema_version": 0,
          "attributes": {
            "gateway_id": "",
            "id": "rtbassoc-04b9a9b46e92a6776",
            "route_table_id": "rtb-0c9baec1b46230f1c",
            "subnet_id": "subnet-03bf296d3f3c3c3f7",
            "timeouts": null
          },
          "sensitive_attributes": [],
          "private": "eyJlMmJmYjczMC1lY2FhLTExZTYtOGY4OC0zNDM2M2JjN2M0YzAiOnsiY3JlYXRlIjozMDAwMDAwMDAwMDAsImRlbGV0ZSI6MzAwMDAwMDAwMDAwLCJ1cGRhdGUiOjEyMDAwMDAwMDAwMH19",
          "dependencies": [
            "module.passive-network.data.aws_availability_zones.available",
            "module.passive-network.module.private-subnets.aws_route_table.this",
            "module.passive-network.module.private-subnets.aws_subnet.this",
            "module.passive-network.module.vpc.aws_vpc.this"
          ],
          "create_before_destroy": true
        }
      ]
    },
    {
      "module": "module.passive-network.module.private-subnets[0]",
      "mode": "managed",
      "type": "aws_subnet",
      "name": "this",
      "provider": "module.passive-network.provider[\"registry.terraform.io/hashicorp/aws\"]",
      "instances": [
        {
          "schema_version": 1,
          "attributes": {
            "arn": "arn:aws:ec2:us-east-1:930051497533:subnet/subnet-03bf296d3f3c3c3f7",
            "assign_ipv6_address_on_creation": false,
            "availability_zone": "us-east-1a",
            "availability_zone_id": "use1-az1",
            "cidr_block": "10.0.0.0/24",
            "customer_owned_ipv4_pool": "",
            "enable_dns64": false,
            "enable_lni_at_device_index": 0,
            "enable_resource_name_dns_a_record_on_launch": false,
            "enable_resource_name_dns_aaaa_record_on_launch": false,
            "id": "subnet-03bf296d3f3c3c3f7",
            "ipv6_cidr_block": "",
            "ipv6_cidr_block_association_id": "",
            "ipv6_native": false,
            "map_customer_owned_ip_on_launch": false,
            "map_public_ip_on_launch": false,
            "outpost_arn": "",
            "owner_id": "930051497533",
            "private_dns_hostname_type_on_launch": "ip-name",
            "tags": {
              "Name": "private-subnet-0"
            },
            "tags_all": {
              "Name": "private-subnet-0"
            },
            "timeouts": null,
            "vpc_id": "vpc-0dd1b6bd4782866d8"
          },
          "sensitive_attributes": [],
          "private": "eyJlMmJmYjczMC1lY2FhLTExZTYtOGY4OC0zNDM2M2JjN2M0YzAiOnsiY3JlYXRlIjo2MDAwMDAwMDAwMDAsImRlbGV0ZSI6MTIwMDAwMDAwMDAwMH0sInNjaGVtYV92ZXJzaW9uIjoiMSJ9",
          "dependencies": [
            "module.passive-network.data.aws_availability_zones.available",
            "module.passive-network.module.vpc.aws_vpc.this"
          ],
          "create_before_destroy": true
        }
      ]
    },
    {
      "module": "module.passive-network.module.private-subnets[1]",
      "mode": "managed",
      "type": "aws_route",
      "name": "default",
      "provider": "module.passive-network.provider[\"registry.terraform.io/hashicorp/aws\"]",
      "instances": [
        {
          "schema_version": 0,
          "attributes": {
            "carrier_gateway_id": "",
            "core_network_arn": "",
            "destination_cidr_block": "0.0.0.0/0",
            "destination_ipv6_cidr_block": "",
            "destination_prefix_list_id": "",
            "egress_only_gateway_id": "",
            "gateway_id": "",
            "id": "r-rtb-0422c5fec463d28be1080289494",
            "instance_id": "",
            "instance_owner_id": "",
            "local_gateway_id": "",
            "nat_gateway_id": "nat-0e30c5ed0765a858d",
            "network_interface_id": "",
            "origin": "CreateRoute",
            "route_table_id": "rtb-0422c5fec463d28be",
            "state": "active",
            "timeouts": null,
            "transit_gateway_id": "",
            "vpc_endpoint_id": "",
            "vpc_peering_connection_id": ""
          },
          "sensitive_attributes": [],
          "private": "eyJlMmJmYjczMC1lY2FhLTExZTYtOGY4OC0zNDM2M2JjN2M0YzAiOnsiY3JlYXRlIjozMDAwMDAwMDAwMDAsImRlbGV0ZSI6MzAwMDAwMDAwMDAwLCJ1cGRhdGUiOjEyMDAwMDAwMDAwMH19",
          "dependencies": [
            "module.passive-network.data.aws_availability_zones.available",
            "module.passive-network.module.ig.aws_internet_gateway.this",
            "module.passive-network.module.nat_gw.aws_eip.nat",
            "module.passive-network.module.nat_gw.aws_nat_gateway.this",
            "module.passive-network.module.private-subnets.aws_route_table.this",
            "module.passive-network.module.public-subnets.aws_route.default",
            "module.passive-network.module.public-subnets.aws_route_table.this",
            "module.passive-network.module.public-subnets.aws_route_table_association.this",
            "module.passive-network.module.public-subnets.aws_subnet.this",
            "module.passive-network.module.vpc.aws_vpc.this"
          ],
          "create_before_destroy": true
        }
      ]
    },
    {
      "module": "module.passive-network.module.private-subnets[1]",
      "mode": "managed",
      "type": "aws_route_table",
      "name": "this",
      "provider": "module.passive-network.provider[\"registry.terraform.io/hashicorp/aws\"]",
      "instances": [
        {
          "schema_version": 0,
          "attributes": {
            "arn": "arn:aws:ec2:us-east-1:930051497533:route-table/rtb-0422c5fec463d28be",
            "id": "rtb-0422c5fec463d28be",
            "owner_id": "930051497533",
            "propagating_vgws": [],
            "route": [],
            "tags": null,
            "tags_all": {},
            "timeouts": null,
            "vpc_id": "vpc-0dd1b6bd4782866d8"
          },
          "sensitive_attributes": [],
          "private": "eyJlMmJmYjczMC1lY2FhLTExZTYtOGY4OC0zNDM2M2JjN2M0YzAiOnsiY3JlYXRlIjozMDAwMDAwMDAwMDAsImRlbGV0ZSI6MzAwMDAwMDAwMDAwLCJ1cGRhdGUiOjEyMDAwMDAwMDAwMH19",
          "dependencies": [
            "module.passive-network.data.aws_availability_zones.available",
            "module.passive-network.module.vpc.aws_vpc.this"
          ],
          "create_before_destroy": true
        }
      ]
    },
    {
      "module": "module.passive-network.module.private-subnets[1]",
      "mode": "managed",
      "type": "aws_route_table_association",
      "name": "this",
      "provider": "module.passive-network.provider[\"registry.terraform.io/hashicorp/aws\"]",
      "instances": [
        {
          "schema_version": 0,
          "attributes": {
            "gateway_id": "",
            "id": "rtbassoc-0430eaae25cb09c88",
            "route_table_id": "rtb-0422c5fec463d28be",
            "subnet_id": "subnet-0d8026a0c09ba7e1c",
            "timeouts": null
          },
          "sensitive_attributes": [],
          "private": "eyJlMmJmYjczMC1lY2FhLTExZTYtOGY4OC0zNDM2M2JjN2M0YzAiOnsiY3JlYXRlIjozMDAwMDAwMDAwMDAsImRlbGV0ZSI6MzAwMDAwMDAwMDAwLCJ1cGRhdGUiOjEyMDAwMDAwMDAwMH19",
          "dependencies": [
            "module.passive-network.data.aws_availability_zones.available",
            "module.passive-network.module.private-subnets.aws_route_table.this",
            "module.passive-network.module.private-subnets.aws_subnet.this",
            "module.passive-network.module.vpc.aws_vpc.this"
          ],
          "create_before_destroy": true
        }
      ]
    },
    {
      "module": "module.passive-network.module.private-subnets[1]",
      "mode": "managed",
      "type": "aws_subnet",
      "name": "this",
      "provider": "module.passive-network.provider[\"registry.terraform.io/hashicorp/aws\"]",
      "instances": [
        {
          "schema_version": 1,
          "attributes": {
            "arn": "arn:aws:ec2:us-east-1:930051497533:subnet/subnet-0d8026a0c09ba7e1c",
            "assign_ipv6_address_on_creation": false,
            "availability_zone": "us-east-1b",
            "availability_zone_id": "use1-az2",
            "cidr_block": "10.0.1.0/24",
            "customer_owned_ipv4_pool": "",
            "enable_dns64": false,
            "enable_lni_at_device_index": 0,
            "enable_resource_name_dns_a_record_on_launch": false,
            "enable_resource_name_dns_aaaa_record_on_launch": false,
            "id": "subnet-0d8026a0c09ba7e1c",
            "ipv6_cidr_block": "",
            "ipv6_cidr_block_association_id": "",
            "ipv6_native": false,
            "map_customer_owned_ip_on_launch": false,
            "map_public_ip_on_launch": false,
            "outpost_arn": "",
            "owner_id": "930051497533",
            "private_dns_hostname_type_on_launch": "ip-name",
            "tags": {
              "Name": "private-subnet-1"
            },
            "tags_all": {
              "Name": "private-subnet-1"
            },
            "timeouts": null,
            "vpc_id": "vpc-0dd1b6bd4782866d8"
          },
          "sensitive_attributes": [],
          "private": "eyJlMmJmYjczMC1lY2FhLTExZTYtOGY4OC0zNDM2M2JjN2M0YzAiOnsiY3JlYXRlIjo2MDAwMDAwMDAwMDAsImRlbGV0ZSI6MTIwMDAwMDAwMDAwMH0sInNjaGVtYV92ZXJzaW9uIjoiMSJ9",
          "dependencies": [
            "module.passive-network.data.aws_availability_zones.available",
            "module.passive-network.module.vpc.aws_vpc.this"
          ],
          "create_before_destroy": true
        }
      ]
    },
    {
      "module": "module.passive-network.module.public-subnets[0]",
      "mode": "managed",
      "type": "aws_route",
      "name": "default",
      "provider": "module.passive-network.provider[\"registry.terraform.io/hashicorp/aws\"]",
      "instances": [
        {
          "schema_version": 0,
          "attributes": {
            "carrier_gateway_id": "",
            "core_network_arn": "",
            "destination_cidr_block": "0.0.0.0/0",
            "destination_ipv6_cidr_block": "",
            "destination_prefix_list_id": "",
            "egress_only_gateway_id": "",
            "gateway_id": "igw-0aa8d65dfb1af58ea",
            "id": "r-rtb-02b1c3ee205c02c061080289494",
            "instance_id": "",
            "instance_owner_id": "",
            "local_gateway_id": "",
            "nat_gateway_id": "",
            "network_interface_id": "",
            "origin": "CreateRoute",
            "route_table_id": "rtb-02b1c3ee205c02c06",
            "state": "active",
            "timeouts": null,
            "transit_gateway_id": "",
            "vpc_endpoint_id": "",
            "vpc_peering_connection_id": ""
          },
          "sensitive_attributes": [],
          "private": "eyJlMmJmYjczMC1lY2FhLTExZTYtOGY4OC0zNDM2M2JjN2M0YzAiOnsiY3JlYXRlIjozMDAwMDAwMDAwMDAsImRlbGV0ZSI6MzAwMDAwMDAwMDAwLCJ1cGRhdGUiOjEyMDAwMDAwMDAwMH19",
          "dependencies": [
            "module.passive-network.data.aws_availability_zones.available",
            "module.passive-network.module.ig.aws_internet_gateway.this",
            "module.passive-network.module.public-subnets.aws_route_table.this",
            "module.passive-network.module.vpc.aws_vpc.this"
          ],
          "create_before_destroy": true
        }
      ]
    },
    {
      "module": "module.passive-network.module.public-subnets[0]",
      "mode": "managed",
      "type": "aws_route_table",
      "name": "this",
      "provider": "module.passive-network.provider[\"registry.terraform.io/hashicorp/aws\"]",
      "instances": [
        {
          "schema_version": 0,
          "attributes": {
            "arn": "arn:aws:ec2:us-east-1:930051497533:route-table/rtb-02b1c3ee205c02c06",
            "id": "rtb-02b1c3ee205c02c06",
            "owner_id": "930051497533",
            "propagating_vgws": [],
            "route": [],
            "tags": null,
            "tags_all": {},
            "timeouts": null,
            "vpc_id": "vpc-0dd1b6bd4782866d8"
          },
          "sensitive_attributes": [],
          "private": "eyJlMmJmYjczMC1lY2FhLTExZTYtOGY4OC0zNDM2M2JjN2M0YzAiOnsiY3JlYXRlIjozMDAwMDAwMDAwMDAsImRlbGV0ZSI6MzAwMDAwMDAwMDAwLCJ1cGRhdGUiOjEyMDAwMDAwMDAwMH19",
          "dependencies": [
            "module.passive-network.data.aws_availability_zones.available",
            "module.passive-network.module.vpc.aws_vpc.this"
          ],
          "create_before_destroy": true
        }
      ]
    },
    {
      "module": "module.passive-network.module.public-subnets[0]",
      "mode": "managed",
      "type": "aws_route_table_association",
      "name": "this",
      "provider": "module.passive-network.provider[\"registry.terraform.io/hashicorp/aws\"]",
      "instances": [
        {
          "schema_version": 0,
          "attributes": {
            "gateway_id": "",
            "id": "rtbassoc-0e88b3a3477e7dccb",
            "route_table_id": "rtb-02b1c3ee205c02c06",
            "subnet_id": "subnet-0fe367f76b11285fb",
            "timeouts": null
          },
          "sensitive_attributes": [],
          "private": "eyJlMmJmYjczMC1lY2FhLTExZTYtOGY4OC0zNDM2M2JjN2M0YzAiOnsiY3JlYXRlIjozMDAwMDAwMDAwMDAsImRlbGV0ZSI6MzAwMDAwMDAwMDAwLCJ1cGRhdGUiOjEyMDAwMDAwMDAwMH19",
          "dependencies": [
            "module.passive-network.data.aws_availability_zones.available",
            "module.passive-network.module.public-subnets.aws_route_table.this",
            "module.passive-network.module.public-subnets.aws_subnet.this",
            "module.passive-network.module.vpc.aws_vpc.this"
          ],
          "create_before_destroy": true
        }
      ]
    },
    {
      "module": "module.passive-network.module.public-subnets[0]",
      "mode": "managed",
      "type": "aws_subnet",
      "name": "this",
      "provider": "module.passive-network.provider[\"registry.terraform.io/hashicorp/aws\"]",
      "instances": [
        {
          "schema_version": 1,
          "attributes": {
            "arn": "arn:aws:ec2:us-east-1:930051497533:subnet/subnet-0fe367f76b11285fb",
            "assign_ipv6_address_on_creation": false,
            "availability_zone": "us-east-1a",
            "availability_zone_id": "use1-az1",
            "cidr_block": "10.0.2.0/24",
            "customer_owned_ipv4_pool": "",
            "enable_dns64": false,
            "enable_lni_at_device_index": 0,
            "enable_resource_name_dns_a_record_on_launch": false,
            "enable_resource_name_dns_aaaa_record_on_launch": false,
            "id": "subnet-0fe367f76b11285fb",
            "ipv6_cidr_block": "",
            "ipv6_cidr_block_association_id": "",
            "ipv6_native": false,
            "map_customer_owned_ip_on_launch": false,
            "map_public_ip_on_launch": false,
            "outpost_arn": "",
            "owner_id": "930051497533",
            "private_dns_hostname_type_on_launch": "ip-name",
            "tags": {
              "Name": "public-subnet-0"
            },
            "tags_all": {
              "Name": "public-subnet-0"
            },
            "timeouts": null,
            "vpc_id": "vpc-0dd1b6bd4782866d8"
          },
          "sensitive_attributes": [],
          "private": "eyJlMmJmYjczMC1lY2FhLTExZTYtOGY4OC0zNDM2M2JjN2M0YzAiOnsiY3JlYXRlIjo2MDAwMDAwMDAwMDAsImRlbGV0ZSI6MTIwMDAwMDAwMDAwMH0sInNjaGVtYV92ZXJzaW9uIjoiMSJ9",
          "dependencies": [
            "module.passive-network.data.aws_availability_zones.available",
            "module.passive-network.module.vpc.aws_vpc.this"
          ],
          "create_before_destroy": true
        }
      ]
    },
    {
      "module": "module.passive-network.module.public-subnets[1]",
      "mode": "managed",
      "type": "aws_route",
      "name": "default",
      "provider": "module.passive-network.provider[\"registry.terraform.io/hashicorp/aws\"]",
      "instances": [
        {
          "schema_version": 0,
          "attributes": {
            "carrier_gateway_id": "",
            "core_network_arn": "",
            "destination_cidr_block": "0.0.0.0/0",
            "destination_ipv6_cidr_block": "",
            "destination_prefix_list_id": "",
            "egress_only_gateway_id": "",
            "gateway_id": "igw-0aa8d65dfb1af58ea",
            "id": "r-rtb-0be059a390ee60bc91080289494",
            "instance_id": "",
            "instance_owner_id": "",
            "local_gateway_id": "",
            "nat_gateway_id": "",
            "network_interface_id": "",
            "origin": "CreateRoute",
            "route_table_id": "rtb-0be059a390ee60bc9",
            "state": "active",
            "timeouts": null,
            "transit_gateway_id": "",
            "vpc_endpoint_id": "",
            "vpc_peering_connection_id": ""
          },
          "sensitive_attributes": [],
          "private": "eyJlMmJmYjczMC1lY2FhLTExZTYtOGY4OC0zNDM2M2JjN2M0YzAiOnsiY3JlYXRlIjozMDAwMDAwMDAwMDAsImRlbGV0ZSI6MzAwMDAwMDAwMDAwLCJ1cGRhdGUiOjEyMDAwMDAwMDAwMH19",
          "dependencies": [
            "module.passive-network.data.aws_availability_zones.available",
            "module.passive-network.module.ig.aws_internet_gateway.this",
            "module.passive-network.module.public-subnets.aws_route_table.this",
            "module.passive-network.module.vpc.aws_vpc.this"
          ],
          "create_before_destroy": true
        }
      ]
    },
    {
      "module": "module.passive-network.module.public-subnets[1]",
      "mode": "managed",
      "type": "aws_route_table",
      "name": "this",
      "provider": "module.passive-network.provider[\"registry.terraform.io/hashicorp/aws\"]",
      "instances": [
        {
          "schema_version": 0,
          "attributes": {
            "arn": "arn:aws:ec2:us-east-1:930051497533:route-table/rtb-0be059a390ee60bc9",
            "id": "rtb-0be059a390ee60bc9",
            "owner_id": "930051497533",
            "propagating_vgws": [],
            "route": [],
            "tags": null,
            "tags_all": {},
            "timeouts": null,
            "vpc_id": "vpc-0dd1b6bd4782866d8"
          },
          "sensitive_attributes": [],
          "private": "eyJlMmJmYjczMC1lY2FhLTExZTYtOGY4OC0zNDM2M2JjN2M0YzAiOnsiY3JlYXRlIjozMDAwMDAwMDAwMDAsImRlbGV0ZSI6MzAwMDAwMDAwMDAwLCJ1cGRhdGUiOjEyMDAwMDAwMDAwMH19",
          "dependencies": [
            "module.passive-network.data.aws_availability_zones.available",
            "module.passive-network.module.vpc.aws_vpc.this"
          ],
          "create_before_destroy": true
        }
      ]
    },
    {
      "module": "module.passive-network.module.public-subnets[1]",
      "mode": "managed",
      "type": "aws_route_table_association",
      "name": "this",
      "provider": "module.passive-network.provider[\"registry.terraform.io/hashicorp/aws\"]",
      "instances": [
        {
          "schema_version": 0,
          "attributes": {
            "gateway_id": "",
            "id": "rtbassoc-058d93323d639179f",
            "route_table_id": "rtb-0be059a390ee60bc9",
            "subnet_id": "subnet-0b615a3dc2b0b7be8",
            "timeouts": null
          },
          "sensitive_attributes": [],
          "private": "eyJlMmJmYjczMC1lY2FhLTExZTYtOGY4OC0zNDM2M2JjN2M0YzAiOnsiY3JlYXRlIjozMDAwMDAwMDAwMDAsImRlbGV0ZSI6MzAwMDAwMDAwMDAwLCJ1cGRhdGUiOjEyMDAwMDAwMDAwMH19",
          "dependencies": [
            "module.passive-network.data.aws_availability_zones.available",
            "module.passive-network.module.public-subnets.aws_route_table.this",
            "module.passive-network.module.public-subnets.aws_subnet.this",
            "module.passive-network.module.vpc.aws_vpc.this"
          ],
          "create_before_destroy": true
        }
      ]
    },
    {
      "module": "module.passive-network.module.public-subnets[1]",
      "mode": "managed",
      "type": "aws_subnet",
      "name": "this",
      "provider": "module.passive-network.provider[\"registry.terraform.io/hashicorp/aws\"]",
      "instances": [
        {
          "schema_version": 1,
          "attributes": {
            "arn": "arn:aws:ec2:us-east-1:930051497533:subnet/subnet-0b615a3dc2b0b7be8",
            "assign_ipv6_address_on_creation": false,
            "availability_zone": "us-east-1b",
            "availability_zone_id": "use1-az2",
            "cidr_block": "10.0.3.0/24",
            "customer_owned_ipv4_pool": "",
            "enable_dns64": false,
            "enable_lni_at_device_index": 0,
            "enable_resource_name_dns_a_record_on_launch": false,
            "enable_resource_name_dns_aaaa_record_on_launch": false,
            "id": "subnet-0b615a3dc2b0b7be8",
            "ipv6_cidr_block": "",
            "ipv6_cidr_block_association_id": "",
            "ipv6_native": false,
            "map_customer_owned_ip_on_launch": false,
            "map_public_ip_on_launch": false,
            "outpost_arn": "",
            "owner_id": "930051497533",
            "private_dns_hostname_type_on_launch": "ip-name",
            "tags": {
              "Name": "public-subnet-1"
            },
            "tags_all": {
              "Name": "public-subnet-1"
            },
            "timeouts": null,
            "vpc_id": "vpc-0dd1b6bd4782866d8"
          },
          "sensitive_attributes": [],
          "private": "eyJlMmJmYjczMC1lY2FhLTExZTYtOGY4OC0zNDM2M2JjN2M0YzAiOnsiY3JlYXRlIjo2MDAwMDAwMDAwMDAsImRlbGV0ZSI6MTIwMDAwMDAwMDAwMH0sInNjaGVtYV92ZXJzaW9uIjoiMSJ9",
          "dependencies": [
            "module.passive-network.data.aws_availability_zones.available",
            "module.passive-network.module.vpc.aws_vpc.this"
          ],
          "create_before_destroy": true
        }
      ]
    },
    {
      "module": "module.passive-network.module.vpc",
      "mode": "managed",
      "type": "aws_vpc",
      "name": "this",
      "provider": "module.passive-network.provider[\"registry.terraform.io/hashicorp/aws\"]",
      "instances": [
        {
          "schema_version": 1,
          "attributes": {
            "arn": "arn:aws:ec2:us-east-1:930051497533:vpc/vpc-0dd1b6bd4782866d8",
            "assign_generated_ipv6_cidr_block": false,
            "cidr_block": "10.0.0.0/16",
            "default_network_acl_id": "acl-032ec5a7fca4a37ed",
            "default_route_table_id": "rtb-0a4776a0ca8706d9a",
            "default_security_group_id": "sg-0fc445c914f768511",
            "dhcp_options_id": "dopt-0e770250500bfa336",
            "enable_dns_hostnames": false,
            "enable_dns_support": true,
            "enable_network_address_usage_metrics": false,
            "id": "vpc-0dd1b6bd4782866d8",
            "instance_tenancy": "default",
            "ipv4_ipam_pool_id": null,
            "ipv4_netmask_length": null,
            "ipv6_association_id": "",
            "ipv6_cidr_block": "",
            "ipv6_cidr_block_network_border_group": "",
            "ipv6_ipam_pool_id": "",
            "ipv6_netmask_length": 0,
            "main_route_table_id": "rtb-0a4776a0ca8706d9a",
            "owner_id": "930051497533",
            "tags": {
              "Name": "redes-vpc"
            },
            "tags_all": {
              "Name": "redes-vpc"
            }
          },
          "sensitive_attributes": [],
          "private": "eyJzY2hlbWFfdmVyc2lvbiI6IjEifQ==",
          "create_before_destroy": true
        }
      ]
    }
  ],
  "check_results": null
}
